➜  test_terraform-aws-eks-blueprints git:(main) ✗ go test -v test_test.go -run TestExamplesBasicTest -timeout 60m
=== RUN   TestExamplesBasicTest
TestExamplesBasicTest 2022-12-13T14:10:07+01:00 retry.go:91: terraform [init -upgrade=false]
TestExamplesBasicTest 2022-12-13T14:10:07+01:00 logger.go:66: Running command terraform with args [init -upgrade=false]
TestExamplesBasicTest 2022-12-13T14:10:08+01:00 logger.go:66: Initializing modules...
TestExamplesBasicTest 2022-12-13T14:10:08+01:00 logger.go:66: Downloading git::https://github.com/aws-ia/terraform-aws-eks-blueprints.git?ref=v4.12.0 for eks_blueprints...
TestExamplesBasicTest 2022-12-13T14:10:13+01:00 logger.go:66: - eks_blueprints in .terraform/modules/eks_blueprints
TestExamplesBasicTest 2022-12-13T14:10:13+01:00 logger.go:66: Downloading registry.terraform.io/terraform-aws-modules/eks/aws 18.26.6 for eks_blueprints.aws_eks...
TestExamplesBasicTest 2022-12-13T14:10:15+01:00 logger.go:66: - eks_blueprints.aws_eks in .terraform/modules/eks_blueprints.aws_eks
TestExamplesBasicTest 2022-12-13T14:10:15+01:00 logger.go:66: - eks_blueprints.aws_eks.eks_managed_node_group in .terraform/modules/eks_blueprints.aws_eks/modules/eks-managed-node-group
TestExamplesBasicTest 2022-12-13T14:10:15+01:00 logger.go:66: - eks_blueprints.aws_eks.eks_managed_node_group.user_data in .terraform/modules/eks_blueprints.aws_eks/modules/_user_data
TestExamplesBasicTest 2022-12-13T14:10:15+01:00 logger.go:66: - eks_blueprints.aws_eks.fargate_profile in .terraform/modules/eks_blueprints.aws_eks/modules/fargate-profile
TestExamplesBasicTest 2022-12-13T14:10:15+01:00 logger.go:66: Downloading registry.terraform.io/terraform-aws-modules/kms/aws 1.0.2 for eks_blueprints.aws_eks.kms...
TestExamplesBasicTest 2022-12-13T14:10:16+01:00 logger.go:66: - eks_blueprints.aws_eks.kms in .terraform/modules/eks_blueprints.aws_eks.kms
TestExamplesBasicTest 2022-12-13T14:10:16+01:00 logger.go:66: - eks_blueprints.aws_eks.self_managed_node_group in .terraform/modules/eks_blueprints.aws_eks/modules/self-managed-node-group
TestExamplesBasicTest 2022-12-13T14:10:16+01:00 logger.go:66: - eks_blueprints.aws_eks.self_managed_node_group.user_data in .terraform/modules/eks_blueprints.aws_eks/modules/_user_data
TestExamplesBasicTest 2022-12-13T14:10:16+01:00 logger.go:66: - eks_blueprints.aws_eks_fargate_profiles in .terraform/modules/eks_blueprints/modules/aws-eks-fargate-profiles
TestExamplesBasicTest 2022-12-13T14:10:16+01:00 logger.go:66: - eks_blueprints.aws_eks_managed_node_groups in .terraform/modules/eks_blueprints/modules/aws-eks-managed-node-groups
TestExamplesBasicTest 2022-12-13T14:10:16+01:00 logger.go:66: - eks_blueprints.aws_eks_self_managed_node_groups in .terraform/modules/eks_blueprints/modules/aws-eks-self-managed-node-groups
TestExamplesBasicTest 2022-12-13T14:10:16+01:00 logger.go:66: - eks_blueprints.aws_eks_self_managed_node_groups.launch_template_self_managed_ng in .terraform/modules/eks_blueprints/modules/launch-templates
TestExamplesBasicTest 2022-12-13T14:10:16+01:00 logger.go:66: - eks_blueprints.aws_eks_teams in .terraform/modules/eks_blueprints/modules/aws-eks-teams
TestExamplesBasicTest 2022-12-13T14:10:16+01:00 logger.go:66: - eks_blueprints.emr_on_eks in .terraform/modules/eks_blueprints/modules/emr-on-eks
TestExamplesBasicTest 2022-12-13T14:10:16+01:00 logger.go:66: - eks_blueprints.kms in .terraform/modules/eks_blueprints/modules/aws-kms
TestExamplesBasicTest 2022-12-13T14:10:16+01:00 logger.go:66: Downloading git::https://github.com/aws-ia/terraform-aws-eks-blueprints.git?ref=v4.12.0 for eks_blueprints_kubernetes_addons...
TestExamplesBasicTest 2022-12-13T14:10:22+01:00 logger.go:66: - eks_blueprints_kubernetes_addons in .terraform/modules/eks_blueprints_kubernetes_addons/modules/kubernetes-addons
TestExamplesBasicTest 2022-12-13T14:10:22+01:00 logger.go:66: - eks_blueprints_kubernetes_addons.adot_collector_haproxy in .terraform/modules/eks_blueprints_kubernetes_addons/modules/kubernetes-addons/adot-collector-haproxy
TestExamplesBasicTest 2022-12-13T14:10:22+01:00 logger.go:66: - eks_blueprints_kubernetes_addons.adot_collector_haproxy.helm_addon in .terraform/modules/eks_blueprints_kubernetes_addons/modules/kubernetes-addons/helm-addon
TestExamplesBasicTest 2022-12-13T14:10:22+01:00 logger.go:66: - eks_blueprints_kubernetes_addons.adot_collector_haproxy.helm_addon.irsa in .terraform/modules/eks_blueprints_kubernetes_addons/modules/irsa
TestExamplesBasicTest 2022-12-13T14:10:22+01:00 logger.go:66: - eks_blueprints_kubernetes_addons.adot_collector_java in .terraform/modules/eks_blueprints_kubernetes_addons/modules/kubernetes-addons/adot-collector-java
TestExamplesBasicTest 2022-12-13T14:10:22+01:00 logger.go:66: - eks_blueprints_kubernetes_addons.adot_collector_java.helm_addon in .terraform/modules/eks_blueprints_kubernetes_addons/modules/kubernetes-addons/helm-addon
TestExamplesBasicTest 2022-12-13T14:10:22+01:00 logger.go:66: - eks_blueprints_kubernetes_addons.adot_collector_java.helm_addon.irsa in .terraform/modules/eks_blueprints_kubernetes_addons/modules/irsa
TestExamplesBasicTest 2022-12-13T14:10:22+01:00 logger.go:66: - eks_blueprints_kubernetes_addons.adot_collector_memcached in .terraform/modules/eks_blueprints_kubernetes_addons/modules/kubernetes-addons/adot-collector-memcached
TestExamplesBasicTest 2022-12-13T14:10:22+01:00 logger.go:66: - eks_blueprints_kubernetes_addons.adot_collector_memcached.helm_addon in .terraform/modules/eks_blueprints_kubernetes_addons/modules/kubernetes-addons/helm-addon
TestExamplesBasicTest 2022-12-13T14:10:22+01:00 logger.go:66: - eks_blueprints_kubernetes_addons.adot_collector_memcached.helm_addon.irsa in .terraform/modules/eks_blueprints_kubernetes_addons/modules/irsa
TestExamplesBasicTest 2022-12-13T14:10:22+01:00 logger.go:66: - eks_blueprints_kubernetes_addons.adot_collector_nginx in .terraform/modules/eks_blueprints_kubernetes_addons/modules/kubernetes-addons/adot-collector-nginx
TestExamplesBasicTest 2022-12-13T14:10:22+01:00 logger.go:66: - eks_blueprints_kubernetes_addons.adot_collector_nginx.helm_addon in .terraform/modules/eks_blueprints_kubernetes_addons/modules/kubernetes-addons/helm-addon
TestExamplesBasicTest 2022-12-13T14:10:22+01:00 logger.go:66: - eks_blueprints_kubernetes_addons.adot_collector_nginx.helm_addon.irsa in .terraform/modules/eks_blueprints_kubernetes_addons/modules/irsa
TestExamplesBasicTest 2022-12-13T14:10:22+01:00 logger.go:66: - eks_blueprints_kubernetes_addons.agones in .terraform/modules/eks_blueprints_kubernetes_addons/modules/kubernetes-addons/agones
TestExamplesBasicTest 2022-12-13T14:10:22+01:00 logger.go:66: - eks_blueprints_kubernetes_addons.agones.helm_addon in .terraform/modules/eks_blueprints_kubernetes_addons/modules/kubernetes-addons/helm-addon
TestExamplesBasicTest 2022-12-13T14:10:22+01:00 logger.go:66: - eks_blueprints_kubernetes_addons.agones.helm_addon.irsa in .terraform/modules/eks_blueprints_kubernetes_addons/modules/irsa
TestExamplesBasicTest 2022-12-13T14:10:22+01:00 logger.go:66: - eks_blueprints_kubernetes_addons.airflow in .terraform/modules/eks_blueprints_kubernetes_addons/modules/kubernetes-addons/airflow
TestExamplesBasicTest 2022-12-13T14:10:22+01:00 logger.go:66: - eks_blueprints_kubernetes_addons.airflow.helm_addon in .terraform/modules/eks_blueprints_kubernetes_addons/modules/kubernetes-addons/helm-addon
TestExamplesBasicTest 2022-12-13T14:10:22+01:00 logger.go:66: - eks_blueprints_kubernetes_addons.airflow.helm_addon.irsa in .terraform/modules/eks_blueprints_kubernetes_addons/modules/irsa
TestExamplesBasicTest 2022-12-13T14:10:22+01:00 logger.go:66: - eks_blueprints_kubernetes_addons.argo_rollouts in .terraform/modules/eks_blueprints_kubernetes_addons/modules/kubernetes-addons/argo-rollouts
TestExamplesBasicTest 2022-12-13T14:10:22+01:00 logger.go:66: - eks_blueprints_kubernetes_addons.argo_rollouts.helm_addon in .terraform/modules/eks_blueprints_kubernetes_addons/modules/kubernetes-addons/helm-addon
TestExamplesBasicTest 2022-12-13T14:10:22+01:00 logger.go:66: - eks_blueprints_kubernetes_addons.argo_rollouts.helm_addon.irsa in .terraform/modules/eks_blueprints_kubernetes_addons/modules/irsa
TestExamplesBasicTest 2022-12-13T14:10:22+01:00 logger.go:66: - eks_blueprints_kubernetes_addons.argocd in .terraform/modules/eks_blueprints_kubernetes_addons/modules/kubernetes-addons/argocd
TestExamplesBasicTest 2022-12-13T14:10:22+01:00 logger.go:66: - eks_blueprints_kubernetes_addons.argocd.helm_addon in .terraform/modules/eks_blueprints_kubernetes_addons/modules/kubernetes-addons/helm-addon
TestExamplesBasicTest 2022-12-13T14:10:22+01:00 logger.go:66: - eks_blueprints_kubernetes_addons.argocd.helm_addon.irsa in .terraform/modules/eks_blueprints_kubernetes_addons/modules/irsa
TestExamplesBasicTest 2022-12-13T14:10:22+01:00 logger.go:66: - eks_blueprints_kubernetes_addons.aws_cloudwatch_metrics in .terraform/modules/eks_blueprints_kubernetes_addons/modules/kubernetes-addons/aws-cloudwatch-metrics
TestExamplesBasicTest 2022-12-13T14:10:22+01:00 logger.go:66: - eks_blueprints_kubernetes_addons.aws_cloudwatch_metrics.helm_addon in .terraform/modules/eks_blueprints_kubernetes_addons/modules/kubernetes-addons/helm-addon
TestExamplesBasicTest 2022-12-13T14:10:22+01:00 logger.go:66: - eks_blueprints_kubernetes_addons.aws_cloudwatch_metrics.helm_addon.irsa in .terraform/modules/eks_blueprints_kubernetes_addons/modules/irsa
TestExamplesBasicTest 2022-12-13T14:10:22+01:00 logger.go:66: - eks_blueprints_kubernetes_addons.aws_coredns in .terraform/modules/eks_blueprints_kubernetes_addons/modules/kubernetes-addons/aws-coredns
TestExamplesBasicTest 2022-12-13T14:10:22+01:00 logger.go:66: - eks_blueprints_kubernetes_addons.aws_coredns.helm_addon in .terraform/modules/eks_blueprints_kubernetes_addons/modules/kubernetes-addons/helm-addon
TestExamplesBasicTest 2022-12-13T14:10:22+01:00 logger.go:66: - eks_blueprints_kubernetes_addons.aws_coredns.helm_addon.irsa in .terraform/modules/eks_blueprints_kubernetes_addons/modules/irsa
TestExamplesBasicTest 2022-12-13T14:10:22+01:00 logger.go:66: - eks_blueprints_kubernetes_addons.aws_ebs_csi_driver in .terraform/modules/eks_blueprints_kubernetes_addons/modules/kubernetes-addons/aws-ebs-csi-driver
TestExamplesBasicTest 2022-12-13T14:10:22+01:00 logger.go:66: - eks_blueprints_kubernetes_addons.aws_ebs_csi_driver.helm_addon in .terraform/modules/eks_blueprints_kubernetes_addons/modules/kubernetes-addons/helm-addon
TestExamplesBasicTest 2022-12-13T14:10:22+01:00 logger.go:66: - eks_blueprints_kubernetes_addons.aws_ebs_csi_driver.helm_addon.irsa in .terraform/modules/eks_blueprints_kubernetes_addons/modules/irsa
TestExamplesBasicTest 2022-12-13T14:10:22+01:00 logger.go:66: - eks_blueprints_kubernetes_addons.aws_ebs_csi_driver.irsa_addon in .terraform/modules/eks_blueprints_kubernetes_addons/modules/irsa
TestExamplesBasicTest 2022-12-13T14:10:22+01:00 logger.go:66: - eks_blueprints_kubernetes_addons.aws_efs_csi_driver in .terraform/modules/eks_blueprints_kubernetes_addons/modules/kubernetes-addons/aws-efs-csi-driver
TestExamplesBasicTest 2022-12-13T14:10:22+01:00 logger.go:66: - eks_blueprints_kubernetes_addons.aws_efs_csi_driver.helm_addon in .terraform/modules/eks_blueprints_kubernetes_addons/modules/kubernetes-addons/helm-addon
TestExamplesBasicTest 2022-12-13T14:10:22+01:00 logger.go:66: - eks_blueprints_kubernetes_addons.aws_efs_csi_driver.helm_addon.irsa in .terraform/modules/eks_blueprints_kubernetes_addons/modules/irsa
TestExamplesBasicTest 2022-12-13T14:10:22+01:00 logger.go:66: - eks_blueprints_kubernetes_addons.aws_for_fluent_bit in .terraform/modules/eks_blueprints_kubernetes_addons/modules/kubernetes-addons/aws-for-fluentbit
TestExamplesBasicTest 2022-12-13T14:10:22+01:00 logger.go:66: - eks_blueprints_kubernetes_addons.aws_for_fluent_bit.helm_addon in .terraform/modules/eks_blueprints_kubernetes_addons/modules/kubernetes-addons/helm-addon
TestExamplesBasicTest 2022-12-13T14:10:22+01:00 logger.go:66: - eks_blueprints_kubernetes_addons.aws_for_fluent_bit.helm_addon.irsa in .terraform/modules/eks_blueprints_kubernetes_addons/modules/irsa
TestExamplesBasicTest 2022-12-13T14:10:22+01:00 logger.go:66: - eks_blueprints_kubernetes_addons.aws_for_fluent_bit.kms in .terraform/modules/eks_blueprints_kubernetes_addons/modules/aws-kms
TestExamplesBasicTest 2022-12-13T14:10:22+01:00 logger.go:66: - eks_blueprints_kubernetes_addons.aws_fsx_csi_driver in .terraform/modules/eks_blueprints_kubernetes_addons/modules/kubernetes-addons/aws-fsx-csi-driver
TestExamplesBasicTest 2022-12-13T14:10:22+01:00 logger.go:66: - eks_blueprints_kubernetes_addons.aws_fsx_csi_driver.helm_addon in .terraform/modules/eks_blueprints_kubernetes_addons/modules/kubernetes-addons/helm-addon
TestExamplesBasicTest 2022-12-13T14:10:22+01:00 logger.go:66: - eks_blueprints_kubernetes_addons.aws_fsx_csi_driver.helm_addon.irsa in .terraform/modules/eks_blueprints_kubernetes_addons/modules/irsa
TestExamplesBasicTest 2022-12-13T14:10:22+01:00 logger.go:66: - eks_blueprints_kubernetes_addons.aws_kube_proxy in .terraform/modules/eks_blueprints_kubernetes_addons/modules/kubernetes-addons/aws-kube-proxy
TestExamplesBasicTest 2022-12-13T14:10:22+01:00 logger.go:66: - eks_blueprints_kubernetes_addons.aws_load_balancer_controller in .terraform/modules/eks_blueprints_kubernetes_addons/modules/kubernetes-addons/aws-load-balancer-controller
TestExamplesBasicTest 2022-12-13T14:10:22+01:00 logger.go:66: - eks_blueprints_kubernetes_addons.aws_load_balancer_controller.helm_addon in .terraform/modules/eks_blueprints_kubernetes_addons/modules/kubernetes-addons/helm-addon
TestExamplesBasicTest 2022-12-13T14:10:22+01:00 logger.go:66: - eks_blueprints_kubernetes_addons.aws_load_balancer_controller.helm_addon.irsa in .terraform/modules/eks_blueprints_kubernetes_addons/modules/irsa
TestExamplesBasicTest 2022-12-13T14:10:22+01:00 logger.go:66: - eks_blueprints_kubernetes_addons.aws_node_termination_handler in .terraform/modules/eks_blueprints_kubernetes_addons/modules/kubernetes-addons/aws-node-termination-handler
TestExamplesBasicTest 2022-12-13T14:10:22+01:00 logger.go:66: - eks_blueprints_kubernetes_addons.aws_node_termination_handler.helm_addon in .terraform/modules/eks_blueprints_kubernetes_addons/modules/kubernetes-addons/helm-addon
TestExamplesBasicTest 2022-12-13T14:10:22+01:00 logger.go:66: - eks_blueprints_kubernetes_addons.aws_node_termination_handler.helm_addon.irsa in .terraform/modules/eks_blueprints_kubernetes_addons/modules/irsa
TestExamplesBasicTest 2022-12-13T14:10:22+01:00 logger.go:66: - eks_blueprints_kubernetes_addons.aws_privateca_issuer in .terraform/modules/eks_blueprints_kubernetes_addons/modules/kubernetes-addons/aws-privateca-issuer
TestExamplesBasicTest 2022-12-13T14:10:22+01:00 logger.go:66: - eks_blueprints_kubernetes_addons.aws_privateca_issuer.helm_addon in .terraform/modules/eks_blueprints_kubernetes_addons/modules/kubernetes-addons/helm-addon
TestExamplesBasicTest 2022-12-13T14:10:22+01:00 logger.go:66: - eks_blueprints_kubernetes_addons.aws_privateca_issuer.helm_addon.irsa in .terraform/modules/eks_blueprints_kubernetes_addons/modules/irsa
TestExamplesBasicTest 2022-12-13T14:10:22+01:00 logger.go:66: - eks_blueprints_kubernetes_addons.aws_vpc_cni in .terraform/modules/eks_blueprints_kubernetes_addons/modules/kubernetes-addons/aws-vpc-cni
TestExamplesBasicTest 2022-12-13T14:10:22+01:00 logger.go:66: - eks_blueprints_kubernetes_addons.aws_vpc_cni.irsa_addon in .terraform/modules/eks_blueprints_kubernetes_addons/modules/irsa
TestExamplesBasicTest 2022-12-13T14:10:22+01:00 logger.go:66: - eks_blueprints_kubernetes_addons.calico in .terraform/modules/eks_blueprints_kubernetes_addons/modules/kubernetes-addons/calico
TestExamplesBasicTest 2022-12-13T14:10:22+01:00 logger.go:66: - eks_blueprints_kubernetes_addons.calico.helm_addon in .terraform/modules/eks_blueprints_kubernetes_addons/modules/kubernetes-addons/helm-addon
TestExamplesBasicTest 2022-12-13T14:10:22+01:00 logger.go:66: - eks_blueprints_kubernetes_addons.calico.helm_addon.irsa in .terraform/modules/eks_blueprints_kubernetes_addons/modules/irsa
TestExamplesBasicTest 2022-12-13T14:10:22+01:00 logger.go:66: - eks_blueprints_kubernetes_addons.cert_manager in .terraform/modules/eks_blueprints_kubernetes_addons/modules/kubernetes-addons/cert-manager
TestExamplesBasicTest 2022-12-13T14:10:22+01:00 logger.go:66: - eks_blueprints_kubernetes_addons.cert_manager.helm_addon in .terraform/modules/eks_blueprints_kubernetes_addons/modules/kubernetes-addons/helm-addon
TestExamplesBasicTest 2022-12-13T14:10:22+01:00 logger.go:66: - eks_blueprints_kubernetes_addons.cert_manager.helm_addon.irsa in .terraform/modules/eks_blueprints_kubernetes_addons/modules/irsa
TestExamplesBasicTest 2022-12-13T14:10:22+01:00 logger.go:66: - eks_blueprints_kubernetes_addons.cert_manager_csi_driver in .terraform/modules/eks_blueprints_kubernetes_addons/modules/kubernetes-addons/cert-manager-csi-driver
TestExamplesBasicTest 2022-12-13T14:10:22+01:00 logger.go:66: - eks_blueprints_kubernetes_addons.cert_manager_csi_driver.helm_addon in .terraform/modules/eks_blueprints_kubernetes_addons/modules/kubernetes-addons/helm-addon
TestExamplesBasicTest 2022-12-13T14:10:22+01:00 logger.go:66: - eks_blueprints_kubernetes_addons.cert_manager_csi_driver.helm_addon.irsa in .terraform/modules/eks_blueprints_kubernetes_addons/modules/irsa
TestExamplesBasicTest 2022-12-13T14:10:22+01:00 logger.go:66: - eks_blueprints_kubernetes_addons.chaos_mesh in .terraform/modules/eks_blueprints_kubernetes_addons/modules/kubernetes-addons/chaos-mesh
TestExamplesBasicTest 2022-12-13T14:10:22+01:00 logger.go:66: - eks_blueprints_kubernetes_addons.chaos_mesh.helm_addon in .terraform/modules/eks_blueprints_kubernetes_addons/modules/kubernetes-addons/helm-addon
TestExamplesBasicTest 2022-12-13T14:10:22+01:00 logger.go:66: - eks_blueprints_kubernetes_addons.chaos_mesh.helm_addon.irsa in .terraform/modules/eks_blueprints_kubernetes_addons/modules/irsa
TestExamplesBasicTest 2022-12-13T14:10:22+01:00 logger.go:66: - eks_blueprints_kubernetes_addons.cilium in .terraform/modules/eks_blueprints_kubernetes_addons/modules/kubernetes-addons/cilium
TestExamplesBasicTest 2022-12-13T14:10:22+01:00 logger.go:66: - eks_blueprints_kubernetes_addons.cilium.helm_addon in .terraform/modules/eks_blueprints_kubernetes_addons/modules/kubernetes-addons/helm-addon
TestExamplesBasicTest 2022-12-13T14:10:22+01:00 logger.go:66: - eks_blueprints_kubernetes_addons.cilium.helm_addon.irsa in .terraform/modules/eks_blueprints_kubernetes_addons/modules/irsa
TestExamplesBasicTest 2022-12-13T14:10:22+01:00 logger.go:66: - eks_blueprints_kubernetes_addons.cluster_autoscaler in .terraform/modules/eks_blueprints_kubernetes_addons/modules/kubernetes-addons/cluster-autoscaler
TestExamplesBasicTest 2022-12-13T14:10:22+01:00 logger.go:66: - eks_blueprints_kubernetes_addons.cluster_autoscaler.helm_addon in .terraform/modules/eks_blueprints_kubernetes_addons/modules/kubernetes-addons/helm-addon
TestExamplesBasicTest 2022-12-13T14:10:22+01:00 logger.go:66: - eks_blueprints_kubernetes_addons.cluster_autoscaler.helm_addon.irsa in .terraform/modules/eks_blueprints_kubernetes_addons/modules/irsa
TestExamplesBasicTest 2022-12-13T14:10:22+01:00 logger.go:66: - eks_blueprints_kubernetes_addons.coredns_autoscaler in .terraform/modules/eks_blueprints_kubernetes_addons/modules/kubernetes-addons/cluster-proportional-autoscaler
TestExamplesBasicTest 2022-12-13T14:10:22+01:00 logger.go:66: - eks_blueprints_kubernetes_addons.coredns_autoscaler.helm_addon in .terraform/modules/eks_blueprints_kubernetes_addons/modules/kubernetes-addons/helm-addon
TestExamplesBasicTest 2022-12-13T14:10:22+01:00 logger.go:66: - eks_blueprints_kubernetes_addons.coredns_autoscaler.helm_addon.irsa in .terraform/modules/eks_blueprints_kubernetes_addons/modules/irsa
TestExamplesBasicTest 2022-12-13T14:10:22+01:00 logger.go:66: - eks_blueprints_kubernetes_addons.crossplane in .terraform/modules/eks_blueprints_kubernetes_addons/modules/kubernetes-addons/crossplane
TestExamplesBasicTest 2022-12-13T14:10:22+01:00 logger.go:66: - eks_blueprints_kubernetes_addons.crossplane.aws_provider_irsa in .terraform/modules/eks_blueprints_kubernetes_addons/modules/irsa
TestExamplesBasicTest 2022-12-13T14:10:22+01:00 logger.go:66: - eks_blueprints_kubernetes_addons.crossplane.helm_addon in .terraform/modules/eks_blueprints_kubernetes_addons/modules/kubernetes-addons/helm-addon
TestExamplesBasicTest 2022-12-13T14:10:22+01:00 logger.go:66: - eks_blueprints_kubernetes_addons.crossplane.helm_addon.irsa in .terraform/modules/eks_blueprints_kubernetes_addons/modules/irsa
TestExamplesBasicTest 2022-12-13T14:10:22+01:00 logger.go:66: - eks_blueprints_kubernetes_addons.crossplane.jet_aws_provider_irsa in .terraform/modules/eks_blueprints_kubernetes_addons/modules/irsa
TestExamplesBasicTest 2022-12-13T14:10:22+01:00 logger.go:66: - eks_blueprints_kubernetes_addons.csi_secrets_store_provider_aws in .terraform/modules/eks_blueprints_kubernetes_addons/modules/kubernetes-addons/csi-secrets-store-provider-aws
TestExamplesBasicTest 2022-12-13T14:10:22+01:00 logger.go:66: - eks_blueprints_kubernetes_addons.csi_secrets_store_provider_aws.helm_addon in .terraform/modules/eks_blueprints_kubernetes_addons/modules/kubernetes-addons/helm-addon
TestExamplesBasicTest 2022-12-13T14:10:22+01:00 logger.go:66: - eks_blueprints_kubernetes_addons.csi_secrets_store_provider_aws.helm_addon.irsa in .terraform/modules/eks_blueprints_kubernetes_addons/modules/irsa
TestExamplesBasicTest 2022-12-13T14:10:22+01:00 logger.go:66: - eks_blueprints_kubernetes_addons.external_dns in .terraform/modules/eks_blueprints_kubernetes_addons/modules/kubernetes-addons/external-dns
TestExamplesBasicTest 2022-12-13T14:10:22+01:00 logger.go:66: - eks_blueprints_kubernetes_addons.external_dns.helm_addon in .terraform/modules/eks_blueprints_kubernetes_addons/modules/kubernetes-addons/helm-addon
TestExamplesBasicTest 2022-12-13T14:10:22+01:00 logger.go:66: - eks_blueprints_kubernetes_addons.external_dns.helm_addon.irsa in .terraform/modules/eks_blueprints_kubernetes_addons/modules/irsa
TestExamplesBasicTest 2022-12-13T14:10:22+01:00 logger.go:66: - eks_blueprints_kubernetes_addons.external_secrets in .terraform/modules/eks_blueprints_kubernetes_addons/modules/kubernetes-addons/external-secrets
TestExamplesBasicTest 2022-12-13T14:10:22+01:00 logger.go:66: - eks_blueprints_kubernetes_addons.external_secrets.helm_addon in .terraform/modules/eks_blueprints_kubernetes_addons/modules/kubernetes-addons/helm-addon
TestExamplesBasicTest 2022-12-13T14:10:22+01:00 logger.go:66: - eks_blueprints_kubernetes_addons.external_secrets.helm_addon.irsa in .terraform/modules/eks_blueprints_kubernetes_addons/modules/irsa
TestExamplesBasicTest 2022-12-13T14:10:22+01:00 logger.go:66: - eks_blueprints_kubernetes_addons.fargate_fluentbit in .terraform/modules/eks_blueprints_kubernetes_addons/modules/kubernetes-addons/fargate-fluentbit
TestExamplesBasicTest 2022-12-13T14:10:22+01:00 logger.go:66: - eks_blueprints_kubernetes_addons.gatekeeper in .terraform/modules/eks_blueprints_kubernetes_addons/modules/kubernetes-addons/gatekeeper
TestExamplesBasicTest 2022-12-13T14:10:22+01:00 logger.go:66: - eks_blueprints_kubernetes_addons.gatekeeper.helm_addon in .terraform/modules/eks_blueprints_kubernetes_addons/modules/kubernetes-addons/helm-addon
TestExamplesBasicTest 2022-12-13T14:10:22+01:00 logger.go:66: - eks_blueprints_kubernetes_addons.gatekeeper.helm_addon.irsa in .terraform/modules/eks_blueprints_kubernetes_addons/modules/irsa
TestExamplesBasicTest 2022-12-13T14:10:22+01:00 logger.go:66: - eks_blueprints_kubernetes_addons.grafana in .terraform/modules/eks_blueprints_kubernetes_addons/modules/kubernetes-addons/grafana
TestExamplesBasicTest 2022-12-13T14:10:22+01:00 logger.go:66: - eks_blueprints_kubernetes_addons.grafana.helm_addon in .terraform/modules/eks_blueprints_kubernetes_addons/modules/kubernetes-addons/helm-addon
TestExamplesBasicTest 2022-12-13T14:10:22+01:00 logger.go:66: - eks_blueprints_kubernetes_addons.grafana.helm_addon.irsa in .terraform/modules/eks_blueprints_kubernetes_addons/modules/irsa
TestExamplesBasicTest 2022-12-13T14:10:22+01:00 logger.go:66: - eks_blueprints_kubernetes_addons.ingress_nginx in .terraform/modules/eks_blueprints_kubernetes_addons/modules/kubernetes-addons/ingress-nginx
TestExamplesBasicTest 2022-12-13T14:10:22+01:00 logger.go:66: - eks_blueprints_kubernetes_addons.ingress_nginx.helm_addon in .terraform/modules/eks_blueprints_kubernetes_addons/modules/kubernetes-addons/helm-addon
TestExamplesBasicTest 2022-12-13T14:10:22+01:00 logger.go:66: - eks_blueprints_kubernetes_addons.ingress_nginx.helm_addon.irsa in .terraform/modules/eks_blueprints_kubernetes_addons/modules/irsa
TestExamplesBasicTest 2022-12-13T14:10:22+01:00 logger.go:66: - eks_blueprints_kubernetes_addons.karpenter in .terraform/modules/eks_blueprints_kubernetes_addons/modules/kubernetes-addons/karpenter
TestExamplesBasicTest 2022-12-13T14:10:22+01:00 logger.go:66: - eks_blueprints_kubernetes_addons.karpenter.helm_addon in .terraform/modules/eks_blueprints_kubernetes_addons/modules/kubernetes-addons/helm-addon
TestExamplesBasicTest 2022-12-13T14:10:22+01:00 logger.go:66: - eks_blueprints_kubernetes_addons.karpenter.helm_addon.irsa in .terraform/modules/eks_blueprints_kubernetes_addons/modules/irsa
TestExamplesBasicTest 2022-12-13T14:10:22+01:00 logger.go:66: - eks_blueprints_kubernetes_addons.keda in .terraform/modules/eks_blueprints_kubernetes_addons/modules/kubernetes-addons/keda
TestExamplesBasicTest 2022-12-13T14:10:22+01:00 logger.go:66: - eks_blueprints_kubernetes_addons.keda.helm_addon in .terraform/modules/eks_blueprints_kubernetes_addons/modules/kubernetes-addons/helm-addon
TestExamplesBasicTest 2022-12-13T14:10:22+01:00 logger.go:66: - eks_blueprints_kubernetes_addons.keda.helm_addon.irsa in .terraform/modules/eks_blueprints_kubernetes_addons/modules/irsa
TestExamplesBasicTest 2022-12-13T14:10:22+01:00 logger.go:66: - eks_blueprints_kubernetes_addons.kube_prometheus_stack in .terraform/modules/eks_blueprints_kubernetes_addons/modules/kubernetes-addons/kube-prometheus-stack
TestExamplesBasicTest 2022-12-13T14:10:22+01:00 logger.go:66: - eks_blueprints_kubernetes_addons.kube_prometheus_stack.helm_addon in .terraform/modules/eks_blueprints_kubernetes_addons/modules/kubernetes-addons/helm-addon
TestExamplesBasicTest 2022-12-13T14:10:22+01:00 logger.go:66: - eks_blueprints_kubernetes_addons.kube_prometheus_stack.helm_addon.irsa in .terraform/modules/eks_blueprints_kubernetes_addons/modules/irsa
TestExamplesBasicTest 2022-12-13T14:10:22+01:00 logger.go:66: - eks_blueprints_kubernetes_addons.kubecost in .terraform/modules/eks_blueprints_kubernetes_addons/modules/kubernetes-addons/kubecost
TestExamplesBasicTest 2022-12-13T14:10:22+01:00 logger.go:66: - eks_blueprints_kubernetes_addons.kubecost.helm_addon in .terraform/modules/eks_blueprints_kubernetes_addons/modules/kubernetes-addons/helm-addon
TestExamplesBasicTest 2022-12-13T14:10:22+01:00 logger.go:66: - eks_blueprints_kubernetes_addons.kubecost.helm_addon.irsa in .terraform/modules/eks_blueprints_kubernetes_addons/modules/irsa
TestExamplesBasicTest 2022-12-13T14:10:22+01:00 logger.go:66: - eks_blueprints_kubernetes_addons.kuberay_operator in .terraform/modules/eks_blueprints_kubernetes_addons/modules/kubernetes-addons/kuberay-operator
TestExamplesBasicTest 2022-12-13T14:10:22+01:00 logger.go:66: - eks_blueprints_kubernetes_addons.kuberay_operator.helm_addon in .terraform/modules/eks_blueprints_kubernetes_addons/modules/kubernetes-addons/helm-addon
TestExamplesBasicTest 2022-12-13T14:10:22+01:00 logger.go:66: - eks_blueprints_kubernetes_addons.kuberay_operator.helm_addon.irsa in .terraform/modules/eks_blueprints_kubernetes_addons/modules/irsa
TestExamplesBasicTest 2022-12-13T14:10:22+01:00 logger.go:66: - eks_blueprints_kubernetes_addons.kubernetes_dashboard in .terraform/modules/eks_blueprints_kubernetes_addons/modules/kubernetes-addons/kubernetes-dashboard
TestExamplesBasicTest 2022-12-13T14:10:22+01:00 logger.go:66: - eks_blueprints_kubernetes_addons.kubernetes_dashboard.helm_addon in .terraform/modules/eks_blueprints_kubernetes_addons/modules/kubernetes-addons/helm-addon
TestExamplesBasicTest 2022-12-13T14:10:22+01:00 logger.go:66: - eks_blueprints_kubernetes_addons.kubernetes_dashboard.helm_addon.irsa in .terraform/modules/eks_blueprints_kubernetes_addons/modules/irsa
TestExamplesBasicTest 2022-12-13T14:10:22+01:00 logger.go:66: - eks_blueprints_kubernetes_addons.kyverno in .terraform/modules/eks_blueprints_kubernetes_addons/modules/kubernetes-addons/kyverno
TestExamplesBasicTest 2022-12-13T14:10:22+01:00 logger.go:66: - eks_blueprints_kubernetes_addons.kyverno.kyverno_helm_addon in .terraform/modules/eks_blueprints_kubernetes_addons/modules/kubernetes-addons/helm-addon
TestExamplesBasicTest 2022-12-13T14:10:22+01:00 logger.go:66: - eks_blueprints_kubernetes_addons.kyverno.kyverno_helm_addon.irsa in .terraform/modules/eks_blueprints_kubernetes_addons/modules/irsa
TestExamplesBasicTest 2022-12-13T14:10:22+01:00 logger.go:66: - eks_blueprints_kubernetes_addons.kyverno.kyverno_policies_helm_addon in .terraform/modules/eks_blueprints_kubernetes_addons/modules/kubernetes-addons/helm-addon
TestExamplesBasicTest 2022-12-13T14:10:22+01:00 logger.go:66: - eks_blueprints_kubernetes_addons.kyverno.kyverno_policies_helm_addon.irsa in .terraform/modules/eks_blueprints_kubernetes_addons/modules/irsa
TestExamplesBasicTest 2022-12-13T14:10:22+01:00 logger.go:66: - eks_blueprints_kubernetes_addons.kyverno.kyverno_policy_reporter_helm_addon in .terraform/modules/eks_blueprints_kubernetes_addons/modules/kubernetes-addons/helm-addon
TestExamplesBasicTest 2022-12-13T14:10:22+01:00 logger.go:66: - eks_blueprints_kubernetes_addons.kyverno.kyverno_policy_reporter_helm_addon.irsa in .terraform/modules/eks_blueprints_kubernetes_addons/modules/irsa
TestExamplesBasicTest 2022-12-13T14:10:22+01:00 logger.go:66: - eks_blueprints_kubernetes_addons.local_volume_provisioner in .terraform/modules/eks_blueprints_kubernetes_addons/modules/kubernetes-addons/local-volume-provisioner
TestExamplesBasicTest 2022-12-13T14:10:22+01:00 logger.go:66: - eks_blueprints_kubernetes_addons.local_volume_provisioner.helm_addon in .terraform/modules/eks_blueprints_kubernetes_addons/modules/kubernetes-addons/helm-addon
TestExamplesBasicTest 2022-12-13T14:10:22+01:00 logger.go:66: - eks_blueprints_kubernetes_addons.local_volume_provisioner.helm_addon.irsa in .terraform/modules/eks_blueprints_kubernetes_addons/modules/irsa
TestExamplesBasicTest 2022-12-13T14:10:22+01:00 logger.go:66: - eks_blueprints_kubernetes_addons.metrics_server in .terraform/modules/eks_blueprints_kubernetes_addons/modules/kubernetes-addons/metrics-server
TestExamplesBasicTest 2022-12-13T14:10:22+01:00 logger.go:66: - eks_blueprints_kubernetes_addons.metrics_server.helm_addon in .terraform/modules/eks_blueprints_kubernetes_addons/modules/kubernetes-addons/helm-addon
TestExamplesBasicTest 2022-12-13T14:10:22+01:00 logger.go:66: - eks_blueprints_kubernetes_addons.metrics_server.helm_addon.irsa in .terraform/modules/eks_blueprints_kubernetes_addons/modules/irsa
TestExamplesBasicTest 2022-12-13T14:10:22+01:00 logger.go:66: - eks_blueprints_kubernetes_addons.nvidia_device_plugin in .terraform/modules/eks_blueprints_kubernetes_addons/modules/kubernetes-addons/nvidia-device-plugin
TestExamplesBasicTest 2022-12-13T14:10:22+01:00 logger.go:66: - eks_blueprints_kubernetes_addons.nvidia_device_plugin.helm_addon in .terraform/modules/eks_blueprints_kubernetes_addons/modules/kubernetes-addons/helm-addon
TestExamplesBasicTest 2022-12-13T14:10:22+01:00 logger.go:66: - eks_blueprints_kubernetes_addons.nvidia_device_plugin.helm_addon.irsa in .terraform/modules/eks_blueprints_kubernetes_addons/modules/irsa
TestExamplesBasicTest 2022-12-13T14:10:22+01:00 logger.go:66: Downloading registry.terraform.io/ondat/ondat-addon/eksblueprints 0.1.1 for eks_blueprints_kubernetes_addons.ondat...
TestExamplesBasicTest 2022-12-13T14:10:23+01:00 logger.go:66: - eks_blueprints_kubernetes_addons.ondat in .terraform/modules/eks_blueprints_kubernetes_addons.ondat
TestExamplesBasicTest 2022-12-13T14:10:23+01:00 logger.go:66: Downloading git::https://github.com/aws-ia/terraform-aws-eks-blueprints.git?ref=v4.1.0 for eks_blueprints_kubernetes_addons.ondat.helm_addon...
TestExamplesBasicTest 2022-12-13T14:10:32+01:00 logger.go:66: - eks_blueprints_kubernetes_addons.ondat.helm_addon in .terraform/modules/eks_blueprints_kubernetes_addons.ondat.helm_addon/modules/kubernetes-addons/helm-addon
TestExamplesBasicTest 2022-12-13T14:10:32+01:00 logger.go:66: - eks_blueprints_kubernetes_addons.ondat.helm_addon.irsa in .terraform/modules/eks_blueprints_kubernetes_addons.ondat.helm_addon/modules/irsa
TestExamplesBasicTest 2022-12-13T14:10:32+01:00 logger.go:66: - eks_blueprints_kubernetes_addons.opentelemetry_operator in .terraform/modules/eks_blueprints_kubernetes_addons/modules/kubernetes-addons/opentelemetry-operator
TestExamplesBasicTest 2022-12-13T14:10:32+01:00 logger.go:66: - eks_blueprints_kubernetes_addons.opentelemetry_operator.cert_manager in .terraform/modules/eks_blueprints_kubernetes_addons/modules/kubernetes-addons/cert-manager
TestExamplesBasicTest 2022-12-13T14:10:32+01:00 logger.go:66: - eks_blueprints_kubernetes_addons.opentelemetry_operator.cert_manager.helm_addon in .terraform/modules/eks_blueprints_kubernetes_addons/modules/kubernetes-addons/helm-addon
TestExamplesBasicTest 2022-12-13T14:10:32+01:00 logger.go:66: - eks_blueprints_kubernetes_addons.opentelemetry_operator.cert_manager.helm_addon.irsa in .terraform/modules/eks_blueprints_kubernetes_addons/modules/irsa
TestExamplesBasicTest 2022-12-13T14:10:32+01:00 logger.go:66: - eks_blueprints_kubernetes_addons.opentelemetry_operator.helm_addon in .terraform/modules/eks_blueprints_kubernetes_addons/modules/kubernetes-addons/helm-addon
TestExamplesBasicTest 2022-12-13T14:10:32+01:00 logger.go:66: - eks_blueprints_kubernetes_addons.opentelemetry_operator.helm_addon.irsa in .terraform/modules/eks_blueprints_kubernetes_addons/modules/irsa
TestExamplesBasicTest 2022-12-13T14:10:32+01:00 logger.go:66: - eks_blueprints_kubernetes_addons.prometheus in .terraform/modules/eks_blueprints_kubernetes_addons/modules/kubernetes-addons/prometheus
TestExamplesBasicTest 2022-12-13T14:10:32+01:00 logger.go:66: - eks_blueprints_kubernetes_addons.prometheus.helm_addon in .terraform/modules/eks_blueprints_kubernetes_addons/modules/kubernetes-addons/helm-addon
TestExamplesBasicTest 2022-12-13T14:10:32+01:00 logger.go:66: - eks_blueprints_kubernetes_addons.prometheus.helm_addon.irsa in .terraform/modules/eks_blueprints_kubernetes_addons/modules/irsa
TestExamplesBasicTest 2022-12-13T14:10:32+01:00 logger.go:66: - eks_blueprints_kubernetes_addons.prometheus.irsa_amp_ingest in .terraform/modules/eks_blueprints_kubernetes_addons/modules/irsa
TestExamplesBasicTest 2022-12-13T14:10:32+01:00 logger.go:66: - eks_blueprints_kubernetes_addons.prometheus.irsa_amp_query in .terraform/modules/eks_blueprints_kubernetes_addons/modules/irsa
TestExamplesBasicTest 2022-12-13T14:10:32+01:00 logger.go:66: - eks_blueprints_kubernetes_addons.promtail in .terraform/modules/eks_blueprints_kubernetes_addons/modules/kubernetes-addons/promtail
TestExamplesBasicTest 2022-12-13T14:10:32+01:00 logger.go:66: - eks_blueprints_kubernetes_addons.promtail.helm_addon in .terraform/modules/eks_blueprints_kubernetes_addons/modules/kubernetes-addons/helm-addon
TestExamplesBasicTest 2022-12-13T14:10:32+01:00 logger.go:66: - eks_blueprints_kubernetes_addons.promtail.helm_addon.irsa in .terraform/modules/eks_blueprints_kubernetes_addons/modules/irsa
TestExamplesBasicTest 2022-12-13T14:10:32+01:00 logger.go:66: - eks_blueprints_kubernetes_addons.reloader in .terraform/modules/eks_blueprints_kubernetes_addons/modules/kubernetes-addons/reloader
TestExamplesBasicTest 2022-12-13T14:10:32+01:00 logger.go:66: - eks_blueprints_kubernetes_addons.reloader.helm_addon in .terraform/modules/eks_blueprints_kubernetes_addons/modules/kubernetes-addons/helm-addon
TestExamplesBasicTest 2022-12-13T14:10:32+01:00 logger.go:66: - eks_blueprints_kubernetes_addons.reloader.helm_addon.irsa in .terraform/modules/eks_blueprints_kubernetes_addons/modules/irsa
TestExamplesBasicTest 2022-12-13T14:10:32+01:00 logger.go:66: - eks_blueprints_kubernetes_addons.secrets_store_csi_driver in .terraform/modules/eks_blueprints_kubernetes_addons/modules/kubernetes-addons/secrets-store-csi-driver
TestExamplesBasicTest 2022-12-13T14:10:32+01:00 logger.go:66: - eks_blueprints_kubernetes_addons.secrets_store_csi_driver.helm_addon in .terraform/modules/eks_blueprints_kubernetes_addons/modules/kubernetes-addons/helm-addon
TestExamplesBasicTest 2022-12-13T14:10:32+01:00 logger.go:66: - eks_blueprints_kubernetes_addons.secrets_store_csi_driver.helm_addon.irsa in .terraform/modules/eks_blueprints_kubernetes_addons/modules/irsa
TestExamplesBasicTest 2022-12-13T14:10:32+01:00 logger.go:66: - eks_blueprints_kubernetes_addons.smb_csi_driver in .terraform/modules/eks_blueprints_kubernetes_addons/modules/kubernetes-addons/smb-csi-driver
TestExamplesBasicTest 2022-12-13T14:10:32+01:00 logger.go:66: - eks_blueprints_kubernetes_addons.smb_csi_driver.helm_addon in .terraform/modules/eks_blueprints_kubernetes_addons/modules/kubernetes-addons/helm-addon
TestExamplesBasicTest 2022-12-13T14:10:32+01:00 logger.go:66: - eks_blueprints_kubernetes_addons.smb_csi_driver.helm_addon.irsa in .terraform/modules/eks_blueprints_kubernetes_addons/modules/irsa
TestExamplesBasicTest 2022-12-13T14:10:32+01:00 logger.go:66: - eks_blueprints_kubernetes_addons.spark_history_server in .terraform/modules/eks_blueprints_kubernetes_addons/modules/kubernetes-addons/spark-history-server
TestExamplesBasicTest 2022-12-13T14:10:32+01:00 logger.go:66: - eks_blueprints_kubernetes_addons.spark_history_server.helm_addon in .terraform/modules/eks_blueprints_kubernetes_addons/modules/kubernetes-addons/helm-addon
TestExamplesBasicTest 2022-12-13T14:10:32+01:00 logger.go:66: - eks_blueprints_kubernetes_addons.spark_history_server.helm_addon.irsa in .terraform/modules/eks_blueprints_kubernetes_addons/modules/irsa
TestExamplesBasicTest 2022-12-13T14:10:32+01:00 logger.go:66: - eks_blueprints_kubernetes_addons.spark_k8s_operator in .terraform/modules/eks_blueprints_kubernetes_addons/modules/kubernetes-addons/spark-k8s-operator
TestExamplesBasicTest 2022-12-13T14:10:32+01:00 logger.go:66: - eks_blueprints_kubernetes_addons.spark_k8s_operator.helm_addon in .terraform/modules/eks_blueprints_kubernetes_addons/modules/kubernetes-addons/helm-addon
TestExamplesBasicTest 2022-12-13T14:10:32+01:00 logger.go:66: - eks_blueprints_kubernetes_addons.spark_k8s_operator.helm_addon.irsa in .terraform/modules/eks_blueprints_kubernetes_addons/modules/irsa
TestExamplesBasicTest 2022-12-13T14:10:32+01:00 logger.go:66: Downloading registry.terraform.io/tetratelabs/tetrate-istio-addon/eksblueprints 0.0.7 for eks_blueprints_kubernetes_addons.tetrate_istio...
TestExamplesBasicTest 2022-12-13T14:10:33+01:00 logger.go:66: - eks_blueprints_kubernetes_addons.tetrate_istio in .terraform/modules/eks_blueprints_kubernetes_addons.tetrate_istio
TestExamplesBasicTest 2022-12-13T14:10:33+01:00 logger.go:66: Downloading git::https://github.com/aws-ia/terraform-aws-eks-blueprints.git?ref=v3.5.0 for eks_blueprints_kubernetes_addons.tetrate_istio.base...
TestExamplesBasicTest 2022-12-13T14:10:40+01:00 logger.go:66: - eks_blueprints_kubernetes_addons.tetrate_istio.base in .terraform/modules/eks_blueprints_kubernetes_addons.tetrate_istio.base/modules/kubernetes-addons/helm-addon
TestExamplesBasicTest 2022-12-13T14:10:40+01:00 logger.go:66: - eks_blueprints_kubernetes_addons.tetrate_istio.base.irsa in .terraform/modules/eks_blueprints_kubernetes_addons.tetrate_istio.base/modules/irsa
TestExamplesBasicTest 2022-12-13T14:10:40+01:00 logger.go:66: Downloading git::https://github.com/aws-ia/terraform-aws-eks-blueprints.git?ref=v3.5.0 for eks_blueprints_kubernetes_addons.tetrate_istio.cni...
TestExamplesBasicTest 2022-12-13T14:10:43+01:00 logger.go:66: - eks_blueprints_kubernetes_addons.tetrate_istio.cni in .terraform/modules/eks_blueprints_kubernetes_addons.tetrate_istio.cni/modules/kubernetes-addons/helm-addon
TestExamplesBasicTest 2022-12-13T14:10:43+01:00 logger.go:66: - eks_blueprints_kubernetes_addons.tetrate_istio.cni.irsa in .terraform/modules/eks_blueprints_kubernetes_addons.tetrate_istio.cni/modules/irsa
TestExamplesBasicTest 2022-12-13T14:10:43+01:00 logger.go:66: Downloading git::https://github.com/aws-ia/terraform-aws-eks-blueprints.git?ref=v3.5.0 for eks_blueprints_kubernetes_addons.tetrate_istio.gateway...
TestExamplesBasicTest 2022-12-13T14:10:44+01:00 logger.go:66: - eks_blueprints_kubernetes_addons.tetrate_istio.gateway in .terraform/modules/eks_blueprints_kubernetes_addons.tetrate_istio.gateway/modules/kubernetes-addons/helm-addon
TestExamplesBasicTest 2022-12-13T14:10:44+01:00 logger.go:66: - eks_blueprints_kubernetes_addons.tetrate_istio.gateway.irsa in .terraform/modules/eks_blueprints_kubernetes_addons.tetrate_istio.gateway/modules/irsa
TestExamplesBasicTest 2022-12-13T14:10:44+01:00 logger.go:66: Downloading git::https://github.com/aws-ia/terraform-aws-eks-blueprints.git?ref=v3.5.0 for eks_blueprints_kubernetes_addons.tetrate_istio.istiod...
TestExamplesBasicTest 2022-12-13T14:10:45+01:00 logger.go:66: - eks_blueprints_kubernetes_addons.tetrate_istio.istiod in .terraform/modules/eks_blueprints_kubernetes_addons.tetrate_istio.istiod/modules/kubernetes-addons/helm-addon
TestExamplesBasicTest 2022-12-13T14:10:45+01:00 logger.go:66: - eks_blueprints_kubernetes_addons.tetrate_istio.istiod.irsa in .terraform/modules/eks_blueprints_kubernetes_addons.tetrate_istio.istiod/modules/irsa
TestExamplesBasicTest 2022-12-13T14:10:45+01:00 logger.go:66: - eks_blueprints_kubernetes_addons.traefik in .terraform/modules/eks_blueprints_kubernetes_addons/modules/kubernetes-addons/traefik
TestExamplesBasicTest 2022-12-13T14:10:45+01:00 logger.go:66: - eks_blueprints_kubernetes_addons.traefik.helm_addon in .terraform/modules/eks_blueprints_kubernetes_addons/modules/kubernetes-addons/helm-addon
TestExamplesBasicTest 2022-12-13T14:10:45+01:00 logger.go:66: - eks_blueprints_kubernetes_addons.traefik.helm_addon.irsa in .terraform/modules/eks_blueprints_kubernetes_addons/modules/irsa
TestExamplesBasicTest 2022-12-13T14:10:46+01:00 logger.go:66: Downloading registry.terraform.io/hashicorp/hashicorp-vault-eks-addon/aws 0.9.0 for eks_blueprints_kubernetes_addons.vault...
TestExamplesBasicTest 2022-12-13T14:10:47+01:00 logger.go:66: - eks_blueprints_kubernetes_addons.vault in .terraform/modules/eks_blueprints_kubernetes_addons.vault
TestExamplesBasicTest 2022-12-13T14:10:47+01:00 logger.go:66: - eks_blueprints_kubernetes_addons.velero in .terraform/modules/eks_blueprints_kubernetes_addons/modules/kubernetes-addons/velero
TestExamplesBasicTest 2022-12-13T14:10:47+01:00 logger.go:66: - eks_blueprints_kubernetes_addons.velero.helm_addon in .terraform/modules/eks_blueprints_kubernetes_addons/modules/kubernetes-addons/helm-addon
TestExamplesBasicTest 2022-12-13T14:10:47+01:00 logger.go:66: - eks_blueprints_kubernetes_addons.velero.helm_addon.irsa in .terraform/modules/eks_blueprints_kubernetes_addons/modules/irsa
TestExamplesBasicTest 2022-12-13T14:10:47+01:00 logger.go:66: - eks_blueprints_kubernetes_addons.vpa in .terraform/modules/eks_blueprints_kubernetes_addons/modules/kubernetes-addons/vpa
TestExamplesBasicTest 2022-12-13T14:10:47+01:00 logger.go:66: - eks_blueprints_kubernetes_addons.vpa.helm_addon in .terraform/modules/eks_blueprints_kubernetes_addons/modules/kubernetes-addons/helm-addon
TestExamplesBasicTest 2022-12-13T14:10:47+01:00 logger.go:66: - eks_blueprints_kubernetes_addons.vpa.helm_addon.irsa in .terraform/modules/eks_blueprints_kubernetes_addons/modules/irsa
TestExamplesBasicTest 2022-12-13T14:10:47+01:00 logger.go:66: - eks_blueprints_kubernetes_addons.yunikorn in .terraform/modules/eks_blueprints_kubernetes_addons/modules/kubernetes-addons/yunikorn
TestExamplesBasicTest 2022-12-13T14:10:47+01:00 logger.go:66: - eks_blueprints_kubernetes_addons.yunikorn.helm_addon in .terraform/modules/eks_blueprints_kubernetes_addons/modules/kubernetes-addons/helm-addon
TestExamplesBasicTest 2022-12-13T14:10:47+01:00 logger.go:66: - eks_blueprints_kubernetes_addons.yunikorn.helm_addon.irsa in .terraform/modules/eks_blueprints_kubernetes_addons/modules/irsa
TestExamplesBasicTest 2022-12-13T14:10:47+01:00 logger.go:66: - vpc in vpc
TestExamplesBasicTest 2022-12-13T14:10:47+01:00 logger.go:66: Downloading registry.terraform.io/terraform-aws-modules/vpc/aws 3.2.0 for vpc.vpc...
TestExamplesBasicTest 2022-12-13T14:10:49+01:00 logger.go:66: - vpc.vpc in .terraform/modules/vpc.vpc
TestExamplesBasicTest 2022-12-13T14:10:51+01:00 logger.go:66:
TestExamplesBasicTest 2022-12-13T14:10:51+01:00 logger.go:66: Initializing the backend...
TestExamplesBasicTest 2022-12-13T14:10:51+01:00 logger.go:66:
TestExamplesBasicTest 2022-12-13T14:10:51+01:00 logger.go:66: Successfully configured the backend "local"! Terraform will automatically
TestExamplesBasicTest 2022-12-13T14:10:51+01:00 logger.go:66: use this backend unless the backend configuration changes.
TestExamplesBasicTest 2022-12-13T14:10:51+01:00 logger.go:66:
TestExamplesBasicTest 2022-12-13T14:10:51+01:00 logger.go:66: Initializing provider plugins...
TestExamplesBasicTest 2022-12-13T14:10:51+01:00 logger.go:66: - Finding hashicorp/helm versions matching ">= 2.4.1, >= 2.7.1"...
TestExamplesBasicTest 2022-12-13T14:10:51+01:00 logger.go:66: - Finding hashicorp/random versions matching ">= 3.4.3"...
TestExamplesBasicTest 2022-12-13T14:10:52+01:00 logger.go:66: - Finding gavinbunney/kubectl versions matching ">= 1.14.0"...
TestExamplesBasicTest 2022-12-13T14:10:52+01:00 logger.go:66: - Finding hashicorp/tls versions matching "~> 3.0"...
TestExamplesBasicTest 2022-12-13T14:10:52+01:00 logger.go:66: - Finding hashicorp/local versions matching ">= 2.1.0"...
TestExamplesBasicTest 2022-12-13T14:10:52+01:00 logger.go:66: - Finding hashicorp/cloudinit versions matching ">= 2.0.0"...
TestExamplesBasicTest 2022-12-13T14:10:52+01:00 logger.go:66: - Finding hashicorp/kubernetes versions matching ">= 2.10.0, >= 2.16.1"...
TestExamplesBasicTest 2022-12-13T14:10:52+01:00 logger.go:66: - Finding hashicorp/null versions matching ">= 3.1.0"...
TestExamplesBasicTest 2022-12-13T14:10:52+01:00 logger.go:66: - Finding terraform-aws-modules/http versions matching "2.4.1"...
TestExamplesBasicTest 2022-12-13T14:10:52+01:00 logger.go:66: - Finding hashicorp/time versions matching ">= 0.7.0"...
TestExamplesBasicTest 2022-12-13T14:10:52+01:00 logger.go:66: - Finding hashicorp/aws versions matching ">= 3.15.0, >= 3.72.0, >= 4.10.0, >= 4.35.0"...
TestExamplesBasicTest 2022-12-13T14:10:52+01:00 logger.go:66: - Finding hashicorp/template versions matching ">= 2.2.0"...
TestExamplesBasicTest 2022-12-13T14:10:53+01:00 logger.go:66: - Using hashicorp/kubernetes v2.16.1 from the shared cache directory
TestExamplesBasicTest 2022-12-13T14:10:53+01:00 logger.go:66: - Using hashicorp/null v3.2.1 from the shared cache directory
TestExamplesBasicTest 2022-12-13T14:10:53+01:00 logger.go:66: - Using hashicorp/helm v2.7.1 from the shared cache directory
TestExamplesBasicTest 2022-12-13T14:10:53+01:00 logger.go:66: - Using hashicorp/local v2.2.3 from the shared cache directory
TestExamplesBasicTest 2022-12-13T14:10:53+01:00 logger.go:66: - Using hashicorp/cloudinit v2.2.0 from the shared cache directory
TestExamplesBasicTest 2022-12-13T14:10:54+01:00 logger.go:66: - Using terraform-aws-modules/http v2.4.1 from the shared cache directory
TestExamplesBasicTest 2022-12-13T14:10:54+01:00 logger.go:66: - Using hashicorp/time v0.9.1 from the shared cache directory
TestExamplesBasicTest 2022-12-13T14:10:54+01:00 logger.go:66: - Using hashicorp/aws v4.46.0 from the shared cache directory
TestExamplesBasicTest 2022-12-13T14:10:55+01:00 logger.go:66: - Using hashicorp/template v2.2.0 from the shared cache directory
TestExamplesBasicTest 2022-12-13T14:10:55+01:00 logger.go:66: - Using hashicorp/random v3.4.3 from the shared cache directory
TestExamplesBasicTest 2022-12-13T14:10:55+01:00 logger.go:66: - Using gavinbunney/kubectl v1.14.0 from the shared cache directory
TestExamplesBasicTest 2022-12-13T14:10:55+01:00 logger.go:66: - Using hashicorp/tls v3.4.0 from the shared cache directory
TestExamplesBasicTest 2022-12-13T14:10:55+01:00 logger.go:66:
TestExamplesBasicTest 2022-12-13T14:10:55+01:00 logger.go:66: Terraform has created a lock file .terraform.lock.hcl to record the provider
TestExamplesBasicTest 2022-12-13T14:10:55+01:00 logger.go:66: selections it made above. Include this file in your version control repository
TestExamplesBasicTest 2022-12-13T14:10:55+01:00 logger.go:66: so that Terraform can guarantee to make the same selections by default when
TestExamplesBasicTest 2022-12-13T14:10:55+01:00 logger.go:66: you run "terraform init" in the future.
TestExamplesBasicTest 2022-12-13T14:10:55+01:00 logger.go:66:
TestExamplesBasicTest 2022-12-13T14:10:55+01:00 logger.go:66: ╷
TestExamplesBasicTest 2022-12-13T14:10:55+01:00 logger.go:66: │ Warning: Incomplete lock file information for providers
TestExamplesBasicTest 2022-12-13T14:10:55+01:00 logger.go:66: │
TestExamplesBasicTest 2022-12-13T14:10:55+01:00 logger.go:66: │ Due to your customized provider installation methods, Terraform was forced
TestExamplesBasicTest 2022-12-13T14:10:55+01:00 logger.go:66: │ to calculate lock file checksums locally for the following providers:
TestExamplesBasicTest 2022-12-13T14:10:55+01:00 logger.go:66: │   - gavinbunney/kubectl
TestExamplesBasicTest 2022-12-13T14:10:55+01:00 logger.go:66: │   - hashicorp/aws
TestExamplesBasicTest 2022-12-13T14:10:55+01:00 logger.go:66: │   - hashicorp/cloudinit
TestExamplesBasicTest 2022-12-13T14:10:55+01:00 logger.go:66: │   - hashicorp/helm
TestExamplesBasicTest 2022-12-13T14:10:55+01:00 logger.go:66: │   - hashicorp/kubernetes
TestExamplesBasicTest 2022-12-13T14:10:55+01:00 logger.go:66: │   - hashicorp/local
TestExamplesBasicTest 2022-12-13T14:10:55+01:00 logger.go:66: │   - hashicorp/null
TestExamplesBasicTest 2022-12-13T14:10:55+01:00 logger.go:66: │   - hashicorp/random
TestExamplesBasicTest 2022-12-13T14:10:55+01:00 logger.go:66: │   - hashicorp/template
TestExamplesBasicTest 2022-12-13T14:10:55+01:00 logger.go:66: │   - hashicorp/time
TestExamplesBasicTest 2022-12-13T14:10:55+01:00 logger.go:66: │   - hashicorp/tls
TestExamplesBasicTest 2022-12-13T14:10:55+01:00 logger.go:66: │   - terraform-aws-modules/http
TestExamplesBasicTest 2022-12-13T14:10:55+01:00 logger.go:66: │
TestExamplesBasicTest 2022-12-13T14:10:55+01:00 logger.go:66: │ The current .terraform.lock.hcl file only includes checksums for
TestExamplesBasicTest 2022-12-13T14:10:55+01:00 logger.go:66: │ darwin_amd64, so Terraform running on another platform will fail to install
TestExamplesBasicTest 2022-12-13T14:10:55+01:00 logger.go:66: │ these providers.
TestExamplesBasicTest 2022-12-13T14:10:55+01:00 logger.go:66: │
TestExamplesBasicTest 2022-12-13T14:10:55+01:00 logger.go:66: │ To calculate additional checksums for another platform, run:
TestExamplesBasicTest 2022-12-13T14:10:55+01:00 logger.go:66: │   terraform providers lock -platform=linux_amd64
TestExamplesBasicTest 2022-12-13T14:10:55+01:00 logger.go:66: │ (where linux_amd64 is the platform to generate)
TestExamplesBasicTest 2022-12-13T14:10:55+01:00 logger.go:66: ╵
TestExamplesBasicTest 2022-12-13T14:10:55+01:00 logger.go:66:
TestExamplesBasicTest 2022-12-13T14:10:55+01:00 logger.go:66: ╷
TestExamplesBasicTest 2022-12-13T14:10:55+01:00 logger.go:66: │ Warning: Experimental feature "module_variable_optional_attrs" is active
TestExamplesBasicTest 2022-12-13T14:10:55+01:00 logger.go:66: │
TestExamplesBasicTest 2022-12-13T14:10:55+01:00 logger.go:66: │   on .terraform/modules/eks_blueprints_kubernetes_addons.ondat/locals.tf line 2, in terraform:
TestExamplesBasicTest 2022-12-13T14:10:55+01:00 logger.go:66: │    2:   experiments = [module_variable_optional_attrs]
TestExamplesBasicTest 2022-12-13T14:10:55+01:00 logger.go:66: │
TestExamplesBasicTest 2022-12-13T14:10:55+01:00 logger.go:66: │ Experimental features are subject to breaking changes in future minor or
TestExamplesBasicTest 2022-12-13T14:10:55+01:00 logger.go:66: │ patch releases, based on feedback.
TestExamplesBasicTest 2022-12-13T14:10:55+01:00 logger.go:66: │
TestExamplesBasicTest 2022-12-13T14:10:55+01:00 logger.go:66: │ If you have feedback on the design of this feature, please open a GitHub
TestExamplesBasicTest 2022-12-13T14:10:55+01:00 logger.go:66: │ issue to discuss it.
TestExamplesBasicTest 2022-12-13T14:10:55+01:00 logger.go:66: │
TestExamplesBasicTest 2022-12-13T14:10:55+01:00 logger.go:66: │ (and 7 more similar warnings elsewhere)
TestExamplesBasicTest 2022-12-13T14:10:55+01:00 logger.go:66: ╵
TestExamplesBasicTest 2022-12-13T14:10:55+01:00 logger.go:66:
TestExamplesBasicTest 2022-12-13T14:10:55+01:00 logger.go:66: Terraform has been successfully initialized!
TestExamplesBasicTest 2022-12-13T14:10:55+01:00 logger.go:66:
TestExamplesBasicTest 2022-12-13T14:10:55+01:00 logger.go:66: You may now begin working with Terraform. Try running "terraform plan" to see
TestExamplesBasicTest 2022-12-13T14:10:55+01:00 logger.go:66: any changes that are required for your infrastructure. All Terraform commands
TestExamplesBasicTest 2022-12-13T14:10:55+01:00 logger.go:66: should now work.
TestExamplesBasicTest 2022-12-13T14:10:55+01:00 logger.go:66:
TestExamplesBasicTest 2022-12-13T14:10:55+01:00 logger.go:66: If you ever set or change modules or backend configuration for Terraform,
TestExamplesBasicTest 2022-12-13T14:10:55+01:00 logger.go:66: rerun this command to reinitialize your working directory. If you forget, other
TestExamplesBasicTest 2022-12-13T14:10:55+01:00 logger.go:66: commands will detect it and remind you to do so if necessary.
TestExamplesBasicTest 2022-12-13T14:10:55+01:00 retry.go:91: terraform [apply -input=false -auto-approve -var aws_region=eu-central-1 -var domain_name=testdomain.com -lock=false]
TestExamplesBasicTest 2022-12-13T14:10:55+01:00 logger.go:66: Running command terraform with args [apply -input=false -auto-approve -var aws_region=eu-central-1 -var domain_name=testdomain.com -lock=false]
TestExamplesBasicTest 2022-12-13T14:11:14+01:00 logger.go:66: module.eks_blueprints.module.aws_eks.data.aws_caller_identity.current: Reading...
TestExamplesBasicTest 2022-12-13T14:11:14+01:00 logger.go:66: module.eks_blueprints.data.aws_caller_identity.current: Reading...
TestExamplesBasicTest 2022-12-13T14:11:14+01:00 logger.go:66: module.eks_blueprints.module.aws_eks.module.kms.data.aws_partition.current: Reading...
TestExamplesBasicTest 2022-12-13T14:11:14+01:00 logger.go:66: module.eks_blueprints.data.aws_partition.current: Reading...
TestExamplesBasicTest 2022-12-13T14:11:14+01:00 logger.go:66: module.vpc.data.aws_availability_zones.available: Reading...
TestExamplesBasicTest 2022-12-13T14:11:14+01:00 logger.go:66: module.eks_blueprints.module.aws_eks.module.kms.data.aws_caller_identity.current: Reading...
TestExamplesBasicTest 2022-12-13T14:11:14+01:00 logger.go:66: module.eks_blueprints.module.aws_eks.data.aws_partition.current: Reading...
TestExamplesBasicTest 2022-12-13T14:11:14+01:00 logger.go:66: module.eks_blueprints.module.aws_eks.module.kms.data.aws_partition.current: Read complete after 0s [id=aws]
TestExamplesBasicTest 2022-12-13T14:11:14+01:00 logger.go:66: module.eks_blueprints.data.aws_partition.current: Read complete after 0s [id=aws]
TestExamplesBasicTest 2022-12-13T14:11:14+01:00 logger.go:66: module.eks_blueprints.module.aws_eks.data.aws_partition.current: Read complete after 0s [id=aws]
TestExamplesBasicTest 2022-12-13T14:11:14+01:00 logger.go:66: module.eks_blueprints.data.aws_region.current: Reading...
TestExamplesBasicTest 2022-12-13T14:11:14+01:00 logger.go:66: module.eks_blueprints.data.aws_region.current: Read complete after 0s [id=eu-central-1]
TestExamplesBasicTest 2022-12-13T14:11:14+01:00 logger.go:66: module.eks_blueprints.module.aws_eks.data.aws_iam_policy_document.assume_role_policy[0]: Reading...
TestExamplesBasicTest 2022-12-13T14:11:14+01:00 logger.go:66: module.eks_blueprints.module.aws_eks.data.aws_iam_policy_document.assume_role_policy[0]: Read complete after 0s [id=2764486067]
TestExamplesBasicTest 2022-12-13T14:11:14+01:00 logger.go:66: module.vpc.data.aws_availability_zones.available: Read complete after 0s [id=eu-central-1]
TestExamplesBasicTest 2022-12-13T14:11:15+01:00 logger.go:66: module.eks_blueprints.data.aws_caller_identity.current: Read complete after 0s [id=198655350445]
TestExamplesBasicTest 2022-12-13T14:11:15+01:00 logger.go:66: module.eks_blueprints.module.aws_eks.module.kms.data.aws_caller_identity.current: Read complete after 0s [id=198655350445]
TestExamplesBasicTest 2022-12-13T14:11:15+01:00 logger.go:66: module.eks_blueprints.module.aws_eks.data.aws_caller_identity.current: Read complete after 0s [id=198655350445]
TestExamplesBasicTest 2022-12-13T14:11:15+01:00 logger.go:66: module.eks_blueprints.data.aws_iam_session_context.current: Reading...
TestExamplesBasicTest 2022-12-13T14:11:15+01:00 logger.go:66: module.eks_blueprints.data.aws_iam_session_context.current: Read complete after 0s [id=arn:aws:iam::198655350445:user/geoffrey]
TestExamplesBasicTest 2022-12-13T14:11:24+01:00 logger.go:66:
TestExamplesBasicTest 2022-12-13T14:11:24+01:00 logger.go:66: Terraform used the selected providers to generate the following execution
TestExamplesBasicTest 2022-12-13T14:11:24+01:00 logger.go:66: plan. Resource actions are indicated with the following symbols:
TestExamplesBasicTest 2022-12-13T14:11:24+01:00 logger.go:66:   + create
TestExamplesBasicTest 2022-12-13T14:11:24+01:00 logger.go:66:  <= read (data resources)
TestExamplesBasicTest 2022-12-13T14:11:24+01:00 logger.go:66:
TestExamplesBasicTest 2022-12-13T14:11:24+01:00 logger.go:66: Terraform will perform the following actions:
TestExamplesBasicTest 2022-12-13T14:11:24+01:00 logger.go:66:
TestExamplesBasicTest 2022-12-13T14:11:24+01:00 logger.go:66:   # data.aws_eks_cluster_auth.this will be read during apply
TestExamplesBasicTest 2022-12-13T14:11:24+01:00 logger.go:66:   # (config refers to values not yet known)
TestExamplesBasicTest 2022-12-13T14:11:24+01:00 logger.go:66:  <= data "aws_eks_cluster_auth" "this" {
TestExamplesBasicTest 2022-12-13T14:11:24+01:00 logger.go:66:       + id    = (known after apply)
TestExamplesBasicTest 2022-12-13T14:11:24+01:00 logger.go:66:       + name  = (known after apply)
TestExamplesBasicTest 2022-12-13T14:11:24+01:00 logger.go:66:       + token = (sensitive value)
TestExamplesBasicTest 2022-12-13T14:11:24+01:00 logger.go:66:     }
TestExamplesBasicTest 2022-12-13T14:11:24+01:00 logger.go:66:
TestExamplesBasicTest 2022-12-13T14:11:24+01:00 logger.go:66:   # aws_ebs_encryption_by_default.ebs_encryption will be created
TestExamplesBasicTest 2022-12-13T14:11:24+01:00 logger.go:66:   + resource "aws_ebs_encryption_by_default" "ebs_encryption" {
TestExamplesBasicTest 2022-12-13T14:11:24+01:00 logger.go:66:       + enabled = true
TestExamplesBasicTest 2022-12-13T14:11:24+01:00 logger.go:66:       + id      = (known after apply)
TestExamplesBasicTest 2022-12-13T14:11:24+01:00 logger.go:66:     }
TestExamplesBasicTest 2022-12-13T14:11:24+01:00 logger.go:66:
TestExamplesBasicTest 2022-12-13T14:11:24+01:00 logger.go:66:   # aws_route53_zone.cluster_dns will be created
TestExamplesBasicTest 2022-12-13T14:11:24+01:00 logger.go:66:   + resource "aws_route53_zone" "cluster_dns" {
TestExamplesBasicTest 2022-12-13T14:11:24+01:00 logger.go:66:       + arn                 = (known after apply)
TestExamplesBasicTest 2022-12-13T14:11:24+01:00 logger.go:66:       + comment             = "Managed by Terraform"
TestExamplesBasicTest 2022-12-13T14:11:24+01:00 logger.go:66:       + force_destroy       = true
TestExamplesBasicTest 2022-12-13T14:11:24+01:00 logger.go:66:       + id                  = (known after apply)
TestExamplesBasicTest 2022-12-13T14:11:24+01:00 logger.go:66:       + name                = "testdomain.com"
TestExamplesBasicTest 2022-12-13T14:11:24+01:00 logger.go:66:       + name_servers        = (known after apply)
TestExamplesBasicTest 2022-12-13T14:11:24+01:00 logger.go:66:       + primary_name_server = (known after apply)
TestExamplesBasicTest 2022-12-13T14:11:24+01:00 logger.go:66:       + tags_all            = (known after apply)
TestExamplesBasicTest 2022-12-13T14:11:24+01:00 logger.go:66:       + zone_id             = (known after apply)
TestExamplesBasicTest 2022-12-13T14:11:24+01:00 logger.go:66:     }
TestExamplesBasicTest 2022-12-13T14:11:24+01:00 logger.go:66:
TestExamplesBasicTest 2022-12-13T14:11:24+01:00 logger.go:66:   # aws_secretsmanager_secret.grafana will be created
TestExamplesBasicTest 2022-12-13T14:11:24+01:00 logger.go:66:   + resource "aws_secretsmanager_secret" "grafana" {
TestExamplesBasicTest 2022-12-13T14:11:24+01:00 logger.go:66:       + arn                            = (known after apply)
TestExamplesBasicTest 2022-12-13T14:11:24+01:00 logger.go:66:       + force_overwrite_replica_secret = false
TestExamplesBasicTest 2022-12-13T14:11:24+01:00 logger.go:66:       + id                             = (known after apply)
TestExamplesBasicTest 2022-12-13T14:11:24+01:00 logger.go:66:       + name                           = (known after apply)
TestExamplesBasicTest 2022-12-13T14:11:24+01:00 logger.go:66:       + name_prefix                    = "grafana-admin-password"
TestExamplesBasicTest 2022-12-13T14:11:24+01:00 logger.go:66:       + policy                         = (known after apply)
TestExamplesBasicTest 2022-12-13T14:11:24+01:00 logger.go:66:       + recovery_window_in_days        = 7
TestExamplesBasicTest 2022-12-13T14:11:24+01:00 logger.go:66:       + rotation_enabled               = (known after apply)
TestExamplesBasicTest 2022-12-13T14:11:24+01:00 logger.go:66:       + rotation_lambda_arn            = (known after apply)
TestExamplesBasicTest 2022-12-13T14:11:24+01:00 logger.go:66:       + tags_all                       = (known after apply)
TestExamplesBasicTest 2022-12-13T14:11:24+01:00 logger.go:66:
TestExamplesBasicTest 2022-12-13T14:11:24+01:00 logger.go:66:       + replica {
TestExamplesBasicTest 2022-12-13T14:11:24+01:00 logger.go:66:           + kms_key_id         = (known after apply)
TestExamplesBasicTest 2022-12-13T14:11:24+01:00 logger.go:66:           + last_accessed_date = (known after apply)
TestExamplesBasicTest 2022-12-13T14:11:24+01:00 logger.go:66:           + region             = (known after apply)
TestExamplesBasicTest 2022-12-13T14:11:24+01:00 logger.go:66:           + status             = (known after apply)
TestExamplesBasicTest 2022-12-13T14:11:24+01:00 logger.go:66:           + status_message     = (known after apply)
TestExamplesBasicTest 2022-12-13T14:11:24+01:00 logger.go:66:         }
TestExamplesBasicTest 2022-12-13T14:11:24+01:00 logger.go:66:
TestExamplesBasicTest 2022-12-13T14:11:24+01:00 logger.go:66:       + rotation_rules {
TestExamplesBasicTest 2022-12-13T14:11:24+01:00 logger.go:66:           + automatically_after_days = (known after apply)
TestExamplesBasicTest 2022-12-13T14:11:24+01:00 logger.go:66:         }
TestExamplesBasicTest 2022-12-13T14:11:24+01:00 logger.go:66:     }
TestExamplesBasicTest 2022-12-13T14:11:24+01:00 logger.go:66:
TestExamplesBasicTest 2022-12-13T14:11:24+01:00 logger.go:66:   # aws_secretsmanager_secret_version.grafana will be created
TestExamplesBasicTest 2022-12-13T14:11:24+01:00 logger.go:66:   + resource "aws_secretsmanager_secret_version" "grafana" {
TestExamplesBasicTest 2022-12-13T14:11:24+01:00 logger.go:66:       + arn            = (known after apply)
TestExamplesBasicTest 2022-12-13T14:11:24+01:00 logger.go:66:       + id             = (known after apply)
TestExamplesBasicTest 2022-12-13T14:11:24+01:00 logger.go:66:       + secret_id      = (known after apply)
TestExamplesBasicTest 2022-12-13T14:11:24+01:00 logger.go:66:       + secret_string  = (sensitive value)
TestExamplesBasicTest 2022-12-13T14:11:24+01:00 logger.go:66:       + version_id     = (known after apply)
TestExamplesBasicTest 2022-12-13T14:11:24+01:00 logger.go:66:       + version_stages = (known after apply)
TestExamplesBasicTest 2022-12-13T14:11:24+01:00 logger.go:66:     }
TestExamplesBasicTest 2022-12-13T14:11:24+01:00 logger.go:66:
TestExamplesBasicTest 2022-12-13T14:11:24+01:00 logger.go:66:   # helm_release.loki will be created
TestExamplesBasicTest 2022-12-13T14:11:24+01:00 logger.go:66:   + resource "helm_release" "loki" {
TestExamplesBasicTest 2022-12-13T14:11:24+01:00 logger.go:66:       + atomic                     = false
TestExamplesBasicTest 2022-12-13T14:11:24+01:00 logger.go:66:       + chart                      = "loki-stack"
TestExamplesBasicTest 2022-12-13T14:11:24+01:00 logger.go:66:       + cleanup_on_fail            = false
TestExamplesBasicTest 2022-12-13T14:11:24+01:00 logger.go:66:       + create_namespace           = true
TestExamplesBasicTest 2022-12-13T14:11:24+01:00 logger.go:66:       + dependency_update          = false
TestExamplesBasicTest 2022-12-13T14:11:24+01:00 logger.go:66:       + disable_crd_hooks          = false
TestExamplesBasicTest 2022-12-13T14:11:24+01:00 logger.go:66:       + disable_openapi_validation = false
TestExamplesBasicTest 2022-12-13T14:11:24+01:00 logger.go:66:       + disable_webhooks           = false
TestExamplesBasicTest 2022-12-13T14:11:24+01:00 logger.go:66:       + force_update               = false
TestExamplesBasicTest 2022-12-13T14:11:24+01:00 logger.go:66:       + id                         = (known after apply)
TestExamplesBasicTest 2022-12-13T14:11:24+01:00 logger.go:66:       + lint                       = false
TestExamplesBasicTest 2022-12-13T14:11:24+01:00 logger.go:66:       + manifest                   = (known after apply)
TestExamplesBasicTest 2022-12-13T14:11:24+01:00 logger.go:66:       + max_history                = 0
TestExamplesBasicTest 2022-12-13T14:11:24+01:00 logger.go:66:       + metadata                   = (known after apply)
TestExamplesBasicTest 2022-12-13T14:11:24+01:00 logger.go:66:       + name                       = "loki-stack"
TestExamplesBasicTest 2022-12-13T14:11:24+01:00 logger.go:66:       + namespace                  = "loki"
TestExamplesBasicTest 2022-12-13T14:11:24+01:00 logger.go:66:       + pass_credentials           = false
TestExamplesBasicTest 2022-12-13T14:11:24+01:00 logger.go:66:       + recreate_pods              = false
TestExamplesBasicTest 2022-12-13T14:11:24+01:00 logger.go:66:       + render_subchart_notes      = true
TestExamplesBasicTest 2022-12-13T14:11:24+01:00 logger.go:66:       + replace                    = false
TestExamplesBasicTest 2022-12-13T14:11:24+01:00 logger.go:66:       + repository                 = "https://grafana.github.io/helm-charts"
TestExamplesBasicTest 2022-12-13T14:11:24+01:00 logger.go:66:       + reset_values               = false
TestExamplesBasicTest 2022-12-13T14:11:24+01:00 logger.go:66:       + reuse_values               = false
TestExamplesBasicTest 2022-12-13T14:11:24+01:00 logger.go:66:       + skip_crds                  = false
TestExamplesBasicTest 2022-12-13T14:11:24+01:00 logger.go:66:       + status                     = "deployed"
TestExamplesBasicTest 2022-12-13T14:11:24+01:00 logger.go:66:       + timeout                    = 300
TestExamplesBasicTest 2022-12-13T14:11:24+01:00 logger.go:66:       + values                     = [
TestExamplesBasicTest 2022-12-13T14:11:24+01:00 logger.go:66:           + <<-EOT
TestExamplesBasicTest 2022-12-13T14:11:24+01:00 logger.go:66:                 promtail:
TestExamplesBasicTest 2022-12-13T14:11:24+01:00 logger.go:66:                   enabled: false
TestExamplesBasicTest 2022-12-13T14:11:24+01:00 logger.go:66:
TestExamplesBasicTest 2022-12-13T14:11:24+01:00 logger.go:66:                 compactor:
TestExamplesBasicTest 2022-12-13T14:11:24+01:00 logger.go:66:                   retention_enabled: true
TestExamplesBasicTest 2022-12-13T14:11:24+01:00 logger.go:66:
TestExamplesBasicTest 2022-12-13T14:11:24+01:00 logger.go:66:                 limits_config:
TestExamplesBasicTest 2022-12-13T14:11:24+01:00 logger.go:66:                   retention_period: 30d
TestExamplesBasicTest 2022-12-13T14:11:24+01:00 logger.go:66:             EOT,
TestExamplesBasicTest 2022-12-13T14:11:24+01:00 logger.go:66:         ]
TestExamplesBasicTest 2022-12-13T14:11:24+01:00 logger.go:66:       + verify                     = false
TestExamplesBasicTest 2022-12-13T14:11:24+01:00 logger.go:66:       + version                    = "2.8.4"
TestExamplesBasicTest 2022-12-13T14:11:24+01:00 logger.go:66:       + wait                       = true
TestExamplesBasicTest 2022-12-13T14:11:24+01:00 logger.go:66:       + wait_for_jobs              = false
TestExamplesBasicTest 2022-12-13T14:11:24+01:00 logger.go:66:     }
TestExamplesBasicTest 2022-12-13T14:11:24+01:00 logger.go:66:
TestExamplesBasicTest 2022-12-13T14:11:24+01:00 logger.go:66:   # random_password.grafana will be created
TestExamplesBasicTest 2022-12-13T14:11:24+01:00 logger.go:66:   + resource "random_password" "grafana" {
TestExamplesBasicTest 2022-12-13T14:11:24+01:00 logger.go:66:       + bcrypt_hash = (sensitive value)
TestExamplesBasicTest 2022-12-13T14:11:24+01:00 logger.go:66:       + id          = (known after apply)
TestExamplesBasicTest 2022-12-13T14:11:24+01:00 logger.go:66:       + length      = 15
TestExamplesBasicTest 2022-12-13T14:11:24+01:00 logger.go:66:       + lower       = true
TestExamplesBasicTest 2022-12-13T14:11:24+01:00 logger.go:66:       + min_lower   = 0
TestExamplesBasicTest 2022-12-13T14:11:24+01:00 logger.go:66:       + min_numeric = 0
TestExamplesBasicTest 2022-12-13T14:11:24+01:00 logger.go:66:       + min_special = 0
TestExamplesBasicTest 2022-12-13T14:11:24+01:00 logger.go:66:       + min_upper   = 0
TestExamplesBasicTest 2022-12-13T14:11:24+01:00 logger.go:66:       + number      = true
TestExamplesBasicTest 2022-12-13T14:11:24+01:00 logger.go:66:       + numeric     = true
TestExamplesBasicTest 2022-12-13T14:11:24+01:00 logger.go:66:       + result      = (sensitive value)
TestExamplesBasicTest 2022-12-13T14:11:24+01:00 logger.go:66:       + special     = false
TestExamplesBasicTest 2022-12-13T14:11:24+01:00 logger.go:66:       + upper       = true
TestExamplesBasicTest 2022-12-13T14:11:24+01:00 logger.go:66:     }
TestExamplesBasicTest 2022-12-13T14:11:24+01:00 logger.go:66:
TestExamplesBasicTest 2022-12-13T14:11:24+01:00 logger.go:66:   # module.eks_blueprints.data.aws_eks_cluster.cluster[0] will be read during apply
TestExamplesBasicTest 2022-12-13T14:11:24+01:00 logger.go:66:   # (config refers to values not yet known)
TestExamplesBasicTest 2022-12-13T14:11:24+01:00 logger.go:66:  <= data "aws_eks_cluster" "cluster" {
TestExamplesBasicTest 2022-12-13T14:11:24+01:00 logger.go:66:       + arn                       = (known after apply)
TestExamplesBasicTest 2022-12-13T14:11:24+01:00 logger.go:66:       + certificate_authority     = (known after apply)
TestExamplesBasicTest 2022-12-13T14:11:24+01:00 logger.go:66:       + cluster_id                = (known after apply)
TestExamplesBasicTest 2022-12-13T14:11:24+01:00 logger.go:66:       + created_at                = (known after apply)
TestExamplesBasicTest 2022-12-13T14:11:24+01:00 logger.go:66:       + enabled_cluster_log_types = (known after apply)
TestExamplesBasicTest 2022-12-13T14:11:24+01:00 logger.go:66:       + endpoint                  = (known after apply)
TestExamplesBasicTest 2022-12-13T14:11:24+01:00 logger.go:66:       + id                        = (known after apply)
TestExamplesBasicTest 2022-12-13T14:11:24+01:00 logger.go:66:       + identity                  = (known after apply)
TestExamplesBasicTest 2022-12-13T14:11:24+01:00 logger.go:66:       + kubernetes_network_config = (known after apply)
TestExamplesBasicTest 2022-12-13T14:11:24+01:00 logger.go:66:       + name                      = (known after apply)
TestExamplesBasicTest 2022-12-13T14:11:24+01:00 logger.go:66:       + outpost_config            = (known after apply)
TestExamplesBasicTest 2022-12-13T14:11:24+01:00 logger.go:66:       + platform_version          = (known after apply)
TestExamplesBasicTest 2022-12-13T14:11:24+01:00 logger.go:66:       + role_arn                  = (known after apply)
TestExamplesBasicTest 2022-12-13T14:11:24+01:00 logger.go:66:       + status                    = (known after apply)
TestExamplesBasicTest 2022-12-13T14:11:24+01:00 logger.go:66:       + tags                      = (known after apply)
TestExamplesBasicTest 2022-12-13T14:11:24+01:00 logger.go:66:       + version                   = (known after apply)
TestExamplesBasicTest 2022-12-13T14:11:24+01:00 logger.go:66:       + vpc_config                = (known after apply)
TestExamplesBasicTest 2022-12-13T14:11:24+01:00 logger.go:66:     }
TestExamplesBasicTest 2022-12-13T14:11:24+01:00 logger.go:66:
TestExamplesBasicTest 2022-12-13T14:11:24+01:00 logger.go:66:   # module.eks_blueprints.data.aws_iam_policy_document.eks_key will be read during apply
TestExamplesBasicTest 2022-12-13T14:11:24+01:00 logger.go:66:   # (config refers to values not yet known)
TestExamplesBasicTest 2022-12-13T14:11:24+01:00 logger.go:66:  <= data "aws_iam_policy_document" "eks_key" {
TestExamplesBasicTest 2022-12-13T14:11:24+01:00 logger.go:66:       + id   = (known after apply)
TestExamplesBasicTest 2022-12-13T14:11:24+01:00 logger.go:66:       + json = (known after apply)
TestExamplesBasicTest 2022-12-13T14:11:24+01:00 logger.go:66:
TestExamplesBasicTest 2022-12-13T14:11:24+01:00 logger.go:66:       + statement {
TestExamplesBasicTest 2022-12-13T14:11:24+01:00 logger.go:66:           + actions   = [
TestExamplesBasicTest 2022-12-13T14:11:24+01:00 logger.go:66:               + "kms:CreateGrant",
TestExamplesBasicTest 2022-12-13T14:11:24+01:00 logger.go:66:               + "kms:Decrypt",
TestExamplesBasicTest 2022-12-13T14:11:24+01:00 logger.go:66:               + "kms:DescribeKey",
TestExamplesBasicTest 2022-12-13T14:11:24+01:00 logger.go:66:               + "kms:Encrypt",
TestExamplesBasicTest 2022-12-13T14:11:24+01:00 logger.go:66:               + "kms:GenerateDataKey*",
TestExamplesBasicTest 2022-12-13T14:11:24+01:00 logger.go:66:               + "kms:ReEncrypt*",
TestExamplesBasicTest 2022-12-13T14:11:24+01:00 logger.go:66:             ]
TestExamplesBasicTest 2022-12-13T14:11:24+01:00 logger.go:66:           + effect    = "Allow"
TestExamplesBasicTest 2022-12-13T14:11:24+01:00 logger.go:66:           + resources = [
TestExamplesBasicTest 2022-12-13T14:11:24+01:00 logger.go:66:               + "*",
TestExamplesBasicTest 2022-12-13T14:11:24+01:00 logger.go:66:             ]
TestExamplesBasicTest 2022-12-13T14:11:24+01:00 logger.go:66:           + sid       = "Allow access for all principals in the account that are authorized"
TestExamplesBasicTest 2022-12-13T14:11:24+01:00 logger.go:66:
TestExamplesBasicTest 2022-12-13T14:11:24+01:00 logger.go:66:           + condition {
TestExamplesBasicTest 2022-12-13T14:11:24+01:00 logger.go:66:               + test     = "StringEquals"
TestExamplesBasicTest 2022-12-13T14:11:24+01:00 logger.go:66:               + values   = [
TestExamplesBasicTest 2022-12-13T14:11:24+01:00 logger.go:66:                   + "198655350445",
TestExamplesBasicTest 2022-12-13T14:11:24+01:00 logger.go:66:                 ]
TestExamplesBasicTest 2022-12-13T14:11:24+01:00 logger.go:66:               + variable = "kms:CallerAccount"
TestExamplesBasicTest 2022-12-13T14:11:24+01:00 logger.go:66:             }
TestExamplesBasicTest 2022-12-13T14:11:24+01:00 logger.go:66:           + condition {
TestExamplesBasicTest 2022-12-13T14:11:24+01:00 logger.go:66:               + test     = "StringEquals"
TestExamplesBasicTest 2022-12-13T14:11:24+01:00 logger.go:66:               + values   = [
TestExamplesBasicTest 2022-12-13T14:11:24+01:00 logger.go:66:                   + "eks.eu-central-1.amazonaws.com",
TestExamplesBasicTest 2022-12-13T14:11:24+01:00 logger.go:66:                 ]
TestExamplesBasicTest 2022-12-13T14:11:24+01:00 logger.go:66:               + variable = "kms:ViaService"
TestExamplesBasicTest 2022-12-13T14:11:24+01:00 logger.go:66:             }
TestExamplesBasicTest 2022-12-13T14:11:24+01:00 logger.go:66:
TestExamplesBasicTest 2022-12-13T14:11:24+01:00 logger.go:66:           + principals {
TestExamplesBasicTest 2022-12-13T14:11:24+01:00 logger.go:66:               + identifiers = [
TestExamplesBasicTest 2022-12-13T14:11:24+01:00 logger.go:66:                   + "arn:aws:iam::198655350445:root",
TestExamplesBasicTest 2022-12-13T14:11:24+01:00 logger.go:66:                 ]
TestExamplesBasicTest 2022-12-13T14:11:24+01:00 logger.go:66:               + type        = "AWS"
TestExamplesBasicTest 2022-12-13T14:11:24+01:00 logger.go:66:             }
TestExamplesBasicTest 2022-12-13T14:11:24+01:00 logger.go:66:         }
TestExamplesBasicTest 2022-12-13T14:11:24+01:00 logger.go:66:       + statement {
TestExamplesBasicTest 2022-12-13T14:11:24+01:00 logger.go:66:           + actions   = [
TestExamplesBasicTest 2022-12-13T14:11:24+01:00 logger.go:66:               + "kms:Describe*",
TestExamplesBasicTest 2022-12-13T14:11:24+01:00 logger.go:66:               + "kms:Get*",
TestExamplesBasicTest 2022-12-13T14:11:24+01:00 logger.go:66:               + "kms:List*",
TestExamplesBasicTest 2022-12-13T14:11:24+01:00 logger.go:66:               + "kms:RevokeGrant",
TestExamplesBasicTest 2022-12-13T14:11:24+01:00 logger.go:66:             ]
TestExamplesBasicTest 2022-12-13T14:11:24+01:00 logger.go:66:           + effect    = "Allow"
TestExamplesBasicTest 2022-12-13T14:11:24+01:00 logger.go:66:           + resources = [
TestExamplesBasicTest 2022-12-13T14:11:24+01:00 logger.go:66:               + "*",
TestExamplesBasicTest 2022-12-13T14:11:24+01:00 logger.go:66:             ]
TestExamplesBasicTest 2022-12-13T14:11:24+01:00 logger.go:66:           + sid       = "Allow direct access to key metadata to the account"
TestExamplesBasicTest 2022-12-13T14:11:24+01:00 logger.go:66:
TestExamplesBasicTest 2022-12-13T14:11:24+01:00 logger.go:66:           + principals {
TestExamplesBasicTest 2022-12-13T14:11:24+01:00 logger.go:66:               + identifiers = [
TestExamplesBasicTest 2022-12-13T14:11:24+01:00 logger.go:66:                   + "arn:aws:iam::198655350445:root",
TestExamplesBasicTest 2022-12-13T14:11:24+01:00 logger.go:66:                 ]
TestExamplesBasicTest 2022-12-13T14:11:24+01:00 logger.go:66:               + type        = "AWS"
TestExamplesBasicTest 2022-12-13T14:11:24+01:00 logger.go:66:             }
TestExamplesBasicTest 2022-12-13T14:11:24+01:00 logger.go:66:         }
TestExamplesBasicTest 2022-12-13T14:11:24+01:00 logger.go:66:       + statement {
TestExamplesBasicTest 2022-12-13T14:11:24+01:00 logger.go:66:           + actions   = [
TestExamplesBasicTest 2022-12-13T14:11:24+01:00 logger.go:66:               + "kms:*",
TestExamplesBasicTest 2022-12-13T14:11:24+01:00 logger.go:66:             ]
TestExamplesBasicTest 2022-12-13T14:11:24+01:00 logger.go:66:           + effect    = "Allow"
TestExamplesBasicTest 2022-12-13T14:11:24+01:00 logger.go:66:           + resources = [
TestExamplesBasicTest 2022-12-13T14:11:24+01:00 logger.go:66:               + "*",
TestExamplesBasicTest 2022-12-13T14:11:24+01:00 logger.go:66:             ]
TestExamplesBasicTest 2022-12-13T14:11:24+01:00 logger.go:66:           + sid       = "Allow access for Key Administrators"
TestExamplesBasicTest 2022-12-13T14:11:24+01:00 logger.go:66:
TestExamplesBasicTest 2022-12-13T14:11:24+01:00 logger.go:66:           + principals {
TestExamplesBasicTest 2022-12-13T14:11:24+01:00 logger.go:66:               + identifiers = [
TestExamplesBasicTest 2022-12-13T14:11:24+01:00 logger.go:66:                   + "arn:aws:iam::198655350445:user/geoffrey",
TestExamplesBasicTest 2022-12-13T14:11:24+01:00 logger.go:66:                 ]
TestExamplesBasicTest 2022-12-13T14:11:24+01:00 logger.go:66:               + type        = "AWS"
TestExamplesBasicTest 2022-12-13T14:11:24+01:00 logger.go:66:             }
TestExamplesBasicTest 2022-12-13T14:11:24+01:00 logger.go:66:         }
TestExamplesBasicTest 2022-12-13T14:11:24+01:00 logger.go:66:       + statement {
TestExamplesBasicTest 2022-12-13T14:11:24+01:00 logger.go:66:           + actions   = [
TestExamplesBasicTest 2022-12-13T14:11:24+01:00 logger.go:66:               + "kms:Decrypt",
TestExamplesBasicTest 2022-12-13T14:11:24+01:00 logger.go:66:               + "kms:DescribeKey",
TestExamplesBasicTest 2022-12-13T14:11:24+01:00 logger.go:66:               + "kms:Encrypt",
TestExamplesBasicTest 2022-12-13T14:11:24+01:00 logger.go:66:               + "kms:GenerateDataKey*",
TestExamplesBasicTest 2022-12-13T14:11:24+01:00 logger.go:66:               + "kms:ReEncrypt*",
TestExamplesBasicTest 2022-12-13T14:11:24+01:00 logger.go:66:             ]
TestExamplesBasicTest 2022-12-13T14:11:24+01:00 logger.go:66:           + effect    = "Allow"
TestExamplesBasicTest 2022-12-13T14:11:24+01:00 logger.go:66:           + resources = [
TestExamplesBasicTest 2022-12-13T14:11:24+01:00 logger.go:66:               + "*",
TestExamplesBasicTest 2022-12-13T14:11:24+01:00 logger.go:66:             ]
TestExamplesBasicTest 2022-12-13T14:11:24+01:00 logger.go:66:           + sid       = "Allow use of the key"
TestExamplesBasicTest 2022-12-13T14:11:24+01:00 logger.go:66:
TestExamplesBasicTest 2022-12-13T14:11:24+01:00 logger.go:66:           + principals {
TestExamplesBasicTest 2022-12-13T14:11:24+01:00 logger.go:66:               + identifiers = [
TestExamplesBasicTest 2022-12-13T14:11:24+01:00 logger.go:66:                   + (known after apply),
TestExamplesBasicTest 2022-12-13T14:11:24+01:00 logger.go:66:                 ]
TestExamplesBasicTest 2022-12-13T14:11:24+01:00 logger.go:66:               + type        = "AWS"
TestExamplesBasicTest 2022-12-13T14:11:24+01:00 logger.go:66:             }
TestExamplesBasicTest 2022-12-13T14:11:24+01:00 logger.go:66:         }
TestExamplesBasicTest 2022-12-13T14:11:24+01:00 logger.go:66:       + statement {
TestExamplesBasicTest 2022-12-13T14:11:24+01:00 logger.go:66:           + actions   = [
TestExamplesBasicTest 2022-12-13T14:11:24+01:00 logger.go:66:               + "kms:CreateGrant",
TestExamplesBasicTest 2022-12-13T14:11:24+01:00 logger.go:66:               + "kms:ListGrants",
TestExamplesBasicTest 2022-12-13T14:11:24+01:00 logger.go:66:               + "kms:RevokeGrant",
TestExamplesBasicTest 2022-12-13T14:11:24+01:00 logger.go:66:             ]
TestExamplesBasicTest 2022-12-13T14:11:24+01:00 logger.go:66:           + effect    = "Allow"
TestExamplesBasicTest 2022-12-13T14:11:24+01:00 logger.go:66:           + resources = [
TestExamplesBasicTest 2022-12-13T14:11:24+01:00 logger.go:66:               + "*",
TestExamplesBasicTest 2022-12-13T14:11:24+01:00 logger.go:66:             ]
TestExamplesBasicTest 2022-12-13T14:11:24+01:00 logger.go:66:           + sid       = "Allow attachment of persistent resources"
TestExamplesBasicTest 2022-12-13T14:11:24+01:00 logger.go:66:
TestExamplesBasicTest 2022-12-13T14:11:24+01:00 logger.go:66:           + condition {
TestExamplesBasicTest 2022-12-13T14:11:24+01:00 logger.go:66:               + test     = "Bool"
TestExamplesBasicTest 2022-12-13T14:11:24+01:00 logger.go:66:               + values   = [
TestExamplesBasicTest 2022-12-13T14:11:24+01:00 logger.go:66:                   + "true",
TestExamplesBasicTest 2022-12-13T14:11:24+01:00 logger.go:66:                 ]
TestExamplesBasicTest 2022-12-13T14:11:24+01:00 logger.go:66:               + variable = "kms:GrantIsForAWSResource"
TestExamplesBasicTest 2022-12-13T14:11:24+01:00 logger.go:66:             }
TestExamplesBasicTest 2022-12-13T14:11:24+01:00 logger.go:66:
TestExamplesBasicTest 2022-12-13T14:11:24+01:00 logger.go:66:           + principals {
TestExamplesBasicTest 2022-12-13T14:11:24+01:00 logger.go:66:               + identifiers = [
TestExamplesBasicTest 2022-12-13T14:11:24+01:00 logger.go:66:                   + (known after apply),
TestExamplesBasicTest 2022-12-13T14:11:24+01:00 logger.go:66:                 ]
TestExamplesBasicTest 2022-12-13T14:11:24+01:00 logger.go:66:               + type        = "AWS"
TestExamplesBasicTest 2022-12-13T14:11:24+01:00 logger.go:66:             }
TestExamplesBasicTest 2022-12-13T14:11:24+01:00 logger.go:66:         }
TestExamplesBasicTest 2022-12-13T14:11:24+01:00 logger.go:66:     }
TestExamplesBasicTest 2022-12-13T14:11:24+01:00 logger.go:66:
TestExamplesBasicTest 2022-12-13T14:11:24+01:00 logger.go:66:   # module.eks_blueprints.data.http.eks_cluster_readiness[0] will be read during apply
TestExamplesBasicTest 2022-12-13T14:11:24+01:00 logger.go:66:   # (config refers to values not yet known)
TestExamplesBasicTest 2022-12-13T14:11:24+01:00 logger.go:66:  <= data "http" "eks_cluster_readiness" {
TestExamplesBasicTest 2022-12-13T14:11:24+01:00 logger.go:66:       + body             = (known after apply)
TestExamplesBasicTest 2022-12-13T14:11:24+01:00 logger.go:66:       + ca_certificate   = (known after apply)
TestExamplesBasicTest 2022-12-13T14:11:24+01:00 logger.go:66:       + id               = (known after apply)
TestExamplesBasicTest 2022-12-13T14:11:24+01:00 logger.go:66:       + response_headers = (known after apply)
TestExamplesBasicTest 2022-12-13T14:11:24+01:00 logger.go:66:       + timeout          = 600
TestExamplesBasicTest 2022-12-13T14:11:24+01:00 logger.go:66:       + url              = (known after apply)
TestExamplesBasicTest 2022-12-13T14:11:24+01:00 logger.go:66:     }
TestExamplesBasicTest 2022-12-13T14:11:24+01:00 logger.go:66:
TestExamplesBasicTest 2022-12-13T14:11:24+01:00 logger.go:66:   # module.eks_blueprints.kubernetes_config_map.aws_auth[0] will be created
TestExamplesBasicTest 2022-12-13T14:11:24+01:00 logger.go:66:   + resource "kubernetes_config_map" "aws_auth" {
TestExamplesBasicTest 2022-12-13T14:11:24+01:00 logger.go:66:       + data = (known after apply)
TestExamplesBasicTest 2022-12-13T14:11:24+01:00 logger.go:66:       + id   = (known after apply)
TestExamplesBasicTest 2022-12-13T14:11:24+01:00 logger.go:66:
TestExamplesBasicTest 2022-12-13T14:11:24+01:00 logger.go:66:       + metadata {
TestExamplesBasicTest 2022-12-13T14:11:24+01:00 logger.go:66:           + generation       = (known after apply)
TestExamplesBasicTest 2022-12-13T14:11:24+01:00 logger.go:66:           + labels           = {
TestExamplesBasicTest 2022-12-13T14:11:24+01:00 logger.go:66:               + "app.kubernetes.io/created-by" = "terraform-aws-eks-blueprints"
TestExamplesBasicTest 2022-12-13T14:11:24+01:00 logger.go:66:               + "app.kubernetes.io/managed-by" = "terraform-aws-eks-blueprints"
TestExamplesBasicTest 2022-12-13T14:11:24+01:00 logger.go:66:             }
TestExamplesBasicTest 2022-12-13T14:11:24+01:00 logger.go:66:           + name             = "aws-auth"
TestExamplesBasicTest 2022-12-13T14:11:24+01:00 logger.go:66:           + namespace        = "kube-system"
TestExamplesBasicTest 2022-12-13T14:11:24+01:00 logger.go:66:           + resource_version = (known after apply)
TestExamplesBasicTest 2022-12-13T14:11:24+01:00 logger.go:66:           + uid              = (known after apply)
TestExamplesBasicTest 2022-12-13T14:11:24+01:00 logger.go:66:         }
TestExamplesBasicTest 2022-12-13T14:11:24+01:00 logger.go:66:     }
TestExamplesBasicTest 2022-12-13T14:11:24+01:00 logger.go:66:
TestExamplesBasicTest 2022-12-13T14:11:24+01:00 logger.go:66:   # module.eks_blueprints_kubernetes_addons.data.aws_caller_identity.current will be read during apply
TestExamplesBasicTest 2022-12-13T14:11:24+01:00 logger.go:66:   # (depends on a resource or a module with changes pending)
TestExamplesBasicTest 2022-12-13T14:11:24+01:00 logger.go:66:  <= data "aws_caller_identity" "current" {
TestExamplesBasicTest 2022-12-13T14:11:24+01:00 logger.go:66:       + account_id = (known after apply)
TestExamplesBasicTest 2022-12-13T14:11:24+01:00 logger.go:66:       + arn        = (known after apply)
TestExamplesBasicTest 2022-12-13T14:11:24+01:00 logger.go:66:       + id         = (known after apply)
TestExamplesBasicTest 2022-12-13T14:11:24+01:00 logger.go:66:       + user_id    = (known after apply)
TestExamplesBasicTest 2022-12-13T14:11:24+01:00 logger.go:66:     }
TestExamplesBasicTest 2022-12-13T14:11:24+01:00 logger.go:66:
TestExamplesBasicTest 2022-12-13T14:11:24+01:00 logger.go:66:   # module.eks_blueprints_kubernetes_addons.data.aws_eks_cluster.eks_cluster will be read during apply
TestExamplesBasicTest 2022-12-13T14:11:24+01:00 logger.go:66:   # (config refers to values not yet known)
TestExamplesBasicTest 2022-12-13T14:11:24+01:00 logger.go:66:  <= data "aws_eks_cluster" "eks_cluster" {
TestExamplesBasicTest 2022-12-13T14:11:24+01:00 logger.go:66:       + arn                       = (known after apply)
TestExamplesBasicTest 2022-12-13T14:11:24+01:00 logger.go:66:       + certificate_authority     = (known after apply)
TestExamplesBasicTest 2022-12-13T14:11:24+01:00 logger.go:66:       + cluster_id                = (known after apply)
TestExamplesBasicTest 2022-12-13T14:11:24+01:00 logger.go:66:       + created_at                = (known after apply)
TestExamplesBasicTest 2022-12-13T14:11:24+01:00 logger.go:66:       + enabled_cluster_log_types = (known after apply)
TestExamplesBasicTest 2022-12-13T14:11:24+01:00 logger.go:66:       + endpoint                  = (known after apply)
TestExamplesBasicTest 2022-12-13T14:11:24+01:00 logger.go:66:       + id                        = (known after apply)
TestExamplesBasicTest 2022-12-13T14:11:24+01:00 logger.go:66:       + identity                  = (known after apply)
TestExamplesBasicTest 2022-12-13T14:11:24+01:00 logger.go:66:       + kubernetes_network_config = (known after apply)
TestExamplesBasicTest 2022-12-13T14:11:24+01:00 logger.go:66:       + name                      = (known after apply)
TestExamplesBasicTest 2022-12-13T14:11:24+01:00 logger.go:66:       + outpost_config            = (known after apply)
TestExamplesBasicTest 2022-12-13T14:11:24+01:00 logger.go:66:       + platform_version          = (known after apply)
TestExamplesBasicTest 2022-12-13T14:11:24+01:00 logger.go:66:       + role_arn                  = (known after apply)
TestExamplesBasicTest 2022-12-13T14:11:24+01:00 logger.go:66:       + status                    = (known after apply)
TestExamplesBasicTest 2022-12-13T14:11:24+01:00 logger.go:66:       + tags                      = (known after apply)
TestExamplesBasicTest 2022-12-13T14:11:24+01:00 logger.go:66:       + version                   = (known after apply)
TestExamplesBasicTest 2022-12-13T14:11:24+01:00 logger.go:66:       + vpc_config                = (known after apply)
TestExamplesBasicTest 2022-12-13T14:11:24+01:00 logger.go:66:     }
TestExamplesBasicTest 2022-12-13T14:11:24+01:00 logger.go:66:
TestExamplesBasicTest 2022-12-13T14:11:24+01:00 logger.go:66:   # module.eks_blueprints_kubernetes_addons.data.aws_partition.current will be read during apply
TestExamplesBasicTest 2022-12-13T14:11:24+01:00 logger.go:66:   # (depends on a resource or a module with changes pending)
TestExamplesBasicTest 2022-12-13T14:11:24+01:00 logger.go:66:  <= data "aws_partition" "current" {
TestExamplesBasicTest 2022-12-13T14:11:24+01:00 logger.go:66:       + dns_suffix         = (known after apply)
TestExamplesBasicTest 2022-12-13T14:11:24+01:00 logger.go:66:       + id                 = (known after apply)
TestExamplesBasicTest 2022-12-13T14:11:24+01:00 logger.go:66:       + partition          = (known after apply)
TestExamplesBasicTest 2022-12-13T14:11:24+01:00 logger.go:66:       + reverse_dns_prefix = (known after apply)
TestExamplesBasicTest 2022-12-13T14:11:24+01:00 logger.go:66:     }
TestExamplesBasicTest 2022-12-13T14:11:24+01:00 logger.go:66:
TestExamplesBasicTest 2022-12-13T14:11:24+01:00 logger.go:66:   # module.eks_blueprints_kubernetes_addons.data.aws_region.current will be read during apply
TestExamplesBasicTest 2022-12-13T14:11:24+01:00 logger.go:66:   # (depends on a resource or a module with changes pending)
TestExamplesBasicTest 2022-12-13T14:11:24+01:00 logger.go:66:  <= data "aws_region" "current" {
TestExamplesBasicTest 2022-12-13T14:11:24+01:00 logger.go:66:       + description = (known after apply)
TestExamplesBasicTest 2022-12-13T14:11:24+01:00 logger.go:66:       + endpoint    = (known after apply)
TestExamplesBasicTest 2022-12-13T14:11:24+01:00 logger.go:66:       + id          = (known after apply)
TestExamplesBasicTest 2022-12-13T14:11:24+01:00 logger.go:66:       + name        = (known after apply)
TestExamplesBasicTest 2022-12-13T14:11:24+01:00 logger.go:66:     }
TestExamplesBasicTest 2022-12-13T14:11:24+01:00 logger.go:66:
TestExamplesBasicTest 2022-12-13T14:11:24+01:00 logger.go:66:   # module.vpc.random_string.random will be created
TestExamplesBasicTest 2022-12-13T14:11:24+01:00 logger.go:66:   + resource "random_string" "random" {
TestExamplesBasicTest 2022-12-13T14:11:24+01:00 logger.go:66:       + id          = (known after apply)
TestExamplesBasicTest 2022-12-13T14:11:24+01:00 logger.go:66:       + length      = 3
TestExamplesBasicTest 2022-12-13T14:11:24+01:00 logger.go:66:       + lower       = true
TestExamplesBasicTest 2022-12-13T14:11:24+01:00 logger.go:66:       + min_lower   = 3
TestExamplesBasicTest 2022-12-13T14:11:24+01:00 logger.go:66:       + min_numeric = 0
TestExamplesBasicTest 2022-12-13T14:11:24+01:00 logger.go:66:       + min_special = 0
TestExamplesBasicTest 2022-12-13T14:11:24+01:00 logger.go:66:       + min_upper   = 0
TestExamplesBasicTest 2022-12-13T14:11:24+01:00 logger.go:66:       + number      = true
TestExamplesBasicTest 2022-12-13T14:11:24+01:00 logger.go:66:       + numeric     = true
TestExamplesBasicTest 2022-12-13T14:11:24+01:00 logger.go:66:       + result      = (known after apply)
TestExamplesBasicTest 2022-12-13T14:11:24+01:00 logger.go:66:       + special     = false
TestExamplesBasicTest 2022-12-13T14:11:24+01:00 logger.go:66:       + upper       = true
TestExamplesBasicTest 2022-12-13T14:11:24+01:00 logger.go:66:     }
TestExamplesBasicTest 2022-12-13T14:11:24+01:00 logger.go:66:
TestExamplesBasicTest 2022-12-13T14:11:24+01:00 logger.go:66:   # module.eks_blueprints.module.aws_eks.data.tls_certificate.this[0] will be read during apply
TestExamplesBasicTest 2022-12-13T14:11:24+01:00 logger.go:66:   # (config refers to values not yet known)
TestExamplesBasicTest 2022-12-13T14:11:24+01:00 logger.go:66:  <= data "tls_certificate" "this" {
TestExamplesBasicTest 2022-12-13T14:11:24+01:00 logger.go:66:       + certificates = (known after apply)
TestExamplesBasicTest 2022-12-13T14:11:24+01:00 logger.go:66:       + id           = (known after apply)
TestExamplesBasicTest 2022-12-13T14:11:24+01:00 logger.go:66:       + url          = (known after apply)
TestExamplesBasicTest 2022-12-13T14:11:24+01:00 logger.go:66:     }
TestExamplesBasicTest 2022-12-13T14:11:24+01:00 logger.go:66:
TestExamplesBasicTest 2022-12-13T14:11:24+01:00 logger.go:66:   # module.eks_blueprints.module.aws_eks.aws_eks_cluster.this[0] will be created
TestExamplesBasicTest 2022-12-13T14:11:24+01:00 logger.go:66:   + resource "aws_eks_cluster" "this" {
TestExamplesBasicTest 2022-12-13T14:11:24+01:00 logger.go:66:       + arn                       = (known after apply)
TestExamplesBasicTest 2022-12-13T14:11:24+01:00 logger.go:66:       + certificate_authority     = (known after apply)
TestExamplesBasicTest 2022-12-13T14:11:24+01:00 logger.go:66:       + cluster_id                = (known after apply)
TestExamplesBasicTest 2022-12-13T14:11:24+01:00 logger.go:66:       + created_at                = (known after apply)
TestExamplesBasicTest 2022-12-13T14:11:24+01:00 logger.go:66:       + enabled_cluster_log_types = [
TestExamplesBasicTest 2022-12-13T14:11:24+01:00 logger.go:66:           + "api",
TestExamplesBasicTest 2022-12-13T14:11:24+01:00 logger.go:66:           + "audit",
TestExamplesBasicTest 2022-12-13T14:11:24+01:00 logger.go:66:           + "authenticator",
TestExamplesBasicTest 2022-12-13T14:11:24+01:00 logger.go:66:           + "controllerManager",
TestExamplesBasicTest 2022-12-13T14:11:24+01:00 logger.go:66:           + "scheduler",
TestExamplesBasicTest 2022-12-13T14:11:24+01:00 logger.go:66:         ]
TestExamplesBasicTest 2022-12-13T14:11:24+01:00 logger.go:66:       + endpoint                  = (known after apply)
TestExamplesBasicTest 2022-12-13T14:11:24+01:00 logger.go:66:       + id                        = (known after apply)
TestExamplesBasicTest 2022-12-13T14:11:24+01:00 logger.go:66:       + identity                  = (known after apply)
TestExamplesBasicTest 2022-12-13T14:11:24+01:00 logger.go:66:       + name                      = (known after apply)
TestExamplesBasicTest 2022-12-13T14:11:24+01:00 logger.go:66:       + platform_version          = (known after apply)
TestExamplesBasicTest 2022-12-13T14:11:24+01:00 logger.go:66:       + role_arn                  = (known after apply)
TestExamplesBasicTest 2022-12-13T14:11:24+01:00 logger.go:66:       + status                    = (known after apply)
TestExamplesBasicTest 2022-12-13T14:11:24+01:00 logger.go:66:       + tags_all                  = (known after apply)
TestExamplesBasicTest 2022-12-13T14:11:24+01:00 logger.go:66:       + version                   = "1.23"
TestExamplesBasicTest 2022-12-13T14:11:24+01:00 logger.go:66:
TestExamplesBasicTest 2022-12-13T14:11:24+01:00 logger.go:66:       + encryption_config {
TestExamplesBasicTest 2022-12-13T14:11:24+01:00 logger.go:66:           + resources = [
TestExamplesBasicTest 2022-12-13T14:11:24+01:00 logger.go:66:               + "secrets",
TestExamplesBasicTest 2022-12-13T14:11:24+01:00 logger.go:66:             ]
TestExamplesBasicTest 2022-12-13T14:11:24+01:00 logger.go:66:
TestExamplesBasicTest 2022-12-13T14:11:24+01:00 logger.go:66:           + provider {
TestExamplesBasicTest 2022-12-13T14:11:24+01:00 logger.go:66:               + key_arn = (known after apply)
TestExamplesBasicTest 2022-12-13T14:11:24+01:00 logger.go:66:             }
TestExamplesBasicTest 2022-12-13T14:11:24+01:00 logger.go:66:         }
TestExamplesBasicTest 2022-12-13T14:11:24+01:00 logger.go:66:
TestExamplesBasicTest 2022-12-13T14:11:24+01:00 logger.go:66:       + kubernetes_network_config {
TestExamplesBasicTest 2022-12-13T14:11:24+01:00 logger.go:66:           + ip_family         = "ipv4"
TestExamplesBasicTest 2022-12-13T14:11:24+01:00 logger.go:66:           + service_ipv4_cidr = (known after apply)
TestExamplesBasicTest 2022-12-13T14:11:24+01:00 logger.go:66:           + service_ipv6_cidr = (known after apply)
TestExamplesBasicTest 2022-12-13T14:11:24+01:00 logger.go:66:         }
TestExamplesBasicTest 2022-12-13T14:11:24+01:00 logger.go:66:
TestExamplesBasicTest 2022-12-13T14:11:24+01:00 logger.go:66:       + timeouts {}
TestExamplesBasicTest 2022-12-13T14:11:24+01:00 logger.go:66:
TestExamplesBasicTest 2022-12-13T14:11:24+01:00 logger.go:66:       + vpc_config {
TestExamplesBasicTest 2022-12-13T14:11:24+01:00 logger.go:66:           + cluster_security_group_id = (known after apply)
TestExamplesBasicTest 2022-12-13T14:11:24+01:00 logger.go:66:           + endpoint_private_access   = true
TestExamplesBasicTest 2022-12-13T14:11:24+01:00 logger.go:66:           + endpoint_public_access    = true
TestExamplesBasicTest 2022-12-13T14:11:24+01:00 logger.go:66:           + public_access_cidrs       = [
TestExamplesBasicTest 2022-12-13T14:11:24+01:00 logger.go:66:               + "0.0.0.0/0",
TestExamplesBasicTest 2022-12-13T14:11:24+01:00 logger.go:66:             ]
TestExamplesBasicTest 2022-12-13T14:11:24+01:00 logger.go:66:           + security_group_ids        = (known after apply)
TestExamplesBasicTest 2022-12-13T14:11:24+01:00 logger.go:66:           + subnet_ids                = (known after apply)
TestExamplesBasicTest 2022-12-13T14:11:24+01:00 logger.go:66:           + vpc_id                    = (known after apply)
TestExamplesBasicTest 2022-12-13T14:11:24+01:00 logger.go:66:         }
TestExamplesBasicTest 2022-12-13T14:11:24+01:00 logger.go:66:     }
TestExamplesBasicTest 2022-12-13T14:11:24+01:00 logger.go:66:
TestExamplesBasicTest 2022-12-13T14:11:24+01:00 logger.go:66:   # module.eks_blueprints.module.aws_eks.aws_iam_openid_connect_provider.oidc_provider[0] will be created
TestExamplesBasicTest 2022-12-13T14:11:24+01:00 logger.go:66:   + resource "aws_iam_openid_connect_provider" "oidc_provider" {
TestExamplesBasicTest 2022-12-13T14:11:24+01:00 logger.go:66:       + arn             = (known after apply)
TestExamplesBasicTest 2022-12-13T14:11:24+01:00 logger.go:66:       + client_id_list  = [
TestExamplesBasicTest 2022-12-13T14:11:24+01:00 logger.go:66:           + "sts.amazonaws.com",
TestExamplesBasicTest 2022-12-13T14:11:24+01:00 logger.go:66:         ]
TestExamplesBasicTest 2022-12-13T14:11:24+01:00 logger.go:66:       + id              = (known after apply)
TestExamplesBasicTest 2022-12-13T14:11:24+01:00 logger.go:66:       + tags            = (known after apply)
TestExamplesBasicTest 2022-12-13T14:11:24+01:00 logger.go:66:       + tags_all        = (known after apply)
TestExamplesBasicTest 2022-12-13T14:11:24+01:00 logger.go:66:       + thumbprint_list = (known after apply)
TestExamplesBasicTest 2022-12-13T14:11:24+01:00 logger.go:66:       + url             = (known after apply)
TestExamplesBasicTest 2022-12-13T14:11:24+01:00 logger.go:66:     }
TestExamplesBasicTest 2022-12-13T14:11:24+01:00 logger.go:66:
TestExamplesBasicTest 2022-12-13T14:11:24+01:00 logger.go:66:   # module.eks_blueprints.module.aws_eks.aws_iam_role.this[0] will be created
TestExamplesBasicTest 2022-12-13T14:11:24+01:00 logger.go:66:   + resource "aws_iam_role" "this" {
TestExamplesBasicTest 2022-12-13T14:11:24+01:00 logger.go:66:       + arn                   = (known after apply)
TestExamplesBasicTest 2022-12-13T14:11:24+01:00 logger.go:66:       + assume_role_policy    = jsonencode(
TestExamplesBasicTest 2022-12-13T14:11:24+01:00 logger.go:66:             {
TestExamplesBasicTest 2022-12-13T14:11:24+01:00 logger.go:66:               + Statement = [
TestExamplesBasicTest 2022-12-13T14:11:24+01:00 logger.go:66:                   + {
TestExamplesBasicTest 2022-12-13T14:11:24+01:00 logger.go:66:                       + Action    = "sts:AssumeRole"
TestExamplesBasicTest 2022-12-13T14:11:24+01:00 logger.go:66:                       + Effect    = "Allow"
TestExamplesBasicTest 2022-12-13T14:11:24+01:00 logger.go:66:                       + Principal = {
TestExamplesBasicTest 2022-12-13T14:11:24+01:00 logger.go:66:                           + Service = "eks.amazonaws.com"
TestExamplesBasicTest 2022-12-13T14:11:24+01:00 logger.go:66:                         }
TestExamplesBasicTest 2022-12-13T14:11:24+01:00 logger.go:66:                       + Sid       = "EKSClusterAssumeRole"
TestExamplesBasicTest 2022-12-13T14:11:24+01:00 logger.go:66:                     },
TestExamplesBasicTest 2022-12-13T14:11:24+01:00 logger.go:66:                 ]
TestExamplesBasicTest 2022-12-13T14:11:24+01:00 logger.go:66:               + Version   = "2012-10-17"
TestExamplesBasicTest 2022-12-13T14:11:24+01:00 logger.go:66:             }
TestExamplesBasicTest 2022-12-13T14:11:24+01:00 logger.go:66:         )
TestExamplesBasicTest 2022-12-13T14:11:24+01:00 logger.go:66:       + create_date           = (known after apply)
TestExamplesBasicTest 2022-12-13T14:11:24+01:00 logger.go:66:       + force_detach_policies = true
TestExamplesBasicTest 2022-12-13T14:11:24+01:00 logger.go:66:       + id                    = (known after apply)
TestExamplesBasicTest 2022-12-13T14:11:24+01:00 logger.go:66:       + managed_policy_arns   = (known after apply)
TestExamplesBasicTest 2022-12-13T14:11:24+01:00 logger.go:66:       + max_session_duration  = 3600
TestExamplesBasicTest 2022-12-13T14:11:24+01:00 logger.go:66:       + name                  = (known after apply)
TestExamplesBasicTest 2022-12-13T14:11:24+01:00 logger.go:66:       + name_prefix           = (known after apply)
TestExamplesBasicTest 2022-12-13T14:11:24+01:00 logger.go:66:       + path                  = "/"
TestExamplesBasicTest 2022-12-13T14:11:24+01:00 logger.go:66:       + tags_all              = (known after apply)
TestExamplesBasicTest 2022-12-13T14:11:24+01:00 logger.go:66:       + unique_id             = (known after apply)
TestExamplesBasicTest 2022-12-13T14:11:24+01:00 logger.go:66:
TestExamplesBasicTest 2022-12-13T14:11:24+01:00 logger.go:66:       + inline_policy {
TestExamplesBasicTest 2022-12-13T14:11:24+01:00 logger.go:66:           + name   = (known after apply)
TestExamplesBasicTest 2022-12-13T14:11:24+01:00 logger.go:66:           + policy = (known after apply)
TestExamplesBasicTest 2022-12-13T14:11:24+01:00 logger.go:66:         }
TestExamplesBasicTest 2022-12-13T14:11:24+01:00 logger.go:66:     }
TestExamplesBasicTest 2022-12-13T14:11:24+01:00 logger.go:66:
TestExamplesBasicTest 2022-12-13T14:11:24+01:00 logger.go:66:   # module.eks_blueprints.module.aws_eks.aws_iam_role_policy_attachment.this["arn:aws:iam::aws:policy/AmazonEKSClusterPolicy"] will be created
TestExamplesBasicTest 2022-12-13T14:11:24+01:00 logger.go:66:   + resource "aws_iam_role_policy_attachment" "this" {
TestExamplesBasicTest 2022-12-13T14:11:24+01:00 logger.go:66:       + id         = (known after apply)
TestExamplesBasicTest 2022-12-13T14:11:24+01:00 logger.go:66:       + policy_arn = "arn:aws:iam::aws:policy/AmazonEKSClusterPolicy"
TestExamplesBasicTest 2022-12-13T14:11:24+01:00 logger.go:66:       + role       = (known after apply)
TestExamplesBasicTest 2022-12-13T14:11:24+01:00 logger.go:66:     }
TestExamplesBasicTest 2022-12-13T14:11:24+01:00 logger.go:66:
TestExamplesBasicTest 2022-12-13T14:11:24+01:00 logger.go:66:   # module.eks_blueprints.module.aws_eks.aws_iam_role_policy_attachment.this["arn:aws:iam::aws:policy/AmazonEKSVPCResourceController"] will be created
TestExamplesBasicTest 2022-12-13T14:11:24+01:00 logger.go:66:   + resource "aws_iam_role_policy_attachment" "this" {
TestExamplesBasicTest 2022-12-13T14:11:24+01:00 logger.go:66:       + id         = (known after apply)
TestExamplesBasicTest 2022-12-13T14:11:24+01:00 logger.go:66:       + policy_arn = "arn:aws:iam::aws:policy/AmazonEKSVPCResourceController"
TestExamplesBasicTest 2022-12-13T14:11:24+01:00 logger.go:66:       + role       = (known after apply)
TestExamplesBasicTest 2022-12-13T14:11:24+01:00 logger.go:66:     }
TestExamplesBasicTest 2022-12-13T14:11:24+01:00 logger.go:66:
TestExamplesBasicTest 2022-12-13T14:11:24+01:00 logger.go:66:   # module.eks_blueprints.module.aws_eks.aws_security_group.cluster[0] will be created
TestExamplesBasicTest 2022-12-13T14:11:24+01:00 logger.go:66:   + resource "aws_security_group" "cluster" {
TestExamplesBasicTest 2022-12-13T14:11:24+01:00 logger.go:66:       + arn                    = (known after apply)
TestExamplesBasicTest 2022-12-13T14:11:24+01:00 logger.go:66:       + description            = "EKS cluster security group"
TestExamplesBasicTest 2022-12-13T14:11:24+01:00 logger.go:66:       + egress                 = (known after apply)
TestExamplesBasicTest 2022-12-13T14:11:24+01:00 logger.go:66:       + id                     = (known after apply)
TestExamplesBasicTest 2022-12-13T14:11:24+01:00 logger.go:66:       + ingress                = (known after apply)
TestExamplesBasicTest 2022-12-13T14:11:24+01:00 logger.go:66:       + name                   = (known after apply)
TestExamplesBasicTest 2022-12-13T14:11:24+01:00 logger.go:66:       + name_prefix            = (known after apply)
TestExamplesBasicTest 2022-12-13T14:11:24+01:00 logger.go:66:       + owner_id               = (known after apply)
TestExamplesBasicTest 2022-12-13T14:11:24+01:00 logger.go:66:       + revoke_rules_on_delete = false
TestExamplesBasicTest 2022-12-13T14:11:24+01:00 logger.go:66:       + tags                   = (known after apply)
TestExamplesBasicTest 2022-12-13T14:11:24+01:00 logger.go:66:       + tags_all               = (known after apply)
TestExamplesBasicTest 2022-12-13T14:11:24+01:00 logger.go:66:       + vpc_id                 = (known after apply)
TestExamplesBasicTest 2022-12-13T14:11:24+01:00 logger.go:66:     }
TestExamplesBasicTest 2022-12-13T14:11:24+01:00 logger.go:66:
TestExamplesBasicTest 2022-12-13T14:11:24+01:00 logger.go:66:   # module.eks_blueprints.module.aws_eks.aws_security_group.node[0] will be created
TestExamplesBasicTest 2022-12-13T14:11:24+01:00 logger.go:66:   + resource "aws_security_group" "node" {
TestExamplesBasicTest 2022-12-13T14:11:24+01:00 logger.go:66:       + arn                    = (known after apply)
TestExamplesBasicTest 2022-12-13T14:11:24+01:00 logger.go:66:       + description            = "EKS node shared security group"
TestExamplesBasicTest 2022-12-13T14:11:24+01:00 logger.go:66:       + egress                 = (known after apply)
TestExamplesBasicTest 2022-12-13T14:11:24+01:00 logger.go:66:       + id                     = (known after apply)
TestExamplesBasicTest 2022-12-13T14:11:24+01:00 logger.go:66:       + ingress                = (known after apply)
TestExamplesBasicTest 2022-12-13T14:11:24+01:00 logger.go:66:       + name                   = (known after apply)
TestExamplesBasicTest 2022-12-13T14:11:24+01:00 logger.go:66:       + name_prefix            = (known after apply)
TestExamplesBasicTest 2022-12-13T14:11:24+01:00 logger.go:66:       + owner_id               = (known after apply)
TestExamplesBasicTest 2022-12-13T14:11:24+01:00 logger.go:66:       + revoke_rules_on_delete = false
TestExamplesBasicTest 2022-12-13T14:11:24+01:00 logger.go:66:       + tags                   = (known after apply)
TestExamplesBasicTest 2022-12-13T14:11:24+01:00 logger.go:66:       + tags_all               = (known after apply)
TestExamplesBasicTest 2022-12-13T14:11:24+01:00 logger.go:66:       + vpc_id                 = (known after apply)
TestExamplesBasicTest 2022-12-13T14:11:24+01:00 logger.go:66:     }
TestExamplesBasicTest 2022-12-13T14:11:24+01:00 logger.go:66:
TestExamplesBasicTest 2022-12-13T14:11:24+01:00 logger.go:66:   # module.eks_blueprints.module.aws_eks.aws_security_group_rule.cluster["egress_nodes_443"] will be created
TestExamplesBasicTest 2022-12-13T14:11:24+01:00 logger.go:66:   + resource "aws_security_group_rule" "cluster" {
TestExamplesBasicTest 2022-12-13T14:11:24+01:00 logger.go:66:       + description              = "Cluster API to node groups"
TestExamplesBasicTest 2022-12-13T14:11:24+01:00 logger.go:66:       + from_port                = 443
TestExamplesBasicTest 2022-12-13T14:11:24+01:00 logger.go:66:       + id                       = (known after apply)
TestExamplesBasicTest 2022-12-13T14:11:24+01:00 logger.go:66:       + prefix_list_ids          = []
TestExamplesBasicTest 2022-12-13T14:11:24+01:00 logger.go:66:       + protocol                 = "tcp"
TestExamplesBasicTest 2022-12-13T14:11:24+01:00 logger.go:66:       + security_group_id        = (known after apply)
TestExamplesBasicTest 2022-12-13T14:11:24+01:00 logger.go:66:       + security_group_rule_id   = (known after apply)
TestExamplesBasicTest 2022-12-13T14:11:24+01:00 logger.go:66:       + self                     = false
TestExamplesBasicTest 2022-12-13T14:11:24+01:00 logger.go:66:       + source_security_group_id = (known after apply)
TestExamplesBasicTest 2022-12-13T14:11:24+01:00 logger.go:66:       + to_port                  = 443
TestExamplesBasicTest 2022-12-13T14:11:24+01:00 logger.go:66:       + type                     = "egress"
TestExamplesBasicTest 2022-12-13T14:11:24+01:00 logger.go:66:     }
TestExamplesBasicTest 2022-12-13T14:11:24+01:00 logger.go:66:
TestExamplesBasicTest 2022-12-13T14:11:24+01:00 logger.go:66:   # module.eks_blueprints.module.aws_eks.aws_security_group_rule.cluster["egress_nodes_kubelet"] will be created
TestExamplesBasicTest 2022-12-13T14:11:24+01:00 logger.go:66:   + resource "aws_security_group_rule" "cluster" {
TestExamplesBasicTest 2022-12-13T14:11:24+01:00 logger.go:66:       + description              = "Cluster API to node kubelets"
TestExamplesBasicTest 2022-12-13T14:11:24+01:00 logger.go:66:       + from_port                = 10250
TestExamplesBasicTest 2022-12-13T14:11:24+01:00 logger.go:66:       + id                       = (known after apply)
TestExamplesBasicTest 2022-12-13T14:11:24+01:00 logger.go:66:       + prefix_list_ids          = []
TestExamplesBasicTest 2022-12-13T14:11:24+01:00 logger.go:66:       + protocol                 = "tcp"
TestExamplesBasicTest 2022-12-13T14:11:24+01:00 logger.go:66:       + security_group_id        = (known after apply)
TestExamplesBasicTest 2022-12-13T14:11:24+01:00 logger.go:66:       + security_group_rule_id   = (known after apply)
TestExamplesBasicTest 2022-12-13T14:11:24+01:00 logger.go:66:       + self                     = false
TestExamplesBasicTest 2022-12-13T14:11:24+01:00 logger.go:66:       + source_security_group_id = (known after apply)
TestExamplesBasicTest 2022-12-13T14:11:24+01:00 logger.go:66:       + to_port                  = 10250
TestExamplesBasicTest 2022-12-13T14:11:24+01:00 logger.go:66:       + type                     = "egress"
TestExamplesBasicTest 2022-12-13T14:11:24+01:00 logger.go:66:     }
TestExamplesBasicTest 2022-12-13T14:11:24+01:00 logger.go:66:
TestExamplesBasicTest 2022-12-13T14:11:24+01:00 logger.go:66:   # module.eks_blueprints.module.aws_eks.aws_security_group_rule.cluster["ingress_nodes_443"] will be created
TestExamplesBasicTest 2022-12-13T14:11:24+01:00 logger.go:66:   + resource "aws_security_group_rule" "cluster" {
TestExamplesBasicTest 2022-12-13T14:11:24+01:00 logger.go:66:       + description              = "Node groups to cluster API"
TestExamplesBasicTest 2022-12-13T14:11:24+01:00 logger.go:66:       + from_port                = 443
TestExamplesBasicTest 2022-12-13T14:11:24+01:00 logger.go:66:       + id                       = (known after apply)
TestExamplesBasicTest 2022-12-13T14:11:24+01:00 logger.go:66:       + prefix_list_ids          = []
TestExamplesBasicTest 2022-12-13T14:11:24+01:00 logger.go:66:       + protocol                 = "tcp"
TestExamplesBasicTest 2022-12-13T14:11:24+01:00 logger.go:66:       + security_group_id        = (known after apply)
TestExamplesBasicTest 2022-12-13T14:11:24+01:00 logger.go:66:       + security_group_rule_id   = (known after apply)
TestExamplesBasicTest 2022-12-13T14:11:24+01:00 logger.go:66:       + self                     = false
TestExamplesBasicTest 2022-12-13T14:11:24+01:00 logger.go:66:       + source_security_group_id = (known after apply)
TestExamplesBasicTest 2022-12-13T14:11:24+01:00 logger.go:66:       + to_port                  = 443
TestExamplesBasicTest 2022-12-13T14:11:24+01:00 logger.go:66:       + type                     = "ingress"
TestExamplesBasicTest 2022-12-13T14:11:24+01:00 logger.go:66:     }
TestExamplesBasicTest 2022-12-13T14:11:24+01:00 logger.go:66:
TestExamplesBasicTest 2022-12-13T14:11:24+01:00 logger.go:66:   # module.eks_blueprints.module.aws_eks.aws_security_group_rule.node["cluster_to_load_balancer_controller_webhook"] will be created
TestExamplesBasicTest 2022-12-13T14:11:24+01:00 logger.go:66:   + resource "aws_security_group_rule" "node" {
TestExamplesBasicTest 2022-12-13T14:11:24+01:00 logger.go:66:       + description              = "Cluster to load balancer controller webhook"
TestExamplesBasicTest 2022-12-13T14:11:24+01:00 logger.go:66:       + from_port                = 9443
TestExamplesBasicTest 2022-12-13T14:11:24+01:00 logger.go:66:       + id                       = (known after apply)
TestExamplesBasicTest 2022-12-13T14:11:24+01:00 logger.go:66:       + prefix_list_ids          = []
TestExamplesBasicTest 2022-12-13T14:11:24+01:00 logger.go:66:       + protocol                 = "tcp"
TestExamplesBasicTest 2022-12-13T14:11:24+01:00 logger.go:66:       + security_group_id        = (known after apply)
TestExamplesBasicTest 2022-12-13T14:11:24+01:00 logger.go:66:       + security_group_rule_id   = (known after apply)
TestExamplesBasicTest 2022-12-13T14:11:24+01:00 logger.go:66:       + self                     = true
TestExamplesBasicTest 2022-12-13T14:11:24+01:00 logger.go:66:       + source_security_group_id = (known after apply)
TestExamplesBasicTest 2022-12-13T14:11:24+01:00 logger.go:66:       + to_port                  = 9443
TestExamplesBasicTest 2022-12-13T14:11:24+01:00 logger.go:66:       + type                     = "ingress"
TestExamplesBasicTest 2022-12-13T14:11:24+01:00 logger.go:66:     }
TestExamplesBasicTest 2022-12-13T14:11:24+01:00 logger.go:66:
TestExamplesBasicTest 2022-12-13T14:11:24+01:00 logger.go:66:   # module.eks_blueprints.module.aws_eks.aws_security_group_rule.node["cluster_to_nginx_webhook"] will be created
TestExamplesBasicTest 2022-12-13T14:11:24+01:00 logger.go:66:   + resource "aws_security_group_rule" "node" {
TestExamplesBasicTest 2022-12-13T14:11:24+01:00 logger.go:66:       + description              = "Cluster to ingress-nginx webhook"
TestExamplesBasicTest 2022-12-13T14:11:24+01:00 logger.go:66:       + from_port                = 8443
TestExamplesBasicTest 2022-12-13T14:11:24+01:00 logger.go:66:       + id                       = (known after apply)
TestExamplesBasicTest 2022-12-13T14:11:24+01:00 logger.go:66:       + prefix_list_ids          = []
TestExamplesBasicTest 2022-12-13T14:11:24+01:00 logger.go:66:       + protocol                 = "tcp"
TestExamplesBasicTest 2022-12-13T14:11:24+01:00 logger.go:66:       + security_group_id        = (known after apply)
TestExamplesBasicTest 2022-12-13T14:11:24+01:00 logger.go:66:       + security_group_rule_id   = (known after apply)
TestExamplesBasicTest 2022-12-13T14:11:24+01:00 logger.go:66:       + self                     = true
TestExamplesBasicTest 2022-12-13T14:11:24+01:00 logger.go:66:       + source_security_group_id = (known after apply)
TestExamplesBasicTest 2022-12-13T14:11:24+01:00 logger.go:66:       + to_port                  = 8443
TestExamplesBasicTest 2022-12-13T14:11:24+01:00 logger.go:66:       + type                     = "ingress"
TestExamplesBasicTest 2022-12-13T14:11:24+01:00 logger.go:66:     }
TestExamplesBasicTest 2022-12-13T14:11:24+01:00 logger.go:66:
TestExamplesBasicTest 2022-12-13T14:11:24+01:00 logger.go:66:   # module.eks_blueprints.module.aws_eks.aws_security_group_rule.node["egress_cluster_443"] will be created
TestExamplesBasicTest 2022-12-13T14:11:24+01:00 logger.go:66:   + resource "aws_security_group_rule" "node" {
TestExamplesBasicTest 2022-12-13T14:11:24+01:00 logger.go:66:       + description              = "Node groups to cluster API"
TestExamplesBasicTest 2022-12-13T14:11:24+01:00 logger.go:66:       + from_port                = 443
TestExamplesBasicTest 2022-12-13T14:11:24+01:00 logger.go:66:       + id                       = (known after apply)
TestExamplesBasicTest 2022-12-13T14:11:24+01:00 logger.go:66:       + prefix_list_ids          = []
TestExamplesBasicTest 2022-12-13T14:11:24+01:00 logger.go:66:       + protocol                 = "tcp"
TestExamplesBasicTest 2022-12-13T14:11:24+01:00 logger.go:66:       + security_group_id        = (known after apply)
TestExamplesBasicTest 2022-12-13T14:11:24+01:00 logger.go:66:       + security_group_rule_id   = (known after apply)
TestExamplesBasicTest 2022-12-13T14:11:24+01:00 logger.go:66:       + self                     = false
TestExamplesBasicTest 2022-12-13T14:11:24+01:00 logger.go:66:       + source_security_group_id = (known after apply)
TestExamplesBasicTest 2022-12-13T14:11:24+01:00 logger.go:66:       + to_port                  = 443
TestExamplesBasicTest 2022-12-13T14:11:24+01:00 logger.go:66:       + type                     = "egress"
TestExamplesBasicTest 2022-12-13T14:11:24+01:00 logger.go:66:     }
TestExamplesBasicTest 2022-12-13T14:11:24+01:00 logger.go:66:
TestExamplesBasicTest 2022-12-13T14:11:24+01:00 logger.go:66:   # module.eks_blueprints.module.aws_eks.aws_security_group_rule.node["egress_https"] will be created
TestExamplesBasicTest 2022-12-13T14:11:24+01:00 logger.go:66:   + resource "aws_security_group_rule" "node" {
TestExamplesBasicTest 2022-12-13T14:11:24+01:00 logger.go:66:       + cidr_blocks              = [
TestExamplesBasicTest 2022-12-13T14:11:24+01:00 logger.go:66:           + "0.0.0.0/0",
TestExamplesBasicTest 2022-12-13T14:11:24+01:00 logger.go:66:         ]
TestExamplesBasicTest 2022-12-13T14:11:24+01:00 logger.go:66:       + description              = "Egress all HTTPS to internet"
TestExamplesBasicTest 2022-12-13T14:11:24+01:00 logger.go:66:       + from_port                = 443
TestExamplesBasicTest 2022-12-13T14:11:24+01:00 logger.go:66:       + id                       = (known after apply)
TestExamplesBasicTest 2022-12-13T14:11:24+01:00 logger.go:66:       + prefix_list_ids          = []
TestExamplesBasicTest 2022-12-13T14:11:24+01:00 logger.go:66:       + protocol                 = "tcp"
TestExamplesBasicTest 2022-12-13T14:11:24+01:00 logger.go:66:       + security_group_id        = (known after apply)
TestExamplesBasicTest 2022-12-13T14:11:24+01:00 logger.go:66:       + security_group_rule_id   = (known after apply)
TestExamplesBasicTest 2022-12-13T14:11:24+01:00 logger.go:66:       + self                     = false
TestExamplesBasicTest 2022-12-13T14:11:24+01:00 logger.go:66:       + source_security_group_id = (known after apply)
TestExamplesBasicTest 2022-12-13T14:11:24+01:00 logger.go:66:       + to_port                  = 443
TestExamplesBasicTest 2022-12-13T14:11:24+01:00 logger.go:66:       + type                     = "egress"
TestExamplesBasicTest 2022-12-13T14:11:24+01:00 logger.go:66:     }
TestExamplesBasicTest 2022-12-13T14:11:24+01:00 logger.go:66:
TestExamplesBasicTest 2022-12-13T14:11:24+01:00 logger.go:66:   # module.eks_blueprints.module.aws_eks.aws_security_group_rule.node["egress_ntp_tcp"] will be created
TestExamplesBasicTest 2022-12-13T14:11:24+01:00 logger.go:66:   + resource "aws_security_group_rule" "node" {
TestExamplesBasicTest 2022-12-13T14:11:24+01:00 logger.go:66:       + cidr_blocks              = [
TestExamplesBasicTest 2022-12-13T14:11:24+01:00 logger.go:66:           + "0.0.0.0/0",
TestExamplesBasicTest 2022-12-13T14:11:24+01:00 logger.go:66:         ]
TestExamplesBasicTest 2022-12-13T14:11:24+01:00 logger.go:66:       + description              = "Egress NTP/TCP to internet"
TestExamplesBasicTest 2022-12-13T14:11:24+01:00 logger.go:66:       + from_port                = 123
TestExamplesBasicTest 2022-12-13T14:11:24+01:00 logger.go:66:       + id                       = (known after apply)
TestExamplesBasicTest 2022-12-13T14:11:24+01:00 logger.go:66:       + prefix_list_ids          = []
TestExamplesBasicTest 2022-12-13T14:11:24+01:00 logger.go:66:       + protocol                 = "tcp"
TestExamplesBasicTest 2022-12-13T14:11:24+01:00 logger.go:66:       + security_group_id        = (known after apply)
TestExamplesBasicTest 2022-12-13T14:11:24+01:00 logger.go:66:       + security_group_rule_id   = (known after apply)
TestExamplesBasicTest 2022-12-13T14:11:24+01:00 logger.go:66:       + self                     = false
TestExamplesBasicTest 2022-12-13T14:11:24+01:00 logger.go:66:       + source_security_group_id = (known after apply)
TestExamplesBasicTest 2022-12-13T14:11:24+01:00 logger.go:66:       + to_port                  = 123
TestExamplesBasicTest 2022-12-13T14:11:24+01:00 logger.go:66:       + type                     = "egress"
TestExamplesBasicTest 2022-12-13T14:11:24+01:00 logger.go:66:     }
TestExamplesBasicTest 2022-12-13T14:11:24+01:00 logger.go:66:
TestExamplesBasicTest 2022-12-13T14:11:24+01:00 logger.go:66:   # module.eks_blueprints.module.aws_eks.aws_security_group_rule.node["egress_ntp_udp"] will be created
TestExamplesBasicTest 2022-12-13T14:11:24+01:00 logger.go:66:   + resource "aws_security_group_rule" "node" {
TestExamplesBasicTest 2022-12-13T14:11:24+01:00 logger.go:66:       + cidr_blocks              = [
TestExamplesBasicTest 2022-12-13T14:11:24+01:00 logger.go:66:           + "0.0.0.0/0",
TestExamplesBasicTest 2022-12-13T14:11:24+01:00 logger.go:66:         ]
TestExamplesBasicTest 2022-12-13T14:11:24+01:00 logger.go:66:       + description              = "Egress NTP/UDP to internet"
TestExamplesBasicTest 2022-12-13T14:11:24+01:00 logger.go:66:       + from_port                = 123
TestExamplesBasicTest 2022-12-13T14:11:24+01:00 logger.go:66:       + id                       = (known after apply)
TestExamplesBasicTest 2022-12-13T14:11:24+01:00 logger.go:66:       + prefix_list_ids          = []
TestExamplesBasicTest 2022-12-13T14:11:24+01:00 logger.go:66:       + protocol                 = "udp"
TestExamplesBasicTest 2022-12-13T14:11:24+01:00 logger.go:66:       + security_group_id        = (known after apply)
TestExamplesBasicTest 2022-12-13T14:11:24+01:00 logger.go:66:       + security_group_rule_id   = (known after apply)
TestExamplesBasicTest 2022-12-13T14:11:24+01:00 logger.go:66:       + self                     = false
TestExamplesBasicTest 2022-12-13T14:11:24+01:00 logger.go:66:       + source_security_group_id = (known after apply)
TestExamplesBasicTest 2022-12-13T14:11:24+01:00 logger.go:66:       + to_port                  = 123
TestExamplesBasicTest 2022-12-13T14:11:24+01:00 logger.go:66:       + type                     = "egress"
TestExamplesBasicTest 2022-12-13T14:11:24+01:00 logger.go:66:     }
TestExamplesBasicTest 2022-12-13T14:11:24+01:00 logger.go:66:
TestExamplesBasicTest 2022-12-13T14:11:24+01:00 logger.go:66:   # module.eks_blueprints.module.aws_eks.aws_security_group_rule.node["egress_self_coredns_tcp"] will be created
TestExamplesBasicTest 2022-12-13T14:11:24+01:00 logger.go:66:   + resource "aws_security_group_rule" "node" {
TestExamplesBasicTest 2022-12-13T14:11:24+01:00 logger.go:66:       + description              = "Node to node CoreDNS"
TestExamplesBasicTest 2022-12-13T14:11:24+01:00 logger.go:66:       + from_port                = 53
TestExamplesBasicTest 2022-12-13T14:11:24+01:00 logger.go:66:       + id                       = (known after apply)
TestExamplesBasicTest 2022-12-13T14:11:24+01:00 logger.go:66:       + prefix_list_ids          = []
TestExamplesBasicTest 2022-12-13T14:11:24+01:00 logger.go:66:       + protocol                 = "tcp"
TestExamplesBasicTest 2022-12-13T14:11:24+01:00 logger.go:66:       + security_group_id        = (known after apply)
TestExamplesBasicTest 2022-12-13T14:11:24+01:00 logger.go:66:       + security_group_rule_id   = (known after apply)
TestExamplesBasicTest 2022-12-13T14:11:24+01:00 logger.go:66:       + self                     = true
TestExamplesBasicTest 2022-12-13T14:11:24+01:00 logger.go:66:       + source_security_group_id = (known after apply)
TestExamplesBasicTest 2022-12-13T14:11:24+01:00 logger.go:66:       + to_port                  = 53
TestExamplesBasicTest 2022-12-13T14:11:24+01:00 logger.go:66:       + type                     = "egress"
TestExamplesBasicTest 2022-12-13T14:11:24+01:00 logger.go:66:     }
TestExamplesBasicTest 2022-12-13T14:11:24+01:00 logger.go:66:
TestExamplesBasicTest 2022-12-13T14:11:24+01:00 logger.go:66:   # module.eks_blueprints.module.aws_eks.aws_security_group_rule.node["egress_self_coredns_udp"] will be created
TestExamplesBasicTest 2022-12-13T14:11:24+01:00 logger.go:66:   + resource "aws_security_group_rule" "node" {
TestExamplesBasicTest 2022-12-13T14:11:24+01:00 logger.go:66:       + description              = "Node to node CoreDNS"
TestExamplesBasicTest 2022-12-13T14:11:24+01:00 logger.go:66:       + from_port                = 53
TestExamplesBasicTest 2022-12-13T14:11:24+01:00 logger.go:66:       + id                       = (known after apply)
TestExamplesBasicTest 2022-12-13T14:11:24+01:00 logger.go:66:       + prefix_list_ids          = []
TestExamplesBasicTest 2022-12-13T14:11:24+01:00 logger.go:66:       + protocol                 = "udp"
TestExamplesBasicTest 2022-12-13T14:11:24+01:00 logger.go:66:       + security_group_id        = (known after apply)
TestExamplesBasicTest 2022-12-13T14:11:24+01:00 logger.go:66:       + security_group_rule_id   = (known after apply)
TestExamplesBasicTest 2022-12-13T14:11:24+01:00 logger.go:66:       + self                     = true
TestExamplesBasicTest 2022-12-13T14:11:24+01:00 logger.go:66:       + source_security_group_id = (known after apply)
TestExamplesBasicTest 2022-12-13T14:11:24+01:00 logger.go:66:       + to_port                  = 53
TestExamplesBasicTest 2022-12-13T14:11:24+01:00 logger.go:66:       + type                     = "egress"
TestExamplesBasicTest 2022-12-13T14:11:24+01:00 logger.go:66:     }
TestExamplesBasicTest 2022-12-13T14:11:24+01:00 logger.go:66:
TestExamplesBasicTest 2022-12-13T14:11:24+01:00 logger.go:66:   # module.eks_blueprints.module.aws_eks.aws_security_group_rule.node["ingress_cluster_443"] will be created
TestExamplesBasicTest 2022-12-13T14:11:24+01:00 logger.go:66:   + resource "aws_security_group_rule" "node" {
TestExamplesBasicTest 2022-12-13T14:11:24+01:00 logger.go:66:       + description              = "Cluster API to node groups"
TestExamplesBasicTest 2022-12-13T14:11:24+01:00 logger.go:66:       + from_port                = 443
TestExamplesBasicTest 2022-12-13T14:11:24+01:00 logger.go:66:       + id                       = (known after apply)
TestExamplesBasicTest 2022-12-13T14:11:24+01:00 logger.go:66:       + prefix_list_ids          = []
TestExamplesBasicTest 2022-12-13T14:11:24+01:00 logger.go:66:       + protocol                 = "tcp"
TestExamplesBasicTest 2022-12-13T14:11:24+01:00 logger.go:66:       + security_group_id        = (known after apply)
TestExamplesBasicTest 2022-12-13T14:11:24+01:00 logger.go:66:       + security_group_rule_id   = (known after apply)
TestExamplesBasicTest 2022-12-13T14:11:24+01:00 logger.go:66:       + self                     = false
TestExamplesBasicTest 2022-12-13T14:11:24+01:00 logger.go:66:       + source_security_group_id = (known after apply)
TestExamplesBasicTest 2022-12-13T14:11:24+01:00 logger.go:66:       + to_port                  = 443
TestExamplesBasicTest 2022-12-13T14:11:24+01:00 logger.go:66:       + type                     = "ingress"
TestExamplesBasicTest 2022-12-13T14:11:24+01:00 logger.go:66:     }
TestExamplesBasicTest 2022-12-13T14:11:24+01:00 logger.go:66:
TestExamplesBasicTest 2022-12-13T14:11:24+01:00 logger.go:66:   # module.eks_blueprints.module.aws_eks.aws_security_group_rule.node["ingress_cluster_kubelet"] will be created
TestExamplesBasicTest 2022-12-13T14:11:24+01:00 logger.go:66:   + resource "aws_security_group_rule" "node" {
TestExamplesBasicTest 2022-12-13T14:11:24+01:00 logger.go:66:       + description              = "Cluster API to node kubelets"
TestExamplesBasicTest 2022-12-13T14:11:24+01:00 logger.go:66:       + from_port                = 10250
TestExamplesBasicTest 2022-12-13T14:11:24+01:00 logger.go:66:       + id                       = (known after apply)
TestExamplesBasicTest 2022-12-13T14:11:24+01:00 logger.go:66:       + prefix_list_ids          = []
TestExamplesBasicTest 2022-12-13T14:11:24+01:00 logger.go:66:       + protocol                 = "tcp"
TestExamplesBasicTest 2022-12-13T14:11:24+01:00 logger.go:66:       + security_group_id        = (known after apply)
TestExamplesBasicTest 2022-12-13T14:11:24+01:00 logger.go:66:       + security_group_rule_id   = (known after apply)
TestExamplesBasicTest 2022-12-13T14:11:24+01:00 logger.go:66:       + self                     = false
TestExamplesBasicTest 2022-12-13T14:11:24+01:00 logger.go:66:       + source_security_group_id = (known after apply)
TestExamplesBasicTest 2022-12-13T14:11:24+01:00 logger.go:66:       + to_port                  = 10250
TestExamplesBasicTest 2022-12-13T14:11:24+01:00 logger.go:66:       + type                     = "ingress"
TestExamplesBasicTest 2022-12-13T14:11:24+01:00 logger.go:66:     }
TestExamplesBasicTest 2022-12-13T14:11:24+01:00 logger.go:66:
TestExamplesBasicTest 2022-12-13T14:11:24+01:00 logger.go:66:   # module.eks_blueprints.module.aws_eks.aws_security_group_rule.node["ingress_self_coredns_tcp"] will be created
TestExamplesBasicTest 2022-12-13T14:11:24+01:00 logger.go:66:   + resource "aws_security_group_rule" "node" {
TestExamplesBasicTest 2022-12-13T14:11:24+01:00 logger.go:66:       + description              = "Node to node CoreDNS"
TestExamplesBasicTest 2022-12-13T14:11:24+01:00 logger.go:66:       + from_port                = 53
TestExamplesBasicTest 2022-12-13T14:11:24+01:00 logger.go:66:       + id                       = (known after apply)
TestExamplesBasicTest 2022-12-13T14:11:24+01:00 logger.go:66:       + prefix_list_ids          = []
TestExamplesBasicTest 2022-12-13T14:11:24+01:00 logger.go:66:       + protocol                 = "tcp"
TestExamplesBasicTest 2022-12-13T14:11:24+01:00 logger.go:66:       + security_group_id        = (known after apply)
TestExamplesBasicTest 2022-12-13T14:11:24+01:00 logger.go:66:       + security_group_rule_id   = (known after apply)
TestExamplesBasicTest 2022-12-13T14:11:24+01:00 logger.go:66:       + self                     = true
TestExamplesBasicTest 2022-12-13T14:11:24+01:00 logger.go:66:       + source_security_group_id = (known after apply)
TestExamplesBasicTest 2022-12-13T14:11:24+01:00 logger.go:66:       + to_port                  = 53
TestExamplesBasicTest 2022-12-13T14:11:24+01:00 logger.go:66:       + type                     = "ingress"
TestExamplesBasicTest 2022-12-13T14:11:24+01:00 logger.go:66:     }
TestExamplesBasicTest 2022-12-13T14:11:24+01:00 logger.go:66:
TestExamplesBasicTest 2022-12-13T14:11:24+01:00 logger.go:66:   # module.eks_blueprints.module.aws_eks.aws_security_group_rule.node["ingress_self_coredns_udp"] will be created
TestExamplesBasicTest 2022-12-13T14:11:24+01:00 logger.go:66:   + resource "aws_security_group_rule" "node" {
TestExamplesBasicTest 2022-12-13T14:11:24+01:00 logger.go:66:       + description              = "Node to node CoreDNS"
TestExamplesBasicTest 2022-12-13T14:11:24+01:00 logger.go:66:       + from_port                = 53
TestExamplesBasicTest 2022-12-13T14:11:24+01:00 logger.go:66:       + id                       = (known after apply)
TestExamplesBasicTest 2022-12-13T14:11:24+01:00 logger.go:66:       + prefix_list_ids          = []
TestExamplesBasicTest 2022-12-13T14:11:24+01:00 logger.go:66:       + protocol                 = "udp"
TestExamplesBasicTest 2022-12-13T14:11:24+01:00 logger.go:66:       + security_group_id        = (known after apply)
TestExamplesBasicTest 2022-12-13T14:11:24+01:00 logger.go:66:       + security_group_rule_id   = (known after apply)
TestExamplesBasicTest 2022-12-13T14:11:24+01:00 logger.go:66:       + self                     = true
TestExamplesBasicTest 2022-12-13T14:11:24+01:00 logger.go:66:       + source_security_group_id = (known after apply)
TestExamplesBasicTest 2022-12-13T14:11:24+01:00 logger.go:66:       + to_port                  = 53
TestExamplesBasicTest 2022-12-13T14:11:24+01:00 logger.go:66:       + type                     = "ingress"
TestExamplesBasicTest 2022-12-13T14:11:24+01:00 logger.go:66:     }
TestExamplesBasicTest 2022-12-13T14:11:24+01:00 logger.go:66:
TestExamplesBasicTest 2022-12-13T14:11:24+01:00 logger.go:66:   # module.eks_blueprints.module.aws_eks_managed_node_groups["t3_medium"].data.aws_iam_policy_document.managed_ng_assume_role_policy will be read during apply
TestExamplesBasicTest 2022-12-13T14:11:24+01:00 logger.go:66:   # (depends on a resource or a module with changes pending)
TestExamplesBasicTest 2022-12-13T14:11:24+01:00 logger.go:66:  <= data "aws_iam_policy_document" "managed_ng_assume_role_policy" {
TestExamplesBasicTest 2022-12-13T14:11:24+01:00 logger.go:66:       + id   = (known after apply)
TestExamplesBasicTest 2022-12-13T14:11:24+01:00 logger.go:66:       + json = (known after apply)
TestExamplesBasicTest 2022-12-13T14:11:24+01:00 logger.go:66:
TestExamplesBasicTest 2022-12-13T14:11:24+01:00 logger.go:66:       + statement {
TestExamplesBasicTest 2022-12-13T14:11:24+01:00 logger.go:66:           + actions = [
TestExamplesBasicTest 2022-12-13T14:11:24+01:00 logger.go:66:               + "sts:AssumeRole",
TestExamplesBasicTest 2022-12-13T14:11:24+01:00 logger.go:66:             ]
TestExamplesBasicTest 2022-12-13T14:11:24+01:00 logger.go:66:           + sid     = "EKSWorkerAssumeRole"
TestExamplesBasicTest 2022-12-13T14:11:24+01:00 logger.go:66:
TestExamplesBasicTest 2022-12-13T14:11:24+01:00 logger.go:66:           + principals {
TestExamplesBasicTest 2022-12-13T14:11:24+01:00 logger.go:66:               + identifiers = [
TestExamplesBasicTest 2022-12-13T14:11:24+01:00 logger.go:66:                   + "ec2.amazonaws.com",
TestExamplesBasicTest 2022-12-13T14:11:24+01:00 logger.go:66:                 ]
TestExamplesBasicTest 2022-12-13T14:11:24+01:00 logger.go:66:               + type        = "Service"
TestExamplesBasicTest 2022-12-13T14:11:24+01:00 logger.go:66:             }
TestExamplesBasicTest 2022-12-13T14:11:24+01:00 logger.go:66:         }
TestExamplesBasicTest 2022-12-13T14:11:24+01:00 logger.go:66:     }
TestExamplesBasicTest 2022-12-13T14:11:24+01:00 logger.go:66:
TestExamplesBasicTest 2022-12-13T14:11:24+01:00 logger.go:66:   # module.eks_blueprints.module.aws_eks_managed_node_groups["t3_medium"].aws_eks_node_group.managed_ng will be created
TestExamplesBasicTest 2022-12-13T14:11:24+01:00 logger.go:66:   + resource "aws_eks_node_group" "managed_ng" {
TestExamplesBasicTest 2022-12-13T14:11:24+01:00 logger.go:66:       + ami_type               = "AL2_x86_64"
TestExamplesBasicTest 2022-12-13T14:11:24+01:00 logger.go:66:       + arn                    = (known after apply)
TestExamplesBasicTest 2022-12-13T14:11:24+01:00 logger.go:66:       + capacity_type          = "ON_DEMAND"
TestExamplesBasicTest 2022-12-13T14:11:24+01:00 logger.go:66:       + cluster_name           = (known after apply)
TestExamplesBasicTest 2022-12-13T14:11:24+01:00 logger.go:66:       + disk_size              = 50
TestExamplesBasicTest 2022-12-13T14:11:24+01:00 logger.go:66:       + id                     = (known after apply)
TestExamplesBasicTest 2022-12-13T14:11:24+01:00 logger.go:66:       + instance_types         = [
TestExamplesBasicTest 2022-12-13T14:11:24+01:00 logger.go:66:           + "t3.medium",
TestExamplesBasicTest 2022-12-13T14:11:24+01:00 logger.go:66:         ]
TestExamplesBasicTest 2022-12-13T14:11:24+01:00 logger.go:66:       + node_group_name        = (known after apply)
TestExamplesBasicTest 2022-12-13T14:11:24+01:00 logger.go:66:       + node_group_name_prefix = "managed-ondemand-"
TestExamplesBasicTest 2022-12-13T14:11:24+01:00 logger.go:66:       + node_role_arn          = (known after apply)
TestExamplesBasicTest 2022-12-13T14:11:24+01:00 logger.go:66:       + release_version        = (known after apply)
TestExamplesBasicTest 2022-12-13T14:11:24+01:00 logger.go:66:       + resources              = (known after apply)
TestExamplesBasicTest 2022-12-13T14:11:24+01:00 logger.go:66:       + status                 = (known after apply)
TestExamplesBasicTest 2022-12-13T14:11:24+01:00 logger.go:66:       + subnet_ids             = (known after apply)
TestExamplesBasicTest 2022-12-13T14:11:24+01:00 logger.go:66:       + tags                   = (known after apply)
TestExamplesBasicTest 2022-12-13T14:11:24+01:00 logger.go:66:       + tags_all               = (known after apply)
TestExamplesBasicTest 2022-12-13T14:11:24+01:00 logger.go:66:       + version                = "1.23"
TestExamplesBasicTest 2022-12-13T14:11:24+01:00 logger.go:66:
TestExamplesBasicTest 2022-12-13T14:11:24+01:00 logger.go:66:       + scaling_config {
TestExamplesBasicTest 2022-12-13T14:11:24+01:00 logger.go:66:           + desired_size = 3
TestExamplesBasicTest 2022-12-13T14:11:24+01:00 logger.go:66:           + max_size     = 3
TestExamplesBasicTest 2022-12-13T14:11:24+01:00 logger.go:66:           + min_size     = 1
TestExamplesBasicTest 2022-12-13T14:11:24+01:00 logger.go:66:         }
TestExamplesBasicTest 2022-12-13T14:11:24+01:00 logger.go:66:
TestExamplesBasicTest 2022-12-13T14:11:24+01:00 logger.go:66:       + timeouts {
TestExamplesBasicTest 2022-12-13T14:11:24+01:00 logger.go:66:           + create = "30m"
TestExamplesBasicTest 2022-12-13T14:11:24+01:00 logger.go:66:           + delete = "30m"
TestExamplesBasicTest 2022-12-13T14:11:24+01:00 logger.go:66:           + update = "2h"
TestExamplesBasicTest 2022-12-13T14:11:24+01:00 logger.go:66:         }
TestExamplesBasicTest 2022-12-13T14:11:24+01:00 logger.go:66:
TestExamplesBasicTest 2022-12-13T14:11:24+01:00 logger.go:66:       + update_config {
TestExamplesBasicTest 2022-12-13T14:11:24+01:00 logger.go:66:           + max_unavailable = 1
TestExamplesBasicTest 2022-12-13T14:11:24+01:00 logger.go:66:         }
TestExamplesBasicTest 2022-12-13T14:11:24+01:00 logger.go:66:     }
TestExamplesBasicTest 2022-12-13T14:11:24+01:00 logger.go:66:
TestExamplesBasicTest 2022-12-13T14:11:24+01:00 logger.go:66:   # module.eks_blueprints.module.aws_eks_managed_node_groups["t3_medium"].aws_iam_instance_profile.managed_ng[0] will be created
TestExamplesBasicTest 2022-12-13T14:11:24+01:00 logger.go:66:   + resource "aws_iam_instance_profile" "managed_ng" {
TestExamplesBasicTest 2022-12-13T14:11:24+01:00 logger.go:66:       + arn         = (known after apply)
TestExamplesBasicTest 2022-12-13T14:11:24+01:00 logger.go:66:       + create_date = (known after apply)
TestExamplesBasicTest 2022-12-13T14:11:24+01:00 logger.go:66:       + id          = (known after apply)
TestExamplesBasicTest 2022-12-13T14:11:24+01:00 logger.go:66:       + name        = (known after apply)
TestExamplesBasicTest 2022-12-13T14:11:24+01:00 logger.go:66:       + path        = "/"
TestExamplesBasicTest 2022-12-13T14:11:24+01:00 logger.go:66:       + role        = (known after apply)
TestExamplesBasicTest 2022-12-13T14:11:24+01:00 logger.go:66:       + tags_all    = (known after apply)
TestExamplesBasicTest 2022-12-13T14:11:24+01:00 logger.go:66:       + unique_id   = (known after apply)
TestExamplesBasicTest 2022-12-13T14:11:24+01:00 logger.go:66:     }
TestExamplesBasicTest 2022-12-13T14:11:24+01:00 logger.go:66:
TestExamplesBasicTest 2022-12-13T14:11:24+01:00 logger.go:66:   # module.eks_blueprints.module.aws_eks_managed_node_groups["t3_medium"].aws_iam_role.managed_ng[0] will be created
TestExamplesBasicTest 2022-12-13T14:11:24+01:00 logger.go:66:   + resource "aws_iam_role" "managed_ng" {
TestExamplesBasicTest 2022-12-13T14:11:24+01:00 logger.go:66:       + arn                   = (known after apply)
TestExamplesBasicTest 2022-12-13T14:11:24+01:00 logger.go:66:       + assume_role_policy    = (known after apply)
TestExamplesBasicTest 2022-12-13T14:11:24+01:00 logger.go:66:       + create_date           = (known after apply)
TestExamplesBasicTest 2022-12-13T14:11:24+01:00 logger.go:66:       + description           = "EKS Managed Node group IAM Role"
TestExamplesBasicTest 2022-12-13T14:11:24+01:00 logger.go:66:       + force_detach_policies = true
TestExamplesBasicTest 2022-12-13T14:11:24+01:00 logger.go:66:       + id                    = (known after apply)
TestExamplesBasicTest 2022-12-13T14:11:24+01:00 logger.go:66:       + managed_policy_arns   = (known after apply)
TestExamplesBasicTest 2022-12-13T14:11:24+01:00 logger.go:66:       + max_session_duration  = 3600
TestExamplesBasicTest 2022-12-13T14:11:24+01:00 logger.go:66:       + name                  = (known after apply)
TestExamplesBasicTest 2022-12-13T14:11:24+01:00 logger.go:66:       + name_prefix           = (known after apply)
TestExamplesBasicTest 2022-12-13T14:11:24+01:00 logger.go:66:       + path                  = "/"
TestExamplesBasicTest 2022-12-13T14:11:24+01:00 logger.go:66:       + tags_all              = (known after apply)
TestExamplesBasicTest 2022-12-13T14:11:24+01:00 logger.go:66:       + unique_id             = (known after apply)
TestExamplesBasicTest 2022-12-13T14:11:24+01:00 logger.go:66:
TestExamplesBasicTest 2022-12-13T14:11:24+01:00 logger.go:66:       + inline_policy {
TestExamplesBasicTest 2022-12-13T14:11:24+01:00 logger.go:66:           + name   = (known after apply)
TestExamplesBasicTest 2022-12-13T14:11:24+01:00 logger.go:66:           + policy = (known after apply)
TestExamplesBasicTest 2022-12-13T14:11:24+01:00 logger.go:66:         }
TestExamplesBasicTest 2022-12-13T14:11:24+01:00 logger.go:66:     }
TestExamplesBasicTest 2022-12-13T14:11:24+01:00 logger.go:66:
TestExamplesBasicTest 2022-12-13T14:11:24+01:00 logger.go:66:   # module.eks_blueprints.module.aws_eks_managed_node_groups["t3_medium"].aws_iam_role_policy_attachment.managed_ng["arn:aws:iam::aws:policy/AmazonEC2ContainerRegistryReadOnly"] will be created
TestExamplesBasicTest 2022-12-13T14:11:24+01:00 logger.go:66:   + resource "aws_iam_role_policy_attachment" "managed_ng" {
TestExamplesBasicTest 2022-12-13T14:11:24+01:00 logger.go:66:       + id         = (known after apply)
TestExamplesBasicTest 2022-12-13T14:11:24+01:00 logger.go:66:       + policy_arn = "arn:aws:iam::aws:policy/AmazonEC2ContainerRegistryReadOnly"
TestExamplesBasicTest 2022-12-13T14:11:24+01:00 logger.go:66:       + role       = (known after apply)
TestExamplesBasicTest 2022-12-13T14:11:24+01:00 logger.go:66:     }
TestExamplesBasicTest 2022-12-13T14:11:24+01:00 logger.go:66:
TestExamplesBasicTest 2022-12-13T14:11:24+01:00 logger.go:66:   # module.eks_blueprints.module.aws_eks_managed_node_groups["t3_medium"].aws_iam_role_policy_attachment.managed_ng["arn:aws:iam::aws:policy/AmazonEKSWorkerNodePolicy"] will be created
TestExamplesBasicTest 2022-12-13T14:11:24+01:00 logger.go:66:   + resource "aws_iam_role_policy_attachment" "managed_ng" {
TestExamplesBasicTest 2022-12-13T14:11:24+01:00 logger.go:66:       + id         = (known after apply)
TestExamplesBasicTest 2022-12-13T14:11:24+01:00 logger.go:66:       + policy_arn = "arn:aws:iam::aws:policy/AmazonEKSWorkerNodePolicy"
TestExamplesBasicTest 2022-12-13T14:11:24+01:00 logger.go:66:       + role       = (known after apply)
TestExamplesBasicTest 2022-12-13T14:11:24+01:00 logger.go:66:     }
TestExamplesBasicTest 2022-12-13T14:11:24+01:00 logger.go:66:
TestExamplesBasicTest 2022-12-13T14:11:24+01:00 logger.go:66:   # module.eks_blueprints.module.aws_eks_managed_node_groups["t3_medium"].aws_iam_role_policy_attachment.managed_ng["arn:aws:iam::aws:policy/AmazonEKS_CNI_Policy"] will be created
TestExamplesBasicTest 2022-12-13T14:11:24+01:00 logger.go:66:   + resource "aws_iam_role_policy_attachment" "managed_ng" {
TestExamplesBasicTest 2022-12-13T14:11:24+01:00 logger.go:66:       + id         = (known after apply)
TestExamplesBasicTest 2022-12-13T14:11:24+01:00 logger.go:66:       + policy_arn = "arn:aws:iam::aws:policy/AmazonEKS_CNI_Policy"
TestExamplesBasicTest 2022-12-13T14:11:24+01:00 logger.go:66:       + role       = (known after apply)
TestExamplesBasicTest 2022-12-13T14:11:24+01:00 logger.go:66:     }
TestExamplesBasicTest 2022-12-13T14:11:24+01:00 logger.go:66:
TestExamplesBasicTest 2022-12-13T14:11:24+01:00 logger.go:66:   # module.eks_blueprints.module.aws_eks_managed_node_groups["t3_medium"].aws_iam_role_policy_attachment.managed_ng["arn:aws:iam::aws:policy/AmazonSSMManagedInstanceCore"] will be created
TestExamplesBasicTest 2022-12-13T14:11:24+01:00 logger.go:66:   + resource "aws_iam_role_policy_attachment" "managed_ng" {
TestExamplesBasicTest 2022-12-13T14:11:24+01:00 logger.go:66:       + id         = (known after apply)
TestExamplesBasicTest 2022-12-13T14:11:24+01:00 logger.go:66:       + policy_arn = "arn:aws:iam::aws:policy/AmazonSSMManagedInstanceCore"
TestExamplesBasicTest 2022-12-13T14:11:24+01:00 logger.go:66:       + role       = (known after apply)
TestExamplesBasicTest 2022-12-13T14:11:24+01:00 logger.go:66:     }
TestExamplesBasicTest 2022-12-13T14:11:24+01:00 logger.go:66:
TestExamplesBasicTest 2022-12-13T14:11:24+01:00 logger.go:66:   # module.eks_blueprints.module.kms[0].aws_kms_alias.this will be created
TestExamplesBasicTest 2022-12-13T14:11:24+01:00 logger.go:66:   + resource "aws_kms_alias" "this" {
TestExamplesBasicTest 2022-12-13T14:11:24+01:00 logger.go:66:       + arn            = (known after apply)
TestExamplesBasicTest 2022-12-13T14:11:24+01:00 logger.go:66:       + id             = (known after apply)
TestExamplesBasicTest 2022-12-13T14:11:24+01:00 logger.go:66:       + name           = (known after apply)
TestExamplesBasicTest 2022-12-13T14:11:24+01:00 logger.go:66:       + name_prefix    = (known after apply)
TestExamplesBasicTest 2022-12-13T14:11:24+01:00 logger.go:66:       + target_key_arn = (known after apply)
TestExamplesBasicTest 2022-12-13T14:11:24+01:00 logger.go:66:       + target_key_id  = (known after apply)
TestExamplesBasicTest 2022-12-13T14:11:24+01:00 logger.go:66:     }
TestExamplesBasicTest 2022-12-13T14:11:24+01:00 logger.go:66:
TestExamplesBasicTest 2022-12-13T14:11:24+01:00 logger.go:66:   # module.eks_blueprints.module.kms[0].aws_kms_key.this will be created
TestExamplesBasicTest 2022-12-13T14:11:24+01:00 logger.go:66:   + resource "aws_kms_key" "this" {
TestExamplesBasicTest 2022-12-13T14:11:24+01:00 logger.go:66:       + arn                                = (known after apply)
TestExamplesBasicTest 2022-12-13T14:11:24+01:00 logger.go:66:       + bypass_policy_lockout_safety_check = false
TestExamplesBasicTest 2022-12-13T14:11:24+01:00 logger.go:66:       + customer_master_key_spec           = "SYMMETRIC_DEFAULT"
TestExamplesBasicTest 2022-12-13T14:11:24+01:00 logger.go:66:       + deletion_window_in_days            = 30
TestExamplesBasicTest 2022-12-13T14:11:24+01:00 logger.go:66:       + description                        = (known after apply)
TestExamplesBasicTest 2022-12-13T14:11:24+01:00 logger.go:66:       + enable_key_rotation                = true
TestExamplesBasicTest 2022-12-13T14:11:24+01:00 logger.go:66:       + id                                 = (known after apply)
TestExamplesBasicTest 2022-12-13T14:11:24+01:00 logger.go:66:       + is_enabled                         = true
TestExamplesBasicTest 2022-12-13T14:11:24+01:00 logger.go:66:       + key_id                             = (known after apply)
TestExamplesBasicTest 2022-12-13T14:11:24+01:00 logger.go:66:       + key_usage                          = "ENCRYPT_DECRYPT"
TestExamplesBasicTest 2022-12-13T14:11:24+01:00 logger.go:66:       + multi_region                       = (known after apply)
TestExamplesBasicTest 2022-12-13T14:11:24+01:00 logger.go:66:       + policy                             = (known after apply)
TestExamplesBasicTest 2022-12-13T14:11:24+01:00 logger.go:66:       + tags_all                           = (known after apply)
TestExamplesBasicTest 2022-12-13T14:11:24+01:00 logger.go:66:     }
TestExamplesBasicTest 2022-12-13T14:11:24+01:00 logger.go:66:
TestExamplesBasicTest 2022-12-13T14:11:24+01:00 logger.go:66:   # module.eks_blueprints_kubernetes_addons.module.aws_coredns[0].data.aws_eks_addon_version.this will be read during apply
TestExamplesBasicTest 2022-12-13T14:11:24+01:00 logger.go:66:   # (depends on a resource or a module with changes pending)
TestExamplesBasicTest 2022-12-13T14:11:24+01:00 logger.go:66:  <= data "aws_eks_addon_version" "this" {
TestExamplesBasicTest 2022-12-13T14:11:24+01:00 logger.go:66:       + addon_name         = "coredns"
TestExamplesBasicTest 2022-12-13T14:11:24+01:00 logger.go:66:       + id                 = (known after apply)
TestExamplesBasicTest 2022-12-13T14:11:24+01:00 logger.go:66:       + kubernetes_version = "1.23"
TestExamplesBasicTest 2022-12-13T14:11:24+01:00 logger.go:66:       + most_recent        = false
TestExamplesBasicTest 2022-12-13T14:11:24+01:00 logger.go:66:       + version            = (known after apply)
TestExamplesBasicTest 2022-12-13T14:11:24+01:00 logger.go:66:     }
TestExamplesBasicTest 2022-12-13T14:11:24+01:00 logger.go:66:
TestExamplesBasicTest 2022-12-13T14:11:24+01:00 logger.go:66:   # module.eks_blueprints_kubernetes_addons.module.aws_coredns[0].aws_eks_addon.coredns[0] will be created
TestExamplesBasicTest 2022-12-13T14:11:24+01:00 logger.go:66:   + resource "aws_eks_addon" "coredns" {
TestExamplesBasicTest 2022-12-13T14:11:24+01:00 logger.go:66:       + addon_name        = "coredns"
TestExamplesBasicTest 2022-12-13T14:11:24+01:00 logger.go:66:       + addon_version     = (known after apply)
TestExamplesBasicTest 2022-12-13T14:11:24+01:00 logger.go:66:       + arn               = (known after apply)
TestExamplesBasicTest 2022-12-13T14:11:24+01:00 logger.go:66:       + cluster_name      = (known after apply)
TestExamplesBasicTest 2022-12-13T14:11:24+01:00 logger.go:66:       + created_at        = (known after apply)
TestExamplesBasicTest 2022-12-13T14:11:24+01:00 logger.go:66:       + id                = (known after apply)
TestExamplesBasicTest 2022-12-13T14:11:24+01:00 logger.go:66:       + modified_at       = (known after apply)
TestExamplesBasicTest 2022-12-13T14:11:24+01:00 logger.go:66:       + preserve          = true
TestExamplesBasicTest 2022-12-13T14:11:24+01:00 logger.go:66:       + resolve_conflicts = "OVERWRITE"
TestExamplesBasicTest 2022-12-13T14:11:24+01:00 logger.go:66:       + tags_all          = (known after apply)
TestExamplesBasicTest 2022-12-13T14:11:24+01:00 logger.go:66:     }
TestExamplesBasicTest 2022-12-13T14:11:24+01:00 logger.go:66:
TestExamplesBasicTest 2022-12-13T14:11:24+01:00 logger.go:66:   # module.eks_blueprints_kubernetes_addons.module.aws_ebs_csi_driver[0].data.aws_iam_policy_document.aws_ebs_csi_driver[0] will be read during apply
TestExamplesBasicTest 2022-12-13T14:11:24+01:00 logger.go:66:   # (config refers to values not yet known)
TestExamplesBasicTest 2022-12-13T14:11:24+01:00 logger.go:66:  <= data "aws_iam_policy_document" "aws_ebs_csi_driver" {
TestExamplesBasicTest 2022-12-13T14:11:24+01:00 logger.go:66:       + id   = (known after apply)
TestExamplesBasicTest 2022-12-13T14:11:24+01:00 logger.go:66:       + json = (known after apply)
TestExamplesBasicTest 2022-12-13T14:11:24+01:00 logger.go:66:
TestExamplesBasicTest 2022-12-13T14:11:24+01:00 logger.go:66:       + statement {
TestExamplesBasicTest 2022-12-13T14:11:24+01:00 logger.go:66:           + actions   = [
TestExamplesBasicTest 2022-12-13T14:11:24+01:00 logger.go:66:               + "ec2:AttachVolume",
TestExamplesBasicTest 2022-12-13T14:11:24+01:00 logger.go:66:               + "ec2:CreateSnapshot",
TestExamplesBasicTest 2022-12-13T14:11:24+01:00 logger.go:66:               + "ec2:DescribeAvailabilityZones",
TestExamplesBasicTest 2022-12-13T14:11:24+01:00 logger.go:66:               + "ec2:DescribeInstances",
TestExamplesBasicTest 2022-12-13T14:11:24+01:00 logger.go:66:               + "ec2:DescribeSnapshots",
TestExamplesBasicTest 2022-12-13T14:11:24+01:00 logger.go:66:               + "ec2:DescribeTags",
TestExamplesBasicTest 2022-12-13T14:11:24+01:00 logger.go:66:               + "ec2:DescribeVolumes",
TestExamplesBasicTest 2022-12-13T14:11:24+01:00 logger.go:66:               + "ec2:DescribeVolumesModifications",
TestExamplesBasicTest 2022-12-13T14:11:24+01:00 logger.go:66:               + "ec2:DetachVolume",
TestExamplesBasicTest 2022-12-13T14:11:24+01:00 logger.go:66:               + "ec2:ModifyVolume",
TestExamplesBasicTest 2022-12-13T14:11:24+01:00 logger.go:66:             ]
TestExamplesBasicTest 2022-12-13T14:11:24+01:00 logger.go:66:           + effect    = "Allow"
TestExamplesBasicTest 2022-12-13T14:11:24+01:00 logger.go:66:           + resources = [
TestExamplesBasicTest 2022-12-13T14:11:24+01:00 logger.go:66:               + "*",
TestExamplesBasicTest 2022-12-13T14:11:24+01:00 logger.go:66:             ]
TestExamplesBasicTest 2022-12-13T14:11:24+01:00 logger.go:66:         }
TestExamplesBasicTest 2022-12-13T14:11:24+01:00 logger.go:66:       + statement {
TestExamplesBasicTest 2022-12-13T14:11:24+01:00 logger.go:66:           + actions   = [
TestExamplesBasicTest 2022-12-13T14:11:24+01:00 logger.go:66:               + "ec2:CreateTags",
TestExamplesBasicTest 2022-12-13T14:11:24+01:00 logger.go:66:             ]
TestExamplesBasicTest 2022-12-13T14:11:24+01:00 logger.go:66:           + effect    = "Allow"
TestExamplesBasicTest 2022-12-13T14:11:24+01:00 logger.go:66:           + resources = [
TestExamplesBasicTest 2022-12-13T14:11:24+01:00 logger.go:66:               + (known after apply),
TestExamplesBasicTest 2022-12-13T14:11:24+01:00 logger.go:66:               + (known after apply),
TestExamplesBasicTest 2022-12-13T14:11:24+01:00 logger.go:66:             ]
TestExamplesBasicTest 2022-12-13T14:11:24+01:00 logger.go:66:
TestExamplesBasicTest 2022-12-13T14:11:24+01:00 logger.go:66:           + condition {
TestExamplesBasicTest 2022-12-13T14:11:24+01:00 logger.go:66:               + test     = "StringEquals"
TestExamplesBasicTest 2022-12-13T14:11:24+01:00 logger.go:66:               + values   = [
TestExamplesBasicTest 2022-12-13T14:11:24+01:00 logger.go:66:                   + "CreateVolume",
TestExamplesBasicTest 2022-12-13T14:11:24+01:00 logger.go:66:                   + "CreateSnapshot",
TestExamplesBasicTest 2022-12-13T14:11:24+01:00 logger.go:66:                 ]
TestExamplesBasicTest 2022-12-13T14:11:24+01:00 logger.go:66:               + variable = "ec2:CreateAction"
TestExamplesBasicTest 2022-12-13T14:11:24+01:00 logger.go:66:             }
TestExamplesBasicTest 2022-12-13T14:11:24+01:00 logger.go:66:         }
TestExamplesBasicTest 2022-12-13T14:11:24+01:00 logger.go:66:       + statement {
TestExamplesBasicTest 2022-12-13T14:11:24+01:00 logger.go:66:           + actions   = [
TestExamplesBasicTest 2022-12-13T14:11:24+01:00 logger.go:66:               + "ec2:DeleteTags",
TestExamplesBasicTest 2022-12-13T14:11:24+01:00 logger.go:66:             ]
TestExamplesBasicTest 2022-12-13T14:11:24+01:00 logger.go:66:           + effect    = "Allow"
TestExamplesBasicTest 2022-12-13T14:11:24+01:00 logger.go:66:           + resources = [
TestExamplesBasicTest 2022-12-13T14:11:24+01:00 logger.go:66:               + (known after apply),
TestExamplesBasicTest 2022-12-13T14:11:24+01:00 logger.go:66:               + (known after apply),
TestExamplesBasicTest 2022-12-13T14:11:24+01:00 logger.go:66:             ]
TestExamplesBasicTest 2022-12-13T14:11:24+01:00 logger.go:66:         }
TestExamplesBasicTest 2022-12-13T14:11:24+01:00 logger.go:66:       + statement {
TestExamplesBasicTest 2022-12-13T14:11:24+01:00 logger.go:66:           + actions   = [
TestExamplesBasicTest 2022-12-13T14:11:24+01:00 logger.go:66:               + "ec2:CreateVolume",
TestExamplesBasicTest 2022-12-13T14:11:24+01:00 logger.go:66:             ]
TestExamplesBasicTest 2022-12-13T14:11:24+01:00 logger.go:66:           + effect    = "Allow"
TestExamplesBasicTest 2022-12-13T14:11:24+01:00 logger.go:66:           + resources = [
TestExamplesBasicTest 2022-12-13T14:11:24+01:00 logger.go:66:               + "*",
TestExamplesBasicTest 2022-12-13T14:11:24+01:00 logger.go:66:             ]
TestExamplesBasicTest 2022-12-13T14:11:24+01:00 logger.go:66:
TestExamplesBasicTest 2022-12-13T14:11:24+01:00 logger.go:66:           + condition {
TestExamplesBasicTest 2022-12-13T14:11:24+01:00 logger.go:66:               + test     = "StringLike"
TestExamplesBasicTest 2022-12-13T14:11:24+01:00 logger.go:66:               + values   = [
TestExamplesBasicTest 2022-12-13T14:11:24+01:00 logger.go:66:                   + "true",
TestExamplesBasicTest 2022-12-13T14:11:24+01:00 logger.go:66:                 ]
TestExamplesBasicTest 2022-12-13T14:11:24+01:00 logger.go:66:               + variable = "aws:RequestTag/ebs.csi.aws.com/cluster"
TestExamplesBasicTest 2022-12-13T14:11:24+01:00 logger.go:66:             }
TestExamplesBasicTest 2022-12-13T14:11:24+01:00 logger.go:66:         }
TestExamplesBasicTest 2022-12-13T14:11:24+01:00 logger.go:66:       + statement {
TestExamplesBasicTest 2022-12-13T14:11:24+01:00 logger.go:66:           + actions   = [
TestExamplesBasicTest 2022-12-13T14:11:24+01:00 logger.go:66:               + "ec2:CreateVolume",
TestExamplesBasicTest 2022-12-13T14:11:24+01:00 logger.go:66:             ]
TestExamplesBasicTest 2022-12-13T14:11:24+01:00 logger.go:66:           + effect    = "Allow"
TestExamplesBasicTest 2022-12-13T14:11:24+01:00 logger.go:66:           + resources = [
TestExamplesBasicTest 2022-12-13T14:11:24+01:00 logger.go:66:               + "*",
TestExamplesBasicTest 2022-12-13T14:11:24+01:00 logger.go:66:             ]
TestExamplesBasicTest 2022-12-13T14:11:24+01:00 logger.go:66:
TestExamplesBasicTest 2022-12-13T14:11:24+01:00 logger.go:66:           + condition {
TestExamplesBasicTest 2022-12-13T14:11:24+01:00 logger.go:66:               + test     = "StringLike"
TestExamplesBasicTest 2022-12-13T14:11:24+01:00 logger.go:66:               + values   = [
TestExamplesBasicTest 2022-12-13T14:11:24+01:00 logger.go:66:                   + "*",
TestExamplesBasicTest 2022-12-13T14:11:24+01:00 logger.go:66:                 ]
TestExamplesBasicTest 2022-12-13T14:11:24+01:00 logger.go:66:               + variable = "aws:RequestTag/CSIVolumeName"
TestExamplesBasicTest 2022-12-13T14:11:24+01:00 logger.go:66:             }
TestExamplesBasicTest 2022-12-13T14:11:24+01:00 logger.go:66:         }
TestExamplesBasicTest 2022-12-13T14:11:24+01:00 logger.go:66:       + statement {
TestExamplesBasicTest 2022-12-13T14:11:24+01:00 logger.go:66:           + actions   = [
TestExamplesBasicTest 2022-12-13T14:11:24+01:00 logger.go:66:               + "ec2:CreateVolume",
TestExamplesBasicTest 2022-12-13T14:11:24+01:00 logger.go:66:             ]
TestExamplesBasicTest 2022-12-13T14:11:24+01:00 logger.go:66:           + effect    = "Allow"
TestExamplesBasicTest 2022-12-13T14:11:24+01:00 logger.go:66:           + resources = [
TestExamplesBasicTest 2022-12-13T14:11:24+01:00 logger.go:66:               + "*",
TestExamplesBasicTest 2022-12-13T14:11:24+01:00 logger.go:66:             ]
TestExamplesBasicTest 2022-12-13T14:11:24+01:00 logger.go:66:
TestExamplesBasicTest 2022-12-13T14:11:24+01:00 logger.go:66:           + condition {
TestExamplesBasicTest 2022-12-13T14:11:24+01:00 logger.go:66:               + test     = "StringLike"
TestExamplesBasicTest 2022-12-13T14:11:24+01:00 logger.go:66:               + values   = [
TestExamplesBasicTest 2022-12-13T14:11:24+01:00 logger.go:66:                   + "owned",
TestExamplesBasicTest 2022-12-13T14:11:24+01:00 logger.go:66:                 ]
TestExamplesBasicTest 2022-12-13T14:11:24+01:00 logger.go:66:               + variable = "aws:RequestTag/kubernetes.io/cluster/*"
TestExamplesBasicTest 2022-12-13T14:11:24+01:00 logger.go:66:             }
TestExamplesBasicTest 2022-12-13T14:11:24+01:00 logger.go:66:         }
TestExamplesBasicTest 2022-12-13T14:11:24+01:00 logger.go:66:       + statement {
TestExamplesBasicTest 2022-12-13T14:11:24+01:00 logger.go:66:           + actions   = [
TestExamplesBasicTest 2022-12-13T14:11:24+01:00 logger.go:66:               + "ec2:DeleteVolume",
TestExamplesBasicTest 2022-12-13T14:11:24+01:00 logger.go:66:             ]
TestExamplesBasicTest 2022-12-13T14:11:24+01:00 logger.go:66:           + effect    = "Allow"
TestExamplesBasicTest 2022-12-13T14:11:24+01:00 logger.go:66:           + resources = [
TestExamplesBasicTest 2022-12-13T14:11:24+01:00 logger.go:66:               + "*",
TestExamplesBasicTest 2022-12-13T14:11:24+01:00 logger.go:66:             ]
TestExamplesBasicTest 2022-12-13T14:11:24+01:00 logger.go:66:
TestExamplesBasicTest 2022-12-13T14:11:24+01:00 logger.go:66:           + condition {
TestExamplesBasicTest 2022-12-13T14:11:24+01:00 logger.go:66:               + test     = "StringLike"
TestExamplesBasicTest 2022-12-13T14:11:24+01:00 logger.go:66:               + values   = [
TestExamplesBasicTest 2022-12-13T14:11:24+01:00 logger.go:66:                   + "true",
TestExamplesBasicTest 2022-12-13T14:11:24+01:00 logger.go:66:                 ]
TestExamplesBasicTest 2022-12-13T14:11:24+01:00 logger.go:66:               + variable = "ec2:ResourceTag/ebs.csi.aws.com/cluster"
TestExamplesBasicTest 2022-12-13T14:11:24+01:00 logger.go:66:             }
TestExamplesBasicTest 2022-12-13T14:11:24+01:00 logger.go:66:         }
TestExamplesBasicTest 2022-12-13T14:11:24+01:00 logger.go:66:       + statement {
TestExamplesBasicTest 2022-12-13T14:11:24+01:00 logger.go:66:           + actions   = [
TestExamplesBasicTest 2022-12-13T14:11:24+01:00 logger.go:66:               + "ec2:DeleteVolume",
TestExamplesBasicTest 2022-12-13T14:11:24+01:00 logger.go:66:             ]
TestExamplesBasicTest 2022-12-13T14:11:24+01:00 logger.go:66:           + effect    = "Allow"
TestExamplesBasicTest 2022-12-13T14:11:24+01:00 logger.go:66:           + resources = [
TestExamplesBasicTest 2022-12-13T14:11:24+01:00 logger.go:66:               + "*",
TestExamplesBasicTest 2022-12-13T14:11:24+01:00 logger.go:66:             ]
TestExamplesBasicTest 2022-12-13T14:11:24+01:00 logger.go:66:
TestExamplesBasicTest 2022-12-13T14:11:24+01:00 logger.go:66:           + condition {
TestExamplesBasicTest 2022-12-13T14:11:24+01:00 logger.go:66:               + test     = "StringLike"
TestExamplesBasicTest 2022-12-13T14:11:24+01:00 logger.go:66:               + values   = [
TestExamplesBasicTest 2022-12-13T14:11:24+01:00 logger.go:66:                   + "*",
TestExamplesBasicTest 2022-12-13T14:11:24+01:00 logger.go:66:                 ]
TestExamplesBasicTest 2022-12-13T14:11:24+01:00 logger.go:66:               + variable = "ec2:ResourceTag/CSIVolumeName"
TestExamplesBasicTest 2022-12-13T14:11:24+01:00 logger.go:66:             }
TestExamplesBasicTest 2022-12-13T14:11:24+01:00 logger.go:66:         }
TestExamplesBasicTest 2022-12-13T14:11:24+01:00 logger.go:66:       + statement {
TestExamplesBasicTest 2022-12-13T14:11:24+01:00 logger.go:66:           + actions   = [
TestExamplesBasicTest 2022-12-13T14:11:24+01:00 logger.go:66:               + "ec2:DeleteVolume",
TestExamplesBasicTest 2022-12-13T14:11:24+01:00 logger.go:66:             ]
TestExamplesBasicTest 2022-12-13T14:11:24+01:00 logger.go:66:           + effect    = "Allow"
TestExamplesBasicTest 2022-12-13T14:11:24+01:00 logger.go:66:           + resources = [
TestExamplesBasicTest 2022-12-13T14:11:24+01:00 logger.go:66:               + "*",
TestExamplesBasicTest 2022-12-13T14:11:24+01:00 logger.go:66:             ]
TestExamplesBasicTest 2022-12-13T14:11:24+01:00 logger.go:66:
TestExamplesBasicTest 2022-12-13T14:11:24+01:00 logger.go:66:           + condition {
TestExamplesBasicTest 2022-12-13T14:11:24+01:00 logger.go:66:               + test     = "StringLike"
TestExamplesBasicTest 2022-12-13T14:11:24+01:00 logger.go:66:               + values   = [
TestExamplesBasicTest 2022-12-13T14:11:24+01:00 logger.go:66:                   + "owned",
TestExamplesBasicTest 2022-12-13T14:11:24+01:00 logger.go:66:                 ]
TestExamplesBasicTest 2022-12-13T14:11:24+01:00 logger.go:66:               + variable = "ec2:ResourceTag/kubernetes.io/cluster/*"
TestExamplesBasicTest 2022-12-13T14:11:24+01:00 logger.go:66:             }
TestExamplesBasicTest 2022-12-13T14:11:24+01:00 logger.go:66:         }
TestExamplesBasicTest 2022-12-13T14:11:24+01:00 logger.go:66:       + statement {
TestExamplesBasicTest 2022-12-13T14:11:24+01:00 logger.go:66:           + actions   = [
TestExamplesBasicTest 2022-12-13T14:11:24+01:00 logger.go:66:               + "ec2:DeleteSnapshot",
TestExamplesBasicTest 2022-12-13T14:11:24+01:00 logger.go:66:             ]
TestExamplesBasicTest 2022-12-13T14:11:24+01:00 logger.go:66:           + effect    = "Allow"
TestExamplesBasicTest 2022-12-13T14:11:24+01:00 logger.go:66:           + resources = [
TestExamplesBasicTest 2022-12-13T14:11:24+01:00 logger.go:66:               + "*",
TestExamplesBasicTest 2022-12-13T14:11:24+01:00 logger.go:66:             ]
TestExamplesBasicTest 2022-12-13T14:11:24+01:00 logger.go:66:
TestExamplesBasicTest 2022-12-13T14:11:24+01:00 logger.go:66:           + condition {
TestExamplesBasicTest 2022-12-13T14:11:24+01:00 logger.go:66:               + test     = "StringLike"
TestExamplesBasicTest 2022-12-13T14:11:24+01:00 logger.go:66:               + values   = [
TestExamplesBasicTest 2022-12-13T14:11:24+01:00 logger.go:66:                   + "*",
TestExamplesBasicTest 2022-12-13T14:11:24+01:00 logger.go:66:                 ]
TestExamplesBasicTest 2022-12-13T14:11:24+01:00 logger.go:66:               + variable = "ec2:ResourceTag/CSIVolumeSnapshotName"
TestExamplesBasicTest 2022-12-13T14:11:24+01:00 logger.go:66:             }
TestExamplesBasicTest 2022-12-13T14:11:24+01:00 logger.go:66:         }
TestExamplesBasicTest 2022-12-13T14:11:24+01:00 logger.go:66:       + statement {
TestExamplesBasicTest 2022-12-13T14:11:24+01:00 logger.go:66:           + actions   = [
TestExamplesBasicTest 2022-12-13T14:11:24+01:00 logger.go:66:               + "ec2:DeleteSnapshot",
TestExamplesBasicTest 2022-12-13T14:11:24+01:00 logger.go:66:             ]
TestExamplesBasicTest 2022-12-13T14:11:24+01:00 logger.go:66:           + effect    = "Allow"
TestExamplesBasicTest 2022-12-13T14:11:24+01:00 logger.go:66:           + resources = [
TestExamplesBasicTest 2022-12-13T14:11:24+01:00 logger.go:66:               + "*",
TestExamplesBasicTest 2022-12-13T14:11:24+01:00 logger.go:66:             ]
TestExamplesBasicTest 2022-12-13T14:11:24+01:00 logger.go:66:
TestExamplesBasicTest 2022-12-13T14:11:24+01:00 logger.go:66:           + condition {
TestExamplesBasicTest 2022-12-13T14:11:24+01:00 logger.go:66:               + test     = "StringLike"
TestExamplesBasicTest 2022-12-13T14:11:24+01:00 logger.go:66:               + values   = [
TestExamplesBasicTest 2022-12-13T14:11:24+01:00 logger.go:66:                   + "true",
TestExamplesBasicTest 2022-12-13T14:11:24+01:00 logger.go:66:                 ]
TestExamplesBasicTest 2022-12-13T14:11:24+01:00 logger.go:66:               + variable = "ec2:ResourceTag/ebs.csi.aws.com/cluster"
TestExamplesBasicTest 2022-12-13T14:11:24+01:00 logger.go:66:             }
TestExamplesBasicTest 2022-12-13T14:11:24+01:00 logger.go:66:         }
TestExamplesBasicTest 2022-12-13T14:11:24+01:00 logger.go:66:     }
TestExamplesBasicTest 2022-12-13T14:11:24+01:00 logger.go:66:
TestExamplesBasicTest 2022-12-13T14:11:24+01:00 logger.go:66:   # module.eks_blueprints_kubernetes_addons.module.aws_ebs_csi_driver[0].aws_eks_addon.aws_ebs_csi_driver[0] will be created
TestExamplesBasicTest 2022-12-13T14:11:24+01:00 logger.go:66:   + resource "aws_eks_addon" "aws_ebs_csi_driver" {
TestExamplesBasicTest 2022-12-13T14:11:24+01:00 logger.go:66:       + addon_name               = "aws-ebs-csi-driver"
TestExamplesBasicTest 2022-12-13T14:11:24+01:00 logger.go:66:       + addon_version            = (known after apply)
TestExamplesBasicTest 2022-12-13T14:11:24+01:00 logger.go:66:       + arn                      = (known after apply)
TestExamplesBasicTest 2022-12-13T14:11:24+01:00 logger.go:66:       + cluster_name             = (known after apply)
TestExamplesBasicTest 2022-12-13T14:11:24+01:00 logger.go:66:       + created_at               = (known after apply)
TestExamplesBasicTest 2022-12-13T14:11:24+01:00 logger.go:66:       + id                       = (known after apply)
TestExamplesBasicTest 2022-12-13T14:11:24+01:00 logger.go:66:       + modified_at              = (known after apply)
TestExamplesBasicTest 2022-12-13T14:11:24+01:00 logger.go:66:       + preserve                 = true
TestExamplesBasicTest 2022-12-13T14:11:24+01:00 logger.go:66:       + service_account_role_arn = (known after apply)
TestExamplesBasicTest 2022-12-13T14:11:24+01:00 logger.go:66:       + tags_all                 = (known after apply)
TestExamplesBasicTest 2022-12-13T14:11:24+01:00 logger.go:66:     }
TestExamplesBasicTest 2022-12-13T14:11:24+01:00 logger.go:66:
TestExamplesBasicTest 2022-12-13T14:11:24+01:00 logger.go:66:   # module.eks_blueprints_kubernetes_addons.module.aws_ebs_csi_driver[0].aws_iam_policy.aws_ebs_csi_driver[0] will be created
TestExamplesBasicTest 2022-12-13T14:11:24+01:00 logger.go:66:   + resource "aws_iam_policy" "aws_ebs_csi_driver" {
TestExamplesBasicTest 2022-12-13T14:11:24+01:00 logger.go:66:       + arn         = (known after apply)
TestExamplesBasicTest 2022-12-13T14:11:24+01:00 logger.go:66:       + description = "IAM Policy for AWS EBS CSI Driver"
TestExamplesBasicTest 2022-12-13T14:11:24+01:00 logger.go:66:       + id          = (known after apply)
TestExamplesBasicTest 2022-12-13T14:11:24+01:00 logger.go:66:       + name        = (known after apply)
TestExamplesBasicTest 2022-12-13T14:11:24+01:00 logger.go:66:       + path        = "/"
TestExamplesBasicTest 2022-12-13T14:11:24+01:00 logger.go:66:       + policy      = (known after apply)
TestExamplesBasicTest 2022-12-13T14:11:24+01:00 logger.go:66:       + policy_id   = (known after apply)
TestExamplesBasicTest 2022-12-13T14:11:24+01:00 logger.go:66:       + tags_all    = (known after apply)
TestExamplesBasicTest 2022-12-13T14:11:24+01:00 logger.go:66:     }
TestExamplesBasicTest 2022-12-13T14:11:24+01:00 logger.go:66:
TestExamplesBasicTest 2022-12-13T14:11:24+01:00 logger.go:66:   # module.eks_blueprints_kubernetes_addons.module.aws_kube_proxy[0].aws_eks_addon.kube_proxy will be created
TestExamplesBasicTest 2022-12-13T14:11:24+01:00 logger.go:66:   + resource "aws_eks_addon" "kube_proxy" {
TestExamplesBasicTest 2022-12-13T14:11:24+01:00 logger.go:66:       + addon_name        = "kube-proxy"
TestExamplesBasicTest 2022-12-13T14:11:24+01:00 logger.go:66:       + addon_version     = (known after apply)
TestExamplesBasicTest 2022-12-13T14:11:24+01:00 logger.go:66:       + arn               = (known after apply)
TestExamplesBasicTest 2022-12-13T14:11:24+01:00 logger.go:66:       + cluster_name      = (known after apply)
TestExamplesBasicTest 2022-12-13T14:11:24+01:00 logger.go:66:       + created_at        = (known after apply)
TestExamplesBasicTest 2022-12-13T14:11:24+01:00 logger.go:66:       + id                = (known after apply)
TestExamplesBasicTest 2022-12-13T14:11:24+01:00 logger.go:66:       + modified_at       = (known after apply)
TestExamplesBasicTest 2022-12-13T14:11:24+01:00 logger.go:66:       + preserve          = true
TestExamplesBasicTest 2022-12-13T14:11:24+01:00 logger.go:66:       + resolve_conflicts = "OVERWRITE"
TestExamplesBasicTest 2022-12-13T14:11:24+01:00 logger.go:66:       + tags_all          = (known after apply)
TestExamplesBasicTest 2022-12-13T14:11:24+01:00 logger.go:66:     }
TestExamplesBasicTest 2022-12-13T14:11:24+01:00 logger.go:66:
TestExamplesBasicTest 2022-12-13T14:11:24+01:00 logger.go:66:   # module.eks_blueprints_kubernetes_addons.module.aws_load_balancer_controller[0].data.aws_iam_policy_document.aws_lb will be read during apply
TestExamplesBasicTest 2022-12-13T14:11:24+01:00 logger.go:66:   # (config refers to values not yet known)
TestExamplesBasicTest 2022-12-13T14:11:24+01:00 logger.go:66:  <= data "aws_iam_policy_document" "aws_lb" {
TestExamplesBasicTest 2022-12-13T14:11:24+01:00 logger.go:66:       + id   = (known after apply)
TestExamplesBasicTest 2022-12-13T14:11:24+01:00 logger.go:66:       + json = (known after apply)
TestExamplesBasicTest 2022-12-13T14:11:24+01:00 logger.go:66:
TestExamplesBasicTest 2022-12-13T14:11:24+01:00 logger.go:66:       + statement {
TestExamplesBasicTest 2022-12-13T14:11:24+01:00 logger.go:66:           + actions   = [
TestExamplesBasicTest 2022-12-13T14:11:24+01:00 logger.go:66:               + "iam:CreateServiceLinkedRole",
TestExamplesBasicTest 2022-12-13T14:11:24+01:00 logger.go:66:             ]
TestExamplesBasicTest 2022-12-13T14:11:24+01:00 logger.go:66:           + effect    = "Allow"
TestExamplesBasicTest 2022-12-13T14:11:24+01:00 logger.go:66:           + resources = [
TestExamplesBasicTest 2022-12-13T14:11:24+01:00 logger.go:66:               + "*",
TestExamplesBasicTest 2022-12-13T14:11:24+01:00 logger.go:66:             ]
TestExamplesBasicTest 2022-12-13T14:11:24+01:00 logger.go:66:
TestExamplesBasicTest 2022-12-13T14:11:24+01:00 logger.go:66:           + condition {
TestExamplesBasicTest 2022-12-13T14:11:24+01:00 logger.go:66:               + test     = "StringEquals"
TestExamplesBasicTest 2022-12-13T14:11:24+01:00 logger.go:66:               + values   = [
TestExamplesBasicTest 2022-12-13T14:11:24+01:00 logger.go:66:                   + "elasticloadbalancing.amazonaws.com",
TestExamplesBasicTest 2022-12-13T14:11:24+01:00 logger.go:66:                 ]
TestExamplesBasicTest 2022-12-13T14:11:24+01:00 logger.go:66:               + variable = "iam:AWSServiceName"
TestExamplesBasicTest 2022-12-13T14:11:24+01:00 logger.go:66:             }
TestExamplesBasicTest 2022-12-13T14:11:24+01:00 logger.go:66:         }
TestExamplesBasicTest 2022-12-13T14:11:24+01:00 logger.go:66:       + statement {
TestExamplesBasicTest 2022-12-13T14:11:24+01:00 logger.go:66:           + actions   = [
TestExamplesBasicTest 2022-12-13T14:11:24+01:00 logger.go:66:               + "ec2:DescribeAccountAttributes",
TestExamplesBasicTest 2022-12-13T14:11:24+01:00 logger.go:66:               + "ec2:DescribeAddresses",
TestExamplesBasicTest 2022-12-13T14:11:24+01:00 logger.go:66:               + "ec2:DescribeAvailabilityZones",
TestExamplesBasicTest 2022-12-13T14:11:24+01:00 logger.go:66:               + "ec2:DescribeCoipPools",
TestExamplesBasicTest 2022-12-13T14:11:24+01:00 logger.go:66:               + "ec2:DescribeInstances",
TestExamplesBasicTest 2022-12-13T14:11:24+01:00 logger.go:66:               + "ec2:DescribeInternetGateways",
TestExamplesBasicTest 2022-12-13T14:11:24+01:00 logger.go:66:               + "ec2:DescribeNetworkInterfaces",
TestExamplesBasicTest 2022-12-13T14:11:24+01:00 logger.go:66:               + "ec2:DescribeSecurityGroups",
TestExamplesBasicTest 2022-12-13T14:11:24+01:00 logger.go:66:               + "ec2:DescribeSubnets",
TestExamplesBasicTest 2022-12-13T14:11:24+01:00 logger.go:66:               + "ec2:DescribeTags",
TestExamplesBasicTest 2022-12-13T14:11:24+01:00 logger.go:66:               + "ec2:DescribeVpcPeeringConnections",
TestExamplesBasicTest 2022-12-13T14:11:24+01:00 logger.go:66:               + "ec2:DescribeVpcs",
TestExamplesBasicTest 2022-12-13T14:11:24+01:00 logger.go:66:               + "ec2:GetCoipPoolUsage",
TestExamplesBasicTest 2022-12-13T14:11:24+01:00 logger.go:66:               + "elasticloadbalancing:DescribeListenerCertificates",
TestExamplesBasicTest 2022-12-13T14:11:24+01:00 logger.go:66:               + "elasticloadbalancing:DescribeListeners",
TestExamplesBasicTest 2022-12-13T14:11:24+01:00 logger.go:66:               + "elasticloadbalancing:DescribeLoadBalancerAttributes",
TestExamplesBasicTest 2022-12-13T14:11:24+01:00 logger.go:66:               + "elasticloadbalancing:DescribeLoadBalancers",
TestExamplesBasicTest 2022-12-13T14:11:24+01:00 logger.go:66:               + "elasticloadbalancing:DescribeRules",
TestExamplesBasicTest 2022-12-13T14:11:24+01:00 logger.go:66:               + "elasticloadbalancing:DescribeSSLPolicies",
TestExamplesBasicTest 2022-12-13T14:11:24+01:00 logger.go:66:               + "elasticloadbalancing:DescribeTags",
TestExamplesBasicTest 2022-12-13T14:11:24+01:00 logger.go:66:               + "elasticloadbalancing:DescribeTargetGroupAttributes",
TestExamplesBasicTest 2022-12-13T14:11:24+01:00 logger.go:66:               + "elasticloadbalancing:DescribeTargetGroups",
TestExamplesBasicTest 2022-12-13T14:11:24+01:00 logger.go:66:               + "elasticloadbalancing:DescribeTargetHealth",
TestExamplesBasicTest 2022-12-13T14:11:24+01:00 logger.go:66:             ]
TestExamplesBasicTest 2022-12-13T14:11:24+01:00 logger.go:66:           + effect    = "Allow"
TestExamplesBasicTest 2022-12-13T14:11:24+01:00 logger.go:66:           + resources = [
TestExamplesBasicTest 2022-12-13T14:11:24+01:00 logger.go:66:               + "*",
TestExamplesBasicTest 2022-12-13T14:11:24+01:00 logger.go:66:             ]
TestExamplesBasicTest 2022-12-13T14:11:24+01:00 logger.go:66:         }
TestExamplesBasicTest 2022-12-13T14:11:24+01:00 logger.go:66:       + statement {
TestExamplesBasicTest 2022-12-13T14:11:24+01:00 logger.go:66:           + actions   = [
TestExamplesBasicTest 2022-12-13T14:11:24+01:00 logger.go:66:               + "acm:DescribeCertificate",
TestExamplesBasicTest 2022-12-13T14:11:24+01:00 logger.go:66:               + "acm:ListCertificates",
TestExamplesBasicTest 2022-12-13T14:11:24+01:00 logger.go:66:               + "cognito-idp:DescribeUserPoolClient",
TestExamplesBasicTest 2022-12-13T14:11:24+01:00 logger.go:66:               + "iam:GetServerCertificate",
TestExamplesBasicTest 2022-12-13T14:11:24+01:00 logger.go:66:               + "iam:ListServerCertificates",
TestExamplesBasicTest 2022-12-13T14:11:24+01:00 logger.go:66:               + "shield:CreateProtection",
TestExamplesBasicTest 2022-12-13T14:11:24+01:00 logger.go:66:               + "shield:DeleteProtection",
TestExamplesBasicTest 2022-12-13T14:11:24+01:00 logger.go:66:               + "shield:DescribeProtection",
TestExamplesBasicTest 2022-12-13T14:11:24+01:00 logger.go:66:               + "shield:GetSubscriptionState",
TestExamplesBasicTest 2022-12-13T14:11:24+01:00 logger.go:66:               + "waf-regional:AssociateWebACL",
TestExamplesBasicTest 2022-12-13T14:11:24+01:00 logger.go:66:               + "waf-regional:DisassociateWebACL",
TestExamplesBasicTest 2022-12-13T14:11:24+01:00 logger.go:66:               + "waf-regional:GetWebACL",
TestExamplesBasicTest 2022-12-13T14:11:24+01:00 logger.go:66:               + "waf-regional:GetWebACLForResource",
TestExamplesBasicTest 2022-12-13T14:11:24+01:00 logger.go:66:               + "wafv2:AssociateWebACL",
TestExamplesBasicTest 2022-12-13T14:11:24+01:00 logger.go:66:               + "wafv2:DisassociateWebACL",
TestExamplesBasicTest 2022-12-13T14:11:24+01:00 logger.go:66:               + "wafv2:GetWebACL",
TestExamplesBasicTest 2022-12-13T14:11:24+01:00 logger.go:66:               + "wafv2:GetWebACLForResource",
TestExamplesBasicTest 2022-12-13T14:11:24+01:00 logger.go:66:             ]
TestExamplesBasicTest 2022-12-13T14:11:24+01:00 logger.go:66:           + effect    = "Allow"
TestExamplesBasicTest 2022-12-13T14:11:24+01:00 logger.go:66:           + resources = [
TestExamplesBasicTest 2022-12-13T14:11:24+01:00 logger.go:66:               + "*",
TestExamplesBasicTest 2022-12-13T14:11:24+01:00 logger.go:66:             ]
TestExamplesBasicTest 2022-12-13T14:11:24+01:00 logger.go:66:         }
TestExamplesBasicTest 2022-12-13T14:11:24+01:00 logger.go:66:       + statement {
TestExamplesBasicTest 2022-12-13T14:11:24+01:00 logger.go:66:           + actions   = [
TestExamplesBasicTest 2022-12-13T14:11:24+01:00 logger.go:66:               + "ec2:AuthorizeSecurityGroupIngress",
TestExamplesBasicTest 2022-12-13T14:11:24+01:00 logger.go:66:               + "ec2:RevokeSecurityGroupIngress",
TestExamplesBasicTest 2022-12-13T14:11:24+01:00 logger.go:66:             ]
TestExamplesBasicTest 2022-12-13T14:11:24+01:00 logger.go:66:           + effect    = "Allow"
TestExamplesBasicTest 2022-12-13T14:11:24+01:00 logger.go:66:           + resources = [
TestExamplesBasicTest 2022-12-13T14:11:24+01:00 logger.go:66:               + "*",
TestExamplesBasicTest 2022-12-13T14:11:24+01:00 logger.go:66:             ]
TestExamplesBasicTest 2022-12-13T14:11:24+01:00 logger.go:66:         }
TestExamplesBasicTest 2022-12-13T14:11:24+01:00 logger.go:66:       + statement {
TestExamplesBasicTest 2022-12-13T14:11:24+01:00 logger.go:66:           + actions   = [
TestExamplesBasicTest 2022-12-13T14:11:24+01:00 logger.go:66:               + "ec2:CreateSecurityGroup",
TestExamplesBasicTest 2022-12-13T14:11:24+01:00 logger.go:66:             ]
TestExamplesBasicTest 2022-12-13T14:11:24+01:00 logger.go:66:           + effect    = "Allow"
TestExamplesBasicTest 2022-12-13T14:11:24+01:00 logger.go:66:           + resources = [
TestExamplesBasicTest 2022-12-13T14:11:24+01:00 logger.go:66:               + "*",
TestExamplesBasicTest 2022-12-13T14:11:24+01:00 logger.go:66:             ]
TestExamplesBasicTest 2022-12-13T14:11:24+01:00 logger.go:66:         }
TestExamplesBasicTest 2022-12-13T14:11:24+01:00 logger.go:66:       + statement {
TestExamplesBasicTest 2022-12-13T14:11:24+01:00 logger.go:66:           + actions   = [
TestExamplesBasicTest 2022-12-13T14:11:24+01:00 logger.go:66:               + "ec2:CreateTags",
TestExamplesBasicTest 2022-12-13T14:11:24+01:00 logger.go:66:             ]
TestExamplesBasicTest 2022-12-13T14:11:24+01:00 logger.go:66:           + effect    = "Allow"
TestExamplesBasicTest 2022-12-13T14:11:24+01:00 logger.go:66:           + resources = [
TestExamplesBasicTest 2022-12-13T14:11:24+01:00 logger.go:66:               + (known after apply),
TestExamplesBasicTest 2022-12-13T14:11:24+01:00 logger.go:66:             ]
TestExamplesBasicTest 2022-12-13T14:11:24+01:00 logger.go:66:
TestExamplesBasicTest 2022-12-13T14:11:24+01:00 logger.go:66:           + condition {
TestExamplesBasicTest 2022-12-13T14:11:24+01:00 logger.go:66:               + test     = "Null"
TestExamplesBasicTest 2022-12-13T14:11:24+01:00 logger.go:66:               + values   = [
TestExamplesBasicTest 2022-12-13T14:11:24+01:00 logger.go:66:                   + "false",
TestExamplesBasicTest 2022-12-13T14:11:24+01:00 logger.go:66:                 ]
TestExamplesBasicTest 2022-12-13T14:11:24+01:00 logger.go:66:               + variable = "aws:RequestTag/elbv2.k8s.aws/cluster"
TestExamplesBasicTest 2022-12-13T14:11:24+01:00 logger.go:66:             }
TestExamplesBasicTest 2022-12-13T14:11:24+01:00 logger.go:66:           + condition {
TestExamplesBasicTest 2022-12-13T14:11:24+01:00 logger.go:66:               + test     = "StringEquals"
TestExamplesBasicTest 2022-12-13T14:11:24+01:00 logger.go:66:               + values   = [
TestExamplesBasicTest 2022-12-13T14:11:24+01:00 logger.go:66:                   + "CreateSecurityGroup",
TestExamplesBasicTest 2022-12-13T14:11:24+01:00 logger.go:66:                 ]
TestExamplesBasicTest 2022-12-13T14:11:24+01:00 logger.go:66:               + variable = "ec2:CreateAction"
TestExamplesBasicTest 2022-12-13T14:11:24+01:00 logger.go:66:             }
TestExamplesBasicTest 2022-12-13T14:11:24+01:00 logger.go:66:         }
TestExamplesBasicTest 2022-12-13T14:11:24+01:00 logger.go:66:       + statement {
TestExamplesBasicTest 2022-12-13T14:11:24+01:00 logger.go:66:           + actions   = [
TestExamplesBasicTest 2022-12-13T14:11:24+01:00 logger.go:66:               + "ec2:CreateTags",
TestExamplesBasicTest 2022-12-13T14:11:24+01:00 logger.go:66:               + "ec2:DeleteTags",
TestExamplesBasicTest 2022-12-13T14:11:24+01:00 logger.go:66:             ]
TestExamplesBasicTest 2022-12-13T14:11:24+01:00 logger.go:66:           + effect    = "Allow"
TestExamplesBasicTest 2022-12-13T14:11:24+01:00 logger.go:66:           + resources = [
TestExamplesBasicTest 2022-12-13T14:11:24+01:00 logger.go:66:               + (known after apply),
TestExamplesBasicTest 2022-12-13T14:11:24+01:00 logger.go:66:             ]
TestExamplesBasicTest 2022-12-13T14:11:24+01:00 logger.go:66:
TestExamplesBasicTest 2022-12-13T14:11:24+01:00 logger.go:66:           + condition {
TestExamplesBasicTest 2022-12-13T14:11:24+01:00 logger.go:66:               + test     = "Null"
TestExamplesBasicTest 2022-12-13T14:11:24+01:00 logger.go:66:               + values   = [
TestExamplesBasicTest 2022-12-13T14:11:24+01:00 logger.go:66:                   + "false",
TestExamplesBasicTest 2022-12-13T14:11:24+01:00 logger.go:66:                 ]
TestExamplesBasicTest 2022-12-13T14:11:24+01:00 logger.go:66:               + variable = "aws:ResourceTag/ingress.k8s.aws/cluster"
TestExamplesBasicTest 2022-12-13T14:11:24+01:00 logger.go:66:             }
TestExamplesBasicTest 2022-12-13T14:11:24+01:00 logger.go:66:         }
TestExamplesBasicTest 2022-12-13T14:11:24+01:00 logger.go:66:       + statement {
TestExamplesBasicTest 2022-12-13T14:11:24+01:00 logger.go:66:           + actions   = [
TestExamplesBasicTest 2022-12-13T14:11:24+01:00 logger.go:66:               + "elasticloadbalancing:AddTags",
TestExamplesBasicTest 2022-12-13T14:11:24+01:00 logger.go:66:               + "elasticloadbalancing:DeleteTargetGroup",
TestExamplesBasicTest 2022-12-13T14:11:24+01:00 logger.go:66:               + "elasticloadbalancing:RemoveTags",
TestExamplesBasicTest 2022-12-13T14:11:24+01:00 logger.go:66:             ]
TestExamplesBasicTest 2022-12-13T14:11:24+01:00 logger.go:66:           + effect    = "Allow"
TestExamplesBasicTest 2022-12-13T14:11:24+01:00 logger.go:66:           + resources = [
TestExamplesBasicTest 2022-12-13T14:11:24+01:00 logger.go:66:               + (known after apply),
TestExamplesBasicTest 2022-12-13T14:11:24+01:00 logger.go:66:               + (known after apply),
TestExamplesBasicTest 2022-12-13T14:11:24+01:00 logger.go:66:               + (known after apply),
TestExamplesBasicTest 2022-12-13T14:11:24+01:00 logger.go:66:             ]
TestExamplesBasicTest 2022-12-13T14:11:24+01:00 logger.go:66:
TestExamplesBasicTest 2022-12-13T14:11:24+01:00 logger.go:66:           + condition {
TestExamplesBasicTest 2022-12-13T14:11:24+01:00 logger.go:66:               + test     = "Null"
TestExamplesBasicTest 2022-12-13T14:11:24+01:00 logger.go:66:               + values   = [
TestExamplesBasicTest 2022-12-13T14:11:24+01:00 logger.go:66:                   + "false",
TestExamplesBasicTest 2022-12-13T14:11:24+01:00 logger.go:66:                 ]
TestExamplesBasicTest 2022-12-13T14:11:24+01:00 logger.go:66:               + variable = "aws:ResourceTag/ingress.k8s.aws/cluster"
TestExamplesBasicTest 2022-12-13T14:11:24+01:00 logger.go:66:             }
TestExamplesBasicTest 2022-12-13T14:11:24+01:00 logger.go:66:         }
TestExamplesBasicTest 2022-12-13T14:11:24+01:00 logger.go:66:       + statement {
TestExamplesBasicTest 2022-12-13T14:11:24+01:00 logger.go:66:           + actions   = [
TestExamplesBasicTest 2022-12-13T14:11:24+01:00 logger.go:66:               + "ec2:CreateTags",
TestExamplesBasicTest 2022-12-13T14:11:24+01:00 logger.go:66:               + "ec2:DeleteTags",
TestExamplesBasicTest 2022-12-13T14:11:24+01:00 logger.go:66:             ]
TestExamplesBasicTest 2022-12-13T14:11:24+01:00 logger.go:66:           + effect    = "Allow"
TestExamplesBasicTest 2022-12-13T14:11:24+01:00 logger.go:66:           + resources = [
TestExamplesBasicTest 2022-12-13T14:11:24+01:00 logger.go:66:               + (known after apply),
TestExamplesBasicTest 2022-12-13T14:11:24+01:00 logger.go:66:             ]
TestExamplesBasicTest 2022-12-13T14:11:24+01:00 logger.go:66:
TestExamplesBasicTest 2022-12-13T14:11:24+01:00 logger.go:66:           + condition {
TestExamplesBasicTest 2022-12-13T14:11:24+01:00 logger.go:66:               + test     = "Null"
TestExamplesBasicTest 2022-12-13T14:11:24+01:00 logger.go:66:               + values   = [
TestExamplesBasicTest 2022-12-13T14:11:24+01:00 logger.go:66:                   + "false",
TestExamplesBasicTest 2022-12-13T14:11:24+01:00 logger.go:66:                 ]
TestExamplesBasicTest 2022-12-13T14:11:24+01:00 logger.go:66:               + variable = "aws:ResourceTag/elbv2.k8s.aws/cluster"
TestExamplesBasicTest 2022-12-13T14:11:24+01:00 logger.go:66:             }
TestExamplesBasicTest 2022-12-13T14:11:24+01:00 logger.go:66:           + condition {
TestExamplesBasicTest 2022-12-13T14:11:24+01:00 logger.go:66:               + test     = "Null"
TestExamplesBasicTest 2022-12-13T14:11:24+01:00 logger.go:66:               + values   = [
TestExamplesBasicTest 2022-12-13T14:11:24+01:00 logger.go:66:                   + "true",
TestExamplesBasicTest 2022-12-13T14:11:24+01:00 logger.go:66:                 ]
TestExamplesBasicTest 2022-12-13T14:11:24+01:00 logger.go:66:               + variable = "aws:RequestTag/elbv2.k8s.aws/cluster"
TestExamplesBasicTest 2022-12-13T14:11:24+01:00 logger.go:66:             }
TestExamplesBasicTest 2022-12-13T14:11:24+01:00 logger.go:66:         }
TestExamplesBasicTest 2022-12-13T14:11:24+01:00 logger.go:66:       + statement {
TestExamplesBasicTest 2022-12-13T14:11:24+01:00 logger.go:66:           + actions   = [
TestExamplesBasicTest 2022-12-13T14:11:24+01:00 logger.go:66:               + "ec2:AuthorizeSecurityGroupIngress",
TestExamplesBasicTest 2022-12-13T14:11:24+01:00 logger.go:66:               + "ec2:DeleteSecurityGroup",
TestExamplesBasicTest 2022-12-13T14:11:24+01:00 logger.go:66:               + "ec2:RevokeSecurityGroupIngress",
TestExamplesBasicTest 2022-12-13T14:11:24+01:00 logger.go:66:             ]
TestExamplesBasicTest 2022-12-13T14:11:24+01:00 logger.go:66:           + effect    = "Allow"
TestExamplesBasicTest 2022-12-13T14:11:24+01:00 logger.go:66:           + resources = [
TestExamplesBasicTest 2022-12-13T14:11:24+01:00 logger.go:66:               + "*",
TestExamplesBasicTest 2022-12-13T14:11:24+01:00 logger.go:66:             ]
TestExamplesBasicTest 2022-12-13T14:11:24+01:00 logger.go:66:
TestExamplesBasicTest 2022-12-13T14:11:24+01:00 logger.go:66:           + condition {
TestExamplesBasicTest 2022-12-13T14:11:24+01:00 logger.go:66:               + test     = "Null"
TestExamplesBasicTest 2022-12-13T14:11:24+01:00 logger.go:66:               + values   = [
TestExamplesBasicTest 2022-12-13T14:11:24+01:00 logger.go:66:                   + "false",
TestExamplesBasicTest 2022-12-13T14:11:24+01:00 logger.go:66:                 ]
TestExamplesBasicTest 2022-12-13T14:11:24+01:00 logger.go:66:               + variable = "aws:ResourceTag/elbv2.k8s.aws/cluster"
TestExamplesBasicTest 2022-12-13T14:11:24+01:00 logger.go:66:             }
TestExamplesBasicTest 2022-12-13T14:11:24+01:00 logger.go:66:         }
TestExamplesBasicTest 2022-12-13T14:11:24+01:00 logger.go:66:       + statement {
TestExamplesBasicTest 2022-12-13T14:11:24+01:00 logger.go:66:           + actions   = [
TestExamplesBasicTest 2022-12-13T14:11:24+01:00 logger.go:66:               + "elasticloadbalancing:CreateLoadBalancer",
TestExamplesBasicTest 2022-12-13T14:11:24+01:00 logger.go:66:               + "elasticloadbalancing:CreateTargetGroup",
TestExamplesBasicTest 2022-12-13T14:11:24+01:00 logger.go:66:             ]
TestExamplesBasicTest 2022-12-13T14:11:24+01:00 logger.go:66:           + effect    = "Allow"
TestExamplesBasicTest 2022-12-13T14:11:24+01:00 logger.go:66:           + resources = [
TestExamplesBasicTest 2022-12-13T14:11:24+01:00 logger.go:66:               + "*",
TestExamplesBasicTest 2022-12-13T14:11:24+01:00 logger.go:66:             ]
TestExamplesBasicTest 2022-12-13T14:11:24+01:00 logger.go:66:
TestExamplesBasicTest 2022-12-13T14:11:24+01:00 logger.go:66:           + condition {
TestExamplesBasicTest 2022-12-13T14:11:24+01:00 logger.go:66:               + test     = "Null"
TestExamplesBasicTest 2022-12-13T14:11:24+01:00 logger.go:66:               + values   = [
TestExamplesBasicTest 2022-12-13T14:11:24+01:00 logger.go:66:                   + "false",
TestExamplesBasicTest 2022-12-13T14:11:24+01:00 logger.go:66:                 ]
TestExamplesBasicTest 2022-12-13T14:11:24+01:00 logger.go:66:               + variable = "aws:RequestTag/elbv2.k8s.aws/cluster"
TestExamplesBasicTest 2022-12-13T14:11:24+01:00 logger.go:66:             }
TestExamplesBasicTest 2022-12-13T14:11:24+01:00 logger.go:66:         }
TestExamplesBasicTest 2022-12-13T14:11:24+01:00 logger.go:66:       + statement {
TestExamplesBasicTest 2022-12-13T14:11:24+01:00 logger.go:66:           + actions   = [
TestExamplesBasicTest 2022-12-13T14:11:24+01:00 logger.go:66:               + "elasticloadbalancing:CreateListener",
TestExamplesBasicTest 2022-12-13T14:11:24+01:00 logger.go:66:               + "elasticloadbalancing:CreateRule",
TestExamplesBasicTest 2022-12-13T14:11:24+01:00 logger.go:66:               + "elasticloadbalancing:DeleteListener",
TestExamplesBasicTest 2022-12-13T14:11:24+01:00 logger.go:66:               + "elasticloadbalancing:DeleteRule",
TestExamplesBasicTest 2022-12-13T14:11:24+01:00 logger.go:66:             ]
TestExamplesBasicTest 2022-12-13T14:11:24+01:00 logger.go:66:           + effect    = "Allow"
TestExamplesBasicTest 2022-12-13T14:11:24+01:00 logger.go:66:           + resources = [
TestExamplesBasicTest 2022-12-13T14:11:24+01:00 logger.go:66:               + "*",
TestExamplesBasicTest 2022-12-13T14:11:24+01:00 logger.go:66:             ]
TestExamplesBasicTest 2022-12-13T14:11:24+01:00 logger.go:66:         }
TestExamplesBasicTest 2022-12-13T14:11:24+01:00 logger.go:66:       + statement {
TestExamplesBasicTest 2022-12-13T14:11:24+01:00 logger.go:66:           + actions   = [
TestExamplesBasicTest 2022-12-13T14:11:24+01:00 logger.go:66:               + "elasticloadbalancing:AddTags",
TestExamplesBasicTest 2022-12-13T14:11:24+01:00 logger.go:66:               + "elasticloadbalancing:RemoveTags",
TestExamplesBasicTest 2022-12-13T14:11:24+01:00 logger.go:66:             ]
TestExamplesBasicTest 2022-12-13T14:11:24+01:00 logger.go:66:           + effect    = "Allow"
TestExamplesBasicTest 2022-12-13T14:11:24+01:00 logger.go:66:           + resources = [
TestExamplesBasicTest 2022-12-13T14:11:24+01:00 logger.go:66:               + (known after apply),
TestExamplesBasicTest 2022-12-13T14:11:24+01:00 logger.go:66:               + (known after apply),
TestExamplesBasicTest 2022-12-13T14:11:24+01:00 logger.go:66:               + (known after apply),
TestExamplesBasicTest 2022-12-13T14:11:24+01:00 logger.go:66:             ]
TestExamplesBasicTest 2022-12-13T14:11:24+01:00 logger.go:66:
TestExamplesBasicTest 2022-12-13T14:11:24+01:00 logger.go:66:           + condition {
TestExamplesBasicTest 2022-12-13T14:11:24+01:00 logger.go:66:               + test     = "Null"
TestExamplesBasicTest 2022-12-13T14:11:24+01:00 logger.go:66:               + values   = [
TestExamplesBasicTest 2022-12-13T14:11:24+01:00 logger.go:66:                   + "false",
TestExamplesBasicTest 2022-12-13T14:11:24+01:00 logger.go:66:                 ]
TestExamplesBasicTest 2022-12-13T14:11:24+01:00 logger.go:66:               + variable = "aws:ResourceTag/elbv2.k8s.aws/cluster"
TestExamplesBasicTest 2022-12-13T14:11:24+01:00 logger.go:66:             }
TestExamplesBasicTest 2022-12-13T14:11:24+01:00 logger.go:66:           + condition {
TestExamplesBasicTest 2022-12-13T14:11:24+01:00 logger.go:66:               + test     = "Null"
TestExamplesBasicTest 2022-12-13T14:11:24+01:00 logger.go:66:               + values   = [
TestExamplesBasicTest 2022-12-13T14:11:24+01:00 logger.go:66:                   + "true",
TestExamplesBasicTest 2022-12-13T14:11:24+01:00 logger.go:66:                 ]
TestExamplesBasicTest 2022-12-13T14:11:24+01:00 logger.go:66:               + variable = "aws:RequestTag/elbv2.k8s.aws/cluster"
TestExamplesBasicTest 2022-12-13T14:11:24+01:00 logger.go:66:             }
TestExamplesBasicTest 2022-12-13T14:11:24+01:00 logger.go:66:         }
TestExamplesBasicTest 2022-12-13T14:11:24+01:00 logger.go:66:       + statement {
TestExamplesBasicTest 2022-12-13T14:11:24+01:00 logger.go:66:           + actions   = [
TestExamplesBasicTest 2022-12-13T14:11:24+01:00 logger.go:66:               + "elasticloadbalancing:AddTags",
TestExamplesBasicTest 2022-12-13T14:11:24+01:00 logger.go:66:               + "elasticloadbalancing:RemoveTags",
TestExamplesBasicTest 2022-12-13T14:11:24+01:00 logger.go:66:             ]
TestExamplesBasicTest 2022-12-13T14:11:24+01:00 logger.go:66:           + effect    = "Allow"
TestExamplesBasicTest 2022-12-13T14:11:24+01:00 logger.go:66:           + resources = [
TestExamplesBasicTest 2022-12-13T14:11:24+01:00 logger.go:66:               + (known after apply),
TestExamplesBasicTest 2022-12-13T14:11:24+01:00 logger.go:66:               + (known after apply),
TestExamplesBasicTest 2022-12-13T14:11:24+01:00 logger.go:66:               + (known after apply),
TestExamplesBasicTest 2022-12-13T14:11:24+01:00 logger.go:66:               + (known after apply),
TestExamplesBasicTest 2022-12-13T14:11:24+01:00 logger.go:66:             ]
TestExamplesBasicTest 2022-12-13T14:11:24+01:00 logger.go:66:         }
TestExamplesBasicTest 2022-12-13T14:11:24+01:00 logger.go:66:       + statement {
TestExamplesBasicTest 2022-12-13T14:11:24+01:00 logger.go:66:           + actions   = [
TestExamplesBasicTest 2022-12-13T14:11:24+01:00 logger.go:66:               + "elasticloadbalancing:DeleteLoadBalancer",
TestExamplesBasicTest 2022-12-13T14:11:24+01:00 logger.go:66:               + "elasticloadbalancing:DeleteTargetGroup",
TestExamplesBasicTest 2022-12-13T14:11:24+01:00 logger.go:66:               + "elasticloadbalancing:ModifyLoadBalancerAttributes",
TestExamplesBasicTest 2022-12-13T14:11:24+01:00 logger.go:66:               + "elasticloadbalancing:ModifyTargetGroup",
TestExamplesBasicTest 2022-12-13T14:11:24+01:00 logger.go:66:               + "elasticloadbalancing:ModifyTargetGroupAttributes",
TestExamplesBasicTest 2022-12-13T14:11:24+01:00 logger.go:66:               + "elasticloadbalancing:SetIpAddressType",
TestExamplesBasicTest 2022-12-13T14:11:24+01:00 logger.go:66:               + "elasticloadbalancing:SetSecurityGroups",
TestExamplesBasicTest 2022-12-13T14:11:24+01:00 logger.go:66:               + "elasticloadbalancing:SetSubnets",
TestExamplesBasicTest 2022-12-13T14:11:24+01:00 logger.go:66:             ]
TestExamplesBasicTest 2022-12-13T14:11:24+01:00 logger.go:66:           + effect    = "Allow"
TestExamplesBasicTest 2022-12-13T14:11:24+01:00 logger.go:66:           + resources = [
TestExamplesBasicTest 2022-12-13T14:11:24+01:00 logger.go:66:               + "*",
TestExamplesBasicTest 2022-12-13T14:11:24+01:00 logger.go:66:             ]
TestExamplesBasicTest 2022-12-13T14:11:24+01:00 logger.go:66:
TestExamplesBasicTest 2022-12-13T14:11:24+01:00 logger.go:66:           + condition {
TestExamplesBasicTest 2022-12-13T14:11:24+01:00 logger.go:66:               + test     = "Null"
TestExamplesBasicTest 2022-12-13T14:11:24+01:00 logger.go:66:               + values   = [
TestExamplesBasicTest 2022-12-13T14:11:24+01:00 logger.go:66:                   + "false",
TestExamplesBasicTest 2022-12-13T14:11:24+01:00 logger.go:66:                 ]
TestExamplesBasicTest 2022-12-13T14:11:24+01:00 logger.go:66:               + variable = "aws:ResourceTag/elbv2.k8s.aws/cluster"
TestExamplesBasicTest 2022-12-13T14:11:24+01:00 logger.go:66:             }
TestExamplesBasicTest 2022-12-13T14:11:24+01:00 logger.go:66:         }
TestExamplesBasicTest 2022-12-13T14:11:24+01:00 logger.go:66:       + statement {
TestExamplesBasicTest 2022-12-13T14:11:24+01:00 logger.go:66:           + actions   = [
TestExamplesBasicTest 2022-12-13T14:11:24+01:00 logger.go:66:               + "elasticloadbalancing:DeregisterTargets",
TestExamplesBasicTest 2022-12-13T14:11:24+01:00 logger.go:66:               + "elasticloadbalancing:RegisterTargets",
TestExamplesBasicTest 2022-12-13T14:11:24+01:00 logger.go:66:             ]
TestExamplesBasicTest 2022-12-13T14:11:24+01:00 logger.go:66:           + effect    = "Allow"
TestExamplesBasicTest 2022-12-13T14:11:24+01:00 logger.go:66:           + resources = [
TestExamplesBasicTest 2022-12-13T14:11:24+01:00 logger.go:66:               + (known after apply),
TestExamplesBasicTest 2022-12-13T14:11:24+01:00 logger.go:66:             ]
TestExamplesBasicTest 2022-12-13T14:11:24+01:00 logger.go:66:         }
TestExamplesBasicTest 2022-12-13T14:11:24+01:00 logger.go:66:       + statement {
TestExamplesBasicTest 2022-12-13T14:11:24+01:00 logger.go:66:           + actions   = [
TestExamplesBasicTest 2022-12-13T14:11:24+01:00 logger.go:66:               + "elasticloadbalancing:AddListenerCertificates",
TestExamplesBasicTest 2022-12-13T14:11:24+01:00 logger.go:66:               + "elasticloadbalancing:ModifyListener",
TestExamplesBasicTest 2022-12-13T14:11:24+01:00 logger.go:66:               + "elasticloadbalancing:ModifyRule",
TestExamplesBasicTest 2022-12-13T14:11:24+01:00 logger.go:66:               + "elasticloadbalancing:RemoveListenerCertificates",
TestExamplesBasicTest 2022-12-13T14:11:24+01:00 logger.go:66:               + "elasticloadbalancing:SetWebAcl",
TestExamplesBasicTest 2022-12-13T14:11:24+01:00 logger.go:66:             ]
TestExamplesBasicTest 2022-12-13T14:11:24+01:00 logger.go:66:           + effect    = "Allow"
TestExamplesBasicTest 2022-12-13T14:11:24+01:00 logger.go:66:           + resources = [
TestExamplesBasicTest 2022-12-13T14:11:24+01:00 logger.go:66:               + "*",
TestExamplesBasicTest 2022-12-13T14:11:24+01:00 logger.go:66:             ]
TestExamplesBasicTest 2022-12-13T14:11:24+01:00 logger.go:66:         }
TestExamplesBasicTest 2022-12-13T14:11:24+01:00 logger.go:66:     }
TestExamplesBasicTest 2022-12-13T14:11:24+01:00 logger.go:66:
TestExamplesBasicTest 2022-12-13T14:11:24+01:00 logger.go:66:   # module.eks_blueprints_kubernetes_addons.module.aws_load_balancer_controller[0].aws_iam_policy.aws_load_balancer_controller will be created
TestExamplesBasicTest 2022-12-13T14:11:24+01:00 logger.go:66:   + resource "aws_iam_policy" "aws_load_balancer_controller" {
TestExamplesBasicTest 2022-12-13T14:11:24+01:00 logger.go:66:       + arn         = (known after apply)
TestExamplesBasicTest 2022-12-13T14:11:24+01:00 logger.go:66:       + description = "Allows lb controller to manage ALB and NLB"
TestExamplesBasicTest 2022-12-13T14:11:24+01:00 logger.go:66:       + id          = (known after apply)
TestExamplesBasicTest 2022-12-13T14:11:24+01:00 logger.go:66:       + name        = (known after apply)
TestExamplesBasicTest 2022-12-13T14:11:24+01:00 logger.go:66:       + path        = "/"
TestExamplesBasicTest 2022-12-13T14:11:24+01:00 logger.go:66:       + policy      = (known after apply)
TestExamplesBasicTest 2022-12-13T14:11:24+01:00 logger.go:66:       + policy_id   = (known after apply)
TestExamplesBasicTest 2022-12-13T14:11:24+01:00 logger.go:66:       + tags_all    = (known after apply)
TestExamplesBasicTest 2022-12-13T14:11:24+01:00 logger.go:66:     }
TestExamplesBasicTest 2022-12-13T14:11:24+01:00 logger.go:66:
TestExamplesBasicTest 2022-12-13T14:11:24+01:00 logger.go:66:   # module.eks_blueprints_kubernetes_addons.module.cert_manager[0].data.aws_iam_policy_document.cert_manager_iam_policy_document will be read during apply
TestExamplesBasicTest 2022-12-13T14:11:24+01:00 logger.go:66:   # (config refers to values not yet known)
TestExamplesBasicTest 2022-12-13T14:11:24+01:00 logger.go:66:  <= data "aws_iam_policy_document" "cert_manager_iam_policy_document" {
TestExamplesBasicTest 2022-12-13T14:11:24+01:00 logger.go:66:       + id   = (known after apply)
TestExamplesBasicTest 2022-12-13T14:11:24+01:00 logger.go:66:       + json = (known after apply)
TestExamplesBasicTest 2022-12-13T14:11:24+01:00 logger.go:66:
TestExamplesBasicTest 2022-12-13T14:11:24+01:00 logger.go:66:       + statement {
TestExamplesBasicTest 2022-12-13T14:11:24+01:00 logger.go:66:           + actions   = [
TestExamplesBasicTest 2022-12-13T14:11:24+01:00 logger.go:66:               + "route53:GetChange",
TestExamplesBasicTest 2022-12-13T14:11:24+01:00 logger.go:66:             ]
TestExamplesBasicTest 2022-12-13T14:11:24+01:00 logger.go:66:           + effect    = "Allow"
TestExamplesBasicTest 2022-12-13T14:11:24+01:00 logger.go:66:           + resources = [
TestExamplesBasicTest 2022-12-13T14:11:24+01:00 logger.go:66:               + (known after apply),
TestExamplesBasicTest 2022-12-13T14:11:24+01:00 logger.go:66:             ]
TestExamplesBasicTest 2022-12-13T14:11:24+01:00 logger.go:66:         }
TestExamplesBasicTest 2022-12-13T14:11:24+01:00 logger.go:66:       + statement {
TestExamplesBasicTest 2022-12-13T14:11:24+01:00 logger.go:66:           + actions   = [
TestExamplesBasicTest 2022-12-13T14:11:24+01:00 logger.go:66:               + "route53:ListHostedZonesByName",
TestExamplesBasicTest 2022-12-13T14:11:24+01:00 logger.go:66:             ]
TestExamplesBasicTest 2022-12-13T14:11:24+01:00 logger.go:66:           + effect    = "Allow"
TestExamplesBasicTest 2022-12-13T14:11:24+01:00 logger.go:66:           + resources = [
TestExamplesBasicTest 2022-12-13T14:11:24+01:00 logger.go:66:               + "*",
TestExamplesBasicTest 2022-12-13T14:11:24+01:00 logger.go:66:             ]
TestExamplesBasicTest 2022-12-13T14:11:24+01:00 logger.go:66:         }
TestExamplesBasicTest 2022-12-13T14:11:24+01:00 logger.go:66:     }
TestExamplesBasicTest 2022-12-13T14:11:24+01:00 logger.go:66:
TestExamplesBasicTest 2022-12-13T14:11:24+01:00 logger.go:66:   # module.eks_blueprints_kubernetes_addons.module.cert_manager[0].aws_iam_policy.cert_manager will be created
TestExamplesBasicTest 2022-12-13T14:11:24+01:00 logger.go:66:   + resource "aws_iam_policy" "cert_manager" {
TestExamplesBasicTest 2022-12-13T14:11:24+01:00 logger.go:66:       + arn         = (known after apply)
TestExamplesBasicTest 2022-12-13T14:11:24+01:00 logger.go:66:       + description = "cert-manager IAM policy."
TestExamplesBasicTest 2022-12-13T14:11:24+01:00 logger.go:66:       + id          = (known after apply)
TestExamplesBasicTest 2022-12-13T14:11:24+01:00 logger.go:66:       + name        = (known after apply)
TestExamplesBasicTest 2022-12-13T14:11:24+01:00 logger.go:66:       + path        = "/"
TestExamplesBasicTest 2022-12-13T14:11:24+01:00 logger.go:66:       + policy      = (known after apply)
TestExamplesBasicTest 2022-12-13T14:11:24+01:00 logger.go:66:       + policy_id   = (known after apply)
TestExamplesBasicTest 2022-12-13T14:11:24+01:00 logger.go:66:       + tags_all    = (known after apply)
TestExamplesBasicTest 2022-12-13T14:11:24+01:00 logger.go:66:     }
TestExamplesBasicTest 2022-12-13T14:11:24+01:00 logger.go:66:
TestExamplesBasicTest 2022-12-13T14:11:24+01:00 logger.go:66:   # module.eks_blueprints_kubernetes_addons.module.cert_manager[0].helm_release.cert_manager_ca[0] will be created
TestExamplesBasicTest 2022-12-13T14:11:24+01:00 logger.go:66:   + resource "helm_release" "cert_manager_ca" {
TestExamplesBasicTest 2022-12-13T14:11:24+01:00 logger.go:66:       + atomic                     = false
TestExamplesBasicTest 2022-12-13T14:11:24+01:00 logger.go:66:       + chart                      = ".terraform/modules/eks_blueprints_kubernetes_addons/modules/kubernetes-addons/cert-manager/cert-manager-ca"
TestExamplesBasicTest 2022-12-13T14:11:24+01:00 logger.go:66:       + cleanup_on_fail            = false
TestExamplesBasicTest 2022-12-13T14:11:24+01:00 logger.go:66:       + create_namespace           = false
TestExamplesBasicTest 2022-12-13T14:11:24+01:00 logger.go:66:       + dependency_update          = false
TestExamplesBasicTest 2022-12-13T14:11:24+01:00 logger.go:66:       + disable_crd_hooks          = false
TestExamplesBasicTest 2022-12-13T14:11:24+01:00 logger.go:66:       + disable_openapi_validation = false
TestExamplesBasicTest 2022-12-13T14:11:24+01:00 logger.go:66:       + disable_webhooks           = false
TestExamplesBasicTest 2022-12-13T14:11:24+01:00 logger.go:66:       + force_update               = false
TestExamplesBasicTest 2022-12-13T14:11:24+01:00 logger.go:66:       + id                         = (known after apply)
TestExamplesBasicTest 2022-12-13T14:11:24+01:00 logger.go:66:       + lint                       = false
TestExamplesBasicTest 2022-12-13T14:11:24+01:00 logger.go:66:       + manifest                   = (known after apply)
TestExamplesBasicTest 2022-12-13T14:11:24+01:00 logger.go:66:       + max_history                = 0
TestExamplesBasicTest 2022-12-13T14:11:24+01:00 logger.go:66:       + metadata                   = (known after apply)
TestExamplesBasicTest 2022-12-13T14:11:24+01:00 logger.go:66:       + name                       = "cert-manager-ca"
TestExamplesBasicTest 2022-12-13T14:11:24+01:00 logger.go:66:       + namespace                  = "cert-manager"
TestExamplesBasicTest 2022-12-13T14:11:24+01:00 logger.go:66:       + pass_credentials           = false
TestExamplesBasicTest 2022-12-13T14:11:24+01:00 logger.go:66:       + recreate_pods              = false
TestExamplesBasicTest 2022-12-13T14:11:24+01:00 logger.go:66:       + render_subchart_notes      = true
TestExamplesBasicTest 2022-12-13T14:11:24+01:00 logger.go:66:       + replace                    = false
TestExamplesBasicTest 2022-12-13T14:11:24+01:00 logger.go:66:       + reset_values               = false
TestExamplesBasicTest 2022-12-13T14:11:24+01:00 logger.go:66:       + reuse_values               = false
TestExamplesBasicTest 2022-12-13T14:11:24+01:00 logger.go:66:       + skip_crds                  = false
TestExamplesBasicTest 2022-12-13T14:11:24+01:00 logger.go:66:       + status                     = "deployed"
TestExamplesBasicTest 2022-12-13T14:11:24+01:00 logger.go:66:       + timeout                    = 300
TestExamplesBasicTest 2022-12-13T14:11:24+01:00 logger.go:66:       + verify                     = false
TestExamplesBasicTest 2022-12-13T14:11:24+01:00 logger.go:66:       + version                    = "0.2.0"
TestExamplesBasicTest 2022-12-13T14:11:24+01:00 logger.go:66:       + wait                       = true
TestExamplesBasicTest 2022-12-13T14:11:24+01:00 logger.go:66:       + wait_for_jobs              = false
TestExamplesBasicTest 2022-12-13T14:11:24+01:00 logger.go:66:     }
TestExamplesBasicTest 2022-12-13T14:11:24+01:00 logger.go:66:
TestExamplesBasicTest 2022-12-13T14:11:24+01:00 logger.go:66:   # module.eks_blueprints_kubernetes_addons.module.cert_manager[0].helm_release.cert_manager_letsencrypt[0] will be created
TestExamplesBasicTest 2022-12-13T14:11:24+01:00 logger.go:66:   + resource "helm_release" "cert_manager_letsencrypt" {
TestExamplesBasicTest 2022-12-13T14:11:24+01:00 logger.go:66:       + atomic                     = false
TestExamplesBasicTest 2022-12-13T14:11:24+01:00 logger.go:66:       + chart                      = ".terraform/modules/eks_blueprints_kubernetes_addons/modules/kubernetes-addons/cert-manager/cert-manager-letsencrypt"
TestExamplesBasicTest 2022-12-13T14:11:24+01:00 logger.go:66:       + cleanup_on_fail            = false
TestExamplesBasicTest 2022-12-13T14:11:24+01:00 logger.go:66:       + create_namespace           = false
TestExamplesBasicTest 2022-12-13T14:11:24+01:00 logger.go:66:       + dependency_update          = false
TestExamplesBasicTest 2022-12-13T14:11:24+01:00 logger.go:66:       + disable_crd_hooks          = false
TestExamplesBasicTest 2022-12-13T14:11:24+01:00 logger.go:66:       + disable_openapi_validation = false
TestExamplesBasicTest 2022-12-13T14:11:24+01:00 logger.go:66:       + disable_webhooks           = false
TestExamplesBasicTest 2022-12-13T14:11:24+01:00 logger.go:66:       + force_update               = false
TestExamplesBasicTest 2022-12-13T14:11:24+01:00 logger.go:66:       + id                         = (known after apply)
TestExamplesBasicTest 2022-12-13T14:11:24+01:00 logger.go:66:       + lint                       = false
TestExamplesBasicTest 2022-12-13T14:11:24+01:00 logger.go:66:       + manifest                   = (known after apply)
TestExamplesBasicTest 2022-12-13T14:11:24+01:00 logger.go:66:       + max_history                = 0
TestExamplesBasicTest 2022-12-13T14:11:24+01:00 logger.go:66:       + metadata                   = (known after apply)
TestExamplesBasicTest 2022-12-13T14:11:24+01:00 logger.go:66:       + name                       = "cert-manager-letsencrypt"
TestExamplesBasicTest 2022-12-13T14:11:24+01:00 logger.go:66:       + namespace                  = "cert-manager"
TestExamplesBasicTest 2022-12-13T14:11:24+01:00 logger.go:66:       + pass_credentials           = false
TestExamplesBasicTest 2022-12-13T14:11:24+01:00 logger.go:66:       + recreate_pods              = false
TestExamplesBasicTest 2022-12-13T14:11:24+01:00 logger.go:66:       + render_subchart_notes      = true
TestExamplesBasicTest 2022-12-13T14:11:24+01:00 logger.go:66:       + replace                    = false
TestExamplesBasicTest 2022-12-13T14:11:24+01:00 logger.go:66:       + reset_values               = false
TestExamplesBasicTest 2022-12-13T14:11:24+01:00 logger.go:66:       + reuse_values               = false
TestExamplesBasicTest 2022-12-13T14:11:24+01:00 logger.go:66:       + skip_crds                  = false
TestExamplesBasicTest 2022-12-13T14:11:24+01:00 logger.go:66:       + status                     = "deployed"
TestExamplesBasicTest 2022-12-13T14:11:24+01:00 logger.go:66:       + timeout                    = 300
TestExamplesBasicTest 2022-12-13T14:11:24+01:00 logger.go:66:       + verify                     = false
TestExamplesBasicTest 2022-12-13T14:11:24+01:00 logger.go:66:       + version                    = "0.1.0"
TestExamplesBasicTest 2022-12-13T14:11:24+01:00 logger.go:66:       + wait                       = true
TestExamplesBasicTest 2022-12-13T14:11:24+01:00 logger.go:66:       + wait_for_jobs              = false
TestExamplesBasicTest 2022-12-13T14:11:24+01:00 logger.go:66:
TestExamplesBasicTest 2022-12-13T14:11:24+01:00 logger.go:66:       + set {
TestExamplesBasicTest 2022-12-13T14:11:24+01:00 logger.go:66:           + name  = "dnsZones"
TestExamplesBasicTest 2022-12-13T14:11:24+01:00 logger.go:66:           + type  = "string"
TestExamplesBasicTest 2022-12-13T14:11:24+01:00 logger.go:66:           + value = jsonencode({})
TestExamplesBasicTest 2022-12-13T14:11:24+01:00 logger.go:66:         }
TestExamplesBasicTest 2022-12-13T14:11:24+01:00 logger.go:66:       + set {
TestExamplesBasicTest 2022-12-13T14:11:24+01:00 logger.go:66:           + name = "email"
TestExamplesBasicTest 2022-12-13T14:11:24+01:00 logger.go:66:           + type = "string"
TestExamplesBasicTest 2022-12-13T14:11:24+01:00 logger.go:66:         }
TestExamplesBasicTest 2022-12-13T14:11:24+01:00 logger.go:66:     }
TestExamplesBasicTest 2022-12-13T14:11:24+01:00 logger.go:66:
TestExamplesBasicTest 2022-12-13T14:11:24+01:00 logger.go:66:   # module.eks_blueprints_kubernetes_addons.module.external_dns[0].data.aws_iam_policy_document.external_dns_iam_policy_document will be read during apply
TestExamplesBasicTest 2022-12-13T14:11:24+01:00 logger.go:66:   # (config refers to values not yet known)
TestExamplesBasicTest 2022-12-13T14:11:24+01:00 logger.go:66:  <= data "aws_iam_policy_document" "external_dns_iam_policy_document" {
TestExamplesBasicTest 2022-12-13T14:11:24+01:00 logger.go:66:       + id   = (known after apply)
TestExamplesBasicTest 2022-12-13T14:11:24+01:00 logger.go:66:       + json = (known after apply)
TestExamplesBasicTest 2022-12-13T14:11:24+01:00 logger.go:66:
TestExamplesBasicTest 2022-12-13T14:11:24+01:00 logger.go:66:       + statement {
TestExamplesBasicTest 2022-12-13T14:11:24+01:00 logger.go:66:           + actions   = [
TestExamplesBasicTest 2022-12-13T14:11:24+01:00 logger.go:66:               + "route53:ChangeResourceRecordSets",
TestExamplesBasicTest 2022-12-13T14:11:24+01:00 logger.go:66:             ]
TestExamplesBasicTest 2022-12-13T14:11:24+01:00 logger.go:66:           + effect    = "Allow"
TestExamplesBasicTest 2022-12-13T14:11:24+01:00 logger.go:66:           + resources = (known after apply)
TestExamplesBasicTest 2022-12-13T14:11:24+01:00 logger.go:66:         }
TestExamplesBasicTest 2022-12-13T14:11:24+01:00 logger.go:66:       + statement {
TestExamplesBasicTest 2022-12-13T14:11:24+01:00 logger.go:66:           + actions   = [
TestExamplesBasicTest 2022-12-13T14:11:24+01:00 logger.go:66:               + "route53:ListHostedZones",
TestExamplesBasicTest 2022-12-13T14:11:24+01:00 logger.go:66:               + "route53:ListResourceRecordSets",
TestExamplesBasicTest 2022-12-13T14:11:24+01:00 logger.go:66:             ]
TestExamplesBasicTest 2022-12-13T14:11:24+01:00 logger.go:66:           + effect    = "Allow"
TestExamplesBasicTest 2022-12-13T14:11:24+01:00 logger.go:66:           + resources = [
TestExamplesBasicTest 2022-12-13T14:11:24+01:00 logger.go:66:               + "*",
TestExamplesBasicTest 2022-12-13T14:11:24+01:00 logger.go:66:             ]
TestExamplesBasicTest 2022-12-13T14:11:24+01:00 logger.go:66:         }
TestExamplesBasicTest 2022-12-13T14:11:24+01:00 logger.go:66:     }
TestExamplesBasicTest 2022-12-13T14:11:24+01:00 logger.go:66:
TestExamplesBasicTest 2022-12-13T14:11:24+01:00 logger.go:66:   # module.eks_blueprints_kubernetes_addons.module.external_dns[0].data.aws_route53_zone.selected will be read during apply
TestExamplesBasicTest 2022-12-13T14:11:24+01:00 logger.go:66:   # (depends on a resource or a module with changes pending)
TestExamplesBasicTest 2022-12-13T14:11:24+01:00 logger.go:66:  <= data "aws_route53_zone" "selected" {
TestExamplesBasicTest 2022-12-13T14:11:24+01:00 logger.go:66:       + arn                        = (known after apply)
TestExamplesBasicTest 2022-12-13T14:11:24+01:00 logger.go:66:       + caller_reference           = (known after apply)
TestExamplesBasicTest 2022-12-13T14:11:24+01:00 logger.go:66:       + comment                    = (known after apply)
TestExamplesBasicTest 2022-12-13T14:11:24+01:00 logger.go:66:       + id                         = (known after apply)
TestExamplesBasicTest 2022-12-13T14:11:24+01:00 logger.go:66:       + linked_service_description = (known after apply)
TestExamplesBasicTest 2022-12-13T14:11:24+01:00 logger.go:66:       + linked_service_principal   = (known after apply)
TestExamplesBasicTest 2022-12-13T14:11:24+01:00 logger.go:66:       + name                       = "testdomain.com"
TestExamplesBasicTest 2022-12-13T14:11:24+01:00 logger.go:66:       + name_servers               = (known after apply)
TestExamplesBasicTest 2022-12-13T14:11:24+01:00 logger.go:66:       + primary_name_server        = (known after apply)
TestExamplesBasicTest 2022-12-13T14:11:24+01:00 logger.go:66:       + private_zone               = false
TestExamplesBasicTest 2022-12-13T14:11:24+01:00 logger.go:66:       + resource_record_set_count  = (known after apply)
TestExamplesBasicTest 2022-12-13T14:11:24+01:00 logger.go:66:       + tags                       = (known after apply)
TestExamplesBasicTest 2022-12-13T14:11:24+01:00 logger.go:66:       + vpc_id                     = (known after apply)
TestExamplesBasicTest 2022-12-13T14:11:24+01:00 logger.go:66:       + zone_id                    = (known after apply)
TestExamplesBasicTest 2022-12-13T14:11:24+01:00 logger.go:66:     }
TestExamplesBasicTest 2022-12-13T14:11:24+01:00 logger.go:66:
TestExamplesBasicTest 2022-12-13T14:11:24+01:00 logger.go:66:   # module.eks_blueprints_kubernetes_addons.module.external_dns[0].aws_iam_policy.external_dns will be created
TestExamplesBasicTest 2022-12-13T14:11:24+01:00 logger.go:66:   + resource "aws_iam_policy" "external_dns" {
TestExamplesBasicTest 2022-12-13T14:11:24+01:00 logger.go:66:       + arn         = (known after apply)
TestExamplesBasicTest 2022-12-13T14:11:24+01:00 logger.go:66:       + description = "External DNS IAM policy."
TestExamplesBasicTest 2022-12-13T14:11:24+01:00 logger.go:66:       + id          = (known after apply)
TestExamplesBasicTest 2022-12-13T14:11:24+01:00 logger.go:66:       + name        = (known after apply)
TestExamplesBasicTest 2022-12-13T14:11:24+01:00 logger.go:66:       + path        = "/"
TestExamplesBasicTest 2022-12-13T14:11:24+01:00 logger.go:66:       + policy      = (known after apply)
TestExamplesBasicTest 2022-12-13T14:11:24+01:00 logger.go:66:       + policy_id   = (known after apply)
TestExamplesBasicTest 2022-12-13T14:11:24+01:00 logger.go:66:       + tags_all    = (known after apply)
TestExamplesBasicTest 2022-12-13T14:11:24+01:00 logger.go:66:     }
TestExamplesBasicTest 2022-12-13T14:11:24+01:00 logger.go:66:
TestExamplesBasicTest 2022-12-13T14:11:24+01:00 logger.go:66:   # module.eks_blueprints_kubernetes_addons.module.grafana[0].data.aws_iam_policy_document.this will be read during apply
TestExamplesBasicTest 2022-12-13T14:11:24+01:00 logger.go:66:   # (config refers to values not yet known)
TestExamplesBasicTest 2022-12-13T14:11:24+01:00 logger.go:66:  <= data "aws_iam_policy_document" "this" {
TestExamplesBasicTest 2022-12-13T14:11:24+01:00 logger.go:66:       + id   = (known after apply)
TestExamplesBasicTest 2022-12-13T14:11:24+01:00 logger.go:66:       + json = (known after apply)
TestExamplesBasicTest 2022-12-13T14:11:24+01:00 logger.go:66:
TestExamplesBasicTest 2022-12-13T14:11:24+01:00 logger.go:66:       + statement {
TestExamplesBasicTest 2022-12-13T14:11:24+01:00 logger.go:66:           + actions   = [
TestExamplesBasicTest 2022-12-13T14:11:24+01:00 logger.go:66:               + "cloudwatch:DescribeAlarmHistory",
TestExamplesBasicTest 2022-12-13T14:11:24+01:00 logger.go:66:               + "cloudwatch:DescribeAlarms",
TestExamplesBasicTest 2022-12-13T14:11:24+01:00 logger.go:66:               + "cloudwatch:DescribeAlarmsForMetric",
TestExamplesBasicTest 2022-12-13T14:11:24+01:00 logger.go:66:               + "cloudwatch:GetInsightRuleReport",
TestExamplesBasicTest 2022-12-13T14:11:24+01:00 logger.go:66:               + "cloudwatch:GetMetricData",
TestExamplesBasicTest 2022-12-13T14:11:24+01:00 logger.go:66:               + "cloudwatch:ListMetrics",
TestExamplesBasicTest 2022-12-13T14:11:24+01:00 logger.go:66:             ]
TestExamplesBasicTest 2022-12-13T14:11:24+01:00 logger.go:66:           + effect    = "Allow"
TestExamplesBasicTest 2022-12-13T14:11:24+01:00 logger.go:66:           + resources = [
TestExamplesBasicTest 2022-12-13T14:11:24+01:00 logger.go:66:               + "*",
TestExamplesBasicTest 2022-12-13T14:11:24+01:00 logger.go:66:             ]
TestExamplesBasicTest 2022-12-13T14:11:24+01:00 logger.go:66:           + sid       = "AllowReadingMetricsFromCloudWatch"
TestExamplesBasicTest 2022-12-13T14:11:24+01:00 logger.go:66:         }
TestExamplesBasicTest 2022-12-13T14:11:24+01:00 logger.go:66:       + statement {
TestExamplesBasicTest 2022-12-13T14:11:24+01:00 logger.go:66:           + actions   = [
TestExamplesBasicTest 2022-12-13T14:11:24+01:00 logger.go:66:               + "logs:DescribeLogGroups",
TestExamplesBasicTest 2022-12-13T14:11:24+01:00 logger.go:66:               + "logs:GetLogEvents",
TestExamplesBasicTest 2022-12-13T14:11:24+01:00 logger.go:66:               + "logs:GetLogGroupFields",
TestExamplesBasicTest 2022-12-13T14:11:24+01:00 logger.go:66:               + "logs:GetQueryResults",
TestExamplesBasicTest 2022-12-13T14:11:24+01:00 logger.go:66:               + "logs:StartQuery",
TestExamplesBasicTest 2022-12-13T14:11:24+01:00 logger.go:66:               + "logs:StopQuery",
TestExamplesBasicTest 2022-12-13T14:11:24+01:00 logger.go:66:             ]
TestExamplesBasicTest 2022-12-13T14:11:24+01:00 logger.go:66:           + effect    = "Allow"
TestExamplesBasicTest 2022-12-13T14:11:24+01:00 logger.go:66:           + resources = [
TestExamplesBasicTest 2022-12-13T14:11:24+01:00 logger.go:66:               + (known after apply),
TestExamplesBasicTest 2022-12-13T14:11:24+01:00 logger.go:66:             ]
TestExamplesBasicTest 2022-12-13T14:11:24+01:00 logger.go:66:           + sid       = "AllowReadingLogsFromCloudWatch"
TestExamplesBasicTest 2022-12-13T14:11:24+01:00 logger.go:66:         }
TestExamplesBasicTest 2022-12-13T14:11:24+01:00 logger.go:66:       + statement {
TestExamplesBasicTest 2022-12-13T14:11:24+01:00 logger.go:66:           + actions   = [
TestExamplesBasicTest 2022-12-13T14:11:24+01:00 logger.go:66:               + "ec2:DescribeInstances",
TestExamplesBasicTest 2022-12-13T14:11:24+01:00 logger.go:66:               + "ec2:DescribeRegions",
TestExamplesBasicTest 2022-12-13T14:11:24+01:00 logger.go:66:               + "ec2:DescribeTags",
TestExamplesBasicTest 2022-12-13T14:11:24+01:00 logger.go:66:             ]
TestExamplesBasicTest 2022-12-13T14:11:24+01:00 logger.go:66:           + effect    = "Allow"
TestExamplesBasicTest 2022-12-13T14:11:24+01:00 logger.go:66:           + resources = [
TestExamplesBasicTest 2022-12-13T14:11:24+01:00 logger.go:66:               + "*",
TestExamplesBasicTest 2022-12-13T14:11:24+01:00 logger.go:66:             ]
TestExamplesBasicTest 2022-12-13T14:11:24+01:00 logger.go:66:           + sid       = "AllowReadingTagsInstancesRegionsFromEC2"
TestExamplesBasicTest 2022-12-13T14:11:24+01:00 logger.go:66:         }
TestExamplesBasicTest 2022-12-13T14:11:24+01:00 logger.go:66:       + statement {
TestExamplesBasicTest 2022-12-13T14:11:24+01:00 logger.go:66:           + actions   = [
TestExamplesBasicTest 2022-12-13T14:11:24+01:00 logger.go:66:               + "tag:GetResources",
TestExamplesBasicTest 2022-12-13T14:11:24+01:00 logger.go:66:             ]
TestExamplesBasicTest 2022-12-13T14:11:24+01:00 logger.go:66:           + effect    = "Allow"
TestExamplesBasicTest 2022-12-13T14:11:24+01:00 logger.go:66:           + resources = [
TestExamplesBasicTest 2022-12-13T14:11:24+01:00 logger.go:66:               + "*",
TestExamplesBasicTest 2022-12-13T14:11:24+01:00 logger.go:66:             ]
TestExamplesBasicTest 2022-12-13T14:11:24+01:00 logger.go:66:           + sid       = "AllowReadingResourcesForTags"
TestExamplesBasicTest 2022-12-13T14:11:24+01:00 logger.go:66:         }
TestExamplesBasicTest 2022-12-13T14:11:24+01:00 logger.go:66:     }
TestExamplesBasicTest 2022-12-13T14:11:24+01:00 logger.go:66:
TestExamplesBasicTest 2022-12-13T14:11:24+01:00 logger.go:66:   # module.eks_blueprints_kubernetes_addons.module.grafana[0].aws_iam_policy.grafana will be created
TestExamplesBasicTest 2022-12-13T14:11:24+01:00 logger.go:66:   + resource "aws_iam_policy" "grafana" {
TestExamplesBasicTest 2022-12-13T14:11:24+01:00 logger.go:66:       + arn         = (known after apply)
TestExamplesBasicTest 2022-12-13T14:11:24+01:00 logger.go:66:       + description = "IAM policy for Grafana Pod"
TestExamplesBasicTest 2022-12-13T14:11:24+01:00 logger.go:66:       + id          = (known after apply)
TestExamplesBasicTest 2022-12-13T14:11:24+01:00 logger.go:66:       + name        = (known after apply)
TestExamplesBasicTest 2022-12-13T14:11:24+01:00 logger.go:66:       + path        = "/"
TestExamplesBasicTest 2022-12-13T14:11:24+01:00 logger.go:66:       + policy      = (known after apply)
TestExamplesBasicTest 2022-12-13T14:11:24+01:00 logger.go:66:       + policy_id   = (known after apply)
TestExamplesBasicTest 2022-12-13T14:11:24+01:00 logger.go:66:       + tags_all    = (known after apply)
TestExamplesBasicTest 2022-12-13T14:11:24+01:00 logger.go:66:     }
TestExamplesBasicTest 2022-12-13T14:11:24+01:00 logger.go:66:
TestExamplesBasicTest 2022-12-13T14:11:24+01:00 logger.go:66:   # module.eks_blueprints_kubernetes_addons.module.ingress_nginx[0].kubernetes_namespace_v1.this[0] will be created
TestExamplesBasicTest 2022-12-13T14:11:24+01:00 logger.go:66:   + resource "kubernetes_namespace_v1" "this" {
TestExamplesBasicTest 2022-12-13T14:11:24+01:00 logger.go:66:       + id = (known after apply)
TestExamplesBasicTest 2022-12-13T14:11:24+01:00 logger.go:66:
TestExamplesBasicTest 2022-12-13T14:11:24+01:00 logger.go:66:       + metadata {
TestExamplesBasicTest 2022-12-13T14:11:24+01:00 logger.go:66:           + generation       = (known after apply)
TestExamplesBasicTest 2022-12-13T14:11:24+01:00 logger.go:66:           + name             = "ingress-nginx"
TestExamplesBasicTest 2022-12-13T14:11:24+01:00 logger.go:66:           + resource_version = (known after apply)
TestExamplesBasicTest 2022-12-13T14:11:24+01:00 logger.go:66:           + uid              = (known after apply)
TestExamplesBasicTest 2022-12-13T14:11:24+01:00 logger.go:66:         }
TestExamplesBasicTest 2022-12-13T14:11:24+01:00 logger.go:66:     }
TestExamplesBasicTest 2022-12-13T14:11:24+01:00 logger.go:66:
TestExamplesBasicTest 2022-12-13T14:11:24+01:00 logger.go:66:   # module.eks_blueprints_kubernetes_addons.module.prometheus[0].data.aws_iam_policy_document.ingest will be read during apply
TestExamplesBasicTest 2022-12-13T14:11:24+01:00 logger.go:66:   # (depends on a resource or a module with changes pending)
TestExamplesBasicTest 2022-12-13T14:11:24+01:00 logger.go:66:  <= data "aws_iam_policy_document" "ingest" {
TestExamplesBasicTest 2022-12-13T14:11:24+01:00 logger.go:66:       + id   = (known after apply)
TestExamplesBasicTest 2022-12-13T14:11:24+01:00 logger.go:66:       + json = (known after apply)
TestExamplesBasicTest 2022-12-13T14:11:24+01:00 logger.go:66:
TestExamplesBasicTest 2022-12-13T14:11:24+01:00 logger.go:66:       + statement {
TestExamplesBasicTest 2022-12-13T14:11:24+01:00 logger.go:66:           + actions   = [
TestExamplesBasicTest 2022-12-13T14:11:24+01:00 logger.go:66:               + "aps:GetLabels",
TestExamplesBasicTest 2022-12-13T14:11:24+01:00 logger.go:66:               + "aps:GetMetricMetadata",
TestExamplesBasicTest 2022-12-13T14:11:24+01:00 logger.go:66:               + "aps:GetSeries",
TestExamplesBasicTest 2022-12-13T14:11:24+01:00 logger.go:66:               + "aps:RemoteWrite",
TestExamplesBasicTest 2022-12-13T14:11:24+01:00 logger.go:66:             ]
TestExamplesBasicTest 2022-12-13T14:11:24+01:00 logger.go:66:           + effect    = "Allow"
TestExamplesBasicTest 2022-12-13T14:11:24+01:00 logger.go:66:           + resources = [
TestExamplesBasicTest 2022-12-13T14:11:24+01:00 logger.go:66:               + "*",
TestExamplesBasicTest 2022-12-13T14:11:24+01:00 logger.go:66:             ]
TestExamplesBasicTest 2022-12-13T14:11:24+01:00 logger.go:66:         }
TestExamplesBasicTest 2022-12-13T14:11:24+01:00 logger.go:66:     }
TestExamplesBasicTest 2022-12-13T14:11:24+01:00 logger.go:66:
TestExamplesBasicTest 2022-12-13T14:11:24+01:00 logger.go:66:   # module.eks_blueprints_kubernetes_addons.module.prometheus[0].data.aws_iam_policy_document.query will be read during apply
TestExamplesBasicTest 2022-12-13T14:11:24+01:00 logger.go:66:   # (depends on a resource or a module with changes pending)
TestExamplesBasicTest 2022-12-13T14:11:24+01:00 logger.go:66:  <= data "aws_iam_policy_document" "query" {
TestExamplesBasicTest 2022-12-13T14:11:24+01:00 logger.go:66:       + id   = (known after apply)
TestExamplesBasicTest 2022-12-13T14:11:24+01:00 logger.go:66:       + json = (known after apply)
TestExamplesBasicTest 2022-12-13T14:11:24+01:00 logger.go:66:
TestExamplesBasicTest 2022-12-13T14:11:24+01:00 logger.go:66:       + statement {
TestExamplesBasicTest 2022-12-13T14:11:24+01:00 logger.go:66:           + actions   = [
TestExamplesBasicTest 2022-12-13T14:11:24+01:00 logger.go:66:               + "aps:GetLabels",
TestExamplesBasicTest 2022-12-13T14:11:24+01:00 logger.go:66:               + "aps:GetMetricMetadata",
TestExamplesBasicTest 2022-12-13T14:11:24+01:00 logger.go:66:               + "aps:GetSeries",
TestExamplesBasicTest 2022-12-13T14:11:24+01:00 logger.go:66:               + "aps:QueryMetrics",
TestExamplesBasicTest 2022-12-13T14:11:24+01:00 logger.go:66:             ]
TestExamplesBasicTest 2022-12-13T14:11:24+01:00 logger.go:66:           + effect    = "Allow"
TestExamplesBasicTest 2022-12-13T14:11:24+01:00 logger.go:66:           + resources = [
TestExamplesBasicTest 2022-12-13T14:11:24+01:00 logger.go:66:               + "*",
TestExamplesBasicTest 2022-12-13T14:11:24+01:00 logger.go:66:             ]
TestExamplesBasicTest 2022-12-13T14:11:24+01:00 logger.go:66:         }
TestExamplesBasicTest 2022-12-13T14:11:24+01:00 logger.go:66:     }
TestExamplesBasicTest 2022-12-13T14:11:24+01:00 logger.go:66:
TestExamplesBasicTest 2022-12-13T14:11:24+01:00 logger.go:66:   # module.eks_blueprints_kubernetes_addons.module.prometheus[0].kubernetes_namespace_v1.prometheus[0] will be created
TestExamplesBasicTest 2022-12-13T14:11:24+01:00 logger.go:66:   + resource "kubernetes_namespace_v1" "prometheus" {
TestExamplesBasicTest 2022-12-13T14:11:24+01:00 logger.go:66:       + id = (known after apply)
TestExamplesBasicTest 2022-12-13T14:11:24+01:00 logger.go:66:
TestExamplesBasicTest 2022-12-13T14:11:24+01:00 logger.go:66:       + metadata {
TestExamplesBasicTest 2022-12-13T14:11:24+01:00 logger.go:66:           + generation       = (known after apply)
TestExamplesBasicTest 2022-12-13T14:11:24+01:00 logger.go:66:           + name             = "prometheus"
TestExamplesBasicTest 2022-12-13T14:11:24+01:00 logger.go:66:           + resource_version = (known after apply)
TestExamplesBasicTest 2022-12-13T14:11:24+01:00 logger.go:66:           + uid              = (known after apply)
TestExamplesBasicTest 2022-12-13T14:11:24+01:00 logger.go:66:         }
TestExamplesBasicTest 2022-12-13T14:11:24+01:00 logger.go:66:     }
TestExamplesBasicTest 2022-12-13T14:11:24+01:00 logger.go:66:
TestExamplesBasicTest 2022-12-13T14:11:24+01:00 logger.go:66:   # module.vpc.module.vpc.aws_eip.nat[0] will be created
TestExamplesBasicTest 2022-12-13T14:11:24+01:00 logger.go:66:   + resource "aws_eip" "nat" {
TestExamplesBasicTest 2022-12-13T14:11:24+01:00 logger.go:66:       + allocation_id        = (known after apply)
TestExamplesBasicTest 2022-12-13T14:11:24+01:00 logger.go:66:       + association_id       = (known after apply)
TestExamplesBasicTest 2022-12-13T14:11:24+01:00 logger.go:66:       + carrier_ip           = (known after apply)
TestExamplesBasicTest 2022-12-13T14:11:24+01:00 logger.go:66:       + customer_owned_ip    = (known after apply)
TestExamplesBasicTest 2022-12-13T14:11:24+01:00 logger.go:66:       + domain               = (known after apply)
TestExamplesBasicTest 2022-12-13T14:11:24+01:00 logger.go:66:       + id                   = (known after apply)
TestExamplesBasicTest 2022-12-13T14:11:24+01:00 logger.go:66:       + instance             = (known after apply)
TestExamplesBasicTest 2022-12-13T14:11:24+01:00 logger.go:66:       + network_border_group = (known after apply)
TestExamplesBasicTest 2022-12-13T14:11:24+01:00 logger.go:66:       + network_interface    = (known after apply)
TestExamplesBasicTest 2022-12-13T14:11:24+01:00 logger.go:66:       + private_dns          = (known after apply)
TestExamplesBasicTest 2022-12-13T14:11:24+01:00 logger.go:66:       + private_ip           = (known after apply)
TestExamplesBasicTest 2022-12-13T14:11:24+01:00 logger.go:66:       + public_dns           = (known after apply)
TestExamplesBasicTest 2022-12-13T14:11:24+01:00 logger.go:66:       + public_ip            = (known after apply)
TestExamplesBasicTest 2022-12-13T14:11:24+01:00 logger.go:66:       + public_ipv4_pool     = (known after apply)
TestExamplesBasicTest 2022-12-13T14:11:24+01:00 logger.go:66:       + tags                 = (known after apply)
TestExamplesBasicTest 2022-12-13T14:11:24+01:00 logger.go:66:       + tags_all             = (known after apply)
TestExamplesBasicTest 2022-12-13T14:11:24+01:00 logger.go:66:       + vpc                  = true
TestExamplesBasicTest 2022-12-13T14:11:24+01:00 logger.go:66:     }
TestExamplesBasicTest 2022-12-13T14:11:24+01:00 logger.go:66:
TestExamplesBasicTest 2022-12-13T14:11:24+01:00 logger.go:66:   # module.vpc.module.vpc.aws_internet_gateway.this[0] will be created
TestExamplesBasicTest 2022-12-13T14:11:24+01:00 logger.go:66:   + resource "aws_internet_gateway" "this" {
TestExamplesBasicTest 2022-12-13T14:11:24+01:00 logger.go:66:       + arn      = (known after apply)
TestExamplesBasicTest 2022-12-13T14:11:24+01:00 logger.go:66:       + id       = (known after apply)
TestExamplesBasicTest 2022-12-13T14:11:24+01:00 logger.go:66:       + owner_id = (known after apply)
TestExamplesBasicTest 2022-12-13T14:11:24+01:00 logger.go:66:       + tags     = (known after apply)
TestExamplesBasicTest 2022-12-13T14:11:24+01:00 logger.go:66:       + tags_all = (known after apply)
TestExamplesBasicTest 2022-12-13T14:11:24+01:00 logger.go:66:       + vpc_id   = (known after apply)
TestExamplesBasicTest 2022-12-13T14:11:24+01:00 logger.go:66:     }
TestExamplesBasicTest 2022-12-13T14:11:24+01:00 logger.go:66:
TestExamplesBasicTest 2022-12-13T14:11:24+01:00 logger.go:66:   # module.vpc.module.vpc.aws_nat_gateway.this[0] will be created
TestExamplesBasicTest 2022-12-13T14:11:24+01:00 logger.go:66:   + resource "aws_nat_gateway" "this" {
TestExamplesBasicTest 2022-12-13T14:11:24+01:00 logger.go:66:       + allocation_id        = (known after apply)
TestExamplesBasicTest 2022-12-13T14:11:24+01:00 logger.go:66:       + connectivity_type    = "public"
TestExamplesBasicTest 2022-12-13T14:11:24+01:00 logger.go:66:       + id                   = (known after apply)
TestExamplesBasicTest 2022-12-13T14:11:24+01:00 logger.go:66:       + network_interface_id = (known after apply)
TestExamplesBasicTest 2022-12-13T14:11:24+01:00 logger.go:66:       + private_ip           = (known after apply)
TestExamplesBasicTest 2022-12-13T14:11:24+01:00 logger.go:66:       + public_ip            = (known after apply)
TestExamplesBasicTest 2022-12-13T14:11:24+01:00 logger.go:66:       + subnet_id            = (known after apply)
TestExamplesBasicTest 2022-12-13T14:11:24+01:00 logger.go:66:       + tags                 = (known after apply)
TestExamplesBasicTest 2022-12-13T14:11:24+01:00 logger.go:66:       + tags_all             = (known after apply)
TestExamplesBasicTest 2022-12-13T14:11:24+01:00 logger.go:66:     }
TestExamplesBasicTest 2022-12-13T14:11:24+01:00 logger.go:66:
TestExamplesBasicTest 2022-12-13T14:11:24+01:00 logger.go:66:   # module.vpc.module.vpc.aws_route.private_nat_gateway[0] will be created
TestExamplesBasicTest 2022-12-13T14:11:24+01:00 logger.go:66:   + resource "aws_route" "private_nat_gateway" {
TestExamplesBasicTest 2022-12-13T14:11:24+01:00 logger.go:66:       + destination_cidr_block = "0.0.0.0/0"
TestExamplesBasicTest 2022-12-13T14:11:24+01:00 logger.go:66:       + id                     = (known after apply)
TestExamplesBasicTest 2022-12-13T14:11:24+01:00 logger.go:66:       + instance_id            = (known after apply)
TestExamplesBasicTest 2022-12-13T14:11:24+01:00 logger.go:66:       + instance_owner_id      = (known after apply)
TestExamplesBasicTest 2022-12-13T14:11:24+01:00 logger.go:66:       + nat_gateway_id         = (known after apply)
TestExamplesBasicTest 2022-12-13T14:11:24+01:00 logger.go:66:       + network_interface_id   = (known after apply)
TestExamplesBasicTest 2022-12-13T14:11:24+01:00 logger.go:66:       + origin                 = (known after apply)
TestExamplesBasicTest 2022-12-13T14:11:24+01:00 logger.go:66:       + route_table_id         = (known after apply)
TestExamplesBasicTest 2022-12-13T14:11:24+01:00 logger.go:66:       + state                  = (known after apply)
TestExamplesBasicTest 2022-12-13T14:11:24+01:00 logger.go:66:
TestExamplesBasicTest 2022-12-13T14:11:24+01:00 logger.go:66:       + timeouts {
TestExamplesBasicTest 2022-12-13T14:11:24+01:00 logger.go:66:           + create = "5m"
TestExamplesBasicTest 2022-12-13T14:11:24+01:00 logger.go:66:         }
TestExamplesBasicTest 2022-12-13T14:11:24+01:00 logger.go:66:     }
TestExamplesBasicTest 2022-12-13T14:11:24+01:00 logger.go:66:
TestExamplesBasicTest 2022-12-13T14:11:24+01:00 logger.go:66:   # module.vpc.module.vpc.aws_route.public_internet_gateway[0] will be created
TestExamplesBasicTest 2022-12-13T14:11:24+01:00 logger.go:66:   + resource "aws_route" "public_internet_gateway" {
TestExamplesBasicTest 2022-12-13T14:11:24+01:00 logger.go:66:       + destination_cidr_block = "0.0.0.0/0"
TestExamplesBasicTest 2022-12-13T14:11:24+01:00 logger.go:66:       + gateway_id             = (known after apply)
TestExamplesBasicTest 2022-12-13T14:11:24+01:00 logger.go:66:       + id                     = (known after apply)
TestExamplesBasicTest 2022-12-13T14:11:24+01:00 logger.go:66:       + instance_id            = (known after apply)
TestExamplesBasicTest 2022-12-13T14:11:24+01:00 logger.go:66:       + instance_owner_id      = (known after apply)
TestExamplesBasicTest 2022-12-13T14:11:24+01:00 logger.go:66:       + network_interface_id   = (known after apply)
TestExamplesBasicTest 2022-12-13T14:11:24+01:00 logger.go:66:       + origin                 = (known after apply)
TestExamplesBasicTest 2022-12-13T14:11:24+01:00 logger.go:66:       + route_table_id         = (known after apply)
TestExamplesBasicTest 2022-12-13T14:11:24+01:00 logger.go:66:       + state                  = (known after apply)
TestExamplesBasicTest 2022-12-13T14:11:24+01:00 logger.go:66:
TestExamplesBasicTest 2022-12-13T14:11:24+01:00 logger.go:66:       + timeouts {
TestExamplesBasicTest 2022-12-13T14:11:24+01:00 logger.go:66:           + create = "5m"
TestExamplesBasicTest 2022-12-13T14:11:24+01:00 logger.go:66:         }
TestExamplesBasicTest 2022-12-13T14:11:24+01:00 logger.go:66:     }
TestExamplesBasicTest 2022-12-13T14:11:24+01:00 logger.go:66:
TestExamplesBasicTest 2022-12-13T14:11:24+01:00 logger.go:66:   # module.vpc.module.vpc.aws_route_table.private[0] will be created
TestExamplesBasicTest 2022-12-13T14:11:24+01:00 logger.go:66:   + resource "aws_route_table" "private" {
TestExamplesBasicTest 2022-12-13T14:11:24+01:00 logger.go:66:       + arn              = (known after apply)
TestExamplesBasicTest 2022-12-13T14:11:24+01:00 logger.go:66:       + id               = (known after apply)
TestExamplesBasicTest 2022-12-13T14:11:24+01:00 logger.go:66:       + owner_id         = (known after apply)
TestExamplesBasicTest 2022-12-13T14:11:24+01:00 logger.go:66:       + propagating_vgws = (known after apply)
TestExamplesBasicTest 2022-12-13T14:11:24+01:00 logger.go:66:       + route            = (known after apply)
TestExamplesBasicTest 2022-12-13T14:11:24+01:00 logger.go:66:       + tags             = (known after apply)
TestExamplesBasicTest 2022-12-13T14:11:24+01:00 logger.go:66:       + tags_all         = (known after apply)
TestExamplesBasicTest 2022-12-13T14:11:24+01:00 logger.go:66:       + vpc_id           = (known after apply)
TestExamplesBasicTest 2022-12-13T14:11:24+01:00 logger.go:66:     }
TestExamplesBasicTest 2022-12-13T14:11:24+01:00 logger.go:66:
TestExamplesBasicTest 2022-12-13T14:11:24+01:00 logger.go:66:   # module.vpc.module.vpc.aws_route_table.public[0] will be created
TestExamplesBasicTest 2022-12-13T14:11:24+01:00 logger.go:66:   + resource "aws_route_table" "public" {
TestExamplesBasicTest 2022-12-13T14:11:24+01:00 logger.go:66:       + arn              = (known after apply)
TestExamplesBasicTest 2022-12-13T14:11:24+01:00 logger.go:66:       + id               = (known after apply)
TestExamplesBasicTest 2022-12-13T14:11:24+01:00 logger.go:66:       + owner_id         = (known after apply)
TestExamplesBasicTest 2022-12-13T14:11:24+01:00 logger.go:66:       + propagating_vgws = (known after apply)
TestExamplesBasicTest 2022-12-13T14:11:24+01:00 logger.go:66:       + route            = (known after apply)
TestExamplesBasicTest 2022-12-13T14:11:24+01:00 logger.go:66:       + tags             = (known after apply)
TestExamplesBasicTest 2022-12-13T14:11:24+01:00 logger.go:66:       + tags_all         = (known after apply)
TestExamplesBasicTest 2022-12-13T14:11:24+01:00 logger.go:66:       + vpc_id           = (known after apply)
TestExamplesBasicTest 2022-12-13T14:11:24+01:00 logger.go:66:     }
TestExamplesBasicTest 2022-12-13T14:11:24+01:00 logger.go:66:
TestExamplesBasicTest 2022-12-13T14:11:24+01:00 logger.go:66:   # module.vpc.module.vpc.aws_route_table_association.private[0] will be created
TestExamplesBasicTest 2022-12-13T14:11:24+01:00 logger.go:66:   + resource "aws_route_table_association" "private" {
TestExamplesBasicTest 2022-12-13T14:11:24+01:00 logger.go:66:       + id             = (known after apply)
TestExamplesBasicTest 2022-12-13T14:11:24+01:00 logger.go:66:       + route_table_id = (known after apply)
TestExamplesBasicTest 2022-12-13T14:11:24+01:00 logger.go:66:       + subnet_id      = (known after apply)
TestExamplesBasicTest 2022-12-13T14:11:24+01:00 logger.go:66:     }
TestExamplesBasicTest 2022-12-13T14:11:24+01:00 logger.go:66:
TestExamplesBasicTest 2022-12-13T14:11:24+01:00 logger.go:66:   # module.vpc.module.vpc.aws_route_table_association.private[1] will be created
TestExamplesBasicTest 2022-12-13T14:11:24+01:00 logger.go:66:   + resource "aws_route_table_association" "private" {
TestExamplesBasicTest 2022-12-13T14:11:24+01:00 logger.go:66:       + id             = (known after apply)
TestExamplesBasicTest 2022-12-13T14:11:24+01:00 logger.go:66:       + route_table_id = (known after apply)
TestExamplesBasicTest 2022-12-13T14:11:24+01:00 logger.go:66:       + subnet_id      = (known after apply)
TestExamplesBasicTest 2022-12-13T14:11:24+01:00 logger.go:66:     }
TestExamplesBasicTest 2022-12-13T14:11:24+01:00 logger.go:66:
TestExamplesBasicTest 2022-12-13T14:11:24+01:00 logger.go:66:   # module.vpc.module.vpc.aws_route_table_association.private[2] will be created
TestExamplesBasicTest 2022-12-13T14:11:24+01:00 logger.go:66:   + resource "aws_route_table_association" "private" {
TestExamplesBasicTest 2022-12-13T14:11:24+01:00 logger.go:66:       + id             = (known after apply)
TestExamplesBasicTest 2022-12-13T14:11:24+01:00 logger.go:66:       + route_table_id = (known after apply)
TestExamplesBasicTest 2022-12-13T14:11:24+01:00 logger.go:66:       + subnet_id      = (known after apply)
TestExamplesBasicTest 2022-12-13T14:11:24+01:00 logger.go:66:     }
TestExamplesBasicTest 2022-12-13T14:11:24+01:00 logger.go:66:
TestExamplesBasicTest 2022-12-13T14:11:24+01:00 logger.go:66:   # module.vpc.module.vpc.aws_route_table_association.public[0] will be created
TestExamplesBasicTest 2022-12-13T14:11:24+01:00 logger.go:66:   + resource "aws_route_table_association" "public" {
TestExamplesBasicTest 2022-12-13T14:11:24+01:00 logger.go:66:       + id             = (known after apply)
TestExamplesBasicTest 2022-12-13T14:11:24+01:00 logger.go:66:       + route_table_id = (known after apply)
TestExamplesBasicTest 2022-12-13T14:11:24+01:00 logger.go:66:       + subnet_id      = (known after apply)
TestExamplesBasicTest 2022-12-13T14:11:24+01:00 logger.go:66:     }
TestExamplesBasicTest 2022-12-13T14:11:24+01:00 logger.go:66:
TestExamplesBasicTest 2022-12-13T14:11:24+01:00 logger.go:66:   # module.vpc.module.vpc.aws_route_table_association.public[1] will be created
TestExamplesBasicTest 2022-12-13T14:11:24+01:00 logger.go:66:   + resource "aws_route_table_association" "public" {
TestExamplesBasicTest 2022-12-13T14:11:24+01:00 logger.go:66:       + id             = (known after apply)
TestExamplesBasicTest 2022-12-13T14:11:24+01:00 logger.go:66:       + route_table_id = (known after apply)
TestExamplesBasicTest 2022-12-13T14:11:24+01:00 logger.go:66:       + subnet_id      = (known after apply)
TestExamplesBasicTest 2022-12-13T14:11:24+01:00 logger.go:66:     }
TestExamplesBasicTest 2022-12-13T14:11:24+01:00 logger.go:66:
TestExamplesBasicTest 2022-12-13T14:11:24+01:00 logger.go:66:   # module.vpc.module.vpc.aws_route_table_association.public[2] will be created
TestExamplesBasicTest 2022-12-13T14:11:24+01:00 logger.go:66:   + resource "aws_route_table_association" "public" {
TestExamplesBasicTest 2022-12-13T14:11:24+01:00 logger.go:66:       + id             = (known after apply)
TestExamplesBasicTest 2022-12-13T14:11:24+01:00 logger.go:66:       + route_table_id = (known after apply)
TestExamplesBasicTest 2022-12-13T14:11:24+01:00 logger.go:66:       + subnet_id      = (known after apply)
TestExamplesBasicTest 2022-12-13T14:11:24+01:00 logger.go:66:     }
TestExamplesBasicTest 2022-12-13T14:11:24+01:00 logger.go:66:
TestExamplesBasicTest 2022-12-13T14:11:24+01:00 logger.go:66:   # module.vpc.module.vpc.aws_subnet.private[0] will be created
TestExamplesBasicTest 2022-12-13T14:11:24+01:00 logger.go:66:   + resource "aws_subnet" "private" {
TestExamplesBasicTest 2022-12-13T14:11:24+01:00 logger.go:66:       + arn                                            = (known after apply)
TestExamplesBasicTest 2022-12-13T14:11:24+01:00 logger.go:66:       + assign_ipv6_address_on_creation                = false
TestExamplesBasicTest 2022-12-13T14:11:24+01:00 logger.go:66:       + availability_zone                              = "eu-central-1a"
TestExamplesBasicTest 2022-12-13T14:11:24+01:00 logger.go:66:       + availability_zone_id                           = (known after apply)
TestExamplesBasicTest 2022-12-13T14:11:24+01:00 logger.go:66:       + cidr_block                                     = "10.0.1.0/24"
TestExamplesBasicTest 2022-12-13T14:11:24+01:00 logger.go:66:       + enable_dns64                                   = false
TestExamplesBasicTest 2022-12-13T14:11:24+01:00 logger.go:66:       + enable_resource_name_dns_a_record_on_launch    = false
TestExamplesBasicTest 2022-12-13T14:11:24+01:00 logger.go:66:       + enable_resource_name_dns_aaaa_record_on_launch = false
TestExamplesBasicTest 2022-12-13T14:11:24+01:00 logger.go:66:       + id                                             = (known after apply)
TestExamplesBasicTest 2022-12-13T14:11:24+01:00 logger.go:66:       + ipv6_cidr_block_association_id                 = (known after apply)
TestExamplesBasicTest 2022-12-13T14:11:24+01:00 logger.go:66:       + ipv6_native                                    = false
TestExamplesBasicTest 2022-12-13T14:11:24+01:00 logger.go:66:       + map_public_ip_on_launch                        = false
TestExamplesBasicTest 2022-12-13T14:11:24+01:00 logger.go:66:       + owner_id                                       = (known after apply)
TestExamplesBasicTest 2022-12-13T14:11:24+01:00 logger.go:66:       + private_dns_hostname_type_on_launch            = (known after apply)
TestExamplesBasicTest 2022-12-13T14:11:24+01:00 logger.go:66:       + tags                                           = (known after apply)
TestExamplesBasicTest 2022-12-13T14:11:24+01:00 logger.go:66:       + tags_all                                       = (known after apply)
TestExamplesBasicTest 2022-12-13T14:11:24+01:00 logger.go:66:       + vpc_id                                         = (known after apply)
TestExamplesBasicTest 2022-12-13T14:11:24+01:00 logger.go:66:     }
TestExamplesBasicTest 2022-12-13T14:11:24+01:00 logger.go:66:
TestExamplesBasicTest 2022-12-13T14:11:24+01:00 logger.go:66:   # module.vpc.module.vpc.aws_subnet.private[1] will be created
TestExamplesBasicTest 2022-12-13T14:11:24+01:00 logger.go:66:   + resource "aws_subnet" "private" {
TestExamplesBasicTest 2022-12-13T14:11:24+01:00 logger.go:66:       + arn                                            = (known after apply)
TestExamplesBasicTest 2022-12-13T14:11:24+01:00 logger.go:66:       + assign_ipv6_address_on_creation                = false
TestExamplesBasicTest 2022-12-13T14:11:24+01:00 logger.go:66:       + availability_zone                              = "eu-central-1b"
TestExamplesBasicTest 2022-12-13T14:11:24+01:00 logger.go:66:       + availability_zone_id                           = (known after apply)
TestExamplesBasicTest 2022-12-13T14:11:24+01:00 logger.go:66:       + cidr_block                                     = "10.0.2.0/24"
TestExamplesBasicTest 2022-12-13T14:11:24+01:00 logger.go:66:       + enable_dns64                                   = false
TestExamplesBasicTest 2022-12-13T14:11:24+01:00 logger.go:66:       + enable_resource_name_dns_a_record_on_launch    = false
TestExamplesBasicTest 2022-12-13T14:11:24+01:00 logger.go:66:       + enable_resource_name_dns_aaaa_record_on_launch = false
TestExamplesBasicTest 2022-12-13T14:11:24+01:00 logger.go:66:       + id                                             = (known after apply)
TestExamplesBasicTest 2022-12-13T14:11:24+01:00 logger.go:66:       + ipv6_cidr_block_association_id                 = (known after apply)
TestExamplesBasicTest 2022-12-13T14:11:24+01:00 logger.go:66:       + ipv6_native                                    = false
TestExamplesBasicTest 2022-12-13T14:11:24+01:00 logger.go:66:       + map_public_ip_on_launch                        = false
TestExamplesBasicTest 2022-12-13T14:11:24+01:00 logger.go:66:       + owner_id                                       = (known after apply)
TestExamplesBasicTest 2022-12-13T14:11:24+01:00 logger.go:66:       + private_dns_hostname_type_on_launch            = (known after apply)
TestExamplesBasicTest 2022-12-13T14:11:24+01:00 logger.go:66:       + tags                                           = (known after apply)
TestExamplesBasicTest 2022-12-13T14:11:24+01:00 logger.go:66:       + tags_all                                       = (known after apply)
TestExamplesBasicTest 2022-12-13T14:11:24+01:00 logger.go:66:       + vpc_id                                         = (known after apply)
TestExamplesBasicTest 2022-12-13T14:11:24+01:00 logger.go:66:     }
TestExamplesBasicTest 2022-12-13T14:11:24+01:00 logger.go:66:
TestExamplesBasicTest 2022-12-13T14:11:24+01:00 logger.go:66:   # module.vpc.module.vpc.aws_subnet.private[2] will be created
TestExamplesBasicTest 2022-12-13T14:11:24+01:00 logger.go:66:   + resource "aws_subnet" "private" {
TestExamplesBasicTest 2022-12-13T14:11:24+01:00 logger.go:66:       + arn                                            = (known after apply)
TestExamplesBasicTest 2022-12-13T14:11:24+01:00 logger.go:66:       + assign_ipv6_address_on_creation                = false
TestExamplesBasicTest 2022-12-13T14:11:24+01:00 logger.go:66:       + availability_zone                              = "eu-central-1c"
TestExamplesBasicTest 2022-12-13T14:11:24+01:00 logger.go:66:       + availability_zone_id                           = (known after apply)
TestExamplesBasicTest 2022-12-13T14:11:24+01:00 logger.go:66:       + cidr_block                                     = "10.0.3.0/24"
TestExamplesBasicTest 2022-12-13T14:11:24+01:00 logger.go:66:       + enable_dns64                                   = false
TestExamplesBasicTest 2022-12-13T14:11:24+01:00 logger.go:66:       + enable_resource_name_dns_a_record_on_launch    = false
TestExamplesBasicTest 2022-12-13T14:11:24+01:00 logger.go:66:       + enable_resource_name_dns_aaaa_record_on_launch = false
TestExamplesBasicTest 2022-12-13T14:11:24+01:00 logger.go:66:       + id                                             = (known after apply)
TestExamplesBasicTest 2022-12-13T14:11:24+01:00 logger.go:66:       + ipv6_cidr_block_association_id                 = (known after apply)
TestExamplesBasicTest 2022-12-13T14:11:24+01:00 logger.go:66:       + ipv6_native                                    = false
TestExamplesBasicTest 2022-12-13T14:11:24+01:00 logger.go:66:       + map_public_ip_on_launch                        = false
TestExamplesBasicTest 2022-12-13T14:11:24+01:00 logger.go:66:       + owner_id                                       = (known after apply)
TestExamplesBasicTest 2022-12-13T14:11:24+01:00 logger.go:66:       + private_dns_hostname_type_on_launch            = (known after apply)
TestExamplesBasicTest 2022-12-13T14:11:24+01:00 logger.go:66:       + tags                                           = (known after apply)
TestExamplesBasicTest 2022-12-13T14:11:24+01:00 logger.go:66:       + tags_all                                       = (known after apply)
TestExamplesBasicTest 2022-12-13T14:11:24+01:00 logger.go:66:       + vpc_id                                         = (known after apply)
TestExamplesBasicTest 2022-12-13T14:11:24+01:00 logger.go:66:     }
TestExamplesBasicTest 2022-12-13T14:11:24+01:00 logger.go:66:
TestExamplesBasicTest 2022-12-13T14:11:24+01:00 logger.go:66:   # module.vpc.module.vpc.aws_subnet.public[0] will be created
TestExamplesBasicTest 2022-12-13T14:11:24+01:00 logger.go:66:   + resource "aws_subnet" "public" {
TestExamplesBasicTest 2022-12-13T14:11:24+01:00 logger.go:66:       + arn                                            = (known after apply)
TestExamplesBasicTest 2022-12-13T14:11:24+01:00 logger.go:66:       + assign_ipv6_address_on_creation                = false
TestExamplesBasicTest 2022-12-13T14:11:24+01:00 logger.go:66:       + availability_zone                              = "eu-central-1a"
TestExamplesBasicTest 2022-12-13T14:11:24+01:00 logger.go:66:       + availability_zone_id                           = (known after apply)
TestExamplesBasicTest 2022-12-13T14:11:24+01:00 logger.go:66:       + cidr_block                                     = "10.0.4.0/24"
TestExamplesBasicTest 2022-12-13T14:11:24+01:00 logger.go:66:       + enable_dns64                                   = false
TestExamplesBasicTest 2022-12-13T14:11:24+01:00 logger.go:66:       + enable_resource_name_dns_a_record_on_launch    = false
TestExamplesBasicTest 2022-12-13T14:11:24+01:00 logger.go:66:       + enable_resource_name_dns_aaaa_record_on_launch = false
TestExamplesBasicTest 2022-12-13T14:11:24+01:00 logger.go:66:       + id                                             = (known after apply)
TestExamplesBasicTest 2022-12-13T14:11:24+01:00 logger.go:66:       + ipv6_cidr_block_association_id                 = (known after apply)
TestExamplesBasicTest 2022-12-13T14:11:24+01:00 logger.go:66:       + ipv6_native                                    = false
TestExamplesBasicTest 2022-12-13T14:11:24+01:00 logger.go:66:       + map_public_ip_on_launch                        = true
TestExamplesBasicTest 2022-12-13T14:11:24+01:00 logger.go:66:       + owner_id                                       = (known after apply)
TestExamplesBasicTest 2022-12-13T14:11:24+01:00 logger.go:66:       + private_dns_hostname_type_on_launch            = (known after apply)
TestExamplesBasicTest 2022-12-13T14:11:24+01:00 logger.go:66:       + tags                                           = (known after apply)
TestExamplesBasicTest 2022-12-13T14:11:24+01:00 logger.go:66:       + tags_all                                       = (known after apply)
TestExamplesBasicTest 2022-12-13T14:11:24+01:00 logger.go:66:       + vpc_id                                         = (known after apply)
TestExamplesBasicTest 2022-12-13T14:11:24+01:00 logger.go:66:     }
TestExamplesBasicTest 2022-12-13T14:11:24+01:00 logger.go:66:
TestExamplesBasicTest 2022-12-13T14:11:24+01:00 logger.go:66:   # module.vpc.module.vpc.aws_subnet.public[1] will be created
TestExamplesBasicTest 2022-12-13T14:11:24+01:00 logger.go:66:   + resource "aws_subnet" "public" {
TestExamplesBasicTest 2022-12-13T14:11:24+01:00 logger.go:66:       + arn                                            = (known after apply)
TestExamplesBasicTest 2022-12-13T14:11:24+01:00 logger.go:66:       + assign_ipv6_address_on_creation                = false
TestExamplesBasicTest 2022-12-13T14:11:24+01:00 logger.go:66:       + availability_zone                              = "eu-central-1b"
TestExamplesBasicTest 2022-12-13T14:11:24+01:00 logger.go:66:       + availability_zone_id                           = (known after apply)
TestExamplesBasicTest 2022-12-13T14:11:24+01:00 logger.go:66:       + cidr_block                                     = "10.0.5.0/24"
TestExamplesBasicTest 2022-12-13T14:11:24+01:00 logger.go:66:       + enable_dns64                                   = false
TestExamplesBasicTest 2022-12-13T14:11:24+01:00 logger.go:66:       + enable_resource_name_dns_a_record_on_launch    = false
TestExamplesBasicTest 2022-12-13T14:11:24+01:00 logger.go:66:       + enable_resource_name_dns_aaaa_record_on_launch = false
TestExamplesBasicTest 2022-12-13T14:11:24+01:00 logger.go:66:       + id                                             = (known after apply)
TestExamplesBasicTest 2022-12-13T14:11:24+01:00 logger.go:66:       + ipv6_cidr_block_association_id                 = (known after apply)
TestExamplesBasicTest 2022-12-13T14:11:24+01:00 logger.go:66:       + ipv6_native                                    = false
TestExamplesBasicTest 2022-12-13T14:11:24+01:00 logger.go:66:       + map_public_ip_on_launch                        = true
TestExamplesBasicTest 2022-12-13T14:11:24+01:00 logger.go:66:       + owner_id                                       = (known after apply)
TestExamplesBasicTest 2022-12-13T14:11:24+01:00 logger.go:66:       + private_dns_hostname_type_on_launch            = (known after apply)
TestExamplesBasicTest 2022-12-13T14:11:24+01:00 logger.go:66:       + tags                                           = (known after apply)
TestExamplesBasicTest 2022-12-13T14:11:24+01:00 logger.go:66:       + tags_all                                       = (known after apply)
TestExamplesBasicTest 2022-12-13T14:11:24+01:00 logger.go:66:       + vpc_id                                         = (known after apply)
TestExamplesBasicTest 2022-12-13T14:11:24+01:00 logger.go:66:     }
TestExamplesBasicTest 2022-12-13T14:11:24+01:00 logger.go:66:
TestExamplesBasicTest 2022-12-13T14:11:24+01:00 logger.go:66:   # module.vpc.module.vpc.aws_subnet.public[2] will be created
TestExamplesBasicTest 2022-12-13T14:11:24+01:00 logger.go:66:   + resource "aws_subnet" "public" {
TestExamplesBasicTest 2022-12-13T14:11:24+01:00 logger.go:66:       + arn                                            = (known after apply)
TestExamplesBasicTest 2022-12-13T14:11:24+01:00 logger.go:66:       + assign_ipv6_address_on_creation                = false
TestExamplesBasicTest 2022-12-13T14:11:24+01:00 logger.go:66:       + availability_zone                              = "eu-central-1c"
TestExamplesBasicTest 2022-12-13T14:11:24+01:00 logger.go:66:       + availability_zone_id                           = (known after apply)
TestExamplesBasicTest 2022-12-13T14:11:24+01:00 logger.go:66:       + cidr_block                                     = "10.0.6.0/24"
TestExamplesBasicTest 2022-12-13T14:11:24+01:00 logger.go:66:       + enable_dns64                                   = false
TestExamplesBasicTest 2022-12-13T14:11:24+01:00 logger.go:66:       + enable_resource_name_dns_a_record_on_launch    = false
TestExamplesBasicTest 2022-12-13T14:11:24+01:00 logger.go:66:       + enable_resource_name_dns_aaaa_record_on_launch = false
TestExamplesBasicTest 2022-12-13T14:11:24+01:00 logger.go:66:       + id                                             = (known after apply)
TestExamplesBasicTest 2022-12-13T14:11:24+01:00 logger.go:66:       + ipv6_cidr_block_association_id                 = (known after apply)
TestExamplesBasicTest 2022-12-13T14:11:24+01:00 logger.go:66:       + ipv6_native                                    = false
TestExamplesBasicTest 2022-12-13T14:11:24+01:00 logger.go:66:       + map_public_ip_on_launch                        = true
TestExamplesBasicTest 2022-12-13T14:11:24+01:00 logger.go:66:       + owner_id                                       = (known after apply)
TestExamplesBasicTest 2022-12-13T14:11:24+01:00 logger.go:66:       + private_dns_hostname_type_on_launch            = (known after apply)
TestExamplesBasicTest 2022-12-13T14:11:24+01:00 logger.go:66:       + tags                                           = (known after apply)
TestExamplesBasicTest 2022-12-13T14:11:24+01:00 logger.go:66:       + tags_all                                       = (known after apply)
TestExamplesBasicTest 2022-12-13T14:11:24+01:00 logger.go:66:       + vpc_id                                         = (known after apply)
TestExamplesBasicTest 2022-12-13T14:11:24+01:00 logger.go:66:     }
TestExamplesBasicTest 2022-12-13T14:11:24+01:00 logger.go:66:
TestExamplesBasicTest 2022-12-13T14:11:24+01:00 logger.go:66:   # module.vpc.module.vpc.aws_vpc.this[0] will be created
TestExamplesBasicTest 2022-12-13T14:11:24+01:00 logger.go:66:   + resource "aws_vpc" "this" {
TestExamplesBasicTest 2022-12-13T14:11:24+01:00 logger.go:66:       + arn                                  = (known after apply)
TestExamplesBasicTest 2022-12-13T14:11:24+01:00 logger.go:66:       + assign_generated_ipv6_cidr_block     = false
TestExamplesBasicTest 2022-12-13T14:11:24+01:00 logger.go:66:       + cidr_block                           = "10.0.0.0/16"
TestExamplesBasicTest 2022-12-13T14:11:24+01:00 logger.go:66:       + default_network_acl_id               = (known after apply)
TestExamplesBasicTest 2022-12-13T14:11:24+01:00 logger.go:66:       + default_route_table_id               = (known after apply)
TestExamplesBasicTest 2022-12-13T14:11:24+01:00 logger.go:66:       + default_security_group_id            = (known after apply)
TestExamplesBasicTest 2022-12-13T14:11:24+01:00 logger.go:66:       + dhcp_options_id                      = (known after apply)
TestExamplesBasicTest 2022-12-13T14:11:24+01:00 logger.go:66:       + enable_classiclink                   = (known after apply)
TestExamplesBasicTest 2022-12-13T14:11:24+01:00 logger.go:66:       + enable_classiclink_dns_support       = (known after apply)
TestExamplesBasicTest 2022-12-13T14:11:24+01:00 logger.go:66:       + enable_dns_hostnames                 = true
TestExamplesBasicTest 2022-12-13T14:11:24+01:00 logger.go:66:       + enable_dns_support                   = true
TestExamplesBasicTest 2022-12-13T14:11:24+01:00 logger.go:66:       + enable_network_address_usage_metrics = (known after apply)
TestExamplesBasicTest 2022-12-13T14:11:24+01:00 logger.go:66:       + id                                   = (known after apply)
TestExamplesBasicTest 2022-12-13T14:11:24+01:00 logger.go:66:       + instance_tenancy                     = "default"
TestExamplesBasicTest 2022-12-13T14:11:24+01:00 logger.go:66:       + ipv6_association_id                  = (known after apply)
TestExamplesBasicTest 2022-12-13T14:11:24+01:00 logger.go:66:       + ipv6_cidr_block                      = (known after apply)
TestExamplesBasicTest 2022-12-13T14:11:24+01:00 logger.go:66:       + ipv6_cidr_block_network_border_group = (known after apply)
TestExamplesBasicTest 2022-12-13T14:11:24+01:00 logger.go:66:       + main_route_table_id                  = (known after apply)
TestExamplesBasicTest 2022-12-13T14:11:24+01:00 logger.go:66:       + owner_id                             = (known after apply)
TestExamplesBasicTest 2022-12-13T14:11:24+01:00 logger.go:66:       + tags                                 = (known after apply)
TestExamplesBasicTest 2022-12-13T14:11:24+01:00 logger.go:66:       + tags_all                             = (known after apply)
TestExamplesBasicTest 2022-12-13T14:11:24+01:00 logger.go:66:     }
TestExamplesBasicTest 2022-12-13T14:11:24+01:00 logger.go:66:
TestExamplesBasicTest 2022-12-13T14:11:24+01:00 logger.go:66:   # module.eks_blueprints_kubernetes_addons.module.aws_ebs_csi_driver[0].module.irsa_addon[0].aws_iam_role.irsa[0] will be created
TestExamplesBasicTest 2022-12-13T14:11:24+01:00 logger.go:66:   + resource "aws_iam_role" "irsa" {
TestExamplesBasicTest 2022-12-13T14:11:24+01:00 logger.go:66:       + arn                   = (known after apply)
TestExamplesBasicTest 2022-12-13T14:11:24+01:00 logger.go:66:       + assume_role_policy    = (known after apply)
TestExamplesBasicTest 2022-12-13T14:11:24+01:00 logger.go:66:       + create_date           = (known after apply)
TestExamplesBasicTest 2022-12-13T14:11:24+01:00 logger.go:66:       + description           = "AWS IAM Role for the Kubernetes service account ebs-csi-controller-sa."
TestExamplesBasicTest 2022-12-13T14:11:24+01:00 logger.go:66:       + force_detach_policies = true
TestExamplesBasicTest 2022-12-13T14:11:24+01:00 logger.go:66:       + id                    = (known after apply)
TestExamplesBasicTest 2022-12-13T14:11:24+01:00 logger.go:66:       + managed_policy_arns   = (known after apply)
TestExamplesBasicTest 2022-12-13T14:11:24+01:00 logger.go:66:       + max_session_duration  = 3600
TestExamplesBasicTest 2022-12-13T14:11:24+01:00 logger.go:66:       + name                  = (known after apply)
TestExamplesBasicTest 2022-12-13T14:11:24+01:00 logger.go:66:       + name_prefix           = (known after apply)
TestExamplesBasicTest 2022-12-13T14:11:24+01:00 logger.go:66:       + path                  = "/"
TestExamplesBasicTest 2022-12-13T14:11:24+01:00 logger.go:66:       + tags_all              = (known after apply)
TestExamplesBasicTest 2022-12-13T14:11:24+01:00 logger.go:66:       + unique_id             = (known after apply)
TestExamplesBasicTest 2022-12-13T14:11:24+01:00 logger.go:66:
TestExamplesBasicTest 2022-12-13T14:11:24+01:00 logger.go:66:       + inline_policy {
TestExamplesBasicTest 2022-12-13T14:11:24+01:00 logger.go:66:           + name   = (known after apply)
TestExamplesBasicTest 2022-12-13T14:11:24+01:00 logger.go:66:           + policy = (known after apply)
TestExamplesBasicTest 2022-12-13T14:11:24+01:00 logger.go:66:         }
TestExamplesBasicTest 2022-12-13T14:11:24+01:00 logger.go:66:     }
TestExamplesBasicTest 2022-12-13T14:11:24+01:00 logger.go:66:
TestExamplesBasicTest 2022-12-13T14:11:24+01:00 logger.go:66:   # module.eks_blueprints_kubernetes_addons.module.aws_ebs_csi_driver[0].module.irsa_addon[0].aws_iam_role_policy_attachment.irsa[0] will be created
TestExamplesBasicTest 2022-12-13T14:11:24+01:00 logger.go:66:   + resource "aws_iam_role_policy_attachment" "irsa" {
TestExamplesBasicTest 2022-12-13T14:11:24+01:00 logger.go:66:       + id         = (known after apply)
TestExamplesBasicTest 2022-12-13T14:11:24+01:00 logger.go:66:       + policy_arn = (known after apply)
TestExamplesBasicTest 2022-12-13T14:11:24+01:00 logger.go:66:       + role       = (known after apply)
TestExamplesBasicTest 2022-12-13T14:11:24+01:00 logger.go:66:     }
TestExamplesBasicTest 2022-12-13T14:11:24+01:00 logger.go:66:
TestExamplesBasicTest 2022-12-13T14:11:24+01:00 logger.go:66:   # module.eks_blueprints_kubernetes_addons.module.aws_load_balancer_controller[0].module.helm_addon.helm_release.addon[0] will be created
TestExamplesBasicTest 2022-12-13T14:11:24+01:00 logger.go:66:   + resource "helm_release" "addon" {
TestExamplesBasicTest 2022-12-13T14:11:24+01:00 logger.go:66:       + atomic                     = false
TestExamplesBasicTest 2022-12-13T14:11:24+01:00 logger.go:66:       + chart                      = "aws-load-balancer-controller"
TestExamplesBasicTest 2022-12-13T14:11:24+01:00 logger.go:66:       + cleanup_on_fail            = false
TestExamplesBasicTest 2022-12-13T14:11:24+01:00 logger.go:66:       + create_namespace           = false
TestExamplesBasicTest 2022-12-13T14:11:24+01:00 logger.go:66:       + dependency_update          = false
TestExamplesBasicTest 2022-12-13T14:11:24+01:00 logger.go:66:       + description                = "aws-load-balancer-controller Helm Chart for ingress resources"
TestExamplesBasicTest 2022-12-13T14:11:24+01:00 logger.go:66:       + disable_crd_hooks          = false
TestExamplesBasicTest 2022-12-13T14:11:24+01:00 logger.go:66:       + disable_openapi_validation = false
TestExamplesBasicTest 2022-12-13T14:11:24+01:00 logger.go:66:       + disable_webhooks           = false
TestExamplesBasicTest 2022-12-13T14:11:24+01:00 logger.go:66:       + force_update               = false
TestExamplesBasicTest 2022-12-13T14:11:24+01:00 logger.go:66:       + id                         = (known after apply)
TestExamplesBasicTest 2022-12-13T14:11:24+01:00 logger.go:66:       + lint                       = false
TestExamplesBasicTest 2022-12-13T14:11:24+01:00 logger.go:66:       + manifest                   = (known after apply)
TestExamplesBasicTest 2022-12-13T14:11:24+01:00 logger.go:66:       + max_history                = 0
TestExamplesBasicTest 2022-12-13T14:11:24+01:00 logger.go:66:       + metadata                   = (known after apply)
TestExamplesBasicTest 2022-12-13T14:11:24+01:00 logger.go:66:       + name                       = "aws-load-balancer-controller"
TestExamplesBasicTest 2022-12-13T14:11:24+01:00 logger.go:66:       + namespace                  = "kube-system"
TestExamplesBasicTest 2022-12-13T14:11:24+01:00 logger.go:66:       + pass_credentials           = false
TestExamplesBasicTest 2022-12-13T14:11:24+01:00 logger.go:66:       + recreate_pods              = false
TestExamplesBasicTest 2022-12-13T14:11:24+01:00 logger.go:66:       + render_subchart_notes      = true
TestExamplesBasicTest 2022-12-13T14:11:24+01:00 logger.go:66:       + replace                    = false
TestExamplesBasicTest 2022-12-13T14:11:24+01:00 logger.go:66:       + repository                 = "https://aws.github.io/eks-charts"
TestExamplesBasicTest 2022-12-13T14:11:24+01:00 logger.go:66:       + reset_values               = false
TestExamplesBasicTest 2022-12-13T14:11:24+01:00 logger.go:66:       + reuse_values               = false
TestExamplesBasicTest 2022-12-13T14:11:24+01:00 logger.go:66:       + skip_crds                  = false
TestExamplesBasicTest 2022-12-13T14:11:24+01:00 logger.go:66:       + status                     = "deployed"
TestExamplesBasicTest 2022-12-13T14:11:24+01:00 logger.go:66:       + timeout                    = 1200
TestExamplesBasicTest 2022-12-13T14:11:24+01:00 logger.go:66:       + values                     = (known after apply)
TestExamplesBasicTest 2022-12-13T14:11:24+01:00 logger.go:66:       + verify                     = false
TestExamplesBasicTest 2022-12-13T14:11:24+01:00 logger.go:66:       + version                    = "1.4.3"
TestExamplesBasicTest 2022-12-13T14:11:24+01:00 logger.go:66:       + wait                       = true
TestExamplesBasicTest 2022-12-13T14:11:24+01:00 logger.go:66:       + wait_for_jobs              = false
TestExamplesBasicTest 2022-12-13T14:11:24+01:00 logger.go:66:
TestExamplesBasicTest 2022-12-13T14:11:24+01:00 logger.go:66:       + postrender {}
TestExamplesBasicTest 2022-12-13T14:11:24+01:00 logger.go:66:
TestExamplesBasicTest 2022-12-13T14:11:24+01:00 logger.go:66:       + set {
TestExamplesBasicTest 2022-12-13T14:11:24+01:00 logger.go:66:           + name  = "serviceAccount.create"
TestExamplesBasicTest 2022-12-13T14:11:24+01:00 logger.go:66:           + value = "false"
TestExamplesBasicTest 2022-12-13T14:11:24+01:00 logger.go:66:         }
TestExamplesBasicTest 2022-12-13T14:11:24+01:00 logger.go:66:       + set {
TestExamplesBasicTest 2022-12-13T14:11:24+01:00 logger.go:66:           + name  = "serviceAccount.name"
TestExamplesBasicTest 2022-12-13T14:11:24+01:00 logger.go:66:           + value = "aws-load-balancer-controller-sa"
TestExamplesBasicTest 2022-12-13T14:11:24+01:00 logger.go:66:         }
TestExamplesBasicTest 2022-12-13T14:11:24+01:00 logger.go:66:     }
TestExamplesBasicTest 2022-12-13T14:11:24+01:00 logger.go:66:
TestExamplesBasicTest 2022-12-13T14:11:24+01:00 logger.go:66:   # module.eks_blueprints_kubernetes_addons.module.cert_manager[0].module.helm_addon.helm_release.addon[0] will be created
TestExamplesBasicTest 2022-12-13T14:11:24+01:00 logger.go:66:   + resource "helm_release" "addon" {
TestExamplesBasicTest 2022-12-13T14:11:24+01:00 logger.go:66:       + atomic                     = false
TestExamplesBasicTest 2022-12-13T14:11:24+01:00 logger.go:66:       + chart                      = "cert-manager"
TestExamplesBasicTest 2022-12-13T14:11:24+01:00 logger.go:66:       + cleanup_on_fail            = false
TestExamplesBasicTest 2022-12-13T14:11:24+01:00 logger.go:66:       + create_namespace           = false
TestExamplesBasicTest 2022-12-13T14:11:24+01:00 logger.go:66:       + dependency_update          = false
TestExamplesBasicTest 2022-12-13T14:11:24+01:00 logger.go:66:       + description                = "Cert Manager Add-on"
TestExamplesBasicTest 2022-12-13T14:11:24+01:00 logger.go:66:       + disable_crd_hooks          = false
TestExamplesBasicTest 2022-12-13T14:11:24+01:00 logger.go:66:       + disable_openapi_validation = false
TestExamplesBasicTest 2022-12-13T14:11:24+01:00 logger.go:66:       + disable_webhooks           = false
TestExamplesBasicTest 2022-12-13T14:11:24+01:00 logger.go:66:       + force_update               = false
TestExamplesBasicTest 2022-12-13T14:11:24+01:00 logger.go:66:       + id                         = (known after apply)
TestExamplesBasicTest 2022-12-13T14:11:24+01:00 logger.go:66:       + lint                       = false
TestExamplesBasicTest 2022-12-13T14:11:24+01:00 logger.go:66:       + manifest                   = (known after apply)
TestExamplesBasicTest 2022-12-13T14:11:24+01:00 logger.go:66:       + max_history                = 0
TestExamplesBasicTest 2022-12-13T14:11:24+01:00 logger.go:66:       + metadata                   = (known after apply)
TestExamplesBasicTest 2022-12-13T14:11:24+01:00 logger.go:66:       + name                       = "cert-manager"
TestExamplesBasicTest 2022-12-13T14:11:24+01:00 logger.go:66:       + namespace                  = "cert-manager"
TestExamplesBasicTest 2022-12-13T14:11:24+01:00 logger.go:66:       + pass_credentials           = false
TestExamplesBasicTest 2022-12-13T14:11:24+01:00 logger.go:66:       + recreate_pods              = false
TestExamplesBasicTest 2022-12-13T14:11:24+01:00 logger.go:66:       + render_subchart_notes      = true
TestExamplesBasicTest 2022-12-13T14:11:24+01:00 logger.go:66:       + replace                    = false
TestExamplesBasicTest 2022-12-13T14:11:24+01:00 logger.go:66:       + repository                 = "https://charts.jetstack.io"
TestExamplesBasicTest 2022-12-13T14:11:24+01:00 logger.go:66:       + reset_values               = false
TestExamplesBasicTest 2022-12-13T14:11:24+01:00 logger.go:66:       + reuse_values               = false
TestExamplesBasicTest 2022-12-13T14:11:24+01:00 logger.go:66:       + skip_crds                  = false
TestExamplesBasicTest 2022-12-13T14:11:24+01:00 logger.go:66:       + status                     = "deployed"
TestExamplesBasicTest 2022-12-13T14:11:24+01:00 logger.go:66:       + timeout                    = 1200
TestExamplesBasicTest 2022-12-13T14:11:24+01:00 logger.go:66:       + values                     = [
TestExamplesBasicTest 2022-12-13T14:11:24+01:00 logger.go:66:           + <<-EOT
TestExamplesBasicTest 2022-12-13T14:11:24+01:00 logger.go:66:                 extraArgs:
TestExamplesBasicTest 2022-12-13T14:11:24+01:00 logger.go:66:                   - --enable-certificate-owner-ref=true
TestExamplesBasicTest 2022-12-13T14:11:24+01:00 logger.go:66:
TestExamplesBasicTest 2022-12-13T14:11:24+01:00 logger.go:66:                 installCRDs: true
TestExamplesBasicTest 2022-12-13T14:11:24+01:00 logger.go:66:             EOT,
TestExamplesBasicTest 2022-12-13T14:11:24+01:00 logger.go:66:         ]
TestExamplesBasicTest 2022-12-13T14:11:24+01:00 logger.go:66:       + verify                     = false
TestExamplesBasicTest 2022-12-13T14:11:24+01:00 logger.go:66:       + version                    = "v1.9.1"
TestExamplesBasicTest 2022-12-13T14:11:24+01:00 logger.go:66:       + wait                       = true
TestExamplesBasicTest 2022-12-13T14:11:24+01:00 logger.go:66:       + wait_for_jobs              = false
TestExamplesBasicTest 2022-12-13T14:11:24+01:00 logger.go:66:
TestExamplesBasicTest 2022-12-13T14:11:24+01:00 logger.go:66:       + postrender {}
TestExamplesBasicTest 2022-12-13T14:11:24+01:00 logger.go:66:
TestExamplesBasicTest 2022-12-13T14:11:24+01:00 logger.go:66:       + set {
TestExamplesBasicTest 2022-12-13T14:11:24+01:00 logger.go:66:           + name  = "extraArgs[0]"
TestExamplesBasicTest 2022-12-13T14:11:24+01:00 logger.go:66:           + value = "--acme-http01-solver-nameservers=8.8.8.8:53\\,1.1.1.1:53"
TestExamplesBasicTest 2022-12-13T14:11:24+01:00 logger.go:66:         }
TestExamplesBasicTest 2022-12-13T14:11:24+01:00 logger.go:66:       + set {
TestExamplesBasicTest 2022-12-13T14:11:24+01:00 logger.go:66:           + name  = "serviceAccount.create"
TestExamplesBasicTest 2022-12-13T14:11:24+01:00 logger.go:66:           + value = "false"
TestExamplesBasicTest 2022-12-13T14:11:24+01:00 logger.go:66:         }
TestExamplesBasicTest 2022-12-13T14:11:24+01:00 logger.go:66:       + set {
TestExamplesBasicTest 2022-12-13T14:11:24+01:00 logger.go:66:           + name  = "serviceAccount.name"
TestExamplesBasicTest 2022-12-13T14:11:24+01:00 logger.go:66:           + value = "cert-manager"
TestExamplesBasicTest 2022-12-13T14:11:24+01:00 logger.go:66:         }
TestExamplesBasicTest 2022-12-13T14:11:24+01:00 logger.go:66:     }
TestExamplesBasicTest 2022-12-13T14:11:24+01:00 logger.go:66:
TestExamplesBasicTest 2022-12-13T14:11:24+01:00 logger.go:66:   # module.eks_blueprints_kubernetes_addons.module.external_dns[0].module.helm_addon.helm_release.addon[0] will be created
TestExamplesBasicTest 2022-12-13T14:11:24+01:00 logger.go:66:   + resource "helm_release" "addon" {
TestExamplesBasicTest 2022-12-13T14:11:24+01:00 logger.go:66:       + atomic                     = false
TestExamplesBasicTest 2022-12-13T14:11:24+01:00 logger.go:66:       + chart                      = "external-dns"
TestExamplesBasicTest 2022-12-13T14:11:24+01:00 logger.go:66:       + cleanup_on_fail            = false
TestExamplesBasicTest 2022-12-13T14:11:24+01:00 logger.go:66:       + create_namespace           = false
TestExamplesBasicTest 2022-12-13T14:11:24+01:00 logger.go:66:       + dependency_update          = false
TestExamplesBasicTest 2022-12-13T14:11:24+01:00 logger.go:66:       + description                = "ExternalDNS Helm Chart"
TestExamplesBasicTest 2022-12-13T14:11:24+01:00 logger.go:66:       + disable_crd_hooks          = false
TestExamplesBasicTest 2022-12-13T14:11:24+01:00 logger.go:66:       + disable_openapi_validation = false
TestExamplesBasicTest 2022-12-13T14:11:24+01:00 logger.go:66:       + disable_webhooks           = false
TestExamplesBasicTest 2022-12-13T14:11:24+01:00 logger.go:66:       + force_update               = false
TestExamplesBasicTest 2022-12-13T14:11:24+01:00 logger.go:66:       + id                         = (known after apply)
TestExamplesBasicTest 2022-12-13T14:11:24+01:00 logger.go:66:       + lint                       = false
TestExamplesBasicTest 2022-12-13T14:11:24+01:00 logger.go:66:       + manifest                   = (known after apply)
TestExamplesBasicTest 2022-12-13T14:11:24+01:00 logger.go:66:       + max_history                = 0
TestExamplesBasicTest 2022-12-13T14:11:24+01:00 logger.go:66:       + metadata                   = (known after apply)
TestExamplesBasicTest 2022-12-13T14:11:24+01:00 logger.go:66:       + name                       = "external-dns"
TestExamplesBasicTest 2022-12-13T14:11:24+01:00 logger.go:66:       + namespace                  = "external-dns"
TestExamplesBasicTest 2022-12-13T14:11:24+01:00 logger.go:66:       + pass_credentials           = false
TestExamplesBasicTest 2022-12-13T14:11:24+01:00 logger.go:66:       + recreate_pods              = false
TestExamplesBasicTest 2022-12-13T14:11:24+01:00 logger.go:66:       + render_subchart_notes      = true
TestExamplesBasicTest 2022-12-13T14:11:24+01:00 logger.go:66:       + replace                    = false
TestExamplesBasicTest 2022-12-13T14:11:24+01:00 logger.go:66:       + repository                 = "https://charts.bitnami.com/bitnami"
TestExamplesBasicTest 2022-12-13T14:11:24+01:00 logger.go:66:       + reset_values               = false
TestExamplesBasicTest 2022-12-13T14:11:24+01:00 logger.go:66:       + reuse_values               = false
TestExamplesBasicTest 2022-12-13T14:11:24+01:00 logger.go:66:       + skip_crds                  = false
TestExamplesBasicTest 2022-12-13T14:11:24+01:00 logger.go:66:       + status                     = "deployed"
TestExamplesBasicTest 2022-12-13T14:11:24+01:00 logger.go:66:       + timeout                    = 1200
TestExamplesBasicTest 2022-12-13T14:11:24+01:00 logger.go:66:       + values                     = [
TestExamplesBasicTest 2022-12-13T14:11:24+01:00 logger.go:66:           + <<-EOT
TestExamplesBasicTest 2022-12-13T14:11:24+01:00 logger.go:66:                 ## Modify how DNS records are sychronized between sources and providers (options: sync, upsert-only)
TestExamplesBasicTest 2022-12-13T14:11:24+01:00 logger.go:66:                 policy: sync
TestExamplesBasicTest 2022-12-13T14:11:24+01:00 logger.go:66:             EOT,
TestExamplesBasicTest 2022-12-13T14:11:24+01:00 logger.go:66:         ]
TestExamplesBasicTest 2022-12-13T14:11:24+01:00 logger.go:66:       + verify                     = false
TestExamplesBasicTest 2022-12-13T14:11:24+01:00 logger.go:66:       + version                    = "6.1.6"
TestExamplesBasicTest 2022-12-13T14:11:24+01:00 logger.go:66:       + wait                       = true
TestExamplesBasicTest 2022-12-13T14:11:24+01:00 logger.go:66:       + wait_for_jobs              = false
TestExamplesBasicTest 2022-12-13T14:11:24+01:00 logger.go:66:
TestExamplesBasicTest 2022-12-13T14:11:24+01:00 logger.go:66:       + postrender {}
TestExamplesBasicTest 2022-12-13T14:11:24+01:00 logger.go:66:
TestExamplesBasicTest 2022-12-13T14:11:24+01:00 logger.go:66:       + set {
TestExamplesBasicTest 2022-12-13T14:11:24+01:00 logger.go:66:           + name  = "serviceAccount.create"
TestExamplesBasicTest 2022-12-13T14:11:24+01:00 logger.go:66:           + value = "false"
TestExamplesBasicTest 2022-12-13T14:11:24+01:00 logger.go:66:         }
TestExamplesBasicTest 2022-12-13T14:11:24+01:00 logger.go:66:       + set {
TestExamplesBasicTest 2022-12-13T14:11:24+01:00 logger.go:66:           + name  = "serviceAccount.name"
TestExamplesBasicTest 2022-12-13T14:11:24+01:00 logger.go:66:           + value = "external-dns-sa"
TestExamplesBasicTest 2022-12-13T14:11:24+01:00 logger.go:66:         }
TestExamplesBasicTest 2022-12-13T14:11:24+01:00 logger.go:66:     }
TestExamplesBasicTest 2022-12-13T14:11:24+01:00 logger.go:66:
TestExamplesBasicTest 2022-12-13T14:11:24+01:00 logger.go:66:   # module.eks_blueprints_kubernetes_addons.module.grafana[0].module.helm_addon.helm_release.addon[0] will be created
TestExamplesBasicTest 2022-12-13T14:11:24+01:00 logger.go:66:   + resource "helm_release" "addon" {
TestExamplesBasicTest 2022-12-13T14:11:24+01:00 logger.go:66:       + atomic                     = false
TestExamplesBasicTest 2022-12-13T14:11:24+01:00 logger.go:66:       + chart                      = "grafana"
TestExamplesBasicTest 2022-12-13T14:11:24+01:00 logger.go:66:       + cleanup_on_fail            = false
TestExamplesBasicTest 2022-12-13T14:11:24+01:00 logger.go:66:       + create_namespace           = false
TestExamplesBasicTest 2022-12-13T14:11:24+01:00 logger.go:66:       + dependency_update          = false
TestExamplesBasicTest 2022-12-13T14:11:24+01:00 logger.go:66:       + description                = "Grafana Helm Chart deployment configuration"
TestExamplesBasicTest 2022-12-13T14:11:24+01:00 logger.go:66:       + disable_crd_hooks          = false
TestExamplesBasicTest 2022-12-13T14:11:24+01:00 logger.go:66:       + disable_openapi_validation = false
TestExamplesBasicTest 2022-12-13T14:11:24+01:00 logger.go:66:       + disable_webhooks           = false
TestExamplesBasicTest 2022-12-13T14:11:24+01:00 logger.go:66:       + force_update               = false
TestExamplesBasicTest 2022-12-13T14:11:24+01:00 logger.go:66:       + id                         = (known after apply)
TestExamplesBasicTest 2022-12-13T14:11:24+01:00 logger.go:66:       + lint                       = false
TestExamplesBasicTest 2022-12-13T14:11:24+01:00 logger.go:66:       + manifest                   = (known after apply)
TestExamplesBasicTest 2022-12-13T14:11:24+01:00 logger.go:66:       + max_history                = 0
TestExamplesBasicTest 2022-12-13T14:11:24+01:00 logger.go:66:       + metadata                   = (known after apply)
TestExamplesBasicTest 2022-12-13T14:11:24+01:00 logger.go:66:       + name                       = "grafana"
TestExamplesBasicTest 2022-12-13T14:11:24+01:00 logger.go:66:       + namespace                  = "grafana"
TestExamplesBasicTest 2022-12-13T14:11:24+01:00 logger.go:66:       + pass_credentials           = false
TestExamplesBasicTest 2022-12-13T14:11:24+01:00 logger.go:66:       + recreate_pods              = false
TestExamplesBasicTest 2022-12-13T14:11:24+01:00 logger.go:66:       + render_subchart_notes      = true
TestExamplesBasicTest 2022-12-13T14:11:24+01:00 logger.go:66:       + replace                    = false
TestExamplesBasicTest 2022-12-13T14:11:24+01:00 logger.go:66:       + repository                 = "https://grafana.github.io/helm-charts"
TestExamplesBasicTest 2022-12-13T14:11:24+01:00 logger.go:66:       + reset_values               = false
TestExamplesBasicTest 2022-12-13T14:11:24+01:00 logger.go:66:       + reuse_values               = false
TestExamplesBasicTest 2022-12-13T14:11:24+01:00 logger.go:66:       + skip_crds                  = false
TestExamplesBasicTest 2022-12-13T14:11:24+01:00 logger.go:66:       + status                     = "deployed"
TestExamplesBasicTest 2022-12-13T14:11:24+01:00 logger.go:66:       + timeout                    = 1200
TestExamplesBasicTest 2022-12-13T14:11:24+01:00 logger.go:66:       + values                     = [
TestExamplesBasicTest 2022-12-13T14:11:24+01:00 logger.go:66:           + <<-EOT
TestExamplesBasicTest 2022-12-13T14:11:24+01:00 logger.go:66:                 grafana.ini:
TestExamplesBasicTest 2022-12-13T14:11:24+01:00 logger.go:66:                   server:
TestExamplesBasicTest 2022-12-13T14:11:24+01:00 logger.go:66:                     domain: monitoring.testdomain.com
TestExamplesBasicTest 2022-12-13T14:11:24+01:00 logger.go:66:                     root_url: "%(protocol)s://%(domain)s/grafana"
TestExamplesBasicTest 2022-12-13T14:11:24+01:00 logger.go:66:                     serve_from_sub_path: true
TestExamplesBasicTest 2022-12-13T14:11:24+01:00 logger.go:66:                 ingress:
TestExamplesBasicTest 2022-12-13T14:11:24+01:00 logger.go:66:                   enabled: true
TestExamplesBasicTest 2022-12-13T14:11:24+01:00 logger.go:66:                   annotations:
TestExamplesBasicTest 2022-12-13T14:11:24+01:00 logger.go:66:                     kubernetes.io/ingress.class: nginx
TestExamplesBasicTest 2022-12-13T14:11:24+01:00 logger.go:66:                     cert-manager.io/cluster-issuer: "letsencrypt-prod"
TestExamplesBasicTest 2022-12-13T14:11:24+01:00 logger.go:66:                   hosts:
TestExamplesBasicTest 2022-12-13T14:11:24+01:00 logger.go:66:                     - "monitoring.testdomain.com"
TestExamplesBasicTest 2022-12-13T14:11:24+01:00 logger.go:66:                   path: "/"
TestExamplesBasicTest 2022-12-13T14:11:24+01:00 logger.go:66:                   tls:
TestExamplesBasicTest 2022-12-13T14:11:24+01:00 logger.go:66:                   - hosts:
TestExamplesBasicTest 2022-12-13T14:11:24+01:00 logger.go:66:                     - monitoring.testdomain.com
TestExamplesBasicTest 2022-12-13T14:11:24+01:00 logger.go:66:                     secretName: monitoring.testdomain.com
TestExamplesBasicTest 2022-12-13T14:11:24+01:00 logger.go:66:                 datasources:
TestExamplesBasicTest 2022-12-13T14:11:24+01:00 logger.go:66:                  datasources.yaml:
TestExamplesBasicTest 2022-12-13T14:11:24+01:00 logger.go:66:                    apiVersion: 1
TestExamplesBasicTest 2022-12-13T14:11:24+01:00 logger.go:66:                    datasources:
TestExamplesBasicTest 2022-12-13T14:11:24+01:00 logger.go:66:                    - name: Prometheus
TestExamplesBasicTest 2022-12-13T14:11:24+01:00 logger.go:66:                      type: prometheus
TestExamplesBasicTest 2022-12-13T14:11:24+01:00 logger.go:66:                      url: http://prometheus-server.prometheus.svc.cluster.local
TestExamplesBasicTest 2022-12-13T14:11:24+01:00 logger.go:66:                      access: proxy
TestExamplesBasicTest 2022-12-13T14:11:24+01:00 logger.go:66:                      isDefault: true
TestExamplesBasicTest 2022-12-13T14:11:24+01:00 logger.go:66:                    - name: Loki
TestExamplesBasicTest 2022-12-13T14:11:24+01:00 logger.go:66:                      type: loki
TestExamplesBasicTest 2022-12-13T14:11:24+01:00 logger.go:66:                      url: http://loki-stack.loki.svc.cluster.local:3100
TestExamplesBasicTest 2022-12-13T14:11:24+01:00 logger.go:66:                      access: proxy
TestExamplesBasicTest 2022-12-13T14:11:24+01:00 logger.go:66:                 dashboardProviders:
TestExamplesBasicTest 2022-12-13T14:11:24+01:00 logger.go:66:                  dashboardproviders.yaml:
TestExamplesBasicTest 2022-12-13T14:11:24+01:00 logger.go:66:                    apiVersion: 1
TestExamplesBasicTest 2022-12-13T14:11:24+01:00 logger.go:66:                    providers:
TestExamplesBasicTest 2022-12-13T14:11:24+01:00 logger.go:66:                    - name: 'default'
TestExamplesBasicTest 2022-12-13T14:11:24+01:00 logger.go:66:                      orgId: 1
TestExamplesBasicTest 2022-12-13T14:11:24+01:00 logger.go:66:                      folder: ''
TestExamplesBasicTest 2022-12-13T14:11:24+01:00 logger.go:66:                      type: file
TestExamplesBasicTest 2022-12-13T14:11:24+01:00 logger.go:66:                      disableDeletion: false
TestExamplesBasicTest 2022-12-13T14:11:24+01:00 logger.go:66:                      editable: true
TestExamplesBasicTest 2022-12-13T14:11:24+01:00 logger.go:66:                      options:
TestExamplesBasicTest 2022-12-13T14:11:24+01:00 logger.go:66:                        path: /var/lib/grafana/dashboards/default
TestExamplesBasicTest 2022-12-13T14:11:24+01:00 logger.go:66:
TestExamplesBasicTest 2022-12-13T14:11:24+01:00 logger.go:66:             EOT,
TestExamplesBasicTest 2022-12-13T14:11:24+01:00 logger.go:66:         ]
TestExamplesBasicTest 2022-12-13T14:11:24+01:00 logger.go:66:       + verify                     = false
TestExamplesBasicTest 2022-12-13T14:11:24+01:00 logger.go:66:       + version                    = "6.32.1"
TestExamplesBasicTest 2022-12-13T14:11:24+01:00 logger.go:66:       + wait                       = true
TestExamplesBasicTest 2022-12-13T14:11:24+01:00 logger.go:66:       + wait_for_jobs              = false
TestExamplesBasicTest 2022-12-13T14:11:24+01:00 logger.go:66:
TestExamplesBasicTest 2022-12-13T14:11:24+01:00 logger.go:66:       + postrender {}
TestExamplesBasicTest 2022-12-13T14:11:24+01:00 logger.go:66:
TestExamplesBasicTest 2022-12-13T14:11:24+01:00 logger.go:66:       + set {
TestExamplesBasicTest 2022-12-13T14:11:24+01:00 logger.go:66:           + name  = "serviceAccount.create"
TestExamplesBasicTest 2022-12-13T14:11:24+01:00 logger.go:66:           + value = "false"
TestExamplesBasicTest 2022-12-13T14:11:24+01:00 logger.go:66:         }
TestExamplesBasicTest 2022-12-13T14:11:24+01:00 logger.go:66:       + set {
TestExamplesBasicTest 2022-12-13T14:11:24+01:00 logger.go:66:           + name  = "serviceAccount.name"
TestExamplesBasicTest 2022-12-13T14:11:24+01:00 logger.go:66:           + value = "grafana"
TestExamplesBasicTest 2022-12-13T14:11:24+01:00 logger.go:66:         }
TestExamplesBasicTest 2022-12-13T14:11:24+01:00 logger.go:66:
TestExamplesBasicTest 2022-12-13T14:11:24+01:00 logger.go:66:       + set_sensitive {
TestExamplesBasicTest 2022-12-13T14:11:24+01:00 logger.go:66:           + name  = (known after apply)
TestExamplesBasicTest 2022-12-13T14:11:24+01:00 logger.go:66:           + type  = (known after apply)
TestExamplesBasicTest 2022-12-13T14:11:24+01:00 logger.go:66:           + value = (sensitive value)
TestExamplesBasicTest 2022-12-13T14:11:24+01:00 logger.go:66:         }
TestExamplesBasicTest 2022-12-13T14:11:24+01:00 logger.go:66:     }
TestExamplesBasicTest 2022-12-13T14:11:24+01:00 logger.go:66:
TestExamplesBasicTest 2022-12-13T14:11:24+01:00 logger.go:66:   # module.eks_blueprints_kubernetes_addons.module.ingress_nginx[0].module.helm_addon.helm_release.addon[0] will be created
TestExamplesBasicTest 2022-12-13T14:11:24+01:00 logger.go:66:   + resource "helm_release" "addon" {
TestExamplesBasicTest 2022-12-13T14:11:24+01:00 logger.go:66:       + atomic                     = false
TestExamplesBasicTest 2022-12-13T14:11:24+01:00 logger.go:66:       + chart                      = "ingress-nginx"
TestExamplesBasicTest 2022-12-13T14:11:24+01:00 logger.go:66:       + cleanup_on_fail            = false
TestExamplesBasicTest 2022-12-13T14:11:24+01:00 logger.go:66:       + create_namespace           = false
TestExamplesBasicTest 2022-12-13T14:11:24+01:00 logger.go:66:       + dependency_update          = false
TestExamplesBasicTest 2022-12-13T14:11:24+01:00 logger.go:66:       + description                = "The NGINX HelmChart Ingress Controller deployment configuration"
TestExamplesBasicTest 2022-12-13T14:11:24+01:00 logger.go:66:       + disable_crd_hooks          = false
TestExamplesBasicTest 2022-12-13T14:11:24+01:00 logger.go:66:       + disable_openapi_validation = false
TestExamplesBasicTest 2022-12-13T14:11:24+01:00 logger.go:66:       + disable_webhooks           = false
TestExamplesBasicTest 2022-12-13T14:11:24+01:00 logger.go:66:       + force_update               = false
TestExamplesBasicTest 2022-12-13T14:11:24+01:00 logger.go:66:       + id                         = (known after apply)
TestExamplesBasicTest 2022-12-13T14:11:24+01:00 logger.go:66:       + lint                       = false
TestExamplesBasicTest 2022-12-13T14:11:24+01:00 logger.go:66:       + manifest                   = (known after apply)
TestExamplesBasicTest 2022-12-13T14:11:24+01:00 logger.go:66:       + max_history                = 0
TestExamplesBasicTest 2022-12-13T14:11:24+01:00 logger.go:66:       + metadata                   = (known after apply)
TestExamplesBasicTest 2022-12-13T14:11:24+01:00 logger.go:66:       + name                       = "ingress-nginx"
TestExamplesBasicTest 2022-12-13T14:11:24+01:00 logger.go:66:       + namespace                  = "ingress-nginx"
TestExamplesBasicTest 2022-12-13T14:11:24+01:00 logger.go:66:       + pass_credentials           = false
TestExamplesBasicTest 2022-12-13T14:11:24+01:00 logger.go:66:       + recreate_pods              = false
TestExamplesBasicTest 2022-12-13T14:11:24+01:00 logger.go:66:       + render_subchart_notes      = true
TestExamplesBasicTest 2022-12-13T14:11:24+01:00 logger.go:66:       + replace                    = false
TestExamplesBasicTest 2022-12-13T14:11:24+01:00 logger.go:66:       + repository                 = "https://kubernetes.github.io/ingress-nginx"
TestExamplesBasicTest 2022-12-13T14:11:24+01:00 logger.go:66:       + reset_values               = false
TestExamplesBasicTest 2022-12-13T14:11:24+01:00 logger.go:66:       + reuse_values               = false
TestExamplesBasicTest 2022-12-13T14:11:24+01:00 logger.go:66:       + skip_crds                  = false
TestExamplesBasicTest 2022-12-13T14:11:24+01:00 logger.go:66:       + status                     = "deployed"
TestExamplesBasicTest 2022-12-13T14:11:24+01:00 logger.go:66:       + timeout                    = 1200
TestExamplesBasicTest 2022-12-13T14:11:24+01:00 logger.go:66:       + values                     = [
TestExamplesBasicTest 2022-12-13T14:11:24+01:00 logger.go:66:           + <<-EOT
TestExamplesBasicTest 2022-12-13T14:11:24+01:00 logger.go:66:                 controller:
TestExamplesBasicTest 2022-12-13T14:11:24+01:00 logger.go:66:                     service:
TestExamplesBasicTest 2022-12-13T14:11:24+01:00 logger.go:66:                       type: LoadBalancer
TestExamplesBasicTest 2022-12-13T14:11:24+01:00 logger.go:66:                       externalTrafficPolicy: "Cluster"
TestExamplesBasicTest 2022-12-13T14:11:24+01:00 logger.go:66:                       annotations:
TestExamplesBasicTest 2022-12-13T14:11:24+01:00 logger.go:66:                         # AWS Load Balancer Controller Annotations
TestExamplesBasicTest 2022-12-13T14:11:24+01:00 logger.go:66:                         service.beta.kubernetes.io/aws-load-balancer-type: external
TestExamplesBasicTest 2022-12-13T14:11:24+01:00 logger.go:66:                         service.beta.kubernetes.io/aws-load-balancer-nlb-target-type: ip
TestExamplesBasicTest 2022-12-13T14:11:24+01:00 logger.go:66:                         service.beta.kubernetes.io/aws-load-balancer-scheme: internet-facing
TestExamplesBasicTest 2022-12-13T14:11:24+01:00 logger.go:66:
TestExamplesBasicTest 2022-12-13T14:11:24+01:00 logger.go:66:                         # External DNS Annotations
TestExamplesBasicTest 2022-12-13T14:11:24+01:00 logger.go:66:                         external-dns.alpha.kubernetes.io/hostname: testdomain.com
TestExamplesBasicTest 2022-12-13T14:11:24+01:00 logger.go:66:             EOT,
TestExamplesBasicTest 2022-12-13T14:11:24+01:00 logger.go:66:         ]
TestExamplesBasicTest 2022-12-13T14:11:24+01:00 logger.go:66:       + verify                     = false
TestExamplesBasicTest 2022-12-13T14:11:24+01:00 logger.go:66:       + version                    = "4.1.4"
TestExamplesBasicTest 2022-12-13T14:11:24+01:00 logger.go:66:       + wait                       = false
TestExamplesBasicTest 2022-12-13T14:11:24+01:00 logger.go:66:       + wait_for_jobs              = false
TestExamplesBasicTest 2022-12-13T14:11:24+01:00 logger.go:66:
TestExamplesBasicTest 2022-12-13T14:11:24+01:00 logger.go:66:       + postrender {}
TestExamplesBasicTest 2022-12-13T14:11:24+01:00 logger.go:66:     }
TestExamplesBasicTest 2022-12-13T14:11:24+01:00 logger.go:66:
TestExamplesBasicTest 2022-12-13T14:11:24+01:00 logger.go:66:   # module.eks_blueprints_kubernetes_addons.module.prometheus[0].module.helm_addon.helm_release.addon[0] will be created
TestExamplesBasicTest 2022-12-13T14:11:24+01:00 logger.go:66:   + resource "helm_release" "addon" {
TestExamplesBasicTest 2022-12-13T14:11:24+01:00 logger.go:66:       + atomic                     = false
TestExamplesBasicTest 2022-12-13T14:11:24+01:00 logger.go:66:       + chart                      = "prometheus"
TestExamplesBasicTest 2022-12-13T14:11:24+01:00 logger.go:66:       + cleanup_on_fail            = false
TestExamplesBasicTest 2022-12-13T14:11:24+01:00 logger.go:66:       + create_namespace           = false
TestExamplesBasicTest 2022-12-13T14:11:24+01:00 logger.go:66:       + dependency_update          = false
TestExamplesBasicTest 2022-12-13T14:11:24+01:00 logger.go:66:       + description                = "Prometheus helm Chart deployment configuration"
TestExamplesBasicTest 2022-12-13T14:11:24+01:00 logger.go:66:       + disable_crd_hooks          = false
TestExamplesBasicTest 2022-12-13T14:11:24+01:00 logger.go:66:       + disable_openapi_validation = false
TestExamplesBasicTest 2022-12-13T14:11:24+01:00 logger.go:66:       + disable_webhooks           = false
TestExamplesBasicTest 2022-12-13T14:11:24+01:00 logger.go:66:       + force_update               = false
TestExamplesBasicTest 2022-12-13T14:11:24+01:00 logger.go:66:       + id                         = (known after apply)
TestExamplesBasicTest 2022-12-13T14:11:24+01:00 logger.go:66:       + lint                       = false
TestExamplesBasicTest 2022-12-13T14:11:24+01:00 logger.go:66:       + manifest                   = (known after apply)
TestExamplesBasicTest 2022-12-13T14:11:24+01:00 logger.go:66:       + max_history                = 0
TestExamplesBasicTest 2022-12-13T14:11:24+01:00 logger.go:66:       + metadata                   = (known after apply)
TestExamplesBasicTest 2022-12-13T14:11:24+01:00 logger.go:66:       + name                       = "prometheus"
TestExamplesBasicTest 2022-12-13T14:11:24+01:00 logger.go:66:       + namespace                  = "prometheus"
TestExamplesBasicTest 2022-12-13T14:11:24+01:00 logger.go:66:       + pass_credentials           = false
TestExamplesBasicTest 2022-12-13T14:11:24+01:00 logger.go:66:       + recreate_pods              = false
TestExamplesBasicTest 2022-12-13T14:11:24+01:00 logger.go:66:       + render_subchart_notes      = true
TestExamplesBasicTest 2022-12-13T14:11:24+01:00 logger.go:66:       + replace                    = false
TestExamplesBasicTest 2022-12-13T14:11:24+01:00 logger.go:66:       + repository                 = "https://prometheus-community.github.io/helm-charts"
TestExamplesBasicTest 2022-12-13T14:11:24+01:00 logger.go:66:       + reset_values               = false
TestExamplesBasicTest 2022-12-13T14:11:24+01:00 logger.go:66:       + reuse_values               = false
TestExamplesBasicTest 2022-12-13T14:11:24+01:00 logger.go:66:       + skip_crds                  = false
TestExamplesBasicTest 2022-12-13T14:11:24+01:00 logger.go:66:       + status                     = "deployed"
TestExamplesBasicTest 2022-12-13T14:11:24+01:00 logger.go:66:       + timeout                    = 1200
TestExamplesBasicTest 2022-12-13T14:11:24+01:00 logger.go:66:       + values                     = [
TestExamplesBasicTest 2022-12-13T14:11:24+01:00 logger.go:66:           + <<-EOT
TestExamplesBasicTest 2022-12-13T14:11:24+01:00 logger.go:66:                 server:
TestExamplesBasicTest 2022-12-13T14:11:24+01:00 logger.go:66:                   retention: 1h
TestExamplesBasicTest 2022-12-13T14:11:24+01:00 logger.go:66:
TestExamplesBasicTest 2022-12-13T14:11:24+01:00 logger.go:66:                   global:
TestExamplesBasicTest 2022-12-13T14:11:24+01:00 logger.go:66:                     evaluation_interval: 30s
TestExamplesBasicTest 2022-12-13T14:11:24+01:00 logger.go:66:                     scrape_interval: 30s
TestExamplesBasicTest 2022-12-13T14:11:24+01:00 logger.go:66:                     scrape_timeout: 10s
TestExamplesBasicTest 2022-12-13T14:11:24+01:00 logger.go:66:
TestExamplesBasicTest 2022-12-13T14:11:24+01:00 logger.go:66:                   resources:
TestExamplesBasicTest 2022-12-13T14:11:24+01:00 logger.go:66:                     requests:
TestExamplesBasicTest 2022-12-13T14:11:24+01:00 logger.go:66:                       cpu: 500m
TestExamplesBasicTest 2022-12-13T14:11:24+01:00 logger.go:66:                       memory: 1Gi
TestExamplesBasicTest 2022-12-13T14:11:24+01:00 logger.go:66:
TestExamplesBasicTest 2022-12-13T14:11:24+01:00 logger.go:66:                   nodeSelector:
TestExamplesBasicTest 2022-12-13T14:11:24+01:00 logger.go:66:                     kubernetes.io/os: linux
TestExamplesBasicTest 2022-12-13T14:11:24+01:00 logger.go:66:
TestExamplesBasicTest 2022-12-13T14:11:24+01:00 logger.go:66:                   persistentVolume:
TestExamplesBasicTest 2022-12-13T14:11:24+01:00 logger.go:66:                     accessModes:
TestExamplesBasicTest 2022-12-13T14:11:24+01:00 logger.go:66:                       - ReadWriteOnce
TestExamplesBasicTest 2022-12-13T14:11:24+01:00 logger.go:66:                     enabled: true
TestExamplesBasicTest 2022-12-13T14:11:24+01:00 logger.go:66:                     mountPath: /data
TestExamplesBasicTest 2022-12-13T14:11:24+01:00 logger.go:66:                     size: 20Gi
TestExamplesBasicTest 2022-12-13T14:11:24+01:00 logger.go:66:                     storageClass: gp2
TestExamplesBasicTest 2022-12-13T14:11:24+01:00 logger.go:66:
TestExamplesBasicTest 2022-12-13T14:11:24+01:00 logger.go:66:                 alertmanager:
TestExamplesBasicTest 2022-12-13T14:11:24+01:00 logger.go:66:                   enabled: false
TestExamplesBasicTest 2022-12-13T14:11:24+01:00 logger.go:66:                   nodeSelector:
TestExamplesBasicTest 2022-12-13T14:11:24+01:00 logger.go:66:                     kubernetes.io/os: linux
TestExamplesBasicTest 2022-12-13T14:11:24+01:00 logger.go:66:
TestExamplesBasicTest 2022-12-13T14:11:24+01:00 logger.go:66:                 kube-state-metrics:
TestExamplesBasicTest 2022-12-13T14:11:24+01:00 logger.go:66:                   enabled: true
TestExamplesBasicTest 2022-12-13T14:11:24+01:00 logger.go:66:                   nodeSelector:
TestExamplesBasicTest 2022-12-13T14:11:24+01:00 logger.go:66:                     kubernetes.io/os: linux
TestExamplesBasicTest 2022-12-13T14:11:24+01:00 logger.go:66:                   resources:
TestExamplesBasicTest 2022-12-13T14:11:24+01:00 logger.go:66:                     limits:
TestExamplesBasicTest 2022-12-13T14:11:24+01:00 logger.go:66:                       cpu: 200m
TestExamplesBasicTest 2022-12-13T14:11:24+01:00 logger.go:66:                       memory: 512Mi
TestExamplesBasicTest 2022-12-13T14:11:24+01:00 logger.go:66:                     requests:
TestExamplesBasicTest 2022-12-13T14:11:24+01:00 logger.go:66:                       cpu: 200m
TestExamplesBasicTest 2022-12-13T14:11:24+01:00 logger.go:66:                       memory: 512Mi
TestExamplesBasicTest 2022-12-13T14:11:24+01:00 logger.go:66:
TestExamplesBasicTest 2022-12-13T14:11:24+01:00 logger.go:66:                 pushgateway:
TestExamplesBasicTest 2022-12-13T14:11:24+01:00 logger.go:66:                   enabled: false
TestExamplesBasicTest 2022-12-13T14:11:24+01:00 logger.go:66:                   nodeSelector:
TestExamplesBasicTest 2022-12-13T14:11:24+01:00 logger.go:66:                     kubernetes.io/os: linux
TestExamplesBasicTest 2022-12-13T14:11:24+01:00 logger.go:66:
TestExamplesBasicTest 2022-12-13T14:11:24+01:00 logger.go:66:                 nodeExporter:
TestExamplesBasicTest 2022-12-13T14:11:24+01:00 logger.go:66:                   nodeSelector:
TestExamplesBasicTest 2022-12-13T14:11:24+01:00 logger.go:66:                     kubernetes.io/os: linux
TestExamplesBasicTest 2022-12-13T14:11:24+01:00 logger.go:66:
TestExamplesBasicTest 2022-12-13T14:11:24+01:00 logger.go:66:                   resources:
TestExamplesBasicTest 2022-12-13T14:11:24+01:00 logger.go:66:                     limits:
TestExamplesBasicTest 2022-12-13T14:11:24+01:00 logger.go:66:                       cpu: 200m
TestExamplesBasicTest 2022-12-13T14:11:24+01:00 logger.go:66:                       memory: 512Mi
TestExamplesBasicTest 2022-12-13T14:11:24+01:00 logger.go:66:                     requests:
TestExamplesBasicTest 2022-12-13T14:11:24+01:00 logger.go:66:                       cpu: 200m
TestExamplesBasicTest 2022-12-13T14:11:24+01:00 logger.go:66:                       memory: 512Mi
TestExamplesBasicTest 2022-12-13T14:11:24+01:00 logger.go:66:             EOT,
TestExamplesBasicTest 2022-12-13T14:11:24+01:00 logger.go:66:         ]
TestExamplesBasicTest 2022-12-13T14:11:24+01:00 logger.go:66:       + verify                     = false
TestExamplesBasicTest 2022-12-13T14:11:24+01:00 logger.go:66:       + version                    = "15.10.1"
TestExamplesBasicTest 2022-12-13T14:11:24+01:00 logger.go:66:       + wait                       = true
TestExamplesBasicTest 2022-12-13T14:11:24+01:00 logger.go:66:       + wait_for_jobs              = false
TestExamplesBasicTest 2022-12-13T14:11:24+01:00 logger.go:66:
TestExamplesBasicTest 2022-12-13T14:11:24+01:00 logger.go:66:       + postrender {}
TestExamplesBasicTest 2022-12-13T14:11:24+01:00 logger.go:66:     }
TestExamplesBasicTest 2022-12-13T14:11:24+01:00 logger.go:66:
TestExamplesBasicTest 2022-12-13T14:11:24+01:00 logger.go:66:   # module.eks_blueprints_kubernetes_addons.module.promtail[0].module.helm_addon.helm_release.addon[0] will be created
TestExamplesBasicTest 2022-12-13T14:11:24+01:00 logger.go:66:   + resource "helm_release" "addon" {
TestExamplesBasicTest 2022-12-13T14:11:24+01:00 logger.go:66:       + atomic                     = false
TestExamplesBasicTest 2022-12-13T14:11:24+01:00 logger.go:66:       + chart                      = "promtail"
TestExamplesBasicTest 2022-12-13T14:11:24+01:00 logger.go:66:       + cleanup_on_fail            = false
TestExamplesBasicTest 2022-12-13T14:11:24+01:00 logger.go:66:       + create_namespace           = false
TestExamplesBasicTest 2022-12-13T14:11:24+01:00 logger.go:66:       + dependency_update          = false
TestExamplesBasicTest 2022-12-13T14:11:24+01:00 logger.go:66:       + description                = "Promtail helm Chart deployment configuration"
TestExamplesBasicTest 2022-12-13T14:11:24+01:00 logger.go:66:       + disable_crd_hooks          = false
TestExamplesBasicTest 2022-12-13T14:11:24+01:00 logger.go:66:       + disable_openapi_validation = false
TestExamplesBasicTest 2022-12-13T14:11:24+01:00 logger.go:66:       + disable_webhooks           = false
TestExamplesBasicTest 2022-12-13T14:11:24+01:00 logger.go:66:       + force_update               = false
TestExamplesBasicTest 2022-12-13T14:11:24+01:00 logger.go:66:       + id                         = (known after apply)
TestExamplesBasicTest 2022-12-13T14:11:24+01:00 logger.go:66:       + lint                       = false
TestExamplesBasicTest 2022-12-13T14:11:24+01:00 logger.go:66:       + manifest                   = (known after apply)
TestExamplesBasicTest 2022-12-13T14:11:24+01:00 logger.go:66:       + max_history                = 0
TestExamplesBasicTest 2022-12-13T14:11:24+01:00 logger.go:66:       + metadata                   = (known after apply)
TestExamplesBasicTest 2022-12-13T14:11:24+01:00 logger.go:66:       + name                       = "promtail"
TestExamplesBasicTest 2022-12-13T14:11:24+01:00 logger.go:66:       + namespace                  = "loki"
TestExamplesBasicTest 2022-12-13T14:11:24+01:00 logger.go:66:       + pass_credentials           = false
TestExamplesBasicTest 2022-12-13T14:11:24+01:00 logger.go:66:       + recreate_pods              = false
TestExamplesBasicTest 2022-12-13T14:11:24+01:00 logger.go:66:       + render_subchart_notes      = true
TestExamplesBasicTest 2022-12-13T14:11:24+01:00 logger.go:66:       + replace                    = false
TestExamplesBasicTest 2022-12-13T14:11:24+01:00 logger.go:66:       + repository                 = "https://grafana.github.io/helm-charts"
TestExamplesBasicTest 2022-12-13T14:11:24+01:00 logger.go:66:       + reset_values               = false
TestExamplesBasicTest 2022-12-13T14:11:24+01:00 logger.go:66:       + reuse_values               = false
TestExamplesBasicTest 2022-12-13T14:11:24+01:00 logger.go:66:       + skip_crds                  = false
TestExamplesBasicTest 2022-12-13T14:11:24+01:00 logger.go:66:       + status                     = "deployed"
TestExamplesBasicTest 2022-12-13T14:11:24+01:00 logger.go:66:       + timeout                    = 1200
TestExamplesBasicTest 2022-12-13T14:11:24+01:00 logger.go:66:       + values                     = [
TestExamplesBasicTest 2022-12-13T14:11:24+01:00 logger.go:66:           + <<-EOT
TestExamplesBasicTest 2022-12-13T14:11:24+01:00 logger.go:66:                  config:
TestExamplesBasicTest 2022-12-13T14:11:24+01:00 logger.go:66:                   clients:
TestExamplesBasicTest 2022-12-13T14:11:24+01:00 logger.go:66:                     - url: http://loki-stack.loki.svc.cluster.local:3100/loki/api/v1/push
TestExamplesBasicTest 2022-12-13T14:11:24+01:00 logger.go:66:             EOT,
TestExamplesBasicTest 2022-12-13T14:11:24+01:00 logger.go:66:         ]
TestExamplesBasicTest 2022-12-13T14:11:24+01:00 logger.go:66:       + verify                     = false
TestExamplesBasicTest 2022-12-13T14:11:24+01:00 logger.go:66:       + version                    = "6.3.0"
TestExamplesBasicTest 2022-12-13T14:11:24+01:00 logger.go:66:       + wait                       = true
TestExamplesBasicTest 2022-12-13T14:11:24+01:00 logger.go:66:       + wait_for_jobs              = false
TestExamplesBasicTest 2022-12-13T14:11:24+01:00 logger.go:66:
TestExamplesBasicTest 2022-12-13T14:11:24+01:00 logger.go:66:       + postrender {}
TestExamplesBasicTest 2022-12-13T14:11:24+01:00 logger.go:66:     }
TestExamplesBasicTest 2022-12-13T14:11:24+01:00 logger.go:66:
TestExamplesBasicTest 2022-12-13T14:11:24+01:00 logger.go:66:   # module.eks_blueprints_kubernetes_addons.module.aws_load_balancer_controller[0].module.helm_addon.module.irsa[0].aws_iam_role.irsa[0] will be created
TestExamplesBasicTest 2022-12-13T14:11:24+01:00 logger.go:66:   + resource "aws_iam_role" "irsa" {
TestExamplesBasicTest 2022-12-13T14:11:24+01:00 logger.go:66:       + arn                   = (known after apply)
TestExamplesBasicTest 2022-12-13T14:11:24+01:00 logger.go:66:       + assume_role_policy    = (known after apply)
TestExamplesBasicTest 2022-12-13T14:11:24+01:00 logger.go:66:       + create_date           = (known after apply)
TestExamplesBasicTest 2022-12-13T14:11:24+01:00 logger.go:66:       + description           = "AWS IAM Role for the Kubernetes service account aws-load-balancer-controller-sa."
TestExamplesBasicTest 2022-12-13T14:11:24+01:00 logger.go:66:       + force_detach_policies = true
TestExamplesBasicTest 2022-12-13T14:11:24+01:00 logger.go:66:       + id                    = (known after apply)
TestExamplesBasicTest 2022-12-13T14:11:24+01:00 logger.go:66:       + managed_policy_arns   = (known after apply)
TestExamplesBasicTest 2022-12-13T14:11:24+01:00 logger.go:66:       + max_session_duration  = 3600
TestExamplesBasicTest 2022-12-13T14:11:24+01:00 logger.go:66:       + name                  = (known after apply)
TestExamplesBasicTest 2022-12-13T14:11:24+01:00 logger.go:66:       + name_prefix           = (known after apply)
TestExamplesBasicTest 2022-12-13T14:11:24+01:00 logger.go:66:       + path                  = "/"
TestExamplesBasicTest 2022-12-13T14:11:24+01:00 logger.go:66:       + tags_all              = (known after apply)
TestExamplesBasicTest 2022-12-13T14:11:24+01:00 logger.go:66:       + unique_id             = (known after apply)
TestExamplesBasicTest 2022-12-13T14:11:24+01:00 logger.go:66:
TestExamplesBasicTest 2022-12-13T14:11:24+01:00 logger.go:66:       + inline_policy {
TestExamplesBasicTest 2022-12-13T14:11:24+01:00 logger.go:66:           + name   = (known after apply)
TestExamplesBasicTest 2022-12-13T14:11:24+01:00 logger.go:66:           + policy = (known after apply)
TestExamplesBasicTest 2022-12-13T14:11:24+01:00 logger.go:66:         }
TestExamplesBasicTest 2022-12-13T14:11:24+01:00 logger.go:66:     }
TestExamplesBasicTest 2022-12-13T14:11:24+01:00 logger.go:66:
TestExamplesBasicTest 2022-12-13T14:11:24+01:00 logger.go:66:   # module.eks_blueprints_kubernetes_addons.module.aws_load_balancer_controller[0].module.helm_addon.module.irsa[0].aws_iam_role_policy_attachment.irsa[0] will be created
TestExamplesBasicTest 2022-12-13T14:11:24+01:00 logger.go:66:   + resource "aws_iam_role_policy_attachment" "irsa" {
TestExamplesBasicTest 2022-12-13T14:11:24+01:00 logger.go:66:       + id         = (known after apply)
TestExamplesBasicTest 2022-12-13T14:11:24+01:00 logger.go:66:       + policy_arn = (known after apply)
TestExamplesBasicTest 2022-12-13T14:11:24+01:00 logger.go:66:       + role       = (known after apply)
TestExamplesBasicTest 2022-12-13T14:11:24+01:00 logger.go:66:     }
TestExamplesBasicTest 2022-12-13T14:11:24+01:00 logger.go:66:
TestExamplesBasicTest 2022-12-13T14:11:24+01:00 logger.go:66:   # module.eks_blueprints_kubernetes_addons.module.aws_load_balancer_controller[0].module.helm_addon.module.irsa[0].kubernetes_service_account_v1.irsa[0] will be created
TestExamplesBasicTest 2022-12-13T14:11:24+01:00 logger.go:66:   + resource "kubernetes_service_account_v1" "irsa" {
TestExamplesBasicTest 2022-12-13T14:11:24+01:00 logger.go:66:       + automount_service_account_token = true
TestExamplesBasicTest 2022-12-13T14:11:24+01:00 logger.go:66:       + default_secret_name             = (known after apply)
TestExamplesBasicTest 2022-12-13T14:11:24+01:00 logger.go:66:       + id                              = (known after apply)
TestExamplesBasicTest 2022-12-13T14:11:24+01:00 logger.go:66:
TestExamplesBasicTest 2022-12-13T14:11:24+01:00 logger.go:66:       + metadata {
TestExamplesBasicTest 2022-12-13T14:11:24+01:00 logger.go:66:           + annotations      = (known after apply)
TestExamplesBasicTest 2022-12-13T14:11:24+01:00 logger.go:66:           + generation       = (known after apply)
TestExamplesBasicTest 2022-12-13T14:11:24+01:00 logger.go:66:           + name             = "aws-load-balancer-controller-sa"
TestExamplesBasicTest 2022-12-13T14:11:24+01:00 logger.go:66:           + namespace        = "kube-system"
TestExamplesBasicTest 2022-12-13T14:11:24+01:00 logger.go:66:           + resource_version = (known after apply)
TestExamplesBasicTest 2022-12-13T14:11:24+01:00 logger.go:66:           + uid              = (known after apply)
TestExamplesBasicTest 2022-12-13T14:11:24+01:00 logger.go:66:         }
TestExamplesBasicTest 2022-12-13T14:11:24+01:00 logger.go:66:     }
TestExamplesBasicTest 2022-12-13T14:11:24+01:00 logger.go:66:
TestExamplesBasicTest 2022-12-13T14:11:24+01:00 logger.go:66:   # module.eks_blueprints_kubernetes_addons.module.cert_manager[0].module.helm_addon.module.irsa[0].aws_iam_role.irsa[0] will be created
TestExamplesBasicTest 2022-12-13T14:11:24+01:00 logger.go:66:   + resource "aws_iam_role" "irsa" {
TestExamplesBasicTest 2022-12-13T14:11:24+01:00 logger.go:66:       + arn                   = (known after apply)
TestExamplesBasicTest 2022-12-13T14:11:24+01:00 logger.go:66:       + assume_role_policy    = (known after apply)
TestExamplesBasicTest 2022-12-13T14:11:24+01:00 logger.go:66:       + create_date           = (known after apply)
TestExamplesBasicTest 2022-12-13T14:11:24+01:00 logger.go:66:       + description           = "AWS IAM Role for the Kubernetes service account cert-manager."
TestExamplesBasicTest 2022-12-13T14:11:24+01:00 logger.go:66:       + force_detach_policies = true
TestExamplesBasicTest 2022-12-13T14:11:24+01:00 logger.go:66:       + id                    = (known after apply)
TestExamplesBasicTest 2022-12-13T14:11:24+01:00 logger.go:66:       + managed_policy_arns   = (known after apply)
TestExamplesBasicTest 2022-12-13T14:11:24+01:00 logger.go:66:       + max_session_duration  = 3600
TestExamplesBasicTest 2022-12-13T14:11:24+01:00 logger.go:66:       + name                  = (known after apply)
TestExamplesBasicTest 2022-12-13T14:11:24+01:00 logger.go:66:       + name_prefix           = (known after apply)
TestExamplesBasicTest 2022-12-13T14:11:24+01:00 logger.go:66:       + path                  = "/"
TestExamplesBasicTest 2022-12-13T14:11:24+01:00 logger.go:66:       + tags_all              = (known after apply)
TestExamplesBasicTest 2022-12-13T14:11:24+01:00 logger.go:66:       + unique_id             = (known after apply)
TestExamplesBasicTest 2022-12-13T14:11:24+01:00 logger.go:66:
TestExamplesBasicTest 2022-12-13T14:11:24+01:00 logger.go:66:       + inline_policy {
TestExamplesBasicTest 2022-12-13T14:11:24+01:00 logger.go:66:           + name   = (known after apply)
TestExamplesBasicTest 2022-12-13T14:11:24+01:00 logger.go:66:           + policy = (known after apply)
TestExamplesBasicTest 2022-12-13T14:11:24+01:00 logger.go:66:         }
TestExamplesBasicTest 2022-12-13T14:11:24+01:00 logger.go:66:     }
TestExamplesBasicTest 2022-12-13T14:11:24+01:00 logger.go:66:
TestExamplesBasicTest 2022-12-13T14:11:24+01:00 logger.go:66:   # module.eks_blueprints_kubernetes_addons.module.cert_manager[0].module.helm_addon.module.irsa[0].aws_iam_role_policy_attachment.irsa[0] will be created
TestExamplesBasicTest 2022-12-13T14:11:24+01:00 logger.go:66:   + resource "aws_iam_role_policy_attachment" "irsa" {
TestExamplesBasicTest 2022-12-13T14:11:24+01:00 logger.go:66:       + id         = (known after apply)
TestExamplesBasicTest 2022-12-13T14:11:24+01:00 logger.go:66:       + policy_arn = (known after apply)
TestExamplesBasicTest 2022-12-13T14:11:24+01:00 logger.go:66:       + role       = (known after apply)
TestExamplesBasicTest 2022-12-13T14:11:24+01:00 logger.go:66:     }
TestExamplesBasicTest 2022-12-13T14:11:24+01:00 logger.go:66:
TestExamplesBasicTest 2022-12-13T14:11:24+01:00 logger.go:66:   # module.eks_blueprints_kubernetes_addons.module.cert_manager[0].module.helm_addon.module.irsa[0].kubernetes_namespace_v1.irsa[0] will be created
TestExamplesBasicTest 2022-12-13T14:11:24+01:00 logger.go:66:   + resource "kubernetes_namespace_v1" "irsa" {
TestExamplesBasicTest 2022-12-13T14:11:24+01:00 logger.go:66:       + id = (known after apply)
TestExamplesBasicTest 2022-12-13T14:11:24+01:00 logger.go:66:
TestExamplesBasicTest 2022-12-13T14:11:24+01:00 logger.go:66:       + metadata {
TestExamplesBasicTest 2022-12-13T14:11:24+01:00 logger.go:66:           + generation       = (known after apply)
TestExamplesBasicTest 2022-12-13T14:11:24+01:00 logger.go:66:           + name             = "cert-manager"
TestExamplesBasicTest 2022-12-13T14:11:24+01:00 logger.go:66:           + resource_version = (known after apply)
TestExamplesBasicTest 2022-12-13T14:11:24+01:00 logger.go:66:           + uid              = (known after apply)
TestExamplesBasicTest 2022-12-13T14:11:24+01:00 logger.go:66:         }
TestExamplesBasicTest 2022-12-13T14:11:24+01:00 logger.go:66:
TestExamplesBasicTest 2022-12-13T14:11:24+01:00 logger.go:66:       + timeouts {
TestExamplesBasicTest 2022-12-13T14:11:24+01:00 logger.go:66:           + delete = "15m"
TestExamplesBasicTest 2022-12-13T14:11:24+01:00 logger.go:66:         }
TestExamplesBasicTest 2022-12-13T14:11:24+01:00 logger.go:66:     }
TestExamplesBasicTest 2022-12-13T14:11:24+01:00 logger.go:66:
TestExamplesBasicTest 2022-12-13T14:11:24+01:00 logger.go:66:   # module.eks_blueprints_kubernetes_addons.module.cert_manager[0].module.helm_addon.module.irsa[0].kubernetes_service_account_v1.irsa[0] will be created
TestExamplesBasicTest 2022-12-13T14:11:24+01:00 logger.go:66:   + resource "kubernetes_service_account_v1" "irsa" {
TestExamplesBasicTest 2022-12-13T14:11:24+01:00 logger.go:66:       + automount_service_account_token = true
TestExamplesBasicTest 2022-12-13T14:11:24+01:00 logger.go:66:       + default_secret_name             = (known after apply)
TestExamplesBasicTest 2022-12-13T14:11:24+01:00 logger.go:66:       + id                              = (known after apply)
TestExamplesBasicTest 2022-12-13T14:11:24+01:00 logger.go:66:
TestExamplesBasicTest 2022-12-13T14:11:24+01:00 logger.go:66:       + metadata {
TestExamplesBasicTest 2022-12-13T14:11:24+01:00 logger.go:66:           + annotations      = (known after apply)
TestExamplesBasicTest 2022-12-13T14:11:24+01:00 logger.go:66:           + generation       = (known after apply)
TestExamplesBasicTest 2022-12-13T14:11:24+01:00 logger.go:66:           + name             = "cert-manager"
TestExamplesBasicTest 2022-12-13T14:11:24+01:00 logger.go:66:           + namespace        = "cert-manager"
TestExamplesBasicTest 2022-12-13T14:11:24+01:00 logger.go:66:           + resource_version = (known after apply)
TestExamplesBasicTest 2022-12-13T14:11:24+01:00 logger.go:66:           + uid              = (known after apply)
TestExamplesBasicTest 2022-12-13T14:11:24+01:00 logger.go:66:         }
TestExamplesBasicTest 2022-12-13T14:11:24+01:00 logger.go:66:     }
TestExamplesBasicTest 2022-12-13T14:11:24+01:00 logger.go:66:
TestExamplesBasicTest 2022-12-13T14:11:24+01:00 logger.go:66:   # module.eks_blueprints_kubernetes_addons.module.external_dns[0].module.helm_addon.module.irsa[0].aws_iam_role.irsa[0] will be created
TestExamplesBasicTest 2022-12-13T14:11:24+01:00 logger.go:66:   + resource "aws_iam_role" "irsa" {
TestExamplesBasicTest 2022-12-13T14:11:24+01:00 logger.go:66:       + arn                   = (known after apply)
TestExamplesBasicTest 2022-12-13T14:11:24+01:00 logger.go:66:       + assume_role_policy    = (known after apply)
TestExamplesBasicTest 2022-12-13T14:11:24+01:00 logger.go:66:       + create_date           = (known after apply)
TestExamplesBasicTest 2022-12-13T14:11:24+01:00 logger.go:66:       + description           = "AWS IAM Role for the Kubernetes service account external-dns-sa."
TestExamplesBasicTest 2022-12-13T14:11:24+01:00 logger.go:66:       + force_detach_policies = true
TestExamplesBasicTest 2022-12-13T14:11:24+01:00 logger.go:66:       + id                    = (known after apply)
TestExamplesBasicTest 2022-12-13T14:11:24+01:00 logger.go:66:       + managed_policy_arns   = (known after apply)
TestExamplesBasicTest 2022-12-13T14:11:24+01:00 logger.go:66:       + max_session_duration  = 3600
TestExamplesBasicTest 2022-12-13T14:11:24+01:00 logger.go:66:       + name                  = (known after apply)
TestExamplesBasicTest 2022-12-13T14:11:24+01:00 logger.go:66:       + name_prefix           = (known after apply)
TestExamplesBasicTest 2022-12-13T14:11:24+01:00 logger.go:66:       + path                  = "/"
TestExamplesBasicTest 2022-12-13T14:11:24+01:00 logger.go:66:       + tags_all              = (known after apply)
TestExamplesBasicTest 2022-12-13T14:11:24+01:00 logger.go:66:       + unique_id             = (known after apply)
TestExamplesBasicTest 2022-12-13T14:11:24+01:00 logger.go:66:
TestExamplesBasicTest 2022-12-13T14:11:24+01:00 logger.go:66:       + inline_policy {
TestExamplesBasicTest 2022-12-13T14:11:24+01:00 logger.go:66:           + name   = (known after apply)
TestExamplesBasicTest 2022-12-13T14:11:24+01:00 logger.go:66:           + policy = (known after apply)
TestExamplesBasicTest 2022-12-13T14:11:24+01:00 logger.go:66:         }
TestExamplesBasicTest 2022-12-13T14:11:24+01:00 logger.go:66:     }
TestExamplesBasicTest 2022-12-13T14:11:24+01:00 logger.go:66:
TestExamplesBasicTest 2022-12-13T14:11:24+01:00 logger.go:66:   # module.eks_blueprints_kubernetes_addons.module.external_dns[0].module.helm_addon.module.irsa[0].aws_iam_role_policy_attachment.irsa[0] will be created
TestExamplesBasicTest 2022-12-13T14:11:24+01:00 logger.go:66:   + resource "aws_iam_role_policy_attachment" "irsa" {
TestExamplesBasicTest 2022-12-13T14:11:24+01:00 logger.go:66:       + id         = (known after apply)
TestExamplesBasicTest 2022-12-13T14:11:24+01:00 logger.go:66:       + policy_arn = (known after apply)
TestExamplesBasicTest 2022-12-13T14:11:24+01:00 logger.go:66:       + role       = (known after apply)
TestExamplesBasicTest 2022-12-13T14:11:24+01:00 logger.go:66:     }
TestExamplesBasicTest 2022-12-13T14:11:24+01:00 logger.go:66:
TestExamplesBasicTest 2022-12-13T14:11:24+01:00 logger.go:66:   # module.eks_blueprints_kubernetes_addons.module.external_dns[0].module.helm_addon.module.irsa[0].kubernetes_namespace_v1.irsa[0] will be created
TestExamplesBasicTest 2022-12-13T14:11:24+01:00 logger.go:66:   + resource "kubernetes_namespace_v1" "irsa" {
TestExamplesBasicTest 2022-12-13T14:11:24+01:00 logger.go:66:       + id = (known after apply)
TestExamplesBasicTest 2022-12-13T14:11:24+01:00 logger.go:66:
TestExamplesBasicTest 2022-12-13T14:11:24+01:00 logger.go:66:       + metadata {
TestExamplesBasicTest 2022-12-13T14:11:24+01:00 logger.go:66:           + generation       = (known after apply)
TestExamplesBasicTest 2022-12-13T14:11:24+01:00 logger.go:66:           + name             = "external-dns"
TestExamplesBasicTest 2022-12-13T14:11:24+01:00 logger.go:66:           + resource_version = (known after apply)
TestExamplesBasicTest 2022-12-13T14:11:24+01:00 logger.go:66:           + uid              = (known after apply)
TestExamplesBasicTest 2022-12-13T14:11:24+01:00 logger.go:66:         }
TestExamplesBasicTest 2022-12-13T14:11:24+01:00 logger.go:66:
TestExamplesBasicTest 2022-12-13T14:11:24+01:00 logger.go:66:       + timeouts {
TestExamplesBasicTest 2022-12-13T14:11:24+01:00 logger.go:66:           + delete = "15m"
TestExamplesBasicTest 2022-12-13T14:11:24+01:00 logger.go:66:         }
TestExamplesBasicTest 2022-12-13T14:11:24+01:00 logger.go:66:     }
TestExamplesBasicTest 2022-12-13T14:11:24+01:00 logger.go:66:
TestExamplesBasicTest 2022-12-13T14:11:24+01:00 logger.go:66:   # module.eks_blueprints_kubernetes_addons.module.external_dns[0].module.helm_addon.module.irsa[0].kubernetes_service_account_v1.irsa[0] will be created
TestExamplesBasicTest 2022-12-13T14:11:24+01:00 logger.go:66:   + resource "kubernetes_service_account_v1" "irsa" {
TestExamplesBasicTest 2022-12-13T14:11:24+01:00 logger.go:66:       + automount_service_account_token = true
TestExamplesBasicTest 2022-12-13T14:11:24+01:00 logger.go:66:       + default_secret_name             = (known after apply)
TestExamplesBasicTest 2022-12-13T14:11:24+01:00 logger.go:66:       + id                              = (known after apply)
TestExamplesBasicTest 2022-12-13T14:11:24+01:00 logger.go:66:
TestExamplesBasicTest 2022-12-13T14:11:24+01:00 logger.go:66:       + metadata {
TestExamplesBasicTest 2022-12-13T14:11:24+01:00 logger.go:66:           + annotations      = (known after apply)
TestExamplesBasicTest 2022-12-13T14:11:24+01:00 logger.go:66:           + generation       = (known after apply)
TestExamplesBasicTest 2022-12-13T14:11:24+01:00 logger.go:66:           + name             = "external-dns-sa"
TestExamplesBasicTest 2022-12-13T14:11:24+01:00 logger.go:66:           + namespace        = "external-dns"
TestExamplesBasicTest 2022-12-13T14:11:24+01:00 logger.go:66:           + resource_version = (known after apply)
TestExamplesBasicTest 2022-12-13T14:11:24+01:00 logger.go:66:           + uid              = (known after apply)
TestExamplesBasicTest 2022-12-13T14:11:24+01:00 logger.go:66:         }
TestExamplesBasicTest 2022-12-13T14:11:24+01:00 logger.go:66:     }
TestExamplesBasicTest 2022-12-13T14:11:24+01:00 logger.go:66:
TestExamplesBasicTest 2022-12-13T14:11:24+01:00 logger.go:66:   # module.eks_blueprints_kubernetes_addons.module.grafana[0].module.helm_addon.module.irsa[0].aws_iam_role.irsa[0] will be created
TestExamplesBasicTest 2022-12-13T14:11:24+01:00 logger.go:66:   + resource "aws_iam_role" "irsa" {
TestExamplesBasicTest 2022-12-13T14:11:24+01:00 logger.go:66:       + arn                   = (known after apply)
TestExamplesBasicTest 2022-12-13T14:11:24+01:00 logger.go:66:       + assume_role_policy    = (known after apply)
TestExamplesBasicTest 2022-12-13T14:11:24+01:00 logger.go:66:       + create_date           = (known after apply)
TestExamplesBasicTest 2022-12-13T14:11:24+01:00 logger.go:66:       + description           = "AWS IAM Role for the Kubernetes service account grafana."
TestExamplesBasicTest 2022-12-13T14:11:24+01:00 logger.go:66:       + force_detach_policies = true
TestExamplesBasicTest 2022-12-13T14:11:24+01:00 logger.go:66:       + id                    = (known after apply)
TestExamplesBasicTest 2022-12-13T14:11:24+01:00 logger.go:66:       + managed_policy_arns   = (known after apply)
TestExamplesBasicTest 2022-12-13T14:11:24+01:00 logger.go:66:       + max_session_duration  = 3600
TestExamplesBasicTest 2022-12-13T14:11:24+01:00 logger.go:66:       + name                  = (known after apply)
TestExamplesBasicTest 2022-12-13T14:11:24+01:00 logger.go:66:       + name_prefix           = (known after apply)
TestExamplesBasicTest 2022-12-13T14:11:24+01:00 logger.go:66:       + path                  = "/"
TestExamplesBasicTest 2022-12-13T14:11:24+01:00 logger.go:66:       + tags_all              = (known after apply)
TestExamplesBasicTest 2022-12-13T14:11:24+01:00 logger.go:66:       + unique_id             = (known after apply)
TestExamplesBasicTest 2022-12-13T14:11:24+01:00 logger.go:66:
TestExamplesBasicTest 2022-12-13T14:11:24+01:00 logger.go:66:       + inline_policy {
TestExamplesBasicTest 2022-12-13T14:11:24+01:00 logger.go:66:           + name   = (known after apply)
TestExamplesBasicTest 2022-12-13T14:11:24+01:00 logger.go:66:           + policy = (known after apply)
TestExamplesBasicTest 2022-12-13T14:11:24+01:00 logger.go:66:         }
TestExamplesBasicTest 2022-12-13T14:11:24+01:00 logger.go:66:     }
TestExamplesBasicTest 2022-12-13T14:11:24+01:00 logger.go:66:
TestExamplesBasicTest 2022-12-13T14:11:24+01:00 logger.go:66:   # module.eks_blueprints_kubernetes_addons.module.grafana[0].module.helm_addon.module.irsa[0].aws_iam_role_policy_attachment.irsa[0] will be created
TestExamplesBasicTest 2022-12-13T14:11:24+01:00 logger.go:66:   + resource "aws_iam_role_policy_attachment" "irsa" {
TestExamplesBasicTest 2022-12-13T14:11:24+01:00 logger.go:66:       + id         = (known after apply)
TestExamplesBasicTest 2022-12-13T14:11:24+01:00 logger.go:66:       + policy_arn = (known after apply)
TestExamplesBasicTest 2022-12-13T14:11:24+01:00 logger.go:66:       + role       = (known after apply)
TestExamplesBasicTest 2022-12-13T14:11:24+01:00 logger.go:66:     }
TestExamplesBasicTest 2022-12-13T14:11:24+01:00 logger.go:66:
TestExamplesBasicTest 2022-12-13T14:11:24+01:00 logger.go:66:   # module.eks_blueprints_kubernetes_addons.module.grafana[0].module.helm_addon.module.irsa[0].kubernetes_namespace_v1.irsa[0] will be created
TestExamplesBasicTest 2022-12-13T14:11:24+01:00 logger.go:66:   + resource "kubernetes_namespace_v1" "irsa" {
TestExamplesBasicTest 2022-12-13T14:11:24+01:00 logger.go:66:       + id = (known after apply)
TestExamplesBasicTest 2022-12-13T14:11:24+01:00 logger.go:66:
TestExamplesBasicTest 2022-12-13T14:11:24+01:00 logger.go:66:       + metadata {
TestExamplesBasicTest 2022-12-13T14:11:24+01:00 logger.go:66:           + generation       = (known after apply)
TestExamplesBasicTest 2022-12-13T14:11:24+01:00 logger.go:66:           + name             = "grafana"
TestExamplesBasicTest 2022-12-13T14:11:24+01:00 logger.go:66:           + resource_version = (known after apply)
TestExamplesBasicTest 2022-12-13T14:11:24+01:00 logger.go:66:           + uid              = (known after apply)
TestExamplesBasicTest 2022-12-13T14:11:24+01:00 logger.go:66:         }
TestExamplesBasicTest 2022-12-13T14:11:24+01:00 logger.go:66:
TestExamplesBasicTest 2022-12-13T14:11:24+01:00 logger.go:66:       + timeouts {
TestExamplesBasicTest 2022-12-13T14:11:24+01:00 logger.go:66:           + delete = "15m"
TestExamplesBasicTest 2022-12-13T14:11:24+01:00 logger.go:66:         }
TestExamplesBasicTest 2022-12-13T14:11:24+01:00 logger.go:66:     }
TestExamplesBasicTest 2022-12-13T14:11:24+01:00 logger.go:66:
TestExamplesBasicTest 2022-12-13T14:11:24+01:00 logger.go:66:   # module.eks_blueprints_kubernetes_addons.module.grafana[0].module.helm_addon.module.irsa[0].kubernetes_service_account_v1.irsa[0] will be created
TestExamplesBasicTest 2022-12-13T14:11:24+01:00 logger.go:66:   + resource "kubernetes_service_account_v1" "irsa" {
TestExamplesBasicTest 2022-12-13T14:11:24+01:00 logger.go:66:       + automount_service_account_token = true
TestExamplesBasicTest 2022-12-13T14:11:24+01:00 logger.go:66:       + default_secret_name             = (known after apply)
TestExamplesBasicTest 2022-12-13T14:11:24+01:00 logger.go:66:       + id                              = (known after apply)
TestExamplesBasicTest 2022-12-13T14:11:24+01:00 logger.go:66:
TestExamplesBasicTest 2022-12-13T14:11:24+01:00 logger.go:66:       + metadata {
TestExamplesBasicTest 2022-12-13T14:11:24+01:00 logger.go:66:           + annotations      = (known after apply)
TestExamplesBasicTest 2022-12-13T14:11:24+01:00 logger.go:66:           + generation       = (known after apply)
TestExamplesBasicTest 2022-12-13T14:11:24+01:00 logger.go:66:           + name             = "grafana"
TestExamplesBasicTest 2022-12-13T14:11:24+01:00 logger.go:66:           + namespace        = "grafana"
TestExamplesBasicTest 2022-12-13T14:11:24+01:00 logger.go:66:           + resource_version = (known after apply)
TestExamplesBasicTest 2022-12-13T14:11:24+01:00 logger.go:66:           + uid              = (known after apply)
TestExamplesBasicTest 2022-12-13T14:11:24+01:00 logger.go:66:         }
TestExamplesBasicTest 2022-12-13T14:11:24+01:00 logger.go:66:     }
TestExamplesBasicTest 2022-12-13T14:11:24+01:00 logger.go:66:
TestExamplesBasicTest 2022-12-13T14:11:24+01:00 logger.go:66: Plan: 95 to add, 0 to change, 0 to destroy.
TestExamplesBasicTest 2022-12-13T14:11:24+01:00 logger.go:66:
TestExamplesBasicTest 2022-12-13T14:11:24+01:00 logger.go:66: Changes to Outputs:
TestExamplesBasicTest 2022-12-13T14:11:24+01:00 logger.go:66:   + aws_route53_zone              = (known after apply)
TestExamplesBasicTest 2022-12-13T14:11:24+01:00 logger.go:66:   + aws_route53_zone_name_servers = (known after apply)
TestExamplesBasicTest 2022-12-13T14:11:24+01:00 logger.go:66:   + cluster_name                  = (known after apply)
TestExamplesBasicTest 2022-12-13T14:11:24+01:00 logger.go:66:   + cluster_vpc_id                = (known after apply)
TestExamplesBasicTest 2022-12-13T14:11:24+01:00 logger.go:66:   + grafana_admin_password        = (sensitive value)
TestExamplesBasicTest 2022-12-13T14:11:24+01:00 logger.go:66:   + region                        = "eu-central-1"
TestExamplesBasicTest 2022-12-13T14:11:24+01:00 logger.go:66:   + vpc_private_subnets           = [
TestExamplesBasicTest 2022-12-13T14:11:24+01:00 logger.go:66:       + (known after apply),
TestExamplesBasicTest 2022-12-13T14:11:24+01:00 logger.go:66:       + (known after apply),
TestExamplesBasicTest 2022-12-13T14:11:24+01:00 logger.go:66:       + (known after apply),
TestExamplesBasicTest 2022-12-13T14:11:24+01:00 logger.go:66:     ]
TestExamplesBasicTest 2022-12-13T14:11:24+01:00 logger.go:66:   + vpc_public_subnets            = [
TestExamplesBasicTest 2022-12-13T14:11:24+01:00 logger.go:66:       + (known after apply),
TestExamplesBasicTest 2022-12-13T14:11:24+01:00 logger.go:66:       + (known after apply),
TestExamplesBasicTest 2022-12-13T14:11:24+01:00 logger.go:66:       + (known after apply),
TestExamplesBasicTest 2022-12-13T14:11:24+01:00 logger.go:66:     ]
TestExamplesBasicTest 2022-12-13T14:11:25+01:00 logger.go:66: random_password.grafana: Creating...
TestExamplesBasicTest 2022-12-13T14:11:25+01:00 logger.go:66: module.vpc.random_string.random: Creating...
TestExamplesBasicTest 2022-12-13T14:11:25+01:00 logger.go:66: module.vpc.random_string.random: Creation complete after 0s [id=cnr]
TestExamplesBasicTest 2022-12-13T14:11:25+01:00 logger.go:66: random_password.grafana: Creation complete after 0s [id=none]
TestExamplesBasicTest 2022-12-13T14:11:25+01:00 logger.go:66: aws_ebs_encryption_by_default.ebs_encryption: Creating...
TestExamplesBasicTest 2022-12-13T14:11:25+01:00 logger.go:66: aws_route53_zone.cluster_dns: Creating...
TestExamplesBasicTest 2022-12-13T14:11:25+01:00 logger.go:66: aws_secretsmanager_secret.grafana: Creating...
TestExamplesBasicTest 2022-12-13T14:11:25+01:00 logger.go:66: module.vpc.module.vpc.aws_eip.nat[0]: Creating...
TestExamplesBasicTest 2022-12-13T14:11:25+01:00 logger.go:66: module.eks_blueprints.module.aws_eks.aws_iam_role.this[0]: Creating...
TestExamplesBasicTest 2022-12-13T14:11:25+01:00 logger.go:66: module.vpc.module.vpc.aws_vpc.this[0]: Creating...
TestExamplesBasicTest 2022-12-13T14:11:25+01:00 logger.go:66: module.eks_blueprints.data.aws_iam_policy_document.eks_key: Reading...
TestExamplesBasicTest 2022-12-13T14:11:25+01:00 logger.go:66: module.eks_blueprints.data.aws_iam_policy_document.eks_key: Read complete after 0s [id=1606217982]
TestExamplesBasicTest 2022-12-13T14:11:25+01:00 logger.go:66: module.eks_blueprints.module.kms[0].aws_kms_key.this: Creating...
TestExamplesBasicTest 2022-12-13T14:11:26+01:00 logger.go:66: aws_ebs_encryption_by_default.ebs_encryption: Creation complete after 0s [id=terraform-20221213131126057500000003]
TestExamplesBasicTest 2022-12-13T14:11:26+01:00 logger.go:66: aws_secretsmanager_secret.grafana: Creation complete after 0s [id=arn:aws:secretsmanager:eu-central-1:198655350445:secret:grafana-admin-password20221213131125918600000002-HYwGZZ]
TestExamplesBasicTest 2022-12-13T14:11:26+01:00 logger.go:66: aws_secretsmanager_secret_version.grafana: Creating...
TestExamplesBasicTest 2022-12-13T14:11:26+01:00 logger.go:66: aws_secretsmanager_secret_version.grafana: Creation complete after 0s [id=arn:aws:secretsmanager:eu-central-1:198655350445:secret:grafana-admin-password20221213131125918600000002-HYwGZZ|5CFA7E22-FDB3-4257-8745-430740E1B98F]
TestExamplesBasicTest 2022-12-13T14:11:26+01:00 logger.go:66: module.vpc.module.vpc.aws_eip.nat[0]: Creation complete after 0s [id=eipalloc-061c8e68aaa630416]
TestExamplesBasicTest 2022-12-13T14:11:27+01:00 logger.go:66: module.eks_blueprints.module.aws_eks.aws_iam_role.this[0]: Creation complete after 1s [id=test-eks-cnr-cluster-role]
TestExamplesBasicTest 2022-12-13T14:11:27+01:00 logger.go:66: module.eks_blueprints.module.aws_eks.aws_iam_role_policy_attachment.this["arn:aws:iam::aws:policy/AmazonEKSClusterPolicy"]: Creating...
TestExamplesBasicTest 2022-12-13T14:11:27+01:00 logger.go:66: module.eks_blueprints.module.aws_eks.aws_iam_role_policy_attachment.this["arn:aws:iam::aws:policy/AmazonEKSVPCResourceController"]: Creating...
TestExamplesBasicTest 2022-12-13T14:11:27+01:00 logger.go:66: module.eks_blueprints.module.aws_eks.aws_iam_role_policy_attachment.this["arn:aws:iam::aws:policy/AmazonEKSVPCResourceController"]: Creation complete after 1s [id=test-eks-cnr-cluster-role-20221213131127342900000004]
TestExamplesBasicTest 2022-12-13T14:11:27+01:00 logger.go:66: module.eks_blueprints.module.aws_eks.aws_iam_role_policy_attachment.this["arn:aws:iam::aws:policy/AmazonEKSClusterPolicy"]: Creation complete after 1s [id=test-eks-cnr-cluster-role-20221213131127510100000005]
TestExamplesBasicTest 2022-12-13T14:11:35+01:00 logger.go:66: aws_route53_zone.cluster_dns: Still creating... [10s elapsed]
TestExamplesBasicTest 2022-12-13T14:11:35+01:00 logger.go:66: module.vpc.module.vpc.aws_vpc.this[0]: Still creating... [10s elapsed]
TestExamplesBasicTest 2022-12-13T14:11:35+01:00 logger.go:66: module.eks_blueprints.module.kms[0].aws_kms_key.this: Still creating... [10s elapsed]
TestExamplesBasicTest 2022-12-13T14:11:37+01:00 logger.go:66: module.vpc.module.vpc.aws_vpc.this[0]: Creation complete after 11s [id=vpc-0791878fb8ffbc01c]
TestExamplesBasicTest 2022-12-13T14:11:37+01:00 logger.go:66: module.vpc.module.vpc.aws_internet_gateway.this[0]: Creating...
TestExamplesBasicTest 2022-12-13T14:11:37+01:00 logger.go:66: module.vpc.module.vpc.aws_route_table.private[0]: Creating...
TestExamplesBasicTest 2022-12-13T14:11:37+01:00 logger.go:66: module.vpc.module.vpc.aws_route_table.public[0]: Creating...
TestExamplesBasicTest 2022-12-13T14:11:37+01:00 logger.go:66: module.vpc.module.vpc.aws_subnet.private[0]: Creating...
TestExamplesBasicTest 2022-12-13T14:11:37+01:00 logger.go:66: module.vpc.module.vpc.aws_subnet.public[0]: Creating...
TestExamplesBasicTest 2022-12-13T14:11:37+01:00 logger.go:66: module.vpc.module.vpc.aws_subnet.private[2]: Creating...
TestExamplesBasicTest 2022-12-13T14:11:37+01:00 logger.go:66: module.vpc.module.vpc.aws_subnet.public[1]: Creating...
TestExamplesBasicTest 2022-12-13T14:11:37+01:00 logger.go:66: module.vpc.module.vpc.aws_subnet.private[1]: Creating...
TestExamplesBasicTest 2022-12-13T14:11:38+01:00 logger.go:66: module.vpc.module.vpc.aws_subnet.private[0]: Creation complete after 0s [id=subnet-0d7b48a5e390e0e6f]
TestExamplesBasicTest 2022-12-13T14:11:38+01:00 logger.go:66: module.vpc.module.vpc.aws_subnet.private[2]: Creation complete after 0s [id=subnet-0c8d7846c103de994]
TestExamplesBasicTest 2022-12-13T14:11:38+01:00 logger.go:66: module.vpc.module.vpc.aws_internet_gateway.this[0]: Creation complete after 0s [id=igw-0d1305b66c6e96826]
TestExamplesBasicTest 2022-12-13T14:11:38+01:00 logger.go:66: module.vpc.module.vpc.aws_subnet.public[2]: Creating...
TestExamplesBasicTest 2022-12-13T14:11:38+01:00 logger.go:66: module.vpc.module.vpc.aws_subnet.private[1]: Creation complete after 0s [id=subnet-0e27e3b986281b92b]
TestExamplesBasicTest 2022-12-13T14:11:38+01:00 logger.go:66: module.eks_blueprints.module.aws_eks.aws_security_group.cluster[0]: Creating...
TestExamplesBasicTest 2022-12-13T14:11:38+01:00 logger.go:66: module.eks_blueprints.module.aws_eks.aws_security_group.node[0]: Creating...
TestExamplesBasicTest 2022-12-13T14:11:38+01:00 logger.go:66: module.vpc.module.vpc.aws_route_table.private[0]: Creation complete after 0s [id=rtb-05f7c48ffe4229dc4]
TestExamplesBasicTest 2022-12-13T14:11:38+01:00 logger.go:66: module.vpc.module.vpc.aws_route_table_association.private[2]: Creating...
TestExamplesBasicTest 2022-12-13T14:11:38+01:00 logger.go:66: module.vpc.module.vpc.aws_route_table_association.private[0]: Creating...
TestExamplesBasicTest 2022-12-13T14:11:38+01:00 logger.go:66: module.vpc.module.vpc.aws_route_table.public[0]: Creation complete after 1s [id=rtb-07a80a5faa96f708a]
TestExamplesBasicTest 2022-12-13T14:11:38+01:00 logger.go:66: module.vpc.module.vpc.aws_route_table_association.private[1]: Creating...
TestExamplesBasicTest 2022-12-13T14:11:38+01:00 logger.go:66: module.vpc.module.vpc.aws_route_table_association.private[2]: Creation complete after 0s [id=rtbassoc-0f5bde09a9ceb0f45]
TestExamplesBasicTest 2022-12-13T14:11:38+01:00 logger.go:66: module.vpc.module.vpc.aws_route.public_internet_gateway[0]: Creating...
TestExamplesBasicTest 2022-12-13T14:11:38+01:00 logger.go:66: module.vpc.module.vpc.aws_route_table_association.private[0]: Creation complete after 0s [id=rtbassoc-0246760ae43a76b4f]
TestExamplesBasicTest 2022-12-13T14:11:38+01:00 logger.go:66: module.vpc.module.vpc.aws_route_table_association.private[1]: Creation complete after 0s [id=rtbassoc-037cc436cdfdcb848]
TestExamplesBasicTest 2022-12-13T14:11:39+01:00 logger.go:66: module.vpc.module.vpc.aws_route.public_internet_gateway[0]: Creation complete after 1s [id=r-rtb-07a80a5faa96f708a1080289494]
TestExamplesBasicTest 2022-12-13T14:11:39+01:00 logger.go:66: module.eks_blueprints.module.aws_eks.aws_security_group.node[0]: Creation complete after 2s [id=sg-037a7827067035e46]
TestExamplesBasicTest 2022-12-13T14:11:39+01:00 logger.go:66: module.eks_blueprints.module.aws_eks.aws_security_group.cluster[0]: Creation complete after 2s [id=sg-062eb157e4f3f50dd]
TestExamplesBasicTest 2022-12-13T14:11:39+01:00 logger.go:66: module.eks_blueprints.module.aws_eks.aws_security_group_rule.cluster["egress_nodes_443"]: Creating...
TestExamplesBasicTest 2022-12-13T14:11:39+01:00 logger.go:66: module.eks_blueprints.module.aws_eks.aws_security_group_rule.cluster["egress_nodes_kubelet"]: Creating...
TestExamplesBasicTest 2022-12-13T14:11:39+01:00 logger.go:66: module.eks_blueprints.module.aws_eks.aws_security_group_rule.cluster["ingress_nodes_443"]: Creating...
TestExamplesBasicTest 2022-12-13T14:11:39+01:00 logger.go:66: module.eks_blueprints.module.aws_eks.aws_security_group_rule.node["ingress_self_coredns_tcp"]: Creating...
TestExamplesBasicTest 2022-12-13T14:11:39+01:00 logger.go:66: module.eks_blueprints.module.aws_eks.aws_security_group_rule.node["cluster_to_nginx_webhook"]: Creating...
TestExamplesBasicTest 2022-12-13T14:11:40+01:00 logger.go:66: module.eks_blueprints.module.aws_eks.aws_security_group_rule.cluster["ingress_nodes_443"]: Creation complete after 0s [id=sgrule-4015531125]
TestExamplesBasicTest 2022-12-13T14:11:40+01:00 logger.go:66: module.eks_blueprints.module.aws_eks.aws_security_group_rule.node["ingress_cluster_443"]: Creating...
TestExamplesBasicTest 2022-12-13T14:11:40+01:00 logger.go:66: module.eks_blueprints.module.aws_eks.aws_security_group_rule.node["ingress_self_coredns_tcp"]: Creation complete after 1s [id=sgrule-1515646507]
TestExamplesBasicTest 2022-12-13T14:11:40+01:00 logger.go:66: module.eks_blueprints.module.aws_eks.aws_security_group_rule.cluster["egress_nodes_kubelet"]: Creation complete after 1s [id=sgrule-795928884]
TestExamplesBasicTest 2022-12-13T14:11:40+01:00 logger.go:66: module.eks_blueprints.module.aws_eks.aws_security_group_rule.node["egress_self_coredns_tcp"]: Creating...
TestExamplesBasicTest 2022-12-13T14:11:40+01:00 logger.go:66: module.eks_blueprints.module.aws_eks.aws_security_group_rule.node["egress_ntp_udp"]: Creating...
TestExamplesBasicTest 2022-12-13T14:11:41+01:00 logger.go:66: module.eks_blueprints.module.aws_eks.aws_security_group_rule.cluster["egress_nodes_443"]: Creation complete after 1s [id=sgrule-1547492526]
TestExamplesBasicTest 2022-12-13T14:11:41+01:00 logger.go:66: module.eks_blueprints.module.aws_eks.aws_security_group_rule.node["cluster_to_nginx_webhook"]: Creation complete after 1s [id=sgrule-4007266607]
TestExamplesBasicTest 2022-12-13T14:11:41+01:00 logger.go:66: module.eks_blueprints.module.aws_eks.aws_security_group_rule.node["cluster_to_load_balancer_controller_webhook"]: Creating...
TestExamplesBasicTest 2022-12-13T14:11:41+01:00 logger.go:66: module.eks_blueprints.module.aws_eks.aws_security_group_rule.node["egress_ntp_tcp"]: Creating...
TestExamplesBasicTest 2022-12-13T14:11:41+01:00 logger.go:66: module.eks_blueprints.module.aws_eks.aws_security_group_rule.node["ingress_cluster_443"]: Creation complete after 2s [id=sgrule-2750980230]
TestExamplesBasicTest 2022-12-13T14:11:41+01:00 logger.go:66: module.eks_blueprints.module.aws_eks.aws_security_group_rule.node["ingress_cluster_kubelet"]: Creating...
TestExamplesBasicTest 2022-12-13T14:11:42+01:00 logger.go:66: module.eks_blueprints.module.aws_eks.aws_security_group_rule.node["egress_ntp_udp"]: Creation complete after 1s [id=sgrule-571171836]
TestExamplesBasicTest 2022-12-13T14:11:42+01:00 logger.go:66: module.eks_blueprints.module.aws_eks.aws_security_group_rule.node["egress_https"]: Creating...
TestExamplesBasicTest 2022-12-13T14:11:42+01:00 logger.go:66: module.eks_blueprints.module.aws_eks.aws_security_group_rule.node["egress_self_coredns_tcp"]: Creation complete after 2s [id=sgrule-2184819475]
TestExamplesBasicTest 2022-12-13T14:11:42+01:00 logger.go:66: module.eks_blueprints.module.aws_eks.aws_security_group_rule.node["egress_self_coredns_udp"]: Creating...
TestExamplesBasicTest 2022-12-13T14:11:43+01:00 logger.go:66: module.eks_blueprints.module.aws_eks.aws_security_group_rule.node["egress_ntp_tcp"]: Creation complete after 2s [id=sgrule-1553286897]
TestExamplesBasicTest 2022-12-13T14:11:43+01:00 logger.go:66: module.eks_blueprints.module.aws_eks.aws_security_group_rule.node["ingress_self_coredns_udp"]: Creating...
TestExamplesBasicTest 2022-12-13T14:11:44+01:00 logger.go:66: module.eks_blueprints.module.aws_eks.aws_security_group_rule.node["cluster_to_load_balancer_controller_webhook"]: Creation complete after 3s [id=sgrule-2323331812]
TestExamplesBasicTest 2022-12-13T14:11:44+01:00 logger.go:66: module.eks_blueprints.module.aws_eks.aws_security_group_rule.node["egress_cluster_443"]: Creating...
TestExamplesBasicTest 2022-12-13T14:11:44+01:00 logger.go:66: module.eks_blueprints.module.aws_eks.aws_security_group_rule.node["ingress_cluster_kubelet"]: Creation complete after 3s [id=sgrule-706228959]
TestExamplesBasicTest 2022-12-13T14:11:45+01:00 logger.go:66: module.eks_blueprints.module.aws_eks.aws_security_group_rule.node["egress_https"]: Creation complete after 3s [id=sgrule-2202762223]
TestExamplesBasicTest 2022-12-13T14:11:45+01:00 logger.go:66: module.eks_blueprints.module.aws_eks.aws_security_group_rule.node["egress_self_coredns_udp"]: Creation complete after 3s [id=sgrule-207499637]
TestExamplesBasicTest 2022-12-13T14:11:45+01:00 logger.go:66: aws_route53_zone.cluster_dns: Still creating... [20s elapsed]
TestExamplesBasicTest 2022-12-13T14:11:45+01:00 logger.go:66: module.eks_blueprints.module.kms[0].aws_kms_key.this: Still creating... [20s elapsed]
TestExamplesBasicTest 2022-12-13T14:11:45+01:00 logger.go:66: module.eks_blueprints.module.aws_eks.aws_security_group_rule.node["ingress_self_coredns_udp"]: Creation complete after 3s [id=sgrule-4262022596]
TestExamplesBasicTest 2022-12-13T14:11:46+01:00 logger.go:66: module.eks_blueprints.module.aws_eks.aws_security_group_rule.node["egress_cluster_443"]: Creation complete after 2s [id=sgrule-893876747]
TestExamplesBasicTest 2022-12-13T14:11:47+01:00 logger.go:66: module.vpc.module.vpc.aws_subnet.public[0]: Still creating... [10s elapsed]
TestExamplesBasicTest 2022-12-13T14:11:47+01:00 logger.go:66: module.vpc.module.vpc.aws_subnet.public[1]: Still creating... [10s elapsed]
TestExamplesBasicTest 2022-12-13T14:11:48+01:00 logger.go:66: module.vpc.module.vpc.aws_subnet.public[2]: Still creating... [10s elapsed]
TestExamplesBasicTest 2022-12-13T14:11:48+01:00 logger.go:66: module.vpc.module.vpc.aws_subnet.public[0]: Creation complete after 10s [id=subnet-028265bda5f04784f]
TestExamplesBasicTest 2022-12-13T14:11:48+01:00 logger.go:66: module.vpc.module.vpc.aws_subnet.public[1]: Creation complete after 10s [id=subnet-07924d65ec1758e43]
TestExamplesBasicTest 2022-12-13T14:11:49+01:00 logger.go:66: module.vpc.module.vpc.aws_subnet.public[2]: Creation complete after 11s [id=subnet-0b1d33d6b5cb901a8]
TestExamplesBasicTest 2022-12-13T14:11:49+01:00 logger.go:66: module.vpc.module.vpc.aws_route_table_association.public[1]: Creating...
TestExamplesBasicTest 2022-12-13T14:11:49+01:00 logger.go:66: module.vpc.module.vpc.aws_route_table_association.public[2]: Creating...
TestExamplesBasicTest 2022-12-13T14:11:49+01:00 logger.go:66: module.vpc.module.vpc.aws_route_table_association.public[0]: Creating...
TestExamplesBasicTest 2022-12-13T14:11:49+01:00 logger.go:66: module.vpc.module.vpc.aws_nat_gateway.this[0]: Creating...
TestExamplesBasicTest 2022-12-13T14:11:49+01:00 logger.go:66: module.vpc.module.vpc.aws_route_table_association.public[2]: Creation complete after 0s [id=rtbassoc-09ebff5d36e0963a2]
TestExamplesBasicTest 2022-12-13T14:11:49+01:00 logger.go:66: module.vpc.module.vpc.aws_route_table_association.public[1]: Creation complete after 0s [id=rtbassoc-071f1d6444dd9b4b2]
TestExamplesBasicTest 2022-12-13T14:11:49+01:00 logger.go:66: module.vpc.module.vpc.aws_route_table_association.public[0]: Creation complete after 0s [id=rtbassoc-008a1da9a26e6a6e9]
TestExamplesBasicTest 2022-12-13T14:11:51+01:00 logger.go:66: module.eks_blueprints.module.kms[0].aws_kms_key.this: Creation complete after 26s [id=aaf9ea20-8db5-442e-963f-65c24a741ecb]
TestExamplesBasicTest 2022-12-13T14:11:51+01:00 logger.go:66: module.eks_blueprints.module.kms[0].aws_kms_alias.this: Creating...
TestExamplesBasicTest 2022-12-13T14:11:51+01:00 logger.go:66: module.eks_blueprints.module.aws_eks.aws_eks_cluster.this[0]: Creating...
TestExamplesBasicTest 2022-12-13T14:11:51+01:00 logger.go:66: module.eks_blueprints.module.kms[0].aws_kms_alias.this: Creation complete after 0s [id=alias/test-eks-cnr]
TestExamplesBasicTest 2022-12-13T14:11:55+01:00 logger.go:66: aws_route53_zone.cluster_dns: Still creating... [30s elapsed]
TestExamplesBasicTest 2022-12-13T14:11:56+01:00 logger.go:66: aws_route53_zone.cluster_dns: Creation complete after 30s [id=Z08633645H30XF5497K5]
TestExamplesBasicTest 2022-12-13T14:11:59+01:00 logger.go:66: module.vpc.module.vpc.aws_nat_gateway.this[0]: Still creating... [10s elapsed]
TestExamplesBasicTest 2022-12-13T14:12:01+01:00 logger.go:66: module.eks_blueprints.module.aws_eks.aws_eks_cluster.this[0]: Still creating... [10s elapsed]
TestExamplesBasicTest 2022-12-13T14:12:09+01:00 logger.go:66: module.vpc.module.vpc.aws_nat_gateway.this[0]: Still creating... [20s elapsed]
TestExamplesBasicTest 2022-12-13T14:12:11+01:00 logger.go:66: module.eks_blueprints.module.aws_eks.aws_eks_cluster.this[0]: Still creating... [20s elapsed]
TestExamplesBasicTest 2022-12-13T14:12:19+01:00 logger.go:66: module.vpc.module.vpc.aws_nat_gateway.this[0]: Still creating... [30s elapsed]
TestExamplesBasicTest 2022-12-13T14:12:21+01:00 logger.go:66: module.eks_blueprints.module.aws_eks.aws_eks_cluster.this[0]: Still creating... [30s elapsed]
TestExamplesBasicTest 2022-12-13T14:12:29+01:00 logger.go:66: module.vpc.module.vpc.aws_nat_gateway.this[0]: Still creating... [40s elapsed]
TestExamplesBasicTest 2022-12-13T14:12:31+01:00 logger.go:66: module.eks_blueprints.module.aws_eks.aws_eks_cluster.this[0]: Still creating... [40s elapsed]
TestExamplesBasicTest 2022-12-13T14:12:39+01:00 logger.go:66: module.vpc.module.vpc.aws_nat_gateway.this[0]: Still creating... [50s elapsed]
TestExamplesBasicTest 2022-12-13T14:12:41+01:00 logger.go:66: module.eks_blueprints.module.aws_eks.aws_eks_cluster.this[0]: Still creating... [50s elapsed]
TestExamplesBasicTest 2022-12-13T14:12:49+01:00 logger.go:66: module.vpc.module.vpc.aws_nat_gateway.this[0]: Still creating... [1m0s elapsed]
TestExamplesBasicTest 2022-12-13T14:12:51+01:00 logger.go:66: module.eks_blueprints.module.aws_eks.aws_eks_cluster.this[0]: Still creating... [1m0s elapsed]
TestExamplesBasicTest 2022-12-13T14:12:59+01:00 logger.go:66: module.vpc.module.vpc.aws_nat_gateway.this[0]: Still creating... [1m10s elapsed]
TestExamplesBasicTest 2022-12-13T14:13:01+01:00 logger.go:66: module.eks_blueprints.module.aws_eks.aws_eks_cluster.this[0]: Still creating... [1m10s elapsed]
TestExamplesBasicTest 2022-12-13T14:13:09+01:00 logger.go:66: module.vpc.module.vpc.aws_nat_gateway.this[0]: Still creating... [1m20s elapsed]
TestExamplesBasicTest 2022-12-13T14:13:11+01:00 logger.go:66: module.eks_blueprints.module.aws_eks.aws_eks_cluster.this[0]: Still creating... [1m20s elapsed]
TestExamplesBasicTest 2022-12-13T14:13:19+01:00 logger.go:66: module.vpc.module.vpc.aws_nat_gateway.this[0]: Still creating... [1m30s elapsed]
TestExamplesBasicTest 2022-12-13T14:13:21+01:00 logger.go:66: module.eks_blueprints.module.aws_eks.aws_eks_cluster.this[0]: Still creating... [1m30s elapsed]
TestExamplesBasicTest 2022-12-13T14:13:29+01:00 logger.go:66: module.vpc.module.vpc.aws_nat_gateway.this[0]: Still creating... [1m40s elapsed]
TestExamplesBasicTest 2022-12-13T14:13:31+01:00 logger.go:66: module.eks_blueprints.module.aws_eks.aws_eks_cluster.this[0]: Still creating... [1m40s elapsed]
TestExamplesBasicTest 2022-12-13T14:13:33+01:00 logger.go:66: module.vpc.module.vpc.aws_nat_gateway.this[0]: Creation complete after 1m44s [id=nat-0e3129a5f88d728f1]
TestExamplesBasicTest 2022-12-13T14:13:33+01:00 logger.go:66: module.vpc.module.vpc.aws_route.private_nat_gateway[0]: Creating...
TestExamplesBasicTest 2022-12-13T14:13:33+01:00 logger.go:66: module.vpc.module.vpc.aws_route.private_nat_gateway[0]: Creation complete after 1s [id=r-rtb-05f7c48ffe4229dc41080289494]
TestExamplesBasicTest 2022-12-13T14:13:41+01:00 logger.go:66: module.eks_blueprints.module.aws_eks.aws_eks_cluster.this[0]: Still creating... [1m50s elapsed]
TestExamplesBasicTest 2022-12-13T14:13:51+01:00 logger.go:66: module.eks_blueprints.module.aws_eks.aws_eks_cluster.this[0]: Still creating... [2m0s elapsed]
TestExamplesBasicTest 2022-12-13T14:14:01+01:00 logger.go:66: module.eks_blueprints.module.aws_eks.aws_eks_cluster.this[0]: Still creating... [2m10s elapsed]
TestExamplesBasicTest 2022-12-13T14:14:11+01:00 logger.go:66: module.eks_blueprints.module.aws_eks.aws_eks_cluster.this[0]: Still creating... [2m20s elapsed]
TestExamplesBasicTest 2022-12-13T14:14:21+01:00 logger.go:66: module.eks_blueprints.module.aws_eks.aws_eks_cluster.this[0]: Still creating... [2m30s elapsed]
TestExamplesBasicTest 2022-12-13T14:14:31+01:00 logger.go:66: module.eks_blueprints.module.aws_eks.aws_eks_cluster.this[0]: Still creating... [2m40s elapsed]
TestExamplesBasicTest 2022-12-13T14:14:41+01:00 logger.go:66: module.eks_blueprints.module.aws_eks.aws_eks_cluster.this[0]: Still creating... [2m50s elapsed]
TestExamplesBasicTest 2022-12-13T14:14:51+01:00 logger.go:66: module.eks_blueprints.module.aws_eks.aws_eks_cluster.this[0]: Still creating... [3m0s elapsed]
TestExamplesBasicTest 2022-12-13T14:15:01+01:00 logger.go:66: module.eks_blueprints.module.aws_eks.aws_eks_cluster.this[0]: Still creating... [3m10s elapsed]
TestExamplesBasicTest 2022-12-13T14:15:11+01:00 logger.go:66: module.eks_blueprints.module.aws_eks.aws_eks_cluster.this[0]: Still creating... [3m20s elapsed]
TestExamplesBasicTest 2022-12-13T14:15:21+01:00 logger.go:66: module.eks_blueprints.module.aws_eks.aws_eks_cluster.this[0]: Still creating... [3m30s elapsed]
TestExamplesBasicTest 2022-12-13T14:15:31+01:00 logger.go:66: module.eks_blueprints.module.aws_eks.aws_eks_cluster.this[0]: Still creating... [3m40s elapsed]
TestExamplesBasicTest 2022-12-13T14:15:41+01:00 logger.go:66: module.eks_blueprints.module.aws_eks.aws_eks_cluster.this[0]: Still creating... [3m50s elapsed]
TestExamplesBasicTest 2022-12-13T14:15:51+01:00 logger.go:66: module.eks_blueprints.module.aws_eks.aws_eks_cluster.this[0]: Still creating... [4m0s elapsed]
TestExamplesBasicTest 2022-12-13T14:16:01+01:00 logger.go:66: module.eks_blueprints.module.aws_eks.aws_eks_cluster.this[0]: Still creating... [4m10s elapsed]
TestExamplesBasicTest 2022-12-13T14:16:11+01:00 logger.go:66: module.eks_blueprints.module.aws_eks.aws_eks_cluster.this[0]: Still creating... [4m20s elapsed]
TestExamplesBasicTest 2022-12-13T14:16:21+01:00 logger.go:66: module.eks_blueprints.module.aws_eks.aws_eks_cluster.this[0]: Still creating... [4m30s elapsed]
TestExamplesBasicTest 2022-12-13T14:16:31+01:00 logger.go:66: module.eks_blueprints.module.aws_eks.aws_eks_cluster.this[0]: Still creating... [4m40s elapsed]
TestExamplesBasicTest 2022-12-13T14:16:41+01:00 logger.go:66: module.eks_blueprints.module.aws_eks.aws_eks_cluster.this[0]: Still creating... [4m50s elapsed]
TestExamplesBasicTest 2022-12-13T14:16:51+01:00 logger.go:66: module.eks_blueprints.module.aws_eks.aws_eks_cluster.this[0]: Still creating... [5m0s elapsed]
TestExamplesBasicTest 2022-12-13T14:17:01+01:00 logger.go:66: module.eks_blueprints.module.aws_eks.aws_eks_cluster.this[0]: Still creating... [5m10s elapsed]
TestExamplesBasicTest 2022-12-13T14:17:11+01:00 logger.go:66: module.eks_blueprints.module.aws_eks.aws_eks_cluster.this[0]: Still creating... [5m20s elapsed]
TestExamplesBasicTest 2022-12-13T14:17:21+01:00 logger.go:66: module.eks_blueprints.module.aws_eks.aws_eks_cluster.this[0]: Still creating... [5m30s elapsed]
TestExamplesBasicTest 2022-12-13T14:17:31+01:00 logger.go:66: module.eks_blueprints.module.aws_eks.aws_eks_cluster.this[0]: Still creating... [5m40s elapsed]
TestExamplesBasicTest 2022-12-13T14:17:41+01:00 logger.go:66: module.eks_blueprints.module.aws_eks.aws_eks_cluster.this[0]: Still creating... [5m50s elapsed]
TestExamplesBasicTest 2022-12-13T14:17:51+01:00 logger.go:66: module.eks_blueprints.module.aws_eks.aws_eks_cluster.this[0]: Still creating... [6m0s elapsed]
TestExamplesBasicTest 2022-12-13T14:18:01+01:00 logger.go:66: module.eks_blueprints.module.aws_eks.aws_eks_cluster.this[0]: Still creating... [6m10s elapsed]
TestExamplesBasicTest 2022-12-13T14:18:11+01:00 logger.go:66: module.eks_blueprints.module.aws_eks.aws_eks_cluster.this[0]: Still creating... [6m20s elapsed]
TestExamplesBasicTest 2022-12-13T14:18:21+01:00 logger.go:66: module.eks_blueprints.module.aws_eks.aws_eks_cluster.this[0]: Still creating... [6m30s elapsed]
TestExamplesBasicTest 2022-12-13T14:18:31+01:00 logger.go:66: module.eks_blueprints.module.aws_eks.aws_eks_cluster.this[0]: Still creating... [6m40s elapsed]
TestExamplesBasicTest 2022-12-13T14:18:41+01:00 logger.go:66: module.eks_blueprints.module.aws_eks.aws_eks_cluster.this[0]: Still creating... [6m50s elapsed]
TestExamplesBasicTest 2022-12-13T14:18:51+01:00 logger.go:66: module.eks_blueprints.module.aws_eks.aws_eks_cluster.this[0]: Still creating... [7m0s elapsed]
TestExamplesBasicTest 2022-12-13T14:19:01+01:00 logger.go:66: module.eks_blueprints.module.aws_eks.aws_eks_cluster.this[0]: Still creating... [7m10s elapsed]
TestExamplesBasicTest 2022-12-13T14:19:11+01:00 logger.go:66: module.eks_blueprints.module.aws_eks.aws_eks_cluster.this[0]: Still creating... [7m20s elapsed]
TestExamplesBasicTest 2022-12-13T14:19:21+01:00 logger.go:66: module.eks_blueprints.module.aws_eks.aws_eks_cluster.this[0]: Still creating... [7m30s elapsed]
TestExamplesBasicTest 2022-12-13T14:19:31+01:00 logger.go:66: module.eks_blueprints.module.aws_eks.aws_eks_cluster.this[0]: Still creating... [7m40s elapsed]
TestExamplesBasicTest 2022-12-13T14:19:41+01:00 logger.go:66: module.eks_blueprints.module.aws_eks.aws_eks_cluster.this[0]: Still creating... [7m50s elapsed]
TestExamplesBasicTest 2022-12-13T14:19:51+01:00 logger.go:66: module.eks_blueprints.module.aws_eks.aws_eks_cluster.this[0]: Still creating... [8m0s elapsed]
TestExamplesBasicTest 2022-12-13T14:20:01+01:00 logger.go:66: module.eks_blueprints.module.aws_eks.aws_eks_cluster.this[0]: Still creating... [8m10s elapsed]
TestExamplesBasicTest 2022-12-13T14:20:11+01:00 logger.go:66: module.eks_blueprints.module.aws_eks.aws_eks_cluster.this[0]: Still creating... [8m20s elapsed]
TestExamplesBasicTest 2022-12-13T14:20:21+01:00 logger.go:66: module.eks_blueprints.module.aws_eks.aws_eks_cluster.this[0]: Still creating... [8m30s elapsed]
TestExamplesBasicTest 2022-12-13T14:20:31+01:00 logger.go:66: module.eks_blueprints.module.aws_eks.aws_eks_cluster.this[0]: Still creating... [8m40s elapsed]
TestExamplesBasicTest 2022-12-13T14:20:41+01:00 logger.go:66: module.eks_blueprints.module.aws_eks.aws_eks_cluster.this[0]: Still creating... [8m50s elapsed]
TestExamplesBasicTest 2022-12-13T14:20:51+01:00 logger.go:66: module.eks_blueprints.module.aws_eks.aws_eks_cluster.this[0]: Still creating... [9m0s elapsed]
TestExamplesBasicTest 2022-12-13T14:21:01+01:00 logger.go:66: module.eks_blueprints.module.aws_eks.aws_eks_cluster.this[0]: Still creating... [9m10s elapsed]
TestExamplesBasicTest 2022-12-13T14:21:11+01:00 logger.go:66: module.eks_blueprints.module.aws_eks.aws_eks_cluster.this[0]: Still creating... [9m20s elapsed]
TestExamplesBasicTest 2022-12-13T14:21:21+01:00 logger.go:66: module.eks_blueprints.module.aws_eks.aws_eks_cluster.this[0]: Still creating... [9m30s elapsed]
TestExamplesBasicTest 2022-12-13T14:21:31+01:00 logger.go:66: module.eks_blueprints.module.aws_eks.aws_eks_cluster.this[0]: Still creating... [9m40s elapsed]
TestExamplesBasicTest 2022-12-13T14:21:41+01:00 logger.go:66: module.eks_blueprints.module.aws_eks.aws_eks_cluster.this[0]: Still creating... [9m50s elapsed]
TestExamplesBasicTest 2022-12-13T14:21:51+01:00 logger.go:66: module.eks_blueprints.module.aws_eks.aws_eks_cluster.this[0]: Still creating... [10m0s elapsed]
TestExamplesBasicTest 2022-12-13T14:22:01+01:00 logger.go:66: module.eks_blueprints.module.aws_eks.aws_eks_cluster.this[0]: Still creating... [10m10s elapsed]
TestExamplesBasicTest 2022-12-13T14:22:11+01:00 logger.go:66: module.eks_blueprints.module.aws_eks.aws_eks_cluster.this[0]: Still creating... [10m20s elapsed]
TestExamplesBasicTest 2022-12-13T14:22:21+01:00 logger.go:66: module.eks_blueprints.module.aws_eks.aws_eks_cluster.this[0]: Still creating... [10m30s elapsed]
TestExamplesBasicTest 2022-12-13T14:22:31+01:00 logger.go:66: module.eks_blueprints.module.aws_eks.aws_eks_cluster.this[0]: Still creating... [10m40s elapsed]
TestExamplesBasicTest 2022-12-13T14:22:41+01:00 logger.go:66: module.eks_blueprints.module.aws_eks.aws_eks_cluster.this[0]: Still creating... [10m50s elapsed]
TestExamplesBasicTest 2022-12-13T14:22:51+01:00 logger.go:66: module.eks_blueprints.module.aws_eks.aws_eks_cluster.this[0]: Still creating... [11m0s elapsed]
TestExamplesBasicTest 2022-12-13T14:22:55+01:00 logger.go:66: module.eks_blueprints.module.aws_eks.aws_eks_cluster.this[0]: Creation complete after 11m3s [id=test-eks-cnr]
TestExamplesBasicTest 2022-12-13T14:22:55+01:00 logger.go:66: module.eks_blueprints.module.aws_eks.data.tls_certificate.this[0]: Reading...
TestExamplesBasicTest 2022-12-13T14:22:55+01:00 logger.go:66: module.eks_blueprints.data.aws_eks_cluster.cluster[0]: Reading...
TestExamplesBasicTest 2022-12-13T14:22:55+01:00 logger.go:66: data.aws_eks_cluster_auth.this: Reading...
TestExamplesBasicTest 2022-12-13T14:22:55+01:00 logger.go:66: data.aws_eks_cluster_auth.this: Read complete after 0s [id=test-eks-cnr]
TestExamplesBasicTest 2022-12-13T14:22:55+01:00 logger.go:66: module.eks_blueprints.data.aws_eks_cluster.cluster[0]: Read complete after 0s [id=test-eks-cnr]
TestExamplesBasicTest 2022-12-13T14:22:55+01:00 logger.go:66: module.eks_blueprints.data.http.eks_cluster_readiness[0]: Reading...
TestExamplesBasicTest 2022-12-13T14:22:55+01:00 logger.go:66: module.eks_blueprints.module.aws_eks.data.tls_certificate.this[0]: Read complete after 0s [id=ae0a6b0d8ce514bb151703165fd3369a1b686caf]
TestExamplesBasicTest 2022-12-13T14:22:55+01:00 logger.go:66: module.eks_blueprints.module.aws_eks.aws_iam_openid_connect_provider.oidc_provider[0]: Creating...
TestExamplesBasicTest 2022-12-13T14:22:55+01:00 logger.go:66: module.eks_blueprints.data.http.eks_cluster_readiness[0]: Read complete after 1s [id=https://7864DCD89C8A3F7C0EDC840780A1362D.gr7.eu-central-1.eks.amazonaws.com/healthz]
TestExamplesBasicTest 2022-12-13T14:22:55+01:00 logger.go:66: module.eks_blueprints.kubernetes_config_map.aws_auth[0]: Creating...
TestExamplesBasicTest 2022-12-13T14:22:56+01:00 logger.go:66: module.eks_blueprints.module.aws_eks.aws_iam_openid_connect_provider.oidc_provider[0]: Creation complete after 1s [id=arn:aws:iam::198655350445:oidc-provider/oidc.eks.eu-central-1.amazonaws.com/id/7864DCD89C8A3F7C0EDC840780A1362D]
TestExamplesBasicTest 2022-12-13T14:22:56+01:00 logger.go:66: module.eks_blueprints.kubernetes_config_map.aws_auth[0]: Creation complete after 0s [id=kube-system/aws-auth]
TestExamplesBasicTest 2022-12-13T14:22:56+01:00 logger.go:66: module.eks_blueprints.module.aws_eks_managed_node_groups["t3_medium"].data.aws_iam_policy_document.managed_ng_assume_role_policy: Reading...
TestExamplesBasicTest 2022-12-13T14:22:56+01:00 logger.go:66: module.eks_blueprints.module.aws_eks_managed_node_groups["t3_medium"].data.aws_iam_policy_document.managed_ng_assume_role_policy: Read complete after 0s [id=3778018924]
TestExamplesBasicTest 2022-12-13T14:22:56+01:00 logger.go:66: module.eks_blueprints.module.aws_eks_managed_node_groups["t3_medium"].aws_iam_role.managed_ng[0]: Creating...
TestExamplesBasicTest 2022-12-13T14:22:57+01:00 logger.go:66: module.eks_blueprints.module.aws_eks_managed_node_groups["t3_medium"].aws_iam_role.managed_ng[0]: Creation complete after 1s [id=test-eks-cnr-managed-ondemand]
TestExamplesBasicTest 2022-12-13T14:22:57+01:00 logger.go:66: module.eks_blueprints.module.aws_eks_managed_node_groups["t3_medium"].aws_iam_role_policy_attachment.managed_ng["arn:aws:iam::aws:policy/AmazonEC2ContainerRegistryReadOnly"]: Creating...
TestExamplesBasicTest 2022-12-13T14:22:57+01:00 logger.go:66: module.eks_blueprints.module.aws_eks_managed_node_groups["t3_medium"].aws_iam_role_policy_attachment.managed_ng["arn:aws:iam::aws:policy/AmazonEKSWorkerNodePolicy"]: Creating...
TestExamplesBasicTest 2022-12-13T14:22:57+01:00 logger.go:66: module.eks_blueprints.module.aws_eks_managed_node_groups["t3_medium"].aws_iam_role_policy_attachment.managed_ng["arn:aws:iam::aws:policy/AmazonEKS_CNI_Policy"]: Creating...
TestExamplesBasicTest 2022-12-13T14:22:57+01:00 logger.go:66: module.eks_blueprints.module.aws_eks_managed_node_groups["t3_medium"].aws_iam_role_policy_attachment.managed_ng["arn:aws:iam::aws:policy/AmazonSSMManagedInstanceCore"]: Creating...
TestExamplesBasicTest 2022-12-13T14:22:57+01:00 logger.go:66: module.eks_blueprints.module.aws_eks_managed_node_groups["t3_medium"].aws_iam_instance_profile.managed_ng[0]: Creating...
TestExamplesBasicTest 2022-12-13T14:22:57+01:00 logger.go:66: module.eks_blueprints.module.aws_eks_managed_node_groups["t3_medium"].aws_iam_role_policy_attachment.managed_ng["arn:aws:iam::aws:policy/AmazonEKS_CNI_Policy"]: Creation complete after 1s [id=test-eks-cnr-managed-ondemand-20221213132257343000000009]
TestExamplesBasicTest 2022-12-13T14:22:57+01:00 logger.go:66: module.eks_blueprints.module.aws_eks_managed_node_groups["t3_medium"].aws_iam_role_policy_attachment.managed_ng["arn:aws:iam::aws:policy/AmazonSSMManagedInstanceCore"]: Creation complete after 1s [id=test-eks-cnr-managed-ondemand-2022121313225748670000000a]
TestExamplesBasicTest 2022-12-13T14:22:57+01:00 logger.go:66: module.eks_blueprints.module.aws_eks_managed_node_groups["t3_medium"].aws_iam_role_policy_attachment.managed_ng["arn:aws:iam::aws:policy/AmazonEC2ContainerRegistryReadOnly"]: Creation complete after 1s [id=test-eks-cnr-managed-ondemand-2022121313225763850000000b]
TestExamplesBasicTest 2022-12-13T14:22:57+01:00 logger.go:66: module.eks_blueprints.module.aws_eks_managed_node_groups["t3_medium"].aws_iam_role_policy_attachment.managed_ng["arn:aws:iam::aws:policy/AmazonEKSWorkerNodePolicy"]: Creation complete after 1s [id=test-eks-cnr-managed-ondemand-2022121313225766710000000c]
TestExamplesBasicTest 2022-12-13T14:22:57+01:00 logger.go:66: module.eks_blueprints.module.aws_eks_managed_node_groups["t3_medium"].aws_iam_instance_profile.managed_ng[0]: Creation complete after 1s [id=test-eks-cnr-managed-ondemand]
TestExamplesBasicTest 2022-12-13T14:22:57+01:00 logger.go:66: module.eks_blueprints.module.aws_eks_managed_node_groups["t3_medium"].aws_eks_node_group.managed_ng: Creating...
TestExamplesBasicTest 2022-12-13T14:23:07+01:00 logger.go:66: module.eks_blueprints.module.aws_eks_managed_node_groups["t3_medium"].aws_eks_node_group.managed_ng: Still creating... [10s elapsed]
TestExamplesBasicTest 2022-12-13T14:23:17+01:00 logger.go:66: module.eks_blueprints.module.aws_eks_managed_node_groups["t3_medium"].aws_eks_node_group.managed_ng: Still creating... [20s elapsed]
TestExamplesBasicTest 2022-12-13T14:23:27+01:00 logger.go:66: module.eks_blueprints.module.aws_eks_managed_node_groups["t3_medium"].aws_eks_node_group.managed_ng: Still creating... [30s elapsed]
TestExamplesBasicTest 2022-12-13T14:23:37+01:00 logger.go:66: module.eks_blueprints.module.aws_eks_managed_node_groups["t3_medium"].aws_eks_node_group.managed_ng: Still creating... [40s elapsed]
TestExamplesBasicTest 2022-12-13T14:23:47+01:00 logger.go:66: module.eks_blueprints.module.aws_eks_managed_node_groups["t3_medium"].aws_eks_node_group.managed_ng: Still creating... [50s elapsed]
TestExamplesBasicTest 2022-12-13T14:23:57+01:00 logger.go:66: module.eks_blueprints.module.aws_eks_managed_node_groups["t3_medium"].aws_eks_node_group.managed_ng: Still creating... [1m0s elapsed]
TestExamplesBasicTest 2022-12-13T14:24:07+01:00 logger.go:66: module.eks_blueprints.module.aws_eks_managed_node_groups["t3_medium"].aws_eks_node_group.managed_ng: Still creating... [1m10s elapsed]
TestExamplesBasicTest 2022-12-13T14:24:17+01:00 logger.go:66: module.eks_blueprints.module.aws_eks_managed_node_groups["t3_medium"].aws_eks_node_group.managed_ng: Still creating... [1m20s elapsed]
TestExamplesBasicTest 2022-12-13T14:24:27+01:00 logger.go:66: module.eks_blueprints.module.aws_eks_managed_node_groups["t3_medium"].aws_eks_node_group.managed_ng: Still creating... [1m30s elapsed]
TestExamplesBasicTest 2022-12-13T14:24:37+01:00 logger.go:66: module.eks_blueprints.module.aws_eks_managed_node_groups["t3_medium"].aws_eks_node_group.managed_ng: Still creating... [1m40s elapsed]
TestExamplesBasicTest 2022-12-13T14:24:47+01:00 logger.go:66: module.eks_blueprints.module.aws_eks_managed_node_groups["t3_medium"].aws_eks_node_group.managed_ng: Still creating... [1m50s elapsed]
TestExamplesBasicTest 2022-12-13T14:24:55+01:00 logger.go:66: module.eks_blueprints.module.aws_eks_managed_node_groups["t3_medium"].aws_eks_node_group.managed_ng: Creation complete after 1m58s [id=test-eks-cnr:managed-ondemand-2022121313225795950000000d]
TestExamplesBasicTest 2022-12-13T14:24:56+01:00 logger.go:66: helm_release.loki: Creating...
TestExamplesBasicTest 2022-12-13T14:25:06+01:00 logger.go:66: helm_release.loki: Still creating... [10s elapsed]
TestExamplesBasicTest 2022-12-13T14:25:16+01:00 logger.go:66: helm_release.loki: Still creating... [20s elapsed]
TestExamplesBasicTest 2022-12-13T14:25:26+01:00 logger.go:66: helm_release.loki: Still creating... [30s elapsed]
TestExamplesBasicTest 2022-12-13T14:25:36+01:00 logger.go:66: helm_release.loki: Still creating... [40s elapsed]
TestExamplesBasicTest 2022-12-13T14:25:46+01:00 logger.go:66: helm_release.loki: Still creating... [50s elapsed]
TestExamplesBasicTest 2022-12-13T14:25:56+01:00 logger.go:66: helm_release.loki: Still creating... [1m0s elapsed]
TestExamplesBasicTest 2022-12-13T14:26:06+01:00 logger.go:66: helm_release.loki: Still creating... [1m10s elapsed]
TestExamplesBasicTest 2022-12-13T14:26:12+01:00 logger.go:66: helm_release.loki: Creation complete after 1m15s [id=loki-stack]
TestExamplesBasicTest 2022-12-13T14:26:12+01:00 logger.go:66: module.eks_blueprints_kubernetes_addons.data.aws_eks_cluster.eks_cluster: Reading...
TestExamplesBasicTest 2022-12-13T14:26:12+01:00 logger.go:66: module.eks_blueprints_kubernetes_addons.data.aws_partition.current: Reading...
TestExamplesBasicTest 2022-12-13T14:26:12+01:00 logger.go:66: module.eks_blueprints_kubernetes_addons.data.aws_region.current: Reading...
TestExamplesBasicTest 2022-12-13T14:26:12+01:00 logger.go:66: module.eks_blueprints_kubernetes_addons.data.aws_caller_identity.current: Reading...
TestExamplesBasicTest 2022-12-13T14:26:12+01:00 logger.go:66: module.eks_blueprints_kubernetes_addons.module.prometheus[0].data.aws_iam_policy_document.query: Reading...
TestExamplesBasicTest 2022-12-13T14:26:12+01:00 logger.go:66: module.eks_blueprints_kubernetes_addons.data.aws_partition.current: Read complete after 0s [id=aws]
TestExamplesBasicTest 2022-12-13T14:26:12+01:00 logger.go:66: module.eks_blueprints_kubernetes_addons.data.aws_region.current: Read complete after 0s [id=eu-central-1]
TestExamplesBasicTest 2022-12-13T14:26:12+01:00 logger.go:66: module.eks_blueprints_kubernetes_addons.module.prometheus[0].data.aws_iam_policy_document.ingest: Reading...
TestExamplesBasicTest 2022-12-13T14:26:12+01:00 logger.go:66: module.eks_blueprints_kubernetes_addons.module.prometheus[0].data.aws_iam_policy_document.query: Read complete after 0s [id=3128596151]
TestExamplesBasicTest 2022-12-13T14:26:12+01:00 logger.go:66: module.eks_blueprints_kubernetes_addons.module.prometheus[0].data.aws_iam_policy_document.ingest: Read complete after 0s [id=1804921153]
TestExamplesBasicTest 2022-12-13T14:26:12+01:00 logger.go:66: module.eks_blueprints_kubernetes_addons.module.external_dns[0].data.aws_route53_zone.selected: Reading...
TestExamplesBasicTest 2022-12-13T14:26:12+01:00 logger.go:66: module.eks_blueprints_kubernetes_addons.data.aws_eks_cluster.eks_cluster: Read complete after 1s [id=test-eks-cnr]
TestExamplesBasicTest 2022-12-13T14:26:12+01:00 logger.go:66: module.eks_blueprints_kubernetes_addons.module.prometheus[0].kubernetes_namespace_v1.prometheus[0]: Creating...
TestExamplesBasicTest 2022-12-13T14:26:12+01:00 logger.go:66: module.eks_blueprints_kubernetes_addons.module.ingress_nginx[0].kubernetes_namespace_v1.this[0]: Creating...
TestExamplesBasicTest 2022-12-13T14:26:12+01:00 logger.go:66: module.eks_blueprints_kubernetes_addons.module.aws_coredns[0].data.aws_eks_addon_version.this: Reading...
TestExamplesBasicTest 2022-12-13T14:26:12+01:00 logger.go:66: module.eks_blueprints_kubernetes_addons.module.prometheus[0].kubernetes_namespace_v1.prometheus[0]: Creation complete after 0s [id=prometheus]
TestExamplesBasicTest 2022-12-13T14:26:12+01:00 logger.go:66: module.eks_blueprints_kubernetes_addons.module.ingress_nginx[0].kubernetes_namespace_v1.this[0]: Creation complete after 0s [id=ingress-nginx]
TestExamplesBasicTest 2022-12-13T14:26:12+01:00 logger.go:66: module.eks_blueprints_kubernetes_addons.data.aws_caller_identity.current: Read complete after 1s [id=198655350445]
TestExamplesBasicTest 2022-12-13T14:26:12+01:00 logger.go:66: module.eks_blueprints_kubernetes_addons.module.cert_manager[0].data.aws_iam_policy_document.cert_manager_iam_policy_document: Reading...
TestExamplesBasicTest 2022-12-13T14:26:12+01:00 logger.go:66: module.eks_blueprints_kubernetes_addons.module.grafana[0].data.aws_iam_policy_document.this: Reading...
TestExamplesBasicTest 2022-12-13T14:26:12+01:00 logger.go:66: module.eks_blueprints_kubernetes_addons.module.cert_manager[0].data.aws_iam_policy_document.cert_manager_iam_policy_document: Read complete after 0s [id=2873133587]
TestExamplesBasicTest 2022-12-13T14:26:12+01:00 logger.go:66: module.eks_blueprints_kubernetes_addons.module.aws_kube_proxy[0].aws_eks_addon.kube_proxy: Creating...
TestExamplesBasicTest 2022-12-13T14:26:12+01:00 logger.go:66: module.eks_blueprints_kubernetes_addons.module.grafana[0].data.aws_iam_policy_document.this: Read complete after 0s [id=2256983572]
TestExamplesBasicTest 2022-12-13T14:26:12+01:00 logger.go:66: module.eks_blueprints_kubernetes_addons.module.aws_ebs_csi_driver[0].data.aws_iam_policy_document.aws_ebs_csi_driver[0]: Reading...
TestExamplesBasicTest 2022-12-13T14:26:12+01:00 logger.go:66: module.eks_blueprints_kubernetes_addons.module.aws_ebs_csi_driver[0].data.aws_iam_policy_document.aws_ebs_csi_driver[0]: Read complete after 0s [id=1888929143]
TestExamplesBasicTest 2022-12-13T14:26:12+01:00 logger.go:66: module.eks_blueprints_kubernetes_addons.module.aws_coredns[0].data.aws_eks_addon_version.this: Read complete after 0s [id=coredns]
TestExamplesBasicTest 2022-12-13T14:26:12+01:00 logger.go:66: module.eks_blueprints_kubernetes_addons.module.aws_load_balancer_controller[0].data.aws_iam_policy_document.aws_lb: Reading...
TestExamplesBasicTest 2022-12-13T14:26:12+01:00 logger.go:66: module.eks_blueprints_kubernetes_addons.module.aws_load_balancer_controller[0].data.aws_iam_policy_document.aws_lb: Read complete after 0s [id=2633998141]
TestExamplesBasicTest 2022-12-13T14:26:13+01:00 logger.go:66: module.eks_blueprints_kubernetes_addons.module.cert_manager[0].aws_iam_policy.cert_manager: Creating...
TestExamplesBasicTest 2022-12-13T14:26:13+01:00 logger.go:66: module.eks_blueprints_kubernetes_addons.module.aws_coredns[0].aws_eks_addon.coredns[0]: Creating...
TestExamplesBasicTest 2022-12-13T14:26:13+01:00 logger.go:66: module.eks_blueprints_kubernetes_addons.module.grafana[0].aws_iam_policy.grafana: Creating...
TestExamplesBasicTest 2022-12-13T14:26:13+01:00 logger.go:66: module.eks_blueprints_kubernetes_addons.module.aws_ebs_csi_driver[0].aws_iam_policy.aws_ebs_csi_driver[0]: Creating...
TestExamplesBasicTest 2022-12-13T14:26:13+01:00 logger.go:66: module.eks_blueprints_kubernetes_addons.module.aws_load_balancer_controller[0].aws_iam_policy.aws_load_balancer_controller: Creating...
TestExamplesBasicTest 2022-12-13T14:26:13+01:00 logger.go:66: module.eks_blueprints_kubernetes_addons.module.promtail[0].module.helm_addon.helm_release.addon[0]: Creating...
TestExamplesBasicTest 2022-12-13T14:26:13+01:00 logger.go:66: module.eks_blueprints_kubernetes_addons.module.external_dns[0].data.aws_route53_zone.selected: Read complete after 1s [id=Z08633645H30XF5497K5]
TestExamplesBasicTest 2022-12-13T14:26:13+01:00 logger.go:66: module.eks_blueprints_kubernetes_addons.module.external_dns[0].data.aws_iam_policy_document.external_dns_iam_policy_document: Reading...
TestExamplesBasicTest 2022-12-13T14:26:13+01:00 logger.go:66: module.eks_blueprints_kubernetes_addons.module.external_dns[0].data.aws_iam_policy_document.external_dns_iam_policy_document: Read complete after 0s [id=2337330655]
TestExamplesBasicTest 2022-12-13T14:26:13+01:00 logger.go:66: module.eks_blueprints_kubernetes_addons.module.external_dns[0].aws_iam_policy.external_dns: Creating...
TestExamplesBasicTest 2022-12-13T14:26:13+01:00 logger.go:66: module.eks_blueprints_kubernetes_addons.module.grafana[0].aws_iam_policy.grafana: Creation complete after 1s [id=arn:aws:iam::198655350445:policy/test-eks-cnr-grafana]
TestExamplesBasicTest 2022-12-13T14:26:13+01:00 logger.go:66: module.eks_blueprints_kubernetes_addons.module.ingress_nginx[0].module.helm_addon.helm_release.addon[0]: Creating...
TestExamplesBasicTest 2022-12-13T14:26:13+01:00 logger.go:66: module.eks_blueprints_kubernetes_addons.module.aws_ebs_csi_driver[0].aws_iam_policy.aws_ebs_csi_driver[0]: Creation complete after 1s [id=arn:aws:iam::198655350445:policy/test-eks-cnr-aws-ebs-csi-driver-irsa]
TestExamplesBasicTest 2022-12-13T14:26:13+01:00 logger.go:66: module.eks_blueprints_kubernetes_addons.module.aws_ebs_csi_driver[0].module.irsa_addon[0].aws_iam_role.irsa[0]: Creating...
TestExamplesBasicTest 2022-12-13T14:26:13+01:00 logger.go:66: module.eks_blueprints_kubernetes_addons.module.grafana[0].module.helm_addon.module.irsa[0].kubernetes_namespace_v1.irsa[0]: Creating...
TestExamplesBasicTest 2022-12-13T14:26:13+01:00 logger.go:66: module.eks_blueprints_kubernetes_addons.module.cert_manager[0].aws_iam_policy.cert_manager: Creation complete after 1s [id=arn:aws:iam::198655350445:policy/test-eks-cnr-cert-manager-irsa]
TestExamplesBasicTest 2022-12-13T14:26:13+01:00 logger.go:66: module.eks_blueprints_kubernetes_addons.module.grafana[0].module.helm_addon.module.irsa[0].aws_iam_role.irsa[0]: Creating...
TestExamplesBasicTest 2022-12-13T14:26:14+01:00 logger.go:66: module.eks_blueprints_kubernetes_addons.module.grafana[0].module.helm_addon.module.irsa[0].kubernetes_namespace_v1.irsa[0]: Creation complete after 0s [id=grafana]
TestExamplesBasicTest 2022-12-13T14:26:14+01:00 logger.go:66: module.eks_blueprints_kubernetes_addons.module.cert_manager[0].module.helm_addon.module.irsa[0].kubernetes_namespace_v1.irsa[0]: Creating...
TestExamplesBasicTest 2022-12-13T14:26:14+01:00 logger.go:66: module.eks_blueprints_kubernetes_addons.module.aws_load_balancer_controller[0].aws_iam_policy.aws_load_balancer_controller: Creation complete after 1s [id=arn:aws:iam::198655350445:policy/test-eks-cnr-lb-irsa]
TestExamplesBasicTest 2022-12-13T14:26:14+01:00 logger.go:66: module.eks_blueprints_kubernetes_addons.module.cert_manager[0].module.helm_addon.module.irsa[0].kubernetes_namespace_v1.irsa[0]: Creation complete after 0s [id=cert-manager]
TestExamplesBasicTest 2022-12-13T14:26:14+01:00 logger.go:66: module.eks_blueprints_kubernetes_addons.module.cert_manager[0].module.helm_addon.module.irsa[0].aws_iam_role.irsa[0]: Creating...
TestExamplesBasicTest 2022-12-13T14:26:14+01:00 logger.go:66: module.eks_blueprints_kubernetes_addons.module.external_dns[0].aws_iam_policy.external_dns: Creation complete after 0s [id=arn:aws:iam::198655350445:policy/test-eks-cnr-external-dns-irsa]
TestExamplesBasicTest 2022-12-13T14:26:14+01:00 logger.go:66: module.eks_blueprints_kubernetes_addons.module.aws_load_balancer_controller[0].module.helm_addon.module.irsa[0].aws_iam_role.irsa[0]: Creating...
TestExamplesBasicTest 2022-12-13T14:26:14+01:00 logger.go:66: module.eks_blueprints_kubernetes_addons.module.external_dns[0].module.helm_addon.module.irsa[0].kubernetes_namespace_v1.irsa[0]: Creating...
TestExamplesBasicTest 2022-12-13T14:26:14+01:00 logger.go:66: module.eks_blueprints_kubernetes_addons.module.external_dns[0].module.helm_addon.module.irsa[0].kubernetes_namespace_v1.irsa[0]: Creation complete after 0s [id=external-dns]
TestExamplesBasicTest 2022-12-13T14:26:14+01:00 logger.go:66: module.eks_blueprints_kubernetes_addons.module.external_dns[0].module.helm_addon.module.irsa[0].aws_iam_role.irsa[0]: Creating...
TestExamplesBasicTest 2022-12-13T14:26:14+01:00 logger.go:66: module.eks_blueprints_kubernetes_addons.module.prometheus[0].module.helm_addon.helm_release.addon[0]: Creating...
TestExamplesBasicTest 2022-12-13T14:26:14+01:00 logger.go:66: module.eks_blueprints_kubernetes_addons.module.aws_ebs_csi_driver[0].module.irsa_addon[0].aws_iam_role.irsa[0]: Creation complete after 1s [id=test-eks-cnr-ebs-csi-controller-sa-irsa]
TestExamplesBasicTest 2022-12-13T14:26:14+01:00 logger.go:66: module.eks_blueprints_kubernetes_addons.module.aws_ebs_csi_driver[0].module.irsa_addon[0].aws_iam_role_policy_attachment.irsa[0]: Creating...
TestExamplesBasicTest 2022-12-13T14:26:14+01:00 logger.go:66: module.eks_blueprints_kubernetes_addons.module.grafana[0].module.helm_addon.module.irsa[0].aws_iam_role.irsa[0]: Creation complete after 1s [id=test-eks-cnr-grafana-irsa]
TestExamplesBasicTest 2022-12-13T14:26:14+01:00 logger.go:66: module.eks_blueprints_kubernetes_addons.module.grafana[0].module.helm_addon.module.irsa[0].aws_iam_role_policy_attachment.irsa[0]: Creating...
TestExamplesBasicTest 2022-12-13T14:26:15+01:00 logger.go:66: module.eks_blueprints_kubernetes_addons.module.cert_manager[0].module.helm_addon.module.irsa[0].aws_iam_role.irsa[0]: Creation complete after 1s [id=test-eks-cnr-cert-manager-irsa]
TestExamplesBasicTest 2022-12-13T14:26:15+01:00 logger.go:66: module.eks_blueprints_kubernetes_addons.module.grafana[0].module.helm_addon.module.irsa[0].kubernetes_service_account_v1.irsa[0]: Creating...
TestExamplesBasicTest 2022-12-13T14:26:15+01:00 logger.go:66: module.eks_blueprints_kubernetes_addons.module.aws_load_balancer_controller[0].module.helm_addon.module.irsa[0].aws_iam_role.irsa[0]: Creation complete after 1s [id=test-eks-cnr-aws-load-balancer-controller-sa-irsa]
TestExamplesBasicTest 2022-12-13T14:26:15+01:00 logger.go:66: module.eks_blueprints_kubernetes_addons.module.aws_ebs_csi_driver[0].module.irsa_addon[0].aws_iam_role_policy_attachment.irsa[0]: Creation complete after 0s [id=test-eks-cnr-ebs-csi-controller-sa-irsa-20221213132615106600000011]
TestExamplesBasicTest 2022-12-13T14:26:15+01:00 logger.go:66: module.eks_blueprints_kubernetes_addons.module.cert_manager[0].module.helm_addon.module.irsa[0].kubernetes_service_account_v1.irsa[0]: Creating...
TestExamplesBasicTest 2022-12-13T14:26:15+01:00 logger.go:66: module.eks_blueprints_kubernetes_addons.module.aws_ebs_csi_driver[0].aws_eks_addon.aws_ebs_csi_driver[0]: Creating...
TestExamplesBasicTest 2022-12-13T14:26:15+01:00 logger.go:66: module.eks_blueprints_kubernetes_addons.module.grafana[0].module.helm_addon.module.irsa[0].aws_iam_role_policy_attachment.irsa[0]: Creation complete after 0s [id=test-eks-cnr-grafana-irsa-20221213132615178300000012]
TestExamplesBasicTest 2022-12-13T14:26:15+01:00 logger.go:66: module.eks_blueprints_kubernetes_addons.module.external_dns[0].module.helm_addon.module.irsa[0].aws_iam_role.irsa[0]: Creation complete after 1s [id=test-eks-cnr-external-dns-sa-irsa]
TestExamplesBasicTest 2022-12-13T14:26:15+01:00 logger.go:66: module.eks_blueprints_kubernetes_addons.module.cert_manager[0].module.helm_addon.module.irsa[0].aws_iam_role_policy_attachment.irsa[0]: Creating...
TestExamplesBasicTest 2022-12-13T14:26:15+01:00 logger.go:66: module.eks_blueprints_kubernetes_addons.module.grafana[0].module.helm_addon.module.irsa[0].kubernetes_service_account_v1.irsa[0]: Creation complete after 0s [id=grafana/grafana]
TestExamplesBasicTest 2022-12-13T14:26:15+01:00 logger.go:66: module.eks_blueprints_kubernetes_addons.module.aws_load_balancer_controller[0].module.helm_addon.module.irsa[0].kubernetes_service_account_v1.irsa[0]: Creating...
TestExamplesBasicTest 2022-12-13T14:26:15+01:00 logger.go:66: module.eks_blueprints_kubernetes_addons.module.aws_load_balancer_controller[0].module.helm_addon.module.irsa[0].aws_iam_role_policy_attachment.irsa[0]: Creating...
TestExamplesBasicTest 2022-12-13T14:26:15+01:00 logger.go:66: module.eks_blueprints_kubernetes_addons.module.aws_load_balancer_controller[0].module.helm_addon.module.irsa[0].kubernetes_service_account_v1.irsa[0]: Creation complete after 1s [id=kube-system/aws-load-balancer-controller-sa]
TestExamplesBasicTest 2022-12-13T14:26:15+01:00 logger.go:66: module.eks_blueprints_kubernetes_addons.module.external_dns[0].module.helm_addon.module.irsa[0].kubernetes_service_account_v1.irsa[0]: Creating...
TestExamplesBasicTest 2022-12-13T14:26:15+01:00 logger.go:66: module.eks_blueprints_kubernetes_addons.module.cert_manager[0].module.helm_addon.module.irsa[0].aws_iam_role_policy_attachment.irsa[0]: Creation complete after 1s [id=test-eks-cnr-cert-manager-irsa-20221213132615557400000014]
TestExamplesBasicTest 2022-12-13T14:26:15+01:00 logger.go:66: module.eks_blueprints_kubernetes_addons.module.aws_kube_proxy[0].aws_eks_addon.kube_proxy: Creation complete after 3s [id=test-eks-cnr:kube-proxy]
TestExamplesBasicTest 2022-12-13T14:26:15+01:00 logger.go:66: module.eks_blueprints_kubernetes_addons.module.external_dns[0].module.helm_addon.module.irsa[0].aws_iam_role_policy_attachment.irsa[0]: Creating...
TestExamplesBasicTest 2022-12-13T14:26:15+01:00 logger.go:66: module.eks_blueprints_kubernetes_addons.module.aws_load_balancer_controller[0].module.helm_addon.module.irsa[0].aws_iam_role_policy_attachment.irsa[0]: Creation complete after 1s [id=test-eks-cnr-aws-load-balancer-controller-sa-irsa-20221213132615600700000015]
TestExamplesBasicTest 2022-12-13T14:26:15+01:00 logger.go:66: module.eks_blueprints_kubernetes_addons.module.external_dns[0].module.helm_addon.module.irsa[0].kubernetes_service_account_v1.irsa[0]: Creation complete after 0s [id=external-dns/external-dns-sa]
TestExamplesBasicTest 2022-12-13T14:26:15+01:00 logger.go:66: module.eks_blueprints_kubernetes_addons.module.cert_manager[0].module.helm_addon.module.irsa[0].kubernetes_service_account_v1.irsa[0]: Creation complete after 1s [id=cert-manager/cert-manager]
TestExamplesBasicTest 2022-12-13T14:26:16+01:00 logger.go:66: module.eks_blueprints_kubernetes_addons.module.external_dns[0].module.helm_addon.module.irsa[0].aws_iam_role_policy_attachment.irsa[0]: Creation complete after 0s [id=test-eks-cnr-external-dns-sa-irsa-20221213132615951900000016]
TestExamplesBasicTest 2022-12-13T14:26:17+01:00 logger.go:66: module.eks_blueprints_kubernetes_addons.module.promtail[0].module.helm_addon.helm_release.addon[0]: Creation complete after 4s [id=promtail]
TestExamplesBasicTest 2022-12-13T14:26:17+01:00 logger.go:66: module.eks_blueprints_kubernetes_addons.module.aws_load_balancer_controller[0].module.helm_addon.helm_release.addon[0]: Creating...
TestExamplesBasicTest 2022-12-13T14:26:18+01:00 logger.go:66: module.eks_blueprints_kubernetes_addons.module.grafana[0].module.helm_addon.helm_release.addon[0]: Creating...
TestExamplesBasicTest 2022-12-13T14:26:18+01:00 logger.go:66: module.eks_blueprints_kubernetes_addons.module.cert_manager[0].module.helm_addon.helm_release.addon[0]: Creating...
TestExamplesBasicTest 2022-12-13T14:26:20+01:00 logger.go:66: module.eks_blueprints_kubernetes_addons.module.aws_coredns[0].aws_eks_addon.coredns[0]: Creation complete after 8s [id=test-eks-cnr:coredns]
TestExamplesBasicTest 2022-12-13T14:26:20+01:00 logger.go:66: module.eks_blueprints_kubernetes_addons.module.external_dns[0].module.helm_addon.helm_release.addon[0]: Creating...
TestExamplesBasicTest 2022-12-13T14:26:23+01:00 logger.go:66: module.eks_blueprints_kubernetes_addons.module.ingress_nginx[0].module.helm_addon.helm_release.addon[0]: Still creating... [10s elapsed]
TestExamplesBasicTest 2022-12-13T14:26:24+01:00 logger.go:66: module.eks_blueprints_kubernetes_addons.module.prometheus[0].module.helm_addon.helm_release.addon[0]: Still creating... [10s elapsed]
TestExamplesBasicTest 2022-12-13T14:26:25+01:00 logger.go:66: module.eks_blueprints_kubernetes_addons.module.aws_ebs_csi_driver[0].aws_eks_addon.aws_ebs_csi_driver[0]: Still creating... [10s elapsed]
TestExamplesBasicTest 2022-12-13T14:26:27+01:00 logger.go:66: module.eks_blueprints_kubernetes_addons.module.aws_load_balancer_controller[0].module.helm_addon.helm_release.addon[0]: Still creating... [10s elapsed]
TestExamplesBasicTest 2022-12-13T14:26:28+01:00 logger.go:66: module.eks_blueprints_kubernetes_addons.module.cert_manager[0].module.helm_addon.helm_release.addon[0]: Still creating... [10s elapsed]
TestExamplesBasicTest 2022-12-13T14:26:30+01:00 logger.go:66: module.eks_blueprints_kubernetes_addons.module.external_dns[0].module.helm_addon.helm_release.addon[0]: Still creating... [10s elapsed]
TestExamplesBasicTest 2022-12-13T14:26:33+01:00 logger.go:66: module.eks_blueprints_kubernetes_addons.module.ingress_nginx[0].module.helm_addon.helm_release.addon[0]: Still creating... [20s elapsed]
TestExamplesBasicTest 2022-12-13T14:26:34+01:00 logger.go:66: module.eks_blueprints_kubernetes_addons.module.prometheus[0].module.helm_addon.helm_release.addon[0]: Still creating... [20s elapsed]
TestExamplesBasicTest 2022-12-13T14:26:35+01:00 logger.go:66: module.eks_blueprints_kubernetes_addons.module.aws_ebs_csi_driver[0].aws_eks_addon.aws_ebs_csi_driver[0]: Still creating... [20s elapsed]
TestExamplesBasicTest 2022-12-13T14:26:37+01:00 logger.go:66: module.eks_blueprints_kubernetes_addons.module.aws_load_balancer_controller[0].module.helm_addon.helm_release.addon[0]: Creation complete after 20s [id=aws-load-balancer-controller]
TestExamplesBasicTest 2022-12-13T14:26:38+01:00 logger.go:66: module.eks_blueprints_kubernetes_addons.module.cert_manager[0].module.helm_addon.helm_release.addon[0]: Still creating... [20s elapsed]
TestExamplesBasicTest 2022-12-13T14:26:40+01:00 logger.go:66: module.eks_blueprints_kubernetes_addons.module.ingress_nginx[0].module.helm_addon.helm_release.addon[0]: Creation complete after 27s [id=ingress-nginx]
TestExamplesBasicTest 2022-12-13T14:26:40+01:00 logger.go:66: module.eks_blueprints_kubernetes_addons.module.external_dns[0].module.helm_addon.helm_release.addon[0]: Still creating... [20s elapsed]
TestExamplesBasicTest 2022-12-13T14:26:44+01:00 logger.go:66: module.eks_blueprints_kubernetes_addons.module.prometheus[0].module.helm_addon.helm_release.addon[0]: Still creating... [30s elapsed]
TestExamplesBasicTest 2022-12-13T14:26:45+01:00 logger.go:66: module.eks_blueprints_kubernetes_addons.module.aws_ebs_csi_driver[0].aws_eks_addon.aws_ebs_csi_driver[0]: Still creating... [30s elapsed]
TestExamplesBasicTest 2022-12-13T14:26:48+01:00 logger.go:66: module.eks_blueprints_kubernetes_addons.module.cert_manager[0].module.helm_addon.helm_release.addon[0]: Still creating... [30s elapsed]
TestExamplesBasicTest 2022-12-13T14:26:51+01:00 logger.go:66: module.eks_blueprints_kubernetes_addons.module.external_dns[0].module.helm_addon.helm_release.addon[0]: Still creating... [30s elapsed]
TestExamplesBasicTest 2022-12-13T14:26:54+01:00 logger.go:66: module.eks_blueprints_kubernetes_addons.module.prometheus[0].module.helm_addon.helm_release.addon[0]: Still creating... [40s elapsed]
TestExamplesBasicTest 2022-12-13T14:26:54+01:00 logger.go:66: module.eks_blueprints_kubernetes_addons.module.cert_manager[0].module.helm_addon.helm_release.addon[0]: Creation complete after 36s [id=cert-manager]
TestExamplesBasicTest 2022-12-13T14:26:54+01:00 logger.go:66: module.eks_blueprints_kubernetes_addons.module.cert_manager[0].helm_release.cert_manager_letsencrypt[0]: Creating...
TestExamplesBasicTest 2022-12-13T14:26:54+01:00 logger.go:66: module.eks_blueprints_kubernetes_addons.module.cert_manager[0].helm_release.cert_manager_ca[0]: Creating...
TestExamplesBasicTest 2022-12-13T14:26:55+01:00 logger.go:66: module.eks_blueprints_kubernetes_addons.module.aws_ebs_csi_driver[0].aws_eks_addon.aws_ebs_csi_driver[0]: Still creating... [40s elapsed]
TestExamplesBasicTest 2022-12-13T14:26:56+01:00 logger.go:66: module.eks_blueprints_kubernetes_addons.module.cert_manager[0].helm_release.cert_manager_letsencrypt[0]: Creation complete after 1s [id=cert-manager-letsencrypt]
TestExamplesBasicTest 2022-12-13T14:26:56+01:00 logger.go:66: module.eks_blueprints_kubernetes_addons.module.cert_manager[0].helm_release.cert_manager_ca[0]: Creation complete after 1s [id=cert-manager-ca]
TestExamplesBasicTest 2022-12-13T14:26:57+01:00 logger.go:66: module.eks_blueprints_kubernetes_addons.module.external_dns[0].module.helm_addon.helm_release.addon[0]: Creation complete after 36s [id=external-dns]
TestExamplesBasicTest 2022-12-13T14:27:00+01:00 logger.go:66: module.eks_blueprints_kubernetes_addons.module.aws_ebs_csi_driver[0].aws_eks_addon.aws_ebs_csi_driver[0]: Creation complete after 45s [id=test-eks-cnr:aws-ebs-csi-driver]
TestExamplesBasicTest 2022-12-13T14:27:04+01:00 logger.go:66: module.eks_blueprints_kubernetes_addons.module.prometheus[0].module.helm_addon.helm_release.addon[0]: Still creating... [50s elapsed]
TestExamplesBasicTest 2022-12-13T14:27:14+01:00 logger.go:66: module.eks_blueprints_kubernetes_addons.module.prometheus[0].module.helm_addon.helm_release.addon[0]: Still creating... [1m0s elapsed]
TestExamplesBasicTest 2022-12-13T14:27:24+01:00 logger.go:66: module.eks_blueprints_kubernetes_addons.module.prometheus[0].module.helm_addon.helm_release.addon[0]: Still creating... [1m10s elapsed]
TestExamplesBasicTest 2022-12-13T14:27:29+01:00 logger.go:66: module.eks_blueprints_kubernetes_addons.module.prometheus[0].module.helm_addon.helm_release.addon[0]: Creation complete after 1m15s [id=prometheus]
TestExamplesBasicTest 2022-12-13T14:27:30+01:00 logger.go:66: ╷
TestExamplesBasicTest 2022-12-13T14:27:30+01:00 logger.go:66: │ Warning: Experimental feature "module_variable_optional_attrs" is active
TestExamplesBasicTest 2022-12-13T14:27:30+01:00 logger.go:66: │
TestExamplesBasicTest 2022-12-13T14:27:30+01:00 logger.go:66: │   on .terraform/modules/eks_blueprints_kubernetes_addons.ondat/locals.tf line 2, in terraform:
TestExamplesBasicTest 2022-12-13T14:27:30+01:00 logger.go:66: │    2:   experiments = [module_variable_optional_attrs]
TestExamplesBasicTest 2022-12-13T14:27:30+01:00 logger.go:66: │
TestExamplesBasicTest 2022-12-13T14:27:30+01:00 logger.go:66: │ Experimental features are subject to breaking changes in future minor or
TestExamplesBasicTest 2022-12-13T14:27:30+01:00 logger.go:66: │ patch releases, based on feedback.
TestExamplesBasicTest 2022-12-13T14:27:30+01:00 logger.go:66: │
TestExamplesBasicTest 2022-12-13T14:27:30+01:00 logger.go:66: │ If you have feedback on the design of this feature, please open a GitHub
TestExamplesBasicTest 2022-12-13T14:27:30+01:00 logger.go:66: │ issue to discuss it.
TestExamplesBasicTest 2022-12-13T14:27:30+01:00 logger.go:66: │
TestExamplesBasicTest 2022-12-13T14:27:30+01:00 logger.go:66: │ (and 7 more similar warnings elsewhere)
TestExamplesBasicTest 2022-12-13T14:27:30+01:00 logger.go:66: ╵
TestExamplesBasicTest 2022-12-13T14:27:30+01:00 logger.go:66: ╷
TestExamplesBasicTest 2022-12-13T14:27:30+01:00 logger.go:66: │ Warning: Helm release "grafana" was created but has a failed status. Use the `helm` command to investigate the error, correct it, then run Terraform again.
TestExamplesBasicTest 2022-12-13T14:27:30+01:00 logger.go:66: │
TestExamplesBasicTest 2022-12-13T14:27:30+01:00 logger.go:66: │   with module.eks_blueprints_kubernetes_addons.module.grafana[0].module.helm_addon.helm_release.addon[0],
TestExamplesBasicTest 2022-12-13T14:27:30+01:00 logger.go:66: │   on .terraform/modules/eks_blueprints_kubernetes_addons/modules/kubernetes-addons/helm-addon/main.tf line 1, in resource "helm_release" "addon":
TestExamplesBasicTest 2022-12-13T14:27:30+01:00 logger.go:66: │    1: resource "helm_release" "addon" {
TestExamplesBasicTest 2022-12-13T14:27:30+01:00 logger.go:66: │
TestExamplesBasicTest 2022-12-13T14:27:30+01:00 logger.go:66: ╵
TestExamplesBasicTest 2022-12-13T14:27:30+01:00 logger.go:66: ╷
TestExamplesBasicTest 2022-12-13T14:27:30+01:00 logger.go:66: │ Error: Internal error occurred: failed calling webhook "vingress.elbv2.k8s.aws": failed to call webhook: Post "https://aws-load-balancer-webhook-service.kube-system.svc:443/validate-networking-v1-ingress?timeout=10s": no endpoints available for service "aws-load-balancer-webhook-service"
TestExamplesBasicTest 2022-12-13T14:27:30+01:00 logger.go:66: │
TestExamplesBasicTest 2022-12-13T14:27:30+01:00 logger.go:66: │   with module.eks_blueprints_kubernetes_addons.module.grafana[0].module.helm_addon.helm_release.addon[0],
TestExamplesBasicTest 2022-12-13T14:27:30+01:00 logger.go:66: │   on .terraform/modules/eks_blueprints_kubernetes_addons/modules/kubernetes-addons/helm-addon/main.tf line 1, in resource "helm_release" "addon":
TestExamplesBasicTest 2022-12-13T14:27:30+01:00 logger.go:66: │    1: resource "helm_release" "addon" {
TestExamplesBasicTest 2022-12-13T14:27:30+01:00 logger.go:66: │
TestExamplesBasicTest 2022-12-13T14:27:30+01:00 logger.go:66: ╵
TestExamplesBasicTest 2022-12-13T14:27:30+01:00 retry.go:99: Returning due to fatal error: FatalError{Underlying: error while running command: exit status 1; ╷
│ Error: Internal error occurred: failed calling webhook "vingress.elbv2.k8s.aws": failed to call webhook: Post "https://aws-load-balancer-webhook-service.kube-system.svc:443/validate-networking-v1-ingress?timeout=10s": no endpoints available for service "aws-load-balancer-webhook-service"
│
│   with module.eks_blueprints_kubernetes_addons.module.grafana[0].module.helm_addon.helm_release.addon[0],
│   on .terraform/modules/eks_blueprints_kubernetes_addons/modules/kubernetes-addons/helm-addon/main.tf line 1, in resource "helm_release" "addon":
│    1: resource "helm_release" "addon" {
│
╵}
    apply.go:15:
        	Error Trace:	apply.go:15
        	            				test_test.go:70
        	Error:      	Received unexpected error:
        	            	FatalError{Underlying: error while running command: exit status 1; ╷
        	            	│ Error: Internal error occurred: failed calling webhook "vingress.elbv2.k8s.aws": failed to call webhook: Post "https://aws-load-balancer-webhook-service.kube-system.svc:443/validate-networking-v1-ingress?timeout=10s": no endpoints available for service "aws-load-balancer-webhook-service"
        	            	│
        	            	│   with module.eks_blueprints_kubernetes_addons.module.grafana[0].module.helm_addon.helm_release.addon[0],
        	            	│   on .terraform/modules/eks_blueprints_kubernetes_addons/modules/kubernetes-addons/helm-addon/main.tf line 1, in resource "helm_release" "addon":
        	            	│    1: resource "helm_release" "addon" {
        	            	│
        	            	╵}
        	Test:       	TestExamplesBasicTest
TestExamplesBasicTest 2022-12-13T14:27:30+01:00 test_structure.go:27: The 'SKIP_destroy' environment variable is not set, so executing stage 'destroy'.
TestExamplesBasicTest 2022-12-13T14:27:30+01:00 retry.go:91: terraform [output -no-color -json cluster_name]
TestExamplesBasicTest 2022-12-13T14:27:30+01:00 logger.go:66: Running command terraform with args [output -no-color -json cluster_name]
TestExamplesBasicTest 2022-12-13T14:27:32+01:00 logger.go:66: "test-eks-cnr"
TestExamplesBasicTest 2022-12-13T14:27:32+01:00 retry.go:91: terraform [destroy -auto-approve -input=false -var aws_region=eu-central-1 -var domain_name=testdomain.com -target module.eks_blueprints_kubernetes_addons.module.ingress_nginx[0].module.helm_addon.helm_release.addon[0] -lock=false]
TestExamplesBasicTest 2022-12-13T14:27:32+01:00 logger.go:66: Running command terraform with args [destroy -auto-approve -input=false -var aws_region=eu-central-1 -var domain_name=testdomain.com -target module.eks_blueprints_kubernetes_addons.module.ingress_nginx[0].module.helm_addon.helm_release.addon[0] -lock=false]
TestExamplesBasicTest 2022-12-13T14:27:44+01:00 logger.go:66: module.vpc.random_string.random: Refreshing state... [id=cnr]
TestExamplesBasicTest 2022-12-13T14:27:44+01:00 logger.go:66: module.eks_blueprints.data.aws_caller_identity.current: Reading...
TestExamplesBasicTest 2022-12-13T14:27:44+01:00 logger.go:66: module.eks_blueprints.module.aws_eks.module.kms.data.aws_partition.current: Reading...
TestExamplesBasicTest 2022-12-13T14:27:44+01:00 logger.go:66: module.eks_blueprints.data.aws_region.current: Reading...
TestExamplesBasicTest 2022-12-13T14:27:44+01:00 logger.go:66: module.eks_blueprints.data.aws_partition.current: Reading...
TestExamplesBasicTest 2022-12-13T14:27:44+01:00 logger.go:66: module.eks_blueprints.module.aws_eks.data.aws_partition.current: Reading...
TestExamplesBasicTest 2022-12-13T14:27:44+01:00 logger.go:66: module.eks_blueprints.data.aws_region.current: Read complete after 0s [id=eu-central-1]
TestExamplesBasicTest 2022-12-13T14:27:44+01:00 logger.go:66: module.eks_blueprints.module.aws_eks.module.kms.data.aws_partition.current: Read complete after 0s [id=aws]
TestExamplesBasicTest 2022-12-13T14:27:44+01:00 logger.go:66: module.vpc.data.aws_availability_zones.available: Reading...
TestExamplesBasicTest 2022-12-13T14:27:44+01:00 logger.go:66: module.eks_blueprints.data.aws_partition.current: Read complete after 0s [id=aws]
TestExamplesBasicTest 2022-12-13T14:27:44+01:00 logger.go:66: aws_route53_zone.cluster_dns: Refreshing state... [id=Z08633645H30XF5497K5]
TestExamplesBasicTest 2022-12-13T14:27:44+01:00 logger.go:66: module.vpc.module.vpc.aws_vpc.this[0]: Refreshing state... [id=vpc-0791878fb8ffbc01c]
TestExamplesBasicTest 2022-12-13T14:27:44+01:00 logger.go:66: module.eks_blueprints.module.aws_eks.data.aws_caller_identity.current: Reading...
TestExamplesBasicTest 2022-12-13T14:27:44+01:00 logger.go:66: module.eks_blueprints.module.aws_eks.module.kms.data.aws_caller_identity.current: Reading...
TestExamplesBasicTest 2022-12-13T14:27:44+01:00 logger.go:66: module.eks_blueprints.module.aws_eks.data.aws_partition.current: Read complete after 0s [id=aws]
TestExamplesBasicTest 2022-12-13T14:27:44+01:00 logger.go:66: module.eks_blueprints.module.aws_eks.data.aws_iam_policy_document.assume_role_policy[0]: Reading...
TestExamplesBasicTest 2022-12-13T14:27:44+01:00 logger.go:66: module.eks_blueprints.module.aws_eks.data.aws_iam_policy_document.assume_role_policy[0]: Read complete after 0s [id=2764486067]
TestExamplesBasicTest 2022-12-13T14:27:44+01:00 logger.go:66: module.eks_blueprints.module.aws_eks.aws_iam_role.this[0]: Refreshing state... [id=test-eks-cnr-cluster-role]
TestExamplesBasicTest 2022-12-13T14:27:44+01:00 logger.go:66: module.vpc.data.aws_availability_zones.available: Read complete after 1s [id=eu-central-1]
TestExamplesBasicTest 2022-12-13T14:27:44+01:00 logger.go:66: module.eks_blueprints.module.aws_eks.data.aws_caller_identity.current: Read complete after 1s [id=198655350445]
TestExamplesBasicTest 2022-12-13T14:27:44+01:00 logger.go:66: module.eks_blueprints.data.aws_caller_identity.current: Read complete after 1s [id=198655350445]
TestExamplesBasicTest 2022-12-13T14:27:44+01:00 logger.go:66: module.eks_blueprints.module.aws_eks.module.kms.data.aws_caller_identity.current: Read complete after 1s [id=198655350445]
TestExamplesBasicTest 2022-12-13T14:27:44+01:00 logger.go:66: module.eks_blueprints.data.aws_iam_session_context.current: Reading...
TestExamplesBasicTest 2022-12-13T14:27:44+01:00 logger.go:66: module.eks_blueprints.data.aws_iam_session_context.current: Read complete after 0s [id=arn:aws:iam::198655350445:user/geoffrey]
TestExamplesBasicTest 2022-12-13T14:27:44+01:00 logger.go:66: module.eks_blueprints.data.aws_iam_policy_document.eks_key: Reading...
TestExamplesBasicTest 2022-12-13T14:27:44+01:00 logger.go:66: module.eks_blueprints.data.aws_iam_policy_document.eks_key: Read complete after 0s [id=1606217982]
TestExamplesBasicTest 2022-12-13T14:27:44+01:00 logger.go:66: module.eks_blueprints.module.kms[0].aws_kms_key.this: Refreshing state... [id=aaf9ea20-8db5-442e-963f-65c24a741ecb]
TestExamplesBasicTest 2022-12-13T14:27:44+01:00 logger.go:66: module.eks_blueprints.module.kms[0].aws_kms_alias.this: Refreshing state... [id=alias/test-eks-cnr]
TestExamplesBasicTest 2022-12-13T14:27:45+01:00 logger.go:66: module.vpc.module.vpc.aws_subnet.private[0]: Refreshing state... [id=subnet-0d7b48a5e390e0e6f]
TestExamplesBasicTest 2022-12-13T14:27:45+01:00 logger.go:66: module.vpc.module.vpc.aws_subnet.public[1]: Refreshing state... [id=subnet-07924d65ec1758e43]
TestExamplesBasicTest 2022-12-13T14:27:45+01:00 logger.go:66: module.vpc.module.vpc.aws_subnet.public[2]: Refreshing state... [id=subnet-0b1d33d6b5cb901a8]
TestExamplesBasicTest 2022-12-13T14:27:45+01:00 logger.go:66: module.vpc.module.vpc.aws_subnet.private[2]: Refreshing state... [id=subnet-0c8d7846c103de994]
TestExamplesBasicTest 2022-12-13T14:27:45+01:00 logger.go:66: module.eks_blueprints.module.aws_eks.aws_security_group.node[0]: Refreshing state... [id=sg-037a7827067035e46]
TestExamplesBasicTest 2022-12-13T14:27:45+01:00 logger.go:66: module.vpc.module.vpc.aws_subnet.private[1]: Refreshing state... [id=subnet-0e27e3b986281b92b]
TestExamplesBasicTest 2022-12-13T14:27:45+01:00 logger.go:66: module.vpc.module.vpc.aws_subnet.public[0]: Refreshing state... [id=subnet-028265bda5f04784f]
TestExamplesBasicTest 2022-12-13T14:27:45+01:00 logger.go:66: module.eks_blueprints.module.aws_eks.aws_security_group.cluster[0]: Refreshing state... [id=sg-062eb157e4f3f50dd]
TestExamplesBasicTest 2022-12-13T14:27:45+01:00 logger.go:66: module.eks_blueprints.module.aws_eks.aws_security_group_rule.cluster["ingress_nodes_443"]: Refreshing state... [id=sgrule-4015531125]
TestExamplesBasicTest 2022-12-13T14:27:45+01:00 logger.go:66: module.eks_blueprints.module.aws_eks.aws_security_group_rule.cluster["egress_nodes_443"]: Refreshing state... [id=sgrule-1547492526]
TestExamplesBasicTest 2022-12-13T14:27:45+01:00 logger.go:66: module.eks_blueprints.module.aws_eks.aws_security_group_rule.cluster["egress_nodes_kubelet"]: Refreshing state... [id=sgrule-795928884]
TestExamplesBasicTest 2022-12-13T14:27:45+01:00 logger.go:66: module.eks_blueprints.module.aws_eks.aws_security_group_rule.node["ingress_cluster_kubelet"]: Refreshing state... [id=sgrule-706228959]
TestExamplesBasicTest 2022-12-13T14:27:45+01:00 logger.go:66: module.eks_blueprints.module.aws_eks.aws_security_group_rule.node["cluster_to_nginx_webhook"]: Refreshing state... [id=sgrule-4007266607]
TestExamplesBasicTest 2022-12-13T14:27:45+01:00 logger.go:66: module.eks_blueprints.module.aws_eks.aws_security_group_rule.node["egress_ntp_tcp"]: Refreshing state... [id=sgrule-1553286897]
TestExamplesBasicTest 2022-12-13T14:27:45+01:00 logger.go:66: module.eks_blueprints.module.aws_eks.aws_security_group_rule.node["egress_self_coredns_udp"]: Refreshing state... [id=sgrule-207499637]
TestExamplesBasicTest 2022-12-13T14:27:45+01:00 logger.go:66: module.eks_blueprints.module.aws_eks.aws_security_group_rule.node["ingress_cluster_443"]: Refreshing state... [id=sgrule-2750980230]
TestExamplesBasicTest 2022-12-13T14:27:45+01:00 logger.go:66: module.eks_blueprints.module.aws_eks.aws_security_group_rule.node["egress_https"]: Refreshing state... [id=sgrule-2202762223]
TestExamplesBasicTest 2022-12-13T14:27:45+01:00 logger.go:66: module.eks_blueprints.module.aws_eks.aws_security_group_rule.node["cluster_to_load_balancer_controller_webhook"]: Refreshing state... [id=sgrule-2323331812]
TestExamplesBasicTest 2022-12-13T14:27:45+01:00 logger.go:66: module.eks_blueprints.module.aws_eks.aws_security_group_rule.node["egress_ntp_udp"]: Refreshing state... [id=sgrule-571171836]
TestExamplesBasicTest 2022-12-13T14:27:45+01:00 logger.go:66: module.eks_blueprints.module.aws_eks.aws_security_group_rule.node["egress_self_coredns_tcp"]: Refreshing state... [id=sgrule-2184819475]
TestExamplesBasicTest 2022-12-13T14:27:45+01:00 logger.go:66: module.eks_blueprints.module.aws_eks.aws_security_group_rule.node["ingress_self_coredns_tcp"]: Refreshing state... [id=sgrule-1515646507]
TestExamplesBasicTest 2022-12-13T14:27:45+01:00 logger.go:66: module.eks_blueprints.module.aws_eks.aws_security_group_rule.node["egress_cluster_443"]: Refreshing state... [id=sgrule-893876747]
TestExamplesBasicTest 2022-12-13T14:27:45+01:00 logger.go:66: module.eks_blueprints.module.aws_eks.aws_security_group_rule.node["ingress_self_coredns_udp"]: Refreshing state... [id=sgrule-4262022596]
TestExamplesBasicTest 2022-12-13T14:27:45+01:00 logger.go:66: module.eks_blueprints.module.aws_eks.aws_iam_role_policy_attachment.this["arn:aws:iam::aws:policy/AmazonEKSClusterPolicy"]: Refreshing state... [id=test-eks-cnr-cluster-role-20221213131127510100000005]
TestExamplesBasicTest 2022-12-13T14:27:45+01:00 logger.go:66: module.eks_blueprints.module.aws_eks.aws_iam_role_policy_attachment.this["arn:aws:iam::aws:policy/AmazonEKSVPCResourceController"]: Refreshing state... [id=test-eks-cnr-cluster-role-20221213131127342900000004]
TestExamplesBasicTest 2022-12-13T14:27:45+01:00 logger.go:66: module.eks_blueprints.module.aws_eks.aws_eks_cluster.this[0]: Refreshing state... [id=test-eks-cnr]
TestExamplesBasicTest 2022-12-13T14:27:45+01:00 logger.go:66: module.eks_blueprints.module.aws_eks.data.tls_certificate.this[0]: Reading...
TestExamplesBasicTest 2022-12-13T14:27:45+01:00 logger.go:66: data.aws_eks_cluster_auth.this: Reading...
TestExamplesBasicTest 2022-12-13T14:27:45+01:00 logger.go:66: module.eks_blueprints.data.aws_eks_cluster.cluster[0]: Reading...
TestExamplesBasicTest 2022-12-13T14:27:45+01:00 logger.go:66: data.aws_eks_cluster_auth.this: Read complete after 0s [id=test-eks-cnr]
TestExamplesBasicTest 2022-12-13T14:27:46+01:00 logger.go:66: module.eks_blueprints.data.aws_eks_cluster.cluster[0]: Read complete after 0s [id=test-eks-cnr]
TestExamplesBasicTest 2022-12-13T14:27:46+01:00 logger.go:66: module.eks_blueprints.data.http.eks_cluster_readiness[0]: Reading...
TestExamplesBasicTest 2022-12-13T14:27:46+01:00 logger.go:66: module.eks_blueprints.module.aws_eks.data.tls_certificate.this[0]: Read complete after 0s [id=ae0a6b0d8ce514bb151703165fd3369a1b686caf]
TestExamplesBasicTest 2022-12-13T14:27:46+01:00 logger.go:66: module.eks_blueprints.module.aws_eks.aws_iam_openid_connect_provider.oidc_provider[0]: Refreshing state... [id=arn:aws:iam::198655350445:oidc-provider/oidc.eks.eu-central-1.amazonaws.com/id/7864DCD89C8A3F7C0EDC840780A1362D]
TestExamplesBasicTest 2022-12-13T14:27:46+01:00 logger.go:66: module.eks_blueprints.data.http.eks_cluster_readiness[0]: Read complete after 0s [id=https://7864DCD89C8A3F7C0EDC840780A1362D.gr7.eu-central-1.eks.amazonaws.com/healthz]
TestExamplesBasicTest 2022-12-13T14:27:46+01:00 logger.go:66: module.eks_blueprints.kubernetes_config_map.aws_auth[0]: Refreshing state... [id=kube-system/aws-auth]
TestExamplesBasicTest 2022-12-13T14:27:46+01:00 logger.go:66: module.eks_blueprints.module.aws_eks_managed_node_groups["t3_medium"].data.aws_iam_policy_document.managed_ng_assume_role_policy: Reading...
TestExamplesBasicTest 2022-12-13T14:27:46+01:00 logger.go:66: module.eks_blueprints.module.aws_eks_managed_node_groups["t3_medium"].data.aws_iam_policy_document.managed_ng_assume_role_policy: Read complete after 0s [id=3778018924]
TestExamplesBasicTest 2022-12-13T14:27:46+01:00 logger.go:66: module.eks_blueprints.module.aws_eks_managed_node_groups["t3_medium"].aws_iam_role.managed_ng[0]: Refreshing state... [id=test-eks-cnr-managed-ondemand]
TestExamplesBasicTest 2022-12-13T14:27:47+01:00 logger.go:66: module.eks_blueprints.module.aws_eks_managed_node_groups["t3_medium"].aws_iam_instance_profile.managed_ng[0]: Refreshing state... [id=test-eks-cnr-managed-ondemand]
TestExamplesBasicTest 2022-12-13T14:27:47+01:00 logger.go:66: module.eks_blueprints.module.aws_eks_managed_node_groups["t3_medium"].aws_iam_role_policy_attachment.managed_ng["arn:aws:iam::aws:policy/AmazonEKSWorkerNodePolicy"]: Refreshing state... [id=test-eks-cnr-managed-ondemand-2022121313225766710000000c]
TestExamplesBasicTest 2022-12-13T14:27:47+01:00 logger.go:66: module.eks_blueprints.module.aws_eks_managed_node_groups["t3_medium"].aws_iam_role_policy_attachment.managed_ng["arn:aws:iam::aws:policy/AmazonSSMManagedInstanceCore"]: Refreshing state... [id=test-eks-cnr-managed-ondemand-2022121313225748670000000a]
TestExamplesBasicTest 2022-12-13T14:27:47+01:00 logger.go:66: module.eks_blueprints.module.aws_eks_managed_node_groups["t3_medium"].aws_iam_role_policy_attachment.managed_ng["arn:aws:iam::aws:policy/AmazonEKS_CNI_Policy"]: Refreshing state... [id=test-eks-cnr-managed-ondemand-20221213132257343000000009]
TestExamplesBasicTest 2022-12-13T14:27:47+01:00 logger.go:66: module.eks_blueprints.module.aws_eks_managed_node_groups["t3_medium"].aws_iam_role_policy_attachment.managed_ng["arn:aws:iam::aws:policy/AmazonEC2ContainerRegistryReadOnly"]: Refreshing state... [id=test-eks-cnr-managed-ondemand-2022121313225763850000000b]
TestExamplesBasicTest 2022-12-13T14:27:48+01:00 logger.go:66: module.eks_blueprints.module.aws_eks_managed_node_groups["t3_medium"].aws_eks_node_group.managed_ng: Refreshing state... [id=test-eks-cnr:managed-ondemand-2022121313225795950000000d]
TestExamplesBasicTest 2022-12-13T14:27:48+01:00 logger.go:66: helm_release.loki: Refreshing state... [id=loki-stack]
TestExamplesBasicTest 2022-12-13T14:27:49+01:00 logger.go:66: module.eks_blueprints_kubernetes_addons.data.aws_region.current: Reading...
TestExamplesBasicTest 2022-12-13T14:27:49+01:00 logger.go:66: module.eks_blueprints_kubernetes_addons.data.aws_partition.current: Reading...
TestExamplesBasicTest 2022-12-13T14:27:49+01:00 logger.go:66: module.eks_blueprints_kubernetes_addons.data.aws_eks_cluster.eks_cluster: Reading...
TestExamplesBasicTest 2022-12-13T14:27:49+01:00 logger.go:66: module.eks_blueprints_kubernetes_addons.data.aws_caller_identity.current: Reading...
TestExamplesBasicTest 2022-12-13T14:27:49+01:00 logger.go:66: module.eks_blueprints_kubernetes_addons.module.ingress_nginx[0].kubernetes_namespace_v1.this[0]: Refreshing state... [id=ingress-nginx]
TestExamplesBasicTest 2022-12-13T14:27:49+01:00 logger.go:66: module.eks_blueprints_kubernetes_addons.data.aws_partition.current: Read complete after 0s [id=aws]
TestExamplesBasicTest 2022-12-13T14:27:49+01:00 logger.go:66: module.eks_blueprints_kubernetes_addons.data.aws_region.current: Read complete after 0s [id=eu-central-1]
TestExamplesBasicTest 2022-12-13T14:27:49+01:00 logger.go:66: module.eks_blueprints_kubernetes_addons.data.aws_caller_identity.current: Read complete after 0s [id=198655350445]
TestExamplesBasicTest 2022-12-13T14:27:49+01:00 logger.go:66: module.eks_blueprints_kubernetes_addons.data.aws_eks_cluster.eks_cluster: Read complete after 0s [id=test-eks-cnr]
TestExamplesBasicTest 2022-12-13T14:27:49+01:00 logger.go:66: module.eks_blueprints_kubernetes_addons.module.ingress_nginx[0].module.helm_addon.helm_release.addon[0]: Refreshing state... [id=ingress-nginx]
TestExamplesBasicTest 2022-12-13T14:27:51+01:00 logger.go:66:
TestExamplesBasicTest 2022-12-13T14:27:51+01:00 logger.go:66: Terraform used the selected providers to generate the following execution
TestExamplesBasicTest 2022-12-13T14:27:51+01:00 logger.go:66: plan. Resource actions are indicated with the following symbols:
TestExamplesBasicTest 2022-12-13T14:27:51+01:00 logger.go:66:   - destroy
TestExamplesBasicTest 2022-12-13T14:27:51+01:00 logger.go:66:
TestExamplesBasicTest 2022-12-13T14:27:51+01:00 logger.go:66: Terraform will perform the following actions:
TestExamplesBasicTest 2022-12-13T14:27:51+01:00 logger.go:66:
TestExamplesBasicTest 2022-12-13T14:27:51+01:00 logger.go:66:   # module.eks_blueprints_kubernetes_addons.module.ingress_nginx[0].module.helm_addon.helm_release.addon[0] will be destroyed
TestExamplesBasicTest 2022-12-13T14:27:51+01:00 logger.go:66:   - resource "helm_release" "addon" {
TestExamplesBasicTest 2022-12-13T14:27:51+01:00 logger.go:66:       - atomic                     = false -> null
TestExamplesBasicTest 2022-12-13T14:27:51+01:00 logger.go:66:       - chart                      = "ingress-nginx" -> null
TestExamplesBasicTest 2022-12-13T14:27:51+01:00 logger.go:66:       - cleanup_on_fail            = false -> null
TestExamplesBasicTest 2022-12-13T14:27:51+01:00 logger.go:66:       - create_namespace           = false -> null
TestExamplesBasicTest 2022-12-13T14:27:51+01:00 logger.go:66:       - dependency_update          = false -> null
TestExamplesBasicTest 2022-12-13T14:27:51+01:00 logger.go:66:       - description                = "The NGINX HelmChart Ingress Controller deployment configuration" -> null
TestExamplesBasicTest 2022-12-13T14:27:51+01:00 logger.go:66:       - disable_crd_hooks          = false -> null
TestExamplesBasicTest 2022-12-13T14:27:51+01:00 logger.go:66:       - disable_openapi_validation = false -> null
TestExamplesBasicTest 2022-12-13T14:27:51+01:00 logger.go:66:       - disable_webhooks           = false -> null
TestExamplesBasicTest 2022-12-13T14:27:51+01:00 logger.go:66:       - force_update               = false -> null
TestExamplesBasicTest 2022-12-13T14:27:51+01:00 logger.go:66:       - id                         = "ingress-nginx" -> null
TestExamplesBasicTest 2022-12-13T14:27:51+01:00 logger.go:66:       - lint                       = false -> null
TestExamplesBasicTest 2022-12-13T14:27:51+01:00 logger.go:66:       - max_history                = 0 -> null
TestExamplesBasicTest 2022-12-13T14:27:51+01:00 logger.go:66:       - metadata                   = [
TestExamplesBasicTest 2022-12-13T14:27:51+01:00 logger.go:66:           - {
TestExamplesBasicTest 2022-12-13T14:27:51+01:00 logger.go:66:               - app_version = "1.2.1"
TestExamplesBasicTest 2022-12-13T14:27:51+01:00 logger.go:66:               - chart       = "ingress-nginx"
TestExamplesBasicTest 2022-12-13T14:27:51+01:00 logger.go:66:               - name        = "ingress-nginx"
TestExamplesBasicTest 2022-12-13T14:27:51+01:00 logger.go:66:               - namespace   = "ingress-nginx"
TestExamplesBasicTest 2022-12-13T14:27:51+01:00 logger.go:66:               - revision    = 1
TestExamplesBasicTest 2022-12-13T14:27:51+01:00 logger.go:66:               - values      = jsonencode(
TestExamplesBasicTest 2022-12-13T14:27:51+01:00 logger.go:66:                     {
TestExamplesBasicTest 2022-12-13T14:27:51+01:00 logger.go:66:                       - controller = {
TestExamplesBasicTest 2022-12-13T14:27:51+01:00 logger.go:66:                           - service = {
TestExamplesBasicTest 2022-12-13T14:27:51+01:00 logger.go:66:                               - annotations           = {
TestExamplesBasicTest 2022-12-13T14:27:51+01:00 logger.go:66:                                   - "external-dns.alpha.kubernetes.io/hostname"                    = "testdomain.com"
TestExamplesBasicTest 2022-12-13T14:27:51+01:00 logger.go:66:                                   - "service.beta.kubernetes.io/aws-load-balancer-nlb-target-type" = "ip"
TestExamplesBasicTest 2022-12-13T14:27:51+01:00 logger.go:66:                                   - "service.beta.kubernetes.io/aws-load-balancer-scheme"          = "internet-facing"
TestExamplesBasicTest 2022-12-13T14:27:51+01:00 logger.go:66:                                   - "service.beta.kubernetes.io/aws-load-balancer-type"            = "external"
TestExamplesBasicTest 2022-12-13T14:27:51+01:00 logger.go:66:                                 }
TestExamplesBasicTest 2022-12-13T14:27:51+01:00 logger.go:66:                               - externalTrafficPolicy = "Cluster"
TestExamplesBasicTest 2022-12-13T14:27:51+01:00 logger.go:66:                               - type                  = "LoadBalancer"
TestExamplesBasicTest 2022-12-13T14:27:51+01:00 logger.go:66:                             }
TestExamplesBasicTest 2022-12-13T14:27:51+01:00 logger.go:66:                         }
TestExamplesBasicTest 2022-12-13T14:27:51+01:00 logger.go:66:                     }
TestExamplesBasicTest 2022-12-13T14:27:51+01:00 logger.go:66:                 )
TestExamplesBasicTest 2022-12-13T14:27:51+01:00 logger.go:66:               - version     = "4.1.4"
TestExamplesBasicTest 2022-12-13T14:27:51+01:00 logger.go:66:             },
TestExamplesBasicTest 2022-12-13T14:27:51+01:00 logger.go:66:         ] -> null
TestExamplesBasicTest 2022-12-13T14:27:51+01:00 logger.go:66:       - name                       = "ingress-nginx" -> null
TestExamplesBasicTest 2022-12-13T14:27:51+01:00 logger.go:66:       - namespace                  = "ingress-nginx" -> null
TestExamplesBasicTest 2022-12-13T14:27:51+01:00 logger.go:66:       - pass_credentials           = false -> null
TestExamplesBasicTest 2022-12-13T14:27:51+01:00 logger.go:66:       - recreate_pods              = false -> null
TestExamplesBasicTest 2022-12-13T14:27:51+01:00 logger.go:66:       - render_subchart_notes      = true -> null
TestExamplesBasicTest 2022-12-13T14:27:51+01:00 logger.go:66:       - replace                    = false -> null
TestExamplesBasicTest 2022-12-13T14:27:51+01:00 logger.go:66:       - repository                 = "https://kubernetes.github.io/ingress-nginx" -> null
TestExamplesBasicTest 2022-12-13T14:27:51+01:00 logger.go:66:       - reset_values               = false -> null
TestExamplesBasicTest 2022-12-13T14:27:51+01:00 logger.go:66:       - reuse_values               = false -> null
TestExamplesBasicTest 2022-12-13T14:27:51+01:00 logger.go:66:       - skip_crds                  = false -> null
TestExamplesBasicTest 2022-12-13T14:27:51+01:00 logger.go:66:       - status                     = "deployed" -> null
TestExamplesBasicTest 2022-12-13T14:27:51+01:00 logger.go:66:       - timeout                    = 1200 -> null
TestExamplesBasicTest 2022-12-13T14:27:51+01:00 logger.go:66:       - values                     = [
TestExamplesBasicTest 2022-12-13T14:27:51+01:00 logger.go:66:           - <<-EOT
TestExamplesBasicTest 2022-12-13T14:27:51+01:00 logger.go:66:                 controller:
TestExamplesBasicTest 2022-12-13T14:27:51+01:00 logger.go:66:                     service:
TestExamplesBasicTest 2022-12-13T14:27:51+01:00 logger.go:66:                       type: LoadBalancer
TestExamplesBasicTest 2022-12-13T14:27:51+01:00 logger.go:66:                       externalTrafficPolicy: "Cluster"
TestExamplesBasicTest 2022-12-13T14:27:51+01:00 logger.go:66:                       annotations:
TestExamplesBasicTest 2022-12-13T14:27:51+01:00 logger.go:66:                         # AWS Load Balancer Controller Annotations
TestExamplesBasicTest 2022-12-13T14:27:51+01:00 logger.go:66:                         service.beta.kubernetes.io/aws-load-balancer-type: external
TestExamplesBasicTest 2022-12-13T14:27:51+01:00 logger.go:66:                         service.beta.kubernetes.io/aws-load-balancer-nlb-target-type: ip
TestExamplesBasicTest 2022-12-13T14:27:51+01:00 logger.go:66:                         service.beta.kubernetes.io/aws-load-balancer-scheme: internet-facing
TestExamplesBasicTest 2022-12-13T14:27:51+01:00 logger.go:66:
TestExamplesBasicTest 2022-12-13T14:27:51+01:00 logger.go:66:                         # External DNS Annotations
TestExamplesBasicTest 2022-12-13T14:27:51+01:00 logger.go:66:                         external-dns.alpha.kubernetes.io/hostname: testdomain.com
TestExamplesBasicTest 2022-12-13T14:27:51+01:00 logger.go:66:             EOT,
TestExamplesBasicTest 2022-12-13T14:27:51+01:00 logger.go:66:         ] -> null
TestExamplesBasicTest 2022-12-13T14:27:51+01:00 logger.go:66:       - verify                     = false -> null
TestExamplesBasicTest 2022-12-13T14:27:51+01:00 logger.go:66:       - version                    = "4.1.4" -> null
TestExamplesBasicTest 2022-12-13T14:27:51+01:00 logger.go:66:       - wait                       = false -> null
TestExamplesBasicTest 2022-12-13T14:27:51+01:00 logger.go:66:       - wait_for_jobs              = false -> null
TestExamplesBasicTest 2022-12-13T14:27:51+01:00 logger.go:66:
TestExamplesBasicTest 2022-12-13T14:27:51+01:00 logger.go:66:       - postrender {
TestExamplesBasicTest 2022-12-13T14:27:51+01:00 logger.go:66:           - args = [] -> null
TestExamplesBasicTest 2022-12-13T14:27:51+01:00 logger.go:66:         }
TestExamplesBasicTest 2022-12-13T14:27:51+01:00 logger.go:66:     }
TestExamplesBasicTest 2022-12-13T14:27:51+01:00 logger.go:66:
TestExamplesBasicTest 2022-12-13T14:27:51+01:00 logger.go:66: Plan: 0 to add, 0 to change, 1 to destroy.
TestExamplesBasicTest 2022-12-13T14:27:52+01:00 logger.go:66: module.eks_blueprints_kubernetes_addons.module.ingress_nginx[0].module.helm_addon.helm_release.addon[0]: Destroying... [id=ingress-nginx]
TestExamplesBasicTest 2022-12-13T14:27:53+01:00 logger.go:66: module.eks_blueprints_kubernetes_addons.module.ingress_nginx[0].module.helm_addon.helm_release.addon[0]: Destruction complete after 2s
TestExamplesBasicTest 2022-12-13T14:27:54+01:00 logger.go:66: ╷
TestExamplesBasicTest 2022-12-13T14:27:54+01:00 logger.go:66: │ Warning: Resource targeting is in effect
TestExamplesBasicTest 2022-12-13T14:27:54+01:00 logger.go:66: │
TestExamplesBasicTest 2022-12-13T14:27:54+01:00 logger.go:66: │ You are creating a plan with the -target option, which means that the
TestExamplesBasicTest 2022-12-13T14:27:54+01:00 logger.go:66: │ result of this plan may not represent all of the changes requested by the
TestExamplesBasicTest 2022-12-13T14:27:54+01:00 logger.go:66: │ current configuration.
TestExamplesBasicTest 2022-12-13T14:27:54+01:00 logger.go:66: │
TestExamplesBasicTest 2022-12-13T14:27:54+01:00 logger.go:66: │ The -target option is not for routine use, and is provided only for
TestExamplesBasicTest 2022-12-13T14:27:54+01:00 logger.go:66: │ exceptional situations such as recovering from errors or mistakes, or when
TestExamplesBasicTest 2022-12-13T14:27:54+01:00 logger.go:66: │ Terraform specifically suggests to use it as part of an error message.
TestExamplesBasicTest 2022-12-13T14:27:54+01:00 logger.go:66: ╵
TestExamplesBasicTest 2022-12-13T14:27:54+01:00 logger.go:66: ╷
TestExamplesBasicTest 2022-12-13T14:27:54+01:00 logger.go:66: │ Warning: Applied changes may be incomplete
TestExamplesBasicTest 2022-12-13T14:27:54+01:00 logger.go:66: │
TestExamplesBasicTest 2022-12-13T14:27:54+01:00 logger.go:66: │ The plan was created with the -target option in effect, so some changes
TestExamplesBasicTest 2022-12-13T14:27:54+01:00 logger.go:66: │ requested in the configuration may have been ignored and the output values
TestExamplesBasicTest 2022-12-13T14:27:54+01:00 logger.go:66: │ may not be fully updated. Run the following command to verify that no other
TestExamplesBasicTest 2022-12-13T14:27:54+01:00 logger.go:66: │ changes are pending:
TestExamplesBasicTest 2022-12-13T14:27:54+01:00 logger.go:66: │     terraform plan
TestExamplesBasicTest 2022-12-13T14:27:54+01:00 logger.go:66: │
TestExamplesBasicTest 2022-12-13T14:27:54+01:00 logger.go:66: │ Note that the -target option is not suitable for routine use, and is
TestExamplesBasicTest 2022-12-13T14:27:54+01:00 logger.go:66: │ provided only for exceptional situations such as recovering from errors or
TestExamplesBasicTest 2022-12-13T14:27:54+01:00 logger.go:66: │ mistakes, or when Terraform specifically suggests to use it as part of an
TestExamplesBasicTest 2022-12-13T14:27:54+01:00 logger.go:66: │ error message.
TestExamplesBasicTest 2022-12-13T14:27:54+01:00 logger.go:66: ╵
TestExamplesBasicTest 2022-12-13T14:27:54+01:00 logger.go:66: ╷
TestExamplesBasicTest 2022-12-13T14:27:54+01:00 logger.go:66: │ Warning: Experimental feature "module_variable_optional_attrs" is active
TestExamplesBasicTest 2022-12-13T14:27:54+01:00 logger.go:66: │
TestExamplesBasicTest 2022-12-13T14:27:54+01:00 logger.go:66: │   on .terraform/modules/eks_blueprints_kubernetes_addons.ondat/locals.tf line 2, in terraform:
TestExamplesBasicTest 2022-12-13T14:27:54+01:00 logger.go:66: │    2:   experiments = [module_variable_optional_attrs]
TestExamplesBasicTest 2022-12-13T14:27:54+01:00 logger.go:66: │
TestExamplesBasicTest 2022-12-13T14:27:54+01:00 logger.go:66: │ Experimental features are subject to breaking changes in future minor or
TestExamplesBasicTest 2022-12-13T14:27:54+01:00 logger.go:66: │ patch releases, based on feedback.
TestExamplesBasicTest 2022-12-13T14:27:54+01:00 logger.go:66: │
TestExamplesBasicTest 2022-12-13T14:27:54+01:00 logger.go:66: │ If you have feedback on the design of this feature, please open a GitHub
TestExamplesBasicTest 2022-12-13T14:27:54+01:00 logger.go:66: │ issue to discuss it.
TestExamplesBasicTest 2022-12-13T14:27:54+01:00 logger.go:66: │
TestExamplesBasicTest 2022-12-13T14:27:54+01:00 logger.go:66: │ (and 7 more similar warnings elsewhere)
TestExamplesBasicTest 2022-12-13T14:27:54+01:00 logger.go:66: ╵
TestExamplesBasicTest 2022-12-13T14:27:54+01:00 logger.go:66:
TestExamplesBasicTest 2022-12-13T14:27:54+01:00 logger.go:66: Destroy complete! Resources: 1 destroyed.
TestExamplesBasicTest 2022-12-13T14:27:54+01:00 logger.go:66:
TestExamplesBasicTest 2022-12-13T14:28:04+01:00 retry.go:91: terraform [output -no-color -json cluster_name]
TestExamplesBasicTest 2022-12-13T14:28:04+01:00 logger.go:66: Running command terraform with args [output -no-color -json cluster_name]
TestExamplesBasicTest 2022-12-13T14:28:07+01:00 logger.go:66: "test-eks-cnr"
TestExamplesBasicTest 2022-12-13T14:28:07+01:00 retry.go:91: terraform [destroy -auto-approve -input=false -var aws_region=eu-central-1 -var domain_name=testdomain.com -target module.eks_blueprints_kubernetes_addons.module.ingress_nginx[0].kubernetes_namespace_v1.this[0] -lock=false]
TestExamplesBasicTest 2022-12-13T14:28:07+01:00 logger.go:66: Running command terraform with args [destroy -auto-approve -input=false -var aws_region=eu-central-1 -var domain_name=testdomain.com -target module.eks_blueprints_kubernetes_addons.module.ingress_nginx[0].kubernetes_namespace_v1.this[0] -lock=false]
TestExamplesBasicTest 2022-12-13T14:28:17+01:00 logger.go:66: module.vpc.random_string.random: Refreshing state... [id=cnr]
TestExamplesBasicTest 2022-12-13T14:28:18+01:00 logger.go:66: module.eks_blueprints.module.aws_eks.data.aws_partition.current: Reading...
TestExamplesBasicTest 2022-12-13T14:28:18+01:00 logger.go:66: module.eks_blueprints.module.aws_eks.data.aws_caller_identity.current: Reading...
TestExamplesBasicTest 2022-12-13T14:28:18+01:00 logger.go:66: module.eks_blueprints.data.aws_partition.current: Reading...
TestExamplesBasicTest 2022-12-13T14:28:18+01:00 logger.go:66: module.eks_blueprints.module.aws_eks.module.kms.data.aws_caller_identity.current: Reading...
TestExamplesBasicTest 2022-12-13T14:28:18+01:00 logger.go:66: module.eks_blueprints.data.aws_caller_identity.current: Reading...
TestExamplesBasicTest 2022-12-13T14:28:18+01:00 logger.go:66: module.eks_blueprints.module.aws_eks.data.aws_partition.current: Read complete after 0s [id=aws]
TestExamplesBasicTest 2022-12-13T14:28:18+01:00 logger.go:66: module.eks_blueprints.data.aws_partition.current: Read complete after 0s [id=aws]
TestExamplesBasicTest 2022-12-13T14:28:18+01:00 logger.go:66: aws_route53_zone.cluster_dns: Refreshing state... [id=Z08633645H30XF5497K5]
TestExamplesBasicTest 2022-12-13T14:28:18+01:00 logger.go:66: module.eks_blueprints.module.aws_eks.module.kms.data.aws_partition.current: Reading...
TestExamplesBasicTest 2022-12-13T14:28:18+01:00 logger.go:66: module.vpc.data.aws_availability_zones.available: Reading...
TestExamplesBasicTest 2022-12-13T14:28:18+01:00 logger.go:66: module.eks_blueprints.data.aws_region.current: Reading...
TestExamplesBasicTest 2022-12-13T14:28:18+01:00 logger.go:66: module.eks_blueprints.module.aws_eks.module.kms.data.aws_partition.current: Read complete after 0s [id=aws]
TestExamplesBasicTest 2022-12-13T14:28:18+01:00 logger.go:66: module.vpc.module.vpc.aws_vpc.this[0]: Refreshing state... [id=vpc-0791878fb8ffbc01c]
TestExamplesBasicTest 2022-12-13T14:28:18+01:00 logger.go:66: module.eks_blueprints.data.aws_region.current: Read complete after 0s [id=eu-central-1]
TestExamplesBasicTest 2022-12-13T14:28:18+01:00 logger.go:66: module.eks_blueprints.module.aws_eks.data.aws_iam_policy_document.assume_role_policy[0]: Reading...
TestExamplesBasicTest 2022-12-13T14:28:18+01:00 logger.go:66: module.eks_blueprints.module.aws_eks.data.aws_iam_policy_document.assume_role_policy[0]: Read complete after 0s [id=2764486067]
TestExamplesBasicTest 2022-12-13T14:28:18+01:00 logger.go:66: module.eks_blueprints.module.aws_eks.aws_iam_role.this[0]: Refreshing state... [id=test-eks-cnr-cluster-role]
TestExamplesBasicTest 2022-12-13T14:28:18+01:00 logger.go:66: module.vpc.data.aws_availability_zones.available: Read complete after 0s [id=eu-central-1]
TestExamplesBasicTest 2022-12-13T14:28:18+01:00 logger.go:66: module.eks_blueprints.module.aws_eks.data.aws_caller_identity.current: Read complete after 1s [id=198655350445]
TestExamplesBasicTest 2022-12-13T14:28:18+01:00 logger.go:66: module.eks_blueprints.data.aws_caller_identity.current: Read complete after 1s [id=198655350445]
TestExamplesBasicTest 2022-12-13T14:28:18+01:00 logger.go:66: module.eks_blueprints.module.aws_eks.module.kms.data.aws_caller_identity.current: Read complete after 1s [id=198655350445]
TestExamplesBasicTest 2022-12-13T14:28:18+01:00 logger.go:66: module.eks_blueprints.data.aws_iam_session_context.current: Reading...
TestExamplesBasicTest 2022-12-13T14:28:18+01:00 logger.go:66: module.eks_blueprints.data.aws_iam_session_context.current: Read complete after 0s [id=arn:aws:iam::198655350445:user/geoffrey]
TestExamplesBasicTest 2022-12-13T14:28:18+01:00 logger.go:66: module.eks_blueprints.data.aws_iam_policy_document.eks_key: Reading...
TestExamplesBasicTest 2022-12-13T14:28:18+01:00 logger.go:66: module.eks_blueprints.data.aws_iam_policy_document.eks_key: Read complete after 0s [id=1606217982]
TestExamplesBasicTest 2022-12-13T14:28:18+01:00 logger.go:66: module.eks_blueprints.module.kms[0].aws_kms_key.this: Refreshing state... [id=aaf9ea20-8db5-442e-963f-65c24a741ecb]
TestExamplesBasicTest 2022-12-13T14:28:18+01:00 logger.go:66: module.eks_blueprints.module.kms[0].aws_kms_alias.this: Refreshing state... [id=alias/test-eks-cnr]
TestExamplesBasicTest 2022-12-13T14:28:18+01:00 logger.go:66: module.vpc.module.vpc.aws_subnet.public[0]: Refreshing state... [id=subnet-028265bda5f04784f]
TestExamplesBasicTest 2022-12-13T14:28:18+01:00 logger.go:66: module.vpc.module.vpc.aws_subnet.public[1]: Refreshing state... [id=subnet-07924d65ec1758e43]
TestExamplesBasicTest 2022-12-13T14:28:18+01:00 logger.go:66: module.vpc.module.vpc.aws_subnet.private[1]: Refreshing state... [id=subnet-0e27e3b986281b92b]
TestExamplesBasicTest 2022-12-13T14:28:18+01:00 logger.go:66: module.vpc.module.vpc.aws_subnet.private[2]: Refreshing state... [id=subnet-0c8d7846c103de994]
TestExamplesBasicTest 2022-12-13T14:28:18+01:00 logger.go:66: module.vpc.module.vpc.aws_subnet.public[2]: Refreshing state... [id=subnet-0b1d33d6b5cb901a8]
TestExamplesBasicTest 2022-12-13T14:28:18+01:00 logger.go:66: module.vpc.module.vpc.aws_subnet.private[0]: Refreshing state... [id=subnet-0d7b48a5e390e0e6f]
TestExamplesBasicTest 2022-12-13T14:28:18+01:00 logger.go:66: module.eks_blueprints.module.aws_eks.aws_security_group.cluster[0]: Refreshing state... [id=sg-062eb157e4f3f50dd]
TestExamplesBasicTest 2022-12-13T14:28:18+01:00 logger.go:66: module.eks_blueprints.module.aws_eks.aws_security_group.node[0]: Refreshing state... [id=sg-037a7827067035e46]
TestExamplesBasicTest 2022-12-13T14:28:18+01:00 logger.go:66: module.eks_blueprints.module.aws_eks.aws_security_group_rule.node["cluster_to_nginx_webhook"]: Refreshing state... [id=sgrule-4007266607]
TestExamplesBasicTest 2022-12-13T14:28:18+01:00 logger.go:66: module.eks_blueprints.module.aws_eks.aws_security_group_rule.node["egress_ntp_tcp"]: Refreshing state... [id=sgrule-1553286897]
TestExamplesBasicTest 2022-12-13T14:28:18+01:00 logger.go:66: module.eks_blueprints.module.aws_eks.aws_security_group_rule.node["ingress_cluster_kubelet"]: Refreshing state... [id=sgrule-706228959]
TestExamplesBasicTest 2022-12-13T14:28:18+01:00 logger.go:66: module.eks_blueprints.module.aws_eks.aws_security_group_rule.node["egress_cluster_443"]: Refreshing state... [id=sgrule-893876747]
TestExamplesBasicTest 2022-12-13T14:28:18+01:00 logger.go:66: module.eks_blueprints.module.aws_eks.aws_security_group_rule.node["egress_self_coredns_udp"]: Refreshing state... [id=sgrule-207499637]
TestExamplesBasicTest 2022-12-13T14:28:18+01:00 logger.go:66: module.eks_blueprints.module.aws_eks.aws_security_group_rule.node["egress_https"]: Refreshing state... [id=sgrule-2202762223]
TestExamplesBasicTest 2022-12-13T14:28:18+01:00 logger.go:66: module.eks_blueprints.module.aws_eks.aws_security_group_rule.node["ingress_self_coredns_tcp"]: Refreshing state... [id=sgrule-1515646507]
TestExamplesBasicTest 2022-12-13T14:28:18+01:00 logger.go:66: module.eks_blueprints.module.aws_eks.aws_security_group_rule.node["egress_self_coredns_tcp"]: Refreshing state... [id=sgrule-2184819475]
TestExamplesBasicTest 2022-12-13T14:28:18+01:00 logger.go:66: module.eks_blueprints.module.aws_eks.aws_security_group_rule.node["ingress_cluster_443"]: Refreshing state... [id=sgrule-2750980230]
TestExamplesBasicTest 2022-12-13T14:28:19+01:00 logger.go:66: module.eks_blueprints.module.aws_eks.aws_security_group_rule.node["cluster_to_load_balancer_controller_webhook"]: Refreshing state... [id=sgrule-2323331812]
TestExamplesBasicTest 2022-12-13T14:28:19+01:00 logger.go:66: module.eks_blueprints.module.aws_eks.aws_security_group_rule.node["ingress_self_coredns_udp"]: Refreshing state... [id=sgrule-4262022596]
TestExamplesBasicTest 2022-12-13T14:28:19+01:00 logger.go:66: module.eks_blueprints.module.aws_eks.aws_security_group_rule.node["egress_ntp_udp"]: Refreshing state... [id=sgrule-571171836]
TestExamplesBasicTest 2022-12-13T14:28:19+01:00 logger.go:66: module.eks_blueprints.module.aws_eks.aws_security_group_rule.cluster["egress_nodes_kubelet"]: Refreshing state... [id=sgrule-795928884]
TestExamplesBasicTest 2022-12-13T14:28:19+01:00 logger.go:66: module.eks_blueprints.module.aws_eks.aws_security_group_rule.cluster["ingress_nodes_443"]: Refreshing state... [id=sgrule-4015531125]
TestExamplesBasicTest 2022-12-13T14:28:19+01:00 logger.go:66: module.eks_blueprints.module.aws_eks.aws_security_group_rule.cluster["egress_nodes_443"]: Refreshing state... [id=sgrule-1547492526]
TestExamplesBasicTest 2022-12-13T14:28:19+01:00 logger.go:66: module.eks_blueprints.module.aws_eks.aws_iam_role_policy_attachment.this["arn:aws:iam::aws:policy/AmazonEKSVPCResourceController"]: Refreshing state... [id=test-eks-cnr-cluster-role-20221213131127342900000004]
TestExamplesBasicTest 2022-12-13T14:28:19+01:00 logger.go:66: module.eks_blueprints.module.aws_eks.aws_iam_role_policy_attachment.this["arn:aws:iam::aws:policy/AmazonEKSClusterPolicy"]: Refreshing state... [id=test-eks-cnr-cluster-role-20221213131127510100000005]
TestExamplesBasicTest 2022-12-13T14:28:19+01:00 logger.go:66: module.eks_blueprints.module.aws_eks.aws_eks_cluster.this[0]: Refreshing state... [id=test-eks-cnr]
TestExamplesBasicTest 2022-12-13T14:28:19+01:00 logger.go:66: module.eks_blueprints.module.aws_eks.data.tls_certificate.this[0]: Reading...
TestExamplesBasicTest 2022-12-13T14:28:19+01:00 logger.go:66: module.eks_blueprints.data.aws_eks_cluster.cluster[0]: Reading...
TestExamplesBasicTest 2022-12-13T14:28:19+01:00 logger.go:66: data.aws_eks_cluster_auth.this: Reading...
TestExamplesBasicTest 2022-12-13T14:28:19+01:00 logger.go:66: data.aws_eks_cluster_auth.this: Read complete after 0s [id=test-eks-cnr]
TestExamplesBasicTest 2022-12-13T14:28:19+01:00 logger.go:66: module.eks_blueprints.data.aws_eks_cluster.cluster[0]: Read complete after 0s [id=test-eks-cnr]
TestExamplesBasicTest 2022-12-13T14:28:19+01:00 logger.go:66: module.eks_blueprints.data.http.eks_cluster_readiness[0]: Reading...
TestExamplesBasicTest 2022-12-13T14:28:19+01:00 logger.go:66: module.eks_blueprints.module.aws_eks.data.tls_certificate.this[0]: Read complete after 0s [id=ae0a6b0d8ce514bb151703165fd3369a1b686caf]
TestExamplesBasicTest 2022-12-13T14:28:19+01:00 logger.go:66: module.eks_blueprints.module.aws_eks.aws_iam_openid_connect_provider.oidc_provider[0]: Refreshing state... [id=arn:aws:iam::198655350445:oidc-provider/oidc.eks.eu-central-1.amazonaws.com/id/7864DCD89C8A3F7C0EDC840780A1362D]
TestExamplesBasicTest 2022-12-13T14:28:20+01:00 logger.go:66: module.eks_blueprints.data.http.eks_cluster_readiness[0]: Read complete after 0s [id=https://7864DCD89C8A3F7C0EDC840780A1362D.gr7.eu-central-1.eks.amazonaws.com/healthz]
TestExamplesBasicTest 2022-12-13T14:28:20+01:00 logger.go:66: module.eks_blueprints.kubernetes_config_map.aws_auth[0]: Refreshing state... [id=kube-system/aws-auth]
TestExamplesBasicTest 2022-12-13T14:28:20+01:00 logger.go:66: module.eks_blueprints.module.aws_eks_managed_node_groups["t3_medium"].data.aws_iam_policy_document.managed_ng_assume_role_policy: Reading...
TestExamplesBasicTest 2022-12-13T14:28:20+01:00 logger.go:66: module.eks_blueprints.module.aws_eks_managed_node_groups["t3_medium"].data.aws_iam_policy_document.managed_ng_assume_role_policy: Read complete after 0s [id=3778018924]
TestExamplesBasicTest 2022-12-13T14:28:20+01:00 logger.go:66: module.eks_blueprints.module.aws_eks_managed_node_groups["t3_medium"].aws_iam_role.managed_ng[0]: Refreshing state... [id=test-eks-cnr-managed-ondemand]
TestExamplesBasicTest 2022-12-13T14:28:21+01:00 logger.go:66: module.eks_blueprints.module.aws_eks_managed_node_groups["t3_medium"].aws_iam_instance_profile.managed_ng[0]: Refreshing state... [id=test-eks-cnr-managed-ondemand]
TestExamplesBasicTest 2022-12-13T14:28:21+01:00 logger.go:66: module.eks_blueprints.module.aws_eks_managed_node_groups["t3_medium"].aws_iam_role_policy_attachment.managed_ng["arn:aws:iam::aws:policy/AmazonEKS_CNI_Policy"]: Refreshing state... [id=test-eks-cnr-managed-ondemand-20221213132257343000000009]
TestExamplesBasicTest 2022-12-13T14:28:21+01:00 logger.go:66: module.eks_blueprints.module.aws_eks_managed_node_groups["t3_medium"].aws_iam_role_policy_attachment.managed_ng["arn:aws:iam::aws:policy/AmazonEC2ContainerRegistryReadOnly"]: Refreshing state... [id=test-eks-cnr-managed-ondemand-2022121313225763850000000b]
TestExamplesBasicTest 2022-12-13T14:28:21+01:00 logger.go:66: module.eks_blueprints.module.aws_eks_managed_node_groups["t3_medium"].aws_iam_role_policy_attachment.managed_ng["arn:aws:iam::aws:policy/AmazonSSMManagedInstanceCore"]: Refreshing state... [id=test-eks-cnr-managed-ondemand-2022121313225748670000000a]
TestExamplesBasicTest 2022-12-13T14:28:21+01:00 logger.go:66: module.eks_blueprints.module.aws_eks_managed_node_groups["t3_medium"].aws_iam_role_policy_attachment.managed_ng["arn:aws:iam::aws:policy/AmazonEKSWorkerNodePolicy"]: Refreshing state... [id=test-eks-cnr-managed-ondemand-2022121313225766710000000c]
TestExamplesBasicTest 2022-12-13T14:28:21+01:00 logger.go:66: module.eks_blueprints.module.aws_eks_managed_node_groups["t3_medium"].aws_eks_node_group.managed_ng: Refreshing state... [id=test-eks-cnr:managed-ondemand-2022121313225795950000000d]
TestExamplesBasicTest 2022-12-13T14:28:21+01:00 logger.go:66: helm_release.loki: Refreshing state... [id=loki-stack]
TestExamplesBasicTest 2022-12-13T14:28:22+01:00 logger.go:66: module.eks_blueprints_kubernetes_addons.module.ingress_nginx[0].kubernetes_namespace_v1.this[0]: Refreshing state... [id=ingress-nginx]
TestExamplesBasicTest 2022-12-13T14:28:23+01:00 logger.go:66:
TestExamplesBasicTest 2022-12-13T14:28:23+01:00 logger.go:66: Terraform used the selected providers to generate the following execution
TestExamplesBasicTest 2022-12-13T14:28:23+01:00 logger.go:66: plan. Resource actions are indicated with the following symbols:
TestExamplesBasicTest 2022-12-13T14:28:23+01:00 logger.go:66:   - destroy
TestExamplesBasicTest 2022-12-13T14:28:23+01:00 logger.go:66:
TestExamplesBasicTest 2022-12-13T14:28:23+01:00 logger.go:66: Terraform will perform the following actions:
TestExamplesBasicTest 2022-12-13T14:28:23+01:00 logger.go:66:
TestExamplesBasicTest 2022-12-13T14:28:23+01:00 logger.go:66:   # module.eks_blueprints_kubernetes_addons.module.ingress_nginx[0].kubernetes_namespace_v1.this[0] will be destroyed
TestExamplesBasicTest 2022-12-13T14:28:23+01:00 logger.go:66:   - resource "kubernetes_namespace_v1" "this" {
TestExamplesBasicTest 2022-12-13T14:28:23+01:00 logger.go:66:       - id = "ingress-nginx" -> null
TestExamplesBasicTest 2022-12-13T14:28:23+01:00 logger.go:66:
TestExamplesBasicTest 2022-12-13T14:28:23+01:00 logger.go:66:       - metadata {
TestExamplesBasicTest 2022-12-13T14:28:23+01:00 logger.go:66:           - annotations      = {} -> null
TestExamplesBasicTest 2022-12-13T14:28:23+01:00 logger.go:66:           - generation       = 0 -> null
TestExamplesBasicTest 2022-12-13T14:28:23+01:00 logger.go:66:           - labels           = {} -> null
TestExamplesBasicTest 2022-12-13T14:28:23+01:00 logger.go:66:           - name             = "ingress-nginx" -> null
TestExamplesBasicTest 2022-12-13T14:28:23+01:00 logger.go:66:           - resource_version = "1920" -> null
TestExamplesBasicTest 2022-12-13T14:28:23+01:00 logger.go:66:           - uid              = "5df86cb0-43c3-4a87-b2bd-0d410889c3f0" -> null
TestExamplesBasicTest 2022-12-13T14:28:23+01:00 logger.go:66:         }
TestExamplesBasicTest 2022-12-13T14:28:23+01:00 logger.go:66:     }
TestExamplesBasicTest 2022-12-13T14:28:23+01:00 logger.go:66:
TestExamplesBasicTest 2022-12-13T14:28:23+01:00 logger.go:66: Plan: 0 to add, 0 to change, 1 to destroy.
TestExamplesBasicTest 2022-12-13T14:28:24+01:00 logger.go:66: module.eks_blueprints_kubernetes_addons.module.ingress_nginx[0].kubernetes_namespace_v1.this[0]: Destroying... [id=ingress-nginx]
TestExamplesBasicTest 2022-12-13T14:28:31+01:00 logger.go:66: module.eks_blueprints_kubernetes_addons.module.ingress_nginx[0].kubernetes_namespace_v1.this[0]: Destruction complete after 6s
TestExamplesBasicTest 2022-12-13T14:28:31+01:00 logger.go:66: ╷
TestExamplesBasicTest 2022-12-13T14:28:31+01:00 logger.go:66: │ Warning: Resource targeting is in effect
TestExamplesBasicTest 2022-12-13T14:28:31+01:00 logger.go:66: │
TestExamplesBasicTest 2022-12-13T14:28:31+01:00 logger.go:66: │ You are creating a plan with the -target option, which means that the
TestExamplesBasicTest 2022-12-13T14:28:31+01:00 logger.go:66: │ result of this plan may not represent all of the changes requested by the
TestExamplesBasicTest 2022-12-13T14:28:31+01:00 logger.go:66: │ current configuration.
TestExamplesBasicTest 2022-12-13T14:28:31+01:00 logger.go:66: │
TestExamplesBasicTest 2022-12-13T14:28:31+01:00 logger.go:66: │ The -target option is not for routine use, and is provided only for
TestExamplesBasicTest 2022-12-13T14:28:31+01:00 logger.go:66: │ exceptional situations such as recovering from errors or mistakes, or when
TestExamplesBasicTest 2022-12-13T14:28:31+01:00 logger.go:66: │ Terraform specifically suggests to use it as part of an error message.
TestExamplesBasicTest 2022-12-13T14:28:31+01:00 logger.go:66: ╵
TestExamplesBasicTest 2022-12-13T14:28:31+01:00 logger.go:66: ╷
TestExamplesBasicTest 2022-12-13T14:28:31+01:00 logger.go:66: │ Warning: Applied changes may be incomplete
TestExamplesBasicTest 2022-12-13T14:28:31+01:00 logger.go:66: │
TestExamplesBasicTest 2022-12-13T14:28:31+01:00 logger.go:66: │ The plan was created with the -target option in effect, so some changes
TestExamplesBasicTest 2022-12-13T14:28:31+01:00 logger.go:66: │ requested in the configuration may have been ignored and the output values
TestExamplesBasicTest 2022-12-13T14:28:31+01:00 logger.go:66: │ may not be fully updated. Run the following command to verify that no other
TestExamplesBasicTest 2022-12-13T14:28:31+01:00 logger.go:66: │ changes are pending:
TestExamplesBasicTest 2022-12-13T14:28:31+01:00 logger.go:66: │     terraform plan
TestExamplesBasicTest 2022-12-13T14:28:31+01:00 logger.go:66: │
TestExamplesBasicTest 2022-12-13T14:28:31+01:00 logger.go:66: │ Note that the -target option is not suitable for routine use, and is
TestExamplesBasicTest 2022-12-13T14:28:31+01:00 logger.go:66: │ provided only for exceptional situations such as recovering from errors or
TestExamplesBasicTest 2022-12-13T14:28:31+01:00 logger.go:66: │ mistakes, or when Terraform specifically suggests to use it as part of an
TestExamplesBasicTest 2022-12-13T14:28:31+01:00 logger.go:66: │ error message.
TestExamplesBasicTest 2022-12-13T14:28:31+01:00 logger.go:66: ╵
TestExamplesBasicTest 2022-12-13T14:28:31+01:00 logger.go:66: ╷
TestExamplesBasicTest 2022-12-13T14:28:31+01:00 logger.go:66: │ Warning: Experimental feature "module_variable_optional_attrs" is active
TestExamplesBasicTest 2022-12-13T14:28:31+01:00 logger.go:66: │
TestExamplesBasicTest 2022-12-13T14:28:31+01:00 logger.go:66: │   on .terraform/modules/eks_blueprints_kubernetes_addons.ondat/locals.tf line 2, in terraform:
TestExamplesBasicTest 2022-12-13T14:28:31+01:00 logger.go:66: │    2:   experiments = [module_variable_optional_attrs]
TestExamplesBasicTest 2022-12-13T14:28:31+01:00 logger.go:66: │
TestExamplesBasicTest 2022-12-13T14:28:31+01:00 logger.go:66: │ Experimental features are subject to breaking changes in future minor or
TestExamplesBasicTest 2022-12-13T14:28:31+01:00 logger.go:66: │ patch releases, based on feedback.
TestExamplesBasicTest 2022-12-13T14:28:31+01:00 logger.go:66: │
TestExamplesBasicTest 2022-12-13T14:28:31+01:00 logger.go:66: │ If you have feedback on the design of this feature, please open a GitHub
TestExamplesBasicTest 2022-12-13T14:28:31+01:00 logger.go:66: │ issue to discuss it.
TestExamplesBasicTest 2022-12-13T14:28:31+01:00 logger.go:66: │
TestExamplesBasicTest 2022-12-13T14:28:31+01:00 logger.go:66: │ (and 7 more similar warnings elsewhere)
TestExamplesBasicTest 2022-12-13T14:28:31+01:00 logger.go:66: ╵
TestExamplesBasicTest 2022-12-13T14:28:31+01:00 logger.go:66:
TestExamplesBasicTest 2022-12-13T14:28:31+01:00 logger.go:66: Destroy complete! Resources: 1 destroyed.
TestExamplesBasicTest 2022-12-13T14:28:31+01:00 logger.go:66:
TestExamplesBasicTest 2022-12-13T14:28:41+01:00 retry.go:91: terraform [output -no-color -json cluster_name]
TestExamplesBasicTest 2022-12-13T14:28:41+01:00 logger.go:66: Running command terraform with args [output -no-color -json cluster_name]
TestExamplesBasicTest 2022-12-13T14:28:45+01:00 logger.go:66: "test-eks-cnr"
TestExamplesBasicTest 2022-12-13T14:28:45+01:00 retry.go:91: terraform [destroy -auto-approve -input=false -var aws_region=eu-central-1 -var domain_name=testdomain.com -target module.eks_blueprints_kubernetes_addons.module.prometheus[0].module.helm_addon.helm_release.addon[0] -lock=false]
TestExamplesBasicTest 2022-12-13T14:28:45+01:00 logger.go:66: Running command terraform with args [destroy -auto-approve -input=false -var aws_region=eu-central-1 -var domain_name=testdomain.com -target module.eks_blueprints_kubernetes_addons.module.prometheus[0].module.helm_addon.helm_release.addon[0] -lock=false]
TestExamplesBasicTest 2022-12-13T14:28:56+01:00 logger.go:66: module.vpc.random_string.random: Refreshing state... [id=cnr]
TestExamplesBasicTest 2022-12-13T14:28:57+01:00 logger.go:66: module.eks_blueprints.data.aws_partition.current: Reading...
TestExamplesBasicTest 2022-12-13T14:28:57+01:00 logger.go:66: module.eks_blueprints.data.aws_caller_identity.current: Reading...
TestExamplesBasicTest 2022-12-13T14:28:57+01:00 logger.go:66: module.eks_blueprints.data.aws_region.current: Reading...
TestExamplesBasicTest 2022-12-13T14:28:57+01:00 logger.go:66: module.vpc.module.vpc.aws_vpc.this[0]: Refreshing state... [id=vpc-0791878fb8ffbc01c]
TestExamplesBasicTest 2022-12-13T14:28:57+01:00 logger.go:66: module.vpc.data.aws_availability_zones.available: Reading...
TestExamplesBasicTest 2022-12-13T14:28:57+01:00 logger.go:66: aws_route53_zone.cluster_dns: Refreshing state... [id=Z08633645H30XF5497K5]
TestExamplesBasicTest 2022-12-13T14:28:57+01:00 logger.go:66: module.eks_blueprints.module.aws_eks.data.aws_partition.current: Reading...
TestExamplesBasicTest 2022-12-13T14:28:57+01:00 logger.go:66: module.eks_blueprints.data.aws_partition.current: Read complete after 0s [id=aws]
TestExamplesBasicTest 2022-12-13T14:28:57+01:00 logger.go:66: module.eks_blueprints.module.aws_eks.module.kms.data.aws_caller_identity.current: Reading...
TestExamplesBasicTest 2022-12-13T14:28:57+01:00 logger.go:66: module.eks_blueprints.module.aws_eks.module.kms.data.aws_partition.current: Reading...
TestExamplesBasicTest 2022-12-13T14:28:57+01:00 logger.go:66: module.eks_blueprints.module.aws_eks.data.aws_caller_identity.current: Reading...
TestExamplesBasicTest 2022-12-13T14:28:57+01:00 logger.go:66: module.eks_blueprints.module.aws_eks.data.aws_partition.current: Read complete after 0s [id=aws]
TestExamplesBasicTest 2022-12-13T14:28:57+01:00 logger.go:66: module.eks_blueprints.data.aws_region.current: Read complete after 0s [id=eu-central-1]
TestExamplesBasicTest 2022-12-13T14:28:57+01:00 logger.go:66: module.eks_blueprints.module.aws_eks.module.kms.data.aws_partition.current: Read complete after 0s [id=aws]
TestExamplesBasicTest 2022-12-13T14:28:57+01:00 logger.go:66: module.eks_blueprints.module.aws_eks.data.aws_iam_policy_document.assume_role_policy[0]: Reading...
TestExamplesBasicTest 2022-12-13T14:28:57+01:00 logger.go:66: module.eks_blueprints.module.aws_eks.data.aws_iam_policy_document.assume_role_policy[0]: Read complete after 0s [id=2764486067]
TestExamplesBasicTest 2022-12-13T14:28:57+01:00 logger.go:66: module.eks_blueprints.module.aws_eks.aws_iam_role.this[0]: Refreshing state... [id=test-eks-cnr-cluster-role]
TestExamplesBasicTest 2022-12-13T14:28:57+01:00 logger.go:66: module.vpc.data.aws_availability_zones.available: Read complete after 0s [id=eu-central-1]
TestExamplesBasicTest 2022-12-13T14:28:57+01:00 logger.go:66: module.eks_blueprints.data.aws_caller_identity.current: Read complete after 1s [id=198655350445]
TestExamplesBasicTest 2022-12-13T14:28:57+01:00 logger.go:66: module.eks_blueprints.data.aws_iam_session_context.current: Reading...
TestExamplesBasicTest 2022-12-13T14:28:57+01:00 logger.go:66: module.eks_blueprints.data.aws_iam_session_context.current: Read complete after 0s [id=arn:aws:iam::198655350445:user/geoffrey]
TestExamplesBasicTest 2022-12-13T14:28:57+01:00 logger.go:66: module.eks_blueprints.module.aws_eks.data.aws_caller_identity.current: Read complete after 1s [id=198655350445]
TestExamplesBasicTest 2022-12-13T14:28:57+01:00 logger.go:66: module.eks_blueprints.data.aws_iam_policy_document.eks_key: Reading...
TestExamplesBasicTest 2022-12-13T14:28:57+01:00 logger.go:66: module.eks_blueprints.module.aws_eks.module.kms.data.aws_caller_identity.current: Read complete after 1s [id=198655350445]
TestExamplesBasicTest 2022-12-13T14:28:57+01:00 logger.go:66: module.eks_blueprints.data.aws_iam_policy_document.eks_key: Read complete after 0s [id=1606217982]
TestExamplesBasicTest 2022-12-13T14:28:57+01:00 logger.go:66: module.eks_blueprints.module.kms[0].aws_kms_key.this: Refreshing state... [id=aaf9ea20-8db5-442e-963f-65c24a741ecb]
TestExamplesBasicTest 2022-12-13T14:28:57+01:00 logger.go:66: module.vpc.module.vpc.aws_subnet.public[2]: Refreshing state... [id=subnet-0b1d33d6b5cb901a8]
TestExamplesBasicTest 2022-12-13T14:28:57+01:00 logger.go:66: module.vpc.module.vpc.aws_subnet.public[1]: Refreshing state... [id=subnet-07924d65ec1758e43]
TestExamplesBasicTest 2022-12-13T14:28:57+01:00 logger.go:66: module.vpc.module.vpc.aws_subnet.private[2]: Refreshing state... [id=subnet-0c8d7846c103de994]
TestExamplesBasicTest 2022-12-13T14:28:57+01:00 logger.go:66: module.vpc.module.vpc.aws_subnet.private[1]: Refreshing state... [id=subnet-0e27e3b986281b92b]
TestExamplesBasicTest 2022-12-13T14:28:57+01:00 logger.go:66: module.vpc.module.vpc.aws_subnet.public[0]: Refreshing state... [id=subnet-028265bda5f04784f]
TestExamplesBasicTest 2022-12-13T14:28:57+01:00 logger.go:66: module.vpc.module.vpc.aws_subnet.private[0]: Refreshing state... [id=subnet-0d7b48a5e390e0e6f]
TestExamplesBasicTest 2022-12-13T14:28:57+01:00 logger.go:66: module.eks_blueprints.module.aws_eks.aws_security_group.cluster[0]: Refreshing state... [id=sg-062eb157e4f3f50dd]
TestExamplesBasicTest 2022-12-13T14:28:57+01:00 logger.go:66: module.eks_blueprints.module.aws_eks.aws_security_group.node[0]: Refreshing state... [id=sg-037a7827067035e46]
TestExamplesBasicTest 2022-12-13T14:28:57+01:00 logger.go:66: module.eks_blueprints.module.kms[0].aws_kms_alias.this: Refreshing state... [id=alias/test-eks-cnr]
TestExamplesBasicTest 2022-12-13T14:28:58+01:00 logger.go:66: module.eks_blueprints.module.aws_eks.aws_security_group_rule.node["ingress_self_coredns_udp"]: Refreshing state... [id=sgrule-4262022596]
TestExamplesBasicTest 2022-12-13T14:28:58+01:00 logger.go:66: module.eks_blueprints.module.aws_eks.aws_security_group_rule.node["egress_self_coredns_tcp"]: Refreshing state... [id=sgrule-2184819475]
TestExamplesBasicTest 2022-12-13T14:28:58+01:00 logger.go:66: module.eks_blueprints.module.aws_eks.aws_security_group_rule.node["egress_self_coredns_udp"]: Refreshing state... [id=sgrule-207499637]
TestExamplesBasicTest 2022-12-13T14:28:58+01:00 logger.go:66: module.eks_blueprints.module.aws_eks.aws_security_group_rule.node["cluster_to_nginx_webhook"]: Refreshing state... [id=sgrule-4007266607]
TestExamplesBasicTest 2022-12-13T14:28:58+01:00 logger.go:66: module.eks_blueprints.module.aws_eks.aws_security_group_rule.node["egress_ntp_tcp"]: Refreshing state... [id=sgrule-1553286897]
TestExamplesBasicTest 2022-12-13T14:28:58+01:00 logger.go:66: module.eks_blueprints.module.aws_eks.aws_security_group_rule.node["egress_ntp_udp"]: Refreshing state... [id=sgrule-571171836]
TestExamplesBasicTest 2022-12-13T14:28:58+01:00 logger.go:66: module.eks_blueprints.module.aws_eks.aws_security_group_rule.node["ingress_cluster_443"]: Refreshing state... [id=sgrule-2750980230]
TestExamplesBasicTest 2022-12-13T14:28:58+01:00 logger.go:66: module.eks_blueprints.module.aws_eks.aws_security_group_rule.node["egress_https"]: Refreshing state... [id=sgrule-2202762223]
TestExamplesBasicTest 2022-12-13T14:28:58+01:00 logger.go:66: module.eks_blueprints.module.aws_eks.aws_security_group_rule.node["egress_cluster_443"]: Refreshing state... [id=sgrule-893876747]
TestExamplesBasicTest 2022-12-13T14:28:58+01:00 logger.go:66: module.eks_blueprints.module.aws_eks.aws_security_group_rule.node["ingress_self_coredns_tcp"]: Refreshing state... [id=sgrule-1515646507]
TestExamplesBasicTest 2022-12-13T14:28:58+01:00 logger.go:66: module.eks_blueprints.module.aws_eks.aws_security_group_rule.node["ingress_cluster_kubelet"]: Refreshing state... [id=sgrule-706228959]
TestExamplesBasicTest 2022-12-13T14:28:58+01:00 logger.go:66: module.eks_blueprints.module.aws_eks.aws_security_group_rule.node["cluster_to_load_balancer_controller_webhook"]: Refreshing state... [id=sgrule-2323331812]
TestExamplesBasicTest 2022-12-13T14:28:58+01:00 logger.go:66: module.eks_blueprints.module.aws_eks.aws_security_group_rule.cluster["egress_nodes_kubelet"]: Refreshing state... [id=sgrule-795928884]
TestExamplesBasicTest 2022-12-13T14:28:58+01:00 logger.go:66: module.eks_blueprints.module.aws_eks.aws_security_group_rule.cluster["ingress_nodes_443"]: Refreshing state... [id=sgrule-4015531125]
TestExamplesBasicTest 2022-12-13T14:28:58+01:00 logger.go:66: module.eks_blueprints.module.aws_eks.aws_security_group_rule.cluster["egress_nodes_443"]: Refreshing state... [id=sgrule-1547492526]
TestExamplesBasicTest 2022-12-13T14:28:58+01:00 logger.go:66: module.eks_blueprints.module.aws_eks.aws_iam_role_policy_attachment.this["arn:aws:iam::aws:policy/AmazonEKSClusterPolicy"]: Refreshing state... [id=test-eks-cnr-cluster-role-20221213131127510100000005]
TestExamplesBasicTest 2022-12-13T14:28:58+01:00 logger.go:66: module.eks_blueprints.module.aws_eks.aws_iam_role_policy_attachment.this["arn:aws:iam::aws:policy/AmazonEKSVPCResourceController"]: Refreshing state... [id=test-eks-cnr-cluster-role-20221213131127342900000004]
TestExamplesBasicTest 2022-12-13T14:28:58+01:00 logger.go:66: module.eks_blueprints.module.aws_eks.aws_eks_cluster.this[0]: Refreshing state... [id=test-eks-cnr]
TestExamplesBasicTest 2022-12-13T14:28:58+01:00 logger.go:66: module.eks_blueprints.module.aws_eks.data.tls_certificate.this[0]: Reading...
TestExamplesBasicTest 2022-12-13T14:28:58+01:00 logger.go:66: module.eks_blueprints.data.aws_eks_cluster.cluster[0]: Reading...
TestExamplesBasicTest 2022-12-13T14:28:58+01:00 logger.go:66: data.aws_eks_cluster_auth.this: Reading...
TestExamplesBasicTest 2022-12-13T14:28:58+01:00 logger.go:66: data.aws_eks_cluster_auth.this: Read complete after 0s [id=test-eks-cnr]
TestExamplesBasicTest 2022-12-13T14:28:59+01:00 logger.go:66: module.eks_blueprints.data.aws_eks_cluster.cluster[0]: Read complete after 0s [id=test-eks-cnr]
TestExamplesBasicTest 2022-12-13T14:28:59+01:00 logger.go:66: module.eks_blueprints.data.http.eks_cluster_readiness[0]: Reading...
TestExamplesBasicTest 2022-12-13T14:28:59+01:00 logger.go:66: module.eks_blueprints.module.aws_eks.data.tls_certificate.this[0]: Read complete after 0s [id=ae0a6b0d8ce514bb151703165fd3369a1b686caf]
TestExamplesBasicTest 2022-12-13T14:28:59+01:00 logger.go:66: module.eks_blueprints.module.aws_eks.aws_iam_openid_connect_provider.oidc_provider[0]: Refreshing state... [id=arn:aws:iam::198655350445:oidc-provider/oidc.eks.eu-central-1.amazonaws.com/id/7864DCD89C8A3F7C0EDC840780A1362D]
TestExamplesBasicTest 2022-12-13T14:28:59+01:00 logger.go:66: module.eks_blueprints.data.http.eks_cluster_readiness[0]: Read complete after 0s [id=https://7864DCD89C8A3F7C0EDC840780A1362D.gr7.eu-central-1.eks.amazonaws.com/healthz]
TestExamplesBasicTest 2022-12-13T14:28:59+01:00 logger.go:66: module.eks_blueprints.kubernetes_config_map.aws_auth[0]: Refreshing state... [id=kube-system/aws-auth]
TestExamplesBasicTest 2022-12-13T14:28:59+01:00 logger.go:66: module.eks_blueprints.module.aws_eks_managed_node_groups["t3_medium"].data.aws_iam_policy_document.managed_ng_assume_role_policy: Reading...
TestExamplesBasicTest 2022-12-13T14:28:59+01:00 logger.go:66: module.eks_blueprints.module.aws_eks_managed_node_groups["t3_medium"].data.aws_iam_policy_document.managed_ng_assume_role_policy: Read complete after 0s [id=3778018924]
TestExamplesBasicTest 2022-12-13T14:28:59+01:00 logger.go:66: module.eks_blueprints.module.aws_eks_managed_node_groups["t3_medium"].aws_iam_role.managed_ng[0]: Refreshing state... [id=test-eks-cnr-managed-ondemand]
TestExamplesBasicTest 2022-12-13T14:29:00+01:00 logger.go:66: module.eks_blueprints.module.aws_eks_managed_node_groups["t3_medium"].aws_iam_instance_profile.managed_ng[0]: Refreshing state... [id=test-eks-cnr-managed-ondemand]
TestExamplesBasicTest 2022-12-13T14:29:00+01:00 logger.go:66: module.eks_blueprints.module.aws_eks_managed_node_groups["t3_medium"].aws_iam_role_policy_attachment.managed_ng["arn:aws:iam::aws:policy/AmazonSSMManagedInstanceCore"]: Refreshing state... [id=test-eks-cnr-managed-ondemand-2022121313225748670000000a]
TestExamplesBasicTest 2022-12-13T14:29:00+01:00 logger.go:66: module.eks_blueprints.module.aws_eks_managed_node_groups["t3_medium"].aws_iam_role_policy_attachment.managed_ng["arn:aws:iam::aws:policy/AmazonEKS_CNI_Policy"]: Refreshing state... [id=test-eks-cnr-managed-ondemand-20221213132257343000000009]
TestExamplesBasicTest 2022-12-13T14:29:00+01:00 logger.go:66: module.eks_blueprints.module.aws_eks_managed_node_groups["t3_medium"].aws_iam_role_policy_attachment.managed_ng["arn:aws:iam::aws:policy/AmazonEKSWorkerNodePolicy"]: Refreshing state... [id=test-eks-cnr-managed-ondemand-2022121313225766710000000c]
TestExamplesBasicTest 2022-12-13T14:29:00+01:00 logger.go:66: module.eks_blueprints.module.aws_eks_managed_node_groups["t3_medium"].aws_iam_role_policy_attachment.managed_ng["arn:aws:iam::aws:policy/AmazonEC2ContainerRegistryReadOnly"]: Refreshing state... [id=test-eks-cnr-managed-ondemand-2022121313225763850000000b]
TestExamplesBasicTest 2022-12-13T14:29:00+01:00 logger.go:66: module.eks_blueprints.module.aws_eks_managed_node_groups["t3_medium"].aws_eks_node_group.managed_ng: Refreshing state... [id=test-eks-cnr:managed-ondemand-2022121313225795950000000d]
TestExamplesBasicTest 2022-12-13T14:29:00+01:00 logger.go:66: helm_release.loki: Refreshing state... [id=loki-stack]
TestExamplesBasicTest 2022-12-13T14:29:02+01:00 logger.go:66: module.eks_blueprints_kubernetes_addons.data.aws_caller_identity.current: Reading...
TestExamplesBasicTest 2022-12-13T14:29:02+01:00 logger.go:66: module.eks_blueprints_kubernetes_addons.data.aws_region.current: Reading...
TestExamplesBasicTest 2022-12-13T14:29:02+01:00 logger.go:66: module.eks_blueprints_kubernetes_addons.data.aws_partition.current: Reading...
TestExamplesBasicTest 2022-12-13T14:29:02+01:00 logger.go:66: module.eks_blueprints_kubernetes_addons.module.prometheus[0].data.aws_iam_policy_document.ingest: Reading...
TestExamplesBasicTest 2022-12-13T14:29:02+01:00 logger.go:66: module.eks_blueprints_kubernetes_addons.data.aws_eks_cluster.eks_cluster: Reading...
TestExamplesBasicTest 2022-12-13T14:29:02+01:00 logger.go:66: module.eks_blueprints_kubernetes_addons.data.aws_region.current: Read complete after 0s [id=eu-central-1]
TestExamplesBasicTest 2022-12-13T14:29:02+01:00 logger.go:66: module.eks_blueprints_kubernetes_addons.module.prometheus[0].kubernetes_namespace_v1.prometheus[0]: Refreshing state... [id=prometheus]
TestExamplesBasicTest 2022-12-13T14:29:02+01:00 logger.go:66: module.eks_blueprints_kubernetes_addons.data.aws_partition.current: Read complete after 0s [id=aws]
TestExamplesBasicTest 2022-12-13T14:29:02+01:00 logger.go:66: module.eks_blueprints_kubernetes_addons.module.prometheus[0].data.aws_iam_policy_document.ingest: Read complete after 0s [id=1804921153]
TestExamplesBasicTest 2022-12-13T14:29:02+01:00 logger.go:66: module.eks_blueprints_kubernetes_addons.data.aws_caller_identity.current: Read complete after 0s [id=198655350445]
TestExamplesBasicTest 2022-12-13T14:29:02+01:00 logger.go:66: module.eks_blueprints_kubernetes_addons.data.aws_eks_cluster.eks_cluster: Read complete after 0s [id=test-eks-cnr]
TestExamplesBasicTest 2022-12-13T14:29:02+01:00 logger.go:66: module.eks_blueprints_kubernetes_addons.module.prometheus[0].module.helm_addon.helm_release.addon[0]: Refreshing state... [id=prometheus]
TestExamplesBasicTest 2022-12-13T14:29:04+01:00 logger.go:66:
TestExamplesBasicTest 2022-12-13T14:29:04+01:00 logger.go:66: Terraform used the selected providers to generate the following execution
TestExamplesBasicTest 2022-12-13T14:29:04+01:00 logger.go:66: plan. Resource actions are indicated with the following symbols:
TestExamplesBasicTest 2022-12-13T14:29:04+01:00 logger.go:66:   - destroy
TestExamplesBasicTest 2022-12-13T14:29:04+01:00 logger.go:66:
TestExamplesBasicTest 2022-12-13T14:29:04+01:00 logger.go:66: Terraform will perform the following actions:
TestExamplesBasicTest 2022-12-13T14:29:04+01:00 logger.go:66:
TestExamplesBasicTest 2022-12-13T14:29:04+01:00 logger.go:66:   # module.eks_blueprints_kubernetes_addons.module.prometheus[0].module.helm_addon.helm_release.addon[0] will be destroyed
TestExamplesBasicTest 2022-12-13T14:29:04+01:00 logger.go:66:   - resource "helm_release" "addon" {
TestExamplesBasicTest 2022-12-13T14:29:04+01:00 logger.go:66:       - atomic                     = false -> null
TestExamplesBasicTest 2022-12-13T14:29:04+01:00 logger.go:66:       - chart                      = "prometheus" -> null
TestExamplesBasicTest 2022-12-13T14:29:04+01:00 logger.go:66:       - cleanup_on_fail            = false -> null
TestExamplesBasicTest 2022-12-13T14:29:04+01:00 logger.go:66:       - create_namespace           = false -> null
TestExamplesBasicTest 2022-12-13T14:29:04+01:00 logger.go:66:       - dependency_update          = false -> null
TestExamplesBasicTest 2022-12-13T14:29:04+01:00 logger.go:66:       - description                = "Prometheus helm Chart deployment configuration" -> null
TestExamplesBasicTest 2022-12-13T14:29:04+01:00 logger.go:66:       - disable_crd_hooks          = false -> null
TestExamplesBasicTest 2022-12-13T14:29:04+01:00 logger.go:66:       - disable_openapi_validation = false -> null
TestExamplesBasicTest 2022-12-13T14:29:04+01:00 logger.go:66:       - disable_webhooks           = false -> null
TestExamplesBasicTest 2022-12-13T14:29:04+01:00 logger.go:66:       - force_update               = false -> null
TestExamplesBasicTest 2022-12-13T14:29:04+01:00 logger.go:66:       - id                         = "prometheus" -> null
TestExamplesBasicTest 2022-12-13T14:29:04+01:00 logger.go:66:       - lint                       = false -> null
TestExamplesBasicTest 2022-12-13T14:29:04+01:00 logger.go:66:       - max_history                = 0 -> null
TestExamplesBasicTest 2022-12-13T14:29:04+01:00 logger.go:66:       - metadata                   = [
TestExamplesBasicTest 2022-12-13T14:29:04+01:00 logger.go:66:           - {
TestExamplesBasicTest 2022-12-13T14:29:04+01:00 logger.go:66:               - app_version = "2.34.0"
TestExamplesBasicTest 2022-12-13T14:29:04+01:00 logger.go:66:               - chart       = "prometheus"
TestExamplesBasicTest 2022-12-13T14:29:04+01:00 logger.go:66:               - name        = "prometheus"
TestExamplesBasicTest 2022-12-13T14:29:04+01:00 logger.go:66:               - namespace   = "prometheus"
TestExamplesBasicTest 2022-12-13T14:29:04+01:00 logger.go:66:               - revision    = 1
TestExamplesBasicTest 2022-12-13T14:29:04+01:00 logger.go:66:               - values      = jsonencode(
TestExamplesBasicTest 2022-12-13T14:29:04+01:00 logger.go:66:                     {
TestExamplesBasicTest 2022-12-13T14:29:04+01:00 logger.go:66:                       - alertmanager       = {
TestExamplesBasicTest 2022-12-13T14:29:04+01:00 logger.go:66:                           - enabled      = false
TestExamplesBasicTest 2022-12-13T14:29:04+01:00 logger.go:66:                           - nodeSelector = {
TestExamplesBasicTest 2022-12-13T14:29:04+01:00 logger.go:66:                               - "kubernetes.io/os" = "linux"
TestExamplesBasicTest 2022-12-13T14:29:04+01:00 logger.go:66:                             }
TestExamplesBasicTest 2022-12-13T14:29:04+01:00 logger.go:66:                         }
TestExamplesBasicTest 2022-12-13T14:29:04+01:00 logger.go:66:                       - kube-state-metrics = {
TestExamplesBasicTest 2022-12-13T14:29:04+01:00 logger.go:66:                           - enabled      = true
TestExamplesBasicTest 2022-12-13T14:29:04+01:00 logger.go:66:                           - nodeSelector = {
TestExamplesBasicTest 2022-12-13T14:29:04+01:00 logger.go:66:                               - "kubernetes.io/os" = "linux"
TestExamplesBasicTest 2022-12-13T14:29:04+01:00 logger.go:66:                             }
TestExamplesBasicTest 2022-12-13T14:29:04+01:00 logger.go:66:                           - resources    = {
TestExamplesBasicTest 2022-12-13T14:29:04+01:00 logger.go:66:                               - limits   = {
TestExamplesBasicTest 2022-12-13T14:29:04+01:00 logger.go:66:                                   - cpu    = "200m"
TestExamplesBasicTest 2022-12-13T14:29:04+01:00 logger.go:66:                                   - memory = "512Mi"
TestExamplesBasicTest 2022-12-13T14:29:04+01:00 logger.go:66:                                 }
TestExamplesBasicTest 2022-12-13T14:29:04+01:00 logger.go:66:                               - requests = {
TestExamplesBasicTest 2022-12-13T14:29:04+01:00 logger.go:66:                                   - cpu    = "200m"
TestExamplesBasicTest 2022-12-13T14:29:04+01:00 logger.go:66:                                   - memory = "512Mi"
TestExamplesBasicTest 2022-12-13T14:29:04+01:00 logger.go:66:                                 }
TestExamplesBasicTest 2022-12-13T14:29:04+01:00 logger.go:66:                             }
TestExamplesBasicTest 2022-12-13T14:29:04+01:00 logger.go:66:                         }
TestExamplesBasicTest 2022-12-13T14:29:04+01:00 logger.go:66:                       - nodeExporter       = {
TestExamplesBasicTest 2022-12-13T14:29:04+01:00 logger.go:66:                           - nodeSelector = {
TestExamplesBasicTest 2022-12-13T14:29:04+01:00 logger.go:66:                               - "kubernetes.io/os" = "linux"
TestExamplesBasicTest 2022-12-13T14:29:04+01:00 logger.go:66:                             }
TestExamplesBasicTest 2022-12-13T14:29:04+01:00 logger.go:66:                           - resources    = {
TestExamplesBasicTest 2022-12-13T14:29:04+01:00 logger.go:66:                               - limits   = {
TestExamplesBasicTest 2022-12-13T14:29:04+01:00 logger.go:66:                                   - cpu    = "200m"
TestExamplesBasicTest 2022-12-13T14:29:04+01:00 logger.go:66:                                   - memory = "512Mi"
TestExamplesBasicTest 2022-12-13T14:29:04+01:00 logger.go:66:                                 }
TestExamplesBasicTest 2022-12-13T14:29:04+01:00 logger.go:66:                               - requests = {
TestExamplesBasicTest 2022-12-13T14:29:04+01:00 logger.go:66:                                   - cpu    = "200m"
TestExamplesBasicTest 2022-12-13T14:29:04+01:00 logger.go:66:                                   - memory = "512Mi"
TestExamplesBasicTest 2022-12-13T14:29:04+01:00 logger.go:66:                                 }
TestExamplesBasicTest 2022-12-13T14:29:04+01:00 logger.go:66:                             }
TestExamplesBasicTest 2022-12-13T14:29:04+01:00 logger.go:66:                         }
TestExamplesBasicTest 2022-12-13T14:29:04+01:00 logger.go:66:                       - pushgateway        = {
TestExamplesBasicTest 2022-12-13T14:29:04+01:00 logger.go:66:                           - enabled      = false
TestExamplesBasicTest 2022-12-13T14:29:04+01:00 logger.go:66:                           - nodeSelector = {
TestExamplesBasicTest 2022-12-13T14:29:04+01:00 logger.go:66:                               - "kubernetes.io/os" = "linux"
TestExamplesBasicTest 2022-12-13T14:29:04+01:00 logger.go:66:                             }
TestExamplesBasicTest 2022-12-13T14:29:04+01:00 logger.go:66:                         }
TestExamplesBasicTest 2022-12-13T14:29:04+01:00 logger.go:66:                       - server             = {
TestExamplesBasicTest 2022-12-13T14:29:04+01:00 logger.go:66:                           - global           = {
TestExamplesBasicTest 2022-12-13T14:29:04+01:00 logger.go:66:                               - evaluation_interval = "30s"
TestExamplesBasicTest 2022-12-13T14:29:04+01:00 logger.go:66:                               - scrape_interval     = "30s"
TestExamplesBasicTest 2022-12-13T14:29:04+01:00 logger.go:66:                               - scrape_timeout      = "10s"
TestExamplesBasicTest 2022-12-13T14:29:04+01:00 logger.go:66:                             }
TestExamplesBasicTest 2022-12-13T14:29:04+01:00 logger.go:66:                           - nodeSelector     = {
TestExamplesBasicTest 2022-12-13T14:29:04+01:00 logger.go:66:                               - "kubernetes.io/os" = "linux"
TestExamplesBasicTest 2022-12-13T14:29:04+01:00 logger.go:66:                             }
TestExamplesBasicTest 2022-12-13T14:29:04+01:00 logger.go:66:                           - persistentVolume = {
TestExamplesBasicTest 2022-12-13T14:29:04+01:00 logger.go:66:                               - accessModes  = [
TestExamplesBasicTest 2022-12-13T14:29:04+01:00 logger.go:66:                                   - "ReadWriteOnce",
TestExamplesBasicTest 2022-12-13T14:29:04+01:00 logger.go:66:                                 ]
TestExamplesBasicTest 2022-12-13T14:29:04+01:00 logger.go:66:                               - enabled      = true
TestExamplesBasicTest 2022-12-13T14:29:04+01:00 logger.go:66:                               - mountPath    = "/data"
TestExamplesBasicTest 2022-12-13T14:29:04+01:00 logger.go:66:                               - size         = "20Gi"
TestExamplesBasicTest 2022-12-13T14:29:04+01:00 logger.go:66:                               - storageClass = "gp2"
TestExamplesBasicTest 2022-12-13T14:29:04+01:00 logger.go:66:                             }
TestExamplesBasicTest 2022-12-13T14:29:04+01:00 logger.go:66:                           - resources        = {
TestExamplesBasicTest 2022-12-13T14:29:04+01:00 logger.go:66:                               - requests = {
TestExamplesBasicTest 2022-12-13T14:29:04+01:00 logger.go:66:                                   - cpu    = "500m"
TestExamplesBasicTest 2022-12-13T14:29:04+01:00 logger.go:66:                                   - memory = "1Gi"
TestExamplesBasicTest 2022-12-13T14:29:04+01:00 logger.go:66:                                 }
TestExamplesBasicTest 2022-12-13T14:29:04+01:00 logger.go:66:                             }
TestExamplesBasicTest 2022-12-13T14:29:04+01:00 logger.go:66:                           - retention        = "1h"
TestExamplesBasicTest 2022-12-13T14:29:04+01:00 logger.go:66:                         }
TestExamplesBasicTest 2022-12-13T14:29:04+01:00 logger.go:66:                     }
TestExamplesBasicTest 2022-12-13T14:29:04+01:00 logger.go:66:                 )
TestExamplesBasicTest 2022-12-13T14:29:04+01:00 logger.go:66:               - version     = "15.10.1"
TestExamplesBasicTest 2022-12-13T14:29:04+01:00 logger.go:66:             },
TestExamplesBasicTest 2022-12-13T14:29:04+01:00 logger.go:66:         ] -> null
TestExamplesBasicTest 2022-12-13T14:29:04+01:00 logger.go:66:       - name                       = "prometheus" -> null
TestExamplesBasicTest 2022-12-13T14:29:04+01:00 logger.go:66:       - namespace                  = "prometheus" -> null
TestExamplesBasicTest 2022-12-13T14:29:04+01:00 logger.go:66:       - pass_credentials           = false -> null
TestExamplesBasicTest 2022-12-13T14:29:04+01:00 logger.go:66:       - recreate_pods              = false -> null
TestExamplesBasicTest 2022-12-13T14:29:04+01:00 logger.go:66:       - render_subchart_notes      = true -> null
TestExamplesBasicTest 2022-12-13T14:29:04+01:00 logger.go:66:       - replace                    = false -> null
TestExamplesBasicTest 2022-12-13T14:29:04+01:00 logger.go:66:       - repository                 = "https://prometheus-community.github.io/helm-charts" -> null
TestExamplesBasicTest 2022-12-13T14:29:04+01:00 logger.go:66:       - reset_values               = false -> null
TestExamplesBasicTest 2022-12-13T14:29:04+01:00 logger.go:66:       - reuse_values               = false -> null
TestExamplesBasicTest 2022-12-13T14:29:04+01:00 logger.go:66:       - skip_crds                  = false -> null
TestExamplesBasicTest 2022-12-13T14:29:04+01:00 logger.go:66:       - status                     = "deployed" -> null
TestExamplesBasicTest 2022-12-13T14:29:04+01:00 logger.go:66:       - timeout                    = 1200 -> null
TestExamplesBasicTest 2022-12-13T14:29:04+01:00 logger.go:66:       - values                     = [
TestExamplesBasicTest 2022-12-13T14:29:04+01:00 logger.go:66:           - <<-EOT
TestExamplesBasicTest 2022-12-13T14:29:04+01:00 logger.go:66:                 server:
TestExamplesBasicTest 2022-12-13T14:29:04+01:00 logger.go:66:                   retention: 1h
TestExamplesBasicTest 2022-12-13T14:29:04+01:00 logger.go:66:
TestExamplesBasicTest 2022-12-13T14:29:04+01:00 logger.go:66:                   global:
TestExamplesBasicTest 2022-12-13T14:29:04+01:00 logger.go:66:                     evaluation_interval: 30s
TestExamplesBasicTest 2022-12-13T14:29:04+01:00 logger.go:66:                     scrape_interval: 30s
TestExamplesBasicTest 2022-12-13T14:29:04+01:00 logger.go:66:                     scrape_timeout: 10s
TestExamplesBasicTest 2022-12-13T14:29:04+01:00 logger.go:66:
TestExamplesBasicTest 2022-12-13T14:29:04+01:00 logger.go:66:                   resources:
TestExamplesBasicTest 2022-12-13T14:29:04+01:00 logger.go:66:                     requests:
TestExamplesBasicTest 2022-12-13T14:29:04+01:00 logger.go:66:                       cpu: 500m
TestExamplesBasicTest 2022-12-13T14:29:04+01:00 logger.go:66:                       memory: 1Gi
TestExamplesBasicTest 2022-12-13T14:29:04+01:00 logger.go:66:
TestExamplesBasicTest 2022-12-13T14:29:04+01:00 logger.go:66:                   nodeSelector:
TestExamplesBasicTest 2022-12-13T14:29:04+01:00 logger.go:66:                     kubernetes.io/os: linux
TestExamplesBasicTest 2022-12-13T14:29:04+01:00 logger.go:66:
TestExamplesBasicTest 2022-12-13T14:29:04+01:00 logger.go:66:                   persistentVolume:
TestExamplesBasicTest 2022-12-13T14:29:04+01:00 logger.go:66:                     accessModes:
TestExamplesBasicTest 2022-12-13T14:29:04+01:00 logger.go:66:                       - ReadWriteOnce
TestExamplesBasicTest 2022-12-13T14:29:04+01:00 logger.go:66:                     enabled: true
TestExamplesBasicTest 2022-12-13T14:29:04+01:00 logger.go:66:                     mountPath: /data
TestExamplesBasicTest 2022-12-13T14:29:04+01:00 logger.go:66:                     size: 20Gi
TestExamplesBasicTest 2022-12-13T14:29:04+01:00 logger.go:66:                     storageClass: gp2
TestExamplesBasicTest 2022-12-13T14:29:04+01:00 logger.go:66:
TestExamplesBasicTest 2022-12-13T14:29:04+01:00 logger.go:66:                 alertmanager:
TestExamplesBasicTest 2022-12-13T14:29:04+01:00 logger.go:66:                   enabled: false
TestExamplesBasicTest 2022-12-13T14:29:04+01:00 logger.go:66:                   nodeSelector:
TestExamplesBasicTest 2022-12-13T14:29:04+01:00 logger.go:66:                     kubernetes.io/os: linux
TestExamplesBasicTest 2022-12-13T14:29:04+01:00 logger.go:66:
TestExamplesBasicTest 2022-12-13T14:29:04+01:00 logger.go:66:                 kube-state-metrics:
TestExamplesBasicTest 2022-12-13T14:29:04+01:00 logger.go:66:                   enabled: true
TestExamplesBasicTest 2022-12-13T14:29:04+01:00 logger.go:66:                   nodeSelector:
TestExamplesBasicTest 2022-12-13T14:29:04+01:00 logger.go:66:                     kubernetes.io/os: linux
TestExamplesBasicTest 2022-12-13T14:29:04+01:00 logger.go:66:                   resources:
TestExamplesBasicTest 2022-12-13T14:29:04+01:00 logger.go:66:                     limits:
TestExamplesBasicTest 2022-12-13T14:29:04+01:00 logger.go:66:                       cpu: 200m
TestExamplesBasicTest 2022-12-13T14:29:04+01:00 logger.go:66:                       memory: 512Mi
TestExamplesBasicTest 2022-12-13T14:29:04+01:00 logger.go:66:                     requests:
TestExamplesBasicTest 2022-12-13T14:29:04+01:00 logger.go:66:                       cpu: 200m
TestExamplesBasicTest 2022-12-13T14:29:04+01:00 logger.go:66:                       memory: 512Mi
TestExamplesBasicTest 2022-12-13T14:29:04+01:00 logger.go:66:
TestExamplesBasicTest 2022-12-13T14:29:04+01:00 logger.go:66:                 pushgateway:
TestExamplesBasicTest 2022-12-13T14:29:04+01:00 logger.go:66:                   enabled: false
TestExamplesBasicTest 2022-12-13T14:29:04+01:00 logger.go:66:                   nodeSelector:
TestExamplesBasicTest 2022-12-13T14:29:04+01:00 logger.go:66:                     kubernetes.io/os: linux
TestExamplesBasicTest 2022-12-13T14:29:04+01:00 logger.go:66:
TestExamplesBasicTest 2022-12-13T14:29:04+01:00 logger.go:66:                 nodeExporter:
TestExamplesBasicTest 2022-12-13T14:29:04+01:00 logger.go:66:                   nodeSelector:
TestExamplesBasicTest 2022-12-13T14:29:04+01:00 logger.go:66:                     kubernetes.io/os: linux
TestExamplesBasicTest 2022-12-13T14:29:04+01:00 logger.go:66:
TestExamplesBasicTest 2022-12-13T14:29:04+01:00 logger.go:66:                   resources:
TestExamplesBasicTest 2022-12-13T14:29:04+01:00 logger.go:66:                     limits:
TestExamplesBasicTest 2022-12-13T14:29:04+01:00 logger.go:66:                       cpu: 200m
TestExamplesBasicTest 2022-12-13T14:29:04+01:00 logger.go:66:                       memory: 512Mi
TestExamplesBasicTest 2022-12-13T14:29:04+01:00 logger.go:66:                     requests:
TestExamplesBasicTest 2022-12-13T14:29:04+01:00 logger.go:66:                       cpu: 200m
TestExamplesBasicTest 2022-12-13T14:29:04+01:00 logger.go:66:                       memory: 512Mi
TestExamplesBasicTest 2022-12-13T14:29:04+01:00 logger.go:66:             EOT,
TestExamplesBasicTest 2022-12-13T14:29:04+01:00 logger.go:66:         ] -> null
TestExamplesBasicTest 2022-12-13T14:29:04+01:00 logger.go:66:       - verify                     = false -> null
TestExamplesBasicTest 2022-12-13T14:29:04+01:00 logger.go:66:       - version                    = "15.10.1" -> null
TestExamplesBasicTest 2022-12-13T14:29:04+01:00 logger.go:66:       - wait                       = true -> null
TestExamplesBasicTest 2022-12-13T14:29:04+01:00 logger.go:66:       - wait_for_jobs              = false -> null
TestExamplesBasicTest 2022-12-13T14:29:04+01:00 logger.go:66:
TestExamplesBasicTest 2022-12-13T14:29:04+01:00 logger.go:66:       - postrender {
TestExamplesBasicTest 2022-12-13T14:29:04+01:00 logger.go:66:           - args = [] -> null
TestExamplesBasicTest 2022-12-13T14:29:04+01:00 logger.go:66:         }
TestExamplesBasicTest 2022-12-13T14:29:04+01:00 logger.go:66:     }
TestExamplesBasicTest 2022-12-13T14:29:04+01:00 logger.go:66:
TestExamplesBasicTest 2022-12-13T14:29:04+01:00 logger.go:66: Plan: 0 to add, 0 to change, 1 to destroy.
TestExamplesBasicTest 2022-12-13T14:29:05+01:00 logger.go:66: module.eks_blueprints_kubernetes_addons.module.prometheus[0].module.helm_addon.helm_release.addon[0]: Destroying... [id=prometheus]
TestExamplesBasicTest 2022-12-13T14:29:10+01:00 logger.go:66: module.eks_blueprints_kubernetes_addons.module.prometheus[0].module.helm_addon.helm_release.addon[0]: Destruction complete after 5s
TestExamplesBasicTest 2022-12-13T14:29:10+01:00 logger.go:66: ╷
TestExamplesBasicTest 2022-12-13T14:29:10+01:00 logger.go:66: │ Warning: Resource targeting is in effect
TestExamplesBasicTest 2022-12-13T14:29:10+01:00 logger.go:66: │
TestExamplesBasicTest 2022-12-13T14:29:10+01:00 logger.go:66: │ You are creating a plan with the -target option, which means that the
TestExamplesBasicTest 2022-12-13T14:29:10+01:00 logger.go:66: │ result of this plan may not represent all of the changes requested by the
TestExamplesBasicTest 2022-12-13T14:29:10+01:00 logger.go:66: │ current configuration.
TestExamplesBasicTest 2022-12-13T14:29:10+01:00 logger.go:66: │
TestExamplesBasicTest 2022-12-13T14:29:10+01:00 logger.go:66: │ The -target option is not for routine use, and is provided only for
TestExamplesBasicTest 2022-12-13T14:29:10+01:00 logger.go:66: │ exceptional situations such as recovering from errors or mistakes, or when
TestExamplesBasicTest 2022-12-13T14:29:10+01:00 logger.go:66: │ Terraform specifically suggests to use it as part of an error message.
TestExamplesBasicTest 2022-12-13T14:29:10+01:00 logger.go:66: ╵
TestExamplesBasicTest 2022-12-13T14:29:10+01:00 logger.go:66: ╷
TestExamplesBasicTest 2022-12-13T14:29:10+01:00 logger.go:66: │ Warning: Applied changes may be incomplete
TestExamplesBasicTest 2022-12-13T14:29:10+01:00 logger.go:66: │
TestExamplesBasicTest 2022-12-13T14:29:10+01:00 logger.go:66: │ The plan was created with the -target option in effect, so some changes
TestExamplesBasicTest 2022-12-13T14:29:10+01:00 logger.go:66: │ requested in the configuration may have been ignored and the output values
TestExamplesBasicTest 2022-12-13T14:29:10+01:00 logger.go:66: │ may not be fully updated. Run the following command to verify that no other
TestExamplesBasicTest 2022-12-13T14:29:10+01:00 logger.go:66: │ changes are pending:
TestExamplesBasicTest 2022-12-13T14:29:10+01:00 logger.go:66: │     terraform plan
TestExamplesBasicTest 2022-12-13T14:29:10+01:00 logger.go:66: │
TestExamplesBasicTest 2022-12-13T14:29:10+01:00 logger.go:66: │ Note that the -target option is not suitable for routine use, and is
TestExamplesBasicTest 2022-12-13T14:29:10+01:00 logger.go:66: │ provided only for exceptional situations such as recovering from errors or
TestExamplesBasicTest 2022-12-13T14:29:10+01:00 logger.go:66: │ mistakes, or when Terraform specifically suggests to use it as part of an
TestExamplesBasicTest 2022-12-13T14:29:10+01:00 logger.go:66: │ error message.
TestExamplesBasicTest 2022-12-13T14:29:10+01:00 logger.go:66: ╵
TestExamplesBasicTest 2022-12-13T14:29:10+01:00 logger.go:66: ╷
TestExamplesBasicTest 2022-12-13T14:29:10+01:00 logger.go:66: │ Warning: Experimental feature "module_variable_optional_attrs" is active
TestExamplesBasicTest 2022-12-13T14:29:10+01:00 logger.go:66: │
TestExamplesBasicTest 2022-12-13T14:29:10+01:00 logger.go:66: │   on .terraform/modules/eks_blueprints_kubernetes_addons.ondat/locals.tf line 2, in terraform:
TestExamplesBasicTest 2022-12-13T14:29:10+01:00 logger.go:66: │    2:   experiments = [module_variable_optional_attrs]
TestExamplesBasicTest 2022-12-13T14:29:10+01:00 logger.go:66: │
TestExamplesBasicTest 2022-12-13T14:29:10+01:00 logger.go:66: │ Experimental features are subject to breaking changes in future minor or
TestExamplesBasicTest 2022-12-13T14:29:10+01:00 logger.go:66: │ patch releases, based on feedback.
TestExamplesBasicTest 2022-12-13T14:29:10+01:00 logger.go:66: │
TestExamplesBasicTest 2022-12-13T14:29:10+01:00 logger.go:66: │ If you have feedback on the design of this feature, please open a GitHub
TestExamplesBasicTest 2022-12-13T14:29:10+01:00 logger.go:66: │ issue to discuss it.
TestExamplesBasicTest 2022-12-13T14:29:10+01:00 logger.go:66: │
TestExamplesBasicTest 2022-12-13T14:29:10+01:00 logger.go:66: │ (and 7 more similar warnings elsewhere)
TestExamplesBasicTest 2022-12-13T14:29:10+01:00 logger.go:66: ╵
TestExamplesBasicTest 2022-12-13T14:29:10+01:00 logger.go:66:
TestExamplesBasicTest 2022-12-13T14:29:10+01:00 logger.go:66: Destroy complete! Resources: 1 destroyed.
TestExamplesBasicTest 2022-12-13T14:29:10+01:00 logger.go:66:
TestExamplesBasicTest 2022-12-13T14:29:20+01:00 retry.go:91: terraform [output -no-color -json cluster_name]
TestExamplesBasicTest 2022-12-13T14:29:20+01:00 logger.go:66: Running command terraform with args [output -no-color -json cluster_name]
TestExamplesBasicTest 2022-12-13T14:29:23+01:00 logger.go:66: "test-eks-cnr"
TestExamplesBasicTest 2022-12-13T14:29:23+01:00 retry.go:91: terraform [destroy -auto-approve -input=false -var aws_region=eu-central-1 -var domain_name=testdomain.com -target module.eks_blueprints_kubernetes_addons.module.prometheus[0].kubernetes_namespace_v1.prometheus[0] -lock=false]
TestExamplesBasicTest 2022-12-13T14:29:23+01:00 logger.go:66: Running command terraform with args [destroy -auto-approve -input=false -var aws_region=eu-central-1 -var domain_name=testdomain.com -target module.eks_blueprints_kubernetes_addons.module.prometheus[0].kubernetes_namespace_v1.prometheus[0] -lock=false]
TestExamplesBasicTest 2022-12-13T14:29:35+01:00 logger.go:66: module.vpc.random_string.random: Refreshing state... [id=cnr]
TestExamplesBasicTest 2022-12-13T14:29:35+01:00 logger.go:66: module.eks_blueprints.module.aws_eks.data.aws_partition.current: Reading...
TestExamplesBasicTest 2022-12-13T14:29:35+01:00 logger.go:66: module.eks_blueprints.module.aws_eks.module.kms.data.aws_caller_identity.current: Reading...
TestExamplesBasicTest 2022-12-13T14:29:35+01:00 logger.go:66: module.eks_blueprints.data.aws_partition.current: Reading...
TestExamplesBasicTest 2022-12-13T14:29:35+01:00 logger.go:66: module.vpc.data.aws_availability_zones.available: Reading...
TestExamplesBasicTest 2022-12-13T14:29:35+01:00 logger.go:66: module.eks_blueprints.module.aws_eks.module.kms.data.aws_partition.current: Reading...
TestExamplesBasicTest 2022-12-13T14:29:35+01:00 logger.go:66: aws_route53_zone.cluster_dns: Refreshing state... [id=Z08633645H30XF5497K5]
TestExamplesBasicTest 2022-12-13T14:29:35+01:00 logger.go:66: module.eks_blueprints.data.aws_region.current: Reading...
TestExamplesBasicTest 2022-12-13T14:29:35+01:00 logger.go:66: module.eks_blueprints.module.aws_eks.data.aws_partition.current: Read complete after 0s [id=aws]
TestExamplesBasicTest 2022-12-13T14:29:35+01:00 logger.go:66: module.eks_blueprints.data.aws_partition.current: Read complete after 0s [id=aws]
TestExamplesBasicTest 2022-12-13T14:29:35+01:00 logger.go:66: module.eks_blueprints.module.aws_eks.module.kms.data.aws_partition.current: Read complete after 0s [id=aws]
TestExamplesBasicTest 2022-12-13T14:29:35+01:00 logger.go:66: module.eks_blueprints.data.aws_caller_identity.current: Reading...
TestExamplesBasicTest 2022-12-13T14:29:35+01:00 logger.go:66: module.vpc.module.vpc.aws_vpc.this[0]: Refreshing state... [id=vpc-0791878fb8ffbc01c]
TestExamplesBasicTest 2022-12-13T14:29:35+01:00 logger.go:66: module.eks_blueprints.module.aws_eks.data.aws_caller_identity.current: Reading...
TestExamplesBasicTest 2022-12-13T14:29:35+01:00 logger.go:66: module.eks_blueprints.data.aws_region.current: Read complete after 0s [id=eu-central-1]
TestExamplesBasicTest 2022-12-13T14:29:35+01:00 logger.go:66: module.eks_blueprints.module.aws_eks.data.aws_iam_policy_document.assume_role_policy[0]: Reading...
TestExamplesBasicTest 2022-12-13T14:29:35+01:00 logger.go:66: module.eks_blueprints.module.aws_eks.data.aws_iam_policy_document.assume_role_policy[0]: Read complete after 0s [id=2764486067]
TestExamplesBasicTest 2022-12-13T14:29:35+01:00 logger.go:66: module.eks_blueprints.module.aws_eks.aws_iam_role.this[0]: Refreshing state... [id=test-eks-cnr-cluster-role]
TestExamplesBasicTest 2022-12-13T14:29:35+01:00 logger.go:66: module.vpc.data.aws_availability_zones.available: Read complete after 1s [id=eu-central-1]
TestExamplesBasicTest 2022-12-13T14:29:35+01:00 logger.go:66: module.eks_blueprints.module.aws_eks.module.kms.data.aws_caller_identity.current: Read complete after 1s [id=198655350445]
TestExamplesBasicTest 2022-12-13T14:29:35+01:00 logger.go:66: module.eks_blueprints.data.aws_caller_identity.current: Read complete after 1s [id=198655350445]
TestExamplesBasicTest 2022-12-13T14:29:35+01:00 logger.go:66: module.eks_blueprints.module.aws_eks.data.aws_caller_identity.current: Read complete after 1s [id=198655350445]
TestExamplesBasicTest 2022-12-13T14:29:35+01:00 logger.go:66: module.eks_blueprints.data.aws_iam_session_context.current: Reading...
TestExamplesBasicTest 2022-12-13T14:29:35+01:00 logger.go:66: module.eks_blueprints.data.aws_iam_session_context.current: Read complete after 0s [id=arn:aws:iam::198655350445:user/geoffrey]
TestExamplesBasicTest 2022-12-13T14:29:35+01:00 logger.go:66: module.eks_blueprints.data.aws_iam_policy_document.eks_key: Reading...
TestExamplesBasicTest 2022-12-13T14:29:35+01:00 logger.go:66: module.eks_blueprints.data.aws_iam_policy_document.eks_key: Read complete after 0s [id=1606217982]
TestExamplesBasicTest 2022-12-13T14:29:35+01:00 logger.go:66: module.eks_blueprints.module.kms[0].aws_kms_key.this: Refreshing state... [id=aaf9ea20-8db5-442e-963f-65c24a741ecb]
TestExamplesBasicTest 2022-12-13T14:29:36+01:00 logger.go:66: module.eks_blueprints.module.kms[0].aws_kms_alias.this: Refreshing state... [id=alias/test-eks-cnr]
TestExamplesBasicTest 2022-12-13T14:29:36+01:00 logger.go:66: module.vpc.module.vpc.aws_subnet.private[1]: Refreshing state... [id=subnet-0e27e3b986281b92b]
TestExamplesBasicTest 2022-12-13T14:29:36+01:00 logger.go:66: module.vpc.module.vpc.aws_subnet.private[0]: Refreshing state... [id=subnet-0d7b48a5e390e0e6f]
TestExamplesBasicTest 2022-12-13T14:29:36+01:00 logger.go:66: module.vpc.module.vpc.aws_subnet.private[2]: Refreshing state... [id=subnet-0c8d7846c103de994]
TestExamplesBasicTest 2022-12-13T14:29:36+01:00 logger.go:66: module.vpc.module.vpc.aws_subnet.public[2]: Refreshing state... [id=subnet-0b1d33d6b5cb901a8]
TestExamplesBasicTest 2022-12-13T14:29:36+01:00 logger.go:66: module.vpc.module.vpc.aws_subnet.public[0]: Refreshing state... [id=subnet-028265bda5f04784f]
TestExamplesBasicTest 2022-12-13T14:29:36+01:00 logger.go:66: module.vpc.module.vpc.aws_subnet.public[1]: Refreshing state... [id=subnet-07924d65ec1758e43]
TestExamplesBasicTest 2022-12-13T14:29:36+01:00 logger.go:66: module.eks_blueprints.module.aws_eks.aws_security_group.cluster[0]: Refreshing state... [id=sg-062eb157e4f3f50dd]
TestExamplesBasicTest 2022-12-13T14:29:36+01:00 logger.go:66: module.eks_blueprints.module.aws_eks.aws_security_group.node[0]: Refreshing state... [id=sg-037a7827067035e46]
TestExamplesBasicTest 2022-12-13T14:29:36+01:00 logger.go:66: module.eks_blueprints.module.aws_eks.aws_security_group_rule.node["ingress_cluster_kubelet"]: Refreshing state... [id=sgrule-706228959]
TestExamplesBasicTest 2022-12-13T14:29:36+01:00 logger.go:66: module.eks_blueprints.module.aws_eks.aws_security_group_rule.node["cluster_to_nginx_webhook"]: Refreshing state... [id=sgrule-4007266607]
TestExamplesBasicTest 2022-12-13T14:29:36+01:00 logger.go:66: module.eks_blueprints.module.aws_eks.aws_security_group_rule.node["egress_self_coredns_tcp"]: Refreshing state... [id=sgrule-2184819475]
TestExamplesBasicTest 2022-12-13T14:29:36+01:00 logger.go:66: module.eks_blueprints.module.aws_eks.aws_security_group_rule.node["cluster_to_load_balancer_controller_webhook"]: Refreshing state... [id=sgrule-2323331812]
TestExamplesBasicTest 2022-12-13T14:29:36+01:00 logger.go:66: module.eks_blueprints.module.aws_eks.aws_security_group_rule.node["ingress_self_coredns_tcp"]: Refreshing state... [id=sgrule-1515646507]
TestExamplesBasicTest 2022-12-13T14:29:36+01:00 logger.go:66: module.eks_blueprints.module.aws_eks.aws_security_group_rule.node["egress_self_coredns_udp"]: Refreshing state... [id=sgrule-207499637]
TestExamplesBasicTest 2022-12-13T14:29:36+01:00 logger.go:66: module.eks_blueprints.module.aws_eks.aws_security_group_rule.node["egress_https"]: Refreshing state... [id=sgrule-2202762223]
TestExamplesBasicTest 2022-12-13T14:29:36+01:00 logger.go:66: module.eks_blueprints.module.aws_eks.aws_security_group_rule.node["ingress_self_coredns_udp"]: Refreshing state... [id=sgrule-4262022596]
TestExamplesBasicTest 2022-12-13T14:29:36+01:00 logger.go:66: module.eks_blueprints.module.aws_eks.aws_security_group_rule.node["egress_cluster_443"]: Refreshing state... [id=sgrule-893876747]
TestExamplesBasicTest 2022-12-13T14:29:36+01:00 logger.go:66: module.eks_blueprints.module.aws_eks.aws_security_group_rule.node["ingress_cluster_443"]: Refreshing state... [id=sgrule-2750980230]
TestExamplesBasicTest 2022-12-13T14:29:36+01:00 logger.go:66: module.eks_blueprints.module.aws_eks.aws_security_group_rule.node["egress_ntp_udp"]: Refreshing state... [id=sgrule-571171836]
TestExamplesBasicTest 2022-12-13T14:29:36+01:00 logger.go:66: module.eks_blueprints.module.aws_eks.aws_security_group_rule.node["egress_ntp_tcp"]: Refreshing state... [id=sgrule-1553286897]
TestExamplesBasicTest 2022-12-13T14:29:36+01:00 logger.go:66: module.eks_blueprints.module.aws_eks.aws_security_group_rule.cluster["ingress_nodes_443"]: Refreshing state... [id=sgrule-4015531125]
TestExamplesBasicTest 2022-12-13T14:29:36+01:00 logger.go:66: module.eks_blueprints.module.aws_eks.aws_security_group_rule.cluster["egress_nodes_kubelet"]: Refreshing state... [id=sgrule-795928884]
TestExamplesBasicTest 2022-12-13T14:29:36+01:00 logger.go:66: module.eks_blueprints.module.aws_eks.aws_iam_role_policy_attachment.this["arn:aws:iam::aws:policy/AmazonEKSClusterPolicy"]: Refreshing state... [id=test-eks-cnr-cluster-role-20221213131127510100000005]
TestExamplesBasicTest 2022-12-13T14:29:36+01:00 logger.go:66: module.eks_blueprints.module.aws_eks.aws_security_group_rule.cluster["egress_nodes_443"]: Refreshing state... [id=sgrule-1547492526]
TestExamplesBasicTest 2022-12-13T14:29:36+01:00 logger.go:66: module.eks_blueprints.module.aws_eks.aws_iam_role_policy_attachment.this["arn:aws:iam::aws:policy/AmazonEKSVPCResourceController"]: Refreshing state... [id=test-eks-cnr-cluster-role-20221213131127342900000004]
TestExamplesBasicTest 2022-12-13T14:29:36+01:00 logger.go:66: module.eks_blueprints.module.aws_eks.aws_eks_cluster.this[0]: Refreshing state... [id=test-eks-cnr]
TestExamplesBasicTest 2022-12-13T14:29:37+01:00 logger.go:66: module.eks_blueprints.module.aws_eks.data.tls_certificate.this[0]: Reading...
TestExamplesBasicTest 2022-12-13T14:29:37+01:00 logger.go:66: module.eks_blueprints.data.aws_eks_cluster.cluster[0]: Reading...
TestExamplesBasicTest 2022-12-13T14:29:37+01:00 logger.go:66: data.aws_eks_cluster_auth.this: Reading...
TestExamplesBasicTest 2022-12-13T14:29:37+01:00 logger.go:66: data.aws_eks_cluster_auth.this: Read complete after 0s [id=test-eks-cnr]
TestExamplesBasicTest 2022-12-13T14:29:37+01:00 logger.go:66: module.eks_blueprints.data.aws_eks_cluster.cluster[0]: Read complete after 0s [id=test-eks-cnr]
TestExamplesBasicTest 2022-12-13T14:29:37+01:00 logger.go:66: module.eks_blueprints.data.http.eks_cluster_readiness[0]: Reading...
TestExamplesBasicTest 2022-12-13T14:29:37+01:00 logger.go:66: module.eks_blueprints.module.aws_eks.data.tls_certificate.this[0]: Read complete after 0s [id=ae0a6b0d8ce514bb151703165fd3369a1b686caf]
TestExamplesBasicTest 2022-12-13T14:29:37+01:00 logger.go:66: module.eks_blueprints.module.aws_eks.aws_iam_openid_connect_provider.oidc_provider[0]: Refreshing state... [id=arn:aws:iam::198655350445:oidc-provider/oidc.eks.eu-central-1.amazonaws.com/id/7864DCD89C8A3F7C0EDC840780A1362D]
TestExamplesBasicTest 2022-12-13T14:29:37+01:00 logger.go:66: module.eks_blueprints.data.http.eks_cluster_readiness[0]: Read complete after 0s [id=https://7864DCD89C8A3F7C0EDC840780A1362D.gr7.eu-central-1.eks.amazonaws.com/healthz]
TestExamplesBasicTest 2022-12-13T14:29:37+01:00 logger.go:66: module.eks_blueprints.kubernetes_config_map.aws_auth[0]: Refreshing state... [id=kube-system/aws-auth]
TestExamplesBasicTest 2022-12-13T14:29:37+01:00 logger.go:66: module.eks_blueprints.module.aws_eks_managed_node_groups["t3_medium"].data.aws_iam_policy_document.managed_ng_assume_role_policy: Reading...
TestExamplesBasicTest 2022-12-13T14:29:37+01:00 logger.go:66: module.eks_blueprints.module.aws_eks_managed_node_groups["t3_medium"].data.aws_iam_policy_document.managed_ng_assume_role_policy: Read complete after 0s [id=3778018924]
TestExamplesBasicTest 2022-12-13T14:29:37+01:00 logger.go:66: module.eks_blueprints.module.aws_eks_managed_node_groups["t3_medium"].aws_iam_role.managed_ng[0]: Refreshing state... [id=test-eks-cnr-managed-ondemand]
TestExamplesBasicTest 2022-12-13T14:29:38+01:00 logger.go:66: module.eks_blueprints.module.aws_eks_managed_node_groups["t3_medium"].aws_iam_instance_profile.managed_ng[0]: Refreshing state... [id=test-eks-cnr-managed-ondemand]
TestExamplesBasicTest 2022-12-13T14:29:38+01:00 logger.go:66: module.eks_blueprints.module.aws_eks_managed_node_groups["t3_medium"].aws_iam_role_policy_attachment.managed_ng["arn:aws:iam::aws:policy/AmazonSSMManagedInstanceCore"]: Refreshing state... [id=test-eks-cnr-managed-ondemand-2022121313225748670000000a]
TestExamplesBasicTest 2022-12-13T14:29:38+01:00 logger.go:66: module.eks_blueprints.module.aws_eks_managed_node_groups["t3_medium"].aws_iam_role_policy_attachment.managed_ng["arn:aws:iam::aws:policy/AmazonEKSWorkerNodePolicy"]: Refreshing state... [id=test-eks-cnr-managed-ondemand-2022121313225766710000000c]
TestExamplesBasicTest 2022-12-13T14:29:38+01:00 logger.go:66: module.eks_blueprints.module.aws_eks_managed_node_groups["t3_medium"].aws_iam_role_policy_attachment.managed_ng["arn:aws:iam::aws:policy/AmazonEKS_CNI_Policy"]: Refreshing state... [id=test-eks-cnr-managed-ondemand-20221213132257343000000009]
TestExamplesBasicTest 2022-12-13T14:29:38+01:00 logger.go:66: module.eks_blueprints.module.aws_eks_managed_node_groups["t3_medium"].aws_iam_role_policy_attachment.managed_ng["arn:aws:iam::aws:policy/AmazonEC2ContainerRegistryReadOnly"]: Refreshing state... [id=test-eks-cnr-managed-ondemand-2022121313225763850000000b]
TestExamplesBasicTest 2022-12-13T14:29:38+01:00 logger.go:66: module.eks_blueprints.module.aws_eks_managed_node_groups["t3_medium"].aws_eks_node_group.managed_ng: Refreshing state... [id=test-eks-cnr:managed-ondemand-2022121313225795950000000d]
TestExamplesBasicTest 2022-12-13T14:29:39+01:00 logger.go:66: helm_release.loki: Refreshing state... [id=loki-stack]
TestExamplesBasicTest 2022-12-13T14:29:40+01:00 logger.go:66: module.eks_blueprints_kubernetes_addons.module.prometheus[0].kubernetes_namespace_v1.prometheus[0]: Refreshing state... [id=prometheus]
TestExamplesBasicTest 2022-12-13T14:29:41+01:00 logger.go:66:
TestExamplesBasicTest 2022-12-13T14:29:41+01:00 logger.go:66: Terraform used the selected providers to generate the following execution
TestExamplesBasicTest 2022-12-13T14:29:41+01:00 logger.go:66: plan. Resource actions are indicated with the following symbols:
TestExamplesBasicTest 2022-12-13T14:29:41+01:00 logger.go:66:   - destroy
TestExamplesBasicTest 2022-12-13T14:29:41+01:00 logger.go:66:
TestExamplesBasicTest 2022-12-13T14:29:41+01:00 logger.go:66: Terraform will perform the following actions:
TestExamplesBasicTest 2022-12-13T14:29:41+01:00 logger.go:66:
TestExamplesBasicTest 2022-12-13T14:29:41+01:00 logger.go:66:   # module.eks_blueprints_kubernetes_addons.module.prometheus[0].kubernetes_namespace_v1.prometheus[0] will be destroyed
TestExamplesBasicTest 2022-12-13T14:29:41+01:00 logger.go:66:   - resource "kubernetes_namespace_v1" "prometheus" {
TestExamplesBasicTest 2022-12-13T14:29:41+01:00 logger.go:66:       - id = "prometheus" -> null
TestExamplesBasicTest 2022-12-13T14:29:41+01:00 logger.go:66:
TestExamplesBasicTest 2022-12-13T14:29:41+01:00 logger.go:66:       - metadata {
TestExamplesBasicTest 2022-12-13T14:29:41+01:00 logger.go:66:           - annotations      = {} -> null
TestExamplesBasicTest 2022-12-13T14:29:41+01:00 logger.go:66:           - generation       = 0 -> null
TestExamplesBasicTest 2022-12-13T14:29:41+01:00 logger.go:66:           - labels           = {} -> null
TestExamplesBasicTest 2022-12-13T14:29:41+01:00 logger.go:66:           - name             = "prometheus" -> null
TestExamplesBasicTest 2022-12-13T14:29:41+01:00 logger.go:66:           - resource_version = "1921" -> null
TestExamplesBasicTest 2022-12-13T14:29:41+01:00 logger.go:66:           - uid              = "08aa4fd6-edb8-45b0-b8ce-e66fa4cf8fea" -> null
TestExamplesBasicTest 2022-12-13T14:29:41+01:00 logger.go:66:         }
TestExamplesBasicTest 2022-12-13T14:29:41+01:00 logger.go:66:     }
TestExamplesBasicTest 2022-12-13T14:29:41+01:00 logger.go:66:
TestExamplesBasicTest 2022-12-13T14:29:41+01:00 logger.go:66: Plan: 0 to add, 0 to change, 1 to destroy.
TestExamplesBasicTest 2022-12-13T14:29:42+01:00 logger.go:66: module.eks_blueprints_kubernetes_addons.module.prometheus[0].kubernetes_namespace_v1.prometheus[0]: Destroying... [id=prometheus]
TestExamplesBasicTest 2022-12-13T14:29:48+01:00 logger.go:66: module.eks_blueprints_kubernetes_addons.module.prometheus[0].kubernetes_namespace_v1.prometheus[0]: Destruction complete after 7s
TestExamplesBasicTest 2022-12-13T14:29:48+01:00 logger.go:66: ╷
TestExamplesBasicTest 2022-12-13T14:29:48+01:00 logger.go:66: │ Warning: Resource targeting is in effect
TestExamplesBasicTest 2022-12-13T14:29:48+01:00 logger.go:66: │
TestExamplesBasicTest 2022-12-13T14:29:48+01:00 logger.go:66: │ You are creating a plan with the -target option, which means that the
TestExamplesBasicTest 2022-12-13T14:29:48+01:00 logger.go:66: │ result of this plan may not represent all of the changes requested by the
TestExamplesBasicTest 2022-12-13T14:29:48+01:00 logger.go:66: │ current configuration.
TestExamplesBasicTest 2022-12-13T14:29:48+01:00 logger.go:66: │
TestExamplesBasicTest 2022-12-13T14:29:48+01:00 logger.go:66: │ The -target option is not for routine use, and is provided only for
TestExamplesBasicTest 2022-12-13T14:29:48+01:00 logger.go:66: │ exceptional situations such as recovering from errors or mistakes, or when
TestExamplesBasicTest 2022-12-13T14:29:48+01:00 logger.go:66: │ Terraform specifically suggests to use it as part of an error message.
TestExamplesBasicTest 2022-12-13T14:29:48+01:00 logger.go:66: ╵
TestExamplesBasicTest 2022-12-13T14:29:48+01:00 logger.go:66: ╷
TestExamplesBasicTest 2022-12-13T14:29:48+01:00 logger.go:66: │ Warning: Applied changes may be incomplete
TestExamplesBasicTest 2022-12-13T14:29:48+01:00 logger.go:66: │
TestExamplesBasicTest 2022-12-13T14:29:48+01:00 logger.go:66: │ The plan was created with the -target option in effect, so some changes
TestExamplesBasicTest 2022-12-13T14:29:48+01:00 logger.go:66: │ requested in the configuration may have been ignored and the output values
TestExamplesBasicTest 2022-12-13T14:29:48+01:00 logger.go:66: │ may not be fully updated. Run the following command to verify that no other
TestExamplesBasicTest 2022-12-13T14:29:48+01:00 logger.go:66: │ changes are pending:
TestExamplesBasicTest 2022-12-13T14:29:48+01:00 logger.go:66: │     terraform plan
TestExamplesBasicTest 2022-12-13T14:29:48+01:00 logger.go:66: │
TestExamplesBasicTest 2022-12-13T14:29:48+01:00 logger.go:66: │ Note that the -target option is not suitable for routine use, and is
TestExamplesBasicTest 2022-12-13T14:29:48+01:00 logger.go:66: │ provided only for exceptional situations such as recovering from errors or
TestExamplesBasicTest 2022-12-13T14:29:48+01:00 logger.go:66: │ mistakes, or when Terraform specifically suggests to use it as part of an
TestExamplesBasicTest 2022-12-13T14:29:48+01:00 logger.go:66: │ error message.
TestExamplesBasicTest 2022-12-13T14:29:48+01:00 logger.go:66: ╵
TestExamplesBasicTest 2022-12-13T14:29:48+01:00 logger.go:66: ╷
TestExamplesBasicTest 2022-12-13T14:29:48+01:00 logger.go:66: │ Warning: Experimental feature "module_variable_optional_attrs" is active
TestExamplesBasicTest 2022-12-13T14:29:48+01:00 logger.go:66: │
TestExamplesBasicTest 2022-12-13T14:29:48+01:00 logger.go:66: │   on .terraform/modules/eks_blueprints_kubernetes_addons.ondat/locals.tf line 2, in terraform:
TestExamplesBasicTest 2022-12-13T14:29:48+01:00 logger.go:66: │    2:   experiments = [module_variable_optional_attrs]
TestExamplesBasicTest 2022-12-13T14:29:48+01:00 logger.go:66: │
TestExamplesBasicTest 2022-12-13T14:29:48+01:00 logger.go:66: │ Experimental features are subject to breaking changes in future minor or
TestExamplesBasicTest 2022-12-13T14:29:48+01:00 logger.go:66: │ patch releases, based on feedback.
TestExamplesBasicTest 2022-12-13T14:29:48+01:00 logger.go:66: │
TestExamplesBasicTest 2022-12-13T14:29:48+01:00 logger.go:66: │ If you have feedback on the design of this feature, please open a GitHub
TestExamplesBasicTest 2022-12-13T14:29:48+01:00 logger.go:66: │ issue to discuss it.
TestExamplesBasicTest 2022-12-13T14:29:48+01:00 logger.go:66: │
TestExamplesBasicTest 2022-12-13T14:29:48+01:00 logger.go:66: │ (and 7 more similar warnings elsewhere)
TestExamplesBasicTest 2022-12-13T14:29:48+01:00 logger.go:66: ╵
TestExamplesBasicTest 2022-12-13T14:29:48+01:00 logger.go:66:
TestExamplesBasicTest 2022-12-13T14:29:48+01:00 logger.go:66: Destroy complete! Resources: 1 destroyed.
TestExamplesBasicTest 2022-12-13T14:29:48+01:00 logger.go:66:
TestExamplesBasicTest 2022-12-13T14:29:58+01:00 retry.go:91: terraform [output -no-color -json cluster_name]
TestExamplesBasicTest 2022-12-13T14:29:58+01:00 logger.go:66: Running command terraform with args [output -no-color -json cluster_name]
TestExamplesBasicTest 2022-12-13T14:30:02+01:00 logger.go:66: "test-eks-cnr"
TestExamplesBasicTest 2022-12-13T14:30:02+01:00 retry.go:91: terraform [destroy -auto-approve -input=false -var aws_region=eu-central-1 -var domain_name=testdomain.com -target module.eks_blueprints_kubernetes_addons -lock=false]
TestExamplesBasicTest 2022-12-13T14:30:02+01:00 logger.go:66: Running command terraform with args [destroy -auto-approve -input=false -var aws_region=eu-central-1 -var domain_name=testdomain.com -target module.eks_blueprints_kubernetes_addons -lock=false]
TestExamplesBasicTest 2022-12-13T14:30:16+01:00 logger.go:66: random_password.grafana: Refreshing state... [id=none]
TestExamplesBasicTest 2022-12-13T14:30:16+01:00 logger.go:66: module.vpc.random_string.random: Refreshing state... [id=cnr]
TestExamplesBasicTest 2022-12-13T14:30:16+01:00 logger.go:66: module.eks_blueprints.module.aws_eks.module.kms.data.aws_caller_identity.current: Reading...
TestExamplesBasicTest 2022-12-13T14:30:16+01:00 logger.go:66: aws_route53_zone.cluster_dns: Refreshing state... [id=Z08633645H30XF5497K5]
TestExamplesBasicTest 2022-12-13T14:30:16+01:00 logger.go:66: module.eks_blueprints.module.aws_eks.data.aws_partition.current: Reading...
TestExamplesBasicTest 2022-12-13T14:30:16+01:00 logger.go:66: module.eks_blueprints.module.aws_eks.module.kms.data.aws_partition.current: Reading...
TestExamplesBasicTest 2022-12-13T14:30:16+01:00 logger.go:66: module.vpc.data.aws_availability_zones.available: Reading...
TestExamplesBasicTest 2022-12-13T14:30:16+01:00 logger.go:66: aws_secretsmanager_secret.grafana: Refreshing state... [id=arn:aws:secretsmanager:eu-central-1:198655350445:secret:grafana-admin-password20221213131125918600000002-HYwGZZ]
TestExamplesBasicTest 2022-12-13T14:30:16+01:00 logger.go:66: module.eks_blueprints.data.aws_region.current: Reading...
TestExamplesBasicTest 2022-12-13T14:30:16+01:00 logger.go:66: module.eks_blueprints.data.aws_partition.current: Reading...
TestExamplesBasicTest 2022-12-13T14:30:16+01:00 logger.go:66: module.eks_blueprints.module.aws_eks.data.aws_caller_identity.current: Reading...
TestExamplesBasicTest 2022-12-13T14:30:16+01:00 logger.go:66: module.vpc.module.vpc.aws_vpc.this[0]: Refreshing state... [id=vpc-0791878fb8ffbc01c]
TestExamplesBasicTest 2022-12-13T14:30:16+01:00 logger.go:66: module.eks_blueprints.module.aws_eks.data.aws_partition.current: Read complete after 0s [id=aws]
TestExamplesBasicTest 2022-12-13T14:30:16+01:00 logger.go:66: module.eks_blueprints.module.aws_eks.module.kms.data.aws_partition.current: Read complete after 0s [id=aws]
TestExamplesBasicTest 2022-12-13T14:30:16+01:00 logger.go:66: module.eks_blueprints.data.aws_partition.current: Read complete after 0s [id=aws]
TestExamplesBasicTest 2022-12-13T14:30:16+01:00 logger.go:66: module.eks_blueprints.data.aws_region.current: Read complete after 0s [id=eu-central-1]
TestExamplesBasicTest 2022-12-13T14:30:16+01:00 logger.go:66: module.eks_blueprints.data.aws_caller_identity.current: Reading...
TestExamplesBasicTest 2022-12-13T14:30:16+01:00 logger.go:66: module.eks_blueprints.module.aws_eks.data.aws_iam_policy_document.assume_role_policy[0]: Reading...
TestExamplesBasicTest 2022-12-13T14:30:16+01:00 logger.go:66: module.eks_blueprints.module.aws_eks.data.aws_iam_policy_document.assume_role_policy[0]: Read complete after 0s [id=2764486067]
TestExamplesBasicTest 2022-12-13T14:30:16+01:00 logger.go:66: module.eks_blueprints.module.aws_eks.aws_iam_role.this[0]: Refreshing state... [id=test-eks-cnr-cluster-role]
TestExamplesBasicTest 2022-12-13T14:30:16+01:00 logger.go:66: module.vpc.data.aws_availability_zones.available: Read complete after 1s [id=eu-central-1]
TestExamplesBasicTest 2022-12-13T14:30:16+01:00 logger.go:66: aws_secretsmanager_secret_version.grafana: Refreshing state... [id=arn:aws:secretsmanager:eu-central-1:198655350445:secret:grafana-admin-password20221213131125918600000002-HYwGZZ|5CFA7E22-FDB3-4257-8745-430740E1B98F]
TestExamplesBasicTest 2022-12-13T14:30:16+01:00 logger.go:66: module.eks_blueprints.module.aws_eks.data.aws_caller_identity.current: Read complete after 1s [id=198655350445]
TestExamplesBasicTest 2022-12-13T14:30:16+01:00 logger.go:66: module.eks_blueprints.data.aws_caller_identity.current: Read complete after 1s [id=198655350445]
TestExamplesBasicTest 2022-12-13T14:30:16+01:00 logger.go:66: module.eks_blueprints.module.aws_eks.module.kms.data.aws_caller_identity.current: Read complete after 1s [id=198655350445]
TestExamplesBasicTest 2022-12-13T14:30:16+01:00 logger.go:66: module.eks_blueprints.data.aws_iam_session_context.current: Reading...
TestExamplesBasicTest 2022-12-13T14:30:16+01:00 logger.go:66: module.eks_blueprints.data.aws_iam_session_context.current: Read complete after 0s [id=arn:aws:iam::198655350445:user/geoffrey]
TestExamplesBasicTest 2022-12-13T14:30:16+01:00 logger.go:66: module.eks_blueprints.data.aws_iam_policy_document.eks_key: Reading...
TestExamplesBasicTest 2022-12-13T14:30:16+01:00 logger.go:66: module.eks_blueprints.data.aws_iam_policy_document.eks_key: Read complete after 0s [id=1606217982]
TestExamplesBasicTest 2022-12-13T14:30:16+01:00 logger.go:66: module.eks_blueprints.module.kms[0].aws_kms_key.this: Refreshing state... [id=aaf9ea20-8db5-442e-963f-65c24a741ecb]
TestExamplesBasicTest 2022-12-13T14:30:17+01:00 logger.go:66: module.eks_blueprints.module.kms[0].aws_kms_alias.this: Refreshing state... [id=alias/test-eks-cnr]
TestExamplesBasicTest 2022-12-13T14:30:17+01:00 logger.go:66: module.vpc.module.vpc.aws_subnet.private[1]: Refreshing state... [id=subnet-0e27e3b986281b92b]
TestExamplesBasicTest 2022-12-13T14:30:17+01:00 logger.go:66: module.vpc.module.vpc.aws_subnet.public[2]: Refreshing state... [id=subnet-0b1d33d6b5cb901a8]
TestExamplesBasicTest 2022-12-13T14:30:17+01:00 logger.go:66: module.vpc.module.vpc.aws_subnet.private[2]: Refreshing state... [id=subnet-0c8d7846c103de994]
TestExamplesBasicTest 2022-12-13T14:30:17+01:00 logger.go:66: module.vpc.module.vpc.aws_subnet.private[0]: Refreshing state... [id=subnet-0d7b48a5e390e0e6f]
TestExamplesBasicTest 2022-12-13T14:30:17+01:00 logger.go:66: module.vpc.module.vpc.aws_subnet.public[0]: Refreshing state... [id=subnet-028265bda5f04784f]
TestExamplesBasicTest 2022-12-13T14:30:17+01:00 logger.go:66: module.vpc.module.vpc.aws_subnet.public[1]: Refreshing state... [id=subnet-07924d65ec1758e43]
TestExamplesBasicTest 2022-12-13T14:30:17+01:00 logger.go:66: module.eks_blueprints.module.aws_eks.aws_security_group.node[0]: Refreshing state... [id=sg-037a7827067035e46]
TestExamplesBasicTest 2022-12-13T14:30:17+01:00 logger.go:66: module.eks_blueprints.module.aws_eks.aws_security_group.cluster[0]: Refreshing state... [id=sg-062eb157e4f3f50dd]
TestExamplesBasicTest 2022-12-13T14:30:17+01:00 logger.go:66: module.eks_blueprints.module.aws_eks.aws_security_group_rule.node["egress_self_coredns_tcp"]: Refreshing state... [id=sgrule-2184819475]
TestExamplesBasicTest 2022-12-13T14:30:17+01:00 logger.go:66: module.eks_blueprints.module.aws_eks.aws_security_group_rule.node["egress_ntp_tcp"]: Refreshing state... [id=sgrule-1553286897]
TestExamplesBasicTest 2022-12-13T14:30:17+01:00 logger.go:66: module.eks_blueprints.module.aws_eks.aws_security_group_rule.node["egress_https"]: Refreshing state... [id=sgrule-2202762223]
TestExamplesBasicTest 2022-12-13T14:30:17+01:00 logger.go:66: module.eks_blueprints.module.aws_eks.aws_security_group_rule.node["cluster_to_load_balancer_controller_webhook"]: Refreshing state... [id=sgrule-2323331812]
TestExamplesBasicTest 2022-12-13T14:30:17+01:00 logger.go:66: module.eks_blueprints.module.aws_eks.aws_security_group_rule.node["egress_cluster_443"]: Refreshing state... [id=sgrule-893876747]
TestExamplesBasicTest 2022-12-13T14:30:17+01:00 logger.go:66: module.eks_blueprints.module.aws_eks.aws_security_group_rule.node["ingress_self_coredns_tcp"]: Refreshing state... [id=sgrule-1515646507]
TestExamplesBasicTest 2022-12-13T14:30:17+01:00 logger.go:66: module.eks_blueprints.module.aws_eks.aws_security_group_rule.node["ingress_self_coredns_udp"]: Refreshing state... [id=sgrule-4262022596]
TestExamplesBasicTest 2022-12-13T14:30:17+01:00 logger.go:66: module.eks_blueprints.module.aws_eks.aws_security_group_rule.node["ingress_cluster_kubelet"]: Refreshing state... [id=sgrule-706228959]
TestExamplesBasicTest 2022-12-13T14:30:17+01:00 logger.go:66: module.eks_blueprints.module.aws_eks.aws_security_group_rule.node["ingress_cluster_443"]: Refreshing state... [id=sgrule-2750980230]
TestExamplesBasicTest 2022-12-13T14:30:17+01:00 logger.go:66: module.eks_blueprints.module.aws_eks.aws_security_group_rule.node["egress_ntp_udp"]: Refreshing state... [id=sgrule-571171836]
TestExamplesBasicTest 2022-12-13T14:30:17+01:00 logger.go:66: module.eks_blueprints.module.aws_eks.aws_security_group_rule.node["egress_self_coredns_udp"]: Refreshing state... [id=sgrule-207499637]
TestExamplesBasicTest 2022-12-13T14:30:17+01:00 logger.go:66: module.eks_blueprints.module.aws_eks.aws_security_group_rule.node["cluster_to_nginx_webhook"]: Refreshing state... [id=sgrule-4007266607]
TestExamplesBasicTest 2022-12-13T14:30:17+01:00 logger.go:66: module.eks_blueprints.module.aws_eks.aws_security_group_rule.cluster["egress_nodes_443"]: Refreshing state... [id=sgrule-1547492526]
TestExamplesBasicTest 2022-12-13T14:30:17+01:00 logger.go:66: module.eks_blueprints.module.aws_eks.aws_security_group_rule.cluster["egress_nodes_kubelet"]: Refreshing state... [id=sgrule-795928884]
TestExamplesBasicTest 2022-12-13T14:30:17+01:00 logger.go:66: module.eks_blueprints.module.aws_eks.aws_security_group_rule.cluster["ingress_nodes_443"]: Refreshing state... [id=sgrule-4015531125]
TestExamplesBasicTest 2022-12-13T14:30:17+01:00 logger.go:66: module.eks_blueprints.module.aws_eks.aws_iam_role_policy_attachment.this["arn:aws:iam::aws:policy/AmazonEKSVPCResourceController"]: Refreshing state... [id=test-eks-cnr-cluster-role-20221213131127342900000004]
TestExamplesBasicTest 2022-12-13T14:30:17+01:00 logger.go:66: module.eks_blueprints.module.aws_eks.aws_iam_role_policy_attachment.this["arn:aws:iam::aws:policy/AmazonEKSClusterPolicy"]: Refreshing state... [id=test-eks-cnr-cluster-role-20221213131127510100000005]
TestExamplesBasicTest 2022-12-13T14:30:17+01:00 logger.go:66: module.eks_blueprints.module.aws_eks.aws_eks_cluster.this[0]: Refreshing state... [id=test-eks-cnr]
TestExamplesBasicTest 2022-12-13T14:30:18+01:00 logger.go:66: module.eks_blueprints.module.aws_eks.data.tls_certificate.this[0]: Reading...
TestExamplesBasicTest 2022-12-13T14:30:18+01:00 logger.go:66: module.eks_blueprints.data.aws_eks_cluster.cluster[0]: Reading...
TestExamplesBasicTest 2022-12-13T14:30:18+01:00 logger.go:66: data.aws_eks_cluster_auth.this: Reading...
TestExamplesBasicTest 2022-12-13T14:30:18+01:00 logger.go:66: data.aws_eks_cluster_auth.this: Read complete after 0s [id=test-eks-cnr]
TestExamplesBasicTest 2022-12-13T14:30:18+01:00 logger.go:66: module.eks_blueprints.data.aws_eks_cluster.cluster[0]: Read complete after 1s [id=test-eks-cnr]
TestExamplesBasicTest 2022-12-13T14:30:18+01:00 logger.go:66: module.eks_blueprints.data.http.eks_cluster_readiness[0]: Reading...
TestExamplesBasicTest 2022-12-13T14:30:18+01:00 logger.go:66: module.eks_blueprints.module.aws_eks.data.tls_certificate.this[0]: Read complete after 1s [id=ae0a6b0d8ce514bb151703165fd3369a1b686caf]
TestExamplesBasicTest 2022-12-13T14:30:18+01:00 logger.go:66: module.eks_blueprints.module.aws_eks.aws_iam_openid_connect_provider.oidc_provider[0]: Refreshing state... [id=arn:aws:iam::198655350445:oidc-provider/oidc.eks.eu-central-1.amazonaws.com/id/7864DCD89C8A3F7C0EDC840780A1362D]
TestExamplesBasicTest 2022-12-13T14:30:18+01:00 logger.go:66: module.eks_blueprints.data.http.eks_cluster_readiness[0]: Read complete after 0s [id=https://7864DCD89C8A3F7C0EDC840780A1362D.gr7.eu-central-1.eks.amazonaws.com/healthz]
TestExamplesBasicTest 2022-12-13T14:30:18+01:00 logger.go:66: module.eks_blueprints.kubernetes_config_map.aws_auth[0]: Refreshing state... [id=kube-system/aws-auth]
TestExamplesBasicTest 2022-12-13T14:30:18+01:00 logger.go:66: module.eks_blueprints.module.aws_eks_managed_node_groups["t3_medium"].data.aws_iam_policy_document.managed_ng_assume_role_policy: Reading...
TestExamplesBasicTest 2022-12-13T14:30:18+01:00 logger.go:66: module.eks_blueprints.module.aws_eks_managed_node_groups["t3_medium"].data.aws_iam_policy_document.managed_ng_assume_role_policy: Read complete after 0s [id=3778018924]
TestExamplesBasicTest 2022-12-13T14:30:18+01:00 logger.go:66: module.eks_blueprints.module.aws_eks_managed_node_groups["t3_medium"].aws_iam_role.managed_ng[0]: Refreshing state... [id=test-eks-cnr-managed-ondemand]
TestExamplesBasicTest 2022-12-13T14:30:19+01:00 logger.go:66: module.eks_blueprints.module.aws_eks_managed_node_groups["t3_medium"].aws_iam_instance_profile.managed_ng[0]: Refreshing state... [id=test-eks-cnr-managed-ondemand]
TestExamplesBasicTest 2022-12-13T14:30:19+01:00 logger.go:66: module.eks_blueprints.module.aws_eks_managed_node_groups["t3_medium"].aws_iam_role_policy_attachment.managed_ng["arn:aws:iam::aws:policy/AmazonEKSWorkerNodePolicy"]: Refreshing state... [id=test-eks-cnr-managed-ondemand-2022121313225766710000000c]
TestExamplesBasicTest 2022-12-13T14:30:19+01:00 logger.go:66: module.eks_blueprints.module.aws_eks_managed_node_groups["t3_medium"].aws_iam_role_policy_attachment.managed_ng["arn:aws:iam::aws:policy/AmazonEKS_CNI_Policy"]: Refreshing state... [id=test-eks-cnr-managed-ondemand-20221213132257343000000009]
TestExamplesBasicTest 2022-12-13T14:30:19+01:00 logger.go:66: module.eks_blueprints.module.aws_eks_managed_node_groups["t3_medium"].aws_iam_role_policy_attachment.managed_ng["arn:aws:iam::aws:policy/AmazonEC2ContainerRegistryReadOnly"]: Refreshing state... [id=test-eks-cnr-managed-ondemand-2022121313225763850000000b]
TestExamplesBasicTest 2022-12-13T14:30:19+01:00 logger.go:66: module.eks_blueprints.module.aws_eks_managed_node_groups["t3_medium"].aws_iam_role_policy_attachment.managed_ng["arn:aws:iam::aws:policy/AmazonSSMManagedInstanceCore"]: Refreshing state... [id=test-eks-cnr-managed-ondemand-2022121313225748670000000a]
TestExamplesBasicTest 2022-12-13T14:30:20+01:00 logger.go:66: module.eks_blueprints.module.aws_eks_managed_node_groups["t3_medium"].aws_eks_node_group.managed_ng: Refreshing state... [id=test-eks-cnr:managed-ondemand-2022121313225795950000000d]
TestExamplesBasicTest 2022-12-13T14:30:20+01:00 logger.go:66: helm_release.loki: Refreshing state... [id=loki-stack]
TestExamplesBasicTest 2022-12-13T14:30:21+01:00 logger.go:66: module.eks_blueprints_kubernetes_addons.data.aws_partition.current: Reading...
TestExamplesBasicTest 2022-12-13T14:30:21+01:00 logger.go:66: module.eks_blueprints_kubernetes_addons.data.aws_region.current: Reading...
TestExamplesBasicTest 2022-12-13T14:30:21+01:00 logger.go:66: module.eks_blueprints_kubernetes_addons.data.aws_partition.current: Read complete after 0s [id=aws]
TestExamplesBasicTest 2022-12-13T14:30:21+01:00 logger.go:66: module.eks_blueprints_kubernetes_addons.data.aws_region.current: Read complete after 0s [id=eu-central-1]
TestExamplesBasicTest 2022-12-13T14:30:21+01:00 logger.go:66: module.eks_blueprints_kubernetes_addons.data.aws_caller_identity.current: Reading...
TestExamplesBasicTest 2022-12-13T14:30:21+01:00 logger.go:66: module.eks_blueprints_kubernetes_addons.data.aws_eks_cluster.eks_cluster: Reading...
TestExamplesBasicTest 2022-12-13T14:30:21+01:00 logger.go:66: module.eks_blueprints_kubernetes_addons.module.prometheus[0].data.aws_iam_policy_document.query: Reading...
TestExamplesBasicTest 2022-12-13T14:30:21+01:00 logger.go:66: module.eks_blueprints_kubernetes_addons.module.prometheus[0].data.aws_iam_policy_document.query: Read complete after 0s [id=3128596151]
TestExamplesBasicTest 2022-12-13T14:30:21+01:00 logger.go:66: module.eks_blueprints_kubernetes_addons.module.prometheus[0].data.aws_iam_policy_document.ingest: Reading...
TestExamplesBasicTest 2022-12-13T14:30:21+01:00 logger.go:66: module.eks_blueprints_kubernetes_addons.module.external_dns[0].data.aws_route53_zone.selected: Reading...
TestExamplesBasicTest 2022-12-13T14:30:21+01:00 logger.go:66: module.eks_blueprints_kubernetes_addons.module.prometheus[0].data.aws_iam_policy_document.ingest: Read complete after 0s [id=1804921153]
TestExamplesBasicTest 2022-12-13T14:30:21+01:00 logger.go:66: module.eks_blueprints_kubernetes_addons.data.aws_caller_identity.current: Read complete after 1s [id=198655350445]
TestExamplesBasicTest 2022-12-13T14:30:21+01:00 logger.go:66: module.eks_blueprints_kubernetes_addons.data.aws_eks_cluster.eks_cluster: Read complete after 1s [id=test-eks-cnr]
TestExamplesBasicTest 2022-12-13T14:30:21+01:00 logger.go:66: module.eks_blueprints_kubernetes_addons.module.aws_coredns[0].data.aws_eks_addon_version.this: Reading...
TestExamplesBasicTest 2022-12-13T14:30:21+01:00 logger.go:66: module.eks_blueprints_kubernetes_addons.module.aws_kube_proxy[0].aws_eks_addon.kube_proxy: Refreshing state... [id=test-eks-cnr:kube-proxy]
TestExamplesBasicTest 2022-12-13T14:30:21+01:00 logger.go:66: module.eks_blueprints_kubernetes_addons.module.cert_manager[0].data.aws_iam_policy_document.cert_manager_iam_policy_document: Reading...
TestExamplesBasicTest 2022-12-13T14:30:21+01:00 logger.go:66: module.eks_blueprints_kubernetes_addons.module.grafana[0].data.aws_iam_policy_document.this: Reading...
TestExamplesBasicTest 2022-12-13T14:30:21+01:00 logger.go:66: module.eks_blueprints_kubernetes_addons.module.cert_manager[0].data.aws_iam_policy_document.cert_manager_iam_policy_document: Read complete after 0s [id=2873133587]
TestExamplesBasicTest 2022-12-13T14:30:21+01:00 logger.go:66: module.eks_blueprints_kubernetes_addons.module.aws_ebs_csi_driver[0].data.aws_iam_policy_document.aws_ebs_csi_driver[0]: Reading...
TestExamplesBasicTest 2022-12-13T14:30:21+01:00 logger.go:66: module.eks_blueprints_kubernetes_addons.module.grafana[0].data.aws_iam_policy_document.this: Read complete after 0s [id=2256983572]
TestExamplesBasicTest 2022-12-13T14:30:21+01:00 logger.go:66: module.eks_blueprints_kubernetes_addons.module.aws_load_balancer_controller[0].data.aws_iam_policy_document.aws_lb: Reading...
TestExamplesBasicTest 2022-12-13T14:30:21+01:00 logger.go:66: module.eks_blueprints_kubernetes_addons.module.promtail[0].module.helm_addon.helm_release.addon[0]: Refreshing state... [id=promtail]
TestExamplesBasicTest 2022-12-13T14:30:21+01:00 logger.go:66: module.eks_blueprints_kubernetes_addons.module.cert_manager[0].aws_iam_policy.cert_manager: Refreshing state... [id=arn:aws:iam::198655350445:policy/test-eks-cnr-cert-manager-irsa]
TestExamplesBasicTest 2022-12-13T14:30:21+01:00 logger.go:66: module.eks_blueprints_kubernetes_addons.module.grafana[0].aws_iam_policy.grafana: Refreshing state... [id=arn:aws:iam::198655350445:policy/test-eks-cnr-grafana]
TestExamplesBasicTest 2022-12-13T14:30:21+01:00 logger.go:66: module.eks_blueprints_kubernetes_addons.module.aws_ebs_csi_driver[0].data.aws_iam_policy_document.aws_ebs_csi_driver[0]: Read complete after 0s [id=1888929143]
TestExamplesBasicTest 2022-12-13T14:30:21+01:00 logger.go:66: module.eks_blueprints_kubernetes_addons.module.aws_ebs_csi_driver[0].aws_iam_policy.aws_ebs_csi_driver[0]: Refreshing state... [id=arn:aws:iam::198655350445:policy/test-eks-cnr-aws-ebs-csi-driver-irsa]
TestExamplesBasicTest 2022-12-13T14:30:21+01:00 logger.go:66: module.eks_blueprints_kubernetes_addons.module.aws_load_balancer_controller[0].data.aws_iam_policy_document.aws_lb: Read complete after 0s [id=2633998141]
TestExamplesBasicTest 2022-12-13T14:30:21+01:00 logger.go:66: module.eks_blueprints_kubernetes_addons.module.aws_load_balancer_controller[0].aws_iam_policy.aws_load_balancer_controller: Refreshing state... [id=arn:aws:iam::198655350445:policy/test-eks-cnr-lb-irsa]
TestExamplesBasicTest 2022-12-13T14:30:21+01:00 logger.go:66: module.eks_blueprints_kubernetes_addons.module.grafana[0].module.helm_addon.module.irsa[0].kubernetes_namespace_v1.irsa[0]: Refreshing state... [id=grafana]
TestExamplesBasicTest 2022-12-13T14:30:21+01:00 logger.go:66: module.eks_blueprints_kubernetes_addons.module.grafana[0].module.helm_addon.module.irsa[0].aws_iam_role.irsa[0]: Refreshing state... [id=test-eks-cnr-grafana-irsa]
TestExamplesBasicTest 2022-12-13T14:30:21+01:00 logger.go:66: module.eks_blueprints_kubernetes_addons.module.aws_ebs_csi_driver[0].module.irsa_addon[0].aws_iam_role.irsa[0]: Refreshing state... [id=test-eks-cnr-ebs-csi-controller-sa-irsa]
TestExamplesBasicTest 2022-12-13T14:30:21+01:00 logger.go:66: module.eks_blueprints_kubernetes_addons.module.aws_load_balancer_controller[0].module.helm_addon.module.irsa[0].aws_iam_role.irsa[0]: Refreshing state... [id=test-eks-cnr-aws-load-balancer-controller-sa-irsa]
TestExamplesBasicTest 2022-12-13T14:30:21+01:00 logger.go:66: module.eks_blueprints_kubernetes_addons.module.aws_coredns[0].data.aws_eks_addon_version.this: Read complete after 0s [id=coredns]
TestExamplesBasicTest 2022-12-13T14:30:21+01:00 logger.go:66: module.eks_blueprints_kubernetes_addons.module.cert_manager[0].module.helm_addon.module.irsa[0].kubernetes_namespace_v1.irsa[0]: Refreshing state... [id=cert-manager]
TestExamplesBasicTest 2022-12-13T14:30:21+01:00 logger.go:66: module.eks_blueprints_kubernetes_addons.module.cert_manager[0].module.helm_addon.module.irsa[0].aws_iam_role.irsa[0]: Refreshing state... [id=test-eks-cnr-cert-manager-irsa]
TestExamplesBasicTest 2022-12-13T14:30:21+01:00 logger.go:66: module.eks_blueprints_kubernetes_addons.module.aws_coredns[0].aws_eks_addon.coredns[0]: Refreshing state... [id=test-eks-cnr:coredns]
TestExamplesBasicTest 2022-12-13T14:30:22+01:00 logger.go:66: module.eks_blueprints_kubernetes_addons.module.external_dns[0].data.aws_route53_zone.selected: Read complete after 1s [id=Z08633645H30XF5497K5]
TestExamplesBasicTest 2022-12-13T14:30:22+01:00 logger.go:66: module.eks_blueprints_kubernetes_addons.module.external_dns[0].data.aws_iam_policy_document.external_dns_iam_policy_document: Reading...
TestExamplesBasicTest 2022-12-13T14:30:22+01:00 logger.go:66: module.eks_blueprints_kubernetes_addons.module.external_dns[0].data.aws_iam_policy_document.external_dns_iam_policy_document: Read complete after 0s [id=2337330655]
TestExamplesBasicTest 2022-12-13T14:30:22+01:00 logger.go:66: module.eks_blueprints_kubernetes_addons.module.external_dns[0].aws_iam_policy.external_dns: Refreshing state... [id=arn:aws:iam::198655350445:policy/test-eks-cnr-external-dns-irsa]
TestExamplesBasicTest 2022-12-13T14:30:22+01:00 logger.go:66: module.eks_blueprints_kubernetes_addons.module.external_dns[0].module.helm_addon.module.irsa[0].kubernetes_namespace_v1.irsa[0]: Refreshing state... [id=external-dns]
TestExamplesBasicTest 2022-12-13T14:30:22+01:00 logger.go:66: module.eks_blueprints_kubernetes_addons.module.external_dns[0].module.helm_addon.module.irsa[0].aws_iam_role.irsa[0]: Refreshing state... [id=test-eks-cnr-external-dns-sa-irsa]
TestExamplesBasicTest 2022-12-13T14:30:22+01:00 logger.go:66: module.eks_blueprints_kubernetes_addons.module.aws_load_balancer_controller[0].module.helm_addon.module.irsa[0].aws_iam_role_policy_attachment.irsa[0]: Refreshing state... [id=test-eks-cnr-aws-load-balancer-controller-sa-irsa-20221213132615600700000015]
TestExamplesBasicTest 2022-12-13T14:30:22+01:00 logger.go:66: module.eks_blueprints_kubernetes_addons.module.grafana[0].module.helm_addon.module.irsa[0].aws_iam_role_policy_attachment.irsa[0]: Refreshing state... [id=test-eks-cnr-grafana-irsa-20221213132615178300000012]
TestExamplesBasicTest 2022-12-13T14:30:22+01:00 logger.go:66: module.eks_blueprints_kubernetes_addons.module.aws_load_balancer_controller[0].module.helm_addon.module.irsa[0].kubernetes_service_account_v1.irsa[0]: Refreshing state... [id=kube-system/aws-load-balancer-controller-sa]
TestExamplesBasicTest 2022-12-13T14:30:22+01:00 logger.go:66: module.eks_blueprints_kubernetes_addons.module.grafana[0].module.helm_addon.module.irsa[0].kubernetes_service_account_v1.irsa[0]: Refreshing state... [id=grafana/grafana]
TestExamplesBasicTest 2022-12-13T14:30:22+01:00 logger.go:66: module.eks_blueprints_kubernetes_addons.module.aws_ebs_csi_driver[0].module.irsa_addon[0].aws_iam_role_policy_attachment.irsa[0]: Refreshing state... [id=test-eks-cnr-ebs-csi-controller-sa-irsa-20221213132615106600000011]
TestExamplesBasicTest 2022-12-13T14:30:22+01:00 logger.go:66: module.eks_blueprints_kubernetes_addons.module.aws_ebs_csi_driver[0].aws_eks_addon.aws_ebs_csi_driver[0]: Refreshing state... [id=test-eks-cnr:aws-ebs-csi-driver]
TestExamplesBasicTest 2022-12-13T14:30:22+01:00 logger.go:66: module.eks_blueprints_kubernetes_addons.module.cert_manager[0].module.helm_addon.module.irsa[0].aws_iam_role_policy_attachment.irsa[0]: Refreshing state... [id=test-eks-cnr-cert-manager-irsa-20221213132615557400000014]
TestExamplesBasicTest 2022-12-13T14:30:22+01:00 logger.go:66: module.eks_blueprints_kubernetes_addons.module.cert_manager[0].module.helm_addon.module.irsa[0].kubernetes_service_account_v1.irsa[0]: Refreshing state... [id=cert-manager/cert-manager]
TestExamplesBasicTest 2022-12-13T14:30:22+01:00 logger.go:66: module.eks_blueprints_kubernetes_addons.module.aws_load_balancer_controller[0].module.helm_addon.helm_release.addon[0]: Refreshing state... [id=aws-load-balancer-controller]
TestExamplesBasicTest 2022-12-13T14:30:22+01:00 logger.go:66: module.eks_blueprints_kubernetes_addons.module.grafana[0].module.helm_addon.helm_release.addon[0]: Refreshing state... [id=grafana]
TestExamplesBasicTest 2022-12-13T14:30:22+01:00 logger.go:66: module.eks_blueprints_kubernetes_addons.module.cert_manager[0].module.helm_addon.helm_release.addon[0]: Refreshing state... [id=cert-manager]
TestExamplesBasicTest 2022-12-13T14:30:23+01:00 logger.go:66: module.eks_blueprints_kubernetes_addons.module.external_dns[0].module.helm_addon.module.irsa[0].aws_iam_role_policy_attachment.irsa[0]: Refreshing state... [id=test-eks-cnr-external-dns-sa-irsa-20221213132615951900000016]
TestExamplesBasicTest 2022-12-13T14:30:23+01:00 logger.go:66: module.eks_blueprints_kubernetes_addons.module.external_dns[0].module.helm_addon.module.irsa[0].kubernetes_service_account_v1.irsa[0]: Refreshing state... [id=external-dns/external-dns-sa]
TestExamplesBasicTest 2022-12-13T14:30:23+01:00 logger.go:66: module.eks_blueprints_kubernetes_addons.module.external_dns[0].module.helm_addon.helm_release.addon[0]: Refreshing state... [id=external-dns]
TestExamplesBasicTest 2022-12-13T14:30:24+01:00 logger.go:66: module.eks_blueprints_kubernetes_addons.module.cert_manager[0].helm_release.cert_manager_ca[0]: Refreshing state... [id=cert-manager-ca]
TestExamplesBasicTest 2022-12-13T14:30:24+01:00 logger.go:66: module.eks_blueprints_kubernetes_addons.module.cert_manager[0].helm_release.cert_manager_letsencrypt[0]: Refreshing state... [id=cert-manager-letsencrypt]
TestExamplesBasicTest 2022-12-13T14:30:29+01:00 logger.go:66:
TestExamplesBasicTest 2022-12-13T14:30:29+01:00 logger.go:66: Terraform used the selected providers to generate the following execution
TestExamplesBasicTest 2022-12-13T14:30:29+01:00 logger.go:66: plan. Resource actions are indicated with the following symbols:
TestExamplesBasicTest 2022-12-13T14:30:29+01:00 logger.go:66:   - destroy
TestExamplesBasicTest 2022-12-13T14:30:29+01:00 logger.go:66:
TestExamplesBasicTest 2022-12-13T14:30:29+01:00 logger.go:66: Terraform will perform the following actions:
TestExamplesBasicTest 2022-12-13T14:30:29+01:00 logger.go:66:
TestExamplesBasicTest 2022-12-13T14:30:29+01:00 logger.go:66:   # module.eks_blueprints_kubernetes_addons.module.aws_coredns[0].aws_eks_addon.coredns[0] will be destroyed
TestExamplesBasicTest 2022-12-13T14:30:29+01:00 logger.go:66:   - resource "aws_eks_addon" "coredns" {
TestExamplesBasicTest 2022-12-13T14:30:29+01:00 logger.go:66:       - addon_name        = "coredns" -> null
TestExamplesBasicTest 2022-12-13T14:30:29+01:00 logger.go:66:       - addon_version     = "v1.8.7-eksbuild.2" -> null
TestExamplesBasicTest 2022-12-13T14:30:29+01:00 logger.go:66:       - arn               = "arn:aws:eks:eu-central-1:198655350445:addon/test-eks-cnr/coredns/dac285d5-0d37-ce29-b845-04e21828e401" -> null
TestExamplesBasicTest 2022-12-13T14:30:29+01:00 logger.go:66:       - cluster_name      = "test-eks-cnr" -> null
TestExamplesBasicTest 2022-12-13T14:30:29+01:00 logger.go:66:       - created_at        = "2022-12-13T13:26:15Z" -> null
TestExamplesBasicTest 2022-12-13T14:30:29+01:00 logger.go:66:       - id                = "test-eks-cnr:coredns" -> null
TestExamplesBasicTest 2022-12-13T14:30:29+01:00 logger.go:66:       - modified_at       = "2022-12-13T13:26:22Z" -> null
TestExamplesBasicTest 2022-12-13T14:30:29+01:00 logger.go:66:       - preserve          = true -> null
TestExamplesBasicTest 2022-12-13T14:30:29+01:00 logger.go:66:       - resolve_conflicts = "OVERWRITE" -> null
TestExamplesBasicTest 2022-12-13T14:30:29+01:00 logger.go:66:       - tags              = {} -> null
TestExamplesBasicTest 2022-12-13T14:30:29+01:00 logger.go:66:       - tags_all          = {} -> null
TestExamplesBasicTest 2022-12-13T14:30:29+01:00 logger.go:66:     }
TestExamplesBasicTest 2022-12-13T14:30:29+01:00 logger.go:66:
TestExamplesBasicTest 2022-12-13T14:30:29+01:00 logger.go:66:   # module.eks_blueprints_kubernetes_addons.module.aws_ebs_csi_driver[0].aws_eks_addon.aws_ebs_csi_driver[0] will be destroyed
TestExamplesBasicTest 2022-12-13T14:30:29+01:00 logger.go:66:   - resource "aws_eks_addon" "aws_ebs_csi_driver" {
TestExamplesBasicTest 2022-12-13T14:30:29+01:00 logger.go:66:       - addon_name               = "aws-ebs-csi-driver" -> null
TestExamplesBasicTest 2022-12-13T14:30:29+01:00 logger.go:66:       - addon_version            = "v1.13.0-eksbuild.3" -> null
TestExamplesBasicTest 2022-12-13T14:30:29+01:00 logger.go:66:       - arn                      = "arn:aws:eks:eu-central-1:198655350445:addon/test-eks-cnr/aws-ebs-csi-driver/36c285d5-1196-8330-d131-490a91132845" -> null
TestExamplesBasicTest 2022-12-13T14:30:29+01:00 logger.go:66:       - cluster_name             = "test-eks-cnr" -> null
TestExamplesBasicTest 2022-12-13T14:30:29+01:00 logger.go:66:       - created_at               = "2022-12-13T13:26:17Z" -> null
TestExamplesBasicTest 2022-12-13T14:30:29+01:00 logger.go:66:       - id                       = "test-eks-cnr:aws-ebs-csi-driver" -> null
TestExamplesBasicTest 2022-12-13T14:30:29+01:00 logger.go:66:       - modified_at              = "2022-12-13T13:26:59Z" -> null
TestExamplesBasicTest 2022-12-13T14:30:29+01:00 logger.go:66:       - preserve                 = true -> null
TestExamplesBasicTest 2022-12-13T14:30:29+01:00 logger.go:66:       - service_account_role_arn = "arn:aws:iam::198655350445:role/test-eks-cnr-ebs-csi-controller-sa-irsa" -> null
TestExamplesBasicTest 2022-12-13T14:30:29+01:00 logger.go:66:       - tags                     = {} -> null
TestExamplesBasicTest 2022-12-13T14:30:29+01:00 logger.go:66:       - tags_all                 = {} -> null
TestExamplesBasicTest 2022-12-13T14:30:29+01:00 logger.go:66:     }
TestExamplesBasicTest 2022-12-13T14:30:29+01:00 logger.go:66:
TestExamplesBasicTest 2022-12-13T14:30:29+01:00 logger.go:66:   # module.eks_blueprints_kubernetes_addons.module.aws_ebs_csi_driver[0].aws_iam_policy.aws_ebs_csi_driver[0] will be destroyed
TestExamplesBasicTest 2022-12-13T14:30:29+01:00 logger.go:66:   - resource "aws_iam_policy" "aws_ebs_csi_driver" {
TestExamplesBasicTest 2022-12-13T14:30:29+01:00 logger.go:66:       - arn         = "arn:aws:iam::198655350445:policy/test-eks-cnr-aws-ebs-csi-driver-irsa" -> null
TestExamplesBasicTest 2022-12-13T14:30:29+01:00 logger.go:66:       - description = "IAM Policy for AWS EBS CSI Driver" -> null
TestExamplesBasicTest 2022-12-13T14:30:29+01:00 logger.go:66:       - id          = "arn:aws:iam::198655350445:policy/test-eks-cnr-aws-ebs-csi-driver-irsa" -> null
TestExamplesBasicTest 2022-12-13T14:30:29+01:00 logger.go:66:       - name        = "test-eks-cnr-aws-ebs-csi-driver-irsa" -> null
TestExamplesBasicTest 2022-12-13T14:30:29+01:00 logger.go:66:       - path        = "/" -> null
TestExamplesBasicTest 2022-12-13T14:30:29+01:00 logger.go:66:       - policy      = jsonencode(
TestExamplesBasicTest 2022-12-13T14:30:29+01:00 logger.go:66:             {
TestExamplesBasicTest 2022-12-13T14:30:29+01:00 logger.go:66:               - Statement = [
TestExamplesBasicTest 2022-12-13T14:30:29+01:00 logger.go:66:                   - {
TestExamplesBasicTest 2022-12-13T14:30:29+01:00 logger.go:66:                       - Action   = [
TestExamplesBasicTest 2022-12-13T14:30:29+01:00 logger.go:66:                           - "ec2:ModifyVolume",
TestExamplesBasicTest 2022-12-13T14:30:29+01:00 logger.go:66:                           - "ec2:DetachVolume",
TestExamplesBasicTest 2022-12-13T14:30:29+01:00 logger.go:66:                           - "ec2:DescribeVolumesModifications",
TestExamplesBasicTest 2022-12-13T14:30:29+01:00 logger.go:66:                           - "ec2:DescribeVolumes",
TestExamplesBasicTest 2022-12-13T14:30:29+01:00 logger.go:66:                           - "ec2:DescribeTags",
TestExamplesBasicTest 2022-12-13T14:30:29+01:00 logger.go:66:                           - "ec2:DescribeSnapshots",
TestExamplesBasicTest 2022-12-13T14:30:29+01:00 logger.go:66:                           - "ec2:DescribeInstances",
TestExamplesBasicTest 2022-12-13T14:30:29+01:00 logger.go:66:                           - "ec2:DescribeAvailabilityZones",
TestExamplesBasicTest 2022-12-13T14:30:29+01:00 logger.go:66:                           - "ec2:CreateSnapshot",
TestExamplesBasicTest 2022-12-13T14:30:29+01:00 logger.go:66:                           - "ec2:AttachVolume",
TestExamplesBasicTest 2022-12-13T14:30:29+01:00 logger.go:66:                         ]
TestExamplesBasicTest 2022-12-13T14:30:29+01:00 logger.go:66:                       - Effect   = "Allow"
TestExamplesBasicTest 2022-12-13T14:30:29+01:00 logger.go:66:                       - Resource = "*"
TestExamplesBasicTest 2022-12-13T14:30:29+01:00 logger.go:66:                       - Sid      = ""
TestExamplesBasicTest 2022-12-13T14:30:29+01:00 logger.go:66:                     },
TestExamplesBasicTest 2022-12-13T14:30:29+01:00 logger.go:66:                   - {
TestExamplesBasicTest 2022-12-13T14:30:29+01:00 logger.go:66:                       - Action    = "ec2:CreateTags"
TestExamplesBasicTest 2022-12-13T14:30:29+01:00 logger.go:66:                       - Condition = {
TestExamplesBasicTest 2022-12-13T14:30:29+01:00 logger.go:66:                           - StringEquals = {
TestExamplesBasicTest 2022-12-13T14:30:29+01:00 logger.go:66:                               - "ec2:CreateAction" = [
TestExamplesBasicTest 2022-12-13T14:30:29+01:00 logger.go:66:                                   - "CreateVolume",
TestExamplesBasicTest 2022-12-13T14:30:29+01:00 logger.go:66:                                   - "CreateSnapshot",
TestExamplesBasicTest 2022-12-13T14:30:29+01:00 logger.go:66:                                 ]
TestExamplesBasicTest 2022-12-13T14:30:29+01:00 logger.go:66:                             }
TestExamplesBasicTest 2022-12-13T14:30:29+01:00 logger.go:66:                         }
TestExamplesBasicTest 2022-12-13T14:30:29+01:00 logger.go:66:                       - Effect    = "Allow"
TestExamplesBasicTest 2022-12-13T14:30:29+01:00 logger.go:66:                       - Resource  = [
TestExamplesBasicTest 2022-12-13T14:30:29+01:00 logger.go:66:                           - "arn:aws:ec2:*:*:volume/*",
TestExamplesBasicTest 2022-12-13T14:30:29+01:00 logger.go:66:                           - "arn:aws:ec2:*:*:snapshot/*",
TestExamplesBasicTest 2022-12-13T14:30:29+01:00 logger.go:66:                         ]
TestExamplesBasicTest 2022-12-13T14:30:29+01:00 logger.go:66:                       - Sid       = ""
TestExamplesBasicTest 2022-12-13T14:30:29+01:00 logger.go:66:                     },
TestExamplesBasicTest 2022-12-13T14:30:29+01:00 logger.go:66:                   - {
TestExamplesBasicTest 2022-12-13T14:30:29+01:00 logger.go:66:                       - Action   = "ec2:DeleteTags"
TestExamplesBasicTest 2022-12-13T14:30:29+01:00 logger.go:66:                       - Effect   = "Allow"
TestExamplesBasicTest 2022-12-13T14:30:29+01:00 logger.go:66:                       - Resource = [
TestExamplesBasicTest 2022-12-13T14:30:29+01:00 logger.go:66:                           - "arn:aws:ec2:*:*:volume/*",
TestExamplesBasicTest 2022-12-13T14:30:29+01:00 logger.go:66:                           - "arn:aws:ec2:*:*:snapshot/*",
TestExamplesBasicTest 2022-12-13T14:30:29+01:00 logger.go:66:                         ]
TestExamplesBasicTest 2022-12-13T14:30:29+01:00 logger.go:66:                       - Sid      = ""
TestExamplesBasicTest 2022-12-13T14:30:29+01:00 logger.go:66:                     },
TestExamplesBasicTest 2022-12-13T14:30:29+01:00 logger.go:66:                   - {
TestExamplesBasicTest 2022-12-13T14:30:29+01:00 logger.go:66:                       - Action    = "ec2:CreateVolume"
TestExamplesBasicTest 2022-12-13T14:30:29+01:00 logger.go:66:                       - Condition = {
TestExamplesBasicTest 2022-12-13T14:30:29+01:00 logger.go:66:                           - StringLike = {
TestExamplesBasicTest 2022-12-13T14:30:29+01:00 logger.go:66:                               - "aws:RequestTag/ebs.csi.aws.com/cluster" = "true"
TestExamplesBasicTest 2022-12-13T14:30:29+01:00 logger.go:66:                             }
TestExamplesBasicTest 2022-12-13T14:30:29+01:00 logger.go:66:                         }
TestExamplesBasicTest 2022-12-13T14:30:29+01:00 logger.go:66:                       - Effect    = "Allow"
TestExamplesBasicTest 2022-12-13T14:30:29+01:00 logger.go:66:                       - Resource  = "*"
TestExamplesBasicTest 2022-12-13T14:30:29+01:00 logger.go:66:                       - Sid       = ""
TestExamplesBasicTest 2022-12-13T14:30:29+01:00 logger.go:66:                     },
TestExamplesBasicTest 2022-12-13T14:30:29+01:00 logger.go:66:                   - {
TestExamplesBasicTest 2022-12-13T14:30:29+01:00 logger.go:66:                       - Action    = "ec2:CreateVolume"
TestExamplesBasicTest 2022-12-13T14:30:29+01:00 logger.go:66:                       - Condition = {
TestExamplesBasicTest 2022-12-13T14:30:29+01:00 logger.go:66:                           - StringLike = {
TestExamplesBasicTest 2022-12-13T14:30:29+01:00 logger.go:66:                               - "aws:RequestTag/CSIVolumeName" = "*"
TestExamplesBasicTest 2022-12-13T14:30:29+01:00 logger.go:66:                             }
TestExamplesBasicTest 2022-12-13T14:30:29+01:00 logger.go:66:                         }
TestExamplesBasicTest 2022-12-13T14:30:29+01:00 logger.go:66:                       - Effect    = "Allow"
TestExamplesBasicTest 2022-12-13T14:30:29+01:00 logger.go:66:                       - Resource  = "*"
TestExamplesBasicTest 2022-12-13T14:30:29+01:00 logger.go:66:                       - Sid       = ""
TestExamplesBasicTest 2022-12-13T14:30:29+01:00 logger.go:66:                     },
TestExamplesBasicTest 2022-12-13T14:30:29+01:00 logger.go:66:                   - {
TestExamplesBasicTest 2022-12-13T14:30:29+01:00 logger.go:66:                       - Action    = "ec2:CreateVolume"
TestExamplesBasicTest 2022-12-13T14:30:29+01:00 logger.go:66:                       - Condition = {
TestExamplesBasicTest 2022-12-13T14:30:29+01:00 logger.go:66:                           - StringLike = {
TestExamplesBasicTest 2022-12-13T14:30:29+01:00 logger.go:66:                               - "aws:RequestTag/kubernetes.io/cluster/*" = "owned"
TestExamplesBasicTest 2022-12-13T14:30:29+01:00 logger.go:66:                             }
TestExamplesBasicTest 2022-12-13T14:30:29+01:00 logger.go:66:                         }
TestExamplesBasicTest 2022-12-13T14:30:29+01:00 logger.go:66:                       - Effect    = "Allow"
TestExamplesBasicTest 2022-12-13T14:30:29+01:00 logger.go:66:                       - Resource  = "*"
TestExamplesBasicTest 2022-12-13T14:30:29+01:00 logger.go:66:                       - Sid       = ""
TestExamplesBasicTest 2022-12-13T14:30:29+01:00 logger.go:66:                     },
TestExamplesBasicTest 2022-12-13T14:30:29+01:00 logger.go:66:                   - {
TestExamplesBasicTest 2022-12-13T14:30:29+01:00 logger.go:66:                       - Action    = "ec2:DeleteVolume"
TestExamplesBasicTest 2022-12-13T14:30:29+01:00 logger.go:66:                       - Condition = {
TestExamplesBasicTest 2022-12-13T14:30:29+01:00 logger.go:66:                           - StringLike = {
TestExamplesBasicTest 2022-12-13T14:30:29+01:00 logger.go:66:                               - "ec2:ResourceTag/ebs.csi.aws.com/cluster" = "true"
TestExamplesBasicTest 2022-12-13T14:30:29+01:00 logger.go:66:                             }
TestExamplesBasicTest 2022-12-13T14:30:29+01:00 logger.go:66:                         }
TestExamplesBasicTest 2022-12-13T14:30:29+01:00 logger.go:66:                       - Effect    = "Allow"
TestExamplesBasicTest 2022-12-13T14:30:29+01:00 logger.go:66:                       - Resource  = "*"
TestExamplesBasicTest 2022-12-13T14:30:29+01:00 logger.go:66:                       - Sid       = ""
TestExamplesBasicTest 2022-12-13T14:30:29+01:00 logger.go:66:                     },
TestExamplesBasicTest 2022-12-13T14:30:29+01:00 logger.go:66:                   - {
TestExamplesBasicTest 2022-12-13T14:30:29+01:00 logger.go:66:                       - Action    = "ec2:DeleteVolume"
TestExamplesBasicTest 2022-12-13T14:30:29+01:00 logger.go:66:                       - Condition = {
TestExamplesBasicTest 2022-12-13T14:30:29+01:00 logger.go:66:                           - StringLike = {
TestExamplesBasicTest 2022-12-13T14:30:29+01:00 logger.go:66:                               - "ec2:ResourceTag/CSIVolumeName" = "*"
TestExamplesBasicTest 2022-12-13T14:30:29+01:00 logger.go:66:                             }
TestExamplesBasicTest 2022-12-13T14:30:29+01:00 logger.go:66:                         }
TestExamplesBasicTest 2022-12-13T14:30:29+01:00 logger.go:66:                       - Effect    = "Allow"
TestExamplesBasicTest 2022-12-13T14:30:29+01:00 logger.go:66:                       - Resource  = "*"
TestExamplesBasicTest 2022-12-13T14:30:29+01:00 logger.go:66:                       - Sid       = ""
TestExamplesBasicTest 2022-12-13T14:30:29+01:00 logger.go:66:                     },
TestExamplesBasicTest 2022-12-13T14:30:29+01:00 logger.go:66:                   - {
TestExamplesBasicTest 2022-12-13T14:30:29+01:00 logger.go:66:                       - Action    = "ec2:DeleteVolume"
TestExamplesBasicTest 2022-12-13T14:30:29+01:00 logger.go:66:                       - Condition = {
TestExamplesBasicTest 2022-12-13T14:30:29+01:00 logger.go:66:                           - StringLike = {
TestExamplesBasicTest 2022-12-13T14:30:29+01:00 logger.go:66:                               - "ec2:ResourceTag/kubernetes.io/cluster/*" = "owned"
TestExamplesBasicTest 2022-12-13T14:30:29+01:00 logger.go:66:                             }
TestExamplesBasicTest 2022-12-13T14:30:29+01:00 logger.go:66:                         }
TestExamplesBasicTest 2022-12-13T14:30:29+01:00 logger.go:66:                       - Effect    = "Allow"
TestExamplesBasicTest 2022-12-13T14:30:29+01:00 logger.go:66:                       - Resource  = "*"
TestExamplesBasicTest 2022-12-13T14:30:29+01:00 logger.go:66:                       - Sid       = ""
TestExamplesBasicTest 2022-12-13T14:30:29+01:00 logger.go:66:                     },
TestExamplesBasicTest 2022-12-13T14:30:29+01:00 logger.go:66:                   - {
TestExamplesBasicTest 2022-12-13T14:30:29+01:00 logger.go:66:                       - Action    = "ec2:DeleteSnapshot"
TestExamplesBasicTest 2022-12-13T14:30:29+01:00 logger.go:66:                       - Condition = {
TestExamplesBasicTest 2022-12-13T14:30:29+01:00 logger.go:66:                           - StringLike = {
TestExamplesBasicTest 2022-12-13T14:30:29+01:00 logger.go:66:                               - "ec2:ResourceTag/CSIVolumeSnapshotName" = "*"
TestExamplesBasicTest 2022-12-13T14:30:29+01:00 logger.go:66:                             }
TestExamplesBasicTest 2022-12-13T14:30:29+01:00 logger.go:66:                         }
TestExamplesBasicTest 2022-12-13T14:30:29+01:00 logger.go:66:                       - Effect    = "Allow"
TestExamplesBasicTest 2022-12-13T14:30:29+01:00 logger.go:66:                       - Resource  = "*"
TestExamplesBasicTest 2022-12-13T14:30:29+01:00 logger.go:66:                       - Sid       = ""
TestExamplesBasicTest 2022-12-13T14:30:29+01:00 logger.go:66:                     },
TestExamplesBasicTest 2022-12-13T14:30:29+01:00 logger.go:66:                   - {
TestExamplesBasicTest 2022-12-13T14:30:29+01:00 logger.go:66:                       - Action    = "ec2:DeleteSnapshot"
TestExamplesBasicTest 2022-12-13T14:30:29+01:00 logger.go:66:                       - Condition = {
TestExamplesBasicTest 2022-12-13T14:30:29+01:00 logger.go:66:                           - StringLike = {
TestExamplesBasicTest 2022-12-13T14:30:29+01:00 logger.go:66:                               - "ec2:ResourceTag/ebs.csi.aws.com/cluster" = "true"
TestExamplesBasicTest 2022-12-13T14:30:29+01:00 logger.go:66:                             }
TestExamplesBasicTest 2022-12-13T14:30:29+01:00 logger.go:66:                         }
TestExamplesBasicTest 2022-12-13T14:30:29+01:00 logger.go:66:                       - Effect    = "Allow"
TestExamplesBasicTest 2022-12-13T14:30:29+01:00 logger.go:66:                       - Resource  = "*"
TestExamplesBasicTest 2022-12-13T14:30:29+01:00 logger.go:66:                       - Sid       = ""
TestExamplesBasicTest 2022-12-13T14:30:29+01:00 logger.go:66:                     },
TestExamplesBasicTest 2022-12-13T14:30:29+01:00 logger.go:66:                 ]
TestExamplesBasicTest 2022-12-13T14:30:29+01:00 logger.go:66:               - Version   = "2012-10-17"
TestExamplesBasicTest 2022-12-13T14:30:29+01:00 logger.go:66:             }
TestExamplesBasicTest 2022-12-13T14:30:29+01:00 logger.go:66:         ) -> null
TestExamplesBasicTest 2022-12-13T14:30:29+01:00 logger.go:66:       - policy_id   = "ANPAS4QGIC2WZXZH7WGR5" -> null
TestExamplesBasicTest 2022-12-13T14:30:29+01:00 logger.go:66:       - tags        = {} -> null
TestExamplesBasicTest 2022-12-13T14:30:29+01:00 logger.go:66:       - tags_all    = {} -> null
TestExamplesBasicTest 2022-12-13T14:30:29+01:00 logger.go:66:     }
TestExamplesBasicTest 2022-12-13T14:30:29+01:00 logger.go:66:
TestExamplesBasicTest 2022-12-13T14:30:29+01:00 logger.go:66:   # module.eks_blueprints_kubernetes_addons.module.aws_kube_proxy[0].aws_eks_addon.kube_proxy will be destroyed
TestExamplesBasicTest 2022-12-13T14:30:29+01:00 logger.go:66:   - resource "aws_eks_addon" "kube_proxy" {
TestExamplesBasicTest 2022-12-13T14:30:29+01:00 logger.go:66:       - addon_name        = "kube-proxy" -> null
TestExamplesBasicTest 2022-12-13T14:30:29+01:00 logger.go:66:       - addon_version     = "v1.23.7-eksbuild.1" -> null
TestExamplesBasicTest 2022-12-13T14:30:29+01:00 logger.go:66:       - arn               = "arn:aws:eks:eu-central-1:198655350445:addon/test-eks-cnr/kube-proxy/e6c285d5-0cec-d6c8-c828-77d9a4213ce6" -> null
TestExamplesBasicTest 2022-12-13T14:30:29+01:00 logger.go:66:       - cluster_name      = "test-eks-cnr" -> null
TestExamplesBasicTest 2022-12-13T14:30:29+01:00 logger.go:66:       - created_at        = "2022-12-13T13:26:15Z" -> null
TestExamplesBasicTest 2022-12-13T14:30:29+01:00 logger.go:66:       - id                = "test-eks-cnr:kube-proxy" -> null
TestExamplesBasicTest 2022-12-13T14:30:29+01:00 logger.go:66:       - modified_at       = "2022-12-13T13:26:16Z" -> null
TestExamplesBasicTest 2022-12-13T14:30:29+01:00 logger.go:66:       - preserve          = true -> null
TestExamplesBasicTest 2022-12-13T14:30:29+01:00 logger.go:66:       - resolve_conflicts = "OVERWRITE" -> null
TestExamplesBasicTest 2022-12-13T14:30:29+01:00 logger.go:66:       - tags              = {} -> null
TestExamplesBasicTest 2022-12-13T14:30:29+01:00 logger.go:66:       - tags_all          = {} -> null
TestExamplesBasicTest 2022-12-13T14:30:29+01:00 logger.go:66:     }
TestExamplesBasicTest 2022-12-13T14:30:29+01:00 logger.go:66:
TestExamplesBasicTest 2022-12-13T14:30:29+01:00 logger.go:66:   # module.eks_blueprints_kubernetes_addons.module.aws_load_balancer_controller[0].aws_iam_policy.aws_load_balancer_controller will be destroyed
TestExamplesBasicTest 2022-12-13T14:30:29+01:00 logger.go:66:   - resource "aws_iam_policy" "aws_load_balancer_controller" {
TestExamplesBasicTest 2022-12-13T14:30:29+01:00 logger.go:66:       - arn         = "arn:aws:iam::198655350445:policy/test-eks-cnr-lb-irsa" -> null
TestExamplesBasicTest 2022-12-13T14:30:29+01:00 logger.go:66:       - description = "Allows lb controller to manage ALB and NLB" -> null
TestExamplesBasicTest 2022-12-13T14:30:29+01:00 logger.go:66:       - id          = "arn:aws:iam::198655350445:policy/test-eks-cnr-lb-irsa" -> null
TestExamplesBasicTest 2022-12-13T14:30:29+01:00 logger.go:66:       - name        = "test-eks-cnr-lb-irsa" -> null
TestExamplesBasicTest 2022-12-13T14:30:29+01:00 logger.go:66:       - path        = "/" -> null
TestExamplesBasicTest 2022-12-13T14:30:29+01:00 logger.go:66:       - policy      = jsonencode(
TestExamplesBasicTest 2022-12-13T14:30:29+01:00 logger.go:66:             {
TestExamplesBasicTest 2022-12-13T14:30:29+01:00 logger.go:66:               - Statement = [
TestExamplesBasicTest 2022-12-13T14:30:29+01:00 logger.go:66:                   - {
TestExamplesBasicTest 2022-12-13T14:30:29+01:00 logger.go:66:                       - Action    = "iam:CreateServiceLinkedRole"
TestExamplesBasicTest 2022-12-13T14:30:29+01:00 logger.go:66:                       - Condition = {
TestExamplesBasicTest 2022-12-13T14:30:29+01:00 logger.go:66:                           - StringEquals = {
TestExamplesBasicTest 2022-12-13T14:30:29+01:00 logger.go:66:                               - "iam:AWSServiceName" = "elasticloadbalancing.amazonaws.com"
TestExamplesBasicTest 2022-12-13T14:30:29+01:00 logger.go:66:                             }
TestExamplesBasicTest 2022-12-13T14:30:29+01:00 logger.go:66:                         }
TestExamplesBasicTest 2022-12-13T14:30:29+01:00 logger.go:66:                       - Effect    = "Allow"
TestExamplesBasicTest 2022-12-13T14:30:29+01:00 logger.go:66:                       - Resource  = "*"
TestExamplesBasicTest 2022-12-13T14:30:29+01:00 logger.go:66:                       - Sid       = ""
TestExamplesBasicTest 2022-12-13T14:30:29+01:00 logger.go:66:                     },
TestExamplesBasicTest 2022-12-13T14:30:29+01:00 logger.go:66:                   - {
TestExamplesBasicTest 2022-12-13T14:30:29+01:00 logger.go:66:                       - Action   = [
TestExamplesBasicTest 2022-12-13T14:30:29+01:00 logger.go:66:                           - "elasticloadbalancing:DescribeTargetHealth",
TestExamplesBasicTest 2022-12-13T14:30:29+01:00 logger.go:66:                           - "elasticloadbalancing:DescribeTargetGroups",
TestExamplesBasicTest 2022-12-13T14:30:29+01:00 logger.go:66:                           - "elasticloadbalancing:DescribeTargetGroupAttributes",
TestExamplesBasicTest 2022-12-13T14:30:29+01:00 logger.go:66:                           - "elasticloadbalancing:DescribeTags",
TestExamplesBasicTest 2022-12-13T14:30:29+01:00 logger.go:66:                           - "elasticloadbalancing:DescribeSSLPolicies",
TestExamplesBasicTest 2022-12-13T14:30:29+01:00 logger.go:66:                           - "elasticloadbalancing:DescribeRules",
TestExamplesBasicTest 2022-12-13T14:30:29+01:00 logger.go:66:                           - "elasticloadbalancing:DescribeLoadBalancers",
TestExamplesBasicTest 2022-12-13T14:30:29+01:00 logger.go:66:                           - "elasticloadbalancing:DescribeLoadBalancerAttributes",
TestExamplesBasicTest 2022-12-13T14:30:29+01:00 logger.go:66:                           - "elasticloadbalancing:DescribeListeners",
TestExamplesBasicTest 2022-12-13T14:30:29+01:00 logger.go:66:                           - "elasticloadbalancing:DescribeListenerCertificates",
TestExamplesBasicTest 2022-12-13T14:30:29+01:00 logger.go:66:                           - "ec2:GetCoipPoolUsage",
TestExamplesBasicTest 2022-12-13T14:30:29+01:00 logger.go:66:                           - "ec2:DescribeVpcs",
TestExamplesBasicTest 2022-12-13T14:30:29+01:00 logger.go:66:                           - "ec2:DescribeVpcPeeringConnections",
TestExamplesBasicTest 2022-12-13T14:30:29+01:00 logger.go:66:                           - "ec2:DescribeTags",
TestExamplesBasicTest 2022-12-13T14:30:29+01:00 logger.go:66:                           - "ec2:DescribeSubnets",
TestExamplesBasicTest 2022-12-13T14:30:29+01:00 logger.go:66:                           - "ec2:DescribeSecurityGroups",
TestExamplesBasicTest 2022-12-13T14:30:29+01:00 logger.go:66:                           - "ec2:DescribeNetworkInterfaces",
TestExamplesBasicTest 2022-12-13T14:30:29+01:00 logger.go:66:                           - "ec2:DescribeInternetGateways",
TestExamplesBasicTest 2022-12-13T14:30:29+01:00 logger.go:66:                           - "ec2:DescribeInstances",
TestExamplesBasicTest 2022-12-13T14:30:29+01:00 logger.go:66:                           - "ec2:DescribeCoipPools",
TestExamplesBasicTest 2022-12-13T14:30:29+01:00 logger.go:66:                           - "ec2:DescribeAvailabilityZones",
TestExamplesBasicTest 2022-12-13T14:30:29+01:00 logger.go:66:                           - "ec2:DescribeAddresses",
TestExamplesBasicTest 2022-12-13T14:30:29+01:00 logger.go:66:                           - "ec2:DescribeAccountAttributes",
TestExamplesBasicTest 2022-12-13T14:30:29+01:00 logger.go:66:                         ]
TestExamplesBasicTest 2022-12-13T14:30:29+01:00 logger.go:66:                       - Effect   = "Allow"
TestExamplesBasicTest 2022-12-13T14:30:29+01:00 logger.go:66:                       - Resource = "*"
TestExamplesBasicTest 2022-12-13T14:30:29+01:00 logger.go:66:                       - Sid      = ""
TestExamplesBasicTest 2022-12-13T14:30:29+01:00 logger.go:66:                     },
TestExamplesBasicTest 2022-12-13T14:30:29+01:00 logger.go:66:                   - {
TestExamplesBasicTest 2022-12-13T14:30:29+01:00 logger.go:66:                       - Action   = [
TestExamplesBasicTest 2022-12-13T14:30:29+01:00 logger.go:66:                           - "wafv2:GetWebACLForResource",
TestExamplesBasicTest 2022-12-13T14:30:29+01:00 logger.go:66:                           - "wafv2:GetWebACL",
TestExamplesBasicTest 2022-12-13T14:30:29+01:00 logger.go:66:                           - "wafv2:DisassociateWebACL",
TestExamplesBasicTest 2022-12-13T14:30:29+01:00 logger.go:66:                           - "wafv2:AssociateWebACL",
TestExamplesBasicTest 2022-12-13T14:30:29+01:00 logger.go:66:                           - "waf-regional:GetWebACLForResource",
TestExamplesBasicTest 2022-12-13T14:30:29+01:00 logger.go:66:                           - "waf-regional:GetWebACL",
TestExamplesBasicTest 2022-12-13T14:30:29+01:00 logger.go:66:                           - "waf-regional:DisassociateWebACL",
TestExamplesBasicTest 2022-12-13T14:30:29+01:00 logger.go:66:                           - "waf-regional:AssociateWebACL",
TestExamplesBasicTest 2022-12-13T14:30:29+01:00 logger.go:66:                           - "shield:GetSubscriptionState",
TestExamplesBasicTest 2022-12-13T14:30:29+01:00 logger.go:66:                           - "shield:DescribeProtection",
TestExamplesBasicTest 2022-12-13T14:30:29+01:00 logger.go:66:                           - "shield:DeleteProtection",
TestExamplesBasicTest 2022-12-13T14:30:29+01:00 logger.go:66:                           - "shield:CreateProtection",
TestExamplesBasicTest 2022-12-13T14:30:29+01:00 logger.go:66:                           - "iam:ListServerCertificates",
TestExamplesBasicTest 2022-12-13T14:30:29+01:00 logger.go:66:                           - "iam:GetServerCertificate",
TestExamplesBasicTest 2022-12-13T14:30:29+01:00 logger.go:66:                           - "cognito-idp:DescribeUserPoolClient",
TestExamplesBasicTest 2022-12-13T14:30:29+01:00 logger.go:66:                           - "acm:ListCertificates",
TestExamplesBasicTest 2022-12-13T14:30:29+01:00 logger.go:66:                           - "acm:DescribeCertificate",
TestExamplesBasicTest 2022-12-13T14:30:29+01:00 logger.go:66:                         ]
TestExamplesBasicTest 2022-12-13T14:30:29+01:00 logger.go:66:                       - Effect   = "Allow"
TestExamplesBasicTest 2022-12-13T14:30:29+01:00 logger.go:66:                       - Resource = "*"
TestExamplesBasicTest 2022-12-13T14:30:29+01:00 logger.go:66:                       - Sid      = ""
TestExamplesBasicTest 2022-12-13T14:30:29+01:00 logger.go:66:                     },
TestExamplesBasicTest 2022-12-13T14:30:29+01:00 logger.go:66:                   - {
TestExamplesBasicTest 2022-12-13T14:30:29+01:00 logger.go:66:                       - Action   = [
TestExamplesBasicTest 2022-12-13T14:30:29+01:00 logger.go:66:                           - "ec2:RevokeSecurityGroupIngress",
TestExamplesBasicTest 2022-12-13T14:30:29+01:00 logger.go:66:                           - "ec2:AuthorizeSecurityGroupIngress",
TestExamplesBasicTest 2022-12-13T14:30:29+01:00 logger.go:66:                         ]
TestExamplesBasicTest 2022-12-13T14:30:29+01:00 logger.go:66:                       - Effect   = "Allow"
TestExamplesBasicTest 2022-12-13T14:30:29+01:00 logger.go:66:                       - Resource = "*"
TestExamplesBasicTest 2022-12-13T14:30:29+01:00 logger.go:66:                       - Sid      = ""
TestExamplesBasicTest 2022-12-13T14:30:29+01:00 logger.go:66:                     },
TestExamplesBasicTest 2022-12-13T14:30:29+01:00 logger.go:66:                   - {
TestExamplesBasicTest 2022-12-13T14:30:29+01:00 logger.go:66:                       - Action   = "ec2:CreateSecurityGroup"
TestExamplesBasicTest 2022-12-13T14:30:29+01:00 logger.go:66:                       - Effect   = "Allow"
TestExamplesBasicTest 2022-12-13T14:30:29+01:00 logger.go:66:                       - Resource = "*"
TestExamplesBasicTest 2022-12-13T14:30:29+01:00 logger.go:66:                       - Sid      = ""
TestExamplesBasicTest 2022-12-13T14:30:29+01:00 logger.go:66:                     },
TestExamplesBasicTest 2022-12-13T14:30:29+01:00 logger.go:66:                   - {
TestExamplesBasicTest 2022-12-13T14:30:29+01:00 logger.go:66:                       - Action    = "ec2:CreateTags"
TestExamplesBasicTest 2022-12-13T14:30:29+01:00 logger.go:66:                       - Condition = {
TestExamplesBasicTest 2022-12-13T14:30:29+01:00 logger.go:66:                           - Null         = {
TestExamplesBasicTest 2022-12-13T14:30:29+01:00 logger.go:66:                               - "aws:RequestTag/elbv2.k8s.aws/cluster" = "false"
TestExamplesBasicTest 2022-12-13T14:30:29+01:00 logger.go:66:                             }
TestExamplesBasicTest 2022-12-13T14:30:29+01:00 logger.go:66:                           - StringEquals = {
TestExamplesBasicTest 2022-12-13T14:30:29+01:00 logger.go:66:                               - "ec2:CreateAction" = "CreateSecurityGroup"
TestExamplesBasicTest 2022-12-13T14:30:29+01:00 logger.go:66:                             }
TestExamplesBasicTest 2022-12-13T14:30:29+01:00 logger.go:66:                         }
TestExamplesBasicTest 2022-12-13T14:30:29+01:00 logger.go:66:                       - Effect    = "Allow"
TestExamplesBasicTest 2022-12-13T14:30:29+01:00 logger.go:66:                       - Resource  = "arn:aws:ec2:*:*:security-group/*"
TestExamplesBasicTest 2022-12-13T14:30:29+01:00 logger.go:66:                       - Sid       = ""
TestExamplesBasicTest 2022-12-13T14:30:29+01:00 logger.go:66:                     },
TestExamplesBasicTest 2022-12-13T14:30:29+01:00 logger.go:66:                   - {
TestExamplesBasicTest 2022-12-13T14:30:29+01:00 logger.go:66:                       - Action    = [
TestExamplesBasicTest 2022-12-13T14:30:29+01:00 logger.go:66:                           - "ec2:DeleteTags",
TestExamplesBasicTest 2022-12-13T14:30:29+01:00 logger.go:66:                           - "ec2:CreateTags",
TestExamplesBasicTest 2022-12-13T14:30:29+01:00 logger.go:66:                         ]
TestExamplesBasicTest 2022-12-13T14:30:29+01:00 logger.go:66:                       - Condition = {
TestExamplesBasicTest 2022-12-13T14:30:29+01:00 logger.go:66:                           - Null = {
TestExamplesBasicTest 2022-12-13T14:30:29+01:00 logger.go:66:                               - "aws:ResourceTag/ingress.k8s.aws/cluster" = "false"
TestExamplesBasicTest 2022-12-13T14:30:29+01:00 logger.go:66:                             }
TestExamplesBasicTest 2022-12-13T14:30:29+01:00 logger.go:66:                         }
TestExamplesBasicTest 2022-12-13T14:30:29+01:00 logger.go:66:                       - Effect    = "Allow"
TestExamplesBasicTest 2022-12-13T14:30:29+01:00 logger.go:66:                       - Resource  = "arn:aws:ec2:*:*:security-group/*"
TestExamplesBasicTest 2022-12-13T14:30:29+01:00 logger.go:66:                       - Sid       = ""
TestExamplesBasicTest 2022-12-13T14:30:29+01:00 logger.go:66:                     },
TestExamplesBasicTest 2022-12-13T14:30:29+01:00 logger.go:66:                   - {
TestExamplesBasicTest 2022-12-13T14:30:29+01:00 logger.go:66:                       - Action    = [
TestExamplesBasicTest 2022-12-13T14:30:29+01:00 logger.go:66:                           - "elasticloadbalancing:RemoveTags",
TestExamplesBasicTest 2022-12-13T14:30:29+01:00 logger.go:66:                           - "elasticloadbalancing:DeleteTargetGroup",
TestExamplesBasicTest 2022-12-13T14:30:29+01:00 logger.go:66:                           - "elasticloadbalancing:AddTags",
TestExamplesBasicTest 2022-12-13T14:30:29+01:00 logger.go:66:                         ]
TestExamplesBasicTest 2022-12-13T14:30:29+01:00 logger.go:66:                       - Condition = {
TestExamplesBasicTest 2022-12-13T14:30:29+01:00 logger.go:66:                           - Null = {
TestExamplesBasicTest 2022-12-13T14:30:29+01:00 logger.go:66:                               - "aws:ResourceTag/ingress.k8s.aws/cluster" = "false"
TestExamplesBasicTest 2022-12-13T14:30:29+01:00 logger.go:66:                             }
TestExamplesBasicTest 2022-12-13T14:30:29+01:00 logger.go:66:                         }
TestExamplesBasicTest 2022-12-13T14:30:29+01:00 logger.go:66:                       - Effect    = "Allow"
TestExamplesBasicTest 2022-12-13T14:30:29+01:00 logger.go:66:                       - Resource  = [
TestExamplesBasicTest 2022-12-13T14:30:29+01:00 logger.go:66:                           - "arn:aws:elasticloadbalancing:*:*:targetgroup/*/*",
TestExamplesBasicTest 2022-12-13T14:30:29+01:00 logger.go:66:                           - "arn:aws:elasticloadbalancing:*:*:loadbalancer/net/*/*",
TestExamplesBasicTest 2022-12-13T14:30:29+01:00 logger.go:66:                           - "arn:aws:elasticloadbalancing:*:*:loadbalancer/app/*/*",
TestExamplesBasicTest 2022-12-13T14:30:29+01:00 logger.go:66:                         ]
TestExamplesBasicTest 2022-12-13T14:30:29+01:00 logger.go:66:                       - Sid       = ""
TestExamplesBasicTest 2022-12-13T14:30:29+01:00 logger.go:66:                     },
TestExamplesBasicTest 2022-12-13T14:30:29+01:00 logger.go:66:                   - {
TestExamplesBasicTest 2022-12-13T14:30:29+01:00 logger.go:66:                       - Action    = [
TestExamplesBasicTest 2022-12-13T14:30:29+01:00 logger.go:66:                           - "ec2:DeleteTags",
TestExamplesBasicTest 2022-12-13T14:30:29+01:00 logger.go:66:                           - "ec2:CreateTags",
TestExamplesBasicTest 2022-12-13T14:30:29+01:00 logger.go:66:                         ]
TestExamplesBasicTest 2022-12-13T14:30:29+01:00 logger.go:66:                       - Condition = {
TestExamplesBasicTest 2022-12-13T14:30:29+01:00 logger.go:66:                           - Null = {
TestExamplesBasicTest 2022-12-13T14:30:29+01:00 logger.go:66:                               - "aws:RequestTag/elbv2.k8s.aws/cluster"  = "true"
TestExamplesBasicTest 2022-12-13T14:30:29+01:00 logger.go:66:                               - "aws:ResourceTag/elbv2.k8s.aws/cluster" = "false"
TestExamplesBasicTest 2022-12-13T14:30:29+01:00 logger.go:66:                             }
TestExamplesBasicTest 2022-12-13T14:30:29+01:00 logger.go:66:                         }
TestExamplesBasicTest 2022-12-13T14:30:29+01:00 logger.go:66:                       - Effect    = "Allow"
TestExamplesBasicTest 2022-12-13T14:30:29+01:00 logger.go:66:                       - Resource  = "arn:aws:ec2:*:*:security-group/*"
TestExamplesBasicTest 2022-12-13T14:30:29+01:00 logger.go:66:                       - Sid       = ""
TestExamplesBasicTest 2022-12-13T14:30:29+01:00 logger.go:66:                     },
TestExamplesBasicTest 2022-12-13T14:30:29+01:00 logger.go:66:                   - {
TestExamplesBasicTest 2022-12-13T14:30:29+01:00 logger.go:66:                       - Action    = [
TestExamplesBasicTest 2022-12-13T14:30:29+01:00 logger.go:66:                           - "ec2:RevokeSecurityGroupIngress",
TestExamplesBasicTest 2022-12-13T14:30:29+01:00 logger.go:66:                           - "ec2:DeleteSecurityGroup",
TestExamplesBasicTest 2022-12-13T14:30:29+01:00 logger.go:66:                           - "ec2:AuthorizeSecurityGroupIngress",
TestExamplesBasicTest 2022-12-13T14:30:29+01:00 logger.go:66:                         ]
TestExamplesBasicTest 2022-12-13T14:30:29+01:00 logger.go:66:                       - Condition = {
TestExamplesBasicTest 2022-12-13T14:30:29+01:00 logger.go:66:                           - Null = {
TestExamplesBasicTest 2022-12-13T14:30:29+01:00 logger.go:66:                               - "aws:ResourceTag/elbv2.k8s.aws/cluster" = "false"
TestExamplesBasicTest 2022-12-13T14:30:29+01:00 logger.go:66:                             }
TestExamplesBasicTest 2022-12-13T14:30:29+01:00 logger.go:66:                         }
TestExamplesBasicTest 2022-12-13T14:30:29+01:00 logger.go:66:                       - Effect    = "Allow"
TestExamplesBasicTest 2022-12-13T14:30:29+01:00 logger.go:66:                       - Resource  = "*"
TestExamplesBasicTest 2022-12-13T14:30:29+01:00 logger.go:66:                       - Sid       = ""
TestExamplesBasicTest 2022-12-13T14:30:29+01:00 logger.go:66:                     },
TestExamplesBasicTest 2022-12-13T14:30:29+01:00 logger.go:66:                   - {
TestExamplesBasicTest 2022-12-13T14:30:29+01:00 logger.go:66:                       - Action    = [
TestExamplesBasicTest 2022-12-13T14:30:29+01:00 logger.go:66:                           - "elasticloadbalancing:CreateTargetGroup",
TestExamplesBasicTest 2022-12-13T14:30:29+01:00 logger.go:66:                           - "elasticloadbalancing:CreateLoadBalancer",
TestExamplesBasicTest 2022-12-13T14:30:29+01:00 logger.go:66:                         ]
TestExamplesBasicTest 2022-12-13T14:30:29+01:00 logger.go:66:                       - Condition = {
TestExamplesBasicTest 2022-12-13T14:30:29+01:00 logger.go:66:                           - Null = {
TestExamplesBasicTest 2022-12-13T14:30:29+01:00 logger.go:66:                               - "aws:RequestTag/elbv2.k8s.aws/cluster" = "false"
TestExamplesBasicTest 2022-12-13T14:30:29+01:00 logger.go:66:                             }
TestExamplesBasicTest 2022-12-13T14:30:29+01:00 logger.go:66:                         }
TestExamplesBasicTest 2022-12-13T14:30:29+01:00 logger.go:66:                       - Effect    = "Allow"
TestExamplesBasicTest 2022-12-13T14:30:29+01:00 logger.go:66:                       - Resource  = "*"
TestExamplesBasicTest 2022-12-13T14:30:29+01:00 logger.go:66:                       - Sid       = ""
TestExamplesBasicTest 2022-12-13T14:30:29+01:00 logger.go:66:                     },
TestExamplesBasicTest 2022-12-13T14:30:29+01:00 logger.go:66:                   - {
TestExamplesBasicTest 2022-12-13T14:30:29+01:00 logger.go:66:                       - Action   = [
TestExamplesBasicTest 2022-12-13T14:30:29+01:00 logger.go:66:                           - "elasticloadbalancing:DeleteRule",
TestExamplesBasicTest 2022-12-13T14:30:29+01:00 logger.go:66:                           - "elasticloadbalancing:DeleteListener",
TestExamplesBasicTest 2022-12-13T14:30:29+01:00 logger.go:66:                           - "elasticloadbalancing:CreateRule",
TestExamplesBasicTest 2022-12-13T14:30:29+01:00 logger.go:66:                           - "elasticloadbalancing:CreateListener",
TestExamplesBasicTest 2022-12-13T14:30:29+01:00 logger.go:66:                         ]
TestExamplesBasicTest 2022-12-13T14:30:29+01:00 logger.go:66:                       - Effect   = "Allow"
TestExamplesBasicTest 2022-12-13T14:30:29+01:00 logger.go:66:                       - Resource = "*"
TestExamplesBasicTest 2022-12-13T14:30:29+01:00 logger.go:66:                       - Sid      = ""
TestExamplesBasicTest 2022-12-13T14:30:29+01:00 logger.go:66:                     },
TestExamplesBasicTest 2022-12-13T14:30:29+01:00 logger.go:66:                   - {
TestExamplesBasicTest 2022-12-13T14:30:29+01:00 logger.go:66:                       - Action    = [
TestExamplesBasicTest 2022-12-13T14:30:29+01:00 logger.go:66:                           - "elasticloadbalancing:RemoveTags",
TestExamplesBasicTest 2022-12-13T14:30:29+01:00 logger.go:66:                           - "elasticloadbalancing:AddTags",
TestExamplesBasicTest 2022-12-13T14:30:29+01:00 logger.go:66:                         ]
TestExamplesBasicTest 2022-12-13T14:30:29+01:00 logger.go:66:                       - Condition = {
TestExamplesBasicTest 2022-12-13T14:30:29+01:00 logger.go:66:                           - Null = {
TestExamplesBasicTest 2022-12-13T14:30:29+01:00 logger.go:66:                               - "aws:RequestTag/elbv2.k8s.aws/cluster"  = "true"
TestExamplesBasicTest 2022-12-13T14:30:29+01:00 logger.go:66:                               - "aws:ResourceTag/elbv2.k8s.aws/cluster" = "false"
TestExamplesBasicTest 2022-12-13T14:30:29+01:00 logger.go:66:                             }
TestExamplesBasicTest 2022-12-13T14:30:29+01:00 logger.go:66:                         }
TestExamplesBasicTest 2022-12-13T14:30:29+01:00 logger.go:66:                       - Effect    = "Allow"
TestExamplesBasicTest 2022-12-13T14:30:29+01:00 logger.go:66:                       - Resource  = [
TestExamplesBasicTest 2022-12-13T14:30:29+01:00 logger.go:66:                           - "arn:aws:elasticloadbalancing:*:*:targetgroup/*/*",
TestExamplesBasicTest 2022-12-13T14:30:29+01:00 logger.go:66:                           - "arn:aws:elasticloadbalancing:*:*:loadbalancer/net/*/*",
TestExamplesBasicTest 2022-12-13T14:30:29+01:00 logger.go:66:                           - "arn:aws:elasticloadbalancing:*:*:loadbalancer/app/*/*",
TestExamplesBasicTest 2022-12-13T14:30:29+01:00 logger.go:66:                         ]
TestExamplesBasicTest 2022-12-13T14:30:29+01:00 logger.go:66:                       - Sid       = ""
TestExamplesBasicTest 2022-12-13T14:30:29+01:00 logger.go:66:                     },
TestExamplesBasicTest 2022-12-13T14:30:29+01:00 logger.go:66:                   - {
TestExamplesBasicTest 2022-12-13T14:30:29+01:00 logger.go:66:                       - Action   = [
TestExamplesBasicTest 2022-12-13T14:30:29+01:00 logger.go:66:                           - "elasticloadbalancing:RemoveTags",
TestExamplesBasicTest 2022-12-13T14:30:29+01:00 logger.go:66:                           - "elasticloadbalancing:AddTags",
TestExamplesBasicTest 2022-12-13T14:30:29+01:00 logger.go:66:                         ]
TestExamplesBasicTest 2022-12-13T14:30:29+01:00 logger.go:66:                       - Effect   = "Allow"
TestExamplesBasicTest 2022-12-13T14:30:29+01:00 logger.go:66:                       - Resource = [
TestExamplesBasicTest 2022-12-13T14:30:29+01:00 logger.go:66:                           - "arn:aws:elasticloadbalancing:*:*:listener/net/*/*/*",
TestExamplesBasicTest 2022-12-13T14:30:29+01:00 logger.go:66:                           - "arn:aws:elasticloadbalancing:*:*:listener/app/*/*/*",
TestExamplesBasicTest 2022-12-13T14:30:29+01:00 logger.go:66:                           - "arn:aws:elasticloadbalancing:*:*:listener-rule/net/*/*/*",
TestExamplesBasicTest 2022-12-13T14:30:29+01:00 logger.go:66:                           - "arn:aws:elasticloadbalancing:*:*:listener-rule/app/*/*/*",
TestExamplesBasicTest 2022-12-13T14:30:29+01:00 logger.go:66:                         ]
TestExamplesBasicTest 2022-12-13T14:30:29+01:00 logger.go:66:                       - Sid      = ""
TestExamplesBasicTest 2022-12-13T14:30:29+01:00 logger.go:66:                     },
TestExamplesBasicTest 2022-12-13T14:30:29+01:00 logger.go:66:                   - {
TestExamplesBasicTest 2022-12-13T14:30:29+01:00 logger.go:66:                       - Action    = [
TestExamplesBasicTest 2022-12-13T14:30:29+01:00 logger.go:66:                           - "elasticloadbalancing:SetSubnets",
TestExamplesBasicTest 2022-12-13T14:30:29+01:00 logger.go:66:                           - "elasticloadbalancing:SetSecurityGroups",
TestExamplesBasicTest 2022-12-13T14:30:29+01:00 logger.go:66:                           - "elasticloadbalancing:SetIpAddressType",
TestExamplesBasicTest 2022-12-13T14:30:29+01:00 logger.go:66:                           - "elasticloadbalancing:ModifyTargetGroupAttributes",
TestExamplesBasicTest 2022-12-13T14:30:29+01:00 logger.go:66:                           - "elasticloadbalancing:ModifyTargetGroup",
TestExamplesBasicTest 2022-12-13T14:30:29+01:00 logger.go:66:                           - "elasticloadbalancing:ModifyLoadBalancerAttributes",
TestExamplesBasicTest 2022-12-13T14:30:29+01:00 logger.go:66:                           - "elasticloadbalancing:DeleteTargetGroup",
TestExamplesBasicTest 2022-12-13T14:30:29+01:00 logger.go:66:                           - "elasticloadbalancing:DeleteLoadBalancer",
TestExamplesBasicTest 2022-12-13T14:30:29+01:00 logger.go:66:                         ]
TestExamplesBasicTest 2022-12-13T14:30:29+01:00 logger.go:66:                       - Condition = {
TestExamplesBasicTest 2022-12-13T14:30:29+01:00 logger.go:66:                           - Null = {
TestExamplesBasicTest 2022-12-13T14:30:29+01:00 logger.go:66:                               - "aws:ResourceTag/elbv2.k8s.aws/cluster" = "false"
TestExamplesBasicTest 2022-12-13T14:30:29+01:00 logger.go:66:                             }
TestExamplesBasicTest 2022-12-13T14:30:29+01:00 logger.go:66:                         }
TestExamplesBasicTest 2022-12-13T14:30:29+01:00 logger.go:66:                       - Effect    = "Allow"
TestExamplesBasicTest 2022-12-13T14:30:29+01:00 logger.go:66:                       - Resource  = "*"
TestExamplesBasicTest 2022-12-13T14:30:29+01:00 logger.go:66:                       - Sid       = ""
TestExamplesBasicTest 2022-12-13T14:30:29+01:00 logger.go:66:                     },
TestExamplesBasicTest 2022-12-13T14:30:29+01:00 logger.go:66:                   - {
TestExamplesBasicTest 2022-12-13T14:30:29+01:00 logger.go:66:                       - Action   = [
TestExamplesBasicTest 2022-12-13T14:30:29+01:00 logger.go:66:                           - "elasticloadbalancing:RegisterTargets",
TestExamplesBasicTest 2022-12-13T14:30:29+01:00 logger.go:66:                           - "elasticloadbalancing:DeregisterTargets",
TestExamplesBasicTest 2022-12-13T14:30:29+01:00 logger.go:66:                         ]
TestExamplesBasicTest 2022-12-13T14:30:29+01:00 logger.go:66:                       - Effect   = "Allow"
TestExamplesBasicTest 2022-12-13T14:30:29+01:00 logger.go:66:                       - Resource = "arn:aws:elasticloadbalancing:*:*:targetgroup/*/*"
TestExamplesBasicTest 2022-12-13T14:30:29+01:00 logger.go:66:                       - Sid      = ""
TestExamplesBasicTest 2022-12-13T14:30:29+01:00 logger.go:66:                     },
TestExamplesBasicTest 2022-12-13T14:30:29+01:00 logger.go:66:                   - {
TestExamplesBasicTest 2022-12-13T14:30:29+01:00 logger.go:66:                       - Action   = [
TestExamplesBasicTest 2022-12-13T14:30:29+01:00 logger.go:66:                           - "elasticloadbalancing:SetWebAcl",
TestExamplesBasicTest 2022-12-13T14:30:29+01:00 logger.go:66:                           - "elasticloadbalancing:RemoveListenerCertificates",
TestExamplesBasicTest 2022-12-13T14:30:29+01:00 logger.go:66:                           - "elasticloadbalancing:ModifyRule",
TestExamplesBasicTest 2022-12-13T14:30:29+01:00 logger.go:66:                           - "elasticloadbalancing:ModifyListener",
TestExamplesBasicTest 2022-12-13T14:30:29+01:00 logger.go:66:                           - "elasticloadbalancing:AddListenerCertificates",
TestExamplesBasicTest 2022-12-13T14:30:29+01:00 logger.go:66:                         ]
TestExamplesBasicTest 2022-12-13T14:30:29+01:00 logger.go:66:                       - Effect   = "Allow"
TestExamplesBasicTest 2022-12-13T14:30:29+01:00 logger.go:66:                       - Resource = "*"
TestExamplesBasicTest 2022-12-13T14:30:29+01:00 logger.go:66:                       - Sid      = ""
TestExamplesBasicTest 2022-12-13T14:30:29+01:00 logger.go:66:                     },
TestExamplesBasicTest 2022-12-13T14:30:29+01:00 logger.go:66:                 ]
TestExamplesBasicTest 2022-12-13T14:30:29+01:00 logger.go:66:               - Version   = "2012-10-17"
TestExamplesBasicTest 2022-12-13T14:30:29+01:00 logger.go:66:             }
TestExamplesBasicTest 2022-12-13T14:30:29+01:00 logger.go:66:         ) -> null
TestExamplesBasicTest 2022-12-13T14:30:29+01:00 logger.go:66:       - policy_id   = "ANPAS4QGIC2WUKYCQ2T7I" -> null
TestExamplesBasicTest 2022-12-13T14:30:29+01:00 logger.go:66:       - tags        = {} -> null
TestExamplesBasicTest 2022-12-13T14:30:29+01:00 logger.go:66:       - tags_all    = {} -> null
TestExamplesBasicTest 2022-12-13T14:30:29+01:00 logger.go:66:     }
TestExamplesBasicTest 2022-12-13T14:30:29+01:00 logger.go:66:
TestExamplesBasicTest 2022-12-13T14:30:29+01:00 logger.go:66:   # module.eks_blueprints_kubernetes_addons.module.cert_manager[0].aws_iam_policy.cert_manager will be destroyed
TestExamplesBasicTest 2022-12-13T14:30:29+01:00 logger.go:66:   - resource "aws_iam_policy" "cert_manager" {
TestExamplesBasicTest 2022-12-13T14:30:29+01:00 logger.go:66:       - arn         = "arn:aws:iam::198655350445:policy/test-eks-cnr-cert-manager-irsa" -> null
TestExamplesBasicTest 2022-12-13T14:30:29+01:00 logger.go:66:       - description = "cert-manager IAM policy." -> null
TestExamplesBasicTest 2022-12-13T14:30:29+01:00 logger.go:66:       - id          = "arn:aws:iam::198655350445:policy/test-eks-cnr-cert-manager-irsa" -> null
TestExamplesBasicTest 2022-12-13T14:30:29+01:00 logger.go:66:       - name        = "test-eks-cnr-cert-manager-irsa" -> null
TestExamplesBasicTest 2022-12-13T14:30:29+01:00 logger.go:66:       - path        = "/" -> null
TestExamplesBasicTest 2022-12-13T14:30:29+01:00 logger.go:66:       - policy      = jsonencode(
TestExamplesBasicTest 2022-12-13T14:30:29+01:00 logger.go:66:             {
TestExamplesBasicTest 2022-12-13T14:30:29+01:00 logger.go:66:               - Statement = [
TestExamplesBasicTest 2022-12-13T14:30:29+01:00 logger.go:66:                   - {
TestExamplesBasicTest 2022-12-13T14:30:29+01:00 logger.go:66:                       - Action   = "route53:GetChange"
TestExamplesBasicTest 2022-12-13T14:30:29+01:00 logger.go:66:                       - Effect   = "Allow"
TestExamplesBasicTest 2022-12-13T14:30:29+01:00 logger.go:66:                       - Resource = "arn:aws:route53:::change/*"
TestExamplesBasicTest 2022-12-13T14:30:29+01:00 logger.go:66:                       - Sid      = ""
TestExamplesBasicTest 2022-12-13T14:30:29+01:00 logger.go:66:                     },
TestExamplesBasicTest 2022-12-13T14:30:29+01:00 logger.go:66:                   - {
TestExamplesBasicTest 2022-12-13T14:30:29+01:00 logger.go:66:                       - Action   = "route53:ListHostedZonesByName"
TestExamplesBasicTest 2022-12-13T14:30:29+01:00 logger.go:66:                       - Effect   = "Allow"
TestExamplesBasicTest 2022-12-13T14:30:29+01:00 logger.go:66:                       - Resource = "*"
TestExamplesBasicTest 2022-12-13T14:30:29+01:00 logger.go:66:                       - Sid      = ""
TestExamplesBasicTest 2022-12-13T14:30:29+01:00 logger.go:66:                     },
TestExamplesBasicTest 2022-12-13T14:30:29+01:00 logger.go:66:                 ]
TestExamplesBasicTest 2022-12-13T14:30:29+01:00 logger.go:66:               - Version   = "2012-10-17"
TestExamplesBasicTest 2022-12-13T14:30:29+01:00 logger.go:66:             }
TestExamplesBasicTest 2022-12-13T14:30:29+01:00 logger.go:66:         ) -> null
TestExamplesBasicTest 2022-12-13T14:30:29+01:00 logger.go:66:       - policy_id   = "ANPAS4QGIC2WQUQWSDSQS" -> null
TestExamplesBasicTest 2022-12-13T14:30:29+01:00 logger.go:66:       - tags        = {} -> null
TestExamplesBasicTest 2022-12-13T14:30:29+01:00 logger.go:66:       - tags_all    = {} -> null
TestExamplesBasicTest 2022-12-13T14:30:29+01:00 logger.go:66:     }
TestExamplesBasicTest 2022-12-13T14:30:29+01:00 logger.go:66:
TestExamplesBasicTest 2022-12-13T14:30:29+01:00 logger.go:66:   # module.eks_blueprints_kubernetes_addons.module.cert_manager[0].helm_release.cert_manager_ca[0] will be destroyed
TestExamplesBasicTest 2022-12-13T14:30:29+01:00 logger.go:66:   - resource "helm_release" "cert_manager_ca" {
TestExamplesBasicTest 2022-12-13T14:30:29+01:00 logger.go:66:       - atomic                     = false -> null
TestExamplesBasicTest 2022-12-13T14:30:29+01:00 logger.go:66:       - chart                      = ".terraform/modules/eks_blueprints_kubernetes_addons/modules/kubernetes-addons/cert-manager/cert-manager-ca" -> null
TestExamplesBasicTest 2022-12-13T14:30:29+01:00 logger.go:66:       - cleanup_on_fail            = false -> null
TestExamplesBasicTest 2022-12-13T14:30:29+01:00 logger.go:66:       - create_namespace           = false -> null
TestExamplesBasicTest 2022-12-13T14:30:29+01:00 logger.go:66:       - dependency_update          = false -> null
TestExamplesBasicTest 2022-12-13T14:30:29+01:00 logger.go:66:       - disable_crd_hooks          = false -> null
TestExamplesBasicTest 2022-12-13T14:30:29+01:00 logger.go:66:       - disable_openapi_validation = false -> null
TestExamplesBasicTest 2022-12-13T14:30:29+01:00 logger.go:66:       - disable_webhooks           = false -> null
TestExamplesBasicTest 2022-12-13T14:30:29+01:00 logger.go:66:       - force_update               = false -> null
TestExamplesBasicTest 2022-12-13T14:30:29+01:00 logger.go:66:       - id                         = "cert-manager-ca" -> null
TestExamplesBasicTest 2022-12-13T14:30:29+01:00 logger.go:66:       - lint                       = false -> null
TestExamplesBasicTest 2022-12-13T14:30:29+01:00 logger.go:66:       - max_history                = 0 -> null
TestExamplesBasicTest 2022-12-13T14:30:29+01:00 logger.go:66:       - metadata                   = [
TestExamplesBasicTest 2022-12-13T14:30:29+01:00 logger.go:66:           - {
TestExamplesBasicTest 2022-12-13T14:30:29+01:00 logger.go:66:               - app_version = "v0.1.0"
TestExamplesBasicTest 2022-12-13T14:30:29+01:00 logger.go:66:               - chart       = "cert-manager-ca"
TestExamplesBasicTest 2022-12-13T14:30:29+01:00 logger.go:66:               - name        = "cert-manager-ca"
TestExamplesBasicTest 2022-12-13T14:30:29+01:00 logger.go:66:               - namespace   = "cert-manager"
TestExamplesBasicTest 2022-12-13T14:30:29+01:00 logger.go:66:               - revision    = 1
TestExamplesBasicTest 2022-12-13T14:30:29+01:00 logger.go:66:               - values      = "null"
TestExamplesBasicTest 2022-12-13T14:30:29+01:00 logger.go:66:               - version     = "0.2.0"
TestExamplesBasicTest 2022-12-13T14:30:29+01:00 logger.go:66:             },
TestExamplesBasicTest 2022-12-13T14:30:29+01:00 logger.go:66:         ] -> null
TestExamplesBasicTest 2022-12-13T14:30:29+01:00 logger.go:66:       - name                       = "cert-manager-ca" -> null
TestExamplesBasicTest 2022-12-13T14:30:29+01:00 logger.go:66:       - namespace                  = "cert-manager" -> null
TestExamplesBasicTest 2022-12-13T14:30:29+01:00 logger.go:66:       - pass_credentials           = false -> null
TestExamplesBasicTest 2022-12-13T14:30:29+01:00 logger.go:66:       - recreate_pods              = false -> null
TestExamplesBasicTest 2022-12-13T14:30:29+01:00 logger.go:66:       - render_subchart_notes      = true -> null
TestExamplesBasicTest 2022-12-13T14:30:29+01:00 logger.go:66:       - replace                    = false -> null
TestExamplesBasicTest 2022-12-13T14:30:29+01:00 logger.go:66:       - reset_values               = false -> null
TestExamplesBasicTest 2022-12-13T14:30:29+01:00 logger.go:66:       - reuse_values               = false -> null
TestExamplesBasicTest 2022-12-13T14:30:29+01:00 logger.go:66:       - skip_crds                  = false -> null
TestExamplesBasicTest 2022-12-13T14:30:29+01:00 logger.go:66:       - status                     = "deployed" -> null
TestExamplesBasicTest 2022-12-13T14:30:29+01:00 logger.go:66:       - timeout                    = 300 -> null
TestExamplesBasicTest 2022-12-13T14:30:29+01:00 logger.go:66:       - verify                     = false -> null
TestExamplesBasicTest 2022-12-13T14:30:29+01:00 logger.go:66:       - version                    = "0.2.0" -> null
TestExamplesBasicTest 2022-12-13T14:30:29+01:00 logger.go:66:       - wait                       = true -> null
TestExamplesBasicTest 2022-12-13T14:30:29+01:00 logger.go:66:       - wait_for_jobs              = false -> null
TestExamplesBasicTest 2022-12-13T14:30:29+01:00 logger.go:66:     }
TestExamplesBasicTest 2022-12-13T14:30:29+01:00 logger.go:66:
TestExamplesBasicTest 2022-12-13T14:30:29+01:00 logger.go:66:   # module.eks_blueprints_kubernetes_addons.module.cert_manager[0].helm_release.cert_manager_letsencrypt[0] will be destroyed
TestExamplesBasicTest 2022-12-13T14:30:29+01:00 logger.go:66:   - resource "helm_release" "cert_manager_letsencrypt" {
TestExamplesBasicTest 2022-12-13T14:30:29+01:00 logger.go:66:       - atomic                     = false -> null
TestExamplesBasicTest 2022-12-13T14:30:29+01:00 logger.go:66:       - chart                      = ".terraform/modules/eks_blueprints_kubernetes_addons/modules/kubernetes-addons/cert-manager/cert-manager-letsencrypt" -> null
TestExamplesBasicTest 2022-12-13T14:30:29+01:00 logger.go:66:       - cleanup_on_fail            = false -> null
TestExamplesBasicTest 2022-12-13T14:30:29+01:00 logger.go:66:       - create_namespace           = false -> null
TestExamplesBasicTest 2022-12-13T14:30:29+01:00 logger.go:66:       - dependency_update          = false -> null
TestExamplesBasicTest 2022-12-13T14:30:29+01:00 logger.go:66:       - disable_crd_hooks          = false -> null
TestExamplesBasicTest 2022-12-13T14:30:29+01:00 logger.go:66:       - disable_openapi_validation = false -> null
TestExamplesBasicTest 2022-12-13T14:30:29+01:00 logger.go:66:       - disable_webhooks           = false -> null
TestExamplesBasicTest 2022-12-13T14:30:29+01:00 logger.go:66:       - force_update               = false -> null
TestExamplesBasicTest 2022-12-13T14:30:29+01:00 logger.go:66:       - id                         = "cert-manager-letsencrypt" -> null
TestExamplesBasicTest 2022-12-13T14:30:29+01:00 logger.go:66:       - lint                       = false -> null
TestExamplesBasicTest 2022-12-13T14:30:29+01:00 logger.go:66:       - max_history                = 0 -> null
TestExamplesBasicTest 2022-12-13T14:30:29+01:00 logger.go:66:       - metadata                   = [
TestExamplesBasicTest 2022-12-13T14:30:29+01:00 logger.go:66:           - {
TestExamplesBasicTest 2022-12-13T14:30:29+01:00 logger.go:66:               - app_version = "v0.1.0"
TestExamplesBasicTest 2022-12-13T14:30:29+01:00 logger.go:66:               - chart       = "cert-manager-letsencrypt"
TestExamplesBasicTest 2022-12-13T14:30:29+01:00 logger.go:66:               - name        = "cert-manager-letsencrypt"
TestExamplesBasicTest 2022-12-13T14:30:29+01:00 logger.go:66:               - namespace   = "cert-manager"
TestExamplesBasicTest 2022-12-13T14:30:29+01:00 logger.go:66:               - revision    = 1
TestExamplesBasicTest 2022-12-13T14:30:29+01:00 logger.go:66:               - values      = jsonencode(
TestExamplesBasicTest 2022-12-13T14:30:29+01:00 logger.go:66:                     {
TestExamplesBasicTest 2022-12-13T14:30:29+01:00 logger.go:66:                       - dnsZones = [
TestExamplesBasicTest 2022-12-13T14:30:29+01:00 logger.go:66:                           - "",
TestExamplesBasicTest 2022-12-13T14:30:29+01:00 logger.go:66:                         ]
TestExamplesBasicTest 2022-12-13T14:30:29+01:00 logger.go:66:                       - email    = ""
TestExamplesBasicTest 2022-12-13T14:30:29+01:00 logger.go:66:                     }
TestExamplesBasicTest 2022-12-13T14:30:29+01:00 logger.go:66:                 )
TestExamplesBasicTest 2022-12-13T14:30:29+01:00 logger.go:66:               - version     = "0.1.0"
TestExamplesBasicTest 2022-12-13T14:30:29+01:00 logger.go:66:             },
TestExamplesBasicTest 2022-12-13T14:30:29+01:00 logger.go:66:         ] -> null
TestExamplesBasicTest 2022-12-13T14:30:29+01:00 logger.go:66:       - name                       = "cert-manager-letsencrypt" -> null
TestExamplesBasicTest 2022-12-13T14:30:29+01:00 logger.go:66:       - namespace                  = "cert-manager" -> null
TestExamplesBasicTest 2022-12-13T14:30:29+01:00 logger.go:66:       - pass_credentials           = false -> null
TestExamplesBasicTest 2022-12-13T14:30:29+01:00 logger.go:66:       - recreate_pods              = false -> null
TestExamplesBasicTest 2022-12-13T14:30:29+01:00 logger.go:66:       - render_subchart_notes      = true -> null
TestExamplesBasicTest 2022-12-13T14:30:29+01:00 logger.go:66:       - replace                    = false -> null
TestExamplesBasicTest 2022-12-13T14:30:29+01:00 logger.go:66:       - reset_values               = false -> null
TestExamplesBasicTest 2022-12-13T14:30:29+01:00 logger.go:66:       - reuse_values               = false -> null
TestExamplesBasicTest 2022-12-13T14:30:29+01:00 logger.go:66:       - skip_crds                  = false -> null
TestExamplesBasicTest 2022-12-13T14:30:29+01:00 logger.go:66:       - status                     = "deployed" -> null
TestExamplesBasicTest 2022-12-13T14:30:29+01:00 logger.go:66:       - timeout                    = 300 -> null
TestExamplesBasicTest 2022-12-13T14:30:29+01:00 logger.go:66:       - verify                     = false -> null
TestExamplesBasicTest 2022-12-13T14:30:29+01:00 logger.go:66:       - version                    = "0.1.0" -> null
TestExamplesBasicTest 2022-12-13T14:30:29+01:00 logger.go:66:       - wait                       = true -> null
TestExamplesBasicTest 2022-12-13T14:30:29+01:00 logger.go:66:       - wait_for_jobs              = false -> null
TestExamplesBasicTest 2022-12-13T14:30:29+01:00 logger.go:66:
TestExamplesBasicTest 2022-12-13T14:30:29+01:00 logger.go:66:       - set {
TestExamplesBasicTest 2022-12-13T14:30:29+01:00 logger.go:66:           - name  = "dnsZones" -> null
TestExamplesBasicTest 2022-12-13T14:30:29+01:00 logger.go:66:           - type  = "string" -> null
TestExamplesBasicTest 2022-12-13T14:30:29+01:00 logger.go:66:           - value = jsonencode({}) -> null
TestExamplesBasicTest 2022-12-13T14:30:29+01:00 logger.go:66:         }
TestExamplesBasicTest 2022-12-13T14:30:29+01:00 logger.go:66:       - set {
TestExamplesBasicTest 2022-12-13T14:30:29+01:00 logger.go:66:           - name = "email" -> null
TestExamplesBasicTest 2022-12-13T14:30:29+01:00 logger.go:66:           - type = "string" -> null
TestExamplesBasicTest 2022-12-13T14:30:29+01:00 logger.go:66:         }
TestExamplesBasicTest 2022-12-13T14:30:29+01:00 logger.go:66:     }
TestExamplesBasicTest 2022-12-13T14:30:29+01:00 logger.go:66:
TestExamplesBasicTest 2022-12-13T14:30:29+01:00 logger.go:66:   # module.eks_blueprints_kubernetes_addons.module.external_dns[0].aws_iam_policy.external_dns will be destroyed
TestExamplesBasicTest 2022-12-13T14:30:29+01:00 logger.go:66:   - resource "aws_iam_policy" "external_dns" {
TestExamplesBasicTest 2022-12-13T14:30:29+01:00 logger.go:66:       - arn         = "arn:aws:iam::198655350445:policy/test-eks-cnr-external-dns-irsa" -> null
TestExamplesBasicTest 2022-12-13T14:30:29+01:00 logger.go:66:       - description = "External DNS IAM policy." -> null
TestExamplesBasicTest 2022-12-13T14:30:29+01:00 logger.go:66:       - id          = "arn:aws:iam::198655350445:policy/test-eks-cnr-external-dns-irsa" -> null
TestExamplesBasicTest 2022-12-13T14:30:29+01:00 logger.go:66:       - name        = "test-eks-cnr-external-dns-irsa" -> null
TestExamplesBasicTest 2022-12-13T14:30:29+01:00 logger.go:66:       - path        = "/" -> null
TestExamplesBasicTest 2022-12-13T14:30:29+01:00 logger.go:66:       - policy      = jsonencode(
TestExamplesBasicTest 2022-12-13T14:30:29+01:00 logger.go:66:             {
TestExamplesBasicTest 2022-12-13T14:30:29+01:00 logger.go:66:               - Statement = [
TestExamplesBasicTest 2022-12-13T14:30:29+01:00 logger.go:66:                   - {
TestExamplesBasicTest 2022-12-13T14:30:29+01:00 logger.go:66:                       - Action   = "route53:ChangeResourceRecordSets"
TestExamplesBasicTest 2022-12-13T14:30:29+01:00 logger.go:66:                       - Effect   = "Allow"
TestExamplesBasicTest 2022-12-13T14:30:29+01:00 logger.go:66:                       - Resource = "arn:aws:route53:::hostedzone/Z08633645H30XF5497K5"
TestExamplesBasicTest 2022-12-13T14:30:29+01:00 logger.go:66:                       - Sid      = ""
TestExamplesBasicTest 2022-12-13T14:30:29+01:00 logger.go:66:                     },
TestExamplesBasicTest 2022-12-13T14:30:29+01:00 logger.go:66:                   - {
TestExamplesBasicTest 2022-12-13T14:30:29+01:00 logger.go:66:                       - Action   = [
TestExamplesBasicTest 2022-12-13T14:30:29+01:00 logger.go:66:                           - "route53:ListResourceRecordSets",
TestExamplesBasicTest 2022-12-13T14:30:29+01:00 logger.go:66:                           - "route53:ListHostedZones",
TestExamplesBasicTest 2022-12-13T14:30:29+01:00 logger.go:66:                         ]
TestExamplesBasicTest 2022-12-13T14:30:29+01:00 logger.go:66:                       - Effect   = "Allow"
TestExamplesBasicTest 2022-12-13T14:30:29+01:00 logger.go:66:                       - Resource = "*"
TestExamplesBasicTest 2022-12-13T14:30:29+01:00 logger.go:66:                       - Sid      = ""
TestExamplesBasicTest 2022-12-13T14:30:29+01:00 logger.go:66:                     },
TestExamplesBasicTest 2022-12-13T14:30:29+01:00 logger.go:66:                 ]
TestExamplesBasicTest 2022-12-13T14:30:29+01:00 logger.go:66:               - Version   = "2012-10-17"
TestExamplesBasicTest 2022-12-13T14:30:29+01:00 logger.go:66:             }
TestExamplesBasicTest 2022-12-13T14:30:29+01:00 logger.go:66:         ) -> null
TestExamplesBasicTest 2022-12-13T14:30:29+01:00 logger.go:66:       - policy_id   = "ANPAS4QGIC2W6XVX3AQOG" -> null
TestExamplesBasicTest 2022-12-13T14:30:29+01:00 logger.go:66:       - tags        = {} -> null
TestExamplesBasicTest 2022-12-13T14:30:29+01:00 logger.go:66:       - tags_all    = {} -> null
TestExamplesBasicTest 2022-12-13T14:30:29+01:00 logger.go:66:     }
TestExamplesBasicTest 2022-12-13T14:30:29+01:00 logger.go:66:
TestExamplesBasicTest 2022-12-13T14:30:29+01:00 logger.go:66:   # module.eks_blueprints_kubernetes_addons.module.grafana[0].aws_iam_policy.grafana will be destroyed
TestExamplesBasicTest 2022-12-13T14:30:29+01:00 logger.go:66:   - resource "aws_iam_policy" "grafana" {
TestExamplesBasicTest 2022-12-13T14:30:29+01:00 logger.go:66:       - arn         = "arn:aws:iam::198655350445:policy/test-eks-cnr-grafana" -> null
TestExamplesBasicTest 2022-12-13T14:30:29+01:00 logger.go:66:       - description = "IAM policy for Grafana Pod" -> null
TestExamplesBasicTest 2022-12-13T14:30:29+01:00 logger.go:66:       - id          = "arn:aws:iam::198655350445:policy/test-eks-cnr-grafana" -> null
TestExamplesBasicTest 2022-12-13T14:30:29+01:00 logger.go:66:       - name        = "test-eks-cnr-grafana" -> null
TestExamplesBasicTest 2022-12-13T14:30:29+01:00 logger.go:66:       - path        = "/" -> null
TestExamplesBasicTest 2022-12-13T14:30:29+01:00 logger.go:66:       - policy      = jsonencode(
TestExamplesBasicTest 2022-12-13T14:30:29+01:00 logger.go:66:             {
TestExamplesBasicTest 2022-12-13T14:30:29+01:00 logger.go:66:               - Statement = [
TestExamplesBasicTest 2022-12-13T14:30:29+01:00 logger.go:66:                   - {
TestExamplesBasicTest 2022-12-13T14:30:29+01:00 logger.go:66:                       - Action   = [
TestExamplesBasicTest 2022-12-13T14:30:29+01:00 logger.go:66:                           - "cloudwatch:ListMetrics",
TestExamplesBasicTest 2022-12-13T14:30:29+01:00 logger.go:66:                           - "cloudwatch:GetMetricData",
TestExamplesBasicTest 2022-12-13T14:30:29+01:00 logger.go:66:                           - "cloudwatch:GetInsightRuleReport",
TestExamplesBasicTest 2022-12-13T14:30:29+01:00 logger.go:66:                           - "cloudwatch:DescribeAlarmsForMetric",
TestExamplesBasicTest 2022-12-13T14:30:29+01:00 logger.go:66:                           - "cloudwatch:DescribeAlarms",
TestExamplesBasicTest 2022-12-13T14:30:29+01:00 logger.go:66:                           - "cloudwatch:DescribeAlarmHistory",
TestExamplesBasicTest 2022-12-13T14:30:29+01:00 logger.go:66:                         ]
TestExamplesBasicTest 2022-12-13T14:30:29+01:00 logger.go:66:                       - Effect   = "Allow"
TestExamplesBasicTest 2022-12-13T14:30:29+01:00 logger.go:66:                       - Resource = "*"
TestExamplesBasicTest 2022-12-13T14:30:29+01:00 logger.go:66:                       - Sid      = "AllowReadingMetricsFromCloudWatch"
TestExamplesBasicTest 2022-12-13T14:30:29+01:00 logger.go:66:                     },
TestExamplesBasicTest 2022-12-13T14:30:29+01:00 logger.go:66:                   - {
TestExamplesBasicTest 2022-12-13T14:30:29+01:00 logger.go:66:                       - Action   = [
TestExamplesBasicTest 2022-12-13T14:30:29+01:00 logger.go:66:                           - "logs:StopQuery",
TestExamplesBasicTest 2022-12-13T14:30:29+01:00 logger.go:66:                           - "logs:StartQuery",
TestExamplesBasicTest 2022-12-13T14:30:29+01:00 logger.go:66:                           - "logs:GetQueryResults",
TestExamplesBasicTest 2022-12-13T14:30:29+01:00 logger.go:66:                           - "logs:GetLogGroupFields",
TestExamplesBasicTest 2022-12-13T14:30:29+01:00 logger.go:66:                           - "logs:GetLogEvents",
TestExamplesBasicTest 2022-12-13T14:30:29+01:00 logger.go:66:                           - "logs:DescribeLogGroups",
TestExamplesBasicTest 2022-12-13T14:30:29+01:00 logger.go:66:                         ]
TestExamplesBasicTest 2022-12-13T14:30:29+01:00 logger.go:66:                       - Effect   = "Allow"
TestExamplesBasicTest 2022-12-13T14:30:29+01:00 logger.go:66:                       - Resource = "arn:aws:logs:eu-central-1:198655350445:log-group:*:log-stream:*"
TestExamplesBasicTest 2022-12-13T14:30:29+01:00 logger.go:66:                       - Sid      = "AllowReadingLogsFromCloudWatch"
TestExamplesBasicTest 2022-12-13T14:30:29+01:00 logger.go:66:                     },
TestExamplesBasicTest 2022-12-13T14:30:29+01:00 logger.go:66:                   - {
TestExamplesBasicTest 2022-12-13T14:30:29+01:00 logger.go:66:                       - Action   = [
TestExamplesBasicTest 2022-12-13T14:30:29+01:00 logger.go:66:                           - "ec2:DescribeTags",
TestExamplesBasicTest 2022-12-13T14:30:29+01:00 logger.go:66:                           - "ec2:DescribeRegions",
TestExamplesBasicTest 2022-12-13T14:30:29+01:00 logger.go:66:                           - "ec2:DescribeInstances",
TestExamplesBasicTest 2022-12-13T14:30:29+01:00 logger.go:66:                         ]
TestExamplesBasicTest 2022-12-13T14:30:29+01:00 logger.go:66:                       - Effect   = "Allow"
TestExamplesBasicTest 2022-12-13T14:30:29+01:00 logger.go:66:                       - Resource = "*"
TestExamplesBasicTest 2022-12-13T14:30:29+01:00 logger.go:66:                       - Sid      = "AllowReadingTagsInstancesRegionsFromEC2"
TestExamplesBasicTest 2022-12-13T14:30:29+01:00 logger.go:66:                     },
TestExamplesBasicTest 2022-12-13T14:30:29+01:00 logger.go:66:                   - {
TestExamplesBasicTest 2022-12-13T14:30:29+01:00 logger.go:66:                       - Action   = "tag:GetResources"
TestExamplesBasicTest 2022-12-13T14:30:29+01:00 logger.go:66:                       - Effect   = "Allow"
TestExamplesBasicTest 2022-12-13T14:30:29+01:00 logger.go:66:                       - Resource = "*"
TestExamplesBasicTest 2022-12-13T14:30:29+01:00 logger.go:66:                       - Sid      = "AllowReadingResourcesForTags"
TestExamplesBasicTest 2022-12-13T14:30:29+01:00 logger.go:66:                     },
TestExamplesBasicTest 2022-12-13T14:30:29+01:00 logger.go:66:                 ]
TestExamplesBasicTest 2022-12-13T14:30:29+01:00 logger.go:66:               - Version   = "2012-10-17"
TestExamplesBasicTest 2022-12-13T14:30:29+01:00 logger.go:66:             }
TestExamplesBasicTest 2022-12-13T14:30:29+01:00 logger.go:66:         ) -> null
TestExamplesBasicTest 2022-12-13T14:30:29+01:00 logger.go:66:       - policy_id   = "ANPAS4QGIC2W5RDV4FWQ6" -> null
TestExamplesBasicTest 2022-12-13T14:30:29+01:00 logger.go:66:       - tags        = {} -> null
TestExamplesBasicTest 2022-12-13T14:30:29+01:00 logger.go:66:       - tags_all    = {} -> null
TestExamplesBasicTest 2022-12-13T14:30:29+01:00 logger.go:66:     }
TestExamplesBasicTest 2022-12-13T14:30:29+01:00 logger.go:66:
TestExamplesBasicTest 2022-12-13T14:30:29+01:00 logger.go:66:   # module.eks_blueprints_kubernetes_addons.module.aws_ebs_csi_driver[0].module.irsa_addon[0].aws_iam_role.irsa[0] will be destroyed
TestExamplesBasicTest 2022-12-13T14:30:29+01:00 logger.go:66:   - resource "aws_iam_role" "irsa" {
TestExamplesBasicTest 2022-12-13T14:30:29+01:00 logger.go:66:       - arn                   = "arn:aws:iam::198655350445:role/test-eks-cnr-ebs-csi-controller-sa-irsa" -> null
TestExamplesBasicTest 2022-12-13T14:30:29+01:00 logger.go:66:       - assume_role_policy    = jsonencode(
TestExamplesBasicTest 2022-12-13T14:30:29+01:00 logger.go:66:             {
TestExamplesBasicTest 2022-12-13T14:30:29+01:00 logger.go:66:               - Statement = [
TestExamplesBasicTest 2022-12-13T14:30:29+01:00 logger.go:66:                   - {
TestExamplesBasicTest 2022-12-13T14:30:29+01:00 logger.go:66:                       - Action    = "sts:AssumeRoleWithWebIdentity"
TestExamplesBasicTest 2022-12-13T14:30:29+01:00 logger.go:66:                       - Condition = {
TestExamplesBasicTest 2022-12-13T14:30:29+01:00 logger.go:66:                           - StringLike = {
TestExamplesBasicTest 2022-12-13T14:30:29+01:00 logger.go:66:                               - "oidc.eks.eu-central-1.amazonaws.com/id/7864DCD89C8A3F7C0EDC840780A1362D:aud" = "sts.amazonaws.com"
TestExamplesBasicTest 2022-12-13T14:30:29+01:00 logger.go:66:                               - "oidc.eks.eu-central-1.amazonaws.com/id/7864DCD89C8A3F7C0EDC840780A1362D:sub" = "system:serviceaccount:kube-system:ebs-csi-controller-sa"
TestExamplesBasicTest 2022-12-13T14:30:29+01:00 logger.go:66:                             }
TestExamplesBasicTest 2022-12-13T14:30:29+01:00 logger.go:66:                         }
TestExamplesBasicTest 2022-12-13T14:30:29+01:00 logger.go:66:                       - Effect    = "Allow"
TestExamplesBasicTest 2022-12-13T14:30:29+01:00 logger.go:66:                       - Principal = {
TestExamplesBasicTest 2022-12-13T14:30:29+01:00 logger.go:66:                           - Federated = "arn:aws:iam::198655350445:oidc-provider/oidc.eks.eu-central-1.amazonaws.com/id/7864DCD89C8A3F7C0EDC840780A1362D"
TestExamplesBasicTest 2022-12-13T14:30:29+01:00 logger.go:66:                         }
TestExamplesBasicTest 2022-12-13T14:30:29+01:00 logger.go:66:                     },
TestExamplesBasicTest 2022-12-13T14:30:29+01:00 logger.go:66:                 ]
TestExamplesBasicTest 2022-12-13T14:30:29+01:00 logger.go:66:               - Version   = "2012-10-17"
TestExamplesBasicTest 2022-12-13T14:30:29+01:00 logger.go:66:             }
TestExamplesBasicTest 2022-12-13T14:30:29+01:00 logger.go:66:         ) -> null
TestExamplesBasicTest 2022-12-13T14:30:29+01:00 logger.go:66:       - create_date           = "2022-12-13T13:26:16Z" -> null
TestExamplesBasicTest 2022-12-13T14:30:29+01:00 logger.go:66:       - description           = "AWS IAM Role for the Kubernetes service account ebs-csi-controller-sa." -> null
TestExamplesBasicTest 2022-12-13T14:30:29+01:00 logger.go:66:       - force_detach_policies = true -> null
TestExamplesBasicTest 2022-12-13T14:30:29+01:00 logger.go:66:       - id                    = "test-eks-cnr-ebs-csi-controller-sa-irsa" -> null
TestExamplesBasicTest 2022-12-13T14:30:29+01:00 logger.go:66:       - managed_policy_arns   = [
TestExamplesBasicTest 2022-12-13T14:30:29+01:00 logger.go:66:           - "arn:aws:iam::198655350445:policy/test-eks-cnr-aws-ebs-csi-driver-irsa",
TestExamplesBasicTest 2022-12-13T14:30:29+01:00 logger.go:66:         ] -> null
TestExamplesBasicTest 2022-12-13T14:30:29+01:00 logger.go:66:       - max_session_duration  = 3600 -> null
TestExamplesBasicTest 2022-12-13T14:30:29+01:00 logger.go:66:       - name                  = "test-eks-cnr-ebs-csi-controller-sa-irsa" -> null
TestExamplesBasicTest 2022-12-13T14:30:29+01:00 logger.go:66:       - path                  = "/" -> null
TestExamplesBasicTest 2022-12-13T14:30:29+01:00 logger.go:66:       - tags                  = {} -> null
TestExamplesBasicTest 2022-12-13T14:30:29+01:00 logger.go:66:       - tags_all              = {} -> null
TestExamplesBasicTest 2022-12-13T14:30:29+01:00 logger.go:66:       - unique_id             = "AROAS4QGIC2WXYAYH3PRM" -> null
TestExamplesBasicTest 2022-12-13T14:30:29+01:00 logger.go:66:     }
TestExamplesBasicTest 2022-12-13T14:30:29+01:00 logger.go:66:
TestExamplesBasicTest 2022-12-13T14:30:29+01:00 logger.go:66:   # module.eks_blueprints_kubernetes_addons.module.aws_ebs_csi_driver[0].module.irsa_addon[0].aws_iam_role_policy_attachment.irsa[0] will be destroyed
TestExamplesBasicTest 2022-12-13T14:30:29+01:00 logger.go:66:   - resource "aws_iam_role_policy_attachment" "irsa" {
TestExamplesBasicTest 2022-12-13T14:30:29+01:00 logger.go:66:       - id         = "test-eks-cnr-ebs-csi-controller-sa-irsa-20221213132615106600000011" -> null
TestExamplesBasicTest 2022-12-13T14:30:29+01:00 logger.go:66:       - policy_arn = "arn:aws:iam::198655350445:policy/test-eks-cnr-aws-ebs-csi-driver-irsa" -> null
TestExamplesBasicTest 2022-12-13T14:30:29+01:00 logger.go:66:       - role       = "test-eks-cnr-ebs-csi-controller-sa-irsa" -> null
TestExamplesBasicTest 2022-12-13T14:30:29+01:00 logger.go:66:     }
TestExamplesBasicTest 2022-12-13T14:30:29+01:00 logger.go:66:
TestExamplesBasicTest 2022-12-13T14:30:29+01:00 logger.go:66:   # module.eks_blueprints_kubernetes_addons.module.aws_load_balancer_controller[0].module.helm_addon.helm_release.addon[0] will be destroyed
TestExamplesBasicTest 2022-12-13T14:30:29+01:00 logger.go:66:   - resource "helm_release" "addon" {
TestExamplesBasicTest 2022-12-13T14:30:29+01:00 logger.go:66:       - atomic                     = false -> null
TestExamplesBasicTest 2022-12-13T14:30:29+01:00 logger.go:66:       - chart                      = "aws-load-balancer-controller" -> null
TestExamplesBasicTest 2022-12-13T14:30:29+01:00 logger.go:66:       - cleanup_on_fail            = false -> null
TestExamplesBasicTest 2022-12-13T14:30:29+01:00 logger.go:66:       - create_namespace           = false -> null
TestExamplesBasicTest 2022-12-13T14:30:29+01:00 logger.go:66:       - dependency_update          = false -> null
TestExamplesBasicTest 2022-12-13T14:30:29+01:00 logger.go:66:       - description                = "aws-load-balancer-controller Helm Chart for ingress resources" -> null
TestExamplesBasicTest 2022-12-13T14:30:29+01:00 logger.go:66:       - disable_crd_hooks          = false -> null
TestExamplesBasicTest 2022-12-13T14:30:29+01:00 logger.go:66:       - disable_openapi_validation = false -> null
TestExamplesBasicTest 2022-12-13T14:30:29+01:00 logger.go:66:       - disable_webhooks           = false -> null
TestExamplesBasicTest 2022-12-13T14:30:29+01:00 logger.go:66:       - force_update               = false -> null
TestExamplesBasicTest 2022-12-13T14:30:29+01:00 logger.go:66:       - id                         = "aws-load-balancer-controller" -> null
TestExamplesBasicTest 2022-12-13T14:30:29+01:00 logger.go:66:       - lint                       = false -> null
TestExamplesBasicTest 2022-12-13T14:30:29+01:00 logger.go:66:       - max_history                = 0 -> null
TestExamplesBasicTest 2022-12-13T14:30:29+01:00 logger.go:66:       - metadata                   = [
TestExamplesBasicTest 2022-12-13T14:30:29+01:00 logger.go:66:           - {
TestExamplesBasicTest 2022-12-13T14:30:29+01:00 logger.go:66:               - app_version = "v2.4.2"
TestExamplesBasicTest 2022-12-13T14:30:29+01:00 logger.go:66:               - chart       = "aws-load-balancer-controller"
TestExamplesBasicTest 2022-12-13T14:30:29+01:00 logger.go:66:               - name        = "aws-load-balancer-controller"
TestExamplesBasicTest 2022-12-13T14:30:29+01:00 logger.go:66:               - namespace   = "kube-system"
TestExamplesBasicTest 2022-12-13T14:30:29+01:00 logger.go:66:               - revision    = 1
TestExamplesBasicTest 2022-12-13T14:30:29+01:00 logger.go:66:               - values      = jsonencode(
TestExamplesBasicTest 2022-12-13T14:30:29+01:00 logger.go:66:                     {
TestExamplesBasicTest 2022-12-13T14:30:29+01:00 logger.go:66:                       - clusterName    = "test-eks-cnr"
TestExamplesBasicTest 2022-12-13T14:30:29+01:00 logger.go:66:                       - image          = {
TestExamplesBasicTest 2022-12-13T14:30:29+01:00 logger.go:66:                           - repository = "602401143452.dkr.ecr.eu-central-1.amazonaws.com/amazon/aws-load-balancer-controller"
TestExamplesBasicTest 2022-12-13T14:30:29+01:00 logger.go:66:                         }
TestExamplesBasicTest 2022-12-13T14:30:29+01:00 logger.go:66:                       - region         = "eu-central-1"
TestExamplesBasicTest 2022-12-13T14:30:29+01:00 logger.go:66:                       - serviceAccount = {
TestExamplesBasicTest 2022-12-13T14:30:29+01:00 logger.go:66:                           - create = false
TestExamplesBasicTest 2022-12-13T14:30:29+01:00 logger.go:66:                           - name   = "aws-load-balancer-controller-sa"
TestExamplesBasicTest 2022-12-13T14:30:29+01:00 logger.go:66:                         }
TestExamplesBasicTest 2022-12-13T14:30:29+01:00 logger.go:66:                     }
TestExamplesBasicTest 2022-12-13T14:30:29+01:00 logger.go:66:                 )
TestExamplesBasicTest 2022-12-13T14:30:29+01:00 logger.go:66:               - version     = "1.4.3"
TestExamplesBasicTest 2022-12-13T14:30:29+01:00 logger.go:66:             },
TestExamplesBasicTest 2022-12-13T14:30:29+01:00 logger.go:66:         ] -> null
TestExamplesBasicTest 2022-12-13T14:30:29+01:00 logger.go:66:       - name                       = "aws-load-balancer-controller" -> null
TestExamplesBasicTest 2022-12-13T14:30:29+01:00 logger.go:66:       - namespace                  = "kube-system" -> null
TestExamplesBasicTest 2022-12-13T14:30:29+01:00 logger.go:66:       - pass_credentials           = false -> null
TestExamplesBasicTest 2022-12-13T14:30:29+01:00 logger.go:66:       - recreate_pods              = false -> null
TestExamplesBasicTest 2022-12-13T14:30:29+01:00 logger.go:66:       - render_subchart_notes      = true -> null
TestExamplesBasicTest 2022-12-13T14:30:29+01:00 logger.go:66:       - replace                    = false -> null
TestExamplesBasicTest 2022-12-13T14:30:29+01:00 logger.go:66:       - repository                 = "https://aws.github.io/eks-charts" -> null
TestExamplesBasicTest 2022-12-13T14:30:29+01:00 logger.go:66:       - reset_values               = false -> null
TestExamplesBasicTest 2022-12-13T14:30:29+01:00 logger.go:66:       - reuse_values               = false -> null
TestExamplesBasicTest 2022-12-13T14:30:29+01:00 logger.go:66:       - skip_crds                  = false -> null
TestExamplesBasicTest 2022-12-13T14:30:29+01:00 logger.go:66:       - status                     = "deployed" -> null
TestExamplesBasicTest 2022-12-13T14:30:29+01:00 logger.go:66:       - timeout                    = 1200 -> null
TestExamplesBasicTest 2022-12-13T14:30:29+01:00 logger.go:66:       - values                     = [
TestExamplesBasicTest 2022-12-13T14:30:29+01:00 logger.go:66:           - <<-EOT
TestExamplesBasicTest 2022-12-13T14:30:29+01:00 logger.go:66:                 clusterName: test-eks-cnr
TestExamplesBasicTest 2022-12-13T14:30:29+01:00 logger.go:66:                 region: eu-central-1
TestExamplesBasicTest 2022-12-13T14:30:29+01:00 logger.go:66:                 image:
TestExamplesBasicTest 2022-12-13T14:30:29+01:00 logger.go:66:                   repository: 602401143452.dkr.ecr.eu-central-1.amazonaws.com/amazon/aws-load-balancer-controller
TestExamplesBasicTest 2022-12-13T14:30:29+01:00 logger.go:66:             EOT,
TestExamplesBasicTest 2022-12-13T14:30:29+01:00 logger.go:66:         ] -> null
TestExamplesBasicTest 2022-12-13T14:30:29+01:00 logger.go:66:       - verify                     = false -> null
TestExamplesBasicTest 2022-12-13T14:30:29+01:00 logger.go:66:       - version                    = "1.4.3" -> null
TestExamplesBasicTest 2022-12-13T14:30:29+01:00 logger.go:66:       - wait                       = true -> null
TestExamplesBasicTest 2022-12-13T14:30:29+01:00 logger.go:66:       - wait_for_jobs              = false -> null
TestExamplesBasicTest 2022-12-13T14:30:29+01:00 logger.go:66:
TestExamplesBasicTest 2022-12-13T14:30:29+01:00 logger.go:66:       - postrender {
TestExamplesBasicTest 2022-12-13T14:30:29+01:00 logger.go:66:           - args = [] -> null
TestExamplesBasicTest 2022-12-13T14:30:29+01:00 logger.go:66:         }
TestExamplesBasicTest 2022-12-13T14:30:29+01:00 logger.go:66:
TestExamplesBasicTest 2022-12-13T14:30:29+01:00 logger.go:66:       - set {
TestExamplesBasicTest 2022-12-13T14:30:29+01:00 logger.go:66:           - name  = "serviceAccount.create" -> null
TestExamplesBasicTest 2022-12-13T14:30:29+01:00 logger.go:66:           - value = "false" -> null
TestExamplesBasicTest 2022-12-13T14:30:29+01:00 logger.go:66:         }
TestExamplesBasicTest 2022-12-13T14:30:29+01:00 logger.go:66:       - set {
TestExamplesBasicTest 2022-12-13T14:30:29+01:00 logger.go:66:           - name  = "serviceAccount.name" -> null
TestExamplesBasicTest 2022-12-13T14:30:29+01:00 logger.go:66:           - value = "aws-load-balancer-controller-sa" -> null
TestExamplesBasicTest 2022-12-13T14:30:29+01:00 logger.go:66:         }
TestExamplesBasicTest 2022-12-13T14:30:29+01:00 logger.go:66:     }
TestExamplesBasicTest 2022-12-13T14:30:29+01:00 logger.go:66:
TestExamplesBasicTest 2022-12-13T14:30:29+01:00 logger.go:66:   # module.eks_blueprints_kubernetes_addons.module.cert_manager[0].module.helm_addon.helm_release.addon[0] will be destroyed
TestExamplesBasicTest 2022-12-13T14:30:29+01:00 logger.go:66:   - resource "helm_release" "addon" {
TestExamplesBasicTest 2022-12-13T14:30:29+01:00 logger.go:66:       - atomic                     = false -> null
TestExamplesBasicTest 2022-12-13T14:30:29+01:00 logger.go:66:       - chart                      = "cert-manager" -> null
TestExamplesBasicTest 2022-12-13T14:30:29+01:00 logger.go:66:       - cleanup_on_fail            = false -> null
TestExamplesBasicTest 2022-12-13T14:30:29+01:00 logger.go:66:       - create_namespace           = false -> null
TestExamplesBasicTest 2022-12-13T14:30:29+01:00 logger.go:66:       - dependency_update          = false -> null
TestExamplesBasicTest 2022-12-13T14:30:29+01:00 logger.go:66:       - description                = "Cert Manager Add-on" -> null
TestExamplesBasicTest 2022-12-13T14:30:29+01:00 logger.go:66:       - disable_crd_hooks          = false -> null
TestExamplesBasicTest 2022-12-13T14:30:29+01:00 logger.go:66:       - disable_openapi_validation = false -> null
TestExamplesBasicTest 2022-12-13T14:30:29+01:00 logger.go:66:       - disable_webhooks           = false -> null
TestExamplesBasicTest 2022-12-13T14:30:29+01:00 logger.go:66:       - force_update               = false -> null
TestExamplesBasicTest 2022-12-13T14:30:29+01:00 logger.go:66:       - id                         = "cert-manager" -> null
TestExamplesBasicTest 2022-12-13T14:30:29+01:00 logger.go:66:       - lint                       = false -> null
TestExamplesBasicTest 2022-12-13T14:30:29+01:00 logger.go:66:       - max_history                = 0 -> null
TestExamplesBasicTest 2022-12-13T14:30:29+01:00 logger.go:66:       - metadata                   = [
TestExamplesBasicTest 2022-12-13T14:30:29+01:00 logger.go:66:           - {
TestExamplesBasicTest 2022-12-13T14:30:29+01:00 logger.go:66:               - app_version = "v1.9.1"
TestExamplesBasicTest 2022-12-13T14:30:29+01:00 logger.go:66:               - chart       = "cert-manager"
TestExamplesBasicTest 2022-12-13T14:30:29+01:00 logger.go:66:               - name        = "cert-manager"
TestExamplesBasicTest 2022-12-13T14:30:29+01:00 logger.go:66:               - namespace   = "cert-manager"
TestExamplesBasicTest 2022-12-13T14:30:29+01:00 logger.go:66:               - revision    = 1
TestExamplesBasicTest 2022-12-13T14:30:29+01:00 logger.go:66:               - values      = jsonencode(
TestExamplesBasicTest 2022-12-13T14:30:29+01:00 logger.go:66:                     {
TestExamplesBasicTest 2022-12-13T14:30:29+01:00 logger.go:66:                       - extraArgs      = [
TestExamplesBasicTest 2022-12-13T14:30:29+01:00 logger.go:66:                           - "--acme-http01-solver-nameservers=8.8.8.8:53,1.1.1.1:53",
TestExamplesBasicTest 2022-12-13T14:30:29+01:00 logger.go:66:                         ]
TestExamplesBasicTest 2022-12-13T14:30:29+01:00 logger.go:66:                       - installCRDs    = true
TestExamplesBasicTest 2022-12-13T14:30:29+01:00 logger.go:66:                       - serviceAccount = {
TestExamplesBasicTest 2022-12-13T14:30:29+01:00 logger.go:66:                           - create = false
TestExamplesBasicTest 2022-12-13T14:30:29+01:00 logger.go:66:                           - name   = "cert-manager"
TestExamplesBasicTest 2022-12-13T14:30:29+01:00 logger.go:66:                         }
TestExamplesBasicTest 2022-12-13T14:30:29+01:00 logger.go:66:                     }
TestExamplesBasicTest 2022-12-13T14:30:29+01:00 logger.go:66:                 )
TestExamplesBasicTest 2022-12-13T14:30:29+01:00 logger.go:66:               - version     = "v1.9.1"
TestExamplesBasicTest 2022-12-13T14:30:29+01:00 logger.go:66:             },
TestExamplesBasicTest 2022-12-13T14:30:29+01:00 logger.go:66:         ] -> null
TestExamplesBasicTest 2022-12-13T14:30:29+01:00 logger.go:66:       - name                       = "cert-manager" -> null
TestExamplesBasicTest 2022-12-13T14:30:29+01:00 logger.go:66:       - namespace                  = "cert-manager" -> null
TestExamplesBasicTest 2022-12-13T14:30:29+01:00 logger.go:66:       - pass_credentials           = false -> null
TestExamplesBasicTest 2022-12-13T14:30:29+01:00 logger.go:66:       - recreate_pods              = false -> null
TestExamplesBasicTest 2022-12-13T14:30:29+01:00 logger.go:66:       - render_subchart_notes      = true -> null
TestExamplesBasicTest 2022-12-13T14:30:29+01:00 logger.go:66:       - replace                    = false -> null
TestExamplesBasicTest 2022-12-13T14:30:29+01:00 logger.go:66:       - repository                 = "https://charts.jetstack.io" -> null
TestExamplesBasicTest 2022-12-13T14:30:29+01:00 logger.go:66:       - reset_values               = false -> null
TestExamplesBasicTest 2022-12-13T14:30:29+01:00 logger.go:66:       - reuse_values               = false -> null
TestExamplesBasicTest 2022-12-13T14:30:29+01:00 logger.go:66:       - skip_crds                  = false -> null
TestExamplesBasicTest 2022-12-13T14:30:29+01:00 logger.go:66:       - status                     = "deployed" -> null
TestExamplesBasicTest 2022-12-13T14:30:29+01:00 logger.go:66:       - timeout                    = 1200 -> null
TestExamplesBasicTest 2022-12-13T14:30:29+01:00 logger.go:66:       - values                     = [
TestExamplesBasicTest 2022-12-13T14:30:29+01:00 logger.go:66:           - <<-EOT
TestExamplesBasicTest 2022-12-13T14:30:29+01:00 logger.go:66:                 extraArgs:
TestExamplesBasicTest 2022-12-13T14:30:29+01:00 logger.go:66:                   - --enable-certificate-owner-ref=true
TestExamplesBasicTest 2022-12-13T14:30:29+01:00 logger.go:66:
TestExamplesBasicTest 2022-12-13T14:30:29+01:00 logger.go:66:                 installCRDs: true
TestExamplesBasicTest 2022-12-13T14:30:29+01:00 logger.go:66:             EOT,
TestExamplesBasicTest 2022-12-13T14:30:29+01:00 logger.go:66:         ] -> null
TestExamplesBasicTest 2022-12-13T14:30:29+01:00 logger.go:66:       - verify                     = false -> null
TestExamplesBasicTest 2022-12-13T14:30:29+01:00 logger.go:66:       - version                    = "v1.9.1" -> null
TestExamplesBasicTest 2022-12-13T14:30:29+01:00 logger.go:66:       - wait                       = true -> null
TestExamplesBasicTest 2022-12-13T14:30:29+01:00 logger.go:66:       - wait_for_jobs              = false -> null
TestExamplesBasicTest 2022-12-13T14:30:29+01:00 logger.go:66:
TestExamplesBasicTest 2022-12-13T14:30:29+01:00 logger.go:66:       - postrender {
TestExamplesBasicTest 2022-12-13T14:30:29+01:00 logger.go:66:           - args = [] -> null
TestExamplesBasicTest 2022-12-13T14:30:29+01:00 logger.go:66:         }
TestExamplesBasicTest 2022-12-13T14:30:29+01:00 logger.go:66:
TestExamplesBasicTest 2022-12-13T14:30:29+01:00 logger.go:66:       - set {
TestExamplesBasicTest 2022-12-13T14:30:29+01:00 logger.go:66:           - name  = "extraArgs[0]" -> null
TestExamplesBasicTest 2022-12-13T14:30:29+01:00 logger.go:66:           - value = "--acme-http01-solver-nameservers=8.8.8.8:53\\,1.1.1.1:53" -> null
TestExamplesBasicTest 2022-12-13T14:30:29+01:00 logger.go:66:         }
TestExamplesBasicTest 2022-12-13T14:30:29+01:00 logger.go:66:       - set {
TestExamplesBasicTest 2022-12-13T14:30:29+01:00 logger.go:66:           - name  = "serviceAccount.create" -> null
TestExamplesBasicTest 2022-12-13T14:30:29+01:00 logger.go:66:           - value = "false" -> null
TestExamplesBasicTest 2022-12-13T14:30:29+01:00 logger.go:66:         }
TestExamplesBasicTest 2022-12-13T14:30:29+01:00 logger.go:66:       - set {
TestExamplesBasicTest 2022-12-13T14:30:29+01:00 logger.go:66:           - name  = "serviceAccount.name" -> null
TestExamplesBasicTest 2022-12-13T14:30:29+01:00 logger.go:66:           - value = "cert-manager" -> null
TestExamplesBasicTest 2022-12-13T14:30:29+01:00 logger.go:66:         }
TestExamplesBasicTest 2022-12-13T14:30:29+01:00 logger.go:66:     }
TestExamplesBasicTest 2022-12-13T14:30:29+01:00 logger.go:66:
TestExamplesBasicTest 2022-12-13T14:30:29+01:00 logger.go:66:   # module.eks_blueprints_kubernetes_addons.module.external_dns[0].module.helm_addon.helm_release.addon[0] will be destroyed
TestExamplesBasicTest 2022-12-13T14:30:29+01:00 logger.go:66:   - resource "helm_release" "addon" {
TestExamplesBasicTest 2022-12-13T14:30:29+01:00 logger.go:66:       - atomic                     = false -> null
TestExamplesBasicTest 2022-12-13T14:30:29+01:00 logger.go:66:       - chart                      = "external-dns" -> null
TestExamplesBasicTest 2022-12-13T14:30:29+01:00 logger.go:66:       - cleanup_on_fail            = false -> null
TestExamplesBasicTest 2022-12-13T14:30:29+01:00 logger.go:66:       - create_namespace           = false -> null
TestExamplesBasicTest 2022-12-13T14:30:29+01:00 logger.go:66:       - dependency_update          = false -> null
TestExamplesBasicTest 2022-12-13T14:30:29+01:00 logger.go:66:       - description                = "ExternalDNS Helm Chart" -> null
TestExamplesBasicTest 2022-12-13T14:30:29+01:00 logger.go:66:       - disable_crd_hooks          = false -> null
TestExamplesBasicTest 2022-12-13T14:30:29+01:00 logger.go:66:       - disable_openapi_validation = false -> null
TestExamplesBasicTest 2022-12-13T14:30:29+01:00 logger.go:66:       - disable_webhooks           = false -> null
TestExamplesBasicTest 2022-12-13T14:30:29+01:00 logger.go:66:       - force_update               = false -> null
TestExamplesBasicTest 2022-12-13T14:30:29+01:00 logger.go:66:       - id                         = "external-dns" -> null
TestExamplesBasicTest 2022-12-13T14:30:29+01:00 logger.go:66:       - lint                       = false -> null
TestExamplesBasicTest 2022-12-13T14:30:29+01:00 logger.go:66:       - max_history                = 0 -> null
TestExamplesBasicTest 2022-12-13T14:30:29+01:00 logger.go:66:       - metadata                   = [
TestExamplesBasicTest 2022-12-13T14:30:29+01:00 logger.go:66:           - {
TestExamplesBasicTest 2022-12-13T14:30:29+01:00 logger.go:66:               - app_version = "0.10.2"
TestExamplesBasicTest 2022-12-13T14:30:29+01:00 logger.go:66:               - chart       = "external-dns"
TestExamplesBasicTest 2022-12-13T14:30:29+01:00 logger.go:66:               - name        = "external-dns"
TestExamplesBasicTest 2022-12-13T14:30:29+01:00 logger.go:66:               - namespace   = "external-dns"
TestExamplesBasicTest 2022-12-13T14:30:29+01:00 logger.go:66:               - revision    = 1
TestExamplesBasicTest 2022-12-13T14:30:29+01:00 logger.go:66:               - values      = jsonencode(
TestExamplesBasicTest 2022-12-13T14:30:29+01:00 logger.go:66:                     {
TestExamplesBasicTest 2022-12-13T14:30:29+01:00 logger.go:66:                       - policy         = "sync"
TestExamplesBasicTest 2022-12-13T14:30:29+01:00 logger.go:66:                       - serviceAccount = {
TestExamplesBasicTest 2022-12-13T14:30:29+01:00 logger.go:66:                           - create = false
TestExamplesBasicTest 2022-12-13T14:30:29+01:00 logger.go:66:                           - name   = "external-dns-sa"
TestExamplesBasicTest 2022-12-13T14:30:29+01:00 logger.go:66:                         }
TestExamplesBasicTest 2022-12-13T14:30:29+01:00 logger.go:66:                     }
TestExamplesBasicTest 2022-12-13T14:30:29+01:00 logger.go:66:                 )
TestExamplesBasicTest 2022-12-13T14:30:29+01:00 logger.go:66:               - version     = "6.1.6"
TestExamplesBasicTest 2022-12-13T14:30:29+01:00 logger.go:66:             },
TestExamplesBasicTest 2022-12-13T14:30:29+01:00 logger.go:66:         ] -> null
TestExamplesBasicTest 2022-12-13T14:30:29+01:00 logger.go:66:       - name                       = "external-dns" -> null
TestExamplesBasicTest 2022-12-13T14:30:29+01:00 logger.go:66:       - namespace                  = "external-dns" -> null
TestExamplesBasicTest 2022-12-13T14:30:29+01:00 logger.go:66:       - pass_credentials           = false -> null
TestExamplesBasicTest 2022-12-13T14:30:29+01:00 logger.go:66:       - recreate_pods              = false -> null
TestExamplesBasicTest 2022-12-13T14:30:29+01:00 logger.go:66:       - render_subchart_notes      = true -> null
TestExamplesBasicTest 2022-12-13T14:30:29+01:00 logger.go:66:       - replace                    = false -> null
TestExamplesBasicTest 2022-12-13T14:30:29+01:00 logger.go:66:       - repository                 = "https://charts.bitnami.com/bitnami" -> null
TestExamplesBasicTest 2022-12-13T14:30:29+01:00 logger.go:66:       - reset_values               = false -> null
TestExamplesBasicTest 2022-12-13T14:30:29+01:00 logger.go:66:       - reuse_values               = false -> null
TestExamplesBasicTest 2022-12-13T14:30:29+01:00 logger.go:66:       - skip_crds                  = false -> null
TestExamplesBasicTest 2022-12-13T14:30:29+01:00 logger.go:66:       - status                     = "deployed" -> null
TestExamplesBasicTest 2022-12-13T14:30:29+01:00 logger.go:66:       - timeout                    = 1200 -> null
TestExamplesBasicTest 2022-12-13T14:30:29+01:00 logger.go:66:       - values                     = [
TestExamplesBasicTest 2022-12-13T14:30:29+01:00 logger.go:66:           - <<-EOT
TestExamplesBasicTest 2022-12-13T14:30:29+01:00 logger.go:66:                 ## Modify how DNS records are sychronized between sources and providers (options: sync, upsert-only)
TestExamplesBasicTest 2022-12-13T14:30:29+01:00 logger.go:66:                 policy: sync
TestExamplesBasicTest 2022-12-13T14:30:29+01:00 logger.go:66:             EOT,
TestExamplesBasicTest 2022-12-13T14:30:29+01:00 logger.go:66:         ] -> null
TestExamplesBasicTest 2022-12-13T14:30:29+01:00 logger.go:66:       - verify                     = false -> null
TestExamplesBasicTest 2022-12-13T14:30:29+01:00 logger.go:66:       - version                    = "6.1.6" -> null
TestExamplesBasicTest 2022-12-13T14:30:29+01:00 logger.go:66:       - wait                       = true -> null
TestExamplesBasicTest 2022-12-13T14:30:29+01:00 logger.go:66:       - wait_for_jobs              = false -> null
TestExamplesBasicTest 2022-12-13T14:30:29+01:00 logger.go:66:
TestExamplesBasicTest 2022-12-13T14:30:29+01:00 logger.go:66:       - postrender {
TestExamplesBasicTest 2022-12-13T14:30:29+01:00 logger.go:66:           - args = [] -> null
TestExamplesBasicTest 2022-12-13T14:30:29+01:00 logger.go:66:         }
TestExamplesBasicTest 2022-12-13T14:30:29+01:00 logger.go:66:
TestExamplesBasicTest 2022-12-13T14:30:29+01:00 logger.go:66:       - set {
TestExamplesBasicTest 2022-12-13T14:30:29+01:00 logger.go:66:           - name  = "serviceAccount.create" -> null
TestExamplesBasicTest 2022-12-13T14:30:29+01:00 logger.go:66:           - value = "false" -> null
TestExamplesBasicTest 2022-12-13T14:30:29+01:00 logger.go:66:         }
TestExamplesBasicTest 2022-12-13T14:30:29+01:00 logger.go:66:       - set {
TestExamplesBasicTest 2022-12-13T14:30:29+01:00 logger.go:66:           - name  = "serviceAccount.name" -> null
TestExamplesBasicTest 2022-12-13T14:30:29+01:00 logger.go:66:           - value = "external-dns-sa" -> null
TestExamplesBasicTest 2022-12-13T14:30:29+01:00 logger.go:66:         }
TestExamplesBasicTest 2022-12-13T14:30:29+01:00 logger.go:66:     }
TestExamplesBasicTest 2022-12-13T14:30:29+01:00 logger.go:66:
TestExamplesBasicTest 2022-12-13T14:30:29+01:00 logger.go:66:   # module.eks_blueprints_kubernetes_addons.module.grafana[0].module.helm_addon.helm_release.addon[0] will be destroyed
TestExamplesBasicTest 2022-12-13T14:30:29+01:00 logger.go:66:   - resource "helm_release" "addon" {
TestExamplesBasicTest 2022-12-13T14:30:29+01:00 logger.go:66:       - atomic                     = false -> null
TestExamplesBasicTest 2022-12-13T14:30:29+01:00 logger.go:66:       - chart                      = "grafana" -> null
TestExamplesBasicTest 2022-12-13T14:30:29+01:00 logger.go:66:       - cleanup_on_fail            = false -> null
TestExamplesBasicTest 2022-12-13T14:30:29+01:00 logger.go:66:       - create_namespace           = false -> null
TestExamplesBasicTest 2022-12-13T14:30:29+01:00 logger.go:66:       - dependency_update          = false -> null
TestExamplesBasicTest 2022-12-13T14:30:29+01:00 logger.go:66:       - description                = "Grafana Helm Chart deployment configuration" -> null
TestExamplesBasicTest 2022-12-13T14:30:29+01:00 logger.go:66:       - disable_crd_hooks          = false -> null
TestExamplesBasicTest 2022-12-13T14:30:29+01:00 logger.go:66:       - disable_openapi_validation = false -> null
TestExamplesBasicTest 2022-12-13T14:30:29+01:00 logger.go:66:       - disable_webhooks           = false -> null
TestExamplesBasicTest 2022-12-13T14:30:29+01:00 logger.go:66:       - force_update               = false -> null
TestExamplesBasicTest 2022-12-13T14:30:29+01:00 logger.go:66:       - id                         = "grafana" -> null
TestExamplesBasicTest 2022-12-13T14:30:29+01:00 logger.go:66:       - keyring                    = "" -> null
TestExamplesBasicTest 2022-12-13T14:30:29+01:00 logger.go:66:       - lint                       = false -> null
TestExamplesBasicTest 2022-12-13T14:30:29+01:00 logger.go:66:       - max_history                = 0 -> null
TestExamplesBasicTest 2022-12-13T14:30:29+01:00 logger.go:66:       - metadata                   = [
TestExamplesBasicTest 2022-12-13T14:30:29+01:00 logger.go:66:           - {
TestExamplesBasicTest 2022-12-13T14:30:29+01:00 logger.go:66:               - app_version = "9.0.2"
TestExamplesBasicTest 2022-12-13T14:30:29+01:00 logger.go:66:               - chart       = "grafana"
TestExamplesBasicTest 2022-12-13T14:30:29+01:00 logger.go:66:               - name        = "grafana"
TestExamplesBasicTest 2022-12-13T14:30:29+01:00 logger.go:66:               - namespace   = "grafana"
TestExamplesBasicTest 2022-12-13T14:30:29+01:00 logger.go:66:               - revision    = 1
TestExamplesBasicTest 2022-12-13T14:30:29+01:00 logger.go:66:               - values      = jsonencode(
TestExamplesBasicTest 2022-12-13T14:30:29+01:00 logger.go:66:                     {
TestExamplesBasicTest 2022-12-13T14:30:29+01:00 logger.go:66:                       - adminPassword      = "(sensitive value)"
TestExamplesBasicTest 2022-12-13T14:30:29+01:00 logger.go:66:                       - dashboardProviders = {
TestExamplesBasicTest 2022-12-13T14:30:29+01:00 logger.go:66:                           - "dashboardproviders.yaml" = {
TestExamplesBasicTest 2022-12-13T14:30:29+01:00 logger.go:66:                               - apiVersion = 1
TestExamplesBasicTest 2022-12-13T14:30:29+01:00 logger.go:66:                               - providers  = [
TestExamplesBasicTest 2022-12-13T14:30:29+01:00 logger.go:66:                                   - {
TestExamplesBasicTest 2022-12-13T14:30:29+01:00 logger.go:66:                                       - disableDeletion = false
TestExamplesBasicTest 2022-12-13T14:30:29+01:00 logger.go:66:                                       - editable        = true
TestExamplesBasicTest 2022-12-13T14:30:29+01:00 logger.go:66:                                       - folder          = ""
TestExamplesBasicTest 2022-12-13T14:30:29+01:00 logger.go:66:                                       - name            = "default"
TestExamplesBasicTest 2022-12-13T14:30:29+01:00 logger.go:66:                                       - options         = {
TestExamplesBasicTest 2022-12-13T14:30:29+01:00 logger.go:66:                                           - path = "/var/lib/grafana/dashboards/default"
TestExamplesBasicTest 2022-12-13T14:30:29+01:00 logger.go:66:                                         }
TestExamplesBasicTest 2022-12-13T14:30:29+01:00 logger.go:66:                                       - orgId           = 1
TestExamplesBasicTest 2022-12-13T14:30:29+01:00 logger.go:66:                                       - type            = "file"
TestExamplesBasicTest 2022-12-13T14:30:29+01:00 logger.go:66:                                     },
TestExamplesBasicTest 2022-12-13T14:30:29+01:00 logger.go:66:                                 ]
TestExamplesBasicTest 2022-12-13T14:30:29+01:00 logger.go:66:                             }
TestExamplesBasicTest 2022-12-13T14:30:29+01:00 logger.go:66:                         }
TestExamplesBasicTest 2022-12-13T14:30:29+01:00 logger.go:66:                       - datasources        = {
TestExamplesBasicTest 2022-12-13T14:30:29+01:00 logger.go:66:                           - "datasources.yaml" = {
TestExamplesBasicTest 2022-12-13T14:30:29+01:00 logger.go:66:                               - apiVersion  = 1
TestExamplesBasicTest 2022-12-13T14:30:29+01:00 logger.go:66:                               - datasources = [
TestExamplesBasicTest 2022-12-13T14:30:29+01:00 logger.go:66:                                   - {
TestExamplesBasicTest 2022-12-13T14:30:29+01:00 logger.go:66:                                       - access    = "proxy"
TestExamplesBasicTest 2022-12-13T14:30:29+01:00 logger.go:66:                                       - isDefault = true
TestExamplesBasicTest 2022-12-13T14:30:29+01:00 logger.go:66:                                       - name      = "Prometheus"
TestExamplesBasicTest 2022-12-13T14:30:29+01:00 logger.go:66:                                       - type      = "prometheus"
TestExamplesBasicTest 2022-12-13T14:30:29+01:00 logger.go:66:                                       - url       = "http://prometheus-server.prometheus.svc.cluster.local"
TestExamplesBasicTest 2022-12-13T14:30:29+01:00 logger.go:66:                                     },
TestExamplesBasicTest 2022-12-13T14:30:29+01:00 logger.go:66:                                   - {
TestExamplesBasicTest 2022-12-13T14:30:29+01:00 logger.go:66:                                       - access = "proxy"
TestExamplesBasicTest 2022-12-13T14:30:29+01:00 logger.go:66:                                       - name   = "Loki"
TestExamplesBasicTest 2022-12-13T14:30:29+01:00 logger.go:66:                                       - type   = "loki"
TestExamplesBasicTest 2022-12-13T14:30:29+01:00 logger.go:66:                                       - url    = "http://loki-stack.loki.svc.cluster.local:3100"
TestExamplesBasicTest 2022-12-13T14:30:29+01:00 logger.go:66:                                     },
TestExamplesBasicTest 2022-12-13T14:30:29+01:00 logger.go:66:                                 ]
TestExamplesBasicTest 2022-12-13T14:30:29+01:00 logger.go:66:                             }
TestExamplesBasicTest 2022-12-13T14:30:29+01:00 logger.go:66:                         }
TestExamplesBasicTest 2022-12-13T14:30:29+01:00 logger.go:66:                       - "grafana.ini"      = {
TestExamplesBasicTest 2022-12-13T14:30:29+01:00 logger.go:66:                           - server = {
TestExamplesBasicTest 2022-12-13T14:30:29+01:00 logger.go:66:                               - domain              = "monitoring.testdomain.com"
TestExamplesBasicTest 2022-12-13T14:30:29+01:00 logger.go:66:                               - root_url            = "%(protocol)s://%(domain)s/grafana"
TestExamplesBasicTest 2022-12-13T14:30:29+01:00 logger.go:66:                               - serve_from_sub_path = true
TestExamplesBasicTest 2022-12-13T14:30:29+01:00 logger.go:66:                             }
TestExamplesBasicTest 2022-12-13T14:30:29+01:00 logger.go:66:                         }
TestExamplesBasicTest 2022-12-13T14:30:29+01:00 logger.go:66:                       - ingress            = {
TestExamplesBasicTest 2022-12-13T14:30:29+01:00 logger.go:66:                           - annotations = {
TestExamplesBasicTest 2022-12-13T14:30:29+01:00 logger.go:66:                               - "cert-manager.io/cluster-issuer" = "letsencrypt-prod"
TestExamplesBasicTest 2022-12-13T14:30:29+01:00 logger.go:66:                               - "kubernetes.io/ingress.class"    = "nginx"
TestExamplesBasicTest 2022-12-13T14:30:29+01:00 logger.go:66:                             }
TestExamplesBasicTest 2022-12-13T14:30:29+01:00 logger.go:66:                           - enabled     = true
TestExamplesBasicTest 2022-12-13T14:30:29+01:00 logger.go:66:                           - hosts       = [
TestExamplesBasicTest 2022-12-13T14:30:29+01:00 logger.go:66:                               - "monitoring.testdomain.com",
TestExamplesBasicTest 2022-12-13T14:30:29+01:00 logger.go:66:                             ]
TestExamplesBasicTest 2022-12-13T14:30:29+01:00 logger.go:66:                           - path        = "/"
TestExamplesBasicTest 2022-12-13T14:30:29+01:00 logger.go:66:                           - tls         = [
TestExamplesBasicTest 2022-12-13T14:30:29+01:00 logger.go:66:                               - {
TestExamplesBasicTest 2022-12-13T14:30:29+01:00 logger.go:66:                                   - hosts      = [
TestExamplesBasicTest 2022-12-13T14:30:29+01:00 logger.go:66:                                       - "monitoring.testdomain.com",
TestExamplesBasicTest 2022-12-13T14:30:29+01:00 logger.go:66:                                     ]
TestExamplesBasicTest 2022-12-13T14:30:29+01:00 logger.go:66:                                   - secretName = "monitoring.testdomain.com"
TestExamplesBasicTest 2022-12-13T14:30:29+01:00 logger.go:66:                                 },
TestExamplesBasicTest 2022-12-13T14:30:29+01:00 logger.go:66:                             ]
TestExamplesBasicTest 2022-12-13T14:30:29+01:00 logger.go:66:                         }
TestExamplesBasicTest 2022-12-13T14:30:29+01:00 logger.go:66:                       - serviceAccount     = {
TestExamplesBasicTest 2022-12-13T14:30:29+01:00 logger.go:66:                           - create = false
TestExamplesBasicTest 2022-12-13T14:30:29+01:00 logger.go:66:                           - name   = "grafana"
TestExamplesBasicTest 2022-12-13T14:30:29+01:00 logger.go:66:                         }
TestExamplesBasicTest 2022-12-13T14:30:29+01:00 logger.go:66:                     }
TestExamplesBasicTest 2022-12-13T14:30:29+01:00 logger.go:66:                 )
TestExamplesBasicTest 2022-12-13T14:30:29+01:00 logger.go:66:               - version     = "6.32.1"
TestExamplesBasicTest 2022-12-13T14:30:29+01:00 logger.go:66:             },
TestExamplesBasicTest 2022-12-13T14:30:29+01:00 logger.go:66:         ] -> null
TestExamplesBasicTest 2022-12-13T14:30:29+01:00 logger.go:66:       - name                       = "grafana" -> null
TestExamplesBasicTest 2022-12-13T14:30:29+01:00 logger.go:66:       - namespace                  = "grafana" -> null
TestExamplesBasicTest 2022-12-13T14:30:29+01:00 logger.go:66:       - pass_credentials           = false -> null
TestExamplesBasicTest 2022-12-13T14:30:29+01:00 logger.go:66:       - recreate_pods              = false -> null
TestExamplesBasicTest 2022-12-13T14:30:29+01:00 logger.go:66:       - render_subchart_notes      = true -> null
TestExamplesBasicTest 2022-12-13T14:30:29+01:00 logger.go:66:       - replace                    = false -> null
TestExamplesBasicTest 2022-12-13T14:30:29+01:00 logger.go:66:       - repository                 = "https://grafana.github.io/helm-charts" -> null
TestExamplesBasicTest 2022-12-13T14:30:29+01:00 logger.go:66:       - repository_cert_file       = "" -> null
TestExamplesBasicTest 2022-12-13T14:30:29+01:00 logger.go:66:       - repository_key_file        = "" -> null
TestExamplesBasicTest 2022-12-13T14:30:29+01:00 logger.go:66:       - repository_password        = (sensitive value)
TestExamplesBasicTest 2022-12-13T14:30:29+01:00 logger.go:66:       - repository_username        = "" -> null
TestExamplesBasicTest 2022-12-13T14:30:29+01:00 logger.go:66:       - reset_values               = false -> null
TestExamplesBasicTest 2022-12-13T14:30:29+01:00 logger.go:66:       - reuse_values               = false -> null
TestExamplesBasicTest 2022-12-13T14:30:29+01:00 logger.go:66:       - skip_crds                  = false -> null
TestExamplesBasicTest 2022-12-13T14:30:29+01:00 logger.go:66:       - status                     = "failed" -> null
TestExamplesBasicTest 2022-12-13T14:30:29+01:00 logger.go:66:       - timeout                    = 1200 -> null
TestExamplesBasicTest 2022-12-13T14:30:29+01:00 logger.go:66:       - values                     = [
TestExamplesBasicTest 2022-12-13T14:30:29+01:00 logger.go:66:           - <<-EOT
TestExamplesBasicTest 2022-12-13T14:30:29+01:00 logger.go:66:                 grafana.ini:
TestExamplesBasicTest 2022-12-13T14:30:29+01:00 logger.go:66:                   server:
TestExamplesBasicTest 2022-12-13T14:30:29+01:00 logger.go:66:                     domain: monitoring.testdomain.com
TestExamplesBasicTest 2022-12-13T14:30:29+01:00 logger.go:66:                     root_url: "%(protocol)s://%(domain)s/grafana"
TestExamplesBasicTest 2022-12-13T14:30:29+01:00 logger.go:66:                     serve_from_sub_path: true
TestExamplesBasicTest 2022-12-13T14:30:29+01:00 logger.go:66:                 ingress:
TestExamplesBasicTest 2022-12-13T14:30:29+01:00 logger.go:66:                   enabled: true
TestExamplesBasicTest 2022-12-13T14:30:29+01:00 logger.go:66:                   annotations:
TestExamplesBasicTest 2022-12-13T14:30:29+01:00 logger.go:66:                     kubernetes.io/ingress.class: nginx
TestExamplesBasicTest 2022-12-13T14:30:29+01:00 logger.go:66:                     cert-manager.io/cluster-issuer: "letsencrypt-prod"
TestExamplesBasicTest 2022-12-13T14:30:29+01:00 logger.go:66:                   hosts:
TestExamplesBasicTest 2022-12-13T14:30:29+01:00 logger.go:66:                     - "monitoring.testdomain.com"
TestExamplesBasicTest 2022-12-13T14:30:29+01:00 logger.go:66:                   path: "/"
TestExamplesBasicTest 2022-12-13T14:30:29+01:00 logger.go:66:                   tls:
TestExamplesBasicTest 2022-12-13T14:30:29+01:00 logger.go:66:                   - hosts:
TestExamplesBasicTest 2022-12-13T14:30:29+01:00 logger.go:66:                     - monitoring.testdomain.com
TestExamplesBasicTest 2022-12-13T14:30:29+01:00 logger.go:66:                     secretName: monitoring.testdomain.com
TestExamplesBasicTest 2022-12-13T14:30:29+01:00 logger.go:66:                 datasources:
TestExamplesBasicTest 2022-12-13T14:30:29+01:00 logger.go:66:                  datasources.yaml:
TestExamplesBasicTest 2022-12-13T14:30:29+01:00 logger.go:66:                    apiVersion: 1
TestExamplesBasicTest 2022-12-13T14:30:29+01:00 logger.go:66:                    datasources:
TestExamplesBasicTest 2022-12-13T14:30:29+01:00 logger.go:66:                    - name: Prometheus
TestExamplesBasicTest 2022-12-13T14:30:29+01:00 logger.go:66:                      type: prometheus
TestExamplesBasicTest 2022-12-13T14:30:29+01:00 logger.go:66:                      url: http://prometheus-server.prometheus.svc.cluster.local
TestExamplesBasicTest 2022-12-13T14:30:29+01:00 logger.go:66:                      access: proxy
TestExamplesBasicTest 2022-12-13T14:30:29+01:00 logger.go:66:                      isDefault: true
TestExamplesBasicTest 2022-12-13T14:30:29+01:00 logger.go:66:                    - name: Loki
TestExamplesBasicTest 2022-12-13T14:30:29+01:00 logger.go:66:                      type: loki
TestExamplesBasicTest 2022-12-13T14:30:29+01:00 logger.go:66:                      url: http://loki-stack.loki.svc.cluster.local:3100
TestExamplesBasicTest 2022-12-13T14:30:29+01:00 logger.go:66:                      access: proxy
TestExamplesBasicTest 2022-12-13T14:30:29+01:00 logger.go:66:                 dashboardProviders:
TestExamplesBasicTest 2022-12-13T14:30:29+01:00 logger.go:66:                  dashboardproviders.yaml:
TestExamplesBasicTest 2022-12-13T14:30:29+01:00 logger.go:66:                    apiVersion: 1
TestExamplesBasicTest 2022-12-13T14:30:29+01:00 logger.go:66:                    providers:
TestExamplesBasicTest 2022-12-13T14:30:29+01:00 logger.go:66:                    - name: 'default'
TestExamplesBasicTest 2022-12-13T14:30:29+01:00 logger.go:66:                      orgId: 1
TestExamplesBasicTest 2022-12-13T14:30:29+01:00 logger.go:66:                      folder: ''
TestExamplesBasicTest 2022-12-13T14:30:29+01:00 logger.go:66:                      type: file
TestExamplesBasicTest 2022-12-13T14:30:29+01:00 logger.go:66:                      disableDeletion: false
TestExamplesBasicTest 2022-12-13T14:30:29+01:00 logger.go:66:                      editable: true
TestExamplesBasicTest 2022-12-13T14:30:29+01:00 logger.go:66:                      options:
TestExamplesBasicTest 2022-12-13T14:30:29+01:00 logger.go:66:                        path: /var/lib/grafana/dashboards/default
TestExamplesBasicTest 2022-12-13T14:30:29+01:00 logger.go:66:
TestExamplesBasicTest 2022-12-13T14:30:29+01:00 logger.go:66:             EOT,
TestExamplesBasicTest 2022-12-13T14:30:29+01:00 logger.go:66:         ] -> null
TestExamplesBasicTest 2022-12-13T14:30:29+01:00 logger.go:66:       - verify                     = false -> null
TestExamplesBasicTest 2022-12-13T14:30:29+01:00 logger.go:66:       - version                    = "6.32.1" -> null
TestExamplesBasicTest 2022-12-13T14:30:29+01:00 logger.go:66:       - wait                       = true -> null
TestExamplesBasicTest 2022-12-13T14:30:29+01:00 logger.go:66:       - wait_for_jobs              = false -> null
TestExamplesBasicTest 2022-12-13T14:30:29+01:00 logger.go:66:
TestExamplesBasicTest 2022-12-13T14:30:29+01:00 logger.go:66:       - postrender {
TestExamplesBasicTest 2022-12-13T14:30:29+01:00 logger.go:66:           - args = [] -> null
TestExamplesBasicTest 2022-12-13T14:30:29+01:00 logger.go:66:         }
TestExamplesBasicTest 2022-12-13T14:30:29+01:00 logger.go:66:
TestExamplesBasicTest 2022-12-13T14:30:29+01:00 logger.go:66:       - set {
TestExamplesBasicTest 2022-12-13T14:30:29+01:00 logger.go:66:           - name  = "serviceAccount.create" -> null
TestExamplesBasicTest 2022-12-13T14:30:29+01:00 logger.go:66:           - value = "false" -> null
TestExamplesBasicTest 2022-12-13T14:30:29+01:00 logger.go:66:         }
TestExamplesBasicTest 2022-12-13T14:30:29+01:00 logger.go:66:       - set {
TestExamplesBasicTest 2022-12-13T14:30:29+01:00 logger.go:66:           - name  = "serviceAccount.name" -> null
TestExamplesBasicTest 2022-12-13T14:30:29+01:00 logger.go:66:           - value = "grafana" -> null
TestExamplesBasicTest 2022-12-13T14:30:29+01:00 logger.go:66:         }
TestExamplesBasicTest 2022-12-13T14:30:29+01:00 logger.go:66:
TestExamplesBasicTest 2022-12-13T14:30:29+01:00 logger.go:66:       - set_sensitive {
TestExamplesBasicTest 2022-12-13T14:30:29+01:00 logger.go:66:           # At least one attribute in this block is (or was) sensitive,
TestExamplesBasicTest 2022-12-13T14:30:29+01:00 logger.go:66:           # so its contents will not be displayed.
TestExamplesBasicTest 2022-12-13T14:30:29+01:00 logger.go:66:         }
TestExamplesBasicTest 2022-12-13T14:30:29+01:00 logger.go:66:     }
TestExamplesBasicTest 2022-12-13T14:30:29+01:00 logger.go:66:
TestExamplesBasicTest 2022-12-13T14:30:29+01:00 logger.go:66:   # module.eks_blueprints_kubernetes_addons.module.promtail[0].module.helm_addon.helm_release.addon[0] will be destroyed
TestExamplesBasicTest 2022-12-13T14:30:29+01:00 logger.go:66:   - resource "helm_release" "addon" {
TestExamplesBasicTest 2022-12-13T14:30:29+01:00 logger.go:66:       - atomic                     = false -> null
TestExamplesBasicTest 2022-12-13T14:30:29+01:00 logger.go:66:       - chart                      = "promtail" -> null
TestExamplesBasicTest 2022-12-13T14:30:29+01:00 logger.go:66:       - cleanup_on_fail            = false -> null
TestExamplesBasicTest 2022-12-13T14:30:29+01:00 logger.go:66:       - create_namespace           = false -> null
TestExamplesBasicTest 2022-12-13T14:30:29+01:00 logger.go:66:       - dependency_update          = false -> null
TestExamplesBasicTest 2022-12-13T14:30:29+01:00 logger.go:66:       - description                = "Promtail helm Chart deployment configuration" -> null
TestExamplesBasicTest 2022-12-13T14:30:29+01:00 logger.go:66:       - disable_crd_hooks          = false -> null
TestExamplesBasicTest 2022-12-13T14:30:29+01:00 logger.go:66:       - disable_openapi_validation = false -> null
TestExamplesBasicTest 2022-12-13T14:30:29+01:00 logger.go:66:       - disable_webhooks           = false -> null
TestExamplesBasicTest 2022-12-13T14:30:29+01:00 logger.go:66:       - force_update               = false -> null
TestExamplesBasicTest 2022-12-13T14:30:29+01:00 logger.go:66:       - id                         = "promtail" -> null
TestExamplesBasicTest 2022-12-13T14:30:29+01:00 logger.go:66:       - lint                       = false -> null
TestExamplesBasicTest 2022-12-13T14:30:29+01:00 logger.go:66:       - max_history                = 0 -> null
TestExamplesBasicTest 2022-12-13T14:30:29+01:00 logger.go:66:       - metadata                   = [
TestExamplesBasicTest 2022-12-13T14:30:29+01:00 logger.go:66:           - {
TestExamplesBasicTest 2022-12-13T14:30:29+01:00 logger.go:66:               - app_version = "2.6.1"
TestExamplesBasicTest 2022-12-13T14:30:29+01:00 logger.go:66:               - chart       = "promtail"
TestExamplesBasicTest 2022-12-13T14:30:29+01:00 logger.go:66:               - name        = "promtail"
TestExamplesBasicTest 2022-12-13T14:30:29+01:00 logger.go:66:               - namespace   = "loki"
TestExamplesBasicTest 2022-12-13T14:30:29+01:00 logger.go:66:               - revision    = 1
TestExamplesBasicTest 2022-12-13T14:30:29+01:00 logger.go:66:               - values      = jsonencode(
TestExamplesBasicTest 2022-12-13T14:30:29+01:00 logger.go:66:                     {
TestExamplesBasicTest 2022-12-13T14:30:29+01:00 logger.go:66:                       - config = {
TestExamplesBasicTest 2022-12-13T14:30:29+01:00 logger.go:66:                           - clients = [
TestExamplesBasicTest 2022-12-13T14:30:29+01:00 logger.go:66:                               - {
TestExamplesBasicTest 2022-12-13T14:30:29+01:00 logger.go:66:                                   - url = "http://loki-stack.loki.svc.cluster.local:3100/loki/api/v1/push"
TestExamplesBasicTest 2022-12-13T14:30:29+01:00 logger.go:66:                                 },
TestExamplesBasicTest 2022-12-13T14:30:29+01:00 logger.go:66:                             ]
TestExamplesBasicTest 2022-12-13T14:30:29+01:00 logger.go:66:                         }
TestExamplesBasicTest 2022-12-13T14:30:29+01:00 logger.go:66:                     }
TestExamplesBasicTest 2022-12-13T14:30:29+01:00 logger.go:66:                 )
TestExamplesBasicTest 2022-12-13T14:30:29+01:00 logger.go:66:               - version     = "6.3.0"
TestExamplesBasicTest 2022-12-13T14:30:29+01:00 logger.go:66:             },
TestExamplesBasicTest 2022-12-13T14:30:29+01:00 logger.go:66:         ] -> null
TestExamplesBasicTest 2022-12-13T14:30:29+01:00 logger.go:66:       - name                       = "promtail" -> null
TestExamplesBasicTest 2022-12-13T14:30:29+01:00 logger.go:66:       - namespace                  = "loki" -> null
TestExamplesBasicTest 2022-12-13T14:30:29+01:00 logger.go:66:       - pass_credentials           = false -> null
TestExamplesBasicTest 2022-12-13T14:30:29+01:00 logger.go:66:       - recreate_pods              = false -> null
TestExamplesBasicTest 2022-12-13T14:30:29+01:00 logger.go:66:       - render_subchart_notes      = true -> null
TestExamplesBasicTest 2022-12-13T14:30:29+01:00 logger.go:66:       - replace                    = false -> null
TestExamplesBasicTest 2022-12-13T14:30:29+01:00 logger.go:66:       - repository                 = "https://grafana.github.io/helm-charts" -> null
TestExamplesBasicTest 2022-12-13T14:30:29+01:00 logger.go:66:       - reset_values               = false -> null
TestExamplesBasicTest 2022-12-13T14:30:29+01:00 logger.go:66:       - reuse_values               = false -> null
TestExamplesBasicTest 2022-12-13T14:30:29+01:00 logger.go:66:       - skip_crds                  = false -> null
TestExamplesBasicTest 2022-12-13T14:30:29+01:00 logger.go:66:       - status                     = "deployed" -> null
TestExamplesBasicTest 2022-12-13T14:30:29+01:00 logger.go:66:       - timeout                    = 1200 -> null
TestExamplesBasicTest 2022-12-13T14:30:29+01:00 logger.go:66:       - values                     = [
TestExamplesBasicTest 2022-12-13T14:30:29+01:00 logger.go:66:           - <<-EOT
TestExamplesBasicTest 2022-12-13T14:30:29+01:00 logger.go:66:                  config:
TestExamplesBasicTest 2022-12-13T14:30:29+01:00 logger.go:66:                   clients:
TestExamplesBasicTest 2022-12-13T14:30:29+01:00 logger.go:66:                     - url: http://loki-stack.loki.svc.cluster.local:3100/loki/api/v1/push
TestExamplesBasicTest 2022-12-13T14:30:29+01:00 logger.go:66:             EOT,
TestExamplesBasicTest 2022-12-13T14:30:29+01:00 logger.go:66:         ] -> null
TestExamplesBasicTest 2022-12-13T14:30:29+01:00 logger.go:66:       - verify                     = false -> null
TestExamplesBasicTest 2022-12-13T14:30:29+01:00 logger.go:66:       - version                    = "6.3.0" -> null
TestExamplesBasicTest 2022-12-13T14:30:29+01:00 logger.go:66:       - wait                       = true -> null
TestExamplesBasicTest 2022-12-13T14:30:29+01:00 logger.go:66:       - wait_for_jobs              = false -> null
TestExamplesBasicTest 2022-12-13T14:30:29+01:00 logger.go:66:
TestExamplesBasicTest 2022-12-13T14:30:29+01:00 logger.go:66:       - postrender {
TestExamplesBasicTest 2022-12-13T14:30:29+01:00 logger.go:66:           - args = [] -> null
TestExamplesBasicTest 2022-12-13T14:30:29+01:00 logger.go:66:         }
TestExamplesBasicTest 2022-12-13T14:30:29+01:00 logger.go:66:     }
TestExamplesBasicTest 2022-12-13T14:30:29+01:00 logger.go:66:
TestExamplesBasicTest 2022-12-13T14:30:29+01:00 logger.go:66:   # module.eks_blueprints_kubernetes_addons.module.aws_load_balancer_controller[0].module.helm_addon.module.irsa[0].aws_iam_role.irsa[0] will be destroyed
TestExamplesBasicTest 2022-12-13T14:30:29+01:00 logger.go:66:   - resource "aws_iam_role" "irsa" {
TestExamplesBasicTest 2022-12-13T14:30:29+01:00 logger.go:66:       - arn                   = "arn:aws:iam::198655350445:role/test-eks-cnr-aws-load-balancer-controller-sa-irsa" -> null
TestExamplesBasicTest 2022-12-13T14:30:29+01:00 logger.go:66:       - assume_role_policy    = jsonencode(
TestExamplesBasicTest 2022-12-13T14:30:29+01:00 logger.go:66:             {
TestExamplesBasicTest 2022-12-13T14:30:29+01:00 logger.go:66:               - Statement = [
TestExamplesBasicTest 2022-12-13T14:30:29+01:00 logger.go:66:                   - {
TestExamplesBasicTest 2022-12-13T14:30:29+01:00 logger.go:66:                       - Action    = "sts:AssumeRoleWithWebIdentity"
TestExamplesBasicTest 2022-12-13T14:30:29+01:00 logger.go:66:                       - Condition = {
TestExamplesBasicTest 2022-12-13T14:30:29+01:00 logger.go:66:                           - StringLike = {
TestExamplesBasicTest 2022-12-13T14:30:29+01:00 logger.go:66:                               - "oidc.eks.eu-central-1.amazonaws.com/id/7864DCD89C8A3F7C0EDC840780A1362D:aud" = "sts.amazonaws.com"
TestExamplesBasicTest 2022-12-13T14:30:29+01:00 logger.go:66:                               - "oidc.eks.eu-central-1.amazonaws.com/id/7864DCD89C8A3F7C0EDC840780A1362D:sub" = "system:serviceaccount:kube-system:aws-load-balancer-controller-sa"
TestExamplesBasicTest 2022-12-13T14:30:29+01:00 logger.go:66:                             }
TestExamplesBasicTest 2022-12-13T14:30:29+01:00 logger.go:66:                         }
TestExamplesBasicTest 2022-12-13T14:30:29+01:00 logger.go:66:                       - Effect    = "Allow"
TestExamplesBasicTest 2022-12-13T14:30:29+01:00 logger.go:66:                       - Principal = {
TestExamplesBasicTest 2022-12-13T14:30:29+01:00 logger.go:66:                           - Federated = "arn:aws:iam::198655350445:oidc-provider/oidc.eks.eu-central-1.amazonaws.com/id/7864DCD89C8A3F7C0EDC840780A1362D"
TestExamplesBasicTest 2022-12-13T14:30:29+01:00 logger.go:66:                         }
TestExamplesBasicTest 2022-12-13T14:30:29+01:00 logger.go:66:                     },
TestExamplesBasicTest 2022-12-13T14:30:29+01:00 logger.go:66:                 ]
TestExamplesBasicTest 2022-12-13T14:30:29+01:00 logger.go:66:               - Version   = "2012-10-17"
TestExamplesBasicTest 2022-12-13T14:30:29+01:00 logger.go:66:             }
TestExamplesBasicTest 2022-12-13T14:30:29+01:00 logger.go:66:         ) -> null
TestExamplesBasicTest 2022-12-13T14:30:29+01:00 logger.go:66:       - create_date           = "2022-12-13T13:26:16Z" -> null
TestExamplesBasicTest 2022-12-13T14:30:29+01:00 logger.go:66:       - description           = "AWS IAM Role for the Kubernetes service account aws-load-balancer-controller-sa." -> null
TestExamplesBasicTest 2022-12-13T14:30:29+01:00 logger.go:66:       - force_detach_policies = true -> null
TestExamplesBasicTest 2022-12-13T14:30:29+01:00 logger.go:66:       - id                    = "test-eks-cnr-aws-load-balancer-controller-sa-irsa" -> null
TestExamplesBasicTest 2022-12-13T14:30:29+01:00 logger.go:66:       - managed_policy_arns   = [
TestExamplesBasicTest 2022-12-13T14:30:29+01:00 logger.go:66:           - "arn:aws:iam::198655350445:policy/test-eks-cnr-lb-irsa",
TestExamplesBasicTest 2022-12-13T14:30:29+01:00 logger.go:66:         ] -> null
TestExamplesBasicTest 2022-12-13T14:30:29+01:00 logger.go:66:       - max_session_duration  = 3600 -> null
TestExamplesBasicTest 2022-12-13T14:30:29+01:00 logger.go:66:       - name                  = "test-eks-cnr-aws-load-balancer-controller-sa-irsa" -> null
TestExamplesBasicTest 2022-12-13T14:30:29+01:00 logger.go:66:       - path                  = "/" -> null
TestExamplesBasicTest 2022-12-13T14:30:29+01:00 logger.go:66:       - tags                  = {} -> null
TestExamplesBasicTest 2022-12-13T14:30:29+01:00 logger.go:66:       - tags_all              = {} -> null
TestExamplesBasicTest 2022-12-13T14:30:29+01:00 logger.go:66:       - unique_id             = "AROAS4QGIC2WVJ3VLVNAF" -> null
TestExamplesBasicTest 2022-12-13T14:30:29+01:00 logger.go:66:     }
TestExamplesBasicTest 2022-12-13T14:30:29+01:00 logger.go:66:
TestExamplesBasicTest 2022-12-13T14:30:29+01:00 logger.go:66:   # module.eks_blueprints_kubernetes_addons.module.aws_load_balancer_controller[0].module.helm_addon.module.irsa[0].aws_iam_role_policy_attachment.irsa[0] will be destroyed
TestExamplesBasicTest 2022-12-13T14:30:29+01:00 logger.go:66:   - resource "aws_iam_role_policy_attachment" "irsa" {
TestExamplesBasicTest 2022-12-13T14:30:29+01:00 logger.go:66:       - id         = "test-eks-cnr-aws-load-balancer-controller-sa-irsa-20221213132615600700000015" -> null
TestExamplesBasicTest 2022-12-13T14:30:29+01:00 logger.go:66:       - policy_arn = "arn:aws:iam::198655350445:policy/test-eks-cnr-lb-irsa" -> null
TestExamplesBasicTest 2022-12-13T14:30:29+01:00 logger.go:66:       - role       = "test-eks-cnr-aws-load-balancer-controller-sa-irsa" -> null
TestExamplesBasicTest 2022-12-13T14:30:29+01:00 logger.go:66:     }
TestExamplesBasicTest 2022-12-13T14:30:29+01:00 logger.go:66:
TestExamplesBasicTest 2022-12-13T14:30:29+01:00 logger.go:66:   # module.eks_blueprints_kubernetes_addons.module.aws_load_balancer_controller[0].module.helm_addon.module.irsa[0].kubernetes_service_account_v1.irsa[0] will be destroyed
TestExamplesBasicTest 2022-12-13T14:30:29+01:00 logger.go:66:   - resource "kubernetes_service_account_v1" "irsa" {
TestExamplesBasicTest 2022-12-13T14:30:29+01:00 logger.go:66:       - automount_service_account_token = true -> null
TestExamplesBasicTest 2022-12-13T14:30:29+01:00 logger.go:66:       - default_secret_name             = "aws-load-balancer-controller-sa-token-4k65j" -> null
TestExamplesBasicTest 2022-12-13T14:30:29+01:00 logger.go:66:       - id                              = "kube-system/aws-load-balancer-controller-sa" -> null
TestExamplesBasicTest 2022-12-13T14:30:29+01:00 logger.go:66:
TestExamplesBasicTest 2022-12-13T14:30:29+01:00 logger.go:66:       - metadata {
TestExamplesBasicTest 2022-12-13T14:30:29+01:00 logger.go:66:           - annotations      = {
TestExamplesBasicTest 2022-12-13T14:30:29+01:00 logger.go:66:               - "eks.amazonaws.com/role-arn" = "arn:aws:iam::198655350445:role/test-eks-cnr-aws-load-balancer-controller-sa-irsa"
TestExamplesBasicTest 2022-12-13T14:30:29+01:00 logger.go:66:             } -> null
TestExamplesBasicTest 2022-12-13T14:30:29+01:00 logger.go:66:           - generation       = 0 -> null
TestExamplesBasicTest 2022-12-13T14:30:29+01:00 logger.go:66:           - labels           = {} -> null
TestExamplesBasicTest 2022-12-13T14:30:29+01:00 logger.go:66:           - name             = "aws-load-balancer-controller-sa" -> null
TestExamplesBasicTest 2022-12-13T14:30:29+01:00 logger.go:66:           - namespace        = "kube-system" -> null
TestExamplesBasicTest 2022-12-13T14:30:29+01:00 logger.go:66:           - resource_version = "1971" -> null
TestExamplesBasicTest 2022-12-13T14:30:29+01:00 logger.go:66:           - uid              = "3b7fa09c-bee9-4b36-b3b9-74f74ad5ca87" -> null
TestExamplesBasicTest 2022-12-13T14:30:29+01:00 logger.go:66:         }
TestExamplesBasicTest 2022-12-13T14:30:29+01:00 logger.go:66:     }
TestExamplesBasicTest 2022-12-13T14:30:29+01:00 logger.go:66:
TestExamplesBasicTest 2022-12-13T14:30:29+01:00 logger.go:66:   # module.eks_blueprints_kubernetes_addons.module.cert_manager[0].module.helm_addon.module.irsa[0].aws_iam_role.irsa[0] will be destroyed
TestExamplesBasicTest 2022-12-13T14:30:29+01:00 logger.go:66:   - resource "aws_iam_role" "irsa" {
TestExamplesBasicTest 2022-12-13T14:30:29+01:00 logger.go:66:       - arn                   = "arn:aws:iam::198655350445:role/test-eks-cnr-cert-manager-irsa" -> null
TestExamplesBasicTest 2022-12-13T14:30:29+01:00 logger.go:66:       - assume_role_policy    = jsonencode(
TestExamplesBasicTest 2022-12-13T14:30:29+01:00 logger.go:66:             {
TestExamplesBasicTest 2022-12-13T14:30:29+01:00 logger.go:66:               - Statement = [
TestExamplesBasicTest 2022-12-13T14:30:29+01:00 logger.go:66:                   - {
TestExamplesBasicTest 2022-12-13T14:30:29+01:00 logger.go:66:                       - Action    = "sts:AssumeRoleWithWebIdentity"
TestExamplesBasicTest 2022-12-13T14:30:29+01:00 logger.go:66:                       - Condition = {
TestExamplesBasicTest 2022-12-13T14:30:29+01:00 logger.go:66:                           - StringLike = {
TestExamplesBasicTest 2022-12-13T14:30:29+01:00 logger.go:66:                               - "oidc.eks.eu-central-1.amazonaws.com/id/7864DCD89C8A3F7C0EDC840780A1362D:aud" = "sts.amazonaws.com"
TestExamplesBasicTest 2022-12-13T14:30:29+01:00 logger.go:66:                               - "oidc.eks.eu-central-1.amazonaws.com/id/7864DCD89C8A3F7C0EDC840780A1362D:sub" = "system:serviceaccount:cert-manager:cert-manager"
TestExamplesBasicTest 2022-12-13T14:30:29+01:00 logger.go:66:                             }
TestExamplesBasicTest 2022-12-13T14:30:29+01:00 logger.go:66:                         }
TestExamplesBasicTest 2022-12-13T14:30:29+01:00 logger.go:66:                       - Effect    = "Allow"
TestExamplesBasicTest 2022-12-13T14:30:29+01:00 logger.go:66:                       - Principal = {
TestExamplesBasicTest 2022-12-13T14:30:29+01:00 logger.go:66:                           - Federated = "arn:aws:iam::198655350445:oidc-provider/oidc.eks.eu-central-1.amazonaws.com/id/7864DCD89C8A3F7C0EDC840780A1362D"
TestExamplesBasicTest 2022-12-13T14:30:29+01:00 logger.go:66:                         }
TestExamplesBasicTest 2022-12-13T14:30:29+01:00 logger.go:66:                     },
TestExamplesBasicTest 2022-12-13T14:30:29+01:00 logger.go:66:                 ]
TestExamplesBasicTest 2022-12-13T14:30:29+01:00 logger.go:66:               - Version   = "2012-10-17"
TestExamplesBasicTest 2022-12-13T14:30:29+01:00 logger.go:66:             }
TestExamplesBasicTest 2022-12-13T14:30:29+01:00 logger.go:66:         ) -> null
TestExamplesBasicTest 2022-12-13T14:30:29+01:00 logger.go:66:       - create_date           = "2022-12-13T13:26:16Z" -> null
TestExamplesBasicTest 2022-12-13T14:30:29+01:00 logger.go:66:       - description           = "AWS IAM Role for the Kubernetes service account cert-manager." -> null
TestExamplesBasicTest 2022-12-13T14:30:29+01:00 logger.go:66:       - force_detach_policies = true -> null
TestExamplesBasicTest 2022-12-13T14:30:29+01:00 logger.go:66:       - id                    = "test-eks-cnr-cert-manager-irsa" -> null
TestExamplesBasicTest 2022-12-13T14:30:29+01:00 logger.go:66:       - managed_policy_arns   = [
TestExamplesBasicTest 2022-12-13T14:30:29+01:00 logger.go:66:           - "arn:aws:iam::198655350445:policy/test-eks-cnr-cert-manager-irsa",
TestExamplesBasicTest 2022-12-13T14:30:29+01:00 logger.go:66:         ] -> null
TestExamplesBasicTest 2022-12-13T14:30:29+01:00 logger.go:66:       - max_session_duration  = 3600 -> null
TestExamplesBasicTest 2022-12-13T14:30:29+01:00 logger.go:66:       - name                  = "test-eks-cnr-cert-manager-irsa" -> null
TestExamplesBasicTest 2022-12-13T14:30:29+01:00 logger.go:66:       - path                  = "/" -> null
TestExamplesBasicTest 2022-12-13T14:30:29+01:00 logger.go:66:       - tags                  = {} -> null
TestExamplesBasicTest 2022-12-13T14:30:29+01:00 logger.go:66:       - tags_all              = {} -> null
TestExamplesBasicTest 2022-12-13T14:30:29+01:00 logger.go:66:       - unique_id             = "AROAS4QGIC2WT7MRNBDHK" -> null
TestExamplesBasicTest 2022-12-13T14:30:29+01:00 logger.go:66:     }
TestExamplesBasicTest 2022-12-13T14:30:29+01:00 logger.go:66:
TestExamplesBasicTest 2022-12-13T14:30:29+01:00 logger.go:66:   # module.eks_blueprints_kubernetes_addons.module.cert_manager[0].module.helm_addon.module.irsa[0].aws_iam_role_policy_attachment.irsa[0] will be destroyed
TestExamplesBasicTest 2022-12-13T14:30:29+01:00 logger.go:66:   - resource "aws_iam_role_policy_attachment" "irsa" {
TestExamplesBasicTest 2022-12-13T14:30:29+01:00 logger.go:66:       - id         = "test-eks-cnr-cert-manager-irsa-20221213132615557400000014" -> null
TestExamplesBasicTest 2022-12-13T14:30:29+01:00 logger.go:66:       - policy_arn = "arn:aws:iam::198655350445:policy/test-eks-cnr-cert-manager-irsa" -> null
TestExamplesBasicTest 2022-12-13T14:30:29+01:00 logger.go:66:       - role       = "test-eks-cnr-cert-manager-irsa" -> null
TestExamplesBasicTest 2022-12-13T14:30:29+01:00 logger.go:66:     }
TestExamplesBasicTest 2022-12-13T14:30:29+01:00 logger.go:66:
TestExamplesBasicTest 2022-12-13T14:30:29+01:00 logger.go:66:   # module.eks_blueprints_kubernetes_addons.module.cert_manager[0].module.helm_addon.module.irsa[0].kubernetes_namespace_v1.irsa[0] will be destroyed
TestExamplesBasicTest 2022-12-13T14:30:29+01:00 logger.go:66:   - resource "kubernetes_namespace_v1" "irsa" {
TestExamplesBasicTest 2022-12-13T14:30:29+01:00 logger.go:66:       - id = "cert-manager" -> null
TestExamplesBasicTest 2022-12-13T14:30:29+01:00 logger.go:66:
TestExamplesBasicTest 2022-12-13T14:30:29+01:00 logger.go:66:       - metadata {
TestExamplesBasicTest 2022-12-13T14:30:29+01:00 logger.go:66:           - annotations      = {} -> null
TestExamplesBasicTest 2022-12-13T14:30:29+01:00 logger.go:66:           - generation       = 0 -> null
TestExamplesBasicTest 2022-12-13T14:30:29+01:00 logger.go:66:           - labels           = {} -> null
TestExamplesBasicTest 2022-12-13T14:30:29+01:00 logger.go:66:           - name             = "cert-manager" -> null
TestExamplesBasicTest 2022-12-13T14:30:29+01:00 logger.go:66:           - resource_version = "1944" -> null
TestExamplesBasicTest 2022-12-13T14:30:29+01:00 logger.go:66:           - uid              = "a72cdd62-91d0-446c-b590-4558e55c3d7a" -> null
TestExamplesBasicTest 2022-12-13T14:30:29+01:00 logger.go:66:         }
TestExamplesBasicTest 2022-12-13T14:30:29+01:00 logger.go:66:
TestExamplesBasicTest 2022-12-13T14:30:29+01:00 logger.go:66:       - timeouts {
TestExamplesBasicTest 2022-12-13T14:30:29+01:00 logger.go:66:           - delete = "15m" -> null
TestExamplesBasicTest 2022-12-13T14:30:29+01:00 logger.go:66:         }
TestExamplesBasicTest 2022-12-13T14:30:29+01:00 logger.go:66:     }
TestExamplesBasicTest 2022-12-13T14:30:29+01:00 logger.go:66:
TestExamplesBasicTest 2022-12-13T14:30:29+01:00 logger.go:66:   # module.eks_blueprints_kubernetes_addons.module.cert_manager[0].module.helm_addon.module.irsa[0].kubernetes_service_account_v1.irsa[0] will be destroyed
TestExamplesBasicTest 2022-12-13T14:30:29+01:00 logger.go:66:   - resource "kubernetes_service_account_v1" "irsa" {
TestExamplesBasicTest 2022-12-13T14:30:29+01:00 logger.go:66:       - automount_service_account_token = true -> null
TestExamplesBasicTest 2022-12-13T14:30:29+01:00 logger.go:66:       - default_secret_name             = "cert-manager-token-6czcj" -> null
TestExamplesBasicTest 2022-12-13T14:30:29+01:00 logger.go:66:       - id                              = "cert-manager/cert-manager" -> null
TestExamplesBasicTest 2022-12-13T14:30:29+01:00 logger.go:66:
TestExamplesBasicTest 2022-12-13T14:30:29+01:00 logger.go:66:       - metadata {
TestExamplesBasicTest 2022-12-13T14:30:29+01:00 logger.go:66:           - annotations      = {
TestExamplesBasicTest 2022-12-13T14:30:29+01:00 logger.go:66:               - "eks.amazonaws.com/role-arn" = "arn:aws:iam::198655350445:role/test-eks-cnr-cert-manager-irsa"
TestExamplesBasicTest 2022-12-13T14:30:29+01:00 logger.go:66:             } -> null
TestExamplesBasicTest 2022-12-13T14:30:29+01:00 logger.go:66:           - generation       = 0 -> null
TestExamplesBasicTest 2022-12-13T14:30:29+01:00 logger.go:66:           - labels           = {} -> null
TestExamplesBasicTest 2022-12-13T14:30:29+01:00 logger.go:66:           - name             = "cert-manager" -> null
TestExamplesBasicTest 2022-12-13T14:30:29+01:00 logger.go:66:           - namespace        = "cert-manager" -> null
TestExamplesBasicTest 2022-12-13T14:30:29+01:00 logger.go:66:           - resource_version = "1968" -> null
TestExamplesBasicTest 2022-12-13T14:30:29+01:00 logger.go:66:           - uid              = "e5aa8300-8621-45c8-a917-eb162981ca4a" -> null
TestExamplesBasicTest 2022-12-13T14:30:29+01:00 logger.go:66:         }
TestExamplesBasicTest 2022-12-13T14:30:29+01:00 logger.go:66:     }
TestExamplesBasicTest 2022-12-13T14:30:29+01:00 logger.go:66:
TestExamplesBasicTest 2022-12-13T14:30:29+01:00 logger.go:66:   # module.eks_blueprints_kubernetes_addons.module.external_dns[0].module.helm_addon.module.irsa[0].aws_iam_role.irsa[0] will be destroyed
TestExamplesBasicTest 2022-12-13T14:30:29+01:00 logger.go:66:   - resource "aws_iam_role" "irsa" {
TestExamplesBasicTest 2022-12-13T14:30:29+01:00 logger.go:66:       - arn                   = "arn:aws:iam::198655350445:role/test-eks-cnr-external-dns-sa-irsa" -> null
TestExamplesBasicTest 2022-12-13T14:30:29+01:00 logger.go:66:       - assume_role_policy    = jsonencode(
TestExamplesBasicTest 2022-12-13T14:30:29+01:00 logger.go:66:             {
TestExamplesBasicTest 2022-12-13T14:30:29+01:00 logger.go:66:               - Statement = [
TestExamplesBasicTest 2022-12-13T14:30:29+01:00 logger.go:66:                   - {
TestExamplesBasicTest 2022-12-13T14:30:29+01:00 logger.go:66:                       - Action    = "sts:AssumeRoleWithWebIdentity"
TestExamplesBasicTest 2022-12-13T14:30:29+01:00 logger.go:66:                       - Condition = {
TestExamplesBasicTest 2022-12-13T14:30:29+01:00 logger.go:66:                           - StringLike = {
TestExamplesBasicTest 2022-12-13T14:30:29+01:00 logger.go:66:                               - "oidc.eks.eu-central-1.amazonaws.com/id/7864DCD89C8A3F7C0EDC840780A1362D:aud" = "sts.amazonaws.com"
TestExamplesBasicTest 2022-12-13T14:30:29+01:00 logger.go:66:                               - "oidc.eks.eu-central-1.amazonaws.com/id/7864DCD89C8A3F7C0EDC840780A1362D:sub" = "system:serviceaccount:external-dns:external-dns-sa"
TestExamplesBasicTest 2022-12-13T14:30:29+01:00 logger.go:66:                             }
TestExamplesBasicTest 2022-12-13T14:30:29+01:00 logger.go:66:                         }
TestExamplesBasicTest 2022-12-13T14:30:29+01:00 logger.go:66:                       - Effect    = "Allow"
TestExamplesBasicTest 2022-12-13T14:30:29+01:00 logger.go:66:                       - Principal = {
TestExamplesBasicTest 2022-12-13T14:30:29+01:00 logger.go:66:                           - Federated = "arn:aws:iam::198655350445:oidc-provider/oidc.eks.eu-central-1.amazonaws.com/id/7864DCD89C8A3F7C0EDC840780A1362D"
TestExamplesBasicTest 2022-12-13T14:30:29+01:00 logger.go:66:                         }
TestExamplesBasicTest 2022-12-13T14:30:29+01:00 logger.go:66:                     },
TestExamplesBasicTest 2022-12-13T14:30:29+01:00 logger.go:66:                 ]
TestExamplesBasicTest 2022-12-13T14:30:29+01:00 logger.go:66:               - Version   = "2012-10-17"
TestExamplesBasicTest 2022-12-13T14:30:29+01:00 logger.go:66:             }
TestExamplesBasicTest 2022-12-13T14:30:29+01:00 logger.go:66:         ) -> null
TestExamplesBasicTest 2022-12-13T14:30:29+01:00 logger.go:66:       - create_date           = "2022-12-13T13:26:16Z" -> null
TestExamplesBasicTest 2022-12-13T14:30:29+01:00 logger.go:66:       - description           = "AWS IAM Role for the Kubernetes service account external-dns-sa." -> null
TestExamplesBasicTest 2022-12-13T14:30:29+01:00 logger.go:66:       - force_detach_policies = true -> null
TestExamplesBasicTest 2022-12-13T14:30:29+01:00 logger.go:66:       - id                    = "test-eks-cnr-external-dns-sa-irsa" -> null
TestExamplesBasicTest 2022-12-13T14:30:29+01:00 logger.go:66:       - managed_policy_arns   = [
TestExamplesBasicTest 2022-12-13T14:30:29+01:00 logger.go:66:           - "arn:aws:iam::198655350445:policy/test-eks-cnr-external-dns-irsa",
TestExamplesBasicTest 2022-12-13T14:30:29+01:00 logger.go:66:         ] -> null
TestExamplesBasicTest 2022-12-13T14:30:29+01:00 logger.go:66:       - max_session_duration  = 3600 -> null
TestExamplesBasicTest 2022-12-13T14:30:29+01:00 logger.go:66:       - name                  = "test-eks-cnr-external-dns-sa-irsa" -> null
TestExamplesBasicTest 2022-12-13T14:30:29+01:00 logger.go:66:       - path                  = "/" -> null
TestExamplesBasicTest 2022-12-13T14:30:29+01:00 logger.go:66:       - tags                  = {} -> null
TestExamplesBasicTest 2022-12-13T14:30:29+01:00 logger.go:66:       - tags_all              = {} -> null
TestExamplesBasicTest 2022-12-13T14:30:29+01:00 logger.go:66:       - unique_id             = "AROAS4QGIC2WZIVGO42DI" -> null
TestExamplesBasicTest 2022-12-13T14:30:29+01:00 logger.go:66:     }
TestExamplesBasicTest 2022-12-13T14:30:29+01:00 logger.go:66:
TestExamplesBasicTest 2022-12-13T14:30:29+01:00 logger.go:66:   # module.eks_blueprints_kubernetes_addons.module.external_dns[0].module.helm_addon.module.irsa[0].aws_iam_role_policy_attachment.irsa[0] will be destroyed
TestExamplesBasicTest 2022-12-13T14:30:29+01:00 logger.go:66:   - resource "aws_iam_role_policy_attachment" "irsa" {
TestExamplesBasicTest 2022-12-13T14:30:29+01:00 logger.go:66:       - id         = "test-eks-cnr-external-dns-sa-irsa-20221213132615951900000016" -> null
TestExamplesBasicTest 2022-12-13T14:30:29+01:00 logger.go:66:       - policy_arn = "arn:aws:iam::198655350445:policy/test-eks-cnr-external-dns-irsa" -> null
TestExamplesBasicTest 2022-12-13T14:30:29+01:00 logger.go:66:       - role       = "test-eks-cnr-external-dns-sa-irsa" -> null
TestExamplesBasicTest 2022-12-13T14:30:29+01:00 logger.go:66:     }
TestExamplesBasicTest 2022-12-13T14:30:29+01:00 logger.go:66:
TestExamplesBasicTest 2022-12-13T14:30:29+01:00 logger.go:66:   # module.eks_blueprints_kubernetes_addons.module.external_dns[0].module.helm_addon.module.irsa[0].kubernetes_namespace_v1.irsa[0] will be destroyed
TestExamplesBasicTest 2022-12-13T14:30:29+01:00 logger.go:66:   - resource "kubernetes_namespace_v1" "irsa" {
TestExamplesBasicTest 2022-12-13T14:30:29+01:00 logger.go:66:       - id = "external-dns" -> null
TestExamplesBasicTest 2022-12-13T14:30:29+01:00 logger.go:66:
TestExamplesBasicTest 2022-12-13T14:30:29+01:00 logger.go:66:       - metadata {
TestExamplesBasicTest 2022-12-13T14:30:29+01:00 logger.go:66:           - annotations      = {} -> null
TestExamplesBasicTest 2022-12-13T14:30:29+01:00 logger.go:66:           - generation       = 0 -> null
TestExamplesBasicTest 2022-12-13T14:30:29+01:00 logger.go:66:           - labels           = {} -> null
TestExamplesBasicTest 2022-12-13T14:30:29+01:00 logger.go:66:           - name             = "external-dns" -> null
TestExamplesBasicTest 2022-12-13T14:30:29+01:00 logger.go:66:           - resource_version = "1955" -> null
TestExamplesBasicTest 2022-12-13T14:30:29+01:00 logger.go:66:           - uid              = "f6892d10-f378-4ab0-824d-26f8539f9051" -> null
TestExamplesBasicTest 2022-12-13T14:30:29+01:00 logger.go:66:         }
TestExamplesBasicTest 2022-12-13T14:30:29+01:00 logger.go:66:
TestExamplesBasicTest 2022-12-13T14:30:29+01:00 logger.go:66:       - timeouts {
TestExamplesBasicTest 2022-12-13T14:30:29+01:00 logger.go:66:           - delete = "15m" -> null
TestExamplesBasicTest 2022-12-13T14:30:29+01:00 logger.go:66:         }
TestExamplesBasicTest 2022-12-13T14:30:29+01:00 logger.go:66:     }
TestExamplesBasicTest 2022-12-13T14:30:29+01:00 logger.go:66:
TestExamplesBasicTest 2022-12-13T14:30:29+01:00 logger.go:66:   # module.eks_blueprints_kubernetes_addons.module.external_dns[0].module.helm_addon.module.irsa[0].kubernetes_service_account_v1.irsa[0] will be destroyed
TestExamplesBasicTest 2022-12-13T14:30:29+01:00 logger.go:66:   - resource "kubernetes_service_account_v1" "irsa" {
TestExamplesBasicTest 2022-12-13T14:30:29+01:00 logger.go:66:       - automount_service_account_token = true -> null
TestExamplesBasicTest 2022-12-13T14:30:29+01:00 logger.go:66:       - default_secret_name             = "external-dns-sa-token-gncvq" -> null
TestExamplesBasicTest 2022-12-13T14:30:29+01:00 logger.go:66:       - id                              = "external-dns/external-dns-sa" -> null
TestExamplesBasicTest 2022-12-13T14:30:29+01:00 logger.go:66:
TestExamplesBasicTest 2022-12-13T14:30:29+01:00 logger.go:66:       - metadata {
TestExamplesBasicTest 2022-12-13T14:30:29+01:00 logger.go:66:           - annotations      = {
TestExamplesBasicTest 2022-12-13T14:30:29+01:00 logger.go:66:               - "eks.amazonaws.com/role-arn" = "arn:aws:iam::198655350445:role/test-eks-cnr-external-dns-sa-irsa"
TestExamplesBasicTest 2022-12-13T14:30:29+01:00 logger.go:66:             } -> null
TestExamplesBasicTest 2022-12-13T14:30:29+01:00 logger.go:66:           - generation       = 0 -> null
TestExamplesBasicTest 2022-12-13T14:30:29+01:00 logger.go:66:           - labels           = {} -> null
TestExamplesBasicTest 2022-12-13T14:30:29+01:00 logger.go:66:           - name             = "external-dns-sa" -> null
TestExamplesBasicTest 2022-12-13T14:30:29+01:00 logger.go:66:           - namespace        = "external-dns" -> null
TestExamplesBasicTest 2022-12-13T14:30:29+01:00 logger.go:66:           - resource_version = "1974" -> null
TestExamplesBasicTest 2022-12-13T14:30:29+01:00 logger.go:66:           - uid              = "3285ac2d-31a8-482c-8b12-abf2782f0d29" -> null
TestExamplesBasicTest 2022-12-13T14:30:29+01:00 logger.go:66:         }
TestExamplesBasicTest 2022-12-13T14:30:29+01:00 logger.go:66:     }
TestExamplesBasicTest 2022-12-13T14:30:29+01:00 logger.go:66:
TestExamplesBasicTest 2022-12-13T14:30:29+01:00 logger.go:66:   # module.eks_blueprints_kubernetes_addons.module.grafana[0].module.helm_addon.module.irsa[0].aws_iam_role.irsa[0] will be destroyed
TestExamplesBasicTest 2022-12-13T14:30:29+01:00 logger.go:66:   - resource "aws_iam_role" "irsa" {
TestExamplesBasicTest 2022-12-13T14:30:29+01:00 logger.go:66:       - arn                   = "arn:aws:iam::198655350445:role/test-eks-cnr-grafana-irsa" -> null
TestExamplesBasicTest 2022-12-13T14:30:29+01:00 logger.go:66:       - assume_role_policy    = jsonencode(
TestExamplesBasicTest 2022-12-13T14:30:29+01:00 logger.go:66:             {
TestExamplesBasicTest 2022-12-13T14:30:29+01:00 logger.go:66:               - Statement = [
TestExamplesBasicTest 2022-12-13T14:30:29+01:00 logger.go:66:                   - {
TestExamplesBasicTest 2022-12-13T14:30:29+01:00 logger.go:66:                       - Action    = "sts:AssumeRoleWithWebIdentity"
TestExamplesBasicTest 2022-12-13T14:30:29+01:00 logger.go:66:                       - Condition = {
TestExamplesBasicTest 2022-12-13T14:30:29+01:00 logger.go:66:                           - StringLike = {
TestExamplesBasicTest 2022-12-13T14:30:29+01:00 logger.go:66:                               - "oidc.eks.eu-central-1.amazonaws.com/id/7864DCD89C8A3F7C0EDC840780A1362D:aud" = "sts.amazonaws.com"
TestExamplesBasicTest 2022-12-13T14:30:29+01:00 logger.go:66:                               - "oidc.eks.eu-central-1.amazonaws.com/id/7864DCD89C8A3F7C0EDC840780A1362D:sub" = "system:serviceaccount:grafana:grafana"
TestExamplesBasicTest 2022-12-13T14:30:29+01:00 logger.go:66:                             }
TestExamplesBasicTest 2022-12-13T14:30:29+01:00 logger.go:66:                         }
TestExamplesBasicTest 2022-12-13T14:30:29+01:00 logger.go:66:                       - Effect    = "Allow"
TestExamplesBasicTest 2022-12-13T14:30:29+01:00 logger.go:66:                       - Principal = {
TestExamplesBasicTest 2022-12-13T14:30:29+01:00 logger.go:66:                           - Federated = "arn:aws:iam::198655350445:oidc-provider/oidc.eks.eu-central-1.amazonaws.com/id/7864DCD89C8A3F7C0EDC840780A1362D"
TestExamplesBasicTest 2022-12-13T14:30:29+01:00 logger.go:66:                         }
TestExamplesBasicTest 2022-12-13T14:30:29+01:00 logger.go:66:                     },
TestExamplesBasicTest 2022-12-13T14:30:29+01:00 logger.go:66:                 ]
TestExamplesBasicTest 2022-12-13T14:30:29+01:00 logger.go:66:               - Version   = "2012-10-17"
TestExamplesBasicTest 2022-12-13T14:30:29+01:00 logger.go:66:             }
TestExamplesBasicTest 2022-12-13T14:30:29+01:00 logger.go:66:         ) -> null
TestExamplesBasicTest 2022-12-13T14:30:29+01:00 logger.go:66:       - create_date           = "2022-12-13T13:26:16Z" -> null
TestExamplesBasicTest 2022-12-13T14:30:29+01:00 logger.go:66:       - description           = "AWS IAM Role for the Kubernetes service account grafana." -> null
TestExamplesBasicTest 2022-12-13T14:30:29+01:00 logger.go:66:       - force_detach_policies = true -> null
TestExamplesBasicTest 2022-12-13T14:30:29+01:00 logger.go:66:       - id                    = "test-eks-cnr-grafana-irsa" -> null
TestExamplesBasicTest 2022-12-13T14:30:29+01:00 logger.go:66:       - managed_policy_arns   = [
TestExamplesBasicTest 2022-12-13T14:30:29+01:00 logger.go:66:           - "arn:aws:iam::198655350445:policy/test-eks-cnr-grafana",
TestExamplesBasicTest 2022-12-13T14:30:29+01:00 logger.go:66:         ] -> null
TestExamplesBasicTest 2022-12-13T14:30:29+01:00 logger.go:66:       - max_session_duration  = 3600 -> null
TestExamplesBasicTest 2022-12-13T14:30:29+01:00 logger.go:66:       - name                  = "test-eks-cnr-grafana-irsa" -> null
TestExamplesBasicTest 2022-12-13T14:30:29+01:00 logger.go:66:       - path                  = "/" -> null
TestExamplesBasicTest 2022-12-13T14:30:29+01:00 logger.go:66:       - tags                  = {} -> null
TestExamplesBasicTest 2022-12-13T14:30:29+01:00 logger.go:66:       - tags_all              = {} -> null
TestExamplesBasicTest 2022-12-13T14:30:29+01:00 logger.go:66:       - unique_id             = "AROAS4QGIC2W7BK56LFN6" -> null
TestExamplesBasicTest 2022-12-13T14:30:29+01:00 logger.go:66:     }
TestExamplesBasicTest 2022-12-13T14:30:29+01:00 logger.go:66:
TestExamplesBasicTest 2022-12-13T14:30:29+01:00 logger.go:66:   # module.eks_blueprints_kubernetes_addons.module.grafana[0].module.helm_addon.module.irsa[0].aws_iam_role_policy_attachment.irsa[0] will be destroyed
TestExamplesBasicTest 2022-12-13T14:30:29+01:00 logger.go:66:   - resource "aws_iam_role_policy_attachment" "irsa" {
TestExamplesBasicTest 2022-12-13T14:30:29+01:00 logger.go:66:       - id         = "test-eks-cnr-grafana-irsa-20221213132615178300000012" -> null
TestExamplesBasicTest 2022-12-13T14:30:29+01:00 logger.go:66:       - policy_arn = "arn:aws:iam::198655350445:policy/test-eks-cnr-grafana" -> null
TestExamplesBasicTest 2022-12-13T14:30:29+01:00 logger.go:66:       - role       = "test-eks-cnr-grafana-irsa" -> null
TestExamplesBasicTest 2022-12-13T14:30:29+01:00 logger.go:66:     }
TestExamplesBasicTest 2022-12-13T14:30:29+01:00 logger.go:66:
TestExamplesBasicTest 2022-12-13T14:30:29+01:00 logger.go:66:   # module.eks_blueprints_kubernetes_addons.module.grafana[0].module.helm_addon.module.irsa[0].kubernetes_namespace_v1.irsa[0] will be destroyed
TestExamplesBasicTest 2022-12-13T14:30:29+01:00 logger.go:66:   - resource "kubernetes_namespace_v1" "irsa" {
TestExamplesBasicTest 2022-12-13T14:30:29+01:00 logger.go:66:       - id = "grafana" -> null
TestExamplesBasicTest 2022-12-13T14:30:29+01:00 logger.go:66:
TestExamplesBasicTest 2022-12-13T14:30:29+01:00 logger.go:66:       - metadata {
TestExamplesBasicTest 2022-12-13T14:30:29+01:00 logger.go:66:           - annotations      = {} -> null
TestExamplesBasicTest 2022-12-13T14:30:29+01:00 logger.go:66:           - generation       = 0 -> null
TestExamplesBasicTest 2022-12-13T14:30:29+01:00 logger.go:66:           - labels           = {} -> null
TestExamplesBasicTest 2022-12-13T14:30:29+01:00 logger.go:66:           - name             = "grafana" -> null
TestExamplesBasicTest 2022-12-13T14:30:29+01:00 logger.go:66:           - resource_version = "1934" -> null
TestExamplesBasicTest 2022-12-13T14:30:29+01:00 logger.go:66:           - uid              = "d82eb3f9-7efc-49c3-b4a3-afd9d28ca02e" -> null
TestExamplesBasicTest 2022-12-13T14:30:29+01:00 logger.go:66:         }
TestExamplesBasicTest 2022-12-13T14:30:29+01:00 logger.go:66:
TestExamplesBasicTest 2022-12-13T14:30:29+01:00 logger.go:66:       - timeouts {
TestExamplesBasicTest 2022-12-13T14:30:29+01:00 logger.go:66:           - delete = "15m" -> null
TestExamplesBasicTest 2022-12-13T14:30:29+01:00 logger.go:66:         }
TestExamplesBasicTest 2022-12-13T14:30:29+01:00 logger.go:66:     }
TestExamplesBasicTest 2022-12-13T14:30:29+01:00 logger.go:66:
TestExamplesBasicTest 2022-12-13T14:30:29+01:00 logger.go:66:   # module.eks_blueprints_kubernetes_addons.module.grafana[0].module.helm_addon.module.irsa[0].kubernetes_service_account_v1.irsa[0] will be destroyed
TestExamplesBasicTest 2022-12-13T14:30:29+01:00 logger.go:66:   - resource "kubernetes_service_account_v1" "irsa" {
TestExamplesBasicTest 2022-12-13T14:30:29+01:00 logger.go:66:       - automount_service_account_token = true -> null
TestExamplesBasicTest 2022-12-13T14:30:29+01:00 logger.go:66:       - default_secret_name             = "grafana-token-ls2lt" -> null
TestExamplesBasicTest 2022-12-13T14:30:29+01:00 logger.go:66:       - id                              = "grafana/grafana" -> null
TestExamplesBasicTest 2022-12-13T14:30:29+01:00 logger.go:66:
TestExamplesBasicTest 2022-12-13T14:30:29+01:00 logger.go:66:       - metadata {
TestExamplesBasicTest 2022-12-13T14:30:29+01:00 logger.go:66:           - annotations      = {
TestExamplesBasicTest 2022-12-13T14:30:29+01:00 logger.go:66:               - "eks.amazonaws.com/role-arn" = "arn:aws:iam::198655350445:role/test-eks-cnr-grafana-irsa"
TestExamplesBasicTest 2022-12-13T14:30:29+01:00 logger.go:66:             } -> null
TestExamplesBasicTest 2022-12-13T14:30:29+01:00 logger.go:66:           - generation       = 0 -> null
TestExamplesBasicTest 2022-12-13T14:30:29+01:00 logger.go:66:           - labels           = {} -> null
TestExamplesBasicTest 2022-12-13T14:30:29+01:00 logger.go:66:           - name             = "grafana" -> null
TestExamplesBasicTest 2022-12-13T14:30:29+01:00 logger.go:66:           - namespace        = "grafana" -> null
TestExamplesBasicTest 2022-12-13T14:30:29+01:00 logger.go:66:           - resource_version = "1965" -> null
TestExamplesBasicTest 2022-12-13T14:30:29+01:00 logger.go:66:           - uid              = "fa1bf80f-4368-436f-9ebb-b48d988e916c" -> null
TestExamplesBasicTest 2022-12-13T14:30:29+01:00 logger.go:66:         }
TestExamplesBasicTest 2022-12-13T14:30:29+01:00 logger.go:66:     }
TestExamplesBasicTest 2022-12-13T14:30:29+01:00 logger.go:66:
TestExamplesBasicTest 2022-12-13T14:30:29+01:00 logger.go:66: Plan: 0 to add, 0 to change, 32 to destroy.
TestExamplesBasicTest 2022-12-13T14:30:30+01:00 logger.go:66: module.eks_blueprints_kubernetes_addons.module.aws_ebs_csi_driver[0].module.irsa_addon[0].aws_iam_role_policy_attachment.irsa[0]: Destroying... [id=test-eks-cnr-ebs-csi-controller-sa-irsa-20221213132615106600000011]
TestExamplesBasicTest 2022-12-13T14:30:30+01:00 logger.go:66: module.eks_blueprints_kubernetes_addons.module.aws_kube_proxy[0].aws_eks_addon.kube_proxy: Destroying... [id=test-eks-cnr:kube-proxy]
TestExamplesBasicTest 2022-12-13T14:30:30+01:00 logger.go:66: module.eks_blueprints_kubernetes_addons.module.aws_ebs_csi_driver[0].aws_eks_addon.aws_ebs_csi_driver[0]: Destroying... [id=test-eks-cnr:aws-ebs-csi-driver]
TestExamplesBasicTest 2022-12-13T14:30:30+01:00 logger.go:66: module.eks_blueprints_kubernetes_addons.module.aws_coredns[0].aws_eks_addon.coredns[0]: Destroying... [id=test-eks-cnr:coredns]
TestExamplesBasicTest 2022-12-13T14:30:30+01:00 logger.go:66: module.eks_blueprints_kubernetes_addons.module.promtail[0].module.helm_addon.helm_release.addon[0]: Destroying... [id=promtail]
TestExamplesBasicTest 2022-12-13T14:30:30+01:00 logger.go:66: module.eks_blueprints_kubernetes_addons.module.cert_manager[0].helm_release.cert_manager_ca[0]: Destroying... [id=cert-manager-ca]
TestExamplesBasicTest 2022-12-13T14:30:30+01:00 logger.go:66: module.eks_blueprints_kubernetes_addons.module.external_dns[0].module.helm_addon.helm_release.addon[0]: Destroying... [id=external-dns]
TestExamplesBasicTest 2022-12-13T14:30:30+01:00 logger.go:66: module.eks_blueprints_kubernetes_addons.module.aws_load_balancer_controller[0].module.helm_addon.helm_release.addon[0]: Destroying... [id=aws-load-balancer-controller]
TestExamplesBasicTest 2022-12-13T14:30:30+01:00 logger.go:66: module.eks_blueprints_kubernetes_addons.module.grafana[0].module.helm_addon.helm_release.addon[0]: Destroying... [id=grafana]
TestExamplesBasicTest 2022-12-13T14:30:30+01:00 logger.go:66: module.eks_blueprints_kubernetes_addons.module.cert_manager[0].helm_release.cert_manager_letsencrypt[0]: Destroying... [id=cert-manager-letsencrypt]
TestExamplesBasicTest 2022-12-13T14:30:30+01:00 logger.go:66: module.eks_blueprints_kubernetes_addons.module.aws_ebs_csi_driver[0].module.irsa_addon[0].aws_iam_role_policy_attachment.irsa[0]: Destruction complete after 1s
TestExamplesBasicTest 2022-12-13T14:30:31+01:00 logger.go:66: module.eks_blueprints_kubernetes_addons.module.cert_manager[0].helm_release.cert_manager_letsencrypt[0]: Destruction complete after 1s
TestExamplesBasicTest 2022-12-13T14:30:31+01:00 logger.go:66: module.eks_blueprints_kubernetes_addons.module.cert_manager[0].helm_release.cert_manager_ca[0]: Destruction complete after 1s
TestExamplesBasicTest 2022-12-13T14:30:31+01:00 logger.go:66: module.eks_blueprints_kubernetes_addons.module.cert_manager[0].module.helm_addon.helm_release.addon[0]: Destroying... [id=cert-manager]
TestExamplesBasicTest 2022-12-13T14:30:32+01:00 logger.go:66: module.eks_blueprints_kubernetes_addons.module.external_dns[0].module.helm_addon.helm_release.addon[0]: Destruction complete after 1s
TestExamplesBasicTest 2022-12-13T14:30:32+01:00 logger.go:66: module.eks_blueprints_kubernetes_addons.module.external_dns[0].module.helm_addon.module.irsa[0].aws_iam_role_policy_attachment.irsa[0]: Destroying... [id=test-eks-cnr-external-dns-sa-irsa-20221213132615951900000016]
TestExamplesBasicTest 2022-12-13T14:30:32+01:00 logger.go:66: module.eks_blueprints_kubernetes_addons.module.external_dns[0].module.helm_addon.module.irsa[0].kubernetes_namespace_v1.irsa[0]: Destroying... [id=external-dns]
TestExamplesBasicTest 2022-12-13T14:30:32+01:00 logger.go:66: module.eks_blueprints_kubernetes_addons.module.external_dns[0].module.helm_addon.module.irsa[0].kubernetes_service_account_v1.irsa[0]: Destroying... [id=external-dns/external-dns-sa]
TestExamplesBasicTest 2022-12-13T14:30:32+01:00 logger.go:66: module.eks_blueprints_kubernetes_addons.module.promtail[0].module.helm_addon.helm_release.addon[0]: Destruction complete after 1s
TestExamplesBasicTest 2022-12-13T14:30:32+01:00 logger.go:66: module.eks_blueprints_kubernetes_addons.module.external_dns[0].module.helm_addon.module.irsa[0].kubernetes_service_account_v1.irsa[0]: Destruction complete after 0s
TestExamplesBasicTest 2022-12-13T14:30:32+01:00 logger.go:66: module.eks_blueprints_kubernetes_addons.module.external_dns[0].module.helm_addon.module.irsa[0].aws_iam_role_policy_attachment.irsa[0]: Destruction complete after 0s
TestExamplesBasicTest 2022-12-13T14:30:32+01:00 logger.go:66: module.eks_blueprints_kubernetes_addons.module.external_dns[0].module.helm_addon.module.irsa[0].aws_iam_role.irsa[0]: Destroying... [id=test-eks-cnr-external-dns-sa-irsa]
TestExamplesBasicTest 2022-12-13T14:30:33+01:00 logger.go:66: module.eks_blueprints_kubernetes_addons.module.external_dns[0].module.helm_addon.module.irsa[0].aws_iam_role.irsa[0]: Destruction complete after 0s
TestExamplesBasicTest 2022-12-13T14:30:33+01:00 logger.go:66: module.eks_blueprints_kubernetes_addons.module.aws_coredns[0].aws_eks_addon.coredns[0]: Destruction complete after 3s
TestExamplesBasicTest 2022-12-13T14:30:33+01:00 logger.go:66: module.eks_blueprints_kubernetes_addons.module.aws_kube_proxy[0].aws_eks_addon.kube_proxy: Destruction complete after 3s
TestExamplesBasicTest 2022-12-13T14:30:33+01:00 logger.go:66: module.eks_blueprints_kubernetes_addons.module.aws_load_balancer_controller[0].module.helm_addon.helm_release.addon[0]: Destruction complete after 2s
TestExamplesBasicTest 2022-12-13T14:30:33+01:00 logger.go:66: module.eks_blueprints_kubernetes_addons.module.aws_load_balancer_controller[0].module.helm_addon.module.irsa[0].aws_iam_role_policy_attachment.irsa[0]: Destroying... [id=test-eks-cnr-aws-load-balancer-controller-sa-irsa-20221213132615600700000015]
TestExamplesBasicTest 2022-12-13T14:30:33+01:00 logger.go:66: module.eks_blueprints_kubernetes_addons.module.aws_load_balancer_controller[0].module.helm_addon.module.irsa[0].kubernetes_service_account_v1.irsa[0]: Destroying... [id=kube-system/aws-load-balancer-controller-sa]
TestExamplesBasicTest 2022-12-13T14:30:33+01:00 logger.go:66: module.eks_blueprints_kubernetes_addons.module.aws_load_balancer_controller[0].module.helm_addon.module.irsa[0].kubernetes_service_account_v1.irsa[0]: Destruction complete after 0s
TestExamplesBasicTest 2022-12-13T14:30:33+01:00 logger.go:66: module.eks_blueprints_kubernetes_addons.module.aws_load_balancer_controller[0].module.helm_addon.module.irsa[0].aws_iam_role_policy_attachment.irsa[0]: Destruction complete after 1s
TestExamplesBasicTest 2022-12-13T14:30:33+01:00 logger.go:66: module.eks_blueprints_kubernetes_addons.module.aws_load_balancer_controller[0].module.helm_addon.module.irsa[0].aws_iam_role.irsa[0]: Destroying... [id=test-eks-cnr-aws-load-balancer-controller-sa-irsa]
TestExamplesBasicTest 2022-12-13T14:30:33+01:00 logger.go:66: module.eks_blueprints_kubernetes_addons.module.grafana[0].module.helm_addon.helm_release.addon[0]: Destruction complete after 3s
TestExamplesBasicTest 2022-12-13T14:30:33+01:00 logger.go:66: module.eks_blueprints_kubernetes_addons.module.grafana[0].module.helm_addon.module.irsa[0].aws_iam_role_policy_attachment.irsa[0]: Destroying... [id=test-eks-cnr-grafana-irsa-20221213132615178300000012]
TestExamplesBasicTest 2022-12-13T14:30:33+01:00 logger.go:66: module.eks_blueprints_kubernetes_addons.module.grafana[0].module.helm_addon.module.irsa[0].kubernetes_namespace_v1.irsa[0]: Destroying... [id=grafana]
TestExamplesBasicTest 2022-12-13T14:30:33+01:00 logger.go:66: module.eks_blueprints_kubernetes_addons.module.grafana[0].module.helm_addon.module.irsa[0].kubernetes_service_account_v1.irsa[0]: Destroying... [id=grafana/grafana]
TestExamplesBasicTest 2022-12-13T14:30:33+01:00 logger.go:66: module.eks_blueprints_kubernetes_addons.module.grafana[0].module.helm_addon.module.irsa[0].kubernetes_service_account_v1.irsa[0]: Destruction complete after 0s
TestExamplesBasicTest 2022-12-13T14:30:34+01:00 logger.go:66: module.eks_blueprints_kubernetes_addons.module.grafana[0].module.helm_addon.module.irsa[0].aws_iam_role_policy_attachment.irsa[0]: Destruction complete after 0s
TestExamplesBasicTest 2022-12-13T14:30:34+01:00 logger.go:66: module.eks_blueprints_kubernetes_addons.module.grafana[0].module.helm_addon.module.irsa[0].aws_iam_role.irsa[0]: Destroying... [id=test-eks-cnr-grafana-irsa]
TestExamplesBasicTest 2022-12-13T14:30:34+01:00 logger.go:66: module.eks_blueprints_kubernetes_addons.module.aws_load_balancer_controller[0].module.helm_addon.module.irsa[0].aws_iam_role.irsa[0]: Destruction complete after 0s
TestExamplesBasicTest 2022-12-13T14:30:34+01:00 logger.go:66: module.eks_blueprints_kubernetes_addons.module.aws_load_balancer_controller[0].aws_iam_policy.aws_load_balancer_controller: Destroying... [id=arn:aws:iam::198655350445:policy/test-eks-cnr-lb-irsa]
TestExamplesBasicTest 2022-12-13T14:30:34+01:00 logger.go:66: module.eks_blueprints_kubernetes_addons.module.grafana[0].module.helm_addon.module.irsa[0].aws_iam_role.irsa[0]: Destruction complete after 1s
TestExamplesBasicTest 2022-12-13T14:30:34+01:00 logger.go:66: module.eks_blueprints_kubernetes_addons.module.aws_load_balancer_controller[0].aws_iam_policy.aws_load_balancer_controller: Destruction complete after 1s
TestExamplesBasicTest 2022-12-13T14:30:37+01:00 logger.go:66: module.eks_blueprints_kubernetes_addons.module.cert_manager[0].module.helm_addon.helm_release.addon[0]: Destruction complete after 6s
TestExamplesBasicTest 2022-12-13T14:30:37+01:00 logger.go:66: module.eks_blueprints_kubernetes_addons.module.cert_manager[0].module.helm_addon.module.irsa[0].aws_iam_role_policy_attachment.irsa[0]: Destroying... [id=test-eks-cnr-cert-manager-irsa-20221213132615557400000014]
TestExamplesBasicTest 2022-12-13T14:30:37+01:00 logger.go:66: module.eks_blueprints_kubernetes_addons.module.cert_manager[0].module.helm_addon.module.irsa[0].kubernetes_namespace_v1.irsa[0]: Destroying... [id=cert-manager]
TestExamplesBasicTest 2022-12-13T14:30:37+01:00 logger.go:66: module.eks_blueprints_kubernetes_addons.module.cert_manager[0].module.helm_addon.module.irsa[0].kubernetes_service_account_v1.irsa[0]: Destroying... [id=cert-manager/cert-manager]
TestExamplesBasicTest 2022-12-13T14:30:37+01:00 logger.go:66: module.eks_blueprints_kubernetes_addons.module.cert_manager[0].module.helm_addon.module.irsa[0].kubernetes_service_account_v1.irsa[0]: Destruction complete after 0s
TestExamplesBasicTest 2022-12-13T14:30:38+01:00 logger.go:66: module.eks_blueprints_kubernetes_addons.module.cert_manager[0].module.helm_addon.module.irsa[0].aws_iam_role_policy_attachment.irsa[0]: Destruction complete after 0s
TestExamplesBasicTest 2022-12-13T14:30:38+01:00 logger.go:66: module.eks_blueprints_kubernetes_addons.module.cert_manager[0].module.helm_addon.module.irsa[0].aws_iam_role.irsa[0]: Destroying... [id=test-eks-cnr-cert-manager-irsa]
TestExamplesBasicTest 2022-12-13T14:30:38+01:00 logger.go:66: module.eks_blueprints_kubernetes_addons.module.aws_ebs_csi_driver[0].aws_eks_addon.aws_ebs_csi_driver[0]: Destruction complete after 8s
TestExamplesBasicTest 2022-12-13T14:30:38+01:00 logger.go:66: module.eks_blueprints_kubernetes_addons.module.aws_ebs_csi_driver[0].module.irsa_addon[0].aws_iam_role.irsa[0]: Destroying... [id=test-eks-cnr-ebs-csi-controller-sa-irsa]
TestExamplesBasicTest 2022-12-13T14:30:38+01:00 logger.go:66: module.eks_blueprints_kubernetes_addons.module.external_dns[0].module.helm_addon.module.irsa[0].kubernetes_namespace_v1.irsa[0]: Destruction complete after 7s
TestExamplesBasicTest 2022-12-13T14:30:38+01:00 logger.go:66: module.eks_blueprints_kubernetes_addons.module.cert_manager[0].module.helm_addon.module.irsa[0].aws_iam_role.irsa[0]: Destruction complete after 1s
TestExamplesBasicTest 2022-12-13T14:30:38+01:00 logger.go:66: module.eks_blueprints_kubernetes_addons.module.external_dns[0].aws_iam_policy.external_dns: Destroying... [id=arn:aws:iam::198655350445:policy/test-eks-cnr-external-dns-irsa]
TestExamplesBasicTest 2022-12-13T14:30:38+01:00 logger.go:66: module.eks_blueprints_kubernetes_addons.module.aws_ebs_csi_driver[0].module.irsa_addon[0].aws_iam_role.irsa[0]: Destruction complete after 1s
TestExamplesBasicTest 2022-12-13T14:30:38+01:00 logger.go:66: module.eks_blueprints_kubernetes_addons.module.aws_ebs_csi_driver[0].aws_iam_policy.aws_ebs_csi_driver[0]: Destroying... [id=arn:aws:iam::198655350445:policy/test-eks-cnr-aws-ebs-csi-driver-irsa]
TestExamplesBasicTest 2022-12-13T14:30:39+01:00 logger.go:66: module.eks_blueprints_kubernetes_addons.module.external_dns[0].aws_iam_policy.external_dns: Destruction complete after 0s
TestExamplesBasicTest 2022-12-13T14:30:39+01:00 logger.go:66: module.eks_blueprints_kubernetes_addons.module.aws_ebs_csi_driver[0].aws_iam_policy.aws_ebs_csi_driver[0]: Destruction complete after 0s
TestExamplesBasicTest 2022-12-13T14:30:40+01:00 logger.go:66: module.eks_blueprints_kubernetes_addons.module.grafana[0].module.helm_addon.module.irsa[0].kubernetes_namespace_v1.irsa[0]: Destruction complete after 6s
TestExamplesBasicTest 2022-12-13T14:30:40+01:00 logger.go:66: module.eks_blueprints_kubernetes_addons.module.grafana[0].aws_iam_policy.grafana: Destroying... [id=arn:aws:iam::198655350445:policy/test-eks-cnr-grafana]
TestExamplesBasicTest 2022-12-13T14:30:40+01:00 logger.go:66: module.eks_blueprints_kubernetes_addons.module.grafana[0].aws_iam_policy.grafana: Destruction complete after 1s
TestExamplesBasicTest 2022-12-13T14:30:44+01:00 logger.go:66: module.eks_blueprints_kubernetes_addons.module.cert_manager[0].module.helm_addon.module.irsa[0].kubernetes_namespace_v1.irsa[0]: Destruction complete after 6s
TestExamplesBasicTest 2022-12-13T14:30:44+01:00 logger.go:66: module.eks_blueprints_kubernetes_addons.module.cert_manager[0].aws_iam_policy.cert_manager: Destroying... [id=arn:aws:iam::198655350445:policy/test-eks-cnr-cert-manager-irsa]
TestExamplesBasicTest 2022-12-13T14:30:44+01:00 logger.go:66: module.eks_blueprints_kubernetes_addons.module.cert_manager[0].aws_iam_policy.cert_manager: Destruction complete after 1s
TestExamplesBasicTest 2022-12-13T14:30:44+01:00 logger.go:66: ╷
TestExamplesBasicTest 2022-12-13T14:30:44+01:00 logger.go:66: │ Warning: Resource targeting is in effect
TestExamplesBasicTest 2022-12-13T14:30:44+01:00 logger.go:66: │
TestExamplesBasicTest 2022-12-13T14:30:44+01:00 logger.go:66: │ You are creating a plan with the -target option, which means that the
TestExamplesBasicTest 2022-12-13T14:30:44+01:00 logger.go:66: │ result of this plan may not represent all of the changes requested by the
TestExamplesBasicTest 2022-12-13T14:30:44+01:00 logger.go:66: │ current configuration.
TestExamplesBasicTest 2022-12-13T14:30:44+01:00 logger.go:66: │
TestExamplesBasicTest 2022-12-13T14:30:44+01:00 logger.go:66: │ The -target option is not for routine use, and is provided only for
TestExamplesBasicTest 2022-12-13T14:30:44+01:00 logger.go:66: │ exceptional situations such as recovering from errors or mistakes, or when
TestExamplesBasicTest 2022-12-13T14:30:44+01:00 logger.go:66: │ Terraform specifically suggests to use it as part of an error message.
TestExamplesBasicTest 2022-12-13T14:30:44+01:00 logger.go:66: ╵
TestExamplesBasicTest 2022-12-13T14:30:44+01:00 logger.go:66: ╷
TestExamplesBasicTest 2022-12-13T14:30:44+01:00 logger.go:66: │ Warning: Applied changes may be incomplete
TestExamplesBasicTest 2022-12-13T14:30:44+01:00 logger.go:66: │
TestExamplesBasicTest 2022-12-13T14:30:44+01:00 logger.go:66: │ The plan was created with the -target option in effect, so some changes
TestExamplesBasicTest 2022-12-13T14:30:44+01:00 logger.go:66: │ requested in the configuration may have been ignored and the output values
TestExamplesBasicTest 2022-12-13T14:30:44+01:00 logger.go:66: │ may not be fully updated. Run the following command to verify that no other
TestExamplesBasicTest 2022-12-13T14:30:44+01:00 logger.go:66: │ changes are pending:
TestExamplesBasicTest 2022-12-13T14:30:44+01:00 logger.go:66: │     terraform plan
TestExamplesBasicTest 2022-12-13T14:30:44+01:00 logger.go:66: │
TestExamplesBasicTest 2022-12-13T14:30:44+01:00 logger.go:66: │ Note that the -target option is not suitable for routine use, and is
TestExamplesBasicTest 2022-12-13T14:30:44+01:00 logger.go:66: │ provided only for exceptional situations such as recovering from errors or
TestExamplesBasicTest 2022-12-13T14:30:44+01:00 logger.go:66: │ mistakes, or when Terraform specifically suggests to use it as part of an
TestExamplesBasicTest 2022-12-13T14:30:44+01:00 logger.go:66: │ error message.
TestExamplesBasicTest 2022-12-13T14:30:44+01:00 logger.go:66: ╵
TestExamplesBasicTest 2022-12-13T14:30:44+01:00 logger.go:66: ╷
TestExamplesBasicTest 2022-12-13T14:30:44+01:00 logger.go:66: │ Warning: Experimental feature "module_variable_optional_attrs" is active
TestExamplesBasicTest 2022-12-13T14:30:44+01:00 logger.go:66: │
TestExamplesBasicTest 2022-12-13T14:30:44+01:00 logger.go:66: │   on .terraform/modules/eks_blueprints_kubernetes_addons.ondat/locals.tf line 2, in terraform:
TestExamplesBasicTest 2022-12-13T14:30:44+01:00 logger.go:66: │    2:   experiments = [module_variable_optional_attrs]
TestExamplesBasicTest 2022-12-13T14:30:44+01:00 logger.go:66: │
TestExamplesBasicTest 2022-12-13T14:30:44+01:00 logger.go:66: │ Experimental features are subject to breaking changes in future minor or
TestExamplesBasicTest 2022-12-13T14:30:44+01:00 logger.go:66: │ patch releases, based on feedback.
TestExamplesBasicTest 2022-12-13T14:30:44+01:00 logger.go:66: │
TestExamplesBasicTest 2022-12-13T14:30:44+01:00 logger.go:66: │ If you have feedback on the design of this feature, please open a GitHub
TestExamplesBasicTest 2022-12-13T14:30:44+01:00 logger.go:66: │ issue to discuss it.
TestExamplesBasicTest 2022-12-13T14:30:44+01:00 logger.go:66: │
TestExamplesBasicTest 2022-12-13T14:30:44+01:00 logger.go:66: │ (and 7 more similar warnings elsewhere)
TestExamplesBasicTest 2022-12-13T14:30:44+01:00 logger.go:66: ╵
TestExamplesBasicTest 2022-12-13T14:30:44+01:00 logger.go:66:
TestExamplesBasicTest 2022-12-13T14:30:44+01:00 logger.go:66: Destroy complete! Resources: 32 destroyed.
TestExamplesBasicTest 2022-12-13T14:30:45+01:00 logger.go:66:
TestExamplesBasicTest 2022-12-13T14:30:55+01:00 retry.go:91: terraform [output -no-color -json cluster_name]
TestExamplesBasicTest 2022-12-13T14:30:55+01:00 logger.go:66: Running command terraform with args [output -no-color -json cluster_name]
TestExamplesBasicTest 2022-12-13T14:30:58+01:00 logger.go:66: "test-eks-cnr"
TestExamplesBasicTest 2022-12-13T14:30:58+01:00 retry.go:91: terraform [destroy -auto-approve -input=false -var aws_region=eu-central-1 -var domain_name=testdomain.com -target module.eks_blueprints -lock=false]
TestExamplesBasicTest 2022-12-13T14:30:58+01:00 logger.go:66: Running command terraform with args [destroy -auto-approve -input=false -var aws_region=eu-central-1 -var domain_name=testdomain.com -target module.eks_blueprints -lock=false]
TestExamplesBasicTest 2022-12-13T14:31:09+01:00 logger.go:66: module.vpc.random_string.random: Refreshing state... [id=cnr]
TestExamplesBasicTest 2022-12-13T14:31:10+01:00 logger.go:66: module.eks_blueprints.module.aws_eks.data.aws_caller_identity.current: Reading...
TestExamplesBasicTest 2022-12-13T14:31:10+01:00 logger.go:66: module.eks_blueprints.module.aws_eks.module.kms.data.aws_caller_identity.current: Reading...
TestExamplesBasicTest 2022-12-13T14:31:10+01:00 logger.go:66: module.vpc.data.aws_availability_zones.available: Reading...
TestExamplesBasicTest 2022-12-13T14:31:10+01:00 logger.go:66: module.eks_blueprints.data.aws_partition.current: Reading...
TestExamplesBasicTest 2022-12-13T14:31:10+01:00 logger.go:66: module.eks_blueprints.data.aws_region.current: Reading...
TestExamplesBasicTest 2022-12-13T14:31:10+01:00 logger.go:66: module.eks_blueprints.data.aws_caller_identity.current: Reading...
TestExamplesBasicTest 2022-12-13T14:31:10+01:00 logger.go:66: module.eks_blueprints.module.aws_eks.module.kms.data.aws_partition.current: Reading...
TestExamplesBasicTest 2022-12-13T14:31:10+01:00 logger.go:66: module.eks_blueprints.data.aws_partition.current: Read complete after 0s [id=aws]
TestExamplesBasicTest 2022-12-13T14:31:10+01:00 logger.go:66: module.eks_blueprints.module.aws_eks.data.aws_partition.current: Reading...
TestExamplesBasicTest 2022-12-13T14:31:10+01:00 logger.go:66: module.eks_blueprints.module.aws_eks.module.kms.data.aws_partition.current: Read complete after 0s [id=aws]
TestExamplesBasicTest 2022-12-13T14:31:10+01:00 logger.go:66: module.vpc.module.vpc.aws_vpc.this[0]: Refreshing state... [id=vpc-0791878fb8ffbc01c]
TestExamplesBasicTest 2022-12-13T14:31:10+01:00 logger.go:66: module.eks_blueprints.data.aws_region.current: Read complete after 0s [id=eu-central-1]
TestExamplesBasicTest 2022-12-13T14:31:10+01:00 logger.go:66: module.eks_blueprints.module.aws_eks.data.aws_partition.current: Read complete after 0s [id=aws]
TestExamplesBasicTest 2022-12-13T14:31:10+01:00 logger.go:66: module.eks_blueprints.module.aws_eks.data.aws_iam_policy_document.assume_role_policy[0]: Reading...
TestExamplesBasicTest 2022-12-13T14:31:10+01:00 logger.go:66: module.eks_blueprints.module.aws_eks.data.aws_iam_policy_document.assume_role_policy[0]: Read complete after 0s [id=2764486067]
TestExamplesBasicTest 2022-12-13T14:31:10+01:00 logger.go:66: module.eks_blueprints.module.aws_eks.aws_iam_role.this[0]: Refreshing state... [id=test-eks-cnr-cluster-role]
TestExamplesBasicTest 2022-12-13T14:31:10+01:00 logger.go:66: module.vpc.data.aws_availability_zones.available: Read complete after 0s [id=eu-central-1]
TestExamplesBasicTest 2022-12-13T14:31:10+01:00 logger.go:66: module.eks_blueprints.data.aws_caller_identity.current: Read complete after 1s [id=198655350445]
TestExamplesBasicTest 2022-12-13T14:31:10+01:00 logger.go:66: module.eks_blueprints.module.aws_eks.module.kms.data.aws_caller_identity.current: Read complete after 1s [id=198655350445]
TestExamplesBasicTest 2022-12-13T14:31:10+01:00 logger.go:66: module.eks_blueprints.module.aws_eks.data.aws_caller_identity.current: Read complete after 1s [id=198655350445]
TestExamplesBasicTest 2022-12-13T14:31:10+01:00 logger.go:66: module.eks_blueprints.data.aws_iam_session_context.current: Reading...
TestExamplesBasicTest 2022-12-13T14:31:10+01:00 logger.go:66: module.eks_blueprints.data.aws_iam_session_context.current: Read complete after 0s [id=arn:aws:iam::198655350445:user/geoffrey]
TestExamplesBasicTest 2022-12-13T14:31:10+01:00 logger.go:66: module.eks_blueprints.data.aws_iam_policy_document.eks_key: Reading...
TestExamplesBasicTest 2022-12-13T14:31:10+01:00 logger.go:66: module.eks_blueprints.data.aws_iam_policy_document.eks_key: Read complete after 0s [id=1606217982]
TestExamplesBasicTest 2022-12-13T14:31:10+01:00 logger.go:66: module.eks_blueprints.module.kms[0].aws_kms_key.this: Refreshing state... [id=aaf9ea20-8db5-442e-963f-65c24a741ecb]
TestExamplesBasicTest 2022-12-13T14:31:10+01:00 logger.go:66: module.eks_blueprints.module.kms[0].aws_kms_alias.this: Refreshing state... [id=alias/test-eks-cnr]
TestExamplesBasicTest 2022-12-13T14:31:11+01:00 logger.go:66: module.vpc.module.vpc.aws_subnet.public[0]: Refreshing state... [id=subnet-028265bda5f04784f]
TestExamplesBasicTest 2022-12-13T14:31:11+01:00 logger.go:66: module.vpc.module.vpc.aws_subnet.private[1]: Refreshing state... [id=subnet-0e27e3b986281b92b]
TestExamplesBasicTest 2022-12-13T14:31:11+01:00 logger.go:66: module.vpc.module.vpc.aws_subnet.public[2]: Refreshing state... [id=subnet-0b1d33d6b5cb901a8]
TestExamplesBasicTest 2022-12-13T14:31:11+01:00 logger.go:66: module.vpc.module.vpc.aws_subnet.private[0]: Refreshing state... [id=subnet-0d7b48a5e390e0e6f]
TestExamplesBasicTest 2022-12-13T14:31:11+01:00 logger.go:66: module.vpc.module.vpc.aws_subnet.private[2]: Refreshing state... [id=subnet-0c8d7846c103de994]
TestExamplesBasicTest 2022-12-13T14:31:11+01:00 logger.go:66: module.vpc.module.vpc.aws_subnet.public[1]: Refreshing state... [id=subnet-07924d65ec1758e43]
TestExamplesBasicTest 2022-12-13T14:31:11+01:00 logger.go:66: module.eks_blueprints.module.aws_eks.aws_security_group.cluster[0]: Refreshing state... [id=sg-062eb157e4f3f50dd]
TestExamplesBasicTest 2022-12-13T14:31:11+01:00 logger.go:66: module.eks_blueprints.module.aws_eks.aws_security_group.node[0]: Refreshing state... [id=sg-037a7827067035e46]
TestExamplesBasicTest 2022-12-13T14:31:11+01:00 logger.go:66: module.eks_blueprints.module.aws_eks.aws_iam_role_policy_attachment.this["arn:aws:iam::aws:policy/AmazonEKSClusterPolicy"]: Refreshing state... [id=test-eks-cnr-cluster-role-20221213131127510100000005]
TestExamplesBasicTest 2022-12-13T14:31:11+01:00 logger.go:66: module.eks_blueprints.module.aws_eks.aws_iam_role_policy_attachment.this["arn:aws:iam::aws:policy/AmazonEKSVPCResourceController"]: Refreshing state... [id=test-eks-cnr-cluster-role-20221213131127342900000004]
TestExamplesBasicTest 2022-12-13T14:31:11+01:00 logger.go:66: module.eks_blueprints.module.aws_eks.aws_security_group_rule.node["ingress_self_coredns_udp"]: Refreshing state... [id=sgrule-4262022596]
TestExamplesBasicTest 2022-12-13T14:31:11+01:00 logger.go:66: module.eks_blueprints.module.aws_eks.aws_security_group_rule.node["egress_ntp_udp"]: Refreshing state... [id=sgrule-571171836]
TestExamplesBasicTest 2022-12-13T14:31:11+01:00 logger.go:66: module.eks_blueprints.module.aws_eks.aws_security_group_rule.node["egress_self_coredns_tcp"]: Refreshing state... [id=sgrule-2184819475]
TestExamplesBasicTest 2022-12-13T14:31:11+01:00 logger.go:66: module.eks_blueprints.module.aws_eks.aws_security_group_rule.node["ingress_cluster_443"]: Refreshing state... [id=sgrule-2750980230]
TestExamplesBasicTest 2022-12-13T14:31:11+01:00 logger.go:66: module.eks_blueprints.module.aws_eks.aws_security_group_rule.node["egress_self_coredns_udp"]: Refreshing state... [id=sgrule-207499637]
TestExamplesBasicTest 2022-12-13T14:31:11+01:00 logger.go:66: module.eks_blueprints.module.aws_eks.aws_security_group_rule.node["cluster_to_load_balancer_controller_webhook"]: Refreshing state... [id=sgrule-2323331812]
TestExamplesBasicTest 2022-12-13T14:31:11+01:00 logger.go:66: module.eks_blueprints.module.aws_eks.aws_security_group_rule.node["egress_https"]: Refreshing state... [id=sgrule-2202762223]
TestExamplesBasicTest 2022-12-13T14:31:11+01:00 logger.go:66: module.eks_blueprints.module.aws_eks.aws_security_group_rule.node["cluster_to_nginx_webhook"]: Refreshing state... [id=sgrule-4007266607]
TestExamplesBasicTest 2022-12-13T14:31:11+01:00 logger.go:66: module.eks_blueprints.module.aws_eks.aws_security_group_rule.node["egress_ntp_tcp"]: Refreshing state... [id=sgrule-1553286897]
TestExamplesBasicTest 2022-12-13T14:31:11+01:00 logger.go:66: module.eks_blueprints.module.aws_eks.aws_security_group_rule.node["egress_cluster_443"]: Refreshing state... [id=sgrule-893876747]
TestExamplesBasicTest 2022-12-13T14:31:11+01:00 logger.go:66: module.eks_blueprints.module.aws_eks.aws_security_group_rule.node["ingress_cluster_kubelet"]: Refreshing state... [id=sgrule-706228959]
TestExamplesBasicTest 2022-12-13T14:31:11+01:00 logger.go:66: module.eks_blueprints.module.aws_eks.aws_security_group_rule.node["ingress_self_coredns_tcp"]: Refreshing state... [id=sgrule-1515646507]
TestExamplesBasicTest 2022-12-13T14:31:11+01:00 logger.go:66: module.eks_blueprints.module.aws_eks.aws_security_group_rule.cluster["egress_nodes_443"]: Refreshing state... [id=sgrule-1547492526]
TestExamplesBasicTest 2022-12-13T14:31:11+01:00 logger.go:66: module.eks_blueprints.module.aws_eks.aws_security_group_rule.cluster["ingress_nodes_443"]: Refreshing state... [id=sgrule-4015531125]
TestExamplesBasicTest 2022-12-13T14:31:11+01:00 logger.go:66: module.eks_blueprints.module.aws_eks.aws_security_group_rule.cluster["egress_nodes_kubelet"]: Refreshing state... [id=sgrule-795928884]
TestExamplesBasicTest 2022-12-13T14:31:11+01:00 logger.go:66: module.eks_blueprints.module.aws_eks.aws_eks_cluster.this[0]: Refreshing state... [id=test-eks-cnr]
TestExamplesBasicTest 2022-12-13T14:31:12+01:00 logger.go:66: module.eks_blueprints.module.aws_eks.data.tls_certificate.this[0]: Reading...
TestExamplesBasicTest 2022-12-13T14:31:12+01:00 logger.go:66: data.aws_eks_cluster_auth.this: Reading...
TestExamplesBasicTest 2022-12-13T14:31:12+01:00 logger.go:66: module.eks_blueprints.data.aws_eks_cluster.cluster[0]: Reading...
TestExamplesBasicTest 2022-12-13T14:31:12+01:00 logger.go:66: data.aws_eks_cluster_auth.this: Read complete after 0s [id=test-eks-cnr]
TestExamplesBasicTest 2022-12-13T14:31:12+01:00 logger.go:66: module.eks_blueprints.data.aws_eks_cluster.cluster[0]: Read complete after 0s [id=test-eks-cnr]
TestExamplesBasicTest 2022-12-13T14:31:12+01:00 logger.go:66: module.eks_blueprints.data.http.eks_cluster_readiness[0]: Reading...
TestExamplesBasicTest 2022-12-13T14:31:12+01:00 logger.go:66: module.eks_blueprints.module.aws_eks.data.tls_certificate.this[0]: Read complete after 0s [id=ae0a6b0d8ce514bb151703165fd3369a1b686caf]
TestExamplesBasicTest 2022-12-13T14:31:12+01:00 logger.go:66: module.eks_blueprints.module.aws_eks.aws_iam_openid_connect_provider.oidc_provider[0]: Refreshing state... [id=arn:aws:iam::198655350445:oidc-provider/oidc.eks.eu-central-1.amazonaws.com/id/7864DCD89C8A3F7C0EDC840780A1362D]
TestExamplesBasicTest 2022-12-13T14:31:12+01:00 logger.go:66: module.eks_blueprints.data.http.eks_cluster_readiness[0]: Read complete after 0s [id=https://7864DCD89C8A3F7C0EDC840780A1362D.gr7.eu-central-1.eks.amazonaws.com/healthz]
TestExamplesBasicTest 2022-12-13T14:31:12+01:00 logger.go:66: module.eks_blueprints.kubernetes_config_map.aws_auth[0]: Refreshing state... [id=kube-system/aws-auth]
TestExamplesBasicTest 2022-12-13T14:31:12+01:00 logger.go:66: module.eks_blueprints.module.aws_eks_managed_node_groups["t3_medium"].data.aws_iam_policy_document.managed_ng_assume_role_policy: Reading...
TestExamplesBasicTest 2022-12-13T14:31:12+01:00 logger.go:66: module.eks_blueprints.module.aws_eks_managed_node_groups["t3_medium"].data.aws_iam_policy_document.managed_ng_assume_role_policy: Read complete after 0s [id=3778018924]
TestExamplesBasicTest 2022-12-13T14:31:12+01:00 logger.go:66: module.eks_blueprints.module.aws_eks_managed_node_groups["t3_medium"].aws_iam_role.managed_ng[0]: Refreshing state... [id=test-eks-cnr-managed-ondemand]
TestExamplesBasicTest 2022-12-13T14:31:13+01:00 logger.go:66: module.eks_blueprints.module.aws_eks_managed_node_groups["t3_medium"].aws_iam_instance_profile.managed_ng[0]: Refreshing state... [id=test-eks-cnr-managed-ondemand]
TestExamplesBasicTest 2022-12-13T14:31:13+01:00 logger.go:66: module.eks_blueprints.module.aws_eks_managed_node_groups["t3_medium"].aws_iam_role_policy_attachment.managed_ng["arn:aws:iam::aws:policy/AmazonEC2ContainerRegistryReadOnly"]: Refreshing state... [id=test-eks-cnr-managed-ondemand-2022121313225763850000000b]
TestExamplesBasicTest 2022-12-13T14:31:13+01:00 logger.go:66: module.eks_blueprints.module.aws_eks_managed_node_groups["t3_medium"].aws_iam_role_policy_attachment.managed_ng["arn:aws:iam::aws:policy/AmazonEKS_CNI_Policy"]: Refreshing state... [id=test-eks-cnr-managed-ondemand-20221213132257343000000009]
TestExamplesBasicTest 2022-12-13T14:31:13+01:00 logger.go:66: module.eks_blueprints.module.aws_eks_managed_node_groups["t3_medium"].aws_iam_role_policy_attachment.managed_ng["arn:aws:iam::aws:policy/AmazonEKSWorkerNodePolicy"]: Refreshing state... [id=test-eks-cnr-managed-ondemand-2022121313225766710000000c]
TestExamplesBasicTest 2022-12-13T14:31:13+01:00 logger.go:66: module.eks_blueprints.module.aws_eks_managed_node_groups["t3_medium"].aws_iam_role_policy_attachment.managed_ng["arn:aws:iam::aws:policy/AmazonSSMManagedInstanceCore"]: Refreshing state... [id=test-eks-cnr-managed-ondemand-2022121313225748670000000a]
TestExamplesBasicTest 2022-12-13T14:31:13+01:00 logger.go:66: module.eks_blueprints.module.aws_eks_managed_node_groups["t3_medium"].aws_eks_node_group.managed_ng: Refreshing state... [id=test-eks-cnr:managed-ondemand-2022121313225795950000000d]
TestExamplesBasicTest 2022-12-13T14:31:15+01:00 logger.go:66:
TestExamplesBasicTest 2022-12-13T14:31:15+01:00 logger.go:66: Terraform used the selected providers to generate the following execution
TestExamplesBasicTest 2022-12-13T14:31:15+01:00 logger.go:66: plan. Resource actions are indicated with the following symbols:
TestExamplesBasicTest 2022-12-13T14:31:15+01:00 logger.go:66:   - destroy
TestExamplesBasicTest 2022-12-13T14:31:15+01:00 logger.go:66:
TestExamplesBasicTest 2022-12-13T14:31:15+01:00 logger.go:66: Terraform will perform the following actions:
TestExamplesBasicTest 2022-12-13T14:31:15+01:00 logger.go:66:
TestExamplesBasicTest 2022-12-13T14:31:15+01:00 logger.go:66:   # helm_release.loki will be destroyed
TestExamplesBasicTest 2022-12-13T14:31:15+01:00 logger.go:66:   - resource "helm_release" "loki" {
TestExamplesBasicTest 2022-12-13T14:31:15+01:00 logger.go:66:       - atomic                     = false -> null
TestExamplesBasicTest 2022-12-13T14:31:15+01:00 logger.go:66:       - chart                      = "loki-stack" -> null
TestExamplesBasicTest 2022-12-13T14:31:15+01:00 logger.go:66:       - cleanup_on_fail            = false -> null
TestExamplesBasicTest 2022-12-13T14:31:15+01:00 logger.go:66:       - create_namespace           = true -> null
TestExamplesBasicTest 2022-12-13T14:31:15+01:00 logger.go:66:       - dependency_update          = false -> null
TestExamplesBasicTest 2022-12-13T14:31:15+01:00 logger.go:66:       - disable_crd_hooks          = false -> null
TestExamplesBasicTest 2022-12-13T14:31:15+01:00 logger.go:66:       - disable_openapi_validation = false -> null
TestExamplesBasicTest 2022-12-13T14:31:15+01:00 logger.go:66:       - disable_webhooks           = false -> null
TestExamplesBasicTest 2022-12-13T14:31:15+01:00 logger.go:66:       - force_update               = false -> null
TestExamplesBasicTest 2022-12-13T14:31:15+01:00 logger.go:66:       - id                         = "loki-stack" -> null
TestExamplesBasicTest 2022-12-13T14:31:15+01:00 logger.go:66:       - lint                       = false -> null
TestExamplesBasicTest 2022-12-13T14:31:15+01:00 logger.go:66:       - max_history                = 0 -> null
TestExamplesBasicTest 2022-12-13T14:31:15+01:00 logger.go:66:       - metadata                   = [
TestExamplesBasicTest 2022-12-13T14:31:15+01:00 logger.go:66:           - {
TestExamplesBasicTest 2022-12-13T14:31:15+01:00 logger.go:66:               - app_version = "v2.6.1"
TestExamplesBasicTest 2022-12-13T14:31:15+01:00 logger.go:66:               - chart       = "loki-stack"
TestExamplesBasicTest 2022-12-13T14:31:15+01:00 logger.go:66:               - name        = "loki-stack"
TestExamplesBasicTest 2022-12-13T14:31:15+01:00 logger.go:66:               - namespace   = "loki"
TestExamplesBasicTest 2022-12-13T14:31:15+01:00 logger.go:66:               - revision    = 1
TestExamplesBasicTest 2022-12-13T14:31:15+01:00 logger.go:66:               - values      = jsonencode(
TestExamplesBasicTest 2022-12-13T14:31:15+01:00 logger.go:66:                     {
TestExamplesBasicTest 2022-12-13T14:31:15+01:00 logger.go:66:                       - compactor     = {
TestExamplesBasicTest 2022-12-13T14:31:15+01:00 logger.go:66:                           - retention_enabled = true
TestExamplesBasicTest 2022-12-13T14:31:15+01:00 logger.go:66:                         }
TestExamplesBasicTest 2022-12-13T14:31:15+01:00 logger.go:66:                       - limits_config = {
TestExamplesBasicTest 2022-12-13T14:31:15+01:00 logger.go:66:                           - retention_period = "30d"
TestExamplesBasicTest 2022-12-13T14:31:15+01:00 logger.go:66:                         }
TestExamplesBasicTest 2022-12-13T14:31:15+01:00 logger.go:66:                       - promtail      = {
TestExamplesBasicTest 2022-12-13T14:31:15+01:00 logger.go:66:                           - enabled = false
TestExamplesBasicTest 2022-12-13T14:31:15+01:00 logger.go:66:                         }
TestExamplesBasicTest 2022-12-13T14:31:15+01:00 logger.go:66:                     }
TestExamplesBasicTest 2022-12-13T14:31:15+01:00 logger.go:66:                 )
TestExamplesBasicTest 2022-12-13T14:31:15+01:00 logger.go:66:               - version     = "2.8.4"
TestExamplesBasicTest 2022-12-13T14:31:15+01:00 logger.go:66:             },
TestExamplesBasicTest 2022-12-13T14:31:15+01:00 logger.go:66:         ] -> null
TestExamplesBasicTest 2022-12-13T14:31:15+01:00 logger.go:66:       - name                       = "loki-stack" -> null
TestExamplesBasicTest 2022-12-13T14:31:15+01:00 logger.go:66:       - namespace                  = "loki" -> null
TestExamplesBasicTest 2022-12-13T14:31:15+01:00 logger.go:66:       - pass_credentials           = false -> null
TestExamplesBasicTest 2022-12-13T14:31:15+01:00 logger.go:66:       - recreate_pods              = false -> null
TestExamplesBasicTest 2022-12-13T14:31:15+01:00 logger.go:66:       - render_subchart_notes      = true -> null
TestExamplesBasicTest 2022-12-13T14:31:15+01:00 logger.go:66:       - replace                    = false -> null
TestExamplesBasicTest 2022-12-13T14:31:15+01:00 logger.go:66:       - repository                 = "https://grafana.github.io/helm-charts" -> null
TestExamplesBasicTest 2022-12-13T14:31:15+01:00 logger.go:66:       - reset_values               = false -> null
TestExamplesBasicTest 2022-12-13T14:31:15+01:00 logger.go:66:       - reuse_values               = false -> null
TestExamplesBasicTest 2022-12-13T14:31:15+01:00 logger.go:66:       - skip_crds                  = false -> null
TestExamplesBasicTest 2022-12-13T14:31:15+01:00 logger.go:66:       - status                     = "deployed" -> null
TestExamplesBasicTest 2022-12-13T14:31:15+01:00 logger.go:66:       - timeout                    = 300 -> null
TestExamplesBasicTest 2022-12-13T14:31:15+01:00 logger.go:66:       - values                     = [
TestExamplesBasicTest 2022-12-13T14:31:15+01:00 logger.go:66:           - <<-EOT
TestExamplesBasicTest 2022-12-13T14:31:15+01:00 logger.go:66:                 promtail:
TestExamplesBasicTest 2022-12-13T14:31:15+01:00 logger.go:66:                   enabled: false
TestExamplesBasicTest 2022-12-13T14:31:15+01:00 logger.go:66:
TestExamplesBasicTest 2022-12-13T14:31:15+01:00 logger.go:66:                 compactor:
TestExamplesBasicTest 2022-12-13T14:31:15+01:00 logger.go:66:                   retention_enabled: true
TestExamplesBasicTest 2022-12-13T14:31:15+01:00 logger.go:66:
TestExamplesBasicTest 2022-12-13T14:31:15+01:00 logger.go:66:                 limits_config:
TestExamplesBasicTest 2022-12-13T14:31:15+01:00 logger.go:66:                   retention_period: 30d
TestExamplesBasicTest 2022-12-13T14:31:15+01:00 logger.go:66:             EOT,
TestExamplesBasicTest 2022-12-13T14:31:15+01:00 logger.go:66:         ] -> null
TestExamplesBasicTest 2022-12-13T14:31:15+01:00 logger.go:66:       - verify                     = false -> null
TestExamplesBasicTest 2022-12-13T14:31:15+01:00 logger.go:66:       - version                    = "2.8.4" -> null
TestExamplesBasicTest 2022-12-13T14:31:15+01:00 logger.go:66:       - wait                       = true -> null
TestExamplesBasicTest 2022-12-13T14:31:15+01:00 logger.go:66:       - wait_for_jobs              = false -> null
TestExamplesBasicTest 2022-12-13T14:31:15+01:00 logger.go:66:     }
TestExamplesBasicTest 2022-12-13T14:31:15+01:00 logger.go:66:
TestExamplesBasicTest 2022-12-13T14:31:15+01:00 logger.go:66:   # module.eks_blueprints.kubernetes_config_map.aws_auth[0] will be destroyed
TestExamplesBasicTest 2022-12-13T14:31:15+01:00 logger.go:66:   - resource "kubernetes_config_map" "aws_auth" {
TestExamplesBasicTest 2022-12-13T14:31:15+01:00 logger.go:66:       - binary_data = {} -> null
TestExamplesBasicTest 2022-12-13T14:31:15+01:00 logger.go:66:       - data        = {
TestExamplesBasicTest 2022-12-13T14:31:15+01:00 logger.go:66:           - "mapAccounts" = jsonencode([])
TestExamplesBasicTest 2022-12-13T14:31:15+01:00 logger.go:66:           - "mapRoles"    = <<-EOT
TestExamplesBasicTest 2022-12-13T14:31:15+01:00 logger.go:66:                 - "groups":
TestExamplesBasicTest 2022-12-13T14:31:15+01:00 logger.go:66:                   - "system:bootstrappers"
TestExamplesBasicTest 2022-12-13T14:31:15+01:00 logger.go:66:                   - "system:nodes"
TestExamplesBasicTest 2022-12-13T14:31:15+01:00 logger.go:66:                   "rolearn": "arn:aws:iam::198655350445:role/test-eks-cnr-managed-ondemand"
TestExamplesBasicTest 2022-12-13T14:31:15+01:00 logger.go:66:                   "username": "system:node:{{EC2PrivateDNSName}}"
TestExamplesBasicTest 2022-12-13T14:31:15+01:00 logger.go:66:             EOT
TestExamplesBasicTest 2022-12-13T14:31:15+01:00 logger.go:66:           - "mapUsers"    = jsonencode([])
TestExamplesBasicTest 2022-12-13T14:31:15+01:00 logger.go:66:         } -> null
TestExamplesBasicTest 2022-12-13T14:31:15+01:00 logger.go:66:       - id          = "kube-system/aws-auth" -> null
TestExamplesBasicTest 2022-12-13T14:31:15+01:00 logger.go:66:       - immutable   = false -> null
TestExamplesBasicTest 2022-12-13T14:31:15+01:00 logger.go:66:
TestExamplesBasicTest 2022-12-13T14:31:15+01:00 logger.go:66:       - metadata {
TestExamplesBasicTest 2022-12-13T14:31:15+01:00 logger.go:66:           - annotations      = {} -> null
TestExamplesBasicTest 2022-12-13T14:31:15+01:00 logger.go:66:           - generation       = 0 -> null
TestExamplesBasicTest 2022-12-13T14:31:15+01:00 logger.go:66:           - labels           = {
TestExamplesBasicTest 2022-12-13T14:31:15+01:00 logger.go:66:               - "app.kubernetes.io/created-by" = "terraform-aws-eks-blueprints"
TestExamplesBasicTest 2022-12-13T14:31:15+01:00 logger.go:66:               - "app.kubernetes.io/managed-by" = "terraform-aws-eks-blueprints"
TestExamplesBasicTest 2022-12-13T14:31:15+01:00 logger.go:66:             } -> null
TestExamplesBasicTest 2022-12-13T14:31:15+01:00 logger.go:66:           - name             = "aws-auth" -> null
TestExamplesBasicTest 2022-12-13T14:31:15+01:00 logger.go:66:           - namespace        = "kube-system" -> null
TestExamplesBasicTest 2022-12-13T14:31:15+01:00 logger.go:66:           - resource_version = "1134" -> null
TestExamplesBasicTest 2022-12-13T14:31:15+01:00 logger.go:66:           - uid              = "a8013b6d-6d97-45dc-9495-c5cdf1411f59" -> null
TestExamplesBasicTest 2022-12-13T14:31:15+01:00 logger.go:66:         }
TestExamplesBasicTest 2022-12-13T14:31:15+01:00 logger.go:66:     }
TestExamplesBasicTest 2022-12-13T14:31:15+01:00 logger.go:66:
TestExamplesBasicTest 2022-12-13T14:31:15+01:00 logger.go:66:   # module.eks_blueprints.module.aws_eks.aws_eks_cluster.this[0] will be destroyed
TestExamplesBasicTest 2022-12-13T14:31:15+01:00 logger.go:66:   - resource "aws_eks_cluster" "this" {
TestExamplesBasicTest 2022-12-13T14:31:15+01:00 logger.go:66:       - arn                       = "arn:aws:eks:eu-central-1:198655350445:cluster/test-eks-cnr" -> null
TestExamplesBasicTest 2022-12-13T14:31:15+01:00 logger.go:66:       - certificate_authority     = [
TestExamplesBasicTest 2022-12-13T14:31:15+01:00 logger.go:66:           - {
TestExamplesBasicTest 2022-12-13T14:31:15+01:00 logger.go:66:               - data = "LS0tLS1CRUdJTiBDRVJUSUZJQ0FURS0tLS0tCk1JSUMvakNDQWVhZ0F3SUJBZ0lCQURBTkJna3Foa2lHOXcwQkFRc0ZBREFWTVJNd0VRWURWUVFERXdwcmRXSmwKY201bGRHVnpNQjRYRFRJeU1USXhNekV6TVRjeU9Wb1hEVE15TVRJeE1ERXpNVGN5T1Zvd0ZURVRNQkVHQTFVRQpBeE1LYTNWaVpYSnVaWFJsY3pDQ0FTSXdEUVlKS29aSWh2Y05BUUVCQlFBRGdnRVBBRENDQVFvQ2dnRUJBTnE4CnFzZk0zaGRBaUJkYjFmNHFLWFBKcUJndk1aM0U2NXpkRDYzRDkrUVhlSUxBOWZEWkpYMHhLMkgxTDVjS1JkZ1kKRGJ4KzdLTGMveERZb1VkQmtreTd6N0RtYm80NThhdjZBSTFXVHlOYklxbDVUZWJiMnYyMlpadFhzMmo3VTZMMQptRzhPTmpleDIyNWJJbkJyZjJ3YTUrY25DMUpZWlZNT0ZuS1dsZFQ3QmdTREJYOFE0T3llSXN5Mm91K2FPT21xClV1NGdubkRTTy9qencxUzZ4NXIwcnE2cFViN1ZQWHdaMzQvWDdZK3RLTWpkV0pKcWhZVE9GbGcrYUhlb3g2Yi8KLzdWNlFZQVRCMWxvbklQWXJUaTFmZUsxUHBVQmp2M2RzYXM3d1paRy9RSElNc0ZXc3B4RTZpUDR4R29LZGI4ZgpnMTBOSDlNU04yNExCdk9HbWpFQ0F3RUFBYU5aTUZjd0RnWURWUjBQQVFIL0JBUURBZ0trTUE4R0ExVWRFd0VCCi93UUZNQU1CQWY4d0hRWURWUjBPQkJZRUZOajBINFNIbDZ6WTQ2VVkyMUljeTg1WHdkSTFNQlVHQTFVZEVRUU8KTUF5Q0NtdDFZbVZ5Ym1WMFpYTXdEUVlKS29aSWh2Y05BUUVMQlFBRGdnRUJBQ0dmcXZpMFFSb3A1NFJYbEJpWgpiRDdsRFBZU1d5bjVyVmRQd3BzVlNUYWRNRnVrUG15d3ZGUnp1Rm1tZ3kzRkdOSHhybGRpbWZvM2E2aU5zZFFDCmR0V003MDN1b2dqRXFXSzlTSTVLWVdkeGhTNHVLanJvY25YOWJ3WjRUR2d2d0VMK2lXZ3NUSnlzQ2U5UlNQckQKbmFVd2lDM2M1c0Naa2JIUmt4OHF0d2ZsRDBDMlJVSDMzYnNUOTlrTXBHUkV4cU42eEtuMUUwRUpWMWNXMlJXdApTdlZtaGlISjhWY2hEcHY2ZUROckJCZFpVNnVjYjNaUHJxYTNpWWoyOEFWMXA4Zzh2Q0FoYW9XZWg0Ynp3b25jCndwcTZFaUIxbHRjZ1FVWEthVlNPeWliRmFZRHdWaXlXbGh5NXBYOTBoenR2Z2xqeG14Wjd3enhJWW5zZmJ0UDgKWjdZPQotLS0tLUVORCBDRVJUSUZJQ0FURS0tLS0tCg=="
TestExamplesBasicTest 2022-12-13T14:31:15+01:00 logger.go:66:             },
TestExamplesBasicTest 2022-12-13T14:31:15+01:00 logger.go:66:         ] -> null
TestExamplesBasicTest 2022-12-13T14:31:15+01:00 logger.go:66:       - created_at                = "2022-12-13 13:11:55.561 +0000 UTC" -> null
TestExamplesBasicTest 2022-12-13T14:31:15+01:00 logger.go:66:       - enabled_cluster_log_types = [
TestExamplesBasicTest 2022-12-13T14:31:15+01:00 logger.go:66:           - "api",
TestExamplesBasicTest 2022-12-13T14:31:15+01:00 logger.go:66:           - "audit",
TestExamplesBasicTest 2022-12-13T14:31:15+01:00 logger.go:66:           - "authenticator",
TestExamplesBasicTest 2022-12-13T14:31:15+01:00 logger.go:66:           - "controllerManager",
TestExamplesBasicTest 2022-12-13T14:31:15+01:00 logger.go:66:           - "scheduler",
TestExamplesBasicTest 2022-12-13T14:31:15+01:00 logger.go:66:         ] -> null
TestExamplesBasicTest 2022-12-13T14:31:15+01:00 logger.go:66:       - endpoint                  = "https://7864DCD89C8A3F7C0EDC840780A1362D.gr7.eu-central-1.eks.amazonaws.com" -> null
TestExamplesBasicTest 2022-12-13T14:31:15+01:00 logger.go:66:       - id                        = "test-eks-cnr" -> null
TestExamplesBasicTest 2022-12-13T14:31:15+01:00 logger.go:66:       - identity                  = [
TestExamplesBasicTest 2022-12-13T14:31:15+01:00 logger.go:66:           - {
TestExamplesBasicTest 2022-12-13T14:31:15+01:00 logger.go:66:               - oidc = [
TestExamplesBasicTest 2022-12-13T14:31:15+01:00 logger.go:66:                   - {
TestExamplesBasicTest 2022-12-13T14:31:15+01:00 logger.go:66:                       - issuer = "https://oidc.eks.eu-central-1.amazonaws.com/id/7864DCD89C8A3F7C0EDC840780A1362D"
TestExamplesBasicTest 2022-12-13T14:31:15+01:00 logger.go:66:                     },
TestExamplesBasicTest 2022-12-13T14:31:15+01:00 logger.go:66:                 ]
TestExamplesBasicTest 2022-12-13T14:31:15+01:00 logger.go:66:             },
TestExamplesBasicTest 2022-12-13T14:31:15+01:00 logger.go:66:         ] -> null
TestExamplesBasicTest 2022-12-13T14:31:15+01:00 logger.go:66:       - name                      = "test-eks-cnr" -> null
TestExamplesBasicTest 2022-12-13T14:31:15+01:00 logger.go:66:       - platform_version          = "eks.5" -> null
TestExamplesBasicTest 2022-12-13T14:31:15+01:00 logger.go:66:       - role_arn                  = "arn:aws:iam::198655350445:role/test-eks-cnr-cluster-role" -> null
TestExamplesBasicTest 2022-12-13T14:31:15+01:00 logger.go:66:       - status                    = "ACTIVE" -> null
TestExamplesBasicTest 2022-12-13T14:31:15+01:00 logger.go:66:       - tags                      = {} -> null
TestExamplesBasicTest 2022-12-13T14:31:15+01:00 logger.go:66:       - tags_all                  = {} -> null
TestExamplesBasicTest 2022-12-13T14:31:15+01:00 logger.go:66:       - version                   = "1.23" -> null
TestExamplesBasicTest 2022-12-13T14:31:15+01:00 logger.go:66:
TestExamplesBasicTest 2022-12-13T14:31:15+01:00 logger.go:66:       - encryption_config {
TestExamplesBasicTest 2022-12-13T14:31:15+01:00 logger.go:66:           - resources = [
TestExamplesBasicTest 2022-12-13T14:31:15+01:00 logger.go:66:               - "secrets",
TestExamplesBasicTest 2022-12-13T14:31:15+01:00 logger.go:66:             ] -> null
TestExamplesBasicTest 2022-12-13T14:31:15+01:00 logger.go:66:
TestExamplesBasicTest 2022-12-13T14:31:15+01:00 logger.go:66:           - provider {
TestExamplesBasicTest 2022-12-13T14:31:15+01:00 logger.go:66:               - key_arn = "arn:aws:kms:eu-central-1:198655350445:key/aaf9ea20-8db5-442e-963f-65c24a741ecb" -> null
TestExamplesBasicTest 2022-12-13T14:31:15+01:00 logger.go:66:             }
TestExamplesBasicTest 2022-12-13T14:31:15+01:00 logger.go:66:         }
TestExamplesBasicTest 2022-12-13T14:31:15+01:00 logger.go:66:
TestExamplesBasicTest 2022-12-13T14:31:15+01:00 logger.go:66:       - kubernetes_network_config {
TestExamplesBasicTest 2022-12-13T14:31:15+01:00 logger.go:66:           - ip_family         = "ipv4" -> null
TestExamplesBasicTest 2022-12-13T14:31:15+01:00 logger.go:66:           - service_ipv4_cidr = "172.20.0.0/16" -> null
TestExamplesBasicTest 2022-12-13T14:31:15+01:00 logger.go:66:         }
TestExamplesBasicTest 2022-12-13T14:31:15+01:00 logger.go:66:
TestExamplesBasicTest 2022-12-13T14:31:15+01:00 logger.go:66:       - timeouts {}
TestExamplesBasicTest 2022-12-13T14:31:15+01:00 logger.go:66:
TestExamplesBasicTest 2022-12-13T14:31:15+01:00 logger.go:66:       - vpc_config {
TestExamplesBasicTest 2022-12-13T14:31:15+01:00 logger.go:66:           - cluster_security_group_id = "sg-0324296d868759848" -> null
TestExamplesBasicTest 2022-12-13T14:31:15+01:00 logger.go:66:           - endpoint_private_access   = true -> null
TestExamplesBasicTest 2022-12-13T14:31:15+01:00 logger.go:66:           - endpoint_public_access    = true -> null
TestExamplesBasicTest 2022-12-13T14:31:15+01:00 logger.go:66:           - public_access_cidrs       = [
TestExamplesBasicTest 2022-12-13T14:31:15+01:00 logger.go:66:               - "0.0.0.0/0",
TestExamplesBasicTest 2022-12-13T14:31:15+01:00 logger.go:66:             ] -> null
TestExamplesBasicTest 2022-12-13T14:31:15+01:00 logger.go:66:           - security_group_ids        = [
TestExamplesBasicTest 2022-12-13T14:31:15+01:00 logger.go:66:               - "sg-062eb157e4f3f50dd",
TestExamplesBasicTest 2022-12-13T14:31:15+01:00 logger.go:66:             ] -> null
TestExamplesBasicTest 2022-12-13T14:31:15+01:00 logger.go:66:           - subnet_ids                = [
TestExamplesBasicTest 2022-12-13T14:31:15+01:00 logger.go:66:               - "subnet-0c8d7846c103de994",
TestExamplesBasicTest 2022-12-13T14:31:15+01:00 logger.go:66:               - "subnet-0d7b48a5e390e0e6f",
TestExamplesBasicTest 2022-12-13T14:31:15+01:00 logger.go:66:               - "subnet-0e27e3b986281b92b",
TestExamplesBasicTest 2022-12-13T14:31:15+01:00 logger.go:66:             ] -> null
TestExamplesBasicTest 2022-12-13T14:31:15+01:00 logger.go:66:           - vpc_id                    = "vpc-0791878fb8ffbc01c" -> null
TestExamplesBasicTest 2022-12-13T14:31:15+01:00 logger.go:66:         }
TestExamplesBasicTest 2022-12-13T14:31:15+01:00 logger.go:66:     }
TestExamplesBasicTest 2022-12-13T14:31:15+01:00 logger.go:66:
TestExamplesBasicTest 2022-12-13T14:31:15+01:00 logger.go:66:   # module.eks_blueprints.module.aws_eks.aws_iam_openid_connect_provider.oidc_provider[0] will be destroyed
TestExamplesBasicTest 2022-12-13T14:31:15+01:00 logger.go:66:   - resource "aws_iam_openid_connect_provider" "oidc_provider" {
TestExamplesBasicTest 2022-12-13T14:31:15+01:00 logger.go:66:       - arn             = "arn:aws:iam::198655350445:oidc-provider/oidc.eks.eu-central-1.amazonaws.com/id/7864DCD89C8A3F7C0EDC840780A1362D" -> null
TestExamplesBasicTest 2022-12-13T14:31:15+01:00 logger.go:66:       - client_id_list  = [
TestExamplesBasicTest 2022-12-13T14:31:15+01:00 logger.go:66:           - "sts.amazonaws.com",
TestExamplesBasicTest 2022-12-13T14:31:15+01:00 logger.go:66:         ] -> null
TestExamplesBasicTest 2022-12-13T14:31:15+01:00 logger.go:66:       - id              = "arn:aws:iam::198655350445:oidc-provider/oidc.eks.eu-central-1.amazonaws.com/id/7864DCD89C8A3F7C0EDC840780A1362D" -> null
TestExamplesBasicTest 2022-12-13T14:31:15+01:00 logger.go:66:       - tags            = {
TestExamplesBasicTest 2022-12-13T14:31:15+01:00 logger.go:66:           - "Name" = "test-eks-cnr-eks-irsa"
TestExamplesBasicTest 2022-12-13T14:31:15+01:00 logger.go:66:         } -> null
TestExamplesBasicTest 2022-12-13T14:31:15+01:00 logger.go:66:       - tags_all        = {
TestExamplesBasicTest 2022-12-13T14:31:15+01:00 logger.go:66:           - "Name" = "test-eks-cnr-eks-irsa"
TestExamplesBasicTest 2022-12-13T14:31:15+01:00 logger.go:66:         } -> null
TestExamplesBasicTest 2022-12-13T14:31:15+01:00 logger.go:66:       - thumbprint_list = [
TestExamplesBasicTest 2022-12-13T14:31:15+01:00 logger.go:66:           - "9e99a48a9960b14926bb7f3b02e22da2b0ab7280",
TestExamplesBasicTest 2022-12-13T14:31:15+01:00 logger.go:66:         ] -> null
TestExamplesBasicTest 2022-12-13T14:31:15+01:00 logger.go:66:       - url             = "oidc.eks.eu-central-1.amazonaws.com/id/7864DCD89C8A3F7C0EDC840780A1362D" -> null
TestExamplesBasicTest 2022-12-13T14:31:15+01:00 logger.go:66:     }
TestExamplesBasicTest 2022-12-13T14:31:15+01:00 logger.go:66:
TestExamplesBasicTest 2022-12-13T14:31:15+01:00 logger.go:66:   # module.eks_blueprints.module.aws_eks.aws_iam_role.this[0] will be destroyed
TestExamplesBasicTest 2022-12-13T14:31:15+01:00 logger.go:66:   - resource "aws_iam_role" "this" {
TestExamplesBasicTest 2022-12-13T14:31:15+01:00 logger.go:66:       - arn                   = "arn:aws:iam::198655350445:role/test-eks-cnr-cluster-role" -> null
TestExamplesBasicTest 2022-12-13T14:31:15+01:00 logger.go:66:       - assume_role_policy    = jsonencode(
TestExamplesBasicTest 2022-12-13T14:31:15+01:00 logger.go:66:             {
TestExamplesBasicTest 2022-12-13T14:31:15+01:00 logger.go:66:               - Statement = [
TestExamplesBasicTest 2022-12-13T14:31:15+01:00 logger.go:66:                   - {
TestExamplesBasicTest 2022-12-13T14:31:15+01:00 logger.go:66:                       - Action    = "sts:AssumeRole"
TestExamplesBasicTest 2022-12-13T14:31:15+01:00 logger.go:66:                       - Effect    = "Allow"
TestExamplesBasicTest 2022-12-13T14:31:15+01:00 logger.go:66:                       - Principal = {
TestExamplesBasicTest 2022-12-13T14:31:15+01:00 logger.go:66:                           - Service = "eks.amazonaws.com"
TestExamplesBasicTest 2022-12-13T14:31:15+01:00 logger.go:66:                         }
TestExamplesBasicTest 2022-12-13T14:31:15+01:00 logger.go:66:                       - Sid       = "EKSClusterAssumeRole"
TestExamplesBasicTest 2022-12-13T14:31:15+01:00 logger.go:66:                     },
TestExamplesBasicTest 2022-12-13T14:31:15+01:00 logger.go:66:                 ]
TestExamplesBasicTest 2022-12-13T14:31:15+01:00 logger.go:66:               - Version   = "2012-10-17"
TestExamplesBasicTest 2022-12-13T14:31:15+01:00 logger.go:66:             }
TestExamplesBasicTest 2022-12-13T14:31:15+01:00 logger.go:66:         ) -> null
TestExamplesBasicTest 2022-12-13T14:31:15+01:00 logger.go:66:       - create_date           = "2022-12-13T13:11:28Z" -> null
TestExamplesBasicTest 2022-12-13T14:31:15+01:00 logger.go:66:       - force_detach_policies = true -> null
TestExamplesBasicTest 2022-12-13T14:31:15+01:00 logger.go:66:       - id                    = "test-eks-cnr-cluster-role" -> null
TestExamplesBasicTest 2022-12-13T14:31:15+01:00 logger.go:66:       - managed_policy_arns   = [
TestExamplesBasicTest 2022-12-13T14:31:15+01:00 logger.go:66:           - "arn:aws:iam::aws:policy/AmazonEKSClusterPolicy",
TestExamplesBasicTest 2022-12-13T14:31:15+01:00 logger.go:66:           - "arn:aws:iam::aws:policy/AmazonEKSVPCResourceController",
TestExamplesBasicTest 2022-12-13T14:31:15+01:00 logger.go:66:         ] -> null
TestExamplesBasicTest 2022-12-13T14:31:15+01:00 logger.go:66:       - max_session_duration  = 3600 -> null
TestExamplesBasicTest 2022-12-13T14:31:15+01:00 logger.go:66:       - name                  = "test-eks-cnr-cluster-role" -> null
TestExamplesBasicTest 2022-12-13T14:31:15+01:00 logger.go:66:       - path                  = "/" -> null
TestExamplesBasicTest 2022-12-13T14:31:15+01:00 logger.go:66:       - tags                  = {} -> null
TestExamplesBasicTest 2022-12-13T14:31:15+01:00 logger.go:66:       - tags_all              = {} -> null
TestExamplesBasicTest 2022-12-13T14:31:15+01:00 logger.go:66:       - unique_id             = "AROAS4QGIC2W3WM5D54YM" -> null
TestExamplesBasicTest 2022-12-13T14:31:15+01:00 logger.go:66:     }
TestExamplesBasicTest 2022-12-13T14:31:15+01:00 logger.go:66:
TestExamplesBasicTest 2022-12-13T14:31:15+01:00 logger.go:66:   # module.eks_blueprints.module.aws_eks.aws_iam_role_policy_attachment.this["arn:aws:iam::aws:policy/AmazonEKSClusterPolicy"] will be destroyed
TestExamplesBasicTest 2022-12-13T14:31:15+01:00 logger.go:66:   - resource "aws_iam_role_policy_attachment" "this" {
TestExamplesBasicTest 2022-12-13T14:31:15+01:00 logger.go:66:       - id         = "test-eks-cnr-cluster-role-20221213131127510100000005" -> null
TestExamplesBasicTest 2022-12-13T14:31:15+01:00 logger.go:66:       - policy_arn = "arn:aws:iam::aws:policy/AmazonEKSClusterPolicy" -> null
TestExamplesBasicTest 2022-12-13T14:31:15+01:00 logger.go:66:       - role       = "test-eks-cnr-cluster-role" -> null
TestExamplesBasicTest 2022-12-13T14:31:15+01:00 logger.go:66:     }
TestExamplesBasicTest 2022-12-13T14:31:15+01:00 logger.go:66:
TestExamplesBasicTest 2022-12-13T14:31:15+01:00 logger.go:66:   # module.eks_blueprints.module.aws_eks.aws_iam_role_policy_attachment.this["arn:aws:iam::aws:policy/AmazonEKSVPCResourceController"] will be destroyed
TestExamplesBasicTest 2022-12-13T14:31:15+01:00 logger.go:66:   - resource "aws_iam_role_policy_attachment" "this" {
TestExamplesBasicTest 2022-12-13T14:31:15+01:00 logger.go:66:       - id         = "test-eks-cnr-cluster-role-20221213131127342900000004" -> null
TestExamplesBasicTest 2022-12-13T14:31:15+01:00 logger.go:66:       - policy_arn = "arn:aws:iam::aws:policy/AmazonEKSVPCResourceController" -> null
TestExamplesBasicTest 2022-12-13T14:31:15+01:00 logger.go:66:       - role       = "test-eks-cnr-cluster-role" -> null
TestExamplesBasicTest 2022-12-13T14:31:15+01:00 logger.go:66:     }
TestExamplesBasicTest 2022-12-13T14:31:15+01:00 logger.go:66:
TestExamplesBasicTest 2022-12-13T14:31:15+01:00 logger.go:66:   # module.eks_blueprints.module.aws_eks.aws_security_group.cluster[0] will be destroyed
TestExamplesBasicTest 2022-12-13T14:31:15+01:00 logger.go:66:   - resource "aws_security_group" "cluster" {
TestExamplesBasicTest 2022-12-13T14:31:15+01:00 logger.go:66:       - arn                    = "arn:aws:ec2:eu-central-1:198655350445:security-group/sg-062eb157e4f3f50dd" -> null
TestExamplesBasicTest 2022-12-13T14:31:15+01:00 logger.go:66:       - description            = "EKS cluster security group" -> null
TestExamplesBasicTest 2022-12-13T14:31:15+01:00 logger.go:66:       - egress                 = [
TestExamplesBasicTest 2022-12-13T14:31:15+01:00 logger.go:66:           - {
TestExamplesBasicTest 2022-12-13T14:31:15+01:00 logger.go:66:               - cidr_blocks      = []
TestExamplesBasicTest 2022-12-13T14:31:15+01:00 logger.go:66:               - description      = "Cluster API to node groups"
TestExamplesBasicTest 2022-12-13T14:31:15+01:00 logger.go:66:               - from_port        = 443
TestExamplesBasicTest 2022-12-13T14:31:15+01:00 logger.go:66:               - ipv6_cidr_blocks = []
TestExamplesBasicTest 2022-12-13T14:31:15+01:00 logger.go:66:               - prefix_list_ids  = []
TestExamplesBasicTest 2022-12-13T14:31:15+01:00 logger.go:66:               - protocol         = "tcp"
TestExamplesBasicTest 2022-12-13T14:31:15+01:00 logger.go:66:               - security_groups  = [
TestExamplesBasicTest 2022-12-13T14:31:15+01:00 logger.go:66:                   - "sg-037a7827067035e46",
TestExamplesBasicTest 2022-12-13T14:31:15+01:00 logger.go:66:                 ]
TestExamplesBasicTest 2022-12-13T14:31:15+01:00 logger.go:66:               - self             = false
TestExamplesBasicTest 2022-12-13T14:31:15+01:00 logger.go:66:               - to_port          = 443
TestExamplesBasicTest 2022-12-13T14:31:15+01:00 logger.go:66:             },
TestExamplesBasicTest 2022-12-13T14:31:15+01:00 logger.go:66:           - {
TestExamplesBasicTest 2022-12-13T14:31:15+01:00 logger.go:66:               - cidr_blocks      = []
TestExamplesBasicTest 2022-12-13T14:31:15+01:00 logger.go:66:               - description      = "Cluster API to node kubelets"
TestExamplesBasicTest 2022-12-13T14:31:15+01:00 logger.go:66:               - from_port        = 10250
TestExamplesBasicTest 2022-12-13T14:31:15+01:00 logger.go:66:               - ipv6_cidr_blocks = []
TestExamplesBasicTest 2022-12-13T14:31:15+01:00 logger.go:66:               - prefix_list_ids  = []
TestExamplesBasicTest 2022-12-13T14:31:15+01:00 logger.go:66:               - protocol         = "tcp"
TestExamplesBasicTest 2022-12-13T14:31:15+01:00 logger.go:66:               - security_groups  = [
TestExamplesBasicTest 2022-12-13T14:31:15+01:00 logger.go:66:                   - "sg-037a7827067035e46",
TestExamplesBasicTest 2022-12-13T14:31:15+01:00 logger.go:66:                 ]
TestExamplesBasicTest 2022-12-13T14:31:15+01:00 logger.go:66:               - self             = false
TestExamplesBasicTest 2022-12-13T14:31:15+01:00 logger.go:66:               - to_port          = 10250
TestExamplesBasicTest 2022-12-13T14:31:15+01:00 logger.go:66:             },
TestExamplesBasicTest 2022-12-13T14:31:15+01:00 logger.go:66:         ] -> null
TestExamplesBasicTest 2022-12-13T14:31:15+01:00 logger.go:66:       - id                     = "sg-062eb157e4f3f50dd" -> null
TestExamplesBasicTest 2022-12-13T14:31:15+01:00 logger.go:66:       - ingress                = [
TestExamplesBasicTest 2022-12-13T14:31:15+01:00 logger.go:66:           - {
TestExamplesBasicTest 2022-12-13T14:31:15+01:00 logger.go:66:               - cidr_blocks      = []
TestExamplesBasicTest 2022-12-13T14:31:15+01:00 logger.go:66:               - description      = "Node groups to cluster API"
TestExamplesBasicTest 2022-12-13T14:31:15+01:00 logger.go:66:               - from_port        = 443
TestExamplesBasicTest 2022-12-13T14:31:15+01:00 logger.go:66:               - ipv6_cidr_blocks = []
TestExamplesBasicTest 2022-12-13T14:31:15+01:00 logger.go:66:               - prefix_list_ids  = []
TestExamplesBasicTest 2022-12-13T14:31:15+01:00 logger.go:66:               - protocol         = "tcp"
TestExamplesBasicTest 2022-12-13T14:31:15+01:00 logger.go:66:               - security_groups  = [
TestExamplesBasicTest 2022-12-13T14:31:15+01:00 logger.go:66:                   - "sg-037a7827067035e46",
TestExamplesBasicTest 2022-12-13T14:31:15+01:00 logger.go:66:                 ]
TestExamplesBasicTest 2022-12-13T14:31:15+01:00 logger.go:66:               - self             = false
TestExamplesBasicTest 2022-12-13T14:31:15+01:00 logger.go:66:               - to_port          = 443
TestExamplesBasicTest 2022-12-13T14:31:15+01:00 logger.go:66:             },
TestExamplesBasicTest 2022-12-13T14:31:15+01:00 logger.go:66:         ] -> null
TestExamplesBasicTest 2022-12-13T14:31:15+01:00 logger.go:66:       - name                   = "test-eks-cnr-cluster-20221213131138288400000006" -> null
TestExamplesBasicTest 2022-12-13T14:31:15+01:00 logger.go:66:       - name_prefix            = "test-eks-cnr-cluster-" -> null
TestExamplesBasicTest 2022-12-13T14:31:15+01:00 logger.go:66:       - owner_id               = "198655350445" -> null
TestExamplesBasicTest 2022-12-13T14:31:15+01:00 logger.go:66:       - revoke_rules_on_delete = false -> null
TestExamplesBasicTest 2022-12-13T14:31:15+01:00 logger.go:66:       - tags                   = {
TestExamplesBasicTest 2022-12-13T14:31:15+01:00 logger.go:66:           - "Name" = "test-eks-cnr-cluster"
TestExamplesBasicTest 2022-12-13T14:31:15+01:00 logger.go:66:         } -> null
TestExamplesBasicTest 2022-12-13T14:31:15+01:00 logger.go:66:       - tags_all               = {
TestExamplesBasicTest 2022-12-13T14:31:15+01:00 logger.go:66:           - "Name" = "test-eks-cnr-cluster"
TestExamplesBasicTest 2022-12-13T14:31:15+01:00 logger.go:66:         } -> null
TestExamplesBasicTest 2022-12-13T14:31:15+01:00 logger.go:66:       - vpc_id                 = "vpc-0791878fb8ffbc01c" -> null
TestExamplesBasicTest 2022-12-13T14:31:15+01:00 logger.go:66:     }
TestExamplesBasicTest 2022-12-13T14:31:15+01:00 logger.go:66:
TestExamplesBasicTest 2022-12-13T14:31:15+01:00 logger.go:66:   # module.eks_blueprints.module.aws_eks.aws_security_group.node[0] will be destroyed
TestExamplesBasicTest 2022-12-13T14:31:15+01:00 logger.go:66:   - resource "aws_security_group" "node" {
TestExamplesBasicTest 2022-12-13T14:31:15+01:00 logger.go:66:       - arn                    = "arn:aws:ec2:eu-central-1:198655350445:security-group/sg-037a7827067035e46" -> null
TestExamplesBasicTest 2022-12-13T14:31:15+01:00 logger.go:66:       - description            = "EKS node shared security group" -> null
TestExamplesBasicTest 2022-12-13T14:31:15+01:00 logger.go:66:       - egress                 = [
TestExamplesBasicTest 2022-12-13T14:31:15+01:00 logger.go:66:           - {
TestExamplesBasicTest 2022-12-13T14:31:15+01:00 logger.go:66:               - cidr_blocks      = [
TestExamplesBasicTest 2022-12-13T14:31:15+01:00 logger.go:66:                   - "0.0.0.0/0",
TestExamplesBasicTest 2022-12-13T14:31:15+01:00 logger.go:66:                 ]
TestExamplesBasicTest 2022-12-13T14:31:15+01:00 logger.go:66:               - description      = "Egress NTP/TCP to internet"
TestExamplesBasicTest 2022-12-13T14:31:15+01:00 logger.go:66:               - from_port        = 123
TestExamplesBasicTest 2022-12-13T14:31:15+01:00 logger.go:66:               - ipv6_cidr_blocks = []
TestExamplesBasicTest 2022-12-13T14:31:15+01:00 logger.go:66:               - prefix_list_ids  = []
TestExamplesBasicTest 2022-12-13T14:31:15+01:00 logger.go:66:               - protocol         = "tcp"
TestExamplesBasicTest 2022-12-13T14:31:15+01:00 logger.go:66:               - security_groups  = []
TestExamplesBasicTest 2022-12-13T14:31:15+01:00 logger.go:66:               - self             = false
TestExamplesBasicTest 2022-12-13T14:31:15+01:00 logger.go:66:               - to_port          = 123
TestExamplesBasicTest 2022-12-13T14:31:15+01:00 logger.go:66:             },
TestExamplesBasicTest 2022-12-13T14:31:15+01:00 logger.go:66:           - {
TestExamplesBasicTest 2022-12-13T14:31:15+01:00 logger.go:66:               - cidr_blocks      = [
TestExamplesBasicTest 2022-12-13T14:31:15+01:00 logger.go:66:                   - "0.0.0.0/0",
TestExamplesBasicTest 2022-12-13T14:31:15+01:00 logger.go:66:                 ]
TestExamplesBasicTest 2022-12-13T14:31:15+01:00 logger.go:66:               - description      = "Egress NTP/UDP to internet"
TestExamplesBasicTest 2022-12-13T14:31:15+01:00 logger.go:66:               - from_port        = 123
TestExamplesBasicTest 2022-12-13T14:31:15+01:00 logger.go:66:               - ipv6_cidr_blocks = []
TestExamplesBasicTest 2022-12-13T14:31:15+01:00 logger.go:66:               - prefix_list_ids  = []
TestExamplesBasicTest 2022-12-13T14:31:15+01:00 logger.go:66:               - protocol         = "udp"
TestExamplesBasicTest 2022-12-13T14:31:15+01:00 logger.go:66:               - security_groups  = []
TestExamplesBasicTest 2022-12-13T14:31:15+01:00 logger.go:66:               - self             = false
TestExamplesBasicTest 2022-12-13T14:31:15+01:00 logger.go:66:               - to_port          = 123
TestExamplesBasicTest 2022-12-13T14:31:15+01:00 logger.go:66:             },
TestExamplesBasicTest 2022-12-13T14:31:15+01:00 logger.go:66:           - {
TestExamplesBasicTest 2022-12-13T14:31:15+01:00 logger.go:66:               - cidr_blocks      = [
TestExamplesBasicTest 2022-12-13T14:31:15+01:00 logger.go:66:                   - "0.0.0.0/0",
TestExamplesBasicTest 2022-12-13T14:31:15+01:00 logger.go:66:                 ]
TestExamplesBasicTest 2022-12-13T14:31:15+01:00 logger.go:66:               - description      = "Egress all HTTPS to internet"
TestExamplesBasicTest 2022-12-13T14:31:15+01:00 logger.go:66:               - from_port        = 443
TestExamplesBasicTest 2022-12-13T14:31:15+01:00 logger.go:66:               - ipv6_cidr_blocks = []
TestExamplesBasicTest 2022-12-13T14:31:15+01:00 logger.go:66:               - prefix_list_ids  = []
TestExamplesBasicTest 2022-12-13T14:31:15+01:00 logger.go:66:               - protocol         = "tcp"
TestExamplesBasicTest 2022-12-13T14:31:15+01:00 logger.go:66:               - security_groups  = []
TestExamplesBasicTest 2022-12-13T14:31:15+01:00 logger.go:66:               - self             = false
TestExamplesBasicTest 2022-12-13T14:31:15+01:00 logger.go:66:               - to_port          = 443
TestExamplesBasicTest 2022-12-13T14:31:15+01:00 logger.go:66:             },
TestExamplesBasicTest 2022-12-13T14:31:15+01:00 logger.go:66:           - {
TestExamplesBasicTest 2022-12-13T14:31:15+01:00 logger.go:66:               - cidr_blocks      = []
TestExamplesBasicTest 2022-12-13T14:31:15+01:00 logger.go:66:               - description      = "Node groups to cluster API"
TestExamplesBasicTest 2022-12-13T14:31:15+01:00 logger.go:66:               - from_port        = 443
TestExamplesBasicTest 2022-12-13T14:31:15+01:00 logger.go:66:               - ipv6_cidr_blocks = []
TestExamplesBasicTest 2022-12-13T14:31:15+01:00 logger.go:66:               - prefix_list_ids  = []
TestExamplesBasicTest 2022-12-13T14:31:15+01:00 logger.go:66:               - protocol         = "tcp"
TestExamplesBasicTest 2022-12-13T14:31:15+01:00 logger.go:66:               - security_groups  = [
TestExamplesBasicTest 2022-12-13T14:31:15+01:00 logger.go:66:                   - "sg-062eb157e4f3f50dd",
TestExamplesBasicTest 2022-12-13T14:31:15+01:00 logger.go:66:                 ]
TestExamplesBasicTest 2022-12-13T14:31:15+01:00 logger.go:66:               - self             = false
TestExamplesBasicTest 2022-12-13T14:31:15+01:00 logger.go:66:               - to_port          = 443
TestExamplesBasicTest 2022-12-13T14:31:15+01:00 logger.go:66:             },
TestExamplesBasicTest 2022-12-13T14:31:15+01:00 logger.go:66:           - {
TestExamplesBasicTest 2022-12-13T14:31:15+01:00 logger.go:66:               - cidr_blocks      = []
TestExamplesBasicTest 2022-12-13T14:31:15+01:00 logger.go:66:               - description      = "Node to node CoreDNS"
TestExamplesBasicTest 2022-12-13T14:31:15+01:00 logger.go:66:               - from_port        = 53
TestExamplesBasicTest 2022-12-13T14:31:15+01:00 logger.go:66:               - ipv6_cidr_blocks = []
TestExamplesBasicTest 2022-12-13T14:31:15+01:00 logger.go:66:               - prefix_list_ids  = []
TestExamplesBasicTest 2022-12-13T14:31:15+01:00 logger.go:66:               - protocol         = "tcp"
TestExamplesBasicTest 2022-12-13T14:31:15+01:00 logger.go:66:               - security_groups  = []
TestExamplesBasicTest 2022-12-13T14:31:15+01:00 logger.go:66:               - self             = true
TestExamplesBasicTest 2022-12-13T14:31:15+01:00 logger.go:66:               - to_port          = 53
TestExamplesBasicTest 2022-12-13T14:31:15+01:00 logger.go:66:             },
TestExamplesBasicTest 2022-12-13T14:31:15+01:00 logger.go:66:           - {
TestExamplesBasicTest 2022-12-13T14:31:15+01:00 logger.go:66:               - cidr_blocks      = []
TestExamplesBasicTest 2022-12-13T14:31:15+01:00 logger.go:66:               - description      = "Node to node CoreDNS"
TestExamplesBasicTest 2022-12-13T14:31:15+01:00 logger.go:66:               - from_port        = 53
TestExamplesBasicTest 2022-12-13T14:31:15+01:00 logger.go:66:               - ipv6_cidr_blocks = []
TestExamplesBasicTest 2022-12-13T14:31:15+01:00 logger.go:66:               - prefix_list_ids  = []
TestExamplesBasicTest 2022-12-13T14:31:15+01:00 logger.go:66:               - protocol         = "udp"
TestExamplesBasicTest 2022-12-13T14:31:15+01:00 logger.go:66:               - security_groups  = []
TestExamplesBasicTest 2022-12-13T14:31:15+01:00 logger.go:66:               - self             = true
TestExamplesBasicTest 2022-12-13T14:31:15+01:00 logger.go:66:               - to_port          = 53
TestExamplesBasicTest 2022-12-13T14:31:15+01:00 logger.go:66:             },
TestExamplesBasicTest 2022-12-13T14:31:15+01:00 logger.go:66:         ] -> null
TestExamplesBasicTest 2022-12-13T14:31:15+01:00 logger.go:66:       - id                     = "sg-037a7827067035e46" -> null
TestExamplesBasicTest 2022-12-13T14:31:15+01:00 logger.go:66:       - ingress                = [
TestExamplesBasicTest 2022-12-13T14:31:15+01:00 logger.go:66:           - {
TestExamplesBasicTest 2022-12-13T14:31:15+01:00 logger.go:66:               - cidr_blocks      = []
TestExamplesBasicTest 2022-12-13T14:31:15+01:00 logger.go:66:               - description      = "Cluster API to node groups"
TestExamplesBasicTest 2022-12-13T14:31:15+01:00 logger.go:66:               - from_port        = 443
TestExamplesBasicTest 2022-12-13T14:31:15+01:00 logger.go:66:               - ipv6_cidr_blocks = []
TestExamplesBasicTest 2022-12-13T14:31:15+01:00 logger.go:66:               - prefix_list_ids  = []
TestExamplesBasicTest 2022-12-13T14:31:15+01:00 logger.go:66:               - protocol         = "tcp"
TestExamplesBasicTest 2022-12-13T14:31:15+01:00 logger.go:66:               - security_groups  = [
TestExamplesBasicTest 2022-12-13T14:31:15+01:00 logger.go:66:                   - "sg-062eb157e4f3f50dd",
TestExamplesBasicTest 2022-12-13T14:31:15+01:00 logger.go:66:                 ]
TestExamplesBasicTest 2022-12-13T14:31:15+01:00 logger.go:66:               - self             = false
TestExamplesBasicTest 2022-12-13T14:31:15+01:00 logger.go:66:               - to_port          = 443
TestExamplesBasicTest 2022-12-13T14:31:15+01:00 logger.go:66:             },
TestExamplesBasicTest 2022-12-13T14:31:15+01:00 logger.go:66:           - {
TestExamplesBasicTest 2022-12-13T14:31:15+01:00 logger.go:66:               - cidr_blocks      = []
TestExamplesBasicTest 2022-12-13T14:31:15+01:00 logger.go:66:               - description      = "Cluster API to node kubelets"
TestExamplesBasicTest 2022-12-13T14:31:15+01:00 logger.go:66:               - from_port        = 10250
TestExamplesBasicTest 2022-12-13T14:31:15+01:00 logger.go:66:               - ipv6_cidr_blocks = []
TestExamplesBasicTest 2022-12-13T14:31:15+01:00 logger.go:66:               - prefix_list_ids  = []
TestExamplesBasicTest 2022-12-13T14:31:15+01:00 logger.go:66:               - protocol         = "tcp"
TestExamplesBasicTest 2022-12-13T14:31:15+01:00 logger.go:66:               - security_groups  = [
TestExamplesBasicTest 2022-12-13T14:31:15+01:00 logger.go:66:                   - "sg-062eb157e4f3f50dd",
TestExamplesBasicTest 2022-12-13T14:31:15+01:00 logger.go:66:                 ]
TestExamplesBasicTest 2022-12-13T14:31:15+01:00 logger.go:66:               - self             = false
TestExamplesBasicTest 2022-12-13T14:31:15+01:00 logger.go:66:               - to_port          = 10250
TestExamplesBasicTest 2022-12-13T14:31:15+01:00 logger.go:66:             },
TestExamplesBasicTest 2022-12-13T14:31:15+01:00 logger.go:66:           - {
TestExamplesBasicTest 2022-12-13T14:31:15+01:00 logger.go:66:               - cidr_blocks      = []
TestExamplesBasicTest 2022-12-13T14:31:15+01:00 logger.go:66:               - description      = "Cluster to ingress-nginx webhook"
TestExamplesBasicTest 2022-12-13T14:31:15+01:00 logger.go:66:               - from_port        = 8443
TestExamplesBasicTest 2022-12-13T14:31:15+01:00 logger.go:66:               - ipv6_cidr_blocks = []
TestExamplesBasicTest 2022-12-13T14:31:15+01:00 logger.go:66:               - prefix_list_ids  = []
TestExamplesBasicTest 2022-12-13T14:31:15+01:00 logger.go:66:               - protocol         = "tcp"
TestExamplesBasicTest 2022-12-13T14:31:15+01:00 logger.go:66:               - security_groups  = []
TestExamplesBasicTest 2022-12-13T14:31:15+01:00 logger.go:66:               - self             = true
TestExamplesBasicTest 2022-12-13T14:31:15+01:00 logger.go:66:               - to_port          = 8443
TestExamplesBasicTest 2022-12-13T14:31:15+01:00 logger.go:66:             },
TestExamplesBasicTest 2022-12-13T14:31:15+01:00 logger.go:66:           - {
TestExamplesBasicTest 2022-12-13T14:31:15+01:00 logger.go:66:               - cidr_blocks      = []
TestExamplesBasicTest 2022-12-13T14:31:15+01:00 logger.go:66:               - description      = "Cluster to load balancer controller webhook"
TestExamplesBasicTest 2022-12-13T14:31:15+01:00 logger.go:66:               - from_port        = 9443
TestExamplesBasicTest 2022-12-13T14:31:15+01:00 logger.go:66:               - ipv6_cidr_blocks = []
TestExamplesBasicTest 2022-12-13T14:31:15+01:00 logger.go:66:               - prefix_list_ids  = []
TestExamplesBasicTest 2022-12-13T14:31:15+01:00 logger.go:66:               - protocol         = "tcp"
TestExamplesBasicTest 2022-12-13T14:31:15+01:00 logger.go:66:               - security_groups  = []
TestExamplesBasicTest 2022-12-13T14:31:15+01:00 logger.go:66:               - self             = true
TestExamplesBasicTest 2022-12-13T14:31:15+01:00 logger.go:66:               - to_port          = 9443
TestExamplesBasicTest 2022-12-13T14:31:15+01:00 logger.go:66:             },
TestExamplesBasicTest 2022-12-13T14:31:15+01:00 logger.go:66:           - {
TestExamplesBasicTest 2022-12-13T14:31:15+01:00 logger.go:66:               - cidr_blocks      = []
TestExamplesBasicTest 2022-12-13T14:31:15+01:00 logger.go:66:               - description      = "Node to node CoreDNS"
TestExamplesBasicTest 2022-12-13T14:31:15+01:00 logger.go:66:               - from_port        = 53
TestExamplesBasicTest 2022-12-13T14:31:15+01:00 logger.go:66:               - ipv6_cidr_blocks = []
TestExamplesBasicTest 2022-12-13T14:31:15+01:00 logger.go:66:               - prefix_list_ids  = []
TestExamplesBasicTest 2022-12-13T14:31:15+01:00 logger.go:66:               - protocol         = "tcp"
TestExamplesBasicTest 2022-12-13T14:31:15+01:00 logger.go:66:               - security_groups  = []
TestExamplesBasicTest 2022-12-13T14:31:15+01:00 logger.go:66:               - self             = true
TestExamplesBasicTest 2022-12-13T14:31:15+01:00 logger.go:66:               - to_port          = 53
TestExamplesBasicTest 2022-12-13T14:31:15+01:00 logger.go:66:             },
TestExamplesBasicTest 2022-12-13T14:31:15+01:00 logger.go:66:           - {
TestExamplesBasicTest 2022-12-13T14:31:15+01:00 logger.go:66:               - cidr_blocks      = []
TestExamplesBasicTest 2022-12-13T14:31:15+01:00 logger.go:66:               - description      = "Node to node CoreDNS"
TestExamplesBasicTest 2022-12-13T14:31:15+01:00 logger.go:66:               - from_port        = 53
TestExamplesBasicTest 2022-12-13T14:31:15+01:00 logger.go:66:               - ipv6_cidr_blocks = []
TestExamplesBasicTest 2022-12-13T14:31:15+01:00 logger.go:66:               - prefix_list_ids  = []
TestExamplesBasicTest 2022-12-13T14:31:15+01:00 logger.go:66:               - protocol         = "udp"
TestExamplesBasicTest 2022-12-13T14:31:15+01:00 logger.go:66:               - security_groups  = []
TestExamplesBasicTest 2022-12-13T14:31:15+01:00 logger.go:66:               - self             = true
TestExamplesBasicTest 2022-12-13T14:31:15+01:00 logger.go:66:               - to_port          = 53
TestExamplesBasicTest 2022-12-13T14:31:15+01:00 logger.go:66:             },
TestExamplesBasicTest 2022-12-13T14:31:15+01:00 logger.go:66:         ] -> null
TestExamplesBasicTest 2022-12-13T14:31:15+01:00 logger.go:66:       - name                   = "test-eks-cnr-node-20221213131138288500000007" -> null
TestExamplesBasicTest 2022-12-13T14:31:15+01:00 logger.go:66:       - name_prefix            = "test-eks-cnr-node-" -> null
TestExamplesBasicTest 2022-12-13T14:31:15+01:00 logger.go:66:       - owner_id               = "198655350445" -> null
TestExamplesBasicTest 2022-12-13T14:31:15+01:00 logger.go:66:       - revoke_rules_on_delete = false -> null
TestExamplesBasicTest 2022-12-13T14:31:15+01:00 logger.go:66:       - tags                   = {
TestExamplesBasicTest 2022-12-13T14:31:15+01:00 logger.go:66:           - "Name"                               = "test-eks-cnr-node"
TestExamplesBasicTest 2022-12-13T14:31:15+01:00 logger.go:66:           - "kubernetes.io/cluster/test-eks-cnr" = "owned"
TestExamplesBasicTest 2022-12-13T14:31:15+01:00 logger.go:66:         } -> null
TestExamplesBasicTest 2022-12-13T14:31:15+01:00 logger.go:66:       - tags_all               = {
TestExamplesBasicTest 2022-12-13T14:31:15+01:00 logger.go:66:           - "Name"                               = "test-eks-cnr-node"
TestExamplesBasicTest 2022-12-13T14:31:15+01:00 logger.go:66:           - "kubernetes.io/cluster/test-eks-cnr" = "owned"
TestExamplesBasicTest 2022-12-13T14:31:15+01:00 logger.go:66:         } -> null
TestExamplesBasicTest 2022-12-13T14:31:15+01:00 logger.go:66:       - vpc_id                 = "vpc-0791878fb8ffbc01c" -> null
TestExamplesBasicTest 2022-12-13T14:31:15+01:00 logger.go:66:     }
TestExamplesBasicTest 2022-12-13T14:31:15+01:00 logger.go:66:
TestExamplesBasicTest 2022-12-13T14:31:15+01:00 logger.go:66:   # module.eks_blueprints.module.aws_eks.aws_security_group_rule.cluster["egress_nodes_443"] will be destroyed
TestExamplesBasicTest 2022-12-13T14:31:15+01:00 logger.go:66:   - resource "aws_security_group_rule" "cluster" {
TestExamplesBasicTest 2022-12-13T14:31:15+01:00 logger.go:66:       - description              = "Cluster API to node groups" -> null
TestExamplesBasicTest 2022-12-13T14:31:15+01:00 logger.go:66:       - from_port                = 443 -> null
TestExamplesBasicTest 2022-12-13T14:31:15+01:00 logger.go:66:       - id                       = "sgrule-1547492526" -> null
TestExamplesBasicTest 2022-12-13T14:31:15+01:00 logger.go:66:       - prefix_list_ids          = [] -> null
TestExamplesBasicTest 2022-12-13T14:31:15+01:00 logger.go:66:       - protocol                 = "tcp" -> null
TestExamplesBasicTest 2022-12-13T14:31:15+01:00 logger.go:66:       - security_group_id        = "sg-062eb157e4f3f50dd" -> null
TestExamplesBasicTest 2022-12-13T14:31:15+01:00 logger.go:66:       - security_group_rule_id   = "sgr-0977737f2c81048d4" -> null
TestExamplesBasicTest 2022-12-13T14:31:15+01:00 logger.go:66:       - self                     = false -> null
TestExamplesBasicTest 2022-12-13T14:31:15+01:00 logger.go:66:       - source_security_group_id = "sg-037a7827067035e46" -> null
TestExamplesBasicTest 2022-12-13T14:31:15+01:00 logger.go:66:       - to_port                  = 443 -> null
TestExamplesBasicTest 2022-12-13T14:31:15+01:00 logger.go:66:       - type                     = "egress" -> null
TestExamplesBasicTest 2022-12-13T14:31:15+01:00 logger.go:66:     }
TestExamplesBasicTest 2022-12-13T14:31:15+01:00 logger.go:66:
TestExamplesBasicTest 2022-12-13T14:31:15+01:00 logger.go:66:   # module.eks_blueprints.module.aws_eks.aws_security_group_rule.cluster["egress_nodes_kubelet"] will be destroyed
TestExamplesBasicTest 2022-12-13T14:31:15+01:00 logger.go:66:   - resource "aws_security_group_rule" "cluster" {
TestExamplesBasicTest 2022-12-13T14:31:15+01:00 logger.go:66:       - description              = "Cluster API to node kubelets" -> null
TestExamplesBasicTest 2022-12-13T14:31:15+01:00 logger.go:66:       - from_port                = 10250 -> null
TestExamplesBasicTest 2022-12-13T14:31:15+01:00 logger.go:66:       - id                       = "sgrule-795928884" -> null
TestExamplesBasicTest 2022-12-13T14:31:15+01:00 logger.go:66:       - prefix_list_ids          = [] -> null
TestExamplesBasicTest 2022-12-13T14:31:15+01:00 logger.go:66:       - protocol                 = "tcp" -> null
TestExamplesBasicTest 2022-12-13T14:31:15+01:00 logger.go:66:       - security_group_id        = "sg-062eb157e4f3f50dd" -> null
TestExamplesBasicTest 2022-12-13T14:31:15+01:00 logger.go:66:       - security_group_rule_id   = "sgr-0c10c16d02d5d70d7" -> null
TestExamplesBasicTest 2022-12-13T14:31:15+01:00 logger.go:66:       - self                     = false -> null
TestExamplesBasicTest 2022-12-13T14:31:15+01:00 logger.go:66:       - source_security_group_id = "sg-037a7827067035e46" -> null
TestExamplesBasicTest 2022-12-13T14:31:15+01:00 logger.go:66:       - to_port                  = 10250 -> null
TestExamplesBasicTest 2022-12-13T14:31:15+01:00 logger.go:66:       - type                     = "egress" -> null
TestExamplesBasicTest 2022-12-13T14:31:15+01:00 logger.go:66:     }
TestExamplesBasicTest 2022-12-13T14:31:15+01:00 logger.go:66:
TestExamplesBasicTest 2022-12-13T14:31:15+01:00 logger.go:66:   # module.eks_blueprints.module.aws_eks.aws_security_group_rule.cluster["ingress_nodes_443"] will be destroyed
TestExamplesBasicTest 2022-12-13T14:31:15+01:00 logger.go:66:   - resource "aws_security_group_rule" "cluster" {
TestExamplesBasicTest 2022-12-13T14:31:15+01:00 logger.go:66:       - description              = "Node groups to cluster API" -> null
TestExamplesBasicTest 2022-12-13T14:31:15+01:00 logger.go:66:       - from_port                = 443 -> null
TestExamplesBasicTest 2022-12-13T14:31:15+01:00 logger.go:66:       - id                       = "sgrule-4015531125" -> null
TestExamplesBasicTest 2022-12-13T14:31:15+01:00 logger.go:66:       - prefix_list_ids          = [] -> null
TestExamplesBasicTest 2022-12-13T14:31:15+01:00 logger.go:66:       - protocol                 = "tcp" -> null
TestExamplesBasicTest 2022-12-13T14:31:15+01:00 logger.go:66:       - security_group_id        = "sg-062eb157e4f3f50dd" -> null
TestExamplesBasicTest 2022-12-13T14:31:15+01:00 logger.go:66:       - security_group_rule_id   = "sgr-0977737f2c81048d4" -> null
TestExamplesBasicTest 2022-12-13T14:31:15+01:00 logger.go:66:       - self                     = false -> null
TestExamplesBasicTest 2022-12-13T14:31:15+01:00 logger.go:66:       - source_security_group_id = "sg-037a7827067035e46" -> null
TestExamplesBasicTest 2022-12-13T14:31:15+01:00 logger.go:66:       - to_port                  = 443 -> null
TestExamplesBasicTest 2022-12-13T14:31:15+01:00 logger.go:66:       - type                     = "ingress" -> null
TestExamplesBasicTest 2022-12-13T14:31:15+01:00 logger.go:66:     }
TestExamplesBasicTest 2022-12-13T14:31:15+01:00 logger.go:66:
TestExamplesBasicTest 2022-12-13T14:31:15+01:00 logger.go:66:   # module.eks_blueprints.module.aws_eks.aws_security_group_rule.node["cluster_to_load_balancer_controller_webhook"] will be destroyed
TestExamplesBasicTest 2022-12-13T14:31:15+01:00 logger.go:66:   - resource "aws_security_group_rule" "node" {
TestExamplesBasicTest 2022-12-13T14:31:15+01:00 logger.go:66:       - description            = "Cluster to load balancer controller webhook" -> null
TestExamplesBasicTest 2022-12-13T14:31:15+01:00 logger.go:66:       - from_port              = 9443 -> null
TestExamplesBasicTest 2022-12-13T14:31:15+01:00 logger.go:66:       - id                     = "sgrule-2323331812" -> null
TestExamplesBasicTest 2022-12-13T14:31:15+01:00 logger.go:66:       - prefix_list_ids        = [] -> null
TestExamplesBasicTest 2022-12-13T14:31:15+01:00 logger.go:66:       - protocol               = "tcp" -> null
TestExamplesBasicTest 2022-12-13T14:31:15+01:00 logger.go:66:       - security_group_id      = "sg-037a7827067035e46" -> null
TestExamplesBasicTest 2022-12-13T14:31:15+01:00 logger.go:66:       - security_group_rule_id = "sgr-0cbb5f9e22fc4b063" -> null
TestExamplesBasicTest 2022-12-13T14:31:15+01:00 logger.go:66:       - self                   = true -> null
TestExamplesBasicTest 2022-12-13T14:31:15+01:00 logger.go:66:       - to_port                = 9443 -> null
TestExamplesBasicTest 2022-12-13T14:31:15+01:00 logger.go:66:       - type                   = "ingress" -> null
TestExamplesBasicTest 2022-12-13T14:31:15+01:00 logger.go:66:     }
TestExamplesBasicTest 2022-12-13T14:31:15+01:00 logger.go:66:
TestExamplesBasicTest 2022-12-13T14:31:15+01:00 logger.go:66:   # module.eks_blueprints.module.aws_eks.aws_security_group_rule.node["cluster_to_nginx_webhook"] will be destroyed
TestExamplesBasicTest 2022-12-13T14:31:15+01:00 logger.go:66:   - resource "aws_security_group_rule" "node" {
TestExamplesBasicTest 2022-12-13T14:31:15+01:00 logger.go:66:       - description            = "Cluster to ingress-nginx webhook" -> null
TestExamplesBasicTest 2022-12-13T14:31:15+01:00 logger.go:66:       - from_port              = 8443 -> null
TestExamplesBasicTest 2022-12-13T14:31:15+01:00 logger.go:66:       - id                     = "sgrule-4007266607" -> null
TestExamplesBasicTest 2022-12-13T14:31:15+01:00 logger.go:66:       - prefix_list_ids        = [] -> null
TestExamplesBasicTest 2022-12-13T14:31:15+01:00 logger.go:66:       - protocol               = "tcp" -> null
TestExamplesBasicTest 2022-12-13T14:31:15+01:00 logger.go:66:       - security_group_id      = "sg-037a7827067035e46" -> null
TestExamplesBasicTest 2022-12-13T14:31:15+01:00 logger.go:66:       - security_group_rule_id = "sgr-0abd9fbfb3ed958ac" -> null
TestExamplesBasicTest 2022-12-13T14:31:15+01:00 logger.go:66:       - self                   = true -> null
TestExamplesBasicTest 2022-12-13T14:31:15+01:00 logger.go:66:       - to_port                = 8443 -> null
TestExamplesBasicTest 2022-12-13T14:31:15+01:00 logger.go:66:       - type                   = "ingress" -> null
TestExamplesBasicTest 2022-12-13T14:31:15+01:00 logger.go:66:     }
TestExamplesBasicTest 2022-12-13T14:31:15+01:00 logger.go:66:
TestExamplesBasicTest 2022-12-13T14:31:15+01:00 logger.go:66:   # module.eks_blueprints.module.aws_eks.aws_security_group_rule.node["egress_cluster_443"] will be destroyed
TestExamplesBasicTest 2022-12-13T14:31:15+01:00 logger.go:66:   - resource "aws_security_group_rule" "node" {
TestExamplesBasicTest 2022-12-13T14:31:15+01:00 logger.go:66:       - description              = "Node groups to cluster API" -> null
TestExamplesBasicTest 2022-12-13T14:31:15+01:00 logger.go:66:       - from_port                = 443 -> null
TestExamplesBasicTest 2022-12-13T14:31:15+01:00 logger.go:66:       - id                       = "sgrule-893876747" -> null
TestExamplesBasicTest 2022-12-13T14:31:15+01:00 logger.go:66:       - prefix_list_ids          = [] -> null
TestExamplesBasicTest 2022-12-13T14:31:15+01:00 logger.go:66:       - protocol                 = "tcp" -> null
TestExamplesBasicTest 2022-12-13T14:31:15+01:00 logger.go:66:       - security_group_id        = "sg-037a7827067035e46" -> null
TestExamplesBasicTest 2022-12-13T14:31:15+01:00 logger.go:66:       - security_group_rule_id   = "sgr-02a7796332f22ad88" -> null
TestExamplesBasicTest 2022-12-13T14:31:15+01:00 logger.go:66:       - self                     = false -> null
TestExamplesBasicTest 2022-12-13T14:31:15+01:00 logger.go:66:       - source_security_group_id = "sg-062eb157e4f3f50dd" -> null
TestExamplesBasicTest 2022-12-13T14:31:15+01:00 logger.go:66:       - to_port                  = 443 -> null
TestExamplesBasicTest 2022-12-13T14:31:15+01:00 logger.go:66:       - type                     = "egress" -> null
TestExamplesBasicTest 2022-12-13T14:31:15+01:00 logger.go:66:     }
TestExamplesBasicTest 2022-12-13T14:31:15+01:00 logger.go:66:
TestExamplesBasicTest 2022-12-13T14:31:15+01:00 logger.go:66:   # module.eks_blueprints.module.aws_eks.aws_security_group_rule.node["egress_https"] will be destroyed
TestExamplesBasicTest 2022-12-13T14:31:15+01:00 logger.go:66:   - resource "aws_security_group_rule" "node" {
TestExamplesBasicTest 2022-12-13T14:31:15+01:00 logger.go:66:       - cidr_blocks            = [
TestExamplesBasicTest 2022-12-13T14:31:15+01:00 logger.go:66:           - "0.0.0.0/0",
TestExamplesBasicTest 2022-12-13T14:31:15+01:00 logger.go:66:         ] -> null
TestExamplesBasicTest 2022-12-13T14:31:15+01:00 logger.go:66:       - description            = "Egress all HTTPS to internet" -> null
TestExamplesBasicTest 2022-12-13T14:31:15+01:00 logger.go:66:       - from_port              = 443 -> null
TestExamplesBasicTest 2022-12-13T14:31:15+01:00 logger.go:66:       - id                     = "sgrule-2202762223" -> null
TestExamplesBasicTest 2022-12-13T14:31:15+01:00 logger.go:66:       - prefix_list_ids        = [] -> null
TestExamplesBasicTest 2022-12-13T14:31:15+01:00 logger.go:66:       - protocol               = "tcp" -> null
TestExamplesBasicTest 2022-12-13T14:31:15+01:00 logger.go:66:       - security_group_id      = "sg-037a7827067035e46" -> null
TestExamplesBasicTest 2022-12-13T14:31:15+01:00 logger.go:66:       - security_group_rule_id = "sgr-01a17de386e9e3e63" -> null
TestExamplesBasicTest 2022-12-13T14:31:15+01:00 logger.go:66:       - self                   = false -> null
TestExamplesBasicTest 2022-12-13T14:31:15+01:00 logger.go:66:       - to_port                = 443 -> null
TestExamplesBasicTest 2022-12-13T14:31:15+01:00 logger.go:66:       - type                   = "egress" -> null
TestExamplesBasicTest 2022-12-13T14:31:15+01:00 logger.go:66:     }
TestExamplesBasicTest 2022-12-13T14:31:15+01:00 logger.go:66:
TestExamplesBasicTest 2022-12-13T14:31:15+01:00 logger.go:66:   # module.eks_blueprints.module.aws_eks.aws_security_group_rule.node["egress_ntp_tcp"] will be destroyed
TestExamplesBasicTest 2022-12-13T14:31:15+01:00 logger.go:66:   - resource "aws_security_group_rule" "node" {
TestExamplesBasicTest 2022-12-13T14:31:15+01:00 logger.go:66:       - cidr_blocks            = [
TestExamplesBasicTest 2022-12-13T14:31:15+01:00 logger.go:66:           - "0.0.0.0/0",
TestExamplesBasicTest 2022-12-13T14:31:15+01:00 logger.go:66:         ] -> null
TestExamplesBasicTest 2022-12-13T14:31:15+01:00 logger.go:66:       - description            = "Egress NTP/TCP to internet" -> null
TestExamplesBasicTest 2022-12-13T14:31:15+01:00 logger.go:66:       - from_port              = 123 -> null
TestExamplesBasicTest 2022-12-13T14:31:15+01:00 logger.go:66:       - id                     = "sgrule-1553286897" -> null
TestExamplesBasicTest 2022-12-13T14:31:15+01:00 logger.go:66:       - prefix_list_ids        = [] -> null
TestExamplesBasicTest 2022-12-13T14:31:15+01:00 logger.go:66:       - protocol               = "tcp" -> null
TestExamplesBasicTest 2022-12-13T14:31:15+01:00 logger.go:66:       - security_group_id      = "sg-037a7827067035e46" -> null
TestExamplesBasicTest 2022-12-13T14:31:15+01:00 logger.go:66:       - security_group_rule_id = "sgr-0673f0a0c48c75bb5" -> null
TestExamplesBasicTest 2022-12-13T14:31:15+01:00 logger.go:66:       - self                   = false -> null
TestExamplesBasicTest 2022-12-13T14:31:15+01:00 logger.go:66:       - to_port                = 123 -> null
TestExamplesBasicTest 2022-12-13T14:31:15+01:00 logger.go:66:       - type                   = "egress" -> null
TestExamplesBasicTest 2022-12-13T14:31:15+01:00 logger.go:66:     }
TestExamplesBasicTest 2022-12-13T14:31:15+01:00 logger.go:66:
TestExamplesBasicTest 2022-12-13T14:31:15+01:00 logger.go:66:   # module.eks_blueprints.module.aws_eks.aws_security_group_rule.node["egress_ntp_udp"] will be destroyed
TestExamplesBasicTest 2022-12-13T14:31:15+01:00 logger.go:66:   - resource "aws_security_group_rule" "node" {
TestExamplesBasicTest 2022-12-13T14:31:15+01:00 logger.go:66:       - cidr_blocks            = [
TestExamplesBasicTest 2022-12-13T14:31:15+01:00 logger.go:66:           - "0.0.0.0/0",
TestExamplesBasicTest 2022-12-13T14:31:15+01:00 logger.go:66:         ] -> null
TestExamplesBasicTest 2022-12-13T14:31:15+01:00 logger.go:66:       - description            = "Egress NTP/UDP to internet" -> null
TestExamplesBasicTest 2022-12-13T14:31:15+01:00 logger.go:66:       - from_port              = 123 -> null
TestExamplesBasicTest 2022-12-13T14:31:15+01:00 logger.go:66:       - id                     = "sgrule-571171836" -> null
TestExamplesBasicTest 2022-12-13T14:31:15+01:00 logger.go:66:       - prefix_list_ids        = [] -> null
TestExamplesBasicTest 2022-12-13T14:31:15+01:00 logger.go:66:       - protocol               = "udp" -> null
TestExamplesBasicTest 2022-12-13T14:31:15+01:00 logger.go:66:       - security_group_id      = "sg-037a7827067035e46" -> null
TestExamplesBasicTest 2022-12-13T14:31:15+01:00 logger.go:66:       - security_group_rule_id = "sgr-0edb6dad05dc972cf" -> null
TestExamplesBasicTest 2022-12-13T14:31:15+01:00 logger.go:66:       - self                   = false -> null
TestExamplesBasicTest 2022-12-13T14:31:15+01:00 logger.go:66:       - to_port                = 123 -> null
TestExamplesBasicTest 2022-12-13T14:31:15+01:00 logger.go:66:       - type                   = "egress" -> null
TestExamplesBasicTest 2022-12-13T14:31:15+01:00 logger.go:66:     }
TestExamplesBasicTest 2022-12-13T14:31:15+01:00 logger.go:66:
TestExamplesBasicTest 2022-12-13T14:31:15+01:00 logger.go:66:   # module.eks_blueprints.module.aws_eks.aws_security_group_rule.node["egress_self_coredns_tcp"] will be destroyed
TestExamplesBasicTest 2022-12-13T14:31:15+01:00 logger.go:66:   - resource "aws_security_group_rule" "node" {
TestExamplesBasicTest 2022-12-13T14:31:15+01:00 logger.go:66:       - description            = "Node to node CoreDNS" -> null
TestExamplesBasicTest 2022-12-13T14:31:15+01:00 logger.go:66:       - from_port              = 53 -> null
TestExamplesBasicTest 2022-12-13T14:31:15+01:00 logger.go:66:       - id                     = "sgrule-2184819475" -> null
TestExamplesBasicTest 2022-12-13T14:31:15+01:00 logger.go:66:       - prefix_list_ids        = [] -> null
TestExamplesBasicTest 2022-12-13T14:31:15+01:00 logger.go:66:       - protocol               = "tcp" -> null
TestExamplesBasicTest 2022-12-13T14:31:15+01:00 logger.go:66:       - security_group_id      = "sg-037a7827067035e46" -> null
TestExamplesBasicTest 2022-12-13T14:31:15+01:00 logger.go:66:       - security_group_rule_id = "sgr-00c39e4eae12bc36f" -> null
TestExamplesBasicTest 2022-12-13T14:31:15+01:00 logger.go:66:       - self                   = true -> null
TestExamplesBasicTest 2022-12-13T14:31:15+01:00 logger.go:66:       - to_port                = 53 -> null
TestExamplesBasicTest 2022-12-13T14:31:15+01:00 logger.go:66:       - type                   = "egress" -> null
TestExamplesBasicTest 2022-12-13T14:31:15+01:00 logger.go:66:     }
TestExamplesBasicTest 2022-12-13T14:31:15+01:00 logger.go:66:
TestExamplesBasicTest 2022-12-13T14:31:15+01:00 logger.go:66:   # module.eks_blueprints.module.aws_eks.aws_security_group_rule.node["egress_self_coredns_udp"] will be destroyed
TestExamplesBasicTest 2022-12-13T14:31:15+01:00 logger.go:66:   - resource "aws_security_group_rule" "node" {
TestExamplesBasicTest 2022-12-13T14:31:15+01:00 logger.go:66:       - description            = "Node to node CoreDNS" -> null
TestExamplesBasicTest 2022-12-13T14:31:15+01:00 logger.go:66:       - from_port              = 53 -> null
TestExamplesBasicTest 2022-12-13T14:31:15+01:00 logger.go:66:       - id                     = "sgrule-207499637" -> null
TestExamplesBasicTest 2022-12-13T14:31:15+01:00 logger.go:66:       - prefix_list_ids        = [] -> null
TestExamplesBasicTest 2022-12-13T14:31:15+01:00 logger.go:66:       - protocol               = "udp" -> null
TestExamplesBasicTest 2022-12-13T14:31:15+01:00 logger.go:66:       - security_group_id      = "sg-037a7827067035e46" -> null
TestExamplesBasicTest 2022-12-13T14:31:15+01:00 logger.go:66:       - security_group_rule_id = "sgr-0db6a0a8d856cb6f2" -> null
TestExamplesBasicTest 2022-12-13T14:31:15+01:00 logger.go:66:       - self                   = true -> null
TestExamplesBasicTest 2022-12-13T14:31:15+01:00 logger.go:66:       - to_port                = 53 -> null
TestExamplesBasicTest 2022-12-13T14:31:15+01:00 logger.go:66:       - type                   = "egress" -> null
TestExamplesBasicTest 2022-12-13T14:31:15+01:00 logger.go:66:     }
TestExamplesBasicTest 2022-12-13T14:31:15+01:00 logger.go:66:
TestExamplesBasicTest 2022-12-13T14:31:15+01:00 logger.go:66:   # module.eks_blueprints.module.aws_eks.aws_security_group_rule.node["ingress_cluster_443"] will be destroyed
TestExamplesBasicTest 2022-12-13T14:31:15+01:00 logger.go:66:   - resource "aws_security_group_rule" "node" {
TestExamplesBasicTest 2022-12-13T14:31:15+01:00 logger.go:66:       - description              = "Cluster API to node groups" -> null
TestExamplesBasicTest 2022-12-13T14:31:15+01:00 logger.go:66:       - from_port                = 443 -> null
TestExamplesBasicTest 2022-12-13T14:31:15+01:00 logger.go:66:       - id                       = "sgrule-2750980230" -> null
TestExamplesBasicTest 2022-12-13T14:31:15+01:00 logger.go:66:       - prefix_list_ids          = [] -> null
TestExamplesBasicTest 2022-12-13T14:31:15+01:00 logger.go:66:       - protocol                 = "tcp" -> null
TestExamplesBasicTest 2022-12-13T14:31:15+01:00 logger.go:66:       - security_group_id        = "sg-037a7827067035e46" -> null
TestExamplesBasicTest 2022-12-13T14:31:15+01:00 logger.go:66:       - security_group_rule_id   = "sgr-04fcfefa05333e220" -> null
TestExamplesBasicTest 2022-12-13T14:31:15+01:00 logger.go:66:       - self                     = false -> null
TestExamplesBasicTest 2022-12-13T14:31:15+01:00 logger.go:66:       - source_security_group_id = "sg-062eb157e4f3f50dd" -> null
TestExamplesBasicTest 2022-12-13T14:31:15+01:00 logger.go:66:       - to_port                  = 443 -> null
TestExamplesBasicTest 2022-12-13T14:31:15+01:00 logger.go:66:       - type                     = "ingress" -> null
TestExamplesBasicTest 2022-12-13T14:31:15+01:00 logger.go:66:     }
TestExamplesBasicTest 2022-12-13T14:31:15+01:00 logger.go:66:
TestExamplesBasicTest 2022-12-13T14:31:15+01:00 logger.go:66:   # module.eks_blueprints.module.aws_eks.aws_security_group_rule.node["ingress_cluster_kubelet"] will be destroyed
TestExamplesBasicTest 2022-12-13T14:31:15+01:00 logger.go:66:   - resource "aws_security_group_rule" "node" {
TestExamplesBasicTest 2022-12-13T14:31:15+01:00 logger.go:66:       - description              = "Cluster API to node kubelets" -> null
TestExamplesBasicTest 2022-12-13T14:31:15+01:00 logger.go:66:       - from_port                = 10250 -> null
TestExamplesBasicTest 2022-12-13T14:31:15+01:00 logger.go:66:       - id                       = "sgrule-706228959" -> null
TestExamplesBasicTest 2022-12-13T14:31:15+01:00 logger.go:66:       - prefix_list_ids          = [] -> null
TestExamplesBasicTest 2022-12-13T14:31:15+01:00 logger.go:66:       - protocol                 = "tcp" -> null
TestExamplesBasicTest 2022-12-13T14:31:15+01:00 logger.go:66:       - security_group_id        = "sg-037a7827067035e46" -> null
TestExamplesBasicTest 2022-12-13T14:31:15+01:00 logger.go:66:       - security_group_rule_id   = "sgr-042c5e978c2e9e009" -> null
TestExamplesBasicTest 2022-12-13T14:31:15+01:00 logger.go:66:       - self                     = false -> null
TestExamplesBasicTest 2022-12-13T14:31:15+01:00 logger.go:66:       - source_security_group_id = "sg-062eb157e4f3f50dd" -> null
TestExamplesBasicTest 2022-12-13T14:31:15+01:00 logger.go:66:       - to_port                  = 10250 -> null
TestExamplesBasicTest 2022-12-13T14:31:15+01:00 logger.go:66:       - type                     = "ingress" -> null
TestExamplesBasicTest 2022-12-13T14:31:15+01:00 logger.go:66:     }
TestExamplesBasicTest 2022-12-13T14:31:15+01:00 logger.go:66:
TestExamplesBasicTest 2022-12-13T14:31:15+01:00 logger.go:66:   # module.eks_blueprints.module.aws_eks.aws_security_group_rule.node["ingress_self_coredns_tcp"] will be destroyed
TestExamplesBasicTest 2022-12-13T14:31:15+01:00 logger.go:66:   - resource "aws_security_group_rule" "node" {
TestExamplesBasicTest 2022-12-13T14:31:15+01:00 logger.go:66:       - description            = "Node to node CoreDNS" -> null
TestExamplesBasicTest 2022-12-13T14:31:15+01:00 logger.go:66:       - from_port              = 53 -> null
TestExamplesBasicTest 2022-12-13T14:31:15+01:00 logger.go:66:       - id                     = "sgrule-1515646507" -> null
TestExamplesBasicTest 2022-12-13T14:31:15+01:00 logger.go:66:       - prefix_list_ids        = [] -> null
TestExamplesBasicTest 2022-12-13T14:31:15+01:00 logger.go:66:       - protocol               = "tcp" -> null
TestExamplesBasicTest 2022-12-13T14:31:15+01:00 logger.go:66:       - security_group_id      = "sg-037a7827067035e46" -> null
TestExamplesBasicTest 2022-12-13T14:31:15+01:00 logger.go:66:       - security_group_rule_id = "sgr-09150ffbaa252341e" -> null
TestExamplesBasicTest 2022-12-13T14:31:15+01:00 logger.go:66:       - self                   = true -> null
TestExamplesBasicTest 2022-12-13T14:31:15+01:00 logger.go:66:       - to_port                = 53 -> null
TestExamplesBasicTest 2022-12-13T14:31:15+01:00 logger.go:66:       - type                   = "ingress" -> null
TestExamplesBasicTest 2022-12-13T14:31:15+01:00 logger.go:66:     }
TestExamplesBasicTest 2022-12-13T14:31:15+01:00 logger.go:66:
TestExamplesBasicTest 2022-12-13T14:31:15+01:00 logger.go:66:   # module.eks_blueprints.module.aws_eks.aws_security_group_rule.node["ingress_self_coredns_udp"] will be destroyed
TestExamplesBasicTest 2022-12-13T14:31:15+01:00 logger.go:66:   - resource "aws_security_group_rule" "node" {
TestExamplesBasicTest 2022-12-13T14:31:15+01:00 logger.go:66:       - description            = "Node to node CoreDNS" -> null
TestExamplesBasicTest 2022-12-13T14:31:15+01:00 logger.go:66:       - from_port              = 53 -> null
TestExamplesBasicTest 2022-12-13T14:31:15+01:00 logger.go:66:       - id                     = "sgrule-4262022596" -> null
TestExamplesBasicTest 2022-12-13T14:31:15+01:00 logger.go:66:       - prefix_list_ids        = [] -> null
TestExamplesBasicTest 2022-12-13T14:31:15+01:00 logger.go:66:       - protocol               = "udp" -> null
TestExamplesBasicTest 2022-12-13T14:31:15+01:00 logger.go:66:       - security_group_id      = "sg-037a7827067035e46" -> null
TestExamplesBasicTest 2022-12-13T14:31:15+01:00 logger.go:66:       - security_group_rule_id = "sgr-0f66e899f41633ddb" -> null
TestExamplesBasicTest 2022-12-13T14:31:15+01:00 logger.go:66:       - self                   = true -> null
TestExamplesBasicTest 2022-12-13T14:31:15+01:00 logger.go:66:       - to_port                = 53 -> null
TestExamplesBasicTest 2022-12-13T14:31:15+01:00 logger.go:66:       - type                   = "ingress" -> null
TestExamplesBasicTest 2022-12-13T14:31:15+01:00 logger.go:66:     }
TestExamplesBasicTest 2022-12-13T14:31:15+01:00 logger.go:66:
TestExamplesBasicTest 2022-12-13T14:31:15+01:00 logger.go:66:   # module.eks_blueprints.module.aws_eks_managed_node_groups["t3_medium"].aws_eks_node_group.managed_ng will be destroyed
TestExamplesBasicTest 2022-12-13T14:31:15+01:00 logger.go:66:   - resource "aws_eks_node_group" "managed_ng" {
TestExamplesBasicTest 2022-12-13T14:31:15+01:00 logger.go:66:       - ami_type               = "AL2_x86_64" -> null
TestExamplesBasicTest 2022-12-13T14:31:15+01:00 logger.go:66:       - arn                    = "arn:aws:eks:eu-central-1:198655350445:nodegroup/test-eks-cnr/managed-ondemand-2022121313225795950000000d/b4c285d3-901d-f00e-5a1d-a9ae37a979ae" -> null
TestExamplesBasicTest 2022-12-13T14:31:15+01:00 logger.go:66:       - capacity_type          = "ON_DEMAND" -> null
TestExamplesBasicTest 2022-12-13T14:31:15+01:00 logger.go:66:       - cluster_name           = "test-eks-cnr" -> null
TestExamplesBasicTest 2022-12-13T14:31:15+01:00 logger.go:66:       - disk_size              = 50 -> null
TestExamplesBasicTest 2022-12-13T14:31:15+01:00 logger.go:66:       - id                     = "test-eks-cnr:managed-ondemand-2022121313225795950000000d" -> null
TestExamplesBasicTest 2022-12-13T14:31:15+01:00 logger.go:66:       - instance_types         = [
TestExamplesBasicTest 2022-12-13T14:31:15+01:00 logger.go:66:           - "t3.medium",
TestExamplesBasicTest 2022-12-13T14:31:15+01:00 logger.go:66:         ] -> null
TestExamplesBasicTest 2022-12-13T14:31:15+01:00 logger.go:66:       - labels                 = {} -> null
TestExamplesBasicTest 2022-12-13T14:31:15+01:00 logger.go:66:       - node_group_name        = "managed-ondemand-2022121313225795950000000d" -> null
TestExamplesBasicTest 2022-12-13T14:31:15+01:00 logger.go:66:       - node_group_name_prefix = "managed-ondemand-" -> null
TestExamplesBasicTest 2022-12-13T14:31:15+01:00 logger.go:66:       - node_role_arn          = "arn:aws:iam::198655350445:role/test-eks-cnr-managed-ondemand" -> null
TestExamplesBasicTest 2022-12-13T14:31:15+01:00 logger.go:66:       - release_version        = "1.23.13-20221112" -> null
TestExamplesBasicTest 2022-12-13T14:31:15+01:00 logger.go:66:       - resources              = [
TestExamplesBasicTest 2022-12-13T14:31:15+01:00 logger.go:66:           - {
TestExamplesBasicTest 2022-12-13T14:31:15+01:00 logger.go:66:               - autoscaling_groups              = [
TestExamplesBasicTest 2022-12-13T14:31:15+01:00 logger.go:66:                   - {
TestExamplesBasicTest 2022-12-13T14:31:15+01:00 logger.go:66:                       - name = "eks-managed-ondemand-2022121313225795950000000d-b4c285d3-901d-f00e-5a1d-a9ae37a979ae"
TestExamplesBasicTest 2022-12-13T14:31:15+01:00 logger.go:66:                     },
TestExamplesBasicTest 2022-12-13T14:31:15+01:00 logger.go:66:                 ]
TestExamplesBasicTest 2022-12-13T14:31:15+01:00 logger.go:66:               - remote_access_security_group_id = ""
TestExamplesBasicTest 2022-12-13T14:31:15+01:00 logger.go:66:             },
TestExamplesBasicTest 2022-12-13T14:31:15+01:00 logger.go:66:         ] -> null
TestExamplesBasicTest 2022-12-13T14:31:15+01:00 logger.go:66:       - status                 = "ACTIVE" -> null
TestExamplesBasicTest 2022-12-13T14:31:15+01:00 logger.go:66:       - subnet_ids             = [
TestExamplesBasicTest 2022-12-13T14:31:15+01:00 logger.go:66:           - "subnet-028265bda5f04784f",
TestExamplesBasicTest 2022-12-13T14:31:15+01:00 logger.go:66:           - "subnet-07924d65ec1758e43",
TestExamplesBasicTest 2022-12-13T14:31:15+01:00 logger.go:66:           - "subnet-0b1d33d6b5cb901a8",
TestExamplesBasicTest 2022-12-13T14:31:15+01:00 logger.go:66:         ] -> null
TestExamplesBasicTest 2022-12-13T14:31:15+01:00 logger.go:66:       - tags                   = {
TestExamplesBasicTest 2022-12-13T14:31:15+01:00 logger.go:66:           - "Name"                                   = "test-eks-cnr-managed-ondemand"
TestExamplesBasicTest 2022-12-13T14:31:15+01:00 logger.go:66:           - "k8s.io/cluster-autoscaler/enabled"      = "TRUE"
TestExamplesBasicTest 2022-12-13T14:31:15+01:00 logger.go:66:           - "k8s.io/cluster-autoscaler/test-eks-cnr" = "owned"
TestExamplesBasicTest 2022-12-13T14:31:15+01:00 logger.go:66:           - "kubernetes.io/cluster/test-eks-cnr"     = "owned"
TestExamplesBasicTest 2022-12-13T14:31:15+01:00 logger.go:66:           - "managed-by"                             = "terraform-aws-eks-blueprints"
TestExamplesBasicTest 2022-12-13T14:31:15+01:00 logger.go:66:         } -> null
TestExamplesBasicTest 2022-12-13T14:31:15+01:00 logger.go:66:       - tags_all               = {
TestExamplesBasicTest 2022-12-13T14:31:15+01:00 logger.go:66:           - "Name"                                   = "test-eks-cnr-managed-ondemand"
TestExamplesBasicTest 2022-12-13T14:31:15+01:00 logger.go:66:           - "k8s.io/cluster-autoscaler/enabled"      = "TRUE"
TestExamplesBasicTest 2022-12-13T14:31:15+01:00 logger.go:66:           - "k8s.io/cluster-autoscaler/test-eks-cnr" = "owned"
TestExamplesBasicTest 2022-12-13T14:31:15+01:00 logger.go:66:           - "kubernetes.io/cluster/test-eks-cnr"     = "owned"
TestExamplesBasicTest 2022-12-13T14:31:15+01:00 logger.go:66:           - "managed-by"                             = "terraform-aws-eks-blueprints"
TestExamplesBasicTest 2022-12-13T14:31:15+01:00 logger.go:66:         } -> null
TestExamplesBasicTest 2022-12-13T14:31:15+01:00 logger.go:66:       - version                = "1.23" -> null
TestExamplesBasicTest 2022-12-13T14:31:15+01:00 logger.go:66:
TestExamplesBasicTest 2022-12-13T14:31:15+01:00 logger.go:66:       - scaling_config {
TestExamplesBasicTest 2022-12-13T14:31:15+01:00 logger.go:66:           - desired_size = 3 -> null
TestExamplesBasicTest 2022-12-13T14:31:15+01:00 logger.go:66:           - max_size     = 3 -> null
TestExamplesBasicTest 2022-12-13T14:31:15+01:00 logger.go:66:           - min_size     = 1 -> null
TestExamplesBasicTest 2022-12-13T14:31:15+01:00 logger.go:66:         }
TestExamplesBasicTest 2022-12-13T14:31:15+01:00 logger.go:66:
TestExamplesBasicTest 2022-12-13T14:31:15+01:00 logger.go:66:       - timeouts {
TestExamplesBasicTest 2022-12-13T14:31:15+01:00 logger.go:66:           - create = "30m" -> null
TestExamplesBasicTest 2022-12-13T14:31:15+01:00 logger.go:66:           - delete = "30m" -> null
TestExamplesBasicTest 2022-12-13T14:31:15+01:00 logger.go:66:           - update = "2h" -> null
TestExamplesBasicTest 2022-12-13T14:31:15+01:00 logger.go:66:         }
TestExamplesBasicTest 2022-12-13T14:31:15+01:00 logger.go:66:
TestExamplesBasicTest 2022-12-13T14:31:15+01:00 logger.go:66:       - update_config {
TestExamplesBasicTest 2022-12-13T14:31:15+01:00 logger.go:66:           - max_unavailable            = 1 -> null
TestExamplesBasicTest 2022-12-13T14:31:15+01:00 logger.go:66:           - max_unavailable_percentage = 0 -> null
TestExamplesBasicTest 2022-12-13T14:31:15+01:00 logger.go:66:         }
TestExamplesBasicTest 2022-12-13T14:31:15+01:00 logger.go:66:     }
TestExamplesBasicTest 2022-12-13T14:31:15+01:00 logger.go:66:
TestExamplesBasicTest 2022-12-13T14:31:15+01:00 logger.go:66:   # module.eks_blueprints.module.aws_eks_managed_node_groups["t3_medium"].aws_iam_instance_profile.managed_ng[0] will be destroyed
TestExamplesBasicTest 2022-12-13T14:31:15+01:00 logger.go:66:   - resource "aws_iam_instance_profile" "managed_ng" {
TestExamplesBasicTest 2022-12-13T14:31:15+01:00 logger.go:66:       - arn         = "arn:aws:iam::198655350445:instance-profile/test-eks-cnr-managed-ondemand" -> null
TestExamplesBasicTest 2022-12-13T14:31:15+01:00 logger.go:66:       - create_date = "2022-12-13T13:22:59Z" -> null
TestExamplesBasicTest 2022-12-13T14:31:15+01:00 logger.go:66:       - id          = "test-eks-cnr-managed-ondemand" -> null
TestExamplesBasicTest 2022-12-13T14:31:15+01:00 logger.go:66:       - name        = "test-eks-cnr-managed-ondemand" -> null
TestExamplesBasicTest 2022-12-13T14:31:15+01:00 logger.go:66:       - path        = "/" -> null
TestExamplesBasicTest 2022-12-13T14:31:15+01:00 logger.go:66:       - role        = "test-eks-cnr-managed-ondemand" -> null
TestExamplesBasicTest 2022-12-13T14:31:15+01:00 logger.go:66:       - tags        = {} -> null
TestExamplesBasicTest 2022-12-13T14:31:15+01:00 logger.go:66:       - tags_all    = {} -> null
TestExamplesBasicTest 2022-12-13T14:31:15+01:00 logger.go:66:       - unique_id   = "AIPAS4QGIC2WSZVUYNAYU" -> null
TestExamplesBasicTest 2022-12-13T14:31:15+01:00 logger.go:66:     }
TestExamplesBasicTest 2022-12-13T14:31:15+01:00 logger.go:66:
TestExamplesBasicTest 2022-12-13T14:31:15+01:00 logger.go:66:   # module.eks_blueprints.module.aws_eks_managed_node_groups["t3_medium"].aws_iam_role.managed_ng[0] will be destroyed
TestExamplesBasicTest 2022-12-13T14:31:15+01:00 logger.go:66:   - resource "aws_iam_role" "managed_ng" {
TestExamplesBasicTest 2022-12-13T14:31:15+01:00 logger.go:66:       - arn                   = "arn:aws:iam::198655350445:role/test-eks-cnr-managed-ondemand" -> null
TestExamplesBasicTest 2022-12-13T14:31:15+01:00 logger.go:66:       - assume_role_policy    = jsonencode(
TestExamplesBasicTest 2022-12-13T14:31:15+01:00 logger.go:66:             {
TestExamplesBasicTest 2022-12-13T14:31:15+01:00 logger.go:66:               - Statement = [
TestExamplesBasicTest 2022-12-13T14:31:15+01:00 logger.go:66:                   - {
TestExamplesBasicTest 2022-12-13T14:31:15+01:00 logger.go:66:                       - Action    = "sts:AssumeRole"
TestExamplesBasicTest 2022-12-13T14:31:15+01:00 logger.go:66:                       - Effect    = "Allow"
TestExamplesBasicTest 2022-12-13T14:31:15+01:00 logger.go:66:                       - Principal = {
TestExamplesBasicTest 2022-12-13T14:31:15+01:00 logger.go:66:                           - Service = "ec2.amazonaws.com"
TestExamplesBasicTest 2022-12-13T14:31:15+01:00 logger.go:66:                         }
TestExamplesBasicTest 2022-12-13T14:31:15+01:00 logger.go:66:                       - Sid       = "EKSWorkerAssumeRole"
TestExamplesBasicTest 2022-12-13T14:31:15+01:00 logger.go:66:                     },
TestExamplesBasicTest 2022-12-13T14:31:15+01:00 logger.go:66:                 ]
TestExamplesBasicTest 2022-12-13T14:31:15+01:00 logger.go:66:               - Version   = "2012-10-17"
TestExamplesBasicTest 2022-12-13T14:31:15+01:00 logger.go:66:             }
TestExamplesBasicTest 2022-12-13T14:31:15+01:00 logger.go:66:         ) -> null
TestExamplesBasicTest 2022-12-13T14:31:15+01:00 logger.go:66:       - create_date           = "2022-12-13T13:22:58Z" -> null
TestExamplesBasicTest 2022-12-13T14:31:15+01:00 logger.go:66:       - description           = "EKS Managed Node group IAM Role" -> null
TestExamplesBasicTest 2022-12-13T14:31:15+01:00 logger.go:66:       - force_detach_policies = true -> null
TestExamplesBasicTest 2022-12-13T14:31:15+01:00 logger.go:66:       - id                    = "test-eks-cnr-managed-ondemand" -> null
TestExamplesBasicTest 2022-12-13T14:31:15+01:00 logger.go:66:       - managed_policy_arns   = [
TestExamplesBasicTest 2022-12-13T14:31:15+01:00 logger.go:66:           - "arn:aws:iam::aws:policy/AmazonEC2ContainerRegistryReadOnly",
TestExamplesBasicTest 2022-12-13T14:31:15+01:00 logger.go:66:           - "arn:aws:iam::aws:policy/AmazonEKSWorkerNodePolicy",
TestExamplesBasicTest 2022-12-13T14:31:15+01:00 logger.go:66:           - "arn:aws:iam::aws:policy/AmazonEKS_CNI_Policy",
TestExamplesBasicTest 2022-12-13T14:31:15+01:00 logger.go:66:           - "arn:aws:iam::aws:policy/AmazonSSMManagedInstanceCore",
TestExamplesBasicTest 2022-12-13T14:31:15+01:00 logger.go:66:         ] -> null
TestExamplesBasicTest 2022-12-13T14:31:15+01:00 logger.go:66:       - max_session_duration  = 3600 -> null
TestExamplesBasicTest 2022-12-13T14:31:15+01:00 logger.go:66:       - name                  = "test-eks-cnr-managed-ondemand" -> null
TestExamplesBasicTest 2022-12-13T14:31:15+01:00 logger.go:66:       - path                  = "/" -> null
TestExamplesBasicTest 2022-12-13T14:31:15+01:00 logger.go:66:       - tags                  = {} -> null
TestExamplesBasicTest 2022-12-13T14:31:15+01:00 logger.go:66:       - tags_all              = {} -> null
TestExamplesBasicTest 2022-12-13T14:31:15+01:00 logger.go:66:       - unique_id             = "AROAS4QGIC2WYOGKCXVRQ" -> null
TestExamplesBasicTest 2022-12-13T14:31:15+01:00 logger.go:66:     }
TestExamplesBasicTest 2022-12-13T14:31:15+01:00 logger.go:66:
TestExamplesBasicTest 2022-12-13T14:31:15+01:00 logger.go:66:   # module.eks_blueprints.module.aws_eks_managed_node_groups["t3_medium"].aws_iam_role_policy_attachment.managed_ng["arn:aws:iam::aws:policy/AmazonEC2ContainerRegistryReadOnly"] will be destroyed
TestExamplesBasicTest 2022-12-13T14:31:15+01:00 logger.go:66:   - resource "aws_iam_role_policy_attachment" "managed_ng" {
TestExamplesBasicTest 2022-12-13T14:31:15+01:00 logger.go:66:       - id         = "test-eks-cnr-managed-ondemand-2022121313225763850000000b" -> null
TestExamplesBasicTest 2022-12-13T14:31:15+01:00 logger.go:66:       - policy_arn = "arn:aws:iam::aws:policy/AmazonEC2ContainerRegistryReadOnly" -> null
TestExamplesBasicTest 2022-12-13T14:31:15+01:00 logger.go:66:       - role       = "test-eks-cnr-managed-ondemand" -> null
TestExamplesBasicTest 2022-12-13T14:31:15+01:00 logger.go:66:     }
TestExamplesBasicTest 2022-12-13T14:31:15+01:00 logger.go:66:
TestExamplesBasicTest 2022-12-13T14:31:15+01:00 logger.go:66:   # module.eks_blueprints.module.aws_eks_managed_node_groups["t3_medium"].aws_iam_role_policy_attachment.managed_ng["arn:aws:iam::aws:policy/AmazonEKSWorkerNodePolicy"] will be destroyed
TestExamplesBasicTest 2022-12-13T14:31:15+01:00 logger.go:66:   - resource "aws_iam_role_policy_attachment" "managed_ng" {
TestExamplesBasicTest 2022-12-13T14:31:15+01:00 logger.go:66:       - id         = "test-eks-cnr-managed-ondemand-2022121313225766710000000c" -> null
TestExamplesBasicTest 2022-12-13T14:31:15+01:00 logger.go:66:       - policy_arn = "arn:aws:iam::aws:policy/AmazonEKSWorkerNodePolicy" -> null
TestExamplesBasicTest 2022-12-13T14:31:15+01:00 logger.go:66:       - role       = "test-eks-cnr-managed-ondemand" -> null
TestExamplesBasicTest 2022-12-13T14:31:15+01:00 logger.go:66:     }
TestExamplesBasicTest 2022-12-13T14:31:15+01:00 logger.go:66:
TestExamplesBasicTest 2022-12-13T14:31:15+01:00 logger.go:66:   # module.eks_blueprints.module.aws_eks_managed_node_groups["t3_medium"].aws_iam_role_policy_attachment.managed_ng["arn:aws:iam::aws:policy/AmazonEKS_CNI_Policy"] will be destroyed
TestExamplesBasicTest 2022-12-13T14:31:15+01:00 logger.go:66:   - resource "aws_iam_role_policy_attachment" "managed_ng" {
TestExamplesBasicTest 2022-12-13T14:31:15+01:00 logger.go:66:       - id         = "test-eks-cnr-managed-ondemand-20221213132257343000000009" -> null
TestExamplesBasicTest 2022-12-13T14:31:15+01:00 logger.go:66:       - policy_arn = "arn:aws:iam::aws:policy/AmazonEKS_CNI_Policy" -> null
TestExamplesBasicTest 2022-12-13T14:31:15+01:00 logger.go:66:       - role       = "test-eks-cnr-managed-ondemand" -> null
TestExamplesBasicTest 2022-12-13T14:31:15+01:00 logger.go:66:     }
TestExamplesBasicTest 2022-12-13T14:31:15+01:00 logger.go:66:
TestExamplesBasicTest 2022-12-13T14:31:15+01:00 logger.go:66:   # module.eks_blueprints.module.aws_eks_managed_node_groups["t3_medium"].aws_iam_role_policy_attachment.managed_ng["arn:aws:iam::aws:policy/AmazonSSMManagedInstanceCore"] will be destroyed
TestExamplesBasicTest 2022-12-13T14:31:15+01:00 logger.go:66:   - resource "aws_iam_role_policy_attachment" "managed_ng" {
TestExamplesBasicTest 2022-12-13T14:31:15+01:00 logger.go:66:       - id         = "test-eks-cnr-managed-ondemand-2022121313225748670000000a" -> null
TestExamplesBasicTest 2022-12-13T14:31:15+01:00 logger.go:66:       - policy_arn = "arn:aws:iam::aws:policy/AmazonSSMManagedInstanceCore" -> null
TestExamplesBasicTest 2022-12-13T14:31:15+01:00 logger.go:66:       - role       = "test-eks-cnr-managed-ondemand" -> null
TestExamplesBasicTest 2022-12-13T14:31:15+01:00 logger.go:66:     }
TestExamplesBasicTest 2022-12-13T14:31:15+01:00 logger.go:66:
TestExamplesBasicTest 2022-12-13T14:31:15+01:00 logger.go:66:   # module.eks_blueprints.module.kms[0].aws_kms_alias.this will be destroyed
TestExamplesBasicTest 2022-12-13T14:31:15+01:00 logger.go:66:   - resource "aws_kms_alias" "this" {
TestExamplesBasicTest 2022-12-13T14:31:15+01:00 logger.go:66:       - arn            = "arn:aws:kms:eu-central-1:198655350445:alias/test-eks-cnr" -> null
TestExamplesBasicTest 2022-12-13T14:31:15+01:00 logger.go:66:       - id             = "alias/test-eks-cnr" -> null
TestExamplesBasicTest 2022-12-13T14:31:15+01:00 logger.go:66:       - name           = "alias/test-eks-cnr" -> null
TestExamplesBasicTest 2022-12-13T14:31:15+01:00 logger.go:66:       - target_key_arn = "arn:aws:kms:eu-central-1:198655350445:key/aaf9ea20-8db5-442e-963f-65c24a741ecb" -> null
TestExamplesBasicTest 2022-12-13T14:31:15+01:00 logger.go:66:       - target_key_id  = "aaf9ea20-8db5-442e-963f-65c24a741ecb" -> null
TestExamplesBasicTest 2022-12-13T14:31:15+01:00 logger.go:66:     }
TestExamplesBasicTest 2022-12-13T14:31:15+01:00 logger.go:66:
TestExamplesBasicTest 2022-12-13T14:31:15+01:00 logger.go:66:   # module.eks_blueprints.module.kms[0].aws_kms_key.this will be destroyed
TestExamplesBasicTest 2022-12-13T14:31:15+01:00 logger.go:66:   - resource "aws_kms_key" "this" {
TestExamplesBasicTest 2022-12-13T14:31:15+01:00 logger.go:66:       - arn                                = "arn:aws:kms:eu-central-1:198655350445:key/aaf9ea20-8db5-442e-963f-65c24a741ecb" -> null
TestExamplesBasicTest 2022-12-13T14:31:15+01:00 logger.go:66:       - bypass_policy_lockout_safety_check = false -> null
TestExamplesBasicTest 2022-12-13T14:31:15+01:00 logger.go:66:       - customer_master_key_spec           = "SYMMETRIC_DEFAULT" -> null
TestExamplesBasicTest 2022-12-13T14:31:15+01:00 logger.go:66:       - deletion_window_in_days            = 30 -> null
TestExamplesBasicTest 2022-12-13T14:31:15+01:00 logger.go:66:       - description                        = "test-eks-cnr EKS cluster secret encryption key" -> null
TestExamplesBasicTest 2022-12-13T14:31:15+01:00 logger.go:66:       - enable_key_rotation                = true -> null
TestExamplesBasicTest 2022-12-13T14:31:15+01:00 logger.go:66:       - id                                 = "aaf9ea20-8db5-442e-963f-65c24a741ecb" -> null
TestExamplesBasicTest 2022-12-13T14:31:15+01:00 logger.go:66:       - is_enabled                         = true -> null
TestExamplesBasicTest 2022-12-13T14:31:15+01:00 logger.go:66:       - key_id                             = "aaf9ea20-8db5-442e-963f-65c24a741ecb" -> null
TestExamplesBasicTest 2022-12-13T14:31:15+01:00 logger.go:66:       - key_usage                          = "ENCRYPT_DECRYPT" -> null
TestExamplesBasicTest 2022-12-13T14:31:15+01:00 logger.go:66:       - multi_region                       = false -> null
TestExamplesBasicTest 2022-12-13T14:31:15+01:00 logger.go:66:       - policy                             = jsonencode(
TestExamplesBasicTest 2022-12-13T14:31:15+01:00 logger.go:66:             {
TestExamplesBasicTest 2022-12-13T14:31:15+01:00 logger.go:66:               - Statement = [
TestExamplesBasicTest 2022-12-13T14:31:15+01:00 logger.go:66:                   - {
TestExamplesBasicTest 2022-12-13T14:31:15+01:00 logger.go:66:                       - Action    = [
TestExamplesBasicTest 2022-12-13T14:31:15+01:00 logger.go:66:                           - "kms:ReEncrypt*",
TestExamplesBasicTest 2022-12-13T14:31:15+01:00 logger.go:66:                           - "kms:GenerateDataKey*",
TestExamplesBasicTest 2022-12-13T14:31:15+01:00 logger.go:66:                           - "kms:Encrypt",
TestExamplesBasicTest 2022-12-13T14:31:15+01:00 logger.go:66:                           - "kms:DescribeKey",
TestExamplesBasicTest 2022-12-13T14:31:15+01:00 logger.go:66:                           - "kms:Decrypt",
TestExamplesBasicTest 2022-12-13T14:31:15+01:00 logger.go:66:                           - "kms:CreateGrant",
TestExamplesBasicTest 2022-12-13T14:31:15+01:00 logger.go:66:                         ]
TestExamplesBasicTest 2022-12-13T14:31:15+01:00 logger.go:66:                       - Condition = {
TestExamplesBasicTest 2022-12-13T14:31:15+01:00 logger.go:66:                           - StringEquals = {
TestExamplesBasicTest 2022-12-13T14:31:15+01:00 logger.go:66:                               - "kms:CallerAccount" = "198655350445"
TestExamplesBasicTest 2022-12-13T14:31:15+01:00 logger.go:66:                               - "kms:ViaService"    = "eks.eu-central-1.amazonaws.com"
TestExamplesBasicTest 2022-12-13T14:31:15+01:00 logger.go:66:                             }
TestExamplesBasicTest 2022-12-13T14:31:15+01:00 logger.go:66:                         }
TestExamplesBasicTest 2022-12-13T14:31:15+01:00 logger.go:66:                       - Effect    = "Allow"
TestExamplesBasicTest 2022-12-13T14:31:15+01:00 logger.go:66:                       - Principal = {
TestExamplesBasicTest 2022-12-13T14:31:15+01:00 logger.go:66:                           - AWS = "arn:aws:iam::198655350445:root"
TestExamplesBasicTest 2022-12-13T14:31:15+01:00 logger.go:66:                         }
TestExamplesBasicTest 2022-12-13T14:31:15+01:00 logger.go:66:                       - Resource  = "*"
TestExamplesBasicTest 2022-12-13T14:31:15+01:00 logger.go:66:                       - Sid       = "Allow access for all principals in the account that are authorized"
TestExamplesBasicTest 2022-12-13T14:31:15+01:00 logger.go:66:                     },
TestExamplesBasicTest 2022-12-13T14:31:15+01:00 logger.go:66:                   - {
TestExamplesBasicTest 2022-12-13T14:31:15+01:00 logger.go:66:                       - Action    = [
TestExamplesBasicTest 2022-12-13T14:31:15+01:00 logger.go:66:                           - "kms:RevokeGrant",
TestExamplesBasicTest 2022-12-13T14:31:15+01:00 logger.go:66:                           - "kms:List*",
TestExamplesBasicTest 2022-12-13T14:31:15+01:00 logger.go:66:                           - "kms:Get*",
TestExamplesBasicTest 2022-12-13T14:31:15+01:00 logger.go:66:                           - "kms:Describe*",
TestExamplesBasicTest 2022-12-13T14:31:15+01:00 logger.go:66:                         ]
TestExamplesBasicTest 2022-12-13T14:31:15+01:00 logger.go:66:                       - Effect    = "Allow"
TestExamplesBasicTest 2022-12-13T14:31:15+01:00 logger.go:66:                       - Principal = {
TestExamplesBasicTest 2022-12-13T14:31:15+01:00 logger.go:66:                           - AWS = "arn:aws:iam::198655350445:root"
TestExamplesBasicTest 2022-12-13T14:31:15+01:00 logger.go:66:                         }
TestExamplesBasicTest 2022-12-13T14:31:15+01:00 logger.go:66:                       - Resource  = "*"
TestExamplesBasicTest 2022-12-13T14:31:15+01:00 logger.go:66:                       - Sid       = "Allow direct access to key metadata to the account"
TestExamplesBasicTest 2022-12-13T14:31:15+01:00 logger.go:66:                     },
TestExamplesBasicTest 2022-12-13T14:31:15+01:00 logger.go:66:                   - {
TestExamplesBasicTest 2022-12-13T14:31:15+01:00 logger.go:66:                       - Action    = "kms:*"
TestExamplesBasicTest 2022-12-13T14:31:15+01:00 logger.go:66:                       - Effect    = "Allow"
TestExamplesBasicTest 2022-12-13T14:31:15+01:00 logger.go:66:                       - Principal = {
TestExamplesBasicTest 2022-12-13T14:31:15+01:00 logger.go:66:                           - AWS = "arn:aws:iam::198655350445:user/geoffrey"
TestExamplesBasicTest 2022-12-13T14:31:15+01:00 logger.go:66:                         }
TestExamplesBasicTest 2022-12-13T14:31:15+01:00 logger.go:66:                       - Resource  = "*"
TestExamplesBasicTest 2022-12-13T14:31:15+01:00 logger.go:66:                       - Sid       = "Allow access for Key Administrators"
TestExamplesBasicTest 2022-12-13T14:31:15+01:00 logger.go:66:                     },
TestExamplesBasicTest 2022-12-13T14:31:15+01:00 logger.go:66:                   - {
TestExamplesBasicTest 2022-12-13T14:31:15+01:00 logger.go:66:                       - Action    = [
TestExamplesBasicTest 2022-12-13T14:31:15+01:00 logger.go:66:                           - "kms:ReEncrypt*",
TestExamplesBasicTest 2022-12-13T14:31:15+01:00 logger.go:66:                           - "kms:GenerateDataKey*",
TestExamplesBasicTest 2022-12-13T14:31:15+01:00 logger.go:66:                           - "kms:Encrypt",
TestExamplesBasicTest 2022-12-13T14:31:15+01:00 logger.go:66:                           - "kms:DescribeKey",
TestExamplesBasicTest 2022-12-13T14:31:15+01:00 logger.go:66:                           - "kms:Decrypt",
TestExamplesBasicTest 2022-12-13T14:31:15+01:00 logger.go:66:                         ]
TestExamplesBasicTest 2022-12-13T14:31:15+01:00 logger.go:66:                       - Effect    = "Allow"
TestExamplesBasicTest 2022-12-13T14:31:15+01:00 logger.go:66:                       - Principal = {
TestExamplesBasicTest 2022-12-13T14:31:15+01:00 logger.go:66:                           - AWS = "arn:aws:iam::198655350445:role/test-eks-cnr-cluster-role"
TestExamplesBasicTest 2022-12-13T14:31:15+01:00 logger.go:66:                         }
TestExamplesBasicTest 2022-12-13T14:31:15+01:00 logger.go:66:                       - Resource  = "*"
TestExamplesBasicTest 2022-12-13T14:31:15+01:00 logger.go:66:                       - Sid       = "Allow use of the key"
TestExamplesBasicTest 2022-12-13T14:31:15+01:00 logger.go:66:                     },
TestExamplesBasicTest 2022-12-13T14:31:15+01:00 logger.go:66:                   - {
TestExamplesBasicTest 2022-12-13T14:31:15+01:00 logger.go:66:                       - Action    = [
TestExamplesBasicTest 2022-12-13T14:31:15+01:00 logger.go:66:                           - "kms:RevokeGrant",
TestExamplesBasicTest 2022-12-13T14:31:15+01:00 logger.go:66:                           - "kms:ListGrants",
TestExamplesBasicTest 2022-12-13T14:31:15+01:00 logger.go:66:                           - "kms:CreateGrant",
TestExamplesBasicTest 2022-12-13T14:31:15+01:00 logger.go:66:                         ]
TestExamplesBasicTest 2022-12-13T14:31:15+01:00 logger.go:66:                       - Condition = {
TestExamplesBasicTest 2022-12-13T14:31:15+01:00 logger.go:66:                           - Bool = {
TestExamplesBasicTest 2022-12-13T14:31:15+01:00 logger.go:66:                               - "kms:GrantIsForAWSResource" = "true"
TestExamplesBasicTest 2022-12-13T14:31:15+01:00 logger.go:66:                             }
TestExamplesBasicTest 2022-12-13T14:31:15+01:00 logger.go:66:                         }
TestExamplesBasicTest 2022-12-13T14:31:15+01:00 logger.go:66:                       - Effect    = "Allow"
TestExamplesBasicTest 2022-12-13T14:31:15+01:00 logger.go:66:                       - Principal = {
TestExamplesBasicTest 2022-12-13T14:31:15+01:00 logger.go:66:                           - AWS = "arn:aws:iam::198655350445:role/test-eks-cnr-cluster-role"
TestExamplesBasicTest 2022-12-13T14:31:15+01:00 logger.go:66:                         }
TestExamplesBasicTest 2022-12-13T14:31:15+01:00 logger.go:66:                       - Resource  = "*"
TestExamplesBasicTest 2022-12-13T14:31:15+01:00 logger.go:66:                       - Sid       = "Allow attachment of persistent resources"
TestExamplesBasicTest 2022-12-13T14:31:15+01:00 logger.go:66:                     },
TestExamplesBasicTest 2022-12-13T14:31:15+01:00 logger.go:66:                 ]
TestExamplesBasicTest 2022-12-13T14:31:15+01:00 logger.go:66:               - Version   = "2012-10-17"
TestExamplesBasicTest 2022-12-13T14:31:15+01:00 logger.go:66:             }
TestExamplesBasicTest 2022-12-13T14:31:15+01:00 logger.go:66:         ) -> null
TestExamplesBasicTest 2022-12-13T14:31:15+01:00 logger.go:66:       - tags                               = {} -> null
TestExamplesBasicTest 2022-12-13T14:31:15+01:00 logger.go:66:       - tags_all                           = {} -> null
TestExamplesBasicTest 2022-12-13T14:31:15+01:00 logger.go:66:     }
TestExamplesBasicTest 2022-12-13T14:31:15+01:00 logger.go:66:
TestExamplesBasicTest 2022-12-13T14:31:15+01:00 logger.go:66: Plan: 0 to add, 0 to change, 33 to destroy.
TestExamplesBasicTest 2022-12-13T14:31:16+01:00 logger.go:66: helm_release.loki: Destroying... [id=loki-stack]
TestExamplesBasicTest 2022-12-13T14:31:18+01:00 logger.go:66: helm_release.loki: Destruction complete after 2s
TestExamplesBasicTest 2022-12-13T14:31:18+01:00 logger.go:66: module.eks_blueprints.module.kms[0].aws_kms_alias.this: Destroying... [id=alias/test-eks-cnr]
TestExamplesBasicTest 2022-12-13T14:31:18+01:00 logger.go:66: module.eks_blueprints.module.aws_eks.aws_iam_openid_connect_provider.oidc_provider[0]: Destroying... [id=arn:aws:iam::198655350445:oidc-provider/oidc.eks.eu-central-1.amazonaws.com/id/7864DCD89C8A3F7C0EDC840780A1362D]
TestExamplesBasicTest 2022-12-13T14:31:18+01:00 logger.go:66: module.eks_blueprints.module.aws_eks_managed_node_groups["t3_medium"].aws_eks_node_group.managed_ng: Destroying... [id=test-eks-cnr:managed-ondemand-2022121313225795950000000d]
TestExamplesBasicTest 2022-12-13T14:31:18+01:00 logger.go:66: module.eks_blueprints.module.kms[0].aws_kms_alias.this: Destruction complete after 0s
TestExamplesBasicTest 2022-12-13T14:31:19+01:00 logger.go:66: module.eks_blueprints.module.aws_eks.aws_iam_openid_connect_provider.oidc_provider[0]: Destruction complete after 0s
TestExamplesBasicTest 2022-12-13T14:31:28+01:00 logger.go:66: module.eks_blueprints.module.aws_eks_managed_node_groups["t3_medium"].aws_eks_node_group.managed_ng: Still destroying... [id=test-eks-cnr:managed-ondemand-2022121313225795950000000d, 10s elapsed]
TestExamplesBasicTest 2022-12-13T14:31:38+01:00 logger.go:66: module.eks_blueprints.module.aws_eks_managed_node_groups["t3_medium"].aws_eks_node_group.managed_ng: Still destroying... [id=test-eks-cnr:managed-ondemand-2022121313225795950000000d, 20s elapsed]
TestExamplesBasicTest 2022-12-13T14:31:48+01:00 logger.go:66: module.eks_blueprints.module.aws_eks_managed_node_groups["t3_medium"].aws_eks_node_group.managed_ng: Still destroying... [id=test-eks-cnr:managed-ondemand-2022121313225795950000000d, 30s elapsed]
TestExamplesBasicTest 2022-12-13T14:31:58+01:00 logger.go:66: module.eks_blueprints.module.aws_eks_managed_node_groups["t3_medium"].aws_eks_node_group.managed_ng: Still destroying... [id=test-eks-cnr:managed-ondemand-2022121313225795950000000d, 40s elapsed]
TestExamplesBasicTest 2022-12-13T14:32:08+01:00 logger.go:66: module.eks_blueprints.module.aws_eks_managed_node_groups["t3_medium"].aws_eks_node_group.managed_ng: Still destroying... [id=test-eks-cnr:managed-ondemand-2022121313225795950000000d, 50s elapsed]
TestExamplesBasicTest 2022-12-13T14:32:18+01:00 logger.go:66: module.eks_blueprints.module.aws_eks_managed_node_groups["t3_medium"].aws_eks_node_group.managed_ng: Still destroying... [id=test-eks-cnr:managed-ondemand-2022121313225795950000000d, 1m0s elapsed]
TestExamplesBasicTest 2022-12-13T14:32:28+01:00 logger.go:66: module.eks_blueprints.module.aws_eks_managed_node_groups["t3_medium"].aws_eks_node_group.managed_ng: Still destroying... [id=test-eks-cnr:managed-ondemand-2022121313225795950000000d, 1m10s elapsed]
TestExamplesBasicTest 2022-12-13T14:32:38+01:00 logger.go:66: module.eks_blueprints.module.aws_eks_managed_node_groups["t3_medium"].aws_eks_node_group.managed_ng: Still destroying... [id=test-eks-cnr:managed-ondemand-2022121313225795950000000d, 1m20s elapsed]
TestExamplesBasicTest 2022-12-13T14:32:48+01:00 logger.go:66: module.eks_blueprints.module.aws_eks_managed_node_groups["t3_medium"].aws_eks_node_group.managed_ng: Still destroying... [id=test-eks-cnr:managed-ondemand-2022121313225795950000000d, 1m30s elapsed]
TestExamplesBasicTest 2022-12-13T14:32:58+01:00 logger.go:66: module.eks_blueprints.module.aws_eks_managed_node_groups["t3_medium"].aws_eks_node_group.managed_ng: Still destroying... [id=test-eks-cnr:managed-ondemand-2022121313225795950000000d, 1m40s elapsed]
TestExamplesBasicTest 2022-12-13T14:33:08+01:00 logger.go:66: module.eks_blueprints.module.aws_eks_managed_node_groups["t3_medium"].aws_eks_node_group.managed_ng: Still destroying... [id=test-eks-cnr:managed-ondemand-2022121313225795950000000d, 1m50s elapsed]
TestExamplesBasicTest 2022-12-13T14:33:18+01:00 logger.go:66: module.eks_blueprints.module.aws_eks_managed_node_groups["t3_medium"].aws_eks_node_group.managed_ng: Still destroying... [id=test-eks-cnr:managed-ondemand-2022121313225795950000000d, 2m0s elapsed]
TestExamplesBasicTest 2022-12-13T14:33:28+01:00 logger.go:66: module.eks_blueprints.module.aws_eks_managed_node_groups["t3_medium"].aws_eks_node_group.managed_ng: Still destroying... [id=test-eks-cnr:managed-ondemand-2022121313225795950000000d, 2m10s elapsed]
TestExamplesBasicTest 2022-12-13T14:33:38+01:00 logger.go:66: module.eks_blueprints.module.aws_eks_managed_node_groups["t3_medium"].aws_eks_node_group.managed_ng: Still destroying... [id=test-eks-cnr:managed-ondemand-2022121313225795950000000d, 2m20s elapsed]
TestExamplesBasicTest 2022-12-13T14:33:48+01:00 logger.go:66: module.eks_blueprints.module.aws_eks_managed_node_groups["t3_medium"].aws_eks_node_group.managed_ng: Still destroying... [id=test-eks-cnr:managed-ondemand-2022121313225795950000000d, 2m30s elapsed]
TestExamplesBasicTest 2022-12-13T14:33:58+01:00 logger.go:66: module.eks_blueprints.module.aws_eks_managed_node_groups["t3_medium"].aws_eks_node_group.managed_ng: Still destroying... [id=test-eks-cnr:managed-ondemand-2022121313225795950000000d, 2m40s elapsed]
TestExamplesBasicTest 2022-12-13T14:34:08+01:00 logger.go:66: module.eks_blueprints.module.aws_eks_managed_node_groups["t3_medium"].aws_eks_node_group.managed_ng: Still destroying... [id=test-eks-cnr:managed-ondemand-2022121313225795950000000d, 2m50s elapsed]
TestExamplesBasicTest 2022-12-13T14:34:18+01:00 logger.go:66: module.eks_blueprints.module.aws_eks_managed_node_groups["t3_medium"].aws_eks_node_group.managed_ng: Still destroying... [id=test-eks-cnr:managed-ondemand-2022121313225795950000000d, 3m0s elapsed]
TestExamplesBasicTest 2022-12-13T14:34:28+01:00 logger.go:66: module.eks_blueprints.module.aws_eks_managed_node_groups["t3_medium"].aws_eks_node_group.managed_ng: Still destroying... [id=test-eks-cnr:managed-ondemand-2022121313225795950000000d, 3m10s elapsed]
TestExamplesBasicTest 2022-12-13T14:34:38+01:00 logger.go:66: module.eks_blueprints.module.aws_eks_managed_node_groups["t3_medium"].aws_eks_node_group.managed_ng: Still destroying... [id=test-eks-cnr:managed-ondemand-2022121313225795950000000d, 3m20s elapsed]
TestExamplesBasicTest 2022-12-13T14:34:48+01:00 logger.go:66: module.eks_blueprints.module.aws_eks_managed_node_groups["t3_medium"].aws_eks_node_group.managed_ng: Still destroying... [id=test-eks-cnr:managed-ondemand-2022121313225795950000000d, 3m30s elapsed]
TestExamplesBasicTest 2022-12-13T14:34:58+01:00 logger.go:66: module.eks_blueprints.module.aws_eks_managed_node_groups["t3_medium"].aws_eks_node_group.managed_ng: Still destroying... [id=test-eks-cnr:managed-ondemand-2022121313225795950000000d, 3m40s elapsed]
TestExamplesBasicTest 2022-12-13T14:35:08+01:00 logger.go:66: module.eks_blueprints.module.aws_eks_managed_node_groups["t3_medium"].aws_eks_node_group.managed_ng: Still destroying... [id=test-eks-cnr:managed-ondemand-2022121313225795950000000d, 3m50s elapsed]
TestExamplesBasicTest 2022-12-13T14:35:18+01:00 logger.go:66: module.eks_blueprints.module.aws_eks_managed_node_groups["t3_medium"].aws_eks_node_group.managed_ng: Still destroying... [id=test-eks-cnr:managed-ondemand-2022121313225795950000000d, 4m0s elapsed]
TestExamplesBasicTest 2022-12-13T14:35:28+01:00 logger.go:66: module.eks_blueprints.module.aws_eks_managed_node_groups["t3_medium"].aws_eks_node_group.managed_ng: Still destroying... [id=test-eks-cnr:managed-ondemand-2022121313225795950000000d, 4m10s elapsed]
TestExamplesBasicTest 2022-12-13T14:35:38+01:00 logger.go:66: module.eks_blueprints.module.aws_eks_managed_node_groups["t3_medium"].aws_eks_node_group.managed_ng: Still destroying... [id=test-eks-cnr:managed-ondemand-2022121313225795950000000d, 4m20s elapsed]
TestExamplesBasicTest 2022-12-13T14:35:48+01:00 logger.go:66: module.eks_blueprints.module.aws_eks_managed_node_groups["t3_medium"].aws_eks_node_group.managed_ng: Still destroying... [id=test-eks-cnr:managed-ondemand-2022121313225795950000000d, 4m30s elapsed]
TestExamplesBasicTest 2022-12-13T14:35:58+01:00 logger.go:66: module.eks_blueprints.module.aws_eks_managed_node_groups["t3_medium"].aws_eks_node_group.managed_ng: Still destroying... [id=test-eks-cnr:managed-ondemand-2022121313225795950000000d, 4m40s elapsed]
TestExamplesBasicTest 2022-12-13T14:36:08+01:00 logger.go:66: module.eks_blueprints.module.aws_eks_managed_node_groups["t3_medium"].aws_eks_node_group.managed_ng: Still destroying... [id=test-eks-cnr:managed-ondemand-2022121313225795950000000d, 4m50s elapsed]
TestExamplesBasicTest 2022-12-13T14:36:18+01:00 logger.go:66: module.eks_blueprints.module.aws_eks_managed_node_groups["t3_medium"].aws_eks_node_group.managed_ng: Still destroying... [id=test-eks-cnr:managed-ondemand-2022121313225795950000000d, 5m0s elapsed]
TestExamplesBasicTest 2022-12-13T14:36:28+01:00 logger.go:66: module.eks_blueprints.module.aws_eks_managed_node_groups["t3_medium"].aws_eks_node_group.managed_ng: Still destroying... [id=test-eks-cnr:managed-ondemand-2022121313225795950000000d, 5m10s elapsed]
TestExamplesBasicTest 2022-12-13T14:36:38+01:00 logger.go:66: module.eks_blueprints.module.aws_eks_managed_node_groups["t3_medium"].aws_eks_node_group.managed_ng: Still destroying... [id=test-eks-cnr:managed-ondemand-2022121313225795950000000d, 5m20s elapsed]
TestExamplesBasicTest 2022-12-13T14:36:48+01:00 logger.go:66: module.eks_blueprints.module.aws_eks_managed_node_groups["t3_medium"].aws_eks_node_group.managed_ng: Still destroying... [id=test-eks-cnr:managed-ondemand-2022121313225795950000000d, 5m30s elapsed]
TestExamplesBasicTest 2022-12-13T14:36:58+01:00 logger.go:66: module.eks_blueprints.module.aws_eks_managed_node_groups["t3_medium"].aws_eks_node_group.managed_ng: Still destroying... [id=test-eks-cnr:managed-ondemand-2022121313225795950000000d, 5m40s elapsed]
TestExamplesBasicTest 2022-12-13T14:37:08+01:00 logger.go:66: module.eks_blueprints.module.aws_eks_managed_node_groups["t3_medium"].aws_eks_node_group.managed_ng: Still destroying... [id=test-eks-cnr:managed-ondemand-2022121313225795950000000d, 5m50s elapsed]
TestExamplesBasicTest 2022-12-13T14:37:18+01:00 logger.go:66: module.eks_blueprints.module.aws_eks_managed_node_groups["t3_medium"].aws_eks_node_group.managed_ng: Still destroying... [id=test-eks-cnr:managed-ondemand-2022121313225795950000000d, 6m0s elapsed]
TestExamplesBasicTest 2022-12-13T14:37:28+01:00 logger.go:66: module.eks_blueprints.module.aws_eks_managed_node_groups["t3_medium"].aws_eks_node_group.managed_ng: Still destroying... [id=test-eks-cnr:managed-ondemand-2022121313225795950000000d, 6m10s elapsed]
TestExamplesBasicTest 2022-12-13T14:37:38+01:00 logger.go:66: module.eks_blueprints.module.aws_eks_managed_node_groups["t3_medium"].aws_eks_node_group.managed_ng: Still destroying... [id=test-eks-cnr:managed-ondemand-2022121313225795950000000d, 6m20s elapsed]
TestExamplesBasicTest 2022-12-13T14:37:48+01:00 logger.go:66: module.eks_blueprints.module.aws_eks_managed_node_groups["t3_medium"].aws_eks_node_group.managed_ng: Still destroying... [id=test-eks-cnr:managed-ondemand-2022121313225795950000000d, 6m30s elapsed]
TestExamplesBasicTest 2022-12-13T14:37:58+01:00 logger.go:66: module.eks_blueprints.module.aws_eks_managed_node_groups["t3_medium"].aws_eks_node_group.managed_ng: Still destroying... [id=test-eks-cnr:managed-ondemand-2022121313225795950000000d, 6m40s elapsed]
TestExamplesBasicTest 2022-12-13T14:38:08+01:00 logger.go:66: module.eks_blueprints.module.aws_eks_managed_node_groups["t3_medium"].aws_eks_node_group.managed_ng: Still destroying... [id=test-eks-cnr:managed-ondemand-2022121313225795950000000d, 6m50s elapsed]
TestExamplesBasicTest 2022-12-13T14:38:18+01:00 logger.go:66: module.eks_blueprints.module.aws_eks_managed_node_groups["t3_medium"].aws_eks_node_group.managed_ng: Still destroying... [id=test-eks-cnr:managed-ondemand-2022121313225795950000000d, 7m0s elapsed]
TestExamplesBasicTest 2022-12-13T14:38:28+01:00 logger.go:66: module.eks_blueprints.module.aws_eks_managed_node_groups["t3_medium"].aws_eks_node_group.managed_ng: Still destroying... [id=test-eks-cnr:managed-ondemand-2022121313225795950000000d, 7m10s elapsed]
TestExamplesBasicTest 2022-12-13T14:38:38+01:00 logger.go:66: module.eks_blueprints.module.aws_eks_managed_node_groups["t3_medium"].aws_eks_node_group.managed_ng: Still destroying... [id=test-eks-cnr:managed-ondemand-2022121313225795950000000d, 7m20s elapsed]
TestExamplesBasicTest 2022-12-13T14:38:48+01:00 logger.go:66: module.eks_blueprints.module.aws_eks_managed_node_groups["t3_medium"].aws_eks_node_group.managed_ng: Still destroying... [id=test-eks-cnr:managed-ondemand-2022121313225795950000000d, 7m30s elapsed]
TestExamplesBasicTest 2022-12-13T14:38:58+01:00 logger.go:66: module.eks_blueprints.module.aws_eks_managed_node_groups["t3_medium"].aws_eks_node_group.managed_ng: Still destroying... [id=test-eks-cnr:managed-ondemand-2022121313225795950000000d, 7m40s elapsed]
TestExamplesBasicTest 2022-12-13T14:39:08+01:00 logger.go:66: module.eks_blueprints.module.aws_eks_managed_node_groups["t3_medium"].aws_eks_node_group.managed_ng: Still destroying... [id=test-eks-cnr:managed-ondemand-2022121313225795950000000d, 7m50s elapsed]
TestExamplesBasicTest 2022-12-13T14:39:18+01:00 logger.go:66: module.eks_blueprints.module.aws_eks_managed_node_groups["t3_medium"].aws_eks_node_group.managed_ng: Still destroying... [id=test-eks-cnr:managed-ondemand-2022121313225795950000000d, 8m0s elapsed]
TestExamplesBasicTest 2022-12-13T14:39:28+01:00 logger.go:66: module.eks_blueprints.module.aws_eks_managed_node_groups["t3_medium"].aws_eks_node_group.managed_ng: Still destroying... [id=test-eks-cnr:managed-ondemand-2022121313225795950000000d, 8m10s elapsed]
TestExamplesBasicTest 2022-12-13T14:39:38+01:00 logger.go:66: module.eks_blueprints.module.aws_eks_managed_node_groups["t3_medium"].aws_eks_node_group.managed_ng: Still destroying... [id=test-eks-cnr:managed-ondemand-2022121313225795950000000d, 8m20s elapsed]
TestExamplesBasicTest 2022-12-13T14:39:42+01:00 logger.go:66: module.eks_blueprints.module.aws_eks_managed_node_groups["t3_medium"].aws_eks_node_group.managed_ng: Destruction complete after 8m23s
TestExamplesBasicTest 2022-12-13T14:39:42+01:00 logger.go:66: module.eks_blueprints.module.aws_eks_managed_node_groups["t3_medium"].aws_iam_role_policy_attachment.managed_ng["arn:aws:iam::aws:policy/AmazonEKSWorkerNodePolicy"]: Destroying... [id=test-eks-cnr-managed-ondemand-2022121313225766710000000c]
TestExamplesBasicTest 2022-12-13T14:39:42+01:00 logger.go:66: module.eks_blueprints.module.aws_eks_managed_node_groups["t3_medium"].aws_iam_role_policy_attachment.managed_ng["arn:aws:iam::aws:policy/AmazonEC2ContainerRegistryReadOnly"]: Destroying... [id=test-eks-cnr-managed-ondemand-2022121313225763850000000b]
TestExamplesBasicTest 2022-12-13T14:39:42+01:00 logger.go:66: module.eks_blueprints.module.aws_eks_managed_node_groups["t3_medium"].aws_iam_role_policy_attachment.managed_ng["arn:aws:iam::aws:policy/AmazonEKS_CNI_Policy"]: Destroying... [id=test-eks-cnr-managed-ondemand-20221213132257343000000009]
TestExamplesBasicTest 2022-12-13T14:39:42+01:00 logger.go:66: module.eks_blueprints.module.aws_eks_managed_node_groups["t3_medium"].aws_iam_instance_profile.managed_ng[0]: Destroying... [id=test-eks-cnr-managed-ondemand]
TestExamplesBasicTest 2022-12-13T14:39:42+01:00 logger.go:66: module.eks_blueprints.module.aws_eks_managed_node_groups["t3_medium"].aws_iam_role_policy_attachment.managed_ng["arn:aws:iam::aws:policy/AmazonSSMManagedInstanceCore"]: Destroying... [id=test-eks-cnr-managed-ondemand-2022121313225748670000000a]
TestExamplesBasicTest 2022-12-13T14:39:42+01:00 logger.go:66: module.eks_blueprints.module.aws_eks_managed_node_groups["t3_medium"].aws_iam_role_policy_attachment.managed_ng["arn:aws:iam::aws:policy/AmazonSSMManagedInstanceCore"]: Destruction complete after 1s
TestExamplesBasicTest 2022-12-13T14:39:42+01:00 logger.go:66: module.eks_blueprints.module.aws_eks_managed_node_groups["t3_medium"].aws_iam_role_policy_attachment.managed_ng["arn:aws:iam::aws:policy/AmazonEKSWorkerNodePolicy"]: Destruction complete after 1s
TestExamplesBasicTest 2022-12-13T14:39:42+01:00 logger.go:66: module.eks_blueprints.module.aws_eks_managed_node_groups["t3_medium"].aws_iam_role_policy_attachment.managed_ng["arn:aws:iam::aws:policy/AmazonEKS_CNI_Policy"]: Destruction complete after 1s
TestExamplesBasicTest 2022-12-13T14:39:42+01:00 logger.go:66: module.eks_blueprints.module.aws_eks_managed_node_groups["t3_medium"].aws_iam_role_policy_attachment.managed_ng["arn:aws:iam::aws:policy/AmazonEC2ContainerRegistryReadOnly"]: Destruction complete after 1s
TestExamplesBasicTest 2022-12-13T14:39:42+01:00 logger.go:66: module.eks_blueprints.module.aws_eks_managed_node_groups["t3_medium"].aws_iam_instance_profile.managed_ng[0]: Destruction complete after 1s
TestExamplesBasicTest 2022-12-13T14:39:42+01:00 logger.go:66: module.eks_blueprints.module.aws_eks_managed_node_groups["t3_medium"].aws_iam_role.managed_ng[0]: Destroying... [id=test-eks-cnr-managed-ondemand]
TestExamplesBasicTest 2022-12-13T14:39:43+01:00 logger.go:66: module.eks_blueprints.module.aws_eks_managed_node_groups["t3_medium"].aws_iam_role.managed_ng[0]: Destruction complete after 1s
TestExamplesBasicTest 2022-12-13T14:39:43+01:00 logger.go:66: module.eks_blueprints.kubernetes_config_map.aws_auth[0]: Destroying... [id=kube-system/aws-auth]
TestExamplesBasicTest 2022-12-13T14:39:44+01:00 logger.go:66: module.eks_blueprints.kubernetes_config_map.aws_auth[0]: Destruction complete after 0s
TestExamplesBasicTest 2022-12-13T14:39:44+01:00 logger.go:66: module.eks_blueprints.module.aws_eks.aws_eks_cluster.this[0]: Destroying... [id=test-eks-cnr]
TestExamplesBasicTest 2022-12-13T14:39:54+01:00 logger.go:66: module.eks_blueprints.module.aws_eks.aws_eks_cluster.this[0]: Still destroying... [id=test-eks-cnr, 10s elapsed]
TestExamplesBasicTest 2022-12-13T14:40:04+01:00 logger.go:66: module.eks_blueprints.module.aws_eks.aws_eks_cluster.this[0]: Still destroying... [id=test-eks-cnr, 20s elapsed]
TestExamplesBasicTest 2022-12-13T14:40:14+01:00 logger.go:66: module.eks_blueprints.module.aws_eks.aws_eks_cluster.this[0]: Still destroying... [id=test-eks-cnr, 30s elapsed]
TestExamplesBasicTest 2022-12-13T14:40:24+01:00 logger.go:66: module.eks_blueprints.module.aws_eks.aws_eks_cluster.this[0]: Still destroying... [id=test-eks-cnr, 40s elapsed]
TestExamplesBasicTest 2022-12-13T14:40:34+01:00 logger.go:66: module.eks_blueprints.module.aws_eks.aws_eks_cluster.this[0]: Still destroying... [id=test-eks-cnr, 50s elapsed]
TestExamplesBasicTest 2022-12-13T14:40:44+01:00 logger.go:66: module.eks_blueprints.module.aws_eks.aws_eks_cluster.this[0]: Still destroying... [id=test-eks-cnr, 1m0s elapsed]
TestExamplesBasicTest 2022-12-13T14:40:54+01:00 logger.go:66: module.eks_blueprints.module.aws_eks.aws_eks_cluster.this[0]: Still destroying... [id=test-eks-cnr, 1m10s elapsed]
TestExamplesBasicTest 2022-12-13T14:41:04+01:00 logger.go:66: module.eks_blueprints.module.aws_eks.aws_eks_cluster.this[0]: Still destroying... [id=test-eks-cnr, 1m20s elapsed]
TestExamplesBasicTest 2022-12-13T14:41:14+01:00 logger.go:66: module.eks_blueprints.module.aws_eks.aws_eks_cluster.this[0]: Still destroying... [id=test-eks-cnr, 1m30s elapsed]
TestExamplesBasicTest 2022-12-13T14:41:24+01:00 logger.go:66: module.eks_blueprints.module.aws_eks.aws_eks_cluster.this[0]: Still destroying... [id=test-eks-cnr, 1m40s elapsed]
TestExamplesBasicTest 2022-12-13T14:41:34+01:00 logger.go:66: module.eks_blueprints.module.aws_eks.aws_eks_cluster.this[0]: Still destroying... [id=test-eks-cnr, 1m50s elapsed]
TestExamplesBasicTest 2022-12-13T14:41:44+01:00 logger.go:66: module.eks_blueprints.module.aws_eks.aws_eks_cluster.this[0]: Still destroying... [id=test-eks-cnr, 2m0s elapsed]
TestExamplesBasicTest 2022-12-13T14:41:54+01:00 logger.go:66: module.eks_blueprints.module.aws_eks.aws_eks_cluster.this[0]: Still destroying... [id=test-eks-cnr, 2m10s elapsed]
TestExamplesBasicTest 2022-12-13T14:41:58+01:00 logger.go:66: module.eks_blueprints.module.aws_eks.aws_eks_cluster.this[0]: Destruction complete after 2m14s
TestExamplesBasicTest 2022-12-13T14:41:58+01:00 logger.go:66: module.eks_blueprints.module.aws_eks.aws_iam_role_policy_attachment.this["arn:aws:iam::aws:policy/AmazonEKSClusterPolicy"]: Destroying... [id=test-eks-cnr-cluster-role-20221213131127510100000005]
TestExamplesBasicTest 2022-12-13T14:41:58+01:00 logger.go:66: module.eks_blueprints.module.aws_eks.aws_security_group_rule.node["egress_cluster_443"]: Destroying... [id=sgrule-893876747]
TestExamplesBasicTest 2022-12-13T14:41:58+01:00 logger.go:66: module.eks_blueprints.module.aws_eks.aws_security_group_rule.node["egress_self_coredns_udp"]: Destroying... [id=sgrule-207499637]
TestExamplesBasicTest 2022-12-13T14:41:58+01:00 logger.go:66: module.eks_blueprints.module.aws_eks.aws_security_group_rule.node["ingress_cluster_kubelet"]: Destroying... [id=sgrule-706228959]
TestExamplesBasicTest 2022-12-13T14:41:58+01:00 logger.go:66: module.eks_blueprints.module.aws_eks.aws_iam_role_policy_attachment.this["arn:aws:iam::aws:policy/AmazonEKSVPCResourceController"]: Destroying... [id=test-eks-cnr-cluster-role-20221213131127342900000004]
TestExamplesBasicTest 2022-12-13T14:41:58+01:00 logger.go:66: module.eks_blueprints.module.kms[0].aws_kms_key.this: Destroying... [id=aaf9ea20-8db5-442e-963f-65c24a741ecb]
TestExamplesBasicTest 2022-12-13T14:41:58+01:00 logger.go:66: module.eks_blueprints.module.aws_eks.aws_security_group_rule.node["egress_self_coredns_tcp"]: Destroying... [id=sgrule-2184819475]
TestExamplesBasicTest 2022-12-13T14:41:58+01:00 logger.go:66: module.eks_blueprints.module.aws_eks.aws_security_group_rule.cluster["ingress_nodes_443"]: Destroying... [id=sgrule-4015531125]
TestExamplesBasicTest 2022-12-13T14:41:58+01:00 logger.go:66: module.eks_blueprints.module.aws_eks.aws_security_group_rule.node["ingress_self_coredns_udp"]: Destroying... [id=sgrule-4262022596]
TestExamplesBasicTest 2022-12-13T14:41:58+01:00 logger.go:66: module.eks_blueprints.module.aws_eks.aws_security_group_rule.node["ingress_self_coredns_tcp"]: Destroying... [id=sgrule-1515646507]
TestExamplesBasicTest 2022-12-13T14:41:58+01:00 logger.go:66: module.eks_blueprints.module.kms[0].aws_kms_key.this: Destruction complete after 0s
TestExamplesBasicTest 2022-12-13T14:41:58+01:00 logger.go:66: module.eks_blueprints.module.aws_eks.aws_security_group_rule.node["cluster_to_nginx_webhook"]: Destroying... [id=sgrule-4007266607]
TestExamplesBasicTest 2022-12-13T14:41:58+01:00 logger.go:66: module.eks_blueprints.module.aws_eks.aws_security_group_rule.cluster["ingress_nodes_443"]: Destruction complete after 0s
TestExamplesBasicTest 2022-12-13T14:41:59+01:00 logger.go:66: module.eks_blueprints.module.aws_eks.aws_iam_role_policy_attachment.this["arn:aws:iam::aws:policy/AmazonEKSClusterPolicy"]: Destruction complete after 0s
TestExamplesBasicTest 2022-12-13T14:41:59+01:00 logger.go:66: module.eks_blueprints.module.aws_eks.aws_iam_role_policy_attachment.this["arn:aws:iam::aws:policy/AmazonEKSVPCResourceController"]: Destruction complete after 0s
TestExamplesBasicTest 2022-12-13T14:41:59+01:00 logger.go:66: module.eks_blueprints.module.aws_eks.aws_security_group_rule.node["egress_self_coredns_tcp"]: Destruction complete after 0s
TestExamplesBasicTest 2022-12-13T14:41:59+01:00 logger.go:66: module.eks_blueprints.module.aws_eks.aws_security_group_rule.cluster["egress_nodes_kubelet"]: Destroying... [id=sgrule-795928884]
TestExamplesBasicTest 2022-12-13T14:41:59+01:00 logger.go:66: module.eks_blueprints.module.aws_eks.aws_security_group_rule.cluster["egress_nodes_443"]: Destroying... [id=sgrule-1547492526]
TestExamplesBasicTest 2022-12-13T14:41:59+01:00 logger.go:66: module.eks_blueprints.module.aws_eks.aws_security_group_rule.node["egress_ntp_udp"]: Destroying... [id=sgrule-571171836]
TestExamplesBasicTest 2022-12-13T14:41:59+01:00 logger.go:66: module.eks_blueprints.module.aws_eks.aws_security_group_rule.node["ingress_cluster_443"]: Destroying... [id=sgrule-2750980230]
TestExamplesBasicTest 2022-12-13T14:41:59+01:00 logger.go:66: module.eks_blueprints.module.aws_eks.aws_security_group_rule.cluster["egress_nodes_kubelet"]: Destruction complete after 0s
TestExamplesBasicTest 2022-12-13T14:41:59+01:00 logger.go:66: module.eks_blueprints.module.aws_eks.aws_security_group_rule.node["egress_https"]: Destroying... [id=sgrule-2202762223]
TestExamplesBasicTest 2022-12-13T14:41:59+01:00 logger.go:66: module.eks_blueprints.module.aws_eks.aws_security_group_rule.node["egress_cluster_443"]: Destruction complete after 1s
TestExamplesBasicTest 2022-12-13T14:41:59+01:00 logger.go:66: module.eks_blueprints.module.aws_eks.aws_security_group_rule.node["egress_ntp_tcp"]: Destroying... [id=sgrule-1553286897]
TestExamplesBasicTest 2022-12-13T14:41:59+01:00 logger.go:66: module.eks_blueprints.module.aws_eks.aws_security_group_rule.node["egress_self_coredns_udp"]: Destruction complete after 1s
TestExamplesBasicTest 2022-12-13T14:41:59+01:00 logger.go:66: module.eks_blueprints.module.aws_eks.aws_security_group_rule.cluster["egress_nodes_443"]: Destruction complete after 1s
TestExamplesBasicTest 2022-12-13T14:42:00+01:00 logger.go:66: module.eks_blueprints.module.aws_eks.aws_security_group_rule.node["cluster_to_load_balancer_controller_webhook"]: Destroying... [id=sgrule-2323331812]
TestExamplesBasicTest 2022-12-13T14:42:00+01:00 logger.go:66: module.eks_blueprints.module.aws_eks.aws_iam_role.this[0]: Destroying... [id=test-eks-cnr-cluster-role]
TestExamplesBasicTest 2022-12-13T14:42:00+01:00 logger.go:66: module.eks_blueprints.module.aws_eks.aws_security_group_rule.node["ingress_cluster_kubelet"]: Destruction complete after 1s
TestExamplesBasicTest 2022-12-13T14:42:00+01:00 logger.go:66: module.eks_blueprints.module.aws_eks.aws_iam_role.this[0]: Destruction complete after 1s
TestExamplesBasicTest 2022-12-13T14:42:00+01:00 logger.go:66: module.eks_blueprints.module.aws_eks.aws_security_group_rule.node["ingress_self_coredns_udp"]: Destruction complete after 2s
TestExamplesBasicTest 2022-12-13T14:42:01+01:00 logger.go:66: module.eks_blueprints.module.aws_eks.aws_security_group_rule.node["ingress_self_coredns_tcp"]: Destruction complete after 2s
TestExamplesBasicTest 2022-12-13T14:42:01+01:00 logger.go:66: module.eks_blueprints.module.aws_eks.aws_security_group_rule.node["cluster_to_nginx_webhook"]: Destruction complete after 3s
TestExamplesBasicTest 2022-12-13T14:42:02+01:00 logger.go:66: module.eks_blueprints.module.aws_eks.aws_security_group_rule.node["ingress_cluster_443"]: Destruction complete after 3s
TestExamplesBasicTest 2022-12-13T14:42:02+01:00 logger.go:66: module.eks_blueprints.module.aws_eks.aws_security_group_rule.node["egress_ntp_udp"]: Destruction complete after 4s
TestExamplesBasicTest 2022-12-13T14:42:03+01:00 logger.go:66: module.eks_blueprints.module.aws_eks.aws_security_group_rule.node["egress_https"]: Destruction complete after 4s
TestExamplesBasicTest 2022-12-13T14:42:03+01:00 logger.go:66: module.eks_blueprints.module.aws_eks.aws_security_group_rule.node["egress_ntp_tcp"]: Destruction complete after 4s
TestExamplesBasicTest 2022-12-13T14:42:03+01:00 logger.go:66: module.eks_blueprints.module.aws_eks.aws_security_group_rule.node["cluster_to_load_balancer_controller_webhook"]: Destruction complete after 4s
TestExamplesBasicTest 2022-12-13T14:42:03+01:00 logger.go:66: module.eks_blueprints.module.aws_eks.aws_security_group.cluster[0]: Destroying... [id=sg-062eb157e4f3f50dd]
TestExamplesBasicTest 2022-12-13T14:42:03+01:00 logger.go:66: module.eks_blueprints.module.aws_eks.aws_security_group.node[0]: Destroying... [id=sg-037a7827067035e46]
TestExamplesBasicTest 2022-12-13T14:42:04+01:00 logger.go:66: module.eks_blueprints.module.aws_eks.aws_security_group.cluster[0]: Destruction complete after 1s
TestExamplesBasicTest 2022-12-13T14:42:04+01:00 logger.go:66: module.eks_blueprints.module.aws_eks.aws_security_group.node[0]: Destruction complete after 1s
TestExamplesBasicTest 2022-12-13T14:42:04+01:00 logger.go:66: ╷
TestExamplesBasicTest 2022-12-13T14:42:04+01:00 logger.go:66: │ Warning: Resource targeting is in effect
TestExamplesBasicTest 2022-12-13T14:42:04+01:00 logger.go:66: │
TestExamplesBasicTest 2022-12-13T14:42:04+01:00 logger.go:66: │ You are creating a plan with the -target option, which means that the
TestExamplesBasicTest 2022-12-13T14:42:04+01:00 logger.go:66: │ result of this plan may not represent all of the changes requested by the
TestExamplesBasicTest 2022-12-13T14:42:04+01:00 logger.go:66: │ current configuration.
TestExamplesBasicTest 2022-12-13T14:42:04+01:00 logger.go:66: │
TestExamplesBasicTest 2022-12-13T14:42:04+01:00 logger.go:66: │ The -target option is not for routine use, and is provided only for
TestExamplesBasicTest 2022-12-13T14:42:04+01:00 logger.go:66: │ exceptional situations such as recovering from errors or mistakes, or when
TestExamplesBasicTest 2022-12-13T14:42:04+01:00 logger.go:66: │ Terraform specifically suggests to use it as part of an error message.
TestExamplesBasicTest 2022-12-13T14:42:04+01:00 logger.go:66: ╵
TestExamplesBasicTest 2022-12-13T14:42:04+01:00 logger.go:66: ╷
TestExamplesBasicTest 2022-12-13T14:42:04+01:00 logger.go:66: │ Warning: Applied changes may be incomplete
TestExamplesBasicTest 2022-12-13T14:42:04+01:00 logger.go:66: │
TestExamplesBasicTest 2022-12-13T14:42:04+01:00 logger.go:66: │ The plan was created with the -target option in effect, so some changes
TestExamplesBasicTest 2022-12-13T14:42:04+01:00 logger.go:66: │ requested in the configuration may have been ignored and the output values
TestExamplesBasicTest 2022-12-13T14:42:04+01:00 logger.go:66: │ may not be fully updated. Run the following command to verify that no other
TestExamplesBasicTest 2022-12-13T14:42:04+01:00 logger.go:66: │ changes are pending:
TestExamplesBasicTest 2022-12-13T14:42:04+01:00 logger.go:66: │     terraform plan
TestExamplesBasicTest 2022-12-13T14:42:04+01:00 logger.go:66: │
TestExamplesBasicTest 2022-12-13T14:42:04+01:00 logger.go:66: │ Note that the -target option is not suitable for routine use, and is
TestExamplesBasicTest 2022-12-13T14:42:04+01:00 logger.go:66: │ provided only for exceptional situations such as recovering from errors or
TestExamplesBasicTest 2022-12-13T14:42:04+01:00 logger.go:66: │ mistakes, or when Terraform specifically suggests to use it as part of an
TestExamplesBasicTest 2022-12-13T14:42:04+01:00 logger.go:66: │ error message.
TestExamplesBasicTest 2022-12-13T14:42:04+01:00 logger.go:66: ╵
TestExamplesBasicTest 2022-12-13T14:42:04+01:00 logger.go:66: ╷
TestExamplesBasicTest 2022-12-13T14:42:04+01:00 logger.go:66: │ Warning: Experimental feature "module_variable_optional_attrs" is active
TestExamplesBasicTest 2022-12-13T14:42:04+01:00 logger.go:66: │
TestExamplesBasicTest 2022-12-13T14:42:04+01:00 logger.go:66: │   on .terraform/modules/eks_blueprints_kubernetes_addons.ondat/locals.tf line 2, in terraform:
TestExamplesBasicTest 2022-12-13T14:42:04+01:00 logger.go:66: │    2:   experiments = [module_variable_optional_attrs]
TestExamplesBasicTest 2022-12-13T14:42:04+01:00 logger.go:66: │
TestExamplesBasicTest 2022-12-13T14:42:04+01:00 logger.go:66: │ Experimental features are subject to breaking changes in future minor or
TestExamplesBasicTest 2022-12-13T14:42:04+01:00 logger.go:66: │ patch releases, based on feedback.
TestExamplesBasicTest 2022-12-13T14:42:04+01:00 logger.go:66: │
TestExamplesBasicTest 2022-12-13T14:42:04+01:00 logger.go:66: │ If you have feedback on the design of this feature, please open a GitHub
TestExamplesBasicTest 2022-12-13T14:42:04+01:00 logger.go:66: │ issue to discuss it.
TestExamplesBasicTest 2022-12-13T14:42:04+01:00 logger.go:66: │
TestExamplesBasicTest 2022-12-13T14:42:04+01:00 logger.go:66: │ (and 7 more similar warnings elsewhere)
TestExamplesBasicTest 2022-12-13T14:42:04+01:00 logger.go:66: ╵
TestExamplesBasicTest 2022-12-13T14:42:04+01:00 logger.go:66:
TestExamplesBasicTest 2022-12-13T14:42:04+01:00 logger.go:66: Destroy complete! Resources: 33 destroyed.
TestExamplesBasicTest 2022-12-13T14:42:04+01:00 logger.go:66:
TestExamplesBasicTest 2022-12-13T14:42:14+01:00 retry.go:91: terraform [output -no-color -json cluster_name]
TestExamplesBasicTest 2022-12-13T14:42:14+01:00 logger.go:66: Running command terraform with args [output -no-color -json cluster_name]
TestExamplesBasicTest 2022-12-13T14:42:18+01:00 logger.go:66: "test-eks-cnr"
TestExamplesBasicTest 2022-12-13T14:42:18+01:00 retry.go:91: terraform [destroy -auto-approve -input=false -var aws_region=eu-central-1 -var domain_name=testdomain.com -target module.vpc -lock=false]
TestExamplesBasicTest 2022-12-13T14:42:18+01:00 logger.go:66: Running command terraform with args [destroy -auto-approve -input=false -var aws_region=eu-central-1 -var domain_name=testdomain.com -target module.vpc -lock=false]
TestExamplesBasicTest 2022-12-13T14:42:31+01:00 logger.go:66: module.vpc.random_string.random: Refreshing state... [id=cnr]
TestExamplesBasicTest 2022-12-13T14:42:31+01:00 logger.go:66: module.vpc.data.aws_availability_zones.available: Reading...
TestExamplesBasicTest 2022-12-13T14:42:31+01:00 logger.go:66: module.vpc.module.vpc.aws_vpc.this[0]: Refreshing state... [id=vpc-0791878fb8ffbc01c]
TestExamplesBasicTest 2022-12-13T14:42:31+01:00 logger.go:66: module.vpc.data.aws_availability_zones.available: Read complete after 0s [id=eu-central-1]
TestExamplesBasicTest 2022-12-13T14:42:31+01:00 logger.go:66: module.vpc.module.vpc.aws_eip.nat[0]: Refreshing state... [id=eipalloc-061c8e68aaa630416]
TestExamplesBasicTest 2022-12-13T14:42:32+01:00 logger.go:66: module.vpc.module.vpc.aws_route_table.public[0]: Refreshing state... [id=rtb-07a80a5faa96f708a]
TestExamplesBasicTest 2022-12-13T14:42:32+01:00 logger.go:66: module.vpc.module.vpc.aws_subnet.public[0]: Refreshing state... [id=subnet-028265bda5f04784f]
TestExamplesBasicTest 2022-12-13T14:42:32+01:00 logger.go:66: module.vpc.module.vpc.aws_subnet.public[2]: Refreshing state... [id=subnet-0b1d33d6b5cb901a8]
TestExamplesBasicTest 2022-12-13T14:42:32+01:00 logger.go:66: module.vpc.module.vpc.aws_subnet.public[1]: Refreshing state... [id=subnet-07924d65ec1758e43]
TestExamplesBasicTest 2022-12-13T14:42:32+01:00 logger.go:66: module.vpc.module.vpc.aws_route_table.private[0]: Refreshing state... [id=rtb-05f7c48ffe4229dc4]
TestExamplesBasicTest 2022-12-13T14:42:32+01:00 logger.go:66: module.vpc.module.vpc.aws_subnet.private[1]: Refreshing state... [id=subnet-0e27e3b986281b92b]
TestExamplesBasicTest 2022-12-13T14:42:32+01:00 logger.go:66: module.vpc.module.vpc.aws_internet_gateway.this[0]: Refreshing state... [id=igw-0d1305b66c6e96826]
TestExamplesBasicTest 2022-12-13T14:42:32+01:00 logger.go:66: module.vpc.module.vpc.aws_subnet.private[0]: Refreshing state... [id=subnet-0d7b48a5e390e0e6f]
TestExamplesBasicTest 2022-12-13T14:42:32+01:00 logger.go:66: module.vpc.module.vpc.aws_subnet.private[2]: Refreshing state... [id=subnet-0c8d7846c103de994]
TestExamplesBasicTest 2022-12-13T14:42:32+01:00 logger.go:66: module.vpc.module.vpc.aws_route.public_internet_gateway[0]: Refreshing state... [id=r-rtb-07a80a5faa96f708a1080289494]
TestExamplesBasicTest 2022-12-13T14:42:32+01:00 logger.go:66: module.vpc.module.vpc.aws_route_table_association.public[2]: Refreshing state... [id=rtbassoc-09ebff5d36e0963a2]
TestExamplesBasicTest 2022-12-13T14:42:32+01:00 logger.go:66: module.vpc.module.vpc.aws_route_table_association.public[1]: Refreshing state... [id=rtbassoc-071f1d6444dd9b4b2]
TestExamplesBasicTest 2022-12-13T14:42:32+01:00 logger.go:66: module.vpc.module.vpc.aws_route_table_association.public[0]: Refreshing state... [id=rtbassoc-008a1da9a26e6a6e9]
TestExamplesBasicTest 2022-12-13T14:42:32+01:00 logger.go:66: module.vpc.module.vpc.aws_nat_gateway.this[0]: Refreshing state... [id=nat-0e3129a5f88d728f1]
TestExamplesBasicTest 2022-12-13T14:42:32+01:00 logger.go:66: module.vpc.module.vpc.aws_route.private_nat_gateway[0]: Refreshing state... [id=r-rtb-05f7c48ffe4229dc41080289494]
TestExamplesBasicTest 2022-12-13T14:42:32+01:00 logger.go:66: module.vpc.module.vpc.aws_route_table_association.private[1]: Refreshing state... [id=rtbassoc-037cc436cdfdcb848]
TestExamplesBasicTest 2022-12-13T14:42:32+01:00 logger.go:66: module.vpc.module.vpc.aws_route_table_association.private[2]: Refreshing state... [id=rtbassoc-0f5bde09a9ceb0f45]
TestExamplesBasicTest 2022-12-13T14:42:32+01:00 logger.go:66: module.vpc.module.vpc.aws_route_table_association.private[0]: Refreshing state... [id=rtbassoc-0246760ae43a76b4f]
TestExamplesBasicTest 2022-12-13T14:42:34+01:00 logger.go:66:
TestExamplesBasicTest 2022-12-13T14:42:34+01:00 logger.go:66: Terraform used the selected providers to generate the following execution
TestExamplesBasicTest 2022-12-13T14:42:34+01:00 logger.go:66: plan. Resource actions are indicated with the following symbols:
TestExamplesBasicTest 2022-12-13T14:42:34+01:00 logger.go:66:   - destroy
TestExamplesBasicTest 2022-12-13T14:42:34+01:00 logger.go:66:
TestExamplesBasicTest 2022-12-13T14:42:34+01:00 logger.go:66: Terraform will perform the following actions:
TestExamplesBasicTest 2022-12-13T14:42:34+01:00 logger.go:66:
TestExamplesBasicTest 2022-12-13T14:42:34+01:00 logger.go:66:   # module.vpc.random_string.random will be destroyed
TestExamplesBasicTest 2022-12-13T14:42:34+01:00 logger.go:66:   - resource "random_string" "random" {
TestExamplesBasicTest 2022-12-13T14:42:34+01:00 logger.go:66:       - id          = "cnr" -> null
TestExamplesBasicTest 2022-12-13T14:42:34+01:00 logger.go:66:       - length      = 3 -> null
TestExamplesBasicTest 2022-12-13T14:42:34+01:00 logger.go:66:       - lower       = true -> null
TestExamplesBasicTest 2022-12-13T14:42:34+01:00 logger.go:66:       - min_lower   = 3 -> null
TestExamplesBasicTest 2022-12-13T14:42:34+01:00 logger.go:66:       - min_numeric = 0 -> null
TestExamplesBasicTest 2022-12-13T14:42:34+01:00 logger.go:66:       - min_special = 0 -> null
TestExamplesBasicTest 2022-12-13T14:42:34+01:00 logger.go:66:       - min_upper   = 0 -> null
TestExamplesBasicTest 2022-12-13T14:42:34+01:00 logger.go:66:       - number      = true -> null
TestExamplesBasicTest 2022-12-13T14:42:34+01:00 logger.go:66:       - numeric     = true -> null
TestExamplesBasicTest 2022-12-13T14:42:34+01:00 logger.go:66:       - result      = "cnr" -> null
TestExamplesBasicTest 2022-12-13T14:42:34+01:00 logger.go:66:       - special     = false -> null
TestExamplesBasicTest 2022-12-13T14:42:34+01:00 logger.go:66:       - upper       = true -> null
TestExamplesBasicTest 2022-12-13T14:42:34+01:00 logger.go:66:     }
TestExamplesBasicTest 2022-12-13T14:42:34+01:00 logger.go:66:
TestExamplesBasicTest 2022-12-13T14:42:34+01:00 logger.go:66:   # module.vpc.module.vpc.aws_eip.nat[0] will be destroyed
TestExamplesBasicTest 2022-12-13T14:42:34+01:00 logger.go:66:   - resource "aws_eip" "nat" {
TestExamplesBasicTest 2022-12-13T14:42:34+01:00 logger.go:66:       - allocation_id        = "eipalloc-061c8e68aaa630416" -> null
TestExamplesBasicTest 2022-12-13T14:42:34+01:00 logger.go:66:       - association_id       = "eipassoc-074e42eb0e7e85374" -> null
TestExamplesBasicTest 2022-12-13T14:42:34+01:00 logger.go:66:       - domain               = "vpc" -> null
TestExamplesBasicTest 2022-12-13T14:42:34+01:00 logger.go:66:       - id                   = "eipalloc-061c8e68aaa630416" -> null
TestExamplesBasicTest 2022-12-13T14:42:34+01:00 logger.go:66:       - network_border_group = "eu-central-1" -> null
TestExamplesBasicTest 2022-12-13T14:42:34+01:00 logger.go:66:       - network_interface    = "eni-0c0a2713f674d39c8" -> null
TestExamplesBasicTest 2022-12-13T14:42:34+01:00 logger.go:66:       - private_dns          = "ip-10-0-4-57.eu-central-1.compute.internal" -> null
TestExamplesBasicTest 2022-12-13T14:42:34+01:00 logger.go:66:       - private_ip           = "10.0.4.57" -> null
TestExamplesBasicTest 2022-12-13T14:42:34+01:00 logger.go:66:       - public_dns           = "ec2-3-76-58-28.eu-central-1.compute.amazonaws.com" -> null
TestExamplesBasicTest 2022-12-13T14:42:34+01:00 logger.go:66:       - public_ip            = "3.76.58.28" -> null
TestExamplesBasicTest 2022-12-13T14:42:34+01:00 logger.go:66:       - public_ipv4_pool     = "amazon" -> null
TestExamplesBasicTest 2022-12-13T14:42:34+01:00 logger.go:66:       - tags                 = {
TestExamplesBasicTest 2022-12-13T14:42:34+01:00 logger.go:66:           - "Name"                               = "test-eks-cnr-vpc-eu-central-1a"
TestExamplesBasicTest 2022-12-13T14:42:34+01:00 logger.go:66:           - "kubernetes.io/cluster/test-eks-cnr" = "shared"
TestExamplesBasicTest 2022-12-13T14:42:34+01:00 logger.go:66:         } -> null
TestExamplesBasicTest 2022-12-13T14:42:34+01:00 logger.go:66:       - tags_all             = {
TestExamplesBasicTest 2022-12-13T14:42:34+01:00 logger.go:66:           - "Name"                               = "test-eks-cnr-vpc-eu-central-1a"
TestExamplesBasicTest 2022-12-13T14:42:34+01:00 logger.go:66:           - "kubernetes.io/cluster/test-eks-cnr" = "shared"
TestExamplesBasicTest 2022-12-13T14:42:34+01:00 logger.go:66:         } -> null
TestExamplesBasicTest 2022-12-13T14:42:34+01:00 logger.go:66:       - vpc                  = true -> null
TestExamplesBasicTest 2022-12-13T14:42:34+01:00 logger.go:66:     }
TestExamplesBasicTest 2022-12-13T14:42:34+01:00 logger.go:66:
TestExamplesBasicTest 2022-12-13T14:42:34+01:00 logger.go:66:   # module.vpc.module.vpc.aws_internet_gateway.this[0] will be destroyed
TestExamplesBasicTest 2022-12-13T14:42:34+01:00 logger.go:66:   - resource "aws_internet_gateway" "this" {
TestExamplesBasicTest 2022-12-13T14:42:34+01:00 logger.go:66:       - arn      = "arn:aws:ec2:eu-central-1:198655350445:internet-gateway/igw-0d1305b66c6e96826" -> null
TestExamplesBasicTest 2022-12-13T14:42:34+01:00 logger.go:66:       - id       = "igw-0d1305b66c6e96826" -> null
TestExamplesBasicTest 2022-12-13T14:42:34+01:00 logger.go:66:       - owner_id = "198655350445" -> null
TestExamplesBasicTest 2022-12-13T14:42:34+01:00 logger.go:66:       - tags     = {
TestExamplesBasicTest 2022-12-13T14:42:34+01:00 logger.go:66:           - "Name"                               = "test-eks-cnr-vpc"
TestExamplesBasicTest 2022-12-13T14:42:34+01:00 logger.go:66:           - "kubernetes.io/cluster/test-eks-cnr" = "shared"
TestExamplesBasicTest 2022-12-13T14:42:34+01:00 logger.go:66:         } -> null
TestExamplesBasicTest 2022-12-13T14:42:34+01:00 logger.go:66:       - tags_all = {
TestExamplesBasicTest 2022-12-13T14:42:34+01:00 logger.go:66:           - "Name"                               = "test-eks-cnr-vpc"
TestExamplesBasicTest 2022-12-13T14:42:34+01:00 logger.go:66:           - "kubernetes.io/cluster/test-eks-cnr" = "shared"
TestExamplesBasicTest 2022-12-13T14:42:34+01:00 logger.go:66:         } -> null
TestExamplesBasicTest 2022-12-13T14:42:34+01:00 logger.go:66:       - vpc_id   = "vpc-0791878fb8ffbc01c" -> null
TestExamplesBasicTest 2022-12-13T14:42:34+01:00 logger.go:66:     }
TestExamplesBasicTest 2022-12-13T14:42:34+01:00 logger.go:66:
TestExamplesBasicTest 2022-12-13T14:42:34+01:00 logger.go:66:   # module.vpc.module.vpc.aws_nat_gateway.this[0] will be destroyed
TestExamplesBasicTest 2022-12-13T14:42:34+01:00 logger.go:66:   - resource "aws_nat_gateway" "this" {
TestExamplesBasicTest 2022-12-13T14:42:34+01:00 logger.go:66:       - allocation_id        = "eipalloc-061c8e68aaa630416" -> null
TestExamplesBasicTest 2022-12-13T14:42:34+01:00 logger.go:66:       - connectivity_type    = "public" -> null
TestExamplesBasicTest 2022-12-13T14:42:34+01:00 logger.go:66:       - id                   = "nat-0e3129a5f88d728f1" -> null
TestExamplesBasicTest 2022-12-13T14:42:34+01:00 logger.go:66:       - network_interface_id = "eni-0c0a2713f674d39c8" -> null
TestExamplesBasicTest 2022-12-13T14:42:34+01:00 logger.go:66:       - private_ip           = "10.0.4.57" -> null
TestExamplesBasicTest 2022-12-13T14:42:34+01:00 logger.go:66:       - public_ip            = "3.76.58.28" -> null
TestExamplesBasicTest 2022-12-13T14:42:34+01:00 logger.go:66:       - subnet_id            = "subnet-028265bda5f04784f" -> null
TestExamplesBasicTest 2022-12-13T14:42:34+01:00 logger.go:66:       - tags                 = {
TestExamplesBasicTest 2022-12-13T14:42:34+01:00 logger.go:66:           - "Name"                               = "test-eks-cnr-vpc-eu-central-1a"
TestExamplesBasicTest 2022-12-13T14:42:34+01:00 logger.go:66:           - "kubernetes.io/cluster/test-eks-cnr" = "shared"
TestExamplesBasicTest 2022-12-13T14:42:34+01:00 logger.go:66:         } -> null
TestExamplesBasicTest 2022-12-13T14:42:34+01:00 logger.go:66:       - tags_all             = {
TestExamplesBasicTest 2022-12-13T14:42:34+01:00 logger.go:66:           - "Name"                               = "test-eks-cnr-vpc-eu-central-1a"
TestExamplesBasicTest 2022-12-13T14:42:34+01:00 logger.go:66:           - "kubernetes.io/cluster/test-eks-cnr" = "shared"
TestExamplesBasicTest 2022-12-13T14:42:34+01:00 logger.go:66:         } -> null
TestExamplesBasicTest 2022-12-13T14:42:34+01:00 logger.go:66:     }
TestExamplesBasicTest 2022-12-13T14:42:34+01:00 logger.go:66:
TestExamplesBasicTest 2022-12-13T14:42:34+01:00 logger.go:66:   # module.vpc.module.vpc.aws_route.private_nat_gateway[0] will be destroyed
TestExamplesBasicTest 2022-12-13T14:42:34+01:00 logger.go:66:   - resource "aws_route" "private_nat_gateway" {
TestExamplesBasicTest 2022-12-13T14:42:34+01:00 logger.go:66:       - destination_cidr_block = "0.0.0.0/0" -> null
TestExamplesBasicTest 2022-12-13T14:42:34+01:00 logger.go:66:       - id                     = "r-rtb-05f7c48ffe4229dc41080289494" -> null
TestExamplesBasicTest 2022-12-13T14:42:34+01:00 logger.go:66:       - nat_gateway_id         = "nat-0e3129a5f88d728f1" -> null
TestExamplesBasicTest 2022-12-13T14:42:34+01:00 logger.go:66:       - origin                 = "CreateRoute" -> null
TestExamplesBasicTest 2022-12-13T14:42:34+01:00 logger.go:66:       - route_table_id         = "rtb-05f7c48ffe4229dc4" -> null
TestExamplesBasicTest 2022-12-13T14:42:34+01:00 logger.go:66:       - state                  = "active" -> null
TestExamplesBasicTest 2022-12-13T14:42:34+01:00 logger.go:66:
TestExamplesBasicTest 2022-12-13T14:42:34+01:00 logger.go:66:       - timeouts {
TestExamplesBasicTest 2022-12-13T14:42:34+01:00 logger.go:66:           - create = "5m" -> null
TestExamplesBasicTest 2022-12-13T14:42:34+01:00 logger.go:66:         }
TestExamplesBasicTest 2022-12-13T14:42:34+01:00 logger.go:66:     }
TestExamplesBasicTest 2022-12-13T14:42:34+01:00 logger.go:66:
TestExamplesBasicTest 2022-12-13T14:42:34+01:00 logger.go:66:   # module.vpc.module.vpc.aws_route.public_internet_gateway[0] will be destroyed
TestExamplesBasicTest 2022-12-13T14:42:34+01:00 logger.go:66:   - resource "aws_route" "public_internet_gateway" {
TestExamplesBasicTest 2022-12-13T14:42:34+01:00 logger.go:66:       - destination_cidr_block = "0.0.0.0/0" -> null
TestExamplesBasicTest 2022-12-13T14:42:34+01:00 logger.go:66:       - gateway_id             = "igw-0d1305b66c6e96826" -> null
TestExamplesBasicTest 2022-12-13T14:42:34+01:00 logger.go:66:       - id                     = "r-rtb-07a80a5faa96f708a1080289494" -> null
TestExamplesBasicTest 2022-12-13T14:42:34+01:00 logger.go:66:       - origin                 = "CreateRoute" -> null
TestExamplesBasicTest 2022-12-13T14:42:34+01:00 logger.go:66:       - route_table_id         = "rtb-07a80a5faa96f708a" -> null
TestExamplesBasicTest 2022-12-13T14:42:34+01:00 logger.go:66:       - state                  = "active" -> null
TestExamplesBasicTest 2022-12-13T14:42:34+01:00 logger.go:66:
TestExamplesBasicTest 2022-12-13T14:42:34+01:00 logger.go:66:       - timeouts {
TestExamplesBasicTest 2022-12-13T14:42:34+01:00 logger.go:66:           - create = "5m" -> null
TestExamplesBasicTest 2022-12-13T14:42:34+01:00 logger.go:66:         }
TestExamplesBasicTest 2022-12-13T14:42:34+01:00 logger.go:66:     }
TestExamplesBasicTest 2022-12-13T14:42:34+01:00 logger.go:66:
TestExamplesBasicTest 2022-12-13T14:42:34+01:00 logger.go:66:   # module.vpc.module.vpc.aws_route_table.private[0] will be destroyed
TestExamplesBasicTest 2022-12-13T14:42:34+01:00 logger.go:66:   - resource "aws_route_table" "private" {
TestExamplesBasicTest 2022-12-13T14:42:34+01:00 logger.go:66:       - arn              = "arn:aws:ec2:eu-central-1:198655350445:route-table/rtb-05f7c48ffe4229dc4" -> null
TestExamplesBasicTest 2022-12-13T14:42:34+01:00 logger.go:66:       - id               = "rtb-05f7c48ffe4229dc4" -> null
TestExamplesBasicTest 2022-12-13T14:42:34+01:00 logger.go:66:       - owner_id         = "198655350445" -> null
TestExamplesBasicTest 2022-12-13T14:42:34+01:00 logger.go:66:       - propagating_vgws = [] -> null
TestExamplesBasicTest 2022-12-13T14:42:34+01:00 logger.go:66:       - route            = [
TestExamplesBasicTest 2022-12-13T14:42:34+01:00 logger.go:66:           - {
TestExamplesBasicTest 2022-12-13T14:42:34+01:00 logger.go:66:               - carrier_gateway_id         = ""
TestExamplesBasicTest 2022-12-13T14:42:34+01:00 logger.go:66:               - cidr_block                 = "0.0.0.0/0"
TestExamplesBasicTest 2022-12-13T14:42:34+01:00 logger.go:66:               - core_network_arn           = ""
TestExamplesBasicTest 2022-12-13T14:42:34+01:00 logger.go:66:               - destination_prefix_list_id = ""
TestExamplesBasicTest 2022-12-13T14:42:34+01:00 logger.go:66:               - egress_only_gateway_id     = ""
TestExamplesBasicTest 2022-12-13T14:42:34+01:00 logger.go:66:               - gateway_id                 = ""
TestExamplesBasicTest 2022-12-13T14:42:34+01:00 logger.go:66:               - instance_id                = ""
TestExamplesBasicTest 2022-12-13T14:42:34+01:00 logger.go:66:               - ipv6_cidr_block            = ""
TestExamplesBasicTest 2022-12-13T14:42:34+01:00 logger.go:66:               - local_gateway_id           = ""
TestExamplesBasicTest 2022-12-13T14:42:34+01:00 logger.go:66:               - nat_gateway_id             = "nat-0e3129a5f88d728f1"
TestExamplesBasicTest 2022-12-13T14:42:34+01:00 logger.go:66:               - network_interface_id       = ""
TestExamplesBasicTest 2022-12-13T14:42:34+01:00 logger.go:66:               - transit_gateway_id         = ""
TestExamplesBasicTest 2022-12-13T14:42:34+01:00 logger.go:66:               - vpc_endpoint_id            = ""
TestExamplesBasicTest 2022-12-13T14:42:34+01:00 logger.go:66:               - vpc_peering_connection_id  = ""
TestExamplesBasicTest 2022-12-13T14:42:34+01:00 logger.go:66:             },
TestExamplesBasicTest 2022-12-13T14:42:34+01:00 logger.go:66:         ] -> null
TestExamplesBasicTest 2022-12-13T14:42:34+01:00 logger.go:66:       - tags             = {
TestExamplesBasicTest 2022-12-13T14:42:34+01:00 logger.go:66:           - "Name"                               = "test-eks-cnr-vpc-private"
TestExamplesBasicTest 2022-12-13T14:42:34+01:00 logger.go:66:           - "kubernetes.io/cluster/test-eks-cnr" = "shared"
TestExamplesBasicTest 2022-12-13T14:42:34+01:00 logger.go:66:         } -> null
TestExamplesBasicTest 2022-12-13T14:42:34+01:00 logger.go:66:       - tags_all         = {
TestExamplesBasicTest 2022-12-13T14:42:34+01:00 logger.go:66:           - "Name"                               = "test-eks-cnr-vpc-private"
TestExamplesBasicTest 2022-12-13T14:42:34+01:00 logger.go:66:           - "kubernetes.io/cluster/test-eks-cnr" = "shared"
TestExamplesBasicTest 2022-12-13T14:42:34+01:00 logger.go:66:         } -> null
TestExamplesBasicTest 2022-12-13T14:42:34+01:00 logger.go:66:       - vpc_id           = "vpc-0791878fb8ffbc01c" -> null
TestExamplesBasicTest 2022-12-13T14:42:34+01:00 logger.go:66:     }
TestExamplesBasicTest 2022-12-13T14:42:34+01:00 logger.go:66:
TestExamplesBasicTest 2022-12-13T14:42:34+01:00 logger.go:66:   # module.vpc.module.vpc.aws_route_table.public[0] will be destroyed
TestExamplesBasicTest 2022-12-13T14:42:34+01:00 logger.go:66:   - resource "aws_route_table" "public" {
TestExamplesBasicTest 2022-12-13T14:42:34+01:00 logger.go:66:       - arn              = "arn:aws:ec2:eu-central-1:198655350445:route-table/rtb-07a80a5faa96f708a" -> null
TestExamplesBasicTest 2022-12-13T14:42:34+01:00 logger.go:66:       - id               = "rtb-07a80a5faa96f708a" -> null
TestExamplesBasicTest 2022-12-13T14:42:34+01:00 logger.go:66:       - owner_id         = "198655350445" -> null
TestExamplesBasicTest 2022-12-13T14:42:34+01:00 logger.go:66:       - propagating_vgws = [] -> null
TestExamplesBasicTest 2022-12-13T14:42:34+01:00 logger.go:66:       - route            = [
TestExamplesBasicTest 2022-12-13T14:42:34+01:00 logger.go:66:           - {
TestExamplesBasicTest 2022-12-13T14:42:34+01:00 logger.go:66:               - carrier_gateway_id         = ""
TestExamplesBasicTest 2022-12-13T14:42:34+01:00 logger.go:66:               - cidr_block                 = "0.0.0.0/0"
TestExamplesBasicTest 2022-12-13T14:42:34+01:00 logger.go:66:               - core_network_arn           = ""
TestExamplesBasicTest 2022-12-13T14:42:34+01:00 logger.go:66:               - destination_prefix_list_id = ""
TestExamplesBasicTest 2022-12-13T14:42:34+01:00 logger.go:66:               - egress_only_gateway_id     = ""
TestExamplesBasicTest 2022-12-13T14:42:34+01:00 logger.go:66:               - gateway_id                 = "igw-0d1305b66c6e96826"
TestExamplesBasicTest 2022-12-13T14:42:34+01:00 logger.go:66:               - instance_id                = ""
TestExamplesBasicTest 2022-12-13T14:42:34+01:00 logger.go:66:               - ipv6_cidr_block            = ""
TestExamplesBasicTest 2022-12-13T14:42:34+01:00 logger.go:66:               - local_gateway_id           = ""
TestExamplesBasicTest 2022-12-13T14:42:34+01:00 logger.go:66:               - nat_gateway_id             = ""
TestExamplesBasicTest 2022-12-13T14:42:34+01:00 logger.go:66:               - network_interface_id       = ""
TestExamplesBasicTest 2022-12-13T14:42:34+01:00 logger.go:66:               - transit_gateway_id         = ""
TestExamplesBasicTest 2022-12-13T14:42:34+01:00 logger.go:66:               - vpc_endpoint_id            = ""
TestExamplesBasicTest 2022-12-13T14:42:34+01:00 logger.go:66:               - vpc_peering_connection_id  = ""
TestExamplesBasicTest 2022-12-13T14:42:34+01:00 logger.go:66:             },
TestExamplesBasicTest 2022-12-13T14:42:34+01:00 logger.go:66:         ] -> null
TestExamplesBasicTest 2022-12-13T14:42:34+01:00 logger.go:66:       - tags             = {
TestExamplesBasicTest 2022-12-13T14:42:34+01:00 logger.go:66:           - "Name"                               = "test-eks-cnr-vpc-public"
TestExamplesBasicTest 2022-12-13T14:42:34+01:00 logger.go:66:           - "kubernetes.io/cluster/test-eks-cnr" = "shared"
TestExamplesBasicTest 2022-12-13T14:42:34+01:00 logger.go:66:         } -> null
TestExamplesBasicTest 2022-12-13T14:42:34+01:00 logger.go:66:       - tags_all         = {
TestExamplesBasicTest 2022-12-13T14:42:34+01:00 logger.go:66:           - "Name"                               = "test-eks-cnr-vpc-public"
TestExamplesBasicTest 2022-12-13T14:42:34+01:00 logger.go:66:           - "kubernetes.io/cluster/test-eks-cnr" = "shared"
TestExamplesBasicTest 2022-12-13T14:42:34+01:00 logger.go:66:         } -> null
TestExamplesBasicTest 2022-12-13T14:42:34+01:00 logger.go:66:       - vpc_id           = "vpc-0791878fb8ffbc01c" -> null
TestExamplesBasicTest 2022-12-13T14:42:34+01:00 logger.go:66:     }
TestExamplesBasicTest 2022-12-13T14:42:34+01:00 logger.go:66:
TestExamplesBasicTest 2022-12-13T14:42:34+01:00 logger.go:66:   # module.vpc.module.vpc.aws_route_table_association.private[0] will be destroyed
TestExamplesBasicTest 2022-12-13T14:42:34+01:00 logger.go:66:   - resource "aws_route_table_association" "private" {
TestExamplesBasicTest 2022-12-13T14:42:34+01:00 logger.go:66:       - id             = "rtbassoc-0246760ae43a76b4f" -> null
TestExamplesBasicTest 2022-12-13T14:42:34+01:00 logger.go:66:       - route_table_id = "rtb-05f7c48ffe4229dc4" -> null
TestExamplesBasicTest 2022-12-13T14:42:34+01:00 logger.go:66:       - subnet_id      = "subnet-0d7b48a5e390e0e6f" -> null
TestExamplesBasicTest 2022-12-13T14:42:34+01:00 logger.go:66:     }
TestExamplesBasicTest 2022-12-13T14:42:34+01:00 logger.go:66:
TestExamplesBasicTest 2022-12-13T14:42:34+01:00 logger.go:66:   # module.vpc.module.vpc.aws_route_table_association.private[1] will be destroyed
TestExamplesBasicTest 2022-12-13T14:42:34+01:00 logger.go:66:   - resource "aws_route_table_association" "private" {
TestExamplesBasicTest 2022-12-13T14:42:34+01:00 logger.go:66:       - id             = "rtbassoc-037cc436cdfdcb848" -> null
TestExamplesBasicTest 2022-12-13T14:42:34+01:00 logger.go:66:       - route_table_id = "rtb-05f7c48ffe4229dc4" -> null
TestExamplesBasicTest 2022-12-13T14:42:34+01:00 logger.go:66:       - subnet_id      = "subnet-0e27e3b986281b92b" -> null
TestExamplesBasicTest 2022-12-13T14:42:34+01:00 logger.go:66:     }
TestExamplesBasicTest 2022-12-13T14:42:34+01:00 logger.go:66:
TestExamplesBasicTest 2022-12-13T14:42:34+01:00 logger.go:66:   # module.vpc.module.vpc.aws_route_table_association.private[2] will be destroyed
TestExamplesBasicTest 2022-12-13T14:42:34+01:00 logger.go:66:   - resource "aws_route_table_association" "private" {
TestExamplesBasicTest 2022-12-13T14:42:34+01:00 logger.go:66:       - id             = "rtbassoc-0f5bde09a9ceb0f45" -> null
TestExamplesBasicTest 2022-12-13T14:42:34+01:00 logger.go:66:       - route_table_id = "rtb-05f7c48ffe4229dc4" -> null
TestExamplesBasicTest 2022-12-13T14:42:34+01:00 logger.go:66:       - subnet_id      = "subnet-0c8d7846c103de994" -> null
TestExamplesBasicTest 2022-12-13T14:42:34+01:00 logger.go:66:     }
TestExamplesBasicTest 2022-12-13T14:42:34+01:00 logger.go:66:
TestExamplesBasicTest 2022-12-13T14:42:34+01:00 logger.go:66:   # module.vpc.module.vpc.aws_route_table_association.public[0] will be destroyed
TestExamplesBasicTest 2022-12-13T14:42:34+01:00 logger.go:66:   - resource "aws_route_table_association" "public" {
TestExamplesBasicTest 2022-12-13T14:42:34+01:00 logger.go:66:       - id             = "rtbassoc-008a1da9a26e6a6e9" -> null
TestExamplesBasicTest 2022-12-13T14:42:34+01:00 logger.go:66:       - route_table_id = "rtb-07a80a5faa96f708a" -> null
TestExamplesBasicTest 2022-12-13T14:42:34+01:00 logger.go:66:       - subnet_id      = "subnet-028265bda5f04784f" -> null
TestExamplesBasicTest 2022-12-13T14:42:34+01:00 logger.go:66:     }
TestExamplesBasicTest 2022-12-13T14:42:34+01:00 logger.go:66:
TestExamplesBasicTest 2022-12-13T14:42:34+01:00 logger.go:66:   # module.vpc.module.vpc.aws_route_table_association.public[1] will be destroyed
TestExamplesBasicTest 2022-12-13T14:42:34+01:00 logger.go:66:   - resource "aws_route_table_association" "public" {
TestExamplesBasicTest 2022-12-13T14:42:34+01:00 logger.go:66:       - id             = "rtbassoc-071f1d6444dd9b4b2" -> null
TestExamplesBasicTest 2022-12-13T14:42:34+01:00 logger.go:66:       - route_table_id = "rtb-07a80a5faa96f708a" -> null
TestExamplesBasicTest 2022-12-13T14:42:34+01:00 logger.go:66:       - subnet_id      = "subnet-07924d65ec1758e43" -> null
TestExamplesBasicTest 2022-12-13T14:42:34+01:00 logger.go:66:     }
TestExamplesBasicTest 2022-12-13T14:42:34+01:00 logger.go:66:
TestExamplesBasicTest 2022-12-13T14:42:34+01:00 logger.go:66:   # module.vpc.module.vpc.aws_route_table_association.public[2] will be destroyed
TestExamplesBasicTest 2022-12-13T14:42:34+01:00 logger.go:66:   - resource "aws_route_table_association" "public" {
TestExamplesBasicTest 2022-12-13T14:42:34+01:00 logger.go:66:       - id             = "rtbassoc-09ebff5d36e0963a2" -> null
TestExamplesBasicTest 2022-12-13T14:42:34+01:00 logger.go:66:       - route_table_id = "rtb-07a80a5faa96f708a" -> null
TestExamplesBasicTest 2022-12-13T14:42:34+01:00 logger.go:66:       - subnet_id      = "subnet-0b1d33d6b5cb901a8" -> null
TestExamplesBasicTest 2022-12-13T14:42:34+01:00 logger.go:66:     }
TestExamplesBasicTest 2022-12-13T14:42:34+01:00 logger.go:66:
TestExamplesBasicTest 2022-12-13T14:42:34+01:00 logger.go:66:   # module.vpc.module.vpc.aws_subnet.private[0] will be destroyed
TestExamplesBasicTest 2022-12-13T14:42:34+01:00 logger.go:66:   - resource "aws_subnet" "private" {
TestExamplesBasicTest 2022-12-13T14:42:34+01:00 logger.go:66:       - arn                                            = "arn:aws:ec2:eu-central-1:198655350445:subnet/subnet-0d7b48a5e390e0e6f" -> null
TestExamplesBasicTest 2022-12-13T14:42:34+01:00 logger.go:66:       - assign_ipv6_address_on_creation                = false -> null
TestExamplesBasicTest 2022-12-13T14:42:34+01:00 logger.go:66:       - availability_zone                              = "eu-central-1a" -> null
TestExamplesBasicTest 2022-12-13T14:42:34+01:00 logger.go:66:       - availability_zone_id                           = "euc1-az2" -> null
TestExamplesBasicTest 2022-12-13T14:42:34+01:00 logger.go:66:       - cidr_block                                     = "10.0.1.0/24" -> null
TestExamplesBasicTest 2022-12-13T14:42:34+01:00 logger.go:66:       - enable_dns64                                   = false -> null
TestExamplesBasicTest 2022-12-13T14:42:34+01:00 logger.go:66:       - enable_resource_name_dns_a_record_on_launch    = false -> null
TestExamplesBasicTest 2022-12-13T14:42:34+01:00 logger.go:66:       - enable_resource_name_dns_aaaa_record_on_launch = false -> null
TestExamplesBasicTest 2022-12-13T14:42:34+01:00 logger.go:66:       - id                                             = "subnet-0d7b48a5e390e0e6f" -> null
TestExamplesBasicTest 2022-12-13T14:42:34+01:00 logger.go:66:       - ipv6_native                                    = false -> null
TestExamplesBasicTest 2022-12-13T14:42:34+01:00 logger.go:66:       - map_customer_owned_ip_on_launch                = false -> null
TestExamplesBasicTest 2022-12-13T14:42:34+01:00 logger.go:66:       - map_public_ip_on_launch                        = false -> null
TestExamplesBasicTest 2022-12-13T14:42:34+01:00 logger.go:66:       - owner_id                                       = "198655350445" -> null
TestExamplesBasicTest 2022-12-13T14:42:34+01:00 logger.go:66:       - private_dns_hostname_type_on_launch            = "ip-name" -> null
TestExamplesBasicTest 2022-12-13T14:42:34+01:00 logger.go:66:       - tags                                           = {
TestExamplesBasicTest 2022-12-13T14:42:34+01:00 logger.go:66:           - "Name"                               = "test-eks-cnr-vpc-private-eu-central-1a"
TestExamplesBasicTest 2022-12-13T14:42:34+01:00 logger.go:66:           - "kubernetes.io/cluster/test-eks-cnr" = "shared"
TestExamplesBasicTest 2022-12-13T14:42:34+01:00 logger.go:66:           - "kubernetes.io/role/internal-elb"    = "1"
TestExamplesBasicTest 2022-12-13T14:42:34+01:00 logger.go:66:         } -> null
TestExamplesBasicTest 2022-12-13T14:42:34+01:00 logger.go:66:       - tags_all                                       = {
TestExamplesBasicTest 2022-12-13T14:42:34+01:00 logger.go:66:           - "Name"                               = "test-eks-cnr-vpc-private-eu-central-1a"
TestExamplesBasicTest 2022-12-13T14:42:34+01:00 logger.go:66:           - "kubernetes.io/cluster/test-eks-cnr" = "shared"
TestExamplesBasicTest 2022-12-13T14:42:34+01:00 logger.go:66:           - "kubernetes.io/role/internal-elb"    = "1"
TestExamplesBasicTest 2022-12-13T14:42:34+01:00 logger.go:66:         } -> null
TestExamplesBasicTest 2022-12-13T14:42:34+01:00 logger.go:66:       - vpc_id                                         = "vpc-0791878fb8ffbc01c" -> null
TestExamplesBasicTest 2022-12-13T14:42:34+01:00 logger.go:66:     }
TestExamplesBasicTest 2022-12-13T14:42:34+01:00 logger.go:66:
TestExamplesBasicTest 2022-12-13T14:42:34+01:00 logger.go:66:   # module.vpc.module.vpc.aws_subnet.private[1] will be destroyed
TestExamplesBasicTest 2022-12-13T14:42:34+01:00 logger.go:66:   - resource "aws_subnet" "private" {
TestExamplesBasicTest 2022-12-13T14:42:34+01:00 logger.go:66:       - arn                                            = "arn:aws:ec2:eu-central-1:198655350445:subnet/subnet-0e27e3b986281b92b" -> null
TestExamplesBasicTest 2022-12-13T14:42:34+01:00 logger.go:66:       - assign_ipv6_address_on_creation                = false -> null
TestExamplesBasicTest 2022-12-13T14:42:34+01:00 logger.go:66:       - availability_zone                              = "eu-central-1b" -> null
TestExamplesBasicTest 2022-12-13T14:42:34+01:00 logger.go:66:       - availability_zone_id                           = "euc1-az3" -> null
TestExamplesBasicTest 2022-12-13T14:42:34+01:00 logger.go:66:       - cidr_block                                     = "10.0.2.0/24" -> null
TestExamplesBasicTest 2022-12-13T14:42:34+01:00 logger.go:66:       - enable_dns64                                   = false -> null
TestExamplesBasicTest 2022-12-13T14:42:34+01:00 logger.go:66:       - enable_resource_name_dns_a_record_on_launch    = false -> null
TestExamplesBasicTest 2022-12-13T14:42:34+01:00 logger.go:66:       - enable_resource_name_dns_aaaa_record_on_launch = false -> null
TestExamplesBasicTest 2022-12-13T14:42:34+01:00 logger.go:66:       - id                                             = "subnet-0e27e3b986281b92b" -> null
TestExamplesBasicTest 2022-12-13T14:42:34+01:00 logger.go:66:       - ipv6_native                                    = false -> null
TestExamplesBasicTest 2022-12-13T14:42:34+01:00 logger.go:66:       - map_customer_owned_ip_on_launch                = false -> null
TestExamplesBasicTest 2022-12-13T14:42:34+01:00 logger.go:66:       - map_public_ip_on_launch                        = false -> null
TestExamplesBasicTest 2022-12-13T14:42:34+01:00 logger.go:66:       - owner_id                                       = "198655350445" -> null
TestExamplesBasicTest 2022-12-13T14:42:34+01:00 logger.go:66:       - private_dns_hostname_type_on_launch            = "ip-name" -> null
TestExamplesBasicTest 2022-12-13T14:42:34+01:00 logger.go:66:       - tags                                           = {
TestExamplesBasicTest 2022-12-13T14:42:34+01:00 logger.go:66:           - "Name"                               = "test-eks-cnr-vpc-private-eu-central-1b"
TestExamplesBasicTest 2022-12-13T14:42:34+01:00 logger.go:66:           - "kubernetes.io/cluster/test-eks-cnr" = "shared"
TestExamplesBasicTest 2022-12-13T14:42:34+01:00 logger.go:66:           - "kubernetes.io/role/internal-elb"    = "1"
TestExamplesBasicTest 2022-12-13T14:42:34+01:00 logger.go:66:         } -> null
TestExamplesBasicTest 2022-12-13T14:42:34+01:00 logger.go:66:       - tags_all                                       = {
TestExamplesBasicTest 2022-12-13T14:42:34+01:00 logger.go:66:           - "Name"                               = "test-eks-cnr-vpc-private-eu-central-1b"
TestExamplesBasicTest 2022-12-13T14:42:34+01:00 logger.go:66:           - "kubernetes.io/cluster/test-eks-cnr" = "shared"
TestExamplesBasicTest 2022-12-13T14:42:34+01:00 logger.go:66:           - "kubernetes.io/role/internal-elb"    = "1"
TestExamplesBasicTest 2022-12-13T14:42:34+01:00 logger.go:66:         } -> null
TestExamplesBasicTest 2022-12-13T14:42:34+01:00 logger.go:66:       - vpc_id                                         = "vpc-0791878fb8ffbc01c" -> null
TestExamplesBasicTest 2022-12-13T14:42:34+01:00 logger.go:66:     }
TestExamplesBasicTest 2022-12-13T14:42:34+01:00 logger.go:66:
TestExamplesBasicTest 2022-12-13T14:42:34+01:00 logger.go:66:   # module.vpc.module.vpc.aws_subnet.private[2] will be destroyed
TestExamplesBasicTest 2022-12-13T14:42:34+01:00 logger.go:66:   - resource "aws_subnet" "private" {
TestExamplesBasicTest 2022-12-13T14:42:34+01:00 logger.go:66:       - arn                                            = "arn:aws:ec2:eu-central-1:198655350445:subnet/subnet-0c8d7846c103de994" -> null
TestExamplesBasicTest 2022-12-13T14:42:34+01:00 logger.go:66:       - assign_ipv6_address_on_creation                = false -> null
TestExamplesBasicTest 2022-12-13T14:42:34+01:00 logger.go:66:       - availability_zone                              = "eu-central-1c" -> null
TestExamplesBasicTest 2022-12-13T14:42:34+01:00 logger.go:66:       - availability_zone_id                           = "euc1-az1" -> null
TestExamplesBasicTest 2022-12-13T14:42:34+01:00 logger.go:66:       - cidr_block                                     = "10.0.3.0/24" -> null
TestExamplesBasicTest 2022-12-13T14:42:34+01:00 logger.go:66:       - enable_dns64                                   = false -> null
TestExamplesBasicTest 2022-12-13T14:42:34+01:00 logger.go:66:       - enable_resource_name_dns_a_record_on_launch    = false -> null
TestExamplesBasicTest 2022-12-13T14:42:34+01:00 logger.go:66:       - enable_resource_name_dns_aaaa_record_on_launch = false -> null
TestExamplesBasicTest 2022-12-13T14:42:34+01:00 logger.go:66:       - id                                             = "subnet-0c8d7846c103de994" -> null
TestExamplesBasicTest 2022-12-13T14:42:34+01:00 logger.go:66:       - ipv6_native                                    = false -> null
TestExamplesBasicTest 2022-12-13T14:42:34+01:00 logger.go:66:       - map_customer_owned_ip_on_launch                = false -> null
TestExamplesBasicTest 2022-12-13T14:42:34+01:00 logger.go:66:       - map_public_ip_on_launch                        = false -> null
TestExamplesBasicTest 2022-12-13T14:42:34+01:00 logger.go:66:       - owner_id                                       = "198655350445" -> null
TestExamplesBasicTest 2022-12-13T14:42:34+01:00 logger.go:66:       - private_dns_hostname_type_on_launch            = "ip-name" -> null
TestExamplesBasicTest 2022-12-13T14:42:34+01:00 logger.go:66:       - tags                                           = {
TestExamplesBasicTest 2022-12-13T14:42:34+01:00 logger.go:66:           - "Name"                               = "test-eks-cnr-vpc-private-eu-central-1c"
TestExamplesBasicTest 2022-12-13T14:42:34+01:00 logger.go:66:           - "kubernetes.io/cluster/test-eks-cnr" = "shared"
TestExamplesBasicTest 2022-12-13T14:42:34+01:00 logger.go:66:           - "kubernetes.io/role/internal-elb"    = "1"
TestExamplesBasicTest 2022-12-13T14:42:34+01:00 logger.go:66:         } -> null
TestExamplesBasicTest 2022-12-13T14:42:34+01:00 logger.go:66:       - tags_all                                       = {
TestExamplesBasicTest 2022-12-13T14:42:34+01:00 logger.go:66:           - "Name"                               = "test-eks-cnr-vpc-private-eu-central-1c"
TestExamplesBasicTest 2022-12-13T14:42:34+01:00 logger.go:66:           - "kubernetes.io/cluster/test-eks-cnr" = "shared"
TestExamplesBasicTest 2022-12-13T14:42:34+01:00 logger.go:66:           - "kubernetes.io/role/internal-elb"    = "1"
TestExamplesBasicTest 2022-12-13T14:42:34+01:00 logger.go:66:         } -> null
TestExamplesBasicTest 2022-12-13T14:42:34+01:00 logger.go:66:       - vpc_id                                         = "vpc-0791878fb8ffbc01c" -> null
TestExamplesBasicTest 2022-12-13T14:42:34+01:00 logger.go:66:     }
TestExamplesBasicTest 2022-12-13T14:42:34+01:00 logger.go:66:
TestExamplesBasicTest 2022-12-13T14:42:34+01:00 logger.go:66:   # module.vpc.module.vpc.aws_subnet.public[0] will be destroyed
TestExamplesBasicTest 2022-12-13T14:42:34+01:00 logger.go:66:   - resource "aws_subnet" "public" {
TestExamplesBasicTest 2022-12-13T14:42:34+01:00 logger.go:66:       - arn                                            = "arn:aws:ec2:eu-central-1:198655350445:subnet/subnet-028265bda5f04784f" -> null
TestExamplesBasicTest 2022-12-13T14:42:34+01:00 logger.go:66:       - assign_ipv6_address_on_creation                = false -> null
TestExamplesBasicTest 2022-12-13T14:42:34+01:00 logger.go:66:       - availability_zone                              = "eu-central-1a" -> null
TestExamplesBasicTest 2022-12-13T14:42:34+01:00 logger.go:66:       - availability_zone_id                           = "euc1-az2" -> null
TestExamplesBasicTest 2022-12-13T14:42:34+01:00 logger.go:66:       - cidr_block                                     = "10.0.4.0/24" -> null
TestExamplesBasicTest 2022-12-13T14:42:34+01:00 logger.go:66:       - enable_dns64                                   = false -> null
TestExamplesBasicTest 2022-12-13T14:42:34+01:00 logger.go:66:       - enable_resource_name_dns_a_record_on_launch    = false -> null
TestExamplesBasicTest 2022-12-13T14:42:34+01:00 logger.go:66:       - enable_resource_name_dns_aaaa_record_on_launch = false -> null
TestExamplesBasicTest 2022-12-13T14:42:34+01:00 logger.go:66:       - id                                             = "subnet-028265bda5f04784f" -> null
TestExamplesBasicTest 2022-12-13T14:42:34+01:00 logger.go:66:       - ipv6_native                                    = false -> null
TestExamplesBasicTest 2022-12-13T14:42:34+01:00 logger.go:66:       - map_customer_owned_ip_on_launch                = false -> null
TestExamplesBasicTest 2022-12-13T14:42:34+01:00 logger.go:66:       - map_public_ip_on_launch                        = true -> null
TestExamplesBasicTest 2022-12-13T14:42:34+01:00 logger.go:66:       - owner_id                                       = "198655350445" -> null
TestExamplesBasicTest 2022-12-13T14:42:34+01:00 logger.go:66:       - private_dns_hostname_type_on_launch            = "ip-name" -> null
TestExamplesBasicTest 2022-12-13T14:42:34+01:00 logger.go:66:       - tags                                           = {
TestExamplesBasicTest 2022-12-13T14:42:34+01:00 logger.go:66:           - "Name"                               = "test-eks-cnr-vpc-public-eu-central-1a"
TestExamplesBasicTest 2022-12-13T14:42:34+01:00 logger.go:66:           - "kubernetes.io/cluster/test-eks-cnr" = "shared"
TestExamplesBasicTest 2022-12-13T14:42:34+01:00 logger.go:66:           - "kubernetes.io/role/elb"             = "1"
TestExamplesBasicTest 2022-12-13T14:42:34+01:00 logger.go:66:         } -> null
TestExamplesBasicTest 2022-12-13T14:42:34+01:00 logger.go:66:       - tags_all                                       = {
TestExamplesBasicTest 2022-12-13T14:42:34+01:00 logger.go:66:           - "Name"                               = "test-eks-cnr-vpc-public-eu-central-1a"
TestExamplesBasicTest 2022-12-13T14:42:34+01:00 logger.go:66:           - "kubernetes.io/cluster/test-eks-cnr" = "shared"
TestExamplesBasicTest 2022-12-13T14:42:34+01:00 logger.go:66:           - "kubernetes.io/role/elb"             = "1"
TestExamplesBasicTest 2022-12-13T14:42:34+01:00 logger.go:66:         } -> null
TestExamplesBasicTest 2022-12-13T14:42:34+01:00 logger.go:66:       - vpc_id                                         = "vpc-0791878fb8ffbc01c" -> null
TestExamplesBasicTest 2022-12-13T14:42:34+01:00 logger.go:66:     }
TestExamplesBasicTest 2022-12-13T14:42:34+01:00 logger.go:66:
TestExamplesBasicTest 2022-12-13T14:42:34+01:00 logger.go:66:   # module.vpc.module.vpc.aws_subnet.public[1] will be destroyed
TestExamplesBasicTest 2022-12-13T14:42:34+01:00 logger.go:66:   - resource "aws_subnet" "public" {
TestExamplesBasicTest 2022-12-13T14:42:34+01:00 logger.go:66:       - arn                                            = "arn:aws:ec2:eu-central-1:198655350445:subnet/subnet-07924d65ec1758e43" -> null
TestExamplesBasicTest 2022-12-13T14:42:34+01:00 logger.go:66:       - assign_ipv6_address_on_creation                = false -> null
TestExamplesBasicTest 2022-12-13T14:42:34+01:00 logger.go:66:       - availability_zone                              = "eu-central-1b" -> null
TestExamplesBasicTest 2022-12-13T14:42:34+01:00 logger.go:66:       - availability_zone_id                           = "euc1-az3" -> null
TestExamplesBasicTest 2022-12-13T14:42:34+01:00 logger.go:66:       - cidr_block                                     = "10.0.5.0/24" -> null
TestExamplesBasicTest 2022-12-13T14:42:34+01:00 logger.go:66:       - enable_dns64                                   = false -> null
TestExamplesBasicTest 2022-12-13T14:42:34+01:00 logger.go:66:       - enable_resource_name_dns_a_record_on_launch    = false -> null
TestExamplesBasicTest 2022-12-13T14:42:34+01:00 logger.go:66:       - enable_resource_name_dns_aaaa_record_on_launch = false -> null
TestExamplesBasicTest 2022-12-13T14:42:34+01:00 logger.go:66:       - id                                             = "subnet-07924d65ec1758e43" -> null
TestExamplesBasicTest 2022-12-13T14:42:34+01:00 logger.go:66:       - ipv6_native                                    = false -> null
TestExamplesBasicTest 2022-12-13T14:42:34+01:00 logger.go:66:       - map_customer_owned_ip_on_launch                = false -> null
TestExamplesBasicTest 2022-12-13T14:42:34+01:00 logger.go:66:       - map_public_ip_on_launch                        = true -> null
TestExamplesBasicTest 2022-12-13T14:42:34+01:00 logger.go:66:       - owner_id                                       = "198655350445" -> null
TestExamplesBasicTest 2022-12-13T14:42:34+01:00 logger.go:66:       - private_dns_hostname_type_on_launch            = "ip-name" -> null
TestExamplesBasicTest 2022-12-13T14:42:34+01:00 logger.go:66:       - tags                                           = {
TestExamplesBasicTest 2022-12-13T14:42:34+01:00 logger.go:66:           - "Name"                               = "test-eks-cnr-vpc-public-eu-central-1b"
TestExamplesBasicTest 2022-12-13T14:42:34+01:00 logger.go:66:           - "kubernetes.io/cluster/test-eks-cnr" = "shared"
TestExamplesBasicTest 2022-12-13T14:42:34+01:00 logger.go:66:           - "kubernetes.io/role/elb"             = "1"
TestExamplesBasicTest 2022-12-13T14:42:34+01:00 logger.go:66:         } -> null
TestExamplesBasicTest 2022-12-13T14:42:34+01:00 logger.go:66:       - tags_all                                       = {
TestExamplesBasicTest 2022-12-13T14:42:34+01:00 logger.go:66:           - "Name"                               = "test-eks-cnr-vpc-public-eu-central-1b"
TestExamplesBasicTest 2022-12-13T14:42:34+01:00 logger.go:66:           - "kubernetes.io/cluster/test-eks-cnr" = "shared"
TestExamplesBasicTest 2022-12-13T14:42:34+01:00 logger.go:66:           - "kubernetes.io/role/elb"             = "1"
TestExamplesBasicTest 2022-12-13T14:42:34+01:00 logger.go:66:         } -> null
TestExamplesBasicTest 2022-12-13T14:42:34+01:00 logger.go:66:       - vpc_id                                         = "vpc-0791878fb8ffbc01c" -> null
TestExamplesBasicTest 2022-12-13T14:42:34+01:00 logger.go:66:     }
TestExamplesBasicTest 2022-12-13T14:42:34+01:00 logger.go:66:
TestExamplesBasicTest 2022-12-13T14:42:34+01:00 logger.go:66:   # module.vpc.module.vpc.aws_subnet.public[2] will be destroyed
TestExamplesBasicTest 2022-12-13T14:42:34+01:00 logger.go:66:   - resource "aws_subnet" "public" {
TestExamplesBasicTest 2022-12-13T14:42:34+01:00 logger.go:66:       - arn                                            = "arn:aws:ec2:eu-central-1:198655350445:subnet/subnet-0b1d33d6b5cb901a8" -> null
TestExamplesBasicTest 2022-12-13T14:42:34+01:00 logger.go:66:       - assign_ipv6_address_on_creation                = false -> null
TestExamplesBasicTest 2022-12-13T14:42:34+01:00 logger.go:66:       - availability_zone                              = "eu-central-1c" -> null
TestExamplesBasicTest 2022-12-13T14:42:34+01:00 logger.go:66:       - availability_zone_id                           = "euc1-az1" -> null
TestExamplesBasicTest 2022-12-13T14:42:34+01:00 logger.go:66:       - cidr_block                                     = "10.0.6.0/24" -> null
TestExamplesBasicTest 2022-12-13T14:42:34+01:00 logger.go:66:       - enable_dns64                                   = false -> null
TestExamplesBasicTest 2022-12-13T14:42:34+01:00 logger.go:66:       - enable_resource_name_dns_a_record_on_launch    = false -> null
TestExamplesBasicTest 2022-12-13T14:42:34+01:00 logger.go:66:       - enable_resource_name_dns_aaaa_record_on_launch = false -> null
TestExamplesBasicTest 2022-12-13T14:42:34+01:00 logger.go:66:       - id                                             = "subnet-0b1d33d6b5cb901a8" -> null
TestExamplesBasicTest 2022-12-13T14:42:34+01:00 logger.go:66:       - ipv6_native                                    = false -> null
TestExamplesBasicTest 2022-12-13T14:42:34+01:00 logger.go:66:       - map_customer_owned_ip_on_launch                = false -> null
TestExamplesBasicTest 2022-12-13T14:42:34+01:00 logger.go:66:       - map_public_ip_on_launch                        = true -> null
TestExamplesBasicTest 2022-12-13T14:42:34+01:00 logger.go:66:       - owner_id                                       = "198655350445" -> null
TestExamplesBasicTest 2022-12-13T14:42:34+01:00 logger.go:66:       - private_dns_hostname_type_on_launch            = "ip-name" -> null
TestExamplesBasicTest 2022-12-13T14:42:34+01:00 logger.go:66:       - tags                                           = {
TestExamplesBasicTest 2022-12-13T14:42:34+01:00 logger.go:66:           - "Name"                               = "test-eks-cnr-vpc-public-eu-central-1c"
TestExamplesBasicTest 2022-12-13T14:42:34+01:00 logger.go:66:           - "kubernetes.io/cluster/test-eks-cnr" = "shared"
TestExamplesBasicTest 2022-12-13T14:42:34+01:00 logger.go:66:           - "kubernetes.io/role/elb"             = "1"
TestExamplesBasicTest 2022-12-13T14:42:34+01:00 logger.go:66:         } -> null
TestExamplesBasicTest 2022-12-13T14:42:34+01:00 logger.go:66:       - tags_all                                       = {
TestExamplesBasicTest 2022-12-13T14:42:34+01:00 logger.go:66:           - "Name"                               = "test-eks-cnr-vpc-public-eu-central-1c"
TestExamplesBasicTest 2022-12-13T14:42:34+01:00 logger.go:66:           - "kubernetes.io/cluster/test-eks-cnr" = "shared"
TestExamplesBasicTest 2022-12-13T14:42:34+01:00 logger.go:66:           - "kubernetes.io/role/elb"             = "1"
TestExamplesBasicTest 2022-12-13T14:42:34+01:00 logger.go:66:         } -> null
TestExamplesBasicTest 2022-12-13T14:42:34+01:00 logger.go:66:       - vpc_id                                         = "vpc-0791878fb8ffbc01c" -> null
TestExamplesBasicTest 2022-12-13T14:42:34+01:00 logger.go:66:     }
TestExamplesBasicTest 2022-12-13T14:42:34+01:00 logger.go:66:
TestExamplesBasicTest 2022-12-13T14:42:34+01:00 logger.go:66:   # module.vpc.module.vpc.aws_vpc.this[0] will be destroyed
TestExamplesBasicTest 2022-12-13T14:42:34+01:00 logger.go:66:   - resource "aws_vpc" "this" {
TestExamplesBasicTest 2022-12-13T14:42:34+01:00 logger.go:66:       - arn                                  = "arn:aws:ec2:eu-central-1:198655350445:vpc/vpc-0791878fb8ffbc01c" -> null
TestExamplesBasicTest 2022-12-13T14:42:34+01:00 logger.go:66:       - assign_generated_ipv6_cidr_block     = false -> null
TestExamplesBasicTest 2022-12-13T14:42:34+01:00 logger.go:66:       - cidr_block                           = "10.0.0.0/16" -> null
TestExamplesBasicTest 2022-12-13T14:42:34+01:00 logger.go:66:       - default_network_acl_id               = "acl-042a5c0807a7541be" -> null
TestExamplesBasicTest 2022-12-13T14:42:34+01:00 logger.go:66:       - default_route_table_id               = "rtb-0dc32976b820237bd" -> null
TestExamplesBasicTest 2022-12-13T14:42:34+01:00 logger.go:66:       - default_security_group_id            = "sg-06206d9d08d8b4b86" -> null
TestExamplesBasicTest 2022-12-13T14:42:34+01:00 logger.go:66:       - dhcp_options_id                      = "dopt-5a573330" -> null
TestExamplesBasicTest 2022-12-13T14:42:34+01:00 logger.go:66:       - enable_classiclink                   = false -> null
TestExamplesBasicTest 2022-12-13T14:42:34+01:00 logger.go:66:       - enable_classiclink_dns_support       = false -> null
TestExamplesBasicTest 2022-12-13T14:42:34+01:00 logger.go:66:       - enable_dns_hostnames                 = true -> null
TestExamplesBasicTest 2022-12-13T14:42:34+01:00 logger.go:66:       - enable_dns_support                   = true -> null
TestExamplesBasicTest 2022-12-13T14:42:34+01:00 logger.go:66:       - enable_network_address_usage_metrics = false -> null
TestExamplesBasicTest 2022-12-13T14:42:34+01:00 logger.go:66:       - id                                   = "vpc-0791878fb8ffbc01c" -> null
TestExamplesBasicTest 2022-12-13T14:42:34+01:00 logger.go:66:       - instance_tenancy                     = "default" -> null
TestExamplesBasicTest 2022-12-13T14:42:34+01:00 logger.go:66:       - ipv6_netmask_length                  = 0 -> null
TestExamplesBasicTest 2022-12-13T14:42:34+01:00 logger.go:66:       - main_route_table_id                  = "rtb-0dc32976b820237bd" -> null
TestExamplesBasicTest 2022-12-13T14:42:34+01:00 logger.go:66:       - owner_id                             = "198655350445" -> null
TestExamplesBasicTest 2022-12-13T14:42:34+01:00 logger.go:66:       - tags                                 = {
TestExamplesBasicTest 2022-12-13T14:42:34+01:00 logger.go:66:           - "Name"                               = "test-eks-cnr-vpc"
TestExamplesBasicTest 2022-12-13T14:42:34+01:00 logger.go:66:           - "kubernetes.io/cluster/test-eks-cnr" = "shared"
TestExamplesBasicTest 2022-12-13T14:42:34+01:00 logger.go:66:         } -> null
TestExamplesBasicTest 2022-12-13T14:42:34+01:00 logger.go:66:       - tags_all                             = {
TestExamplesBasicTest 2022-12-13T14:42:34+01:00 logger.go:66:           - "Name"                               = "test-eks-cnr-vpc"
TestExamplesBasicTest 2022-12-13T14:42:34+01:00 logger.go:66:           - "kubernetes.io/cluster/test-eks-cnr" = "shared"
TestExamplesBasicTest 2022-12-13T14:42:34+01:00 logger.go:66:         } -> null
TestExamplesBasicTest 2022-12-13T14:42:34+01:00 logger.go:66:     }
TestExamplesBasicTest 2022-12-13T14:42:34+01:00 logger.go:66:
TestExamplesBasicTest 2022-12-13T14:42:34+01:00 logger.go:66: Plan: 0 to add, 0 to change, 21 to destroy.
TestExamplesBasicTest 2022-12-13T14:42:35+01:00 logger.go:66: module.vpc.module.vpc.aws_route_table_association.private[0]: Destroying... [id=rtbassoc-0246760ae43a76b4f]
TestExamplesBasicTest 2022-12-13T14:42:35+01:00 logger.go:66: module.vpc.module.vpc.aws_route_table_association.public[1]: Destroying... [id=rtbassoc-071f1d6444dd9b4b2]
TestExamplesBasicTest 2022-12-13T14:42:35+01:00 logger.go:66: module.vpc.module.vpc.aws_route_table_association.private[2]: Destroying... [id=rtbassoc-0f5bde09a9ceb0f45]
TestExamplesBasicTest 2022-12-13T14:42:35+01:00 logger.go:66: module.vpc.module.vpc.aws_route_table_association.public[0]: Destroying... [id=rtbassoc-008a1da9a26e6a6e9]
TestExamplesBasicTest 2022-12-13T14:42:35+01:00 logger.go:66: module.vpc.module.vpc.aws_route_table_association.public[2]: Destroying... [id=rtbassoc-09ebff5d36e0963a2]
TestExamplesBasicTest 2022-12-13T14:42:35+01:00 logger.go:66: module.vpc.module.vpc.aws_route_table_association.private[1]: Destroying... [id=rtbassoc-037cc436cdfdcb848]
TestExamplesBasicTest 2022-12-13T14:42:35+01:00 logger.go:66: module.vpc.module.vpc.aws_route.public_internet_gateway[0]: Destroying... [id=r-rtb-07a80a5faa96f708a1080289494]
TestExamplesBasicTest 2022-12-13T14:42:35+01:00 logger.go:66: module.vpc.module.vpc.aws_route.private_nat_gateway[0]: Destroying... [id=r-rtb-05f7c48ffe4229dc41080289494]
TestExamplesBasicTest 2022-12-13T14:42:35+01:00 logger.go:66: module.vpc.module.vpc.aws_route_table_association.public[1]: Destruction complete after 0s
TestExamplesBasicTest 2022-12-13T14:42:35+01:00 logger.go:66: module.vpc.module.vpc.aws_route_table_association.private[1]: Destruction complete after 0s
TestExamplesBasicTest 2022-12-13T14:42:35+01:00 logger.go:66: module.vpc.module.vpc.aws_route_table_association.public[0]: Destruction complete after 0s
TestExamplesBasicTest 2022-12-13T14:42:35+01:00 logger.go:66: module.vpc.module.vpc.aws_route_table_association.private[0]: Destruction complete after 0s
TestExamplesBasicTest 2022-12-13T14:42:35+01:00 logger.go:66: module.vpc.module.vpc.aws_route_table_association.public[2]: Destruction complete after 0s
TestExamplesBasicTest 2022-12-13T14:42:35+01:00 logger.go:66: module.vpc.module.vpc.aws_route.public_internet_gateway[0]: Destruction complete after 0s
TestExamplesBasicTest 2022-12-13T14:42:35+01:00 logger.go:66: module.vpc.module.vpc.aws_route_table.public[0]: Destroying... [id=rtb-07a80a5faa96f708a]
TestExamplesBasicTest 2022-12-13T14:42:35+01:00 logger.go:66: module.vpc.module.vpc.aws_route_table.public[0]: Destruction complete after 1s
TestExamplesBasicTest 2022-12-13T14:42:35+01:00 logger.go:66: module.vpc.module.vpc.aws_route.private_nat_gateway[0]: Destruction complete after 1s
TestExamplesBasicTest 2022-12-13T14:42:35+01:00 logger.go:66: module.vpc.module.vpc.aws_nat_gateway.this[0]: Destroying... [id=nat-0e3129a5f88d728f1]
TestExamplesBasicTest 2022-12-13T14:42:36+01:00 logger.go:66: module.vpc.module.vpc.aws_route_table_association.private[2]: Destruction complete after 1s
TestExamplesBasicTest 2022-12-13T14:42:36+01:00 logger.go:66: module.vpc.module.vpc.aws_subnet.private[0]: Destroying... [id=subnet-0d7b48a5e390e0e6f]
TestExamplesBasicTest 2022-12-13T14:42:36+01:00 logger.go:66: module.vpc.module.vpc.aws_subnet.private[2]: Destroying... [id=subnet-0c8d7846c103de994]
TestExamplesBasicTest 2022-12-13T14:42:36+01:00 logger.go:66: module.vpc.module.vpc.aws_subnet.private[1]: Destroying... [id=subnet-0e27e3b986281b92b]
TestExamplesBasicTest 2022-12-13T14:42:36+01:00 logger.go:66: module.vpc.module.vpc.aws_route_table.private[0]: Destroying... [id=rtb-05f7c48ffe4229dc4]
TestExamplesBasicTest 2022-12-13T14:42:36+01:00 logger.go:66: module.vpc.module.vpc.aws_subnet.private[0]: Destruction complete after 0s
TestExamplesBasicTest 2022-12-13T14:42:36+01:00 logger.go:66: module.vpc.module.vpc.aws_subnet.private[1]: Destruction complete after 1s
TestExamplesBasicTest 2022-12-13T14:42:36+01:00 logger.go:66: module.vpc.module.vpc.aws_subnet.private[2]: Destruction complete after 1s
TestExamplesBasicTest 2022-12-13T14:42:36+01:00 logger.go:66: module.vpc.module.vpc.aws_route_table.private[0]: Destruction complete after 1s
TestExamplesBasicTest 2022-12-13T14:42:45+01:00 logger.go:66: module.vpc.module.vpc.aws_nat_gateway.this[0]: Still destroying... [id=nat-0e3129a5f88d728f1, 10s elapsed]
TestExamplesBasicTest 2022-12-13T14:42:55+01:00 logger.go:66: module.vpc.module.vpc.aws_nat_gateway.this[0]: Still destroying... [id=nat-0e3129a5f88d728f1, 20s elapsed]
TestExamplesBasicTest 2022-12-13T14:43:05+01:00 logger.go:66: module.vpc.module.vpc.aws_nat_gateway.this[0]: Still destroying... [id=nat-0e3129a5f88d728f1, 30s elapsed]
TestExamplesBasicTest 2022-12-13T14:43:15+01:00 logger.go:66: module.vpc.module.vpc.aws_nat_gateway.this[0]: Still destroying... [id=nat-0e3129a5f88d728f1, 40s elapsed]
TestExamplesBasicTest 2022-12-13T14:43:25+01:00 logger.go:66: module.vpc.module.vpc.aws_nat_gateway.this[0]: Still destroying... [id=nat-0e3129a5f88d728f1, 50s elapsed]
TestExamplesBasicTest 2022-12-13T14:43:26+01:00 logger.go:66: module.vpc.module.vpc.aws_nat_gateway.this[0]: Destruction complete after 50s
TestExamplesBasicTest 2022-12-13T14:43:26+01:00 logger.go:66: module.vpc.module.vpc.aws_internet_gateway.this[0]: Destroying... [id=igw-0d1305b66c6e96826]
TestExamplesBasicTest 2022-12-13T14:43:26+01:00 logger.go:66: module.vpc.module.vpc.aws_eip.nat[0]: Destroying... [id=eipalloc-061c8e68aaa630416]
TestExamplesBasicTest 2022-12-13T14:43:26+01:00 logger.go:66: module.vpc.module.vpc.aws_subnet.public[1]: Destroying... [id=subnet-07924d65ec1758e43]
TestExamplesBasicTest 2022-12-13T14:43:26+01:00 logger.go:66: module.vpc.module.vpc.aws_subnet.public[2]: Destroying... [id=subnet-0b1d33d6b5cb901a8]
TestExamplesBasicTest 2022-12-13T14:43:26+01:00 logger.go:66: module.vpc.module.vpc.aws_subnet.public[0]: Destroying... [id=subnet-028265bda5f04784f]
TestExamplesBasicTest 2022-12-13T14:43:26+01:00 logger.go:66: module.vpc.module.vpc.aws_subnet.public[1]: Destruction complete after 0s
TestExamplesBasicTest 2022-12-13T14:43:26+01:00 logger.go:66: module.vpc.module.vpc.aws_internet_gateway.this[0]: Destruction complete after 0s
TestExamplesBasicTest 2022-12-13T14:43:27+01:00 logger.go:66: module.vpc.module.vpc.aws_subnet.public[2]: Destruction complete after 0s
TestExamplesBasicTest 2022-12-13T14:43:27+01:00 logger.go:66: module.vpc.module.vpc.aws_subnet.public[0]: Destruction complete after 0s
TestExamplesBasicTest 2022-12-13T14:43:27+01:00 logger.go:66: module.vpc.module.vpc.aws_vpc.this[0]: Destroying... [id=vpc-0791878fb8ffbc01c]
TestExamplesBasicTest 2022-12-13T14:43:27+01:00 logger.go:66: module.vpc.module.vpc.aws_eip.nat[0]: Destruction complete after 0s
TestExamplesBasicTest 2022-12-13T14:43:27+01:00 logger.go:66: module.vpc.module.vpc.aws_vpc.this[0]: Destruction complete after 0s
TestExamplesBasicTest 2022-12-13T14:43:27+01:00 logger.go:66: module.vpc.random_string.random: Destroying... [id=cnr]
TestExamplesBasicTest 2022-12-13T14:43:27+01:00 logger.go:66: module.vpc.random_string.random: Destruction complete after 0s
TestExamplesBasicTest 2022-12-13T14:43:27+01:00 logger.go:66: ╷
TestExamplesBasicTest 2022-12-13T14:43:27+01:00 logger.go:66: │ Warning: Resource targeting is in effect
TestExamplesBasicTest 2022-12-13T14:43:27+01:00 logger.go:66: │
TestExamplesBasicTest 2022-12-13T14:43:27+01:00 logger.go:66: │ You are creating a plan with the -target option, which means that the
TestExamplesBasicTest 2022-12-13T14:43:27+01:00 logger.go:66: │ result of this plan may not represent all of the changes requested by the
TestExamplesBasicTest 2022-12-13T14:43:27+01:00 logger.go:66: │ current configuration.
TestExamplesBasicTest 2022-12-13T14:43:27+01:00 logger.go:66: │
TestExamplesBasicTest 2022-12-13T14:43:27+01:00 logger.go:66: │ The -target option is not for routine use, and is provided only for
TestExamplesBasicTest 2022-12-13T14:43:27+01:00 logger.go:66: │ exceptional situations such as recovering from errors or mistakes, or when
TestExamplesBasicTest 2022-12-13T14:43:27+01:00 logger.go:66: │ Terraform specifically suggests to use it as part of an error message.
TestExamplesBasicTest 2022-12-13T14:43:27+01:00 logger.go:66: ╵
TestExamplesBasicTest 2022-12-13T14:43:27+01:00 logger.go:66: ╷
TestExamplesBasicTest 2022-12-13T14:43:27+01:00 logger.go:66: │ Warning: Applied changes may be incomplete
TestExamplesBasicTest 2022-12-13T14:43:27+01:00 logger.go:66: │
TestExamplesBasicTest 2022-12-13T14:43:27+01:00 logger.go:66: │ The plan was created with the -target option in effect, so some changes
TestExamplesBasicTest 2022-12-13T14:43:27+01:00 logger.go:66: │ requested in the configuration may have been ignored and the output values
TestExamplesBasicTest 2022-12-13T14:43:27+01:00 logger.go:66: │ may not be fully updated. Run the following command to verify that no other
TestExamplesBasicTest 2022-12-13T14:43:27+01:00 logger.go:66: │ changes are pending:
TestExamplesBasicTest 2022-12-13T14:43:27+01:00 logger.go:66: │     terraform plan
TestExamplesBasicTest 2022-12-13T14:43:27+01:00 logger.go:66: │
TestExamplesBasicTest 2022-12-13T14:43:27+01:00 logger.go:66: │ Note that the -target option is not suitable for routine use, and is
TestExamplesBasicTest 2022-12-13T14:43:27+01:00 logger.go:66: │ provided only for exceptional situations such as recovering from errors or
TestExamplesBasicTest 2022-12-13T14:43:27+01:00 logger.go:66: │ mistakes, or when Terraform specifically suggests to use it as part of an
TestExamplesBasicTest 2022-12-13T14:43:27+01:00 logger.go:66: │ error message.
TestExamplesBasicTest 2022-12-13T14:43:27+01:00 logger.go:66: ╵
TestExamplesBasicTest 2022-12-13T14:43:27+01:00 logger.go:66: ╷
TestExamplesBasicTest 2022-12-13T14:43:27+01:00 logger.go:66: │ Warning: Experimental feature "module_variable_optional_attrs" is active
TestExamplesBasicTest 2022-12-13T14:43:27+01:00 logger.go:66: │
TestExamplesBasicTest 2022-12-13T14:43:27+01:00 logger.go:66: │   on .terraform/modules/eks_blueprints_kubernetes_addons.ondat/locals.tf line 2, in terraform:
TestExamplesBasicTest 2022-12-13T14:43:27+01:00 logger.go:66: │    2:   experiments = [module_variable_optional_attrs]
TestExamplesBasicTest 2022-12-13T14:43:27+01:00 logger.go:66: │
TestExamplesBasicTest 2022-12-13T14:43:27+01:00 logger.go:66: │ Experimental features are subject to breaking changes in future minor or
TestExamplesBasicTest 2022-12-13T14:43:27+01:00 logger.go:66: │ patch releases, based on feedback.
TestExamplesBasicTest 2022-12-13T14:43:27+01:00 logger.go:66: │
TestExamplesBasicTest 2022-12-13T14:43:27+01:00 logger.go:66: │ If you have feedback on the design of this feature, please open a GitHub
TestExamplesBasicTest 2022-12-13T14:43:27+01:00 logger.go:66: │ issue to discuss it.
TestExamplesBasicTest 2022-12-13T14:43:27+01:00 logger.go:66: │
TestExamplesBasicTest 2022-12-13T14:43:27+01:00 logger.go:66: │ (and 7 more similar warnings elsewhere)
TestExamplesBasicTest 2022-12-13T14:43:27+01:00 logger.go:66: ╵
TestExamplesBasicTest 2022-12-13T14:43:27+01:00 logger.go:66:
TestExamplesBasicTest 2022-12-13T14:43:27+01:00 logger.go:66: Destroy complete! Resources: 21 destroyed.
TestExamplesBasicTest 2022-12-13T14:43:27+01:00 logger.go:66:
TestExamplesBasicTest 2022-12-13T14:43:37+01:00 retry.go:91: terraform [output -no-color -json cluster_name]
TestExamplesBasicTest 2022-12-13T14:43:37+01:00 logger.go:66: Running command terraform with args [output -no-color -json cluster_name]
TestExamplesBasicTest 2022-12-13T14:43:41+01:00 logger.go:66: "test-eks-cnr"
Cleaning test-eks-cnr CloudWatch Log group
TestExamplesBasicTest 2022-12-13T14:43:41+01:00 retry.go:91: terraform [destroy -auto-approve -input=false -var aws_region=eu-central-1 -var domain_name=testdomain.com -lock=false]
TestExamplesBasicTest 2022-12-13T14:43:41+01:00 logger.go:66: Running command terraform with args [destroy -auto-approve -input=false -var aws_region=eu-central-1 -var domain_name=testdomain.com -lock=false]
TestExamplesBasicTest 2022-12-13T14:43:54+01:00 logger.go:66: random_password.grafana: Refreshing state... [id=none]
TestExamplesBasicTest 2022-12-13T14:43:54+01:00 logger.go:66: module.eks_blueprints.module.aws_eks.data.aws_partition.current: Reading...
TestExamplesBasicTest 2022-12-13T14:43:54+01:00 logger.go:66: module.eks_blueprints.module.aws_eks.data.aws_caller_identity.current: Reading...
TestExamplesBasicTest 2022-12-13T14:43:54+01:00 logger.go:66: aws_route53_zone.cluster_dns: Refreshing state... [id=Z08633645H30XF5497K5]
TestExamplesBasicTest 2022-12-13T14:43:54+01:00 logger.go:66: module.eks_blueprints.module.aws_eks.module.kms.data.aws_caller_identity.current: Reading...
TestExamplesBasicTest 2022-12-13T14:43:54+01:00 logger.go:66: aws_ebs_encryption_by_default.ebs_encryption: Refreshing state... [id=terraform-20221213131126057500000003]
TestExamplesBasicTest 2022-12-13T14:43:54+01:00 logger.go:66: module.eks_blueprints.module.aws_eks.data.aws_partition.current: Read complete after 0s [id=aws]
TestExamplesBasicTest 2022-12-13T14:43:54+01:00 logger.go:66: module.eks_blueprints.data.aws_caller_identity.current: Reading...
TestExamplesBasicTest 2022-12-13T14:43:54+01:00 logger.go:66: module.eks_blueprints.module.aws_eks.module.kms.data.aws_partition.current: Reading...
TestExamplesBasicTest 2022-12-13T14:43:54+01:00 logger.go:66: module.vpc.data.aws_availability_zones.available: Reading...
TestExamplesBasicTest 2022-12-13T14:43:54+01:00 logger.go:66: module.eks_blueprints.data.aws_region.current: Reading...
TestExamplesBasicTest 2022-12-13T14:43:54+01:00 logger.go:66: module.eks_blueprints.data.aws_partition.current: Reading...
TestExamplesBasicTest 2022-12-13T14:43:54+01:00 logger.go:66: module.eks_blueprints.module.aws_eks.module.kms.data.aws_partition.current: Read complete after 0s [id=aws]
TestExamplesBasicTest 2022-12-13T14:43:54+01:00 logger.go:66: module.eks_blueprints.data.aws_region.current: Read complete after 0s [id=eu-central-1]
TestExamplesBasicTest 2022-12-13T14:43:54+01:00 logger.go:66: module.eks_blueprints.data.aws_partition.current: Read complete after 0s [id=aws]
TestExamplesBasicTest 2022-12-13T14:43:54+01:00 logger.go:66: aws_secretsmanager_secret.grafana: Refreshing state... [id=arn:aws:secretsmanager:eu-central-1:198655350445:secret:grafana-admin-password20221213131125918600000002-HYwGZZ]
TestExamplesBasicTest 2022-12-13T14:43:54+01:00 logger.go:66: module.eks_blueprints.module.aws_eks.data.aws_iam_policy_document.assume_role_policy[0]: Reading...
TestExamplesBasicTest 2022-12-13T14:43:54+01:00 logger.go:66: module.eks_blueprints.module.aws_eks.data.aws_iam_policy_document.assume_role_policy[0]: Read complete after 0s [id=2764486067]
TestExamplesBasicTest 2022-12-13T14:43:55+01:00 logger.go:66: module.vpc.data.aws_availability_zones.available: Read complete after 0s [id=eu-central-1]
TestExamplesBasicTest 2022-12-13T14:43:55+01:00 logger.go:66: aws_secretsmanager_secret_version.grafana: Refreshing state... [id=arn:aws:secretsmanager:eu-central-1:198655350445:secret:grafana-admin-password20221213131125918600000002-HYwGZZ|5CFA7E22-FDB3-4257-8745-430740E1B98F]
TestExamplesBasicTest 2022-12-13T14:43:55+01:00 logger.go:66: module.eks_blueprints.module.aws_eks.module.kms.data.aws_caller_identity.current: Read complete after 0s [id=198655350445]
TestExamplesBasicTest 2022-12-13T14:43:55+01:00 logger.go:66: module.eks_blueprints.module.aws_eks.data.aws_caller_identity.current: Read complete after 0s [id=198655350445]
TestExamplesBasicTest 2022-12-13T14:43:55+01:00 logger.go:66: module.eks_blueprints.data.aws_caller_identity.current: Read complete after 0s [id=198655350445]
TestExamplesBasicTest 2022-12-13T14:43:55+01:00 logger.go:66: module.eks_blueprints.data.aws_iam_session_context.current: Reading...
TestExamplesBasicTest 2022-12-13T14:43:55+01:00 logger.go:66: module.eks_blueprints.data.aws_iam_session_context.current: Read complete after 0s [id=arn:aws:iam::198655350445:user/geoffrey]
TestExamplesBasicTest 2022-12-13T14:44:04+01:00 logger.go:66:
TestExamplesBasicTest 2022-12-13T14:44:04+01:00 logger.go:66: Terraform used the selected providers to generate the following execution
TestExamplesBasicTest 2022-12-13T14:44:04+01:00 logger.go:66: plan. Resource actions are indicated with the following symbols:
TestExamplesBasicTest 2022-12-13T14:44:04+01:00 logger.go:66:   - destroy
TestExamplesBasicTest 2022-12-13T14:44:04+01:00 logger.go:66:
TestExamplesBasicTest 2022-12-13T14:44:04+01:00 logger.go:66: Terraform will perform the following actions:
TestExamplesBasicTest 2022-12-13T14:44:04+01:00 logger.go:66:
TestExamplesBasicTest 2022-12-13T14:44:04+01:00 logger.go:66:   # aws_ebs_encryption_by_default.ebs_encryption will be destroyed
TestExamplesBasicTest 2022-12-13T14:44:04+01:00 logger.go:66:   - resource "aws_ebs_encryption_by_default" "ebs_encryption" {
TestExamplesBasicTest 2022-12-13T14:44:04+01:00 logger.go:66:       - enabled = true -> null
TestExamplesBasicTest 2022-12-13T14:44:04+01:00 logger.go:66:       - id      = "terraform-20221213131126057500000003" -> null
TestExamplesBasicTest 2022-12-13T14:44:04+01:00 logger.go:66:     }
TestExamplesBasicTest 2022-12-13T14:44:04+01:00 logger.go:66:
TestExamplesBasicTest 2022-12-13T14:44:04+01:00 logger.go:66:   # aws_route53_zone.cluster_dns will be destroyed
TestExamplesBasicTest 2022-12-13T14:44:04+01:00 logger.go:66:   - resource "aws_route53_zone" "cluster_dns" {
TestExamplesBasicTest 2022-12-13T14:44:04+01:00 logger.go:66:       - arn                 = "arn:aws:route53:::hostedzone/Z08633645H30XF5497K5" -> null
TestExamplesBasicTest 2022-12-13T14:44:04+01:00 logger.go:66:       - comment             = "Managed by Terraform" -> null
TestExamplesBasicTest 2022-12-13T14:44:04+01:00 logger.go:66:       - force_destroy       = true -> null
TestExamplesBasicTest 2022-12-13T14:44:04+01:00 logger.go:66:       - id                  = "Z08633645H30XF5497K5" -> null
TestExamplesBasicTest 2022-12-13T14:44:04+01:00 logger.go:66:       - name                = "testdomain.com" -> null
TestExamplesBasicTest 2022-12-13T14:44:04+01:00 logger.go:66:       - name_servers        = [
TestExamplesBasicTest 2022-12-13T14:44:04+01:00 logger.go:66:           - "ns-1482.awsdns-57.org",
TestExamplesBasicTest 2022-12-13T14:44:04+01:00 logger.go:66:           - "ns-1620.awsdns-10.co.uk",
TestExamplesBasicTest 2022-12-13T14:44:04+01:00 logger.go:66:           - "ns-344.awsdns-43.com",
TestExamplesBasicTest 2022-12-13T14:44:04+01:00 logger.go:66:           - "ns-857.awsdns-43.net",
TestExamplesBasicTest 2022-12-13T14:44:04+01:00 logger.go:66:         ] -> null
TestExamplesBasicTest 2022-12-13T14:44:04+01:00 logger.go:66:       - primary_name_server = "ns-344.awsdns-43.com" -> null
TestExamplesBasicTest 2022-12-13T14:44:04+01:00 logger.go:66:       - tags                = {} -> null
TestExamplesBasicTest 2022-12-13T14:44:04+01:00 logger.go:66:       - tags_all            = {} -> null
TestExamplesBasicTest 2022-12-13T14:44:04+01:00 logger.go:66:       - zone_id             = "Z08633645H30XF5497K5" -> null
TestExamplesBasicTest 2022-12-13T14:44:04+01:00 logger.go:66:     }
TestExamplesBasicTest 2022-12-13T14:44:04+01:00 logger.go:66:
TestExamplesBasicTest 2022-12-13T14:44:04+01:00 logger.go:66:   # aws_secretsmanager_secret.grafana will be destroyed
TestExamplesBasicTest 2022-12-13T14:44:04+01:00 logger.go:66:   - resource "aws_secretsmanager_secret" "grafana" {
TestExamplesBasicTest 2022-12-13T14:44:04+01:00 logger.go:66:       - arn                            = "arn:aws:secretsmanager:eu-central-1:198655350445:secret:grafana-admin-password20221213131125918600000002-HYwGZZ" -> null
TestExamplesBasicTest 2022-12-13T14:44:04+01:00 logger.go:66:       - force_overwrite_replica_secret = false -> null
TestExamplesBasicTest 2022-12-13T14:44:04+01:00 logger.go:66:       - id                             = "arn:aws:secretsmanager:eu-central-1:198655350445:secret:grafana-admin-password20221213131125918600000002-HYwGZZ" -> null
TestExamplesBasicTest 2022-12-13T14:44:04+01:00 logger.go:66:       - name                           = "grafana-admin-password20221213131125918600000002" -> null
TestExamplesBasicTest 2022-12-13T14:44:04+01:00 logger.go:66:       - name_prefix                    = "grafana-admin-password" -> null
TestExamplesBasicTest 2022-12-13T14:44:04+01:00 logger.go:66:       - recovery_window_in_days        = 7 -> null
TestExamplesBasicTest 2022-12-13T14:44:04+01:00 logger.go:66:       - rotation_enabled               = false -> null
TestExamplesBasicTest 2022-12-13T14:44:04+01:00 logger.go:66:       - tags                           = {} -> null
TestExamplesBasicTest 2022-12-13T14:44:04+01:00 logger.go:66:       - tags_all                       = {} -> null
TestExamplesBasicTest 2022-12-13T14:44:04+01:00 logger.go:66:     }
TestExamplesBasicTest 2022-12-13T14:44:04+01:00 logger.go:66:
TestExamplesBasicTest 2022-12-13T14:44:04+01:00 logger.go:66:   # aws_secretsmanager_secret_version.grafana will be destroyed
TestExamplesBasicTest 2022-12-13T14:44:04+01:00 logger.go:66:   - resource "aws_secretsmanager_secret_version" "grafana" {
TestExamplesBasicTest 2022-12-13T14:44:04+01:00 logger.go:66:       - arn            = "arn:aws:secretsmanager:eu-central-1:198655350445:secret:grafana-admin-password20221213131125918600000002-HYwGZZ" -> null
TestExamplesBasicTest 2022-12-13T14:44:04+01:00 logger.go:66:       - id             = "arn:aws:secretsmanager:eu-central-1:198655350445:secret:grafana-admin-password20221213131125918600000002-HYwGZZ|5CFA7E22-FDB3-4257-8745-430740E1B98F" -> null
TestExamplesBasicTest 2022-12-13T14:44:04+01:00 logger.go:66:       - secret_binary  = (sensitive value)
TestExamplesBasicTest 2022-12-13T14:44:04+01:00 logger.go:66:       - secret_id      = "arn:aws:secretsmanager:eu-central-1:198655350445:secret:grafana-admin-password20221213131125918600000002-HYwGZZ" -> null
TestExamplesBasicTest 2022-12-13T14:44:04+01:00 logger.go:66:       - secret_string  = (sensitive value)
TestExamplesBasicTest 2022-12-13T14:44:04+01:00 logger.go:66:       - version_id     = "5CFA7E22-FDB3-4257-8745-430740E1B98F" -> null
TestExamplesBasicTest 2022-12-13T14:44:04+01:00 logger.go:66:       - version_stages = [
TestExamplesBasicTest 2022-12-13T14:44:04+01:00 logger.go:66:           - "AWSCURRENT",
TestExamplesBasicTest 2022-12-13T14:44:04+01:00 logger.go:66:         ] -> null
TestExamplesBasicTest 2022-12-13T14:44:04+01:00 logger.go:66:     }
TestExamplesBasicTest 2022-12-13T14:44:04+01:00 logger.go:66:
TestExamplesBasicTest 2022-12-13T14:44:04+01:00 logger.go:66:   # random_password.grafana will be destroyed
TestExamplesBasicTest 2022-12-13T14:44:04+01:00 logger.go:66:   - resource "random_password" "grafana" {
TestExamplesBasicTest 2022-12-13T14:44:04+01:00 logger.go:66:       - bcrypt_hash = (sensitive value)
TestExamplesBasicTest 2022-12-13T14:44:04+01:00 logger.go:66:       - id          = "none" -> null
TestExamplesBasicTest 2022-12-13T14:44:04+01:00 logger.go:66:       - length      = 15 -> null
TestExamplesBasicTest 2022-12-13T14:44:04+01:00 logger.go:66:       - lower       = true -> null
TestExamplesBasicTest 2022-12-13T14:44:04+01:00 logger.go:66:       - min_lower   = 0 -> null
TestExamplesBasicTest 2022-12-13T14:44:04+01:00 logger.go:66:       - min_numeric = 0 -> null
TestExamplesBasicTest 2022-12-13T14:44:04+01:00 logger.go:66:       - min_special = 0 -> null
TestExamplesBasicTest 2022-12-13T14:44:04+01:00 logger.go:66:       - min_upper   = 0 -> null
TestExamplesBasicTest 2022-12-13T14:44:04+01:00 logger.go:66:       - number      = true -> null
TestExamplesBasicTest 2022-12-13T14:44:04+01:00 logger.go:66:       - numeric     = true -> null
TestExamplesBasicTest 2022-12-13T14:44:04+01:00 logger.go:66:       - result      = (sensitive value)
TestExamplesBasicTest 2022-12-13T14:44:04+01:00 logger.go:66:       - special     = false -> null
TestExamplesBasicTest 2022-12-13T14:44:04+01:00 logger.go:66:       - upper       = true -> null
TestExamplesBasicTest 2022-12-13T14:44:04+01:00 logger.go:66:     }
TestExamplesBasicTest 2022-12-13T14:44:04+01:00 logger.go:66:
TestExamplesBasicTest 2022-12-13T14:44:04+01:00 logger.go:66: Plan: 0 to add, 0 to change, 5 to destroy.
TestExamplesBasicTest 2022-12-13T14:44:04+01:00 logger.go:66:
TestExamplesBasicTest 2022-12-13T14:44:04+01:00 logger.go:66: Changes to Outputs:
TestExamplesBasicTest 2022-12-13T14:44:04+01:00 logger.go:66:   - aws_route53_zone              = "Z08633645H30XF5497K5" -> null
TestExamplesBasicTest 2022-12-13T14:44:04+01:00 logger.go:66:   - aws_route53_zone_name_servers = [
TestExamplesBasicTest 2022-12-13T14:44:04+01:00 logger.go:66:       - "ns-1482.awsdns-57.org",
TestExamplesBasicTest 2022-12-13T14:44:04+01:00 logger.go:66:       - "ns-1620.awsdns-10.co.uk",
TestExamplesBasicTest 2022-12-13T14:44:04+01:00 logger.go:66:       - "ns-344.awsdns-43.com",
TestExamplesBasicTest 2022-12-13T14:44:04+01:00 logger.go:66:       - "ns-857.awsdns-43.net",
TestExamplesBasicTest 2022-12-13T14:44:04+01:00 logger.go:66:     ] -> null
TestExamplesBasicTest 2022-12-13T14:44:04+01:00 logger.go:66:   - cluster_name                  = "test-eks-cnr" -> null
TestExamplesBasicTest 2022-12-13T14:44:04+01:00 logger.go:66:   - cluster_vpc_id                = "vpc-0791878fb8ffbc01c" -> null
TestExamplesBasicTest 2022-12-13T14:44:04+01:00 logger.go:66:   - grafana_admin_password        = (sensitive value)
TestExamplesBasicTest 2022-12-13T14:44:04+01:00 logger.go:66:   - region                        = "eu-central-1" -> null
TestExamplesBasicTest 2022-12-13T14:44:04+01:00 logger.go:66:   - vpc_private_subnets           = [
TestExamplesBasicTest 2022-12-13T14:44:04+01:00 logger.go:66:       - "subnet-0d7b48a5e390e0e6f",
TestExamplesBasicTest 2022-12-13T14:44:04+01:00 logger.go:66:       - "subnet-0e27e3b986281b92b",
TestExamplesBasicTest 2022-12-13T14:44:04+01:00 logger.go:66:       - "subnet-0c8d7846c103de994",
TestExamplesBasicTest 2022-12-13T14:44:04+01:00 logger.go:66:     ] -> null
TestExamplesBasicTest 2022-12-13T14:44:04+01:00 logger.go:66:   - vpc_public_subnets            = [
TestExamplesBasicTest 2022-12-13T14:44:04+01:00 logger.go:66:       - "subnet-028265bda5f04784f",
TestExamplesBasicTest 2022-12-13T14:44:04+01:00 logger.go:66:       - "subnet-07924d65ec1758e43",
TestExamplesBasicTest 2022-12-13T14:44:04+01:00 logger.go:66:       - "subnet-0b1d33d6b5cb901a8",
TestExamplesBasicTest 2022-12-13T14:44:04+01:00 logger.go:66:     ] -> null
TestExamplesBasicTest 2022-12-13T14:44:05+01:00 logger.go:66: aws_ebs_encryption_by_default.ebs_encryption: Destroying... [id=terraform-20221213131126057500000003]
TestExamplesBasicTest 2022-12-13T14:44:05+01:00 logger.go:66: aws_route53_zone.cluster_dns: Destroying... [id=Z08633645H30XF5497K5]
TestExamplesBasicTest 2022-12-13T14:44:05+01:00 logger.go:66: aws_secretsmanager_secret_version.grafana: Destroying... [id=arn:aws:secretsmanager:eu-central-1:198655350445:secret:grafana-admin-password20221213131125918600000002-HYwGZZ|5CFA7E22-FDB3-4257-8745-430740E1B98F]
TestExamplesBasicTest 2022-12-13T14:44:05+01:00 logger.go:66: aws_secretsmanager_secret_version.grafana: Destruction complete after 0s
TestExamplesBasicTest 2022-12-13T14:44:05+01:00 logger.go:66: aws_secretsmanager_secret.grafana: Destroying... [id=arn:aws:secretsmanager:eu-central-1:198655350445:secret:grafana-admin-password20221213131125918600000002-HYwGZZ]
TestExamplesBasicTest 2022-12-13T14:44:05+01:00 logger.go:66: random_password.grafana: Destroying... [id=none]
TestExamplesBasicTest 2022-12-13T14:44:05+01:00 logger.go:66: random_password.grafana: Destruction complete after 0s
TestExamplesBasicTest 2022-12-13T14:44:05+01:00 logger.go:66: aws_ebs_encryption_by_default.ebs_encryption: Destruction complete after 1s
TestExamplesBasicTest 2022-12-13T14:44:05+01:00 logger.go:66: aws_secretsmanager_secret.grafana: Destruction complete after 1s
TestExamplesBasicTest 2022-12-13T14:44:15+01:00 logger.go:66: aws_route53_zone.cluster_dns: Still destroying... [id=Z08633645H30XF5497K5, 10s elapsed]
TestExamplesBasicTest 2022-12-13T14:44:25+01:00 logger.go:66: aws_route53_zone.cluster_dns: Still destroying... [id=Z08633645H30XF5497K5, 20s elapsed]
TestExamplesBasicTest 2022-12-13T14:44:35+01:00 logger.go:66: aws_route53_zone.cluster_dns: Still destroying... [id=Z08633645H30XF5497K5, 30s elapsed]
TestExamplesBasicTest 2022-12-13T14:44:45+01:00 logger.go:66: aws_route53_zone.cluster_dns: Still destroying... [id=Z08633645H30XF5497K5, 40s elapsed]
TestExamplesBasicTest 2022-12-13T14:44:46+01:00 logger.go:66: aws_route53_zone.cluster_dns: Destruction complete after 41s
TestExamplesBasicTest 2022-12-13T14:44:46+01:00 logger.go:66: ╷
TestExamplesBasicTest 2022-12-13T14:44:46+01:00 logger.go:66: │ Warning: Experimental feature "module_variable_optional_attrs" is active
TestExamplesBasicTest 2022-12-13T14:44:46+01:00 logger.go:66: │
TestExamplesBasicTest 2022-12-13T14:44:46+01:00 logger.go:66: │   on .terraform/modules/eks_blueprints_kubernetes_addons.ondat/locals.tf line 2, in terraform:
TestExamplesBasicTest 2022-12-13T14:44:46+01:00 logger.go:66: │    2:   experiments = [module_variable_optional_attrs]
TestExamplesBasicTest 2022-12-13T14:44:46+01:00 logger.go:66: │
TestExamplesBasicTest 2022-12-13T14:44:46+01:00 logger.go:66: │ Experimental features are subject to breaking changes in future minor or
TestExamplesBasicTest 2022-12-13T14:44:46+01:00 logger.go:66: │ patch releases, based on feedback.
TestExamplesBasicTest 2022-12-13T14:44:46+01:00 logger.go:66: │
TestExamplesBasicTest 2022-12-13T14:44:46+01:00 logger.go:66: │ If you have feedback on the design of this feature, please open a GitHub
TestExamplesBasicTest 2022-12-13T14:44:46+01:00 logger.go:66: │ issue to discuss it.
TestExamplesBasicTest 2022-12-13T14:44:46+01:00 logger.go:66: │
TestExamplesBasicTest 2022-12-13T14:44:46+01:00 logger.go:66: │ (and 7 more similar warnings elsewhere)
TestExamplesBasicTest 2022-12-13T14:44:46+01:00 logger.go:66: ╵
TestExamplesBasicTest 2022-12-13T14:44:46+01:00 logger.go:66:
TestExamplesBasicTest 2022-12-13T14:44:46+01:00 logger.go:66: Destroy complete! Resources: 5 destroyed.
TestExamplesBasicTest 2022-12-13T14:44:46+01:00 logger.go:66:
--- FAIL: TestExamplesBasicTest (2078.57s)
FAIL
FAIL	command-line-arguments	2078.991s
FAIL